{
  "version": 4,
  "terraform_version": "1.4.6",
  "serial": 6,
  "lineage": "8235bc23-3f6b-864b-897c-bc91786760c5",
  "outputs": {},
  "resources": [
    {
      "mode": "managed",
      "type": "azurerm_resource_group",
      "name": "test_rg",
      "provider": "provider[\"registry.terraform.io/hashicorp/azurerm\"]",
      "instances": [
        {
          "schema_version": 0,
          "attributes": {
            "id": "/subscriptions/d94fe338-52d8-4a44-acd4-4f8301adf2cf/resourceGroups/dtf-private-endpoint-test",
            "location": "westeurope",
            "managed_by": "",
            "name": "dtf-private-endpoint-test",
            "tags": {
              "CreationDateTime": "2023-07-26T16:58:15.6617126Z",
              "Environment": "Dev"
            },
            "timeouts": null
          },
          "sensitive_attributes": [],
          "private": "eyJlMmJmYjczMC1lY2FhLTExZTYtOGY4OC0zNDM2M2JjN2M0YzAiOnsiY3JlYXRlIjo1NDAwMDAwMDAwMDAwLCJkZWxldGUiOjU0MDAwMDAwMDAwMDAsInJlYWQiOjMwMDAwMDAwMDAwMCwidXBkYXRlIjo1NDAwMDAwMDAwMDAwfX0="
        }
      ]
    },
    {
      "module": "module.private_endpoint",
      "mode": "managed",
      "type": "azurerm_private_endpoint",
      "name": "pe",
      "provider": "provider[\"registry.terraform.io/hashicorp/azurerm\"]",
      "instances": [
        {
          "schema_version": 0,
          "attributes": {
            "custom_dns_configs": [
              {
                "fqdn": "dtfprivateendpointtest.blob.core.windows.net",
                "ip_addresses": [
                  "10.0.0.4"
                ]
              }
            ],
            "custom_network_interface_name": "",
            "id": "/subscriptions/d94fe338-52d8-4a44-acd4-4f8301adf2cf/resourceGroups/dtf-private-endpoint-test/providers/Microsoft.Network/privateEndpoints/pe",
            "ip_configuration": [],
            "location": "westeurope",
            "name": "pe",
            "network_interface": [
              {
                "id": "/subscriptions/d94fe338-52d8-4a44-acd4-4f8301adf2cf/resourceGroups/dtf-private-endpoint-test/providers/Microsoft.Network/networkInterfaces/pe.nic.430b92ed-0007-4d20-a5bc-023006020c7f",
                "name": "pe.nic.430b92ed-0007-4d20-a5bc-023006020c7f"
              }
            ],
            "private_dns_zone_configs": [],
            "private_dns_zone_group": [],
            "private_service_connection": [
              {
                "is_manual_connection": false,
                "name": "private-connection",
                "private_connection_resource_alias": "",
                "private_connection_resource_id": "/subscriptions/d94fe338-52d8-4a44-acd4-4f8301adf2cf/resourceGroups/dtf-private-endpoint-test/providers/Microsoft.Storage/storageAccounts/dtfprivateendpointtest",
                "private_ip_address": "10.0.0.4",
                "request_message": "",
                "subresource_names": [
                  "blob"
                ]
              }
            ],
            "resource_group_name": "dtf-private-endpoint-test",
            "subnet_id": "/subscriptions/d94fe338-52d8-4a44-acd4-4f8301adf2cf/resourceGroups/dtf-private-endpoint-test/providers/Microsoft.Network/virtualNetworks/vnet/subnets/PESubnet",
            "tags": {
              "CreationDateTime": "2023-07-26T16:58:44.7299555Z",
              "Environment": "Dev"
            },
            "timeouts": null
          },
          "sensitive_attributes": [],
          "private": "eyJlMmJmYjczMC1lY2FhLTExZTYtOGY4OC0zNDM2M2JjN2M0YzAiOnsiY3JlYXRlIjozNjAwMDAwMDAwMDAwLCJkZWxldGUiOjM2MDAwMDAwMDAwMDAsInJlYWQiOjMwMDAwMDAwMDAwMCwidXBkYXRlIjozNjAwMDAwMDAwMDAwfX0=",
          "dependencies": [
            "azurerm_resource_group.test_rg",
            "module.private_endpoint.azurerm_private_dns_zone.dns_zone",
            "module.storage_account.azurerm_storage_account.storage",
            "module.vnet.azurerm_subnet.subnets",
            "module.vnet.azurerm_virtual_network.vnet"
          ]
        }
      ]
    },
    {
      "module": "module.storage_account",
      "mode": "managed",
      "type": "azurerm_storage_account",
      "name": "storage",
      "provider": "provider[\"registry.terraform.io/hashicorp/azurerm\"]",
      "instances": [
        {
          "schema_version": 4,
          "attributes": {
            "access_tier": "Hot",
            "account_kind": "StorageV2",
            "account_replication_type": "LRS",
            "account_tier": "Standard",
            "allow_nested_items_to_be_public": true,
            "allowed_copy_scope": "",
            "azure_files_authentication": [],
            "blob_properties": [
              {
                "change_feed_enabled": false,
                "change_feed_retention_in_days": 0,
                "container_delete_retention_policy": [],
                "cors_rule": [],
                "default_service_version": "",
                "delete_retention_policy": [],
                "last_access_time_enabled": false,
                "restore_policy": [],
                "versioning_enabled": false
              }
            ],
            "cross_tenant_replication_enabled": true,
            "custom_domain": [],
            "customer_managed_key": [],
            "default_to_oauth_authentication": false,
            "edge_zone": "",
            "enable_https_traffic_only": true,
            "id": "/subscriptions/d94fe338-52d8-4a44-acd4-4f8301adf2cf/resourceGroups/dtf-private-endpoint-test/providers/Microsoft.Storage/storageAccounts/dtfprivateendpointtest",
            "identity": [],
            "immutability_policy": [],
            "infrastructure_encryption_enabled": false,
            "is_hns_enabled": false,
            "large_file_share_enabled": null,
            "location": "westeurope",
            "min_tls_version": "TLS1_2",
            "name": "dtfprivateendpointtest",
            "network_rules": [
              {
                "bypass": [
                  "AzureServices"
                ],
                "default_action": "Allow",
                "ip_rules": [],
                "private_link_access": [],
                "virtual_network_subnet_ids": []
              }
            ],
            "nfsv3_enabled": false,
            "primary_access_key": "k9ASKK7pr87YYl4x5okU2Egv9nxU04Ic5I+SLiwISSFaHpP5EnRrumEKFnyXYikGPDfgzxcqnjrt+ASteUXYyA==",
            "primary_blob_connection_string": "DefaultEndpointsProtocol=https;BlobEndpoint=https://dtfprivateendpointtest.blob.core.windows.net/;AccountName=dtfprivateendpointtest;AccountKey=k9ASKK7pr87YYl4x5okU2Egv9nxU04Ic5I+SLiwISSFaHpP5EnRrumEKFnyXYikGPDfgzxcqnjrt+ASteUXYyA==",
            "primary_blob_endpoint": "https://dtfprivateendpointtest.blob.core.windows.net/",
            "primary_blob_host": "dtfprivateendpointtest.blob.core.windows.net",
            "primary_connection_string": "DefaultEndpointsProtocol=https;AccountName=dtfprivateendpointtest;AccountKey=k9ASKK7pr87YYl4x5okU2Egv9nxU04Ic5I+SLiwISSFaHpP5EnRrumEKFnyXYikGPDfgzxcqnjrt+ASteUXYyA==;EndpointSuffix=core.windows.net",
            "primary_dfs_endpoint": "https://dtfprivateendpointtest.dfs.core.windows.net/",
            "primary_dfs_host": "dtfprivateendpointtest.dfs.core.windows.net",
            "primary_file_endpoint": "https://dtfprivateendpointtest.file.core.windows.net/",
            "primary_file_host": "dtfprivateendpointtest.file.core.windows.net",
            "primary_location": "westeurope",
            "primary_queue_endpoint": "https://dtfprivateendpointtest.queue.core.windows.net/",
            "primary_queue_host": "dtfprivateendpointtest.queue.core.windows.net",
            "primary_table_endpoint": "https://dtfprivateendpointtest.table.core.windows.net/",
            "primary_table_host": "dtfprivateendpointtest.table.core.windows.net",
            "primary_web_endpoint": "https://dtfprivateendpointtest.z6.web.core.windows.net/",
            "primary_web_host": "dtfprivateendpointtest.z6.web.core.windows.net",
            "public_network_access_enabled": false,
            "queue_encryption_key_type": "Service",
            "queue_properties": [
              {
                "cors_rule": [],
                "hour_metrics": [
                  {
                    "enabled": true,
                    "include_apis": true,
                    "retention_policy_days": 7,
                    "version": "1.0"
                  }
                ],
                "logging": [
                  {
                    "delete": false,
                    "read": false,
                    "retention_policy_days": 0,
                    "version": "1.0",
                    "write": false
                  }
                ],
                "minute_metrics": [
                  {
                    "enabled": false,
                    "include_apis": false,
                    "retention_policy_days": 0,
                    "version": "1.0"
                  }
                ]
              }
            ],
            "resource_group_name": "dtf-private-endpoint-test",
            "routing": [],
            "sas_policy": [],
            "secondary_access_key": "KLF21vk42dii7UuN9Kmz2yltXwQ+PBMSVhMZR8y30DaErZ+WxCQunRhUEWd7zbGolLwDxMxIazbZ+AStM+FSqw==",
            "secondary_blob_connection_string": "",
            "secondary_blob_endpoint": null,
            "secondary_blob_host": null,
            "secondary_connection_string": "DefaultEndpointsProtocol=https;AccountName=dtfprivateendpointtest;AccountKey=KLF21vk42dii7UuN9Kmz2yltXwQ+PBMSVhMZR8y30DaErZ+WxCQunRhUEWd7zbGolLwDxMxIazbZ+AStM+FSqw==;EndpointSuffix=core.windows.net",
            "secondary_dfs_endpoint": null,
            "secondary_dfs_host": null,
            "secondary_file_endpoint": null,
            "secondary_file_host": null,
            "secondary_location": "",
            "secondary_queue_endpoint": null,
            "secondary_queue_host": null,
            "secondary_table_endpoint": null,
            "secondary_table_host": null,
            "secondary_web_endpoint": null,
            "secondary_web_host": null,
            "sftp_enabled": false,
            "share_properties": [
              {
                "cors_rule": [],
                "retention_policy": [
                  {
                    "days": 7
                  }
                ],
                "smb": []
              }
            ],
            "shared_access_key_enabled": true,
            "static_website": [],
            "table_encryption_key_type": "Service",
            "tags": {
              "CreationDateTime": "2023-07-26T16:58:17.2980061Z",
              "Environment": "Dev"
            },
            "timeouts": null
          },
          "sensitive_attributes": [],
          "private": "eyJlMmJmYjczMC1lY2FhLTExZTYtOGY4OC0zNDM2M2JjN2M0YzAiOnsiY3JlYXRlIjozNjAwMDAwMDAwMDAwLCJkZWxldGUiOjM2MDAwMDAwMDAwMDAsInJlYWQiOjMwMDAwMDAwMDAwMCwidXBkYXRlIjozNjAwMDAwMDAwMDAwfSwic2NoZW1hX3ZlcnNpb24iOiI0In0=",
          "dependencies": [
            "azurerm_resource_group.test_rg"
          ]
        }
      ]
    },
    {
      "module": "module.vnet",
      "mode": "managed",
      "type": "azurerm_subnet",
      "name": "subnets",
      "provider": "provider[\"registry.terraform.io/hashicorp/azurerm\"]",
      "instances": [
        {
          "index_key": "PESubnet",
          "schema_version": 0,
          "attributes": {
            "address_prefixes": [
              "10.0.0.0/24"
            ],
            "delegation": [],
            "enforce_private_link_endpoint_network_policies": false,
            "enforce_private_link_service_network_policies": false,
            "id": "/subscriptions/d94fe338-52d8-4a44-acd4-4f8301adf2cf/resourceGroups/dtf-private-endpoint-test/providers/Microsoft.Network/virtualNetworks/vnet/subnets/PESubnet",
            "name": "PESubnet",
            "private_endpoint_network_policies_enabled": true,
            "private_link_service_network_policies_enabled": true,
            "resource_group_name": "dtf-private-endpoint-test",
            "service_endpoint_policy_ids": null,
            "service_endpoints": null,
            "timeouts": null,
            "virtual_network_name": "vnet"
          },
          "sensitive_attributes": [],
          "private": "eyJlMmJmYjczMC1lY2FhLTExZTYtOGY4OC0zNDM2M2JjN2M0YzAiOnsiY3JlYXRlIjoxODAwMDAwMDAwMDAwLCJkZWxldGUiOjE4MDAwMDAwMDAwMDAsInJlYWQiOjMwMDAwMDAwMDAwMCwidXBkYXRlIjoxODAwMDAwMDAwMDAwfX0=",
          "dependencies": [
            "azurerm_resource_group.test_rg",
            "module.vnet.azurerm_virtual_network.vnet"
          ]
        }
      ]
    },
    {
      "module": "module.vnet",
      "mode": "managed",
      "type": "azurerm_virtual_network",
      "name": "vnet",
      "provider": "provider[\"registry.terraform.io/hashicorp/azurerm\"]",
      "instances": [
        {
          "schema_version": 0,
          "attributes": {
            "address_space": [
              "10.0.0.0/16"
            ],
            "bgp_community": "",
            "ddos_protection_plan": [],
            "dns_servers": [],
            "edge_zone": "",
            "flow_timeout_in_minutes": 0,
            "guid": "f7f19944-d900-43af-a9ba-9e48e951ba78",
            "id": "/subscriptions/d94fe338-52d8-4a44-acd4-4f8301adf2cf/resourceGroups/dtf-private-endpoint-test/providers/Microsoft.Network/virtualNetworks/vnet",
            "location": "westeurope",
            "name": "vnet",
            "resource_group_name": "dtf-private-endpoint-test",
            "subnet": [],
            "tags": {
              "CreationDateTime": "2023-07-26T16:58:17.2129191Z",
              "Environment": "Dev"
            },
            "timeouts": null
          },
          "sensitive_attributes": [],
          "private": "eyJlMmJmYjczMC1lY2FhLTExZTYtOGY4OC0zNDM2M2JjN2M0YzAiOnsiY3JlYXRlIjoxODAwMDAwMDAwMDAwLCJkZWxldGUiOjE4MDAwMDAwMDAwMDAsInJlYWQiOjMwMDAwMDAwMDAwMCwidXBkYXRlIjoxODAwMDAwMDAwMDAwfX0=",
          "dependencies": [
            "azurerm_resource_group.test_rg"
          ]
        }
      ]
    }
  ],
  "check_results": null
}
