{
  "version": 4,
  "terraform_version": "1.4.6",
  "serial": 624,
  "lineage": "3b7ca6bb-014c-a3dc-d194-e7ac6c2ce363",
  "outputs": {},
  "resources": [
    {
      "mode": "data",
      "type": "azurerm_log_analytics_workspace",
      "name": "activity",
      "provider": "provider[\"registry.terraform.io/hashicorp/azurerm\"]",
      "instances": [
        {
          "schema_version": 0,
          "attributes": {
            "daily_quota_gb": -1,
            "id": "/subscriptions/d94fe338-52d8-4a44-acd4-4f8301adf2cf/resourceGroups/dor-hub-n-spoke/providers/Microsoft.OperationalInsights/workspaces/activity-monitor-log-workspace",
            "location": "eastus",
            "name": "activity-monitor-log-workspace",
            "primary_shared_key": "rOKNsZZme/kRj1tzZMP5kfjOIRmGBEbVlwLuLmU7YDRmWFEwcQx+9w35tA4I43QfO5JxBcMyoH2rb3dTQzgWfA==",
            "resource_group_name": "dor-hub-n-spoke",
            "retention_in_days": 30,
            "secondary_shared_key": "Bw/vPT6oej9Pw5mZAgDD6VeAHoP4PJOieqKZ2QRPFXt9QnAfY+s6AdbpJBeq8L9uyP/p7S15y/9oMue4J4vaIw==",
            "sku": "pergb2018",
            "tags": {
              "CreationDateTime": "2023-05-10T12:29:50.5869773Z",
              "Creator": "Dor Almog",
              "Environment": "Dev",
              "ProjectName": "dor-hubnspoke"
            },
            "timeouts": null,
            "workspace_id": "b6161c85-5595-4abc-a570-934bd608a4fb"
          },
          "sensitive_attributes": []
        }
      ]
    },
    {
      "mode": "managed",
      "type": "azurerm_container_registry",
      "name": "hub_acr",
      "provider": "provider[\"registry.terraform.io/hashicorp/azurerm\"]",
      "instances": [
        {
          "schema_version": 2,
          "attributes": {
            "admin_enabled": false,
            "admin_password": "",
            "admin_username": "",
            "anonymous_pull_enabled": false,
            "data_endpoint_enabled": false,
            "encryption": [
              {
                "enabled": false,
                "identity_client_id": "",
                "key_vault_key_id": ""
              }
            ],
            "export_policy_enabled": true,
            "georeplications": [],
            "id": "/subscriptions/d94fe338-52d8-4a44-acd4-4f8301adf2cf/resourceGroups/dtf-hub/providers/Microsoft.ContainerRegistry/registries/dtfhubacr",
            "identity": [],
            "location": "westeurope",
            "login_server": "dtfhubacr.azurecr.io",
            "name": "dtfhubacr",
            "network_rule_bypass_option": "AzureServices",
            "network_rule_set": [
              {
                "default_action": "Allow",
                "ip_rule": [],
                "virtual_network": []
              }
            ],
            "public_network_access_enabled": false,
            "quarantine_policy_enabled": false,
            "resource_group_name": "dtf-hub",
            "retention_policy": [
              {
                "days": 7,
                "enabled": false
              }
            ],
            "sku": "Premium",
            "tags": {
              "CreationDateTime": "2023-07-20T11:25:17.1863415Z",
              "Environment": "Dev"
            },
            "timeouts": null,
            "trust_policy": [
              {
                "enabled": false
              }
            ],
            "zone_redundancy_enabled": false
          },
          "sensitive_attributes": [],
          "private": "eyJlMmJmYjczMC1lY2FhLTExZTYtOGY4OC0zNDM2M2JjN2M0YzAiOnsiY3JlYXRlIjoxODAwMDAwMDAwMDAwLCJkZWxldGUiOjE4MDAwMDAwMDAwMDAsInJlYWQiOjMwMDAwMDAwMDAwMCwidXBkYXRlIjoxODAwMDAwMDAwMDAwfSwic2NoZW1hX3ZlcnNpb24iOiIyIn0=",
          "dependencies": [
            "azurerm_resource_group.hub"
          ]
        }
      ]
    },
    {
      "mode": "managed",
      "type": "azurerm_resource_group",
      "name": "hub",
      "provider": "provider[\"registry.terraform.io/hashicorp/azurerm\"]",
      "instances": [
        {
          "schema_version": 0,
          "attributes": {
            "id": "/subscriptions/d94fe338-52d8-4a44-acd4-4f8301adf2cf/resourceGroups/dtf-hub",
            "location": "westeurope",
            "managed_by": "",
            "name": "dtf-hub",
            "tags": {
              "CreationDateTime": "2023-07-20T07:36:18.4702742Z",
              "Environment": "Dev"
            },
            "timeouts": null
          },
          "sensitive_attributes": [],
          "private": "eyJlMmJmYjczMC1lY2FhLTExZTYtOGY4OC0zNDM2M2JjN2M0YzAiOnsiY3JlYXRlIjo1NDAwMDAwMDAwMDAwLCJkZWxldGUiOjU0MDAwMDAwMDAwMDAsInJlYWQiOjMwMDAwMDAwMDAwMCwidXBkYXRlIjo1NDAwMDAwMDAwMDAwfX0="
        }
      ]
    },
    {
      "mode": "managed",
      "type": "azurerm_resource_group",
      "name": "monitor",
      "provider": "provider[\"registry.terraform.io/hashicorp/azurerm\"]",
      "instances": [
        {
          "schema_version": 0,
          "attributes": {
            "id": "/subscriptions/d94fe338-52d8-4a44-acd4-4f8301adf2cf/resourceGroups/dtf-monitor-spoke",
            "location": "westeurope",
            "managed_by": "",
            "name": "dtf-monitor-spoke",
            "tags": {
              "CreationDateTime": "2023-07-20T07:36:18.4708493Z",
              "Environment": "Dev"
            },
            "timeouts": null
          },
          "sensitive_attributes": [],
          "private": "eyJlMmJmYjczMC1lY2FhLTExZTYtOGY4OC0zNDM2M2JjN2M0YzAiOnsiY3JlYXRlIjo1NDAwMDAwMDAwMDAwLCJkZWxldGUiOjU0MDAwMDAwMDAwMDAsInJlYWQiOjMwMDAwMDAwMDAwMCwidXBkYXRlIjo1NDAwMDAwMDAwMDAwfX0="
        }
      ]
    },
    {
      "mode": "managed",
      "type": "azurerm_resource_group",
      "name": "work",
      "provider": "provider[\"registry.terraform.io/hashicorp/azurerm\"]",
      "instances": [
        {
          "schema_version": 0,
          "attributes": {
            "id": "/subscriptions/d94fe338-52d8-4a44-acd4-4f8301adf2cf/resourceGroups/dtf-work-spoke",
            "location": "westeurope",
            "managed_by": "",
            "name": "dtf-work-spoke",
            "tags": {
              "CreationDateTime": "2023-07-20T07:36:18.4702723Z",
              "Environment": "Dev"
            },
            "timeouts": null
          },
          "sensitive_attributes": [],
          "private": "eyJlMmJmYjczMC1lY2FhLTExZTYtOGY4OC0zNDM2M2JjN2M0YzAiOnsiY3JlYXRlIjo1NDAwMDAwMDAwMDAwLCJkZWxldGUiOjU0MDAwMDAwMDAwMDAsInJlYWQiOjMwMDAwMDAwMDAwMCwidXBkYXRlIjo1NDAwMDAwMDAwMDAwfX0="
        }
      ]
    },
    {
      "mode": "managed",
      "type": "azurerm_resource_group_template_deployment",
      "name": "test_subnet",
      "provider": "provider[\"registry.terraform.io/hashicorp/azurerm\"]",
      "instances": [
        {
          "schema_version": 0,
          "attributes": {
            "debug_level": "",
            "deployment_mode": "Incremental",
            "id": "/subscriptions/d94fe338-52d8-4a44-acd4-4f8301adf2cf/resourceGroups/dtf-hub/providers/Microsoft.Resources/deployments/test_subnet",
            "name": "test_subnet",
            "output_content": "{}",
            "parameters_content": "{\"network_security_group_id\":{\"value\":\"\"},\"route_table_id\":{\"value\":\"\"},\"subnet_address_prefix\":{\"value\":\"10.0.4.0/24\"},\"subnet_name\":{\"value\":\"test\"},\"vnet_name\":{\"value\":\"dtf-hub-vnet\"}}",
            "resource_group_name": "dtf-hub",
            "tags": {},
            "template_content": "{\"$schema\":\"http://schema.management.azure.com/schemas/2015-01-01/deploymentTemplate.json#\",\"contentVersion\":\"1.0.0.0\",\"parameters\":{\"network_security_group_id\":{\"type\":\"String\"},\"route_table_id\":{\"type\":\"String\"},\"subnet_address_prefix\":{\"type\":\"String\"},\"subnet_name\":{\"type\":\"String\"},\"vnet_name\":{\"type\":\"String\"}},\"resources\":[{\"apiVersion\":\"2022-11-01\",\"name\":\"[concat(parameters('vnet_name'), '/', parameters('subnet_name'))]\",\"properties\":{\"addressPrefix\":\"[parameters('subnet_address_prefix')]\",\"networkSecurityGroup\":\"[if(equals(parameters('network_security_group_id'),''), json('null'), json(concat('{\\\"id\\\": \\\"', parameters('network_security_group_id'), '\\\"}')))]\",\"routeTable\":\"[if(equals(parameters('route_table_id'),''), json('null'), json(concat('{\\\"id\\\": \\\"', parameters('route_table_id'), '\\\"}')))]\"},\"type\":\"Microsoft.Network/virtualNetworks/subnets\"}]}",
            "template_spec_version_id": "",
            "timeouts": null
          },
          "sensitive_attributes": [],
          "private": "eyJlMmJmYjczMC1lY2FhLTExZTYtOGY4OC0zNDM2M2JjN2M0YzAiOnsiY3JlYXRlIjoxMDgwMDAwMDAwMDAwMCwiZGVsZXRlIjoxMDgwMDAwMDAwMDAwMCwicmVhZCI6MzAwMDAwMDAwMDAwLCJ1cGRhdGUiOjEwODAwMDAwMDAwMDAwfX0=",
          "dependencies": [
            "azurerm_resource_group.hub",
            "module.hub_virtual_network.azurerm_virtual_network.vnet"
          ]
        }
      ]
    },
    {
      "module": "module.hub_acr_private_endpoint",
      "mode": "managed",
      "type": "azurerm_private_dns_zone",
      "name": "dns_zone",
      "provider": "provider[\"registry.terraform.io/hashicorp/azurerm\"]",
      "instances": [
        {
          "index_key": 0,
          "schema_version": 0,
          "attributes": {
            "id": "/subscriptions/d94fe338-52d8-4a44-acd4-4f8301adf2cf/resourceGroups/dtf-hub/providers/Microsoft.Network/privateDnsZones/privatelink.azurecr.io",
            "max_number_of_record_sets": 25000,
            "max_number_of_virtual_network_links": 1000,
            "max_number_of_virtual_network_links_with_registration": 100,
            "name": "privatelink.azurecr.io",
            "number_of_record_sets": 3,
            "resource_group_name": "dtf-hub",
            "soa_record": [
              {
                "email": "azureprivatedns-host.microsoft.com",
                "expire_time": 2419200,
                "fqdn": "privatelink.azurecr.io.",
                "host_name": "azureprivatedns.net",
                "minimum_ttl": 10,
                "refresh_time": 3600,
                "retry_time": 300,
                "serial_number": 1,
                "tags": {},
                "ttl": 3600
              }
            ],
            "tags": {
              "CreationDateTime": "2023-07-27T09:29:56.3761429Z",
              "Environment": "Dev"
            },
            "timeouts": null
          },
          "sensitive_attributes": [],
          "private": "eyJlMmJmYjczMC1lY2FhLTExZTYtOGY4OC0zNDM2M2JjN2M0YzAiOnsiY3JlYXRlIjoxODAwMDAwMDAwMDAwLCJkZWxldGUiOjE4MDAwMDAwMDAwMDAsInJlYWQiOjMwMDAwMDAwMDAwMCwidXBkYXRlIjoxODAwMDAwMDAwMDAwfX0=",
          "dependencies": [
            "azurerm_resource_group.hub"
          ]
        }
      ]
    },
    {
      "module": "module.hub_acr_private_endpoint",
      "mode": "managed",
      "type": "azurerm_private_dns_zone_virtual_network_link",
      "name": "vnet_links",
      "provider": "provider[\"registry.terraform.io/hashicorp/azurerm\"]",
      "instances": [
        {
          "index_key": "hub-link",
          "schema_version": 0,
          "attributes": {
            "id": "/subscriptions/d94fe338-52d8-4a44-acd4-4f8301adf2cf/resourceGroups/dtf-hub/providers/Microsoft.Network/privateDnsZones/privatelink.azurecr.io/virtualNetworkLinks/hub-link",
            "name": "hub-link",
            "private_dns_zone_name": "privatelink.azurecr.io",
            "registration_enabled": false,
            "resource_group_name": "dtf-hub",
            "tags": {
              "CreationDateTime": "2023-07-27T09:31:01.7873278Z",
              "Environment": "Dev"
            },
            "timeouts": null,
            "virtual_network_id": "/subscriptions/d94fe338-52d8-4a44-acd4-4f8301adf2cf/resourceGroups/dtf-hub/providers/Microsoft.Network/virtualNetworks/dtf-hub-vnet"
          },
          "sensitive_attributes": [],
          "private": "eyJlMmJmYjczMC1lY2FhLTExZTYtOGY4OC0zNDM2M2JjN2M0YzAiOnsiY3JlYXRlIjoxODAwMDAwMDAwMDAwLCJkZWxldGUiOjE4MDAwMDAwMDAwMDAsInJlYWQiOjMwMDAwMDAwMDAwMCwidXBkYXRlIjoxODAwMDAwMDAwMDAwfX0=",
          "dependencies": [
            "azurerm_resource_group.hub",
            "azurerm_resource_group.work",
            "module.hub_acr_private_endpoint.azurerm_private_dns_zone.dns_zone",
            "module.hub_virtual_network.azurerm_virtual_network.vnet",
            "module.work_virtual_network.azurerm_virtual_network.vnet"
          ]
        },
        {
          "index_key": "work-link",
          "schema_version": 0,
          "attributes": {
            "id": "/subscriptions/d94fe338-52d8-4a44-acd4-4f8301adf2cf/resourceGroups/dtf-hub/providers/Microsoft.Network/privateDnsZones/privatelink.azurecr.io/virtualNetworkLinks/work-link",
            "name": "work-link",
            "private_dns_zone_name": "privatelink.azurecr.io",
            "registration_enabled": false,
            "resource_group_name": "dtf-hub",
            "tags": {
              "CreationDateTime": "2023-07-27T09:31:01.9760135Z",
              "Environment": "Dev"
            },
            "timeouts": null,
            "virtual_network_id": "/subscriptions/d94fe338-52d8-4a44-acd4-4f8301adf2cf/resourceGroups/dtf-work-spoke/providers/Microsoft.Network/virtualNetworks/dtf-work-vnet"
          },
          "sensitive_attributes": [],
          "private": "eyJlMmJmYjczMC1lY2FhLTExZTYtOGY4OC0zNDM2M2JjN2M0YzAiOnsiY3JlYXRlIjoxODAwMDAwMDAwMDAwLCJkZWxldGUiOjE4MDAwMDAwMDAwMDAsInJlYWQiOjMwMDAwMDAwMDAwMCwidXBkYXRlIjoxODAwMDAwMDAwMDAwfX0=",
          "dependencies": [
            "azurerm_resource_group.hub",
            "azurerm_resource_group.work",
            "module.hub_acr_private_endpoint.azurerm_private_dns_zone.dns_zone",
            "module.hub_virtual_network.azurerm_virtual_network.vnet",
            "module.work_virtual_network.azurerm_virtual_network.vnet"
          ]
        }
      ]
    },
    {
      "module": "module.hub_acr_private_endpoint",
      "mode": "managed",
      "type": "azurerm_private_endpoint",
      "name": "private_endpoint",
      "provider": "provider[\"registry.terraform.io/hashicorp/azurerm\"]",
      "instances": [
        {
          "schema_version": 0,
          "attributes": {
            "custom_dns_configs": [],
            "custom_network_interface_name": "dtf-hub-acr-nic",
            "id": "/subscriptions/d94fe338-52d8-4a44-acd4-4f8301adf2cf/resourceGroups/dtf-hub/providers/Microsoft.Network/privateEndpoints/dtf-hub-acr-pe",
            "ip_configuration": [],
            "location": "westeurope",
            "name": "dtf-hub-acr-pe",
            "network_interface": [
              {
                "id": "/subscriptions/d94fe338-52d8-4a44-acd4-4f8301adf2cf/resourceGroups/dtf-hub/providers/Microsoft.Network/networkInterfaces/dtf-hub-acr-nic",
                "name": "dtf-hub-acr-nic"
              }
            ],
            "private_dns_zone_configs": [
              {
                "id": "/subscriptions/d94fe338-52d8-4a44-acd4-4f8301adf2cf/resourceGroups/dtf-hub/providers/Microsoft.Network/privateEndpoints/dtf-hub-acr-pe/privateDnsZoneGroups/private-endpoint/privateDnsZoneConfigs/privatelink.azurecr.io",
                "name": "privatelink.azurecr.io",
                "private_dns_zone_id": "/subscriptions/d94fe338-52d8-4a44-acd4-4f8301adf2cf/resourceGroups/dtf-hub/providers/Microsoft.Network/privateDnsZones/privatelink.azurecr.io",
                "record_sets": [
                  {
                    "fqdn": "dtfhubacr.westeurope.data.privatelink.azurecr.io",
                    "ip_addresses": [
                      "10.0.3.4"
                    ],
                    "name": "dtfhubacr.westeurope.data",
                    "ttl": 10,
                    "type": "A"
                  },
                  {
                    "fqdn": "dtfhubacr.privatelink.azurecr.io",
                    "ip_addresses": [
                      "10.0.3.5"
                    ],
                    "name": "dtfhubacr",
                    "ttl": 10,
                    "type": "A"
                  }
                ]
              }
            ],
            "private_dns_zone_group": [
              {
                "id": "/subscriptions/d94fe338-52d8-4a44-acd4-4f8301adf2cf/resourceGroups/dtf-hub/providers/Microsoft.Network/privateEndpoints/dtf-hub-acr-pe/privateDnsZoneGroups/private-endpoint",
                "name": "private-endpoint",
                "private_dns_zone_ids": [
                  "/subscriptions/d94fe338-52d8-4a44-acd4-4f8301adf2cf/resourceGroups/dtf-hub/providers/Microsoft.Network/privateDnsZones/privatelink.azurecr.io"
                ]
              }
            ],
            "private_service_connection": [
              {
                "is_manual_connection": false,
                "name": "private-connection",
                "private_connection_resource_alias": "",
                "private_connection_resource_id": "/subscriptions/d94fe338-52d8-4a44-acd4-4f8301adf2cf/resourceGroups/dtf-hub/providers/Microsoft.ContainerRegistry/registries/dtfhubacr",
                "private_ip_address": "10.0.3.4",
                "request_message": "",
                "subresource_names": [
                  "registry"
                ]
              }
            ],
            "resource_group_name": "dtf-hub",
            "subnet_id": "/subscriptions/d94fe338-52d8-4a44-acd4-4f8301adf2cf/resourceGroups/dtf-hub/providers/Microsoft.Network/virtualNetworks/dtf-hub-vnet/subnets/ACRSubnet",
            "tags": {
              "CreationDateTime": "2023-07-27T09:30:49.5644633Z",
              "Environment": "Dev"
            },
            "timeouts": null
          },
          "sensitive_attributes": [],
          "private": "eyJlMmJmYjczMC1lY2FhLTExZTYtOGY4OC0zNDM2M2JjN2M0YzAiOnsiY3JlYXRlIjozNjAwMDAwMDAwMDAwLCJkZWxldGUiOjM2MDAwMDAwMDAwMDAsInJlYWQiOjMwMDAwMDAwMDAwMCwidXBkYXRlIjozNjAwMDAwMDAwMDAwfX0=",
          "dependencies": [
            "azurerm_container_registry.hub_acr",
            "azurerm_resource_group.hub",
            "module.hub_acr_private_endpoint.azurerm_private_dns_zone.dns_zone",
            "module.hub_log_analytics.azurerm_log_analytics_workspace.log_analytics",
            "module.hub_network_security_groups.azurerm_network_security_group.nsg",
            "module.hub_network_security_groups.azurerm_network_security_rule.rules",
            "module.hub_network_security_groups.module.nsg_diagnostics.azurerm_monitor_diagnostic_setting.diagnostics",
            "module.hub_network_security_groups.module.nsg_diagnostics.data.azurerm_monitor_diagnostic_categories.categories",
            "module.hub_route_tables.azurerm_route.routes",
            "module.hub_route_tables.azurerm_route_table.rt",
            "module.hub_virtual_network.azurerm_subnet.subnets",
            "module.hub_virtual_network.azurerm_virtual_network.vnet"
          ]
        }
      ]
    },
    {
      "module": "module.hub_acr_private_endpoint.module.nic-diagnostics[0]",
      "mode": "data",
      "type": "azurerm_monitor_diagnostic_categories",
      "name": "categories",
      "provider": "provider[\"registry.terraform.io/hashicorp/azurerm\"]",
      "instances": [
        {
          "schema_version": 0,
          "attributes": {
            "id": "/subscriptions/d94fe338-52d8-4a44-acd4-4f8301adf2cf/resourceGroups/dtf-hub/providers/Microsoft.Network/networkInterfaces/dtf-hub-acr-nic",
            "log_category_groups": [],
            "log_category_types": [],
            "logs": [],
            "metrics": [
              "AllMetrics"
            ],
            "resource_id": "/subscriptions/d94fe338-52d8-4a44-acd4-4f8301adf2cf/resourceGroups/dtf-hub/providers/Microsoft.Network/networkInterfaces/dtf-hub-acr-nic",
            "timeouts": null
          },
          "sensitive_attributes": []
        }
      ]
    },
    {
      "module": "module.hub_acr_private_endpoint.module.nic-diagnostics[0]",
      "mode": "managed",
      "type": "azurerm_monitor_diagnostic_setting",
      "name": "diagnostics",
      "provider": "provider[\"registry.terraform.io/hashicorp/azurerm\"]",
      "instances": [
        {
          "schema_version": 0,
          "attributes": {
            "enabled_log": [],
            "eventhub_authorization_rule_id": "",
            "eventhub_name": "",
            "id": "/subscriptions/d94fe338-52d8-4a44-acd4-4f8301adf2cf/resourceGroups/dtf-hub/providers/Microsoft.Network/networkInterfaces/dtf-hub-acr-nic|pe-nic-diagnostics",
            "log": [],
            "log_analytics_destination_type": "",
            "log_analytics_workspace_id": "/subscriptions/d94fe338-52d8-4a44-acd4-4f8301adf2cf/resourceGroups/dtf-hub/providers/Microsoft.OperationalInsights/workspaces/dtf-hub-log-analytics-workspace",
            "metric": [
              {
                "category": "AllMetrics",
                "enabled": true,
                "retention_policy": [
                  {
                    "days": 0,
                    "enabled": false
                  }
                ]
              }
            ],
            "name": "pe-nic-diagnostics",
            "partner_solution_id": null,
            "storage_account_id": null,
            "target_resource_id": "/subscriptions/d94fe338-52d8-4a44-acd4-4f8301adf2cf/resourceGroups/dtf-hub/providers/Microsoft.Network/networkInterfaces/dtf-hub-acr-nic",
            "timeouts": null
          },
          "sensitive_attributes": [],
          "private": "eyJlMmJmYjczMC1lY2FhLTExZTYtOGY4OC0zNDM2M2JjN2M0YzAiOnsiY3JlYXRlIjoxODAwMDAwMDAwMDAwLCJkZWxldGUiOjM2MDAwMDAwMDAwMDAsInJlYWQiOjMwMDAwMDAwMDAwMCwidXBkYXRlIjoxODAwMDAwMDAwMDAwfX0=",
          "dependencies": [
            "azurerm_container_registry.hub_acr",
            "azurerm_resource_group.hub",
            "module.hub_acr_private_endpoint.azurerm_private_dns_zone.dns_zone",
            "module.hub_acr_private_endpoint.azurerm_private_endpoint.private_endpoint",
            "module.hub_acr_private_endpoint.module.nic-diagnostics.data.azurerm_monitor_diagnostic_categories.categories",
            "module.hub_log_analytics.azurerm_log_analytics_workspace.log_analytics",
            "module.hub_network_security_groups.azurerm_network_security_group.nsg",
            "module.hub_network_security_groups.azurerm_network_security_rule.rules",
            "module.hub_network_security_groups.module.nsg_diagnostics.azurerm_monitor_diagnostic_setting.diagnostics",
            "module.hub_network_security_groups.module.nsg_diagnostics.data.azurerm_monitor_diagnostic_categories.categories",
            "module.hub_route_tables.azurerm_route.routes",
            "module.hub_route_tables.azurerm_route_table.rt",
            "module.hub_virtual_network.azurerm_subnet.subnets",
            "module.hub_virtual_network.azurerm_virtual_network.vnet"
          ]
        }
      ]
    },
    {
      "module": "module.hub_firewall",
      "mode": "managed",
      "type": "azurerm_firewall",
      "name": "fw",
      "provider": "provider[\"registry.terraform.io/hashicorp/azurerm\"]",
      "instances": [
        {
          "schema_version": 0,
          "attributes": {
            "dns_servers": [],
            "firewall_policy_id": "/subscriptions/d94fe338-52d8-4a44-acd4-4f8301adf2cf/resourceGroups/dtf-hub/providers/Microsoft.Network/firewallPolicies/dtf-hub-fw-pl",
            "id": "/subscriptions/d94fe338-52d8-4a44-acd4-4f8301adf2cf/resourceGroups/dtf-hub/providers/Microsoft.Network/azureFirewalls/dtf-hub-fw",
            "ip_configuration": [
              {
                "name": "fw-pip",
                "private_ip_address": "10.0.1.4",
                "public_ip_address_id": "/subscriptions/d94fe338-52d8-4a44-acd4-4f8301adf2cf/resourceGroups/dtf-hub/providers/Microsoft.Network/publicIPAddresses/dtf-hub-fw-ip",
                "subnet_id": "/subscriptions/d94fe338-52d8-4a44-acd4-4f8301adf2cf/resourceGroups/dtf-hub/providers/Microsoft.Network/virtualNetworks/dtf-hub-vnet/subnets/AzureFirewallSubnet"
              }
            ],
            "location": "westeurope",
            "management_ip_configuration": [
              {
                "name": "fw-mng-pip",
                "private_ip_address": "",
                "public_ip_address_id": "/subscriptions/d94fe338-52d8-4a44-acd4-4f8301adf2cf/resourceGroups/dtf-hub/providers/Microsoft.Network/publicIPAddresses/dtf-hub-fw-mng-ip",
                "subnet_id": "/subscriptions/d94fe338-52d8-4a44-acd4-4f8301adf2cf/resourceGroups/dtf-hub/providers/Microsoft.Network/virtualNetworks/dtf-hub-vnet/subnets/AzureFirewallManagementSubnet"
              }
            ],
            "name": "dtf-hub-fw",
            "private_ip_ranges": [],
            "resource_group_name": "dtf-hub",
            "sku_name": "AZFW_VNet",
            "sku_tier": "Standard",
            "tags": {
              "CreationDateTime": "2023-07-27T09:52:25.7273526Z",
              "Environment": "Dev"
            },
            "threat_intel_mode": "Alert",
            "timeouts": null,
            "virtual_hub": [],
            "zones": []
          },
          "sensitive_attributes": [],
          "private": "eyJlMmJmYjczMC1lY2FhLTExZTYtOGY4OC0zNDM2M2JjN2M0YzAiOnsiY3JlYXRlIjo1NDAwMDAwMDAwMDAwLCJkZWxldGUiOjU0MDAwMDAwMDAwMDAsInJlYWQiOjMwMDAwMDAwMDAwMCwidXBkYXRlIjo1NDAwMDAwMDAwMDAwfX0=",
          "dependencies": [
            "azurerm_resource_group.hub",
            "module.hub_firewall.azurerm_public_ip.fw_ip",
            "module.hub_firewall.azurerm_public_ip.fw_management_ip",
            "module.hub_firewall_policy.azurerm_firewall_policy.policy",
            "module.hub_log_analytics.azurerm_log_analytics_workspace.log_analytics",
            "module.hub_network_security_groups.azurerm_network_security_group.nsg",
            "module.hub_network_security_groups.azurerm_network_security_rule.rules",
            "module.hub_network_security_groups.module.nsg_diagnostics.azurerm_monitor_diagnostic_setting.diagnostics",
            "module.hub_network_security_groups.module.nsg_diagnostics.data.azurerm_monitor_diagnostic_categories.categories",
            "module.hub_route_tables.azurerm_route.routes",
            "module.hub_route_tables.azurerm_route_table.rt",
            "module.hub_virtual_network.azurerm_subnet.subnets",
            "module.hub_virtual_network.azurerm_virtual_network.vnet"
          ]
        }
      ]
    },
    {
      "module": "module.hub_firewall",
      "mode": "managed",
      "type": "azurerm_public_ip",
      "name": "fw_ip",
      "provider": "provider[\"registry.terraform.io/hashicorp/azurerm\"]",
      "instances": [
        {
          "schema_version": 0,
          "attributes": {
            "allocation_method": "Static",
            "ddos_protection_mode": "VirtualNetworkInherited",
            "ddos_protection_plan_id": null,
            "domain_name_label": null,
            "edge_zone": "",
            "fqdn": null,
            "id": "/subscriptions/d94fe338-52d8-4a44-acd4-4f8301adf2cf/resourceGroups/dtf-hub/providers/Microsoft.Network/publicIPAddresses/dtf-hub-fw-ip",
            "idle_timeout_in_minutes": 4,
            "ip_address": "52.233.198.148",
            "ip_tags": {},
            "ip_version": "IPv4",
            "location": "westeurope",
            "name": "dtf-hub-fw-ip",
            "public_ip_prefix_id": null,
            "resource_group_name": "dtf-hub",
            "reverse_fqdn": null,
            "sku": "Standard",
            "sku_tier": "Regional",
            "tags": {
              "CreationDateTime": "2023-07-27T09:29:55.9180977Z",
              "Environment": "Dev"
            },
            "timeouts": null,
            "zones": []
          },
          "sensitive_attributes": [],
          "private": "eyJlMmJmYjczMC1lY2FhLTExZTYtOGY4OC0zNDM2M2JjN2M0YzAiOnsiY3JlYXRlIjoxODAwMDAwMDAwMDAwLCJkZWxldGUiOjE4MDAwMDAwMDAwMDAsInJlYWQiOjMwMDAwMDAwMDAwMCwidXBkYXRlIjoxODAwMDAwMDAwMDAwfX0=",
          "dependencies": [
            "azurerm_resource_group.hub"
          ]
        }
      ]
    },
    {
      "module": "module.hub_firewall",
      "mode": "managed",
      "type": "azurerm_public_ip",
      "name": "fw_management_ip",
      "provider": "provider[\"registry.terraform.io/hashicorp/azurerm\"]",
      "instances": [
        {
          "index_key": 0,
          "schema_version": 0,
          "attributes": {
            "allocation_method": "Static",
            "ddos_protection_mode": "VirtualNetworkInherited",
            "ddos_protection_plan_id": null,
            "domain_name_label": null,
            "edge_zone": "",
            "fqdn": null,
            "id": "/subscriptions/d94fe338-52d8-4a44-acd4-4f8301adf2cf/resourceGroups/dtf-hub/providers/Microsoft.Network/publicIPAddresses/dtf-hub-fw-mng-ip",
            "idle_timeout_in_minutes": 4,
            "ip_address": "104.40.225.188",
            "ip_tags": {},
            "ip_version": "IPv4",
            "location": "westeurope",
            "name": "dtf-hub-fw-mng-ip",
            "public_ip_prefix_id": null,
            "resource_group_name": "dtf-hub",
            "reverse_fqdn": null,
            "sku": "Standard",
            "sku_tier": "Regional",
            "tags": {
              "CreationDateTime": "2023-07-27T09:29:56.1041074Z",
              "Environment": "Dev"
            },
            "timeouts": null,
            "zones": []
          },
          "sensitive_attributes": [],
          "private": "eyJlMmJmYjczMC1lY2FhLTExZTYtOGY4OC0zNDM2M2JjN2M0YzAiOnsiY3JlYXRlIjoxODAwMDAwMDAwMDAwLCJkZWxldGUiOjE4MDAwMDAwMDAwMDAsInJlYWQiOjMwMDAwMDAwMDAwMCwidXBkYXRlIjoxODAwMDAwMDAwMDAwfX0=",
          "dependencies": [
            "azurerm_resource_group.hub"
          ]
        }
      ]
    },
    {
      "module": "module.hub_firewall.module.fw_diagnostics[0]",
      "mode": "data",
      "type": "azurerm_monitor_diagnostic_categories",
      "name": "categories",
      "provider": "provider[\"registry.terraform.io/hashicorp/azurerm\"]",
      "instances": [
        {
          "schema_version": 0,
          "attributes": {
            "id": "/subscriptions/d94fe338-52d8-4a44-acd4-4f8301adf2cf/resourceGroups/dtf-hub/providers/Microsoft.Network/azureFirewalls/dtf-hub-fw",
            "log_category_groups": [
              "allLogs"
            ],
            "log_category_types": [
              "AZFWApplicationRule",
              "AZFWApplicationRuleAggregation",
              "AZFWDnsQuery",
              "AZFWFatFlow",
              "AZFWFlowTrace",
              "AZFWFqdnResolveFailure",
              "AZFWIdpsSignature",
              "AZFWNatRule",
              "AZFWNatRuleAggregation",
              "AZFWNetworkRule",
              "AZFWNetworkRuleAggregation",
              "AZFWThreatIntel",
              "AzureFirewallApplicationRule",
              "AzureFirewallDnsProxy",
              "AzureFirewallNetworkRule"
            ],
            "logs": [
              "AZFWApplicationRule",
              "AZFWApplicationRuleAggregation",
              "AZFWDnsQuery",
              "AZFWFatFlow",
              "AZFWFlowTrace",
              "AZFWFqdnResolveFailure",
              "AZFWIdpsSignature",
              "AZFWNatRule",
              "AZFWNatRuleAggregation",
              "AZFWNetworkRule",
              "AZFWNetworkRuleAggregation",
              "AZFWThreatIntel",
              "AzureFirewallApplicationRule",
              "AzureFirewallDnsProxy",
              "AzureFirewallNetworkRule"
            ],
            "metrics": [
              "AllMetrics"
            ],
            "resource_id": "/subscriptions/d94fe338-52d8-4a44-acd4-4f8301adf2cf/resourceGroups/dtf-hub/providers/Microsoft.Network/azureFirewalls/dtf-hub-fw",
            "timeouts": null
          },
          "sensitive_attributes": []
        }
      ]
    },
    {
      "module": "module.hub_firewall.module.fw_diagnostics[0]",
      "mode": "managed",
      "type": "azurerm_monitor_diagnostic_setting",
      "name": "diagnostics",
      "provider": "provider[\"registry.terraform.io/hashicorp/azurerm\"]",
      "instances": [
        {
          "schema_version": 0,
          "attributes": {
            "enabled_log": [
              {
                "category": "AZFWApplicationRule",
                "category_group": "",
                "retention_policy": [
                  {
                    "days": 0,
                    "enabled": false
                  }
                ]
              },
              {
                "category": "AZFWApplicationRuleAggregation",
                "category_group": "",
                "retention_policy": [
                  {
                    "days": 0,
                    "enabled": false
                  }
                ]
              },
              {
                "category": "AZFWDnsQuery",
                "category_group": "",
                "retention_policy": [
                  {
                    "days": 0,
                    "enabled": false
                  }
                ]
              },
              {
                "category": "AZFWFatFlow",
                "category_group": "",
                "retention_policy": [
                  {
                    "days": 0,
                    "enabled": false
                  }
                ]
              },
              {
                "category": "AZFWFlowTrace",
                "category_group": "",
                "retention_policy": [
                  {
                    "days": 0,
                    "enabled": false
                  }
                ]
              },
              {
                "category": "AZFWFqdnResolveFailure",
                "category_group": "",
                "retention_policy": [
                  {
                    "days": 0,
                    "enabled": false
                  }
                ]
              },
              {
                "category": "AZFWIdpsSignature",
                "category_group": "",
                "retention_policy": [
                  {
                    "days": 0,
                    "enabled": false
                  }
                ]
              },
              {
                "category": "AZFWNatRule",
                "category_group": "",
                "retention_policy": [
                  {
                    "days": 0,
                    "enabled": false
                  }
                ]
              },
              {
                "category": "AZFWNatRuleAggregation",
                "category_group": "",
                "retention_policy": [
                  {
                    "days": 0,
                    "enabled": false
                  }
                ]
              },
              {
                "category": "AZFWNetworkRule",
                "category_group": "",
                "retention_policy": [
                  {
                    "days": 0,
                    "enabled": false
                  }
                ]
              },
              {
                "category": "AZFWNetworkRuleAggregation",
                "category_group": "",
                "retention_policy": [
                  {
                    "days": 0,
                    "enabled": false
                  }
                ]
              },
              {
                "category": "AZFWThreatIntel",
                "category_group": "",
                "retention_policy": [
                  {
                    "days": 0,
                    "enabled": false
                  }
                ]
              },
              {
                "category": "AzureFirewallApplicationRule",
                "category_group": "",
                "retention_policy": [
                  {
                    "days": 0,
                    "enabled": false
                  }
                ]
              },
              {
                "category": "AzureFirewallDnsProxy",
                "category_group": "",
                "retention_policy": [
                  {
                    "days": 0,
                    "enabled": false
                  }
                ]
              },
              {
                "category": "AzureFirewallNetworkRule",
                "category_group": "",
                "retention_policy": [
                  {
                    "days": 0,
                    "enabled": false
                  }
                ]
              }
            ],
            "eventhub_authorization_rule_id": "",
            "eventhub_name": "",
            "id": "/subscriptions/d94fe338-52d8-4a44-acd4-4f8301adf2cf/resourceGroups/dtf-hub/providers/Microsoft.Network/azureFirewalls/dtf-hub-fw|fw-diagnostics",
            "log": [
              {
                "category": "AZFWApplicationRule",
                "category_group": "",
                "enabled": true,
                "retention_policy": [
                  {
                    "days": 0,
                    "enabled": false
                  }
                ]
              },
              {
                "category": "AZFWApplicationRuleAggregation",
                "category_group": "",
                "enabled": true,
                "retention_policy": [
                  {
                    "days": 0,
                    "enabled": false
                  }
                ]
              },
              {
                "category": "AZFWDnsQuery",
                "category_group": "",
                "enabled": true,
                "retention_policy": [
                  {
                    "days": 0,
                    "enabled": false
                  }
                ]
              },
              {
                "category": "AZFWFatFlow",
                "category_group": "",
                "enabled": true,
                "retention_policy": [
                  {
                    "days": 0,
                    "enabled": false
                  }
                ]
              },
              {
                "category": "AZFWFlowTrace",
                "category_group": "",
                "enabled": true,
                "retention_policy": [
                  {
                    "days": 0,
                    "enabled": false
                  }
                ]
              },
              {
                "category": "AZFWFqdnResolveFailure",
                "category_group": "",
                "enabled": true,
                "retention_policy": [
                  {
                    "days": 0,
                    "enabled": false
                  }
                ]
              },
              {
                "category": "AZFWIdpsSignature",
                "category_group": "",
                "enabled": true,
                "retention_policy": [
                  {
                    "days": 0,
                    "enabled": false
                  }
                ]
              },
              {
                "category": "AZFWNatRule",
                "category_group": "",
                "enabled": true,
                "retention_policy": [
                  {
                    "days": 0,
                    "enabled": false
                  }
                ]
              },
              {
                "category": "AZFWNatRuleAggregation",
                "category_group": "",
                "enabled": true,
                "retention_policy": [
                  {
                    "days": 0,
                    "enabled": false
                  }
                ]
              },
              {
                "category": "AZFWNetworkRule",
                "category_group": "",
                "enabled": true,
                "retention_policy": [
                  {
                    "days": 0,
                    "enabled": false
                  }
                ]
              },
              {
                "category": "AZFWNetworkRuleAggregation",
                "category_group": "",
                "enabled": true,
                "retention_policy": [
                  {
                    "days": 0,
                    "enabled": false
                  }
                ]
              },
              {
                "category": "AZFWThreatIntel",
                "category_group": "",
                "enabled": true,
                "retention_policy": [
                  {
                    "days": 0,
                    "enabled": false
                  }
                ]
              },
              {
                "category": "AzureFirewallApplicationRule",
                "category_group": "",
                "enabled": true,
                "retention_policy": [
                  {
                    "days": 0,
                    "enabled": false
                  }
                ]
              },
              {
                "category": "AzureFirewallDnsProxy",
                "category_group": "",
                "enabled": true,
                "retention_policy": [
                  {
                    "days": 0,
                    "enabled": false
                  }
                ]
              },
              {
                "category": "AzureFirewallNetworkRule",
                "category_group": "",
                "enabled": true,
                "retention_policy": [
                  {
                    "days": 0,
                    "enabled": false
                  }
                ]
              }
            ],
            "log_analytics_destination_type": "AzureDiagnostics",
            "log_analytics_workspace_id": "/subscriptions/d94fe338-52d8-4a44-acd4-4f8301adf2cf/resourceGroups/dtf-hub/providers/Microsoft.OperationalInsights/workspaces/dtf-hub-log-analytics-workspace",
            "metric": [
              {
                "category": "AllMetrics",
                "enabled": true,
                "retention_policy": [
                  {
                    "days": 0,
                    "enabled": false
                  }
                ]
              }
            ],
            "name": "fw-diagnostics",
            "partner_solution_id": null,
            "storage_account_id": null,
            "target_resource_id": "/subscriptions/d94fe338-52d8-4a44-acd4-4f8301adf2cf/resourceGroups/dtf-hub/providers/Microsoft.Network/azureFirewalls/dtf-hub-fw",
            "timeouts": null
          },
          "sensitive_attributes": [],
          "private": "eyJlMmJmYjczMC1lY2FhLTExZTYtOGY4OC0zNDM2M2JjN2M0YzAiOnsiY3JlYXRlIjoxODAwMDAwMDAwMDAwLCJkZWxldGUiOjM2MDAwMDAwMDAwMDAsInJlYWQiOjMwMDAwMDAwMDAwMCwidXBkYXRlIjoxODAwMDAwMDAwMDAwfX0=",
          "dependencies": [
            "azurerm_resource_group.hub",
            "module.hub_firewall.azurerm_firewall.fw",
            "module.hub_firewall.azurerm_public_ip.fw_ip",
            "module.hub_firewall.azurerm_public_ip.fw_management_ip",
            "module.hub_firewall.module.fw_diagnostics.data.azurerm_monitor_diagnostic_categories.categories",
            "module.hub_firewall_policy.azurerm_firewall_policy.policy",
            "module.hub_log_analytics.azurerm_log_analytics_workspace.log_analytics",
            "module.hub_network_security_groups.azurerm_network_security_group.nsg",
            "module.hub_network_security_groups.azurerm_network_security_rule.rules",
            "module.hub_network_security_groups.module.nsg_diagnostics.azurerm_monitor_diagnostic_setting.diagnostics",
            "module.hub_network_security_groups.module.nsg_diagnostics.data.azurerm_monitor_diagnostic_categories.categories",
            "module.hub_route_tables.azurerm_route.routes",
            "module.hub_route_tables.azurerm_route_table.rt",
            "module.hub_virtual_network.azurerm_subnet.subnets",
            "module.hub_virtual_network.azurerm_virtual_network.vnet"
          ]
        }
      ]
    },
    {
      "module": "module.hub_firewall.module.fw_ip_diagnostics[0]",
      "mode": "data",
      "type": "azurerm_monitor_diagnostic_categories",
      "name": "categories",
      "provider": "provider[\"registry.terraform.io/hashicorp/azurerm\"]",
      "instances": [
        {
          "schema_version": 0,
          "attributes": {
            "id": "/subscriptions/d94fe338-52d8-4a44-acd4-4f8301adf2cf/resourceGroups/dtf-hub/providers/Microsoft.Network/publicIPAddresses/dtf-hub-fw-ip",
            "log_category_groups": [
              "allLogs",
              "audit"
            ],
            "log_category_types": [
              "DDoSMitigationFlowLogs",
              "DDoSMitigationReports",
              "DDoSProtectionNotifications"
            ],
            "logs": [
              "DDoSMitigationFlowLogs",
              "DDoSMitigationReports",
              "DDoSProtectionNotifications"
            ],
            "metrics": [
              "AllMetrics"
            ],
            "resource_id": "/subscriptions/d94fe338-52d8-4a44-acd4-4f8301adf2cf/resourceGroups/dtf-hub/providers/Microsoft.Network/publicIPAddresses/dtf-hub-fw-ip",
            "timeouts": null
          },
          "sensitive_attributes": []
        }
      ]
    },
    {
      "module": "module.hub_firewall.module.fw_ip_diagnostics[0]",
      "mode": "managed",
      "type": "azurerm_monitor_diagnostic_setting",
      "name": "diagnostics",
      "provider": "provider[\"registry.terraform.io/hashicorp/azurerm\"]",
      "instances": [
        {
          "schema_version": 0,
          "attributes": {
            "enabled_log": [
              {
                "category": "DDoSMitigationFlowLogs",
                "category_group": "",
                "retention_policy": [
                  {
                    "days": 0,
                    "enabled": false
                  }
                ]
              },
              {
                "category": "DDoSMitigationReports",
                "category_group": "",
                "retention_policy": [
                  {
                    "days": 0,
                    "enabled": false
                  }
                ]
              },
              {
                "category": "DDoSProtectionNotifications",
                "category_group": "",
                "retention_policy": [
                  {
                    "days": 0,
                    "enabled": false
                  }
                ]
              }
            ],
            "eventhub_authorization_rule_id": "",
            "eventhub_name": "",
            "id": "/subscriptions/d94fe338-52d8-4a44-acd4-4f8301adf2cf/resourceGroups/dtf-hub/providers/Microsoft.Network/publicIPAddresses/dtf-hub-fw-ip|fw-pip-diagnostics",
            "log": [
              {
                "category": "DDoSMitigationFlowLogs",
                "category_group": "",
                "enabled": true,
                "retention_policy": [
                  {
                    "days": 0,
                    "enabled": false
                  }
                ]
              },
              {
                "category": "DDoSMitigationReports",
                "category_group": "",
                "enabled": true,
                "retention_policy": [
                  {
                    "days": 0,
                    "enabled": false
                  }
                ]
              },
              {
                "category": "DDoSProtectionNotifications",
                "category_group": "",
                "enabled": true,
                "retention_policy": [
                  {
                    "days": 0,
                    "enabled": false
                  }
                ]
              }
            ],
            "log_analytics_destination_type": "",
            "log_analytics_workspace_id": "/subscriptions/d94fe338-52d8-4a44-acd4-4f8301adf2cf/resourceGroups/dtf-hub/providers/Microsoft.OperationalInsights/workspaces/dtf-hub-log-analytics-workspace",
            "metric": [
              {
                "category": "AllMetrics",
                "enabled": true,
                "retention_policy": [
                  {
                    "days": 0,
                    "enabled": false
                  }
                ]
              }
            ],
            "name": "fw-pip-diagnostics",
            "partner_solution_id": null,
            "storage_account_id": null,
            "target_resource_id": "/subscriptions/d94fe338-52d8-4a44-acd4-4f8301adf2cf/resourceGroups/dtf-hub/providers/Microsoft.Network/publicIPAddresses/dtf-hub-fw-ip",
            "timeouts": null
          },
          "sensitive_attributes": [],
          "private": "eyJlMmJmYjczMC1lY2FhLTExZTYtOGY4OC0zNDM2M2JjN2M0YzAiOnsiY3JlYXRlIjoxODAwMDAwMDAwMDAwLCJkZWxldGUiOjM2MDAwMDAwMDAwMDAsInJlYWQiOjMwMDAwMDAwMDAwMCwidXBkYXRlIjoxODAwMDAwMDAwMDAwfX0=",
          "dependencies": [
            "azurerm_resource_group.hub",
            "module.hub_firewall.azurerm_public_ip.fw_ip",
            "module.hub_firewall.module.fw_ip_diagnostics.data.azurerm_monitor_diagnostic_categories.categories",
            "module.hub_log_analytics.azurerm_log_analytics_workspace.log_analytics"
          ]
        }
      ]
    },
    {
      "module": "module.hub_firewall.module.fw_management_ip_diagnostics[0]",
      "mode": "data",
      "type": "azurerm_monitor_diagnostic_categories",
      "name": "categories",
      "provider": "provider[\"registry.terraform.io/hashicorp/azurerm\"]",
      "instances": [
        {
          "schema_version": 0,
          "attributes": {
            "id": "/subscriptions/d94fe338-52d8-4a44-acd4-4f8301adf2cf/resourceGroups/dtf-hub/providers/Microsoft.Network/publicIPAddresses/dtf-hub-fw-mng-ip",
            "log_category_groups": [
              "allLogs",
              "audit"
            ],
            "log_category_types": [
              "DDoSMitigationFlowLogs",
              "DDoSMitigationReports",
              "DDoSProtectionNotifications"
            ],
            "logs": [
              "DDoSMitigationFlowLogs",
              "DDoSMitigationReports",
              "DDoSProtectionNotifications"
            ],
            "metrics": [
              "AllMetrics"
            ],
            "resource_id": "/subscriptions/d94fe338-52d8-4a44-acd4-4f8301adf2cf/resourceGroups/dtf-hub/providers/Microsoft.Network/publicIPAddresses/dtf-hub-fw-mng-ip",
            "timeouts": null
          },
          "sensitive_attributes": []
        }
      ]
    },
    {
      "module": "module.hub_firewall.module.fw_management_ip_diagnostics[0]",
      "mode": "managed",
      "type": "azurerm_monitor_diagnostic_setting",
      "name": "diagnostics",
      "provider": "provider[\"registry.terraform.io/hashicorp/azurerm\"]",
      "instances": [
        {
          "schema_version": 0,
          "attributes": {
            "enabled_log": [
              {
                "category": "DDoSMitigationFlowLogs",
                "category_group": "",
                "retention_policy": [
                  {
                    "days": 0,
                    "enabled": false
                  }
                ]
              },
              {
                "category": "DDoSMitigationReports",
                "category_group": "",
                "retention_policy": [
                  {
                    "days": 0,
                    "enabled": false
                  }
                ]
              },
              {
                "category": "DDoSProtectionNotifications",
                "category_group": "",
                "retention_policy": [
                  {
                    "days": 0,
                    "enabled": false
                  }
                ]
              }
            ],
            "eventhub_authorization_rule_id": "",
            "eventhub_name": "",
            "id": "/subscriptions/d94fe338-52d8-4a44-acd4-4f8301adf2cf/resourceGroups/dtf-hub/providers/Microsoft.Network/publicIPAddresses/dtf-hub-fw-mng-ip|fw-management-pip-diagnostics",
            "log": [
              {
                "category": "DDoSMitigationFlowLogs",
                "category_group": "",
                "enabled": true,
                "retention_policy": [
                  {
                    "days": 0,
                    "enabled": false
                  }
                ]
              },
              {
                "category": "DDoSMitigationReports",
                "category_group": "",
                "enabled": true,
                "retention_policy": [
                  {
                    "days": 0,
                    "enabled": false
                  }
                ]
              },
              {
                "category": "DDoSProtectionNotifications",
                "category_group": "",
                "enabled": true,
                "retention_policy": [
                  {
                    "days": 0,
                    "enabled": false
                  }
                ]
              }
            ],
            "log_analytics_destination_type": "",
            "log_analytics_workspace_id": "/subscriptions/d94fe338-52d8-4a44-acd4-4f8301adf2cf/resourceGroups/dtf-hub/providers/Microsoft.OperationalInsights/workspaces/dtf-hub-log-analytics-workspace",
            "metric": [
              {
                "category": "AllMetrics",
                "enabled": true,
                "retention_policy": [
                  {
                    "days": 0,
                    "enabled": false
                  }
                ]
              }
            ],
            "name": "fw-management-pip-diagnostics",
            "partner_solution_id": null,
            "storage_account_id": null,
            "target_resource_id": "/subscriptions/d94fe338-52d8-4a44-acd4-4f8301adf2cf/resourceGroups/dtf-hub/providers/Microsoft.Network/publicIPAddresses/dtf-hub-fw-mng-ip",
            "timeouts": null
          },
          "sensitive_attributes": [],
          "private": "eyJlMmJmYjczMC1lY2FhLTExZTYtOGY4OC0zNDM2M2JjN2M0YzAiOnsiY3JlYXRlIjoxODAwMDAwMDAwMDAwLCJkZWxldGUiOjM2MDAwMDAwMDAwMDAsInJlYWQiOjMwMDAwMDAwMDAwMCwidXBkYXRlIjoxODAwMDAwMDAwMDAwfX0=",
          "dependencies": [
            "azurerm_resource_group.hub",
            "module.hub_firewall.azurerm_public_ip.fw_management_ip",
            "module.hub_firewall.module.fw_management_ip_diagnostics.data.azurerm_monitor_diagnostic_categories.categories",
            "module.hub_log_analytics.azurerm_log_analytics_workspace.log_analytics"
          ]
        }
      ]
    },
    {
      "module": "module.hub_firewall_policy",
      "mode": "managed",
      "type": "azurerm_firewall_policy",
      "name": "policy",
      "provider": "provider[\"registry.terraform.io/hashicorp/azurerm\"]",
      "instances": [
        {
          "schema_version": 0,
          "attributes": {
            "auto_learn_private_ranges_enabled": false,
            "base_policy_id": "",
            "child_policies": [],
            "dns": [
              {
                "proxy_enabled": true,
                "servers": []
              }
            ],
            "explicit_proxy": [],
            "firewalls": [
              "/subscriptions/d94fe338-52d8-4a44-acd4-4f8301adf2cf/resourceGroups/dtf-hub/providers/Microsoft.Network/azureFirewalls/dtf-hub-fw"
            ],
            "id": "/subscriptions/d94fe338-52d8-4a44-acd4-4f8301adf2cf/resourceGroups/dtf-hub/providers/Microsoft.Network/firewallPolicies/dtf-hub-fw-pl",
            "identity": [],
            "insights": [],
            "intrusion_detection": [],
            "location": "westeurope",
            "name": "dtf-hub-fw-pl",
            "private_ip_ranges": [],
            "resource_group_name": "dtf-hub",
            "rule_collection_groups": [
              "/subscriptions/d94fe338-52d8-4a44-acd4-4f8301adf2cf/resourceGroups/dtf-hub/providers/Microsoft.Network/firewallPolicies/dtf-hub-fw-pl/ruleCollectionGroups/application-group",
              "/subscriptions/d94fe338-52d8-4a44-acd4-4f8301adf2cf/resourceGroups/dtf-hub/providers/Microsoft.Network/firewallPolicies/dtf-hub-fw-pl/ruleCollectionGroups/network-group"
            ],
            "sku": "Standard",
            "sql_redirect_allowed": null,
            "tags": {
              "CreationDateTime": "2023-07-27T09:52:12.6771655Z",
              "Environment": "Dev"
            },
            "threat_intelligence_allowlist": [],
            "threat_intelligence_mode": "Alert",
            "timeouts": null,
            "tls_certificate": []
          },
          "sensitive_attributes": [],
          "private": "eyJlMmJmYjczMC1lY2FhLTExZTYtOGY4OC0zNDM2M2JjN2M0YzAiOnsiY3JlYXRlIjoxODAwMDAwMDAwMDAwLCJkZWxldGUiOjE4MDAwMDAwMDAwMDAsInJlYWQiOjMwMDAwMDAwMDAwMCwidXBkYXRlIjoxODAwMDAwMDAwMDAwfX0=",
          "dependencies": [
            "azurerm_resource_group.hub"
          ]
        }
      ]
    },
    {
      "module": "module.hub_firewall_policy",
      "mode": "managed",
      "type": "azurerm_firewall_policy_rule_collection_group",
      "name": "application_rule_collection_groups",
      "provider": "provider[\"registry.terraform.io/hashicorp/azurerm\"]",
      "instances": [
        {
          "index_key": "application-group",
          "schema_version": 0,
          "attributes": {
            "application_rule_collection": [
              {
                "action": "Allow",
                "name": "vms-limited-downloads",
                "priority": 300,
                "rule": [
                  {
                    "description": "",
                    "destination_addresses": [],
                    "destination_fqdn_tags": [],
                    "destination_fqdns": [
                      "azure.archive.ubuntu.com"
                    ],
                    "destination_urls": [],
                    "name": "azure-ubuntu-archive",
                    "protocols": [
                      {
                        "port": 80,
                        "type": "Http"
                      }
                    ],
                    "source_addresses": [
                      "10.1.0.0/24",
                      "10.2.0.0/24"
                    ],
                    "source_ip_groups": [],
                    "terminate_tls": false,
                    "web_categories": []
                  },
                  {
                    "description": "",
                    "destination_addresses": [],
                    "destination_fqdn_tags": [],
                    "destination_fqdns": [
                      "storage.googleapis.com"
                    ],
                    "destination_urls": [],
                    "name": "google-apis",
                    "protocols": [
                      {
                        "port": 443,
                        "type": "Https"
                      }
                    ],
                    "source_addresses": [
                      "10.1.0.0/24"
                    ],
                    "source_ip_groups": [],
                    "terminate_tls": false,
                    "web_categories": []
                  },
                  {
                    "description": "",
                    "destination_addresses": [],
                    "destination_fqdn_tags": [],
                    "destination_fqdns": [
                      "auth.docker.io",
                      "registry-1.docker.io",
                      "index.docker.io",
                      "dseasb33srnrn.cloudfront.net",
                      "production.cloudflare.docker.com"
                    ],
                    "destination_urls": [],
                    "name": "docker",
                    "protocols": [
                      {
                        "port": 443,
                        "type": "Https"
                      }
                    ],
                    "source_addresses": [
                      "10.1.0.0/24",
                      "10.2.0.0/24"
                    ],
                    "source_ip_groups": [],
                    "terminate_tls": false,
                    "web_categories": []
                  }
                ]
              },
              {
                "action": "Allow",
                "name": "work-vm-azure-access",
                "priority": 400,
                "rule": [
                  {
                    "description": "",
                    "destination_addresses": [],
                    "destination_fqdn_tags": [],
                    "destination_fqdns": [
                      "login.microsoftonline.com"
                    ],
                    "destination_urls": [],
                    "name": "active-directory",
                    "protocols": [
                      {
                        "port": 443,
                        "type": "Https"
                      }
                    ],
                    "source_addresses": [
                      "10.1.0.0/24"
                    ],
                    "source_ip_groups": [],
                    "terminate_tls": false,
                    "web_categories": []
                  },
                  {
                    "description": "",
                    "destination_addresses": [],
                    "destination_fqdn_tags": [],
                    "destination_fqdns": [
                      "management.azure.com"
                    ],
                    "destination_urls": [],
                    "name": "resource-manager-both-vms",
                    "protocols": [
                      {
                        "port": 443,
                        "type": "Https"
                      }
                    ],
                    "source_addresses": [
                      "10.1.0.0/24",
                      "10.2.0.0/24"
                    ],
                    "source_ip_groups": [],
                    "terminate_tls": false,
                    "web_categories": []
                  }
                ]
              },
              {
                "action": "Allow",
                "name": "monitor-vm-azure-access",
                "priority": 500,
                "rule": [
                  {
                    "description": "",
                    "destination_addresses": [],
                    "destination_fqdn_tags": [],
                    "destination_fqdns": [
                      "api.loganalytics.io"
                    ],
                    "destination_urls": [],
                    "name": "active-directory",
                    "protocols": [
                      {
                        "port": 443,
                        "type": "Https"
                      }
                    ],
                    "source_addresses": [
                      "10.2.0.0/24"
                    ],
                    "source_ip_groups": [],
                    "terminate_tls": false,
                    "web_categories": []
                  }
                ]
              },
              {
                "action": "Allow",
                "name": "acr-access",
                "priority": 600,
                "rule": [
                  {
                    "description": "",
                    "destination_addresses": [],
                    "destination_fqdn_tags": [],
                    "destination_fqdns": [
                      "dtfhubacr.azurecr.io",
                      "dtfhubacr.westeurope.data.azurecr.io"
                    ],
                    "destination_urls": [],
                    "name": "acr-access",
                    "protocols": [
                      {
                        "port": 443,
                        "type": "Https"
                      }
                    ],
                    "source_addresses": [
                      "10.1.0.0/24",
                      "10.1.2.0/24"
                    ],
                    "source_ip_groups": [],
                    "terminate_tls": false,
                    "web_categories": []
                  }
                ]
              },
              {
                "action": "Allow",
                "name": "aks-access",
                "priority": 700,
                "rule": [
                  {
                    "description": "",
                    "destination_addresses": [],
                    "destination_fqdn_tags": [
                      "AzureKubernetesService"
                    ],
                    "destination_fqdns": [],
                    "destination_urls": [],
                    "name": "aks-fqdn-tags",
                    "protocols": [
                      {
                        "port": 443,
                        "type": "Https"
                      }
                    ],
                    "source_addresses": [
                      "10.1.2.0/24"
                    ],
                    "source_ip_groups": [],
                    "terminate_tls": false,
                    "web_categories": []
                  }
                ]
              },
              {
                "action": "Allow",
                "name": "aks-diagnostics",
                "priority": 800,
                "rule": [
                  {
                    "description": "",
                    "destination_addresses": [],
                    "destination_fqdn_tags": [],
                    "destination_fqdns": [
                      "196532a9-0816-479d-a9b1-5907fa82fa85.ods.opinsights.azure.com"
                    ],
                    "destination_urls": [],
                    "name": "monitor-logs",
                    "protocols": [
                      {
                        "port": 443,
                        "type": "Https"
                      }
                    ],
                    "source_addresses": [
                      "10.1.2.0/24"
                    ],
                    "source_ip_groups": [],
                    "terminate_tls": false,
                    "web_categories": []
                  }
                ]
              },
              {
                "action": "Allow",
                "name": "monitor-vm-dns",
                "priority": 900,
                "rule": [
                  {
                    "description": "",
                    "destination_addresses": [],
                    "destination_fqdn_tags": [],
                    "destination_fqdns": [
                      "grafana.monitor.net"
                    ],
                    "destination_urls": [],
                    "name": "monitor.net",
                    "protocols": [
                      {
                        "port": 80,
                        "type": "Http"
                      }
                    ],
                    "source_addresses": [
                      "172.0.0.0/16"
                    ],
                    "source_ip_groups": [],
                    "terminate_tls": false,
                    "web_categories": []
                  }
                ]
              }
            ],
            "firewall_policy_id": "/subscriptions/d94fe338-52d8-4a44-acd4-4f8301adf2cf/resourceGroups/dtf-hub/providers/Microsoft.Network/firewallPolicies/dtf-hub-fw-pl",
            "id": "/subscriptions/d94fe338-52d8-4a44-acd4-4f8301adf2cf/resourceGroups/dtf-hub/providers/Microsoft.Network/firewallPolicies/dtf-hub-fw-pl/ruleCollectionGroups/application-group",
            "name": "application-group",
            "nat_rule_collection": [],
            "network_rule_collection": [],
            "priority": 200,
            "timeouts": null
          },
          "sensitive_attributes": [],
          "private": "eyJlMmJmYjczMC1lY2FhLTExZTYtOGY4OC0zNDM2M2JjN2M0YzAiOnsiY3JlYXRlIjoxODAwMDAwMDAwMDAwLCJkZWxldGUiOjE4MDAwMDAwMDAwMDAsInJlYWQiOjMwMDAwMDAwMDAwMCwidXBkYXRlIjoxODAwMDAwMDAwMDAwfX0=",
          "dependencies": [
            "azurerm_resource_group.hub",
            "module.hub_firewall_policy.azurerm_firewall_policy.policy"
          ]
        }
      ]
    },
    {
      "module": "module.hub_firewall_policy",
      "mode": "managed",
      "type": "azurerm_firewall_policy_rule_collection_group",
      "name": "network_rule_collection_groups",
      "provider": "provider[\"registry.terraform.io/hashicorp/azurerm\"]",
      "instances": [
        {
          "index_key": "network-group",
          "schema_version": 0,
          "attributes": {
            "application_rule_collection": [],
            "firewall_policy_id": "/subscriptions/d94fe338-52d8-4a44-acd4-4f8301adf2cf/resourceGroups/dtf-hub/providers/Microsoft.Network/firewallPolicies/dtf-hub-fw-pl",
            "id": "/subscriptions/d94fe338-52d8-4a44-acd4-4f8301adf2cf/resourceGroups/dtf-hub/providers/Microsoft.Network/firewallPolicies/dtf-hub-fw-pl/ruleCollectionGroups/network-group",
            "name": "network-group",
            "nat_rule_collection": [],
            "network_rule_collection": [
              {
                "action": "Allow",
                "name": "vm-access",
                "priority": 1000,
                "rule": [
                  {
                    "destination_addresses": [
                      "10.1.0.0/24",
                      "10.2.0.0/24"
                    ],
                    "destination_fqdns": [],
                    "destination_ip_groups": [],
                    "destination_ports": [
                      "22"
                    ],
                    "name": "ssh",
                    "protocols": [
                      "TCP"
                    ],
                    "source_addresses": [
                      "172.0.0.0/16"
                    ],
                    "source_ip_groups": []
                  },
                  {
                    "destination_addresses": [
                      "10.2.0.0/24"
                    ],
                    "destination_fqdns": [],
                    "destination_ip_groups": [],
                    "destination_ports": [
                      "80"
                    ],
                    "name": "grafana-monitor",
                    "protocols": [
                      "TCP"
                    ],
                    "source_addresses": [
                      "172.0.0.0/16"
                    ],
                    "source_ip_groups": []
                  }
                ]
              }
            ],
            "priority": 100,
            "timeouts": null
          },
          "sensitive_attributes": [],
          "private": "eyJlMmJmYjczMC1lY2FhLTExZTYtOGY4OC0zNDM2M2JjN2M0YzAiOnsiY3JlYXRlIjoxODAwMDAwMDAwMDAwLCJkZWxldGUiOjE4MDAwMDAwMDAwMDAsInJlYWQiOjMwMDAwMDAwMDAwMCwidXBkYXRlIjoxODAwMDAwMDAwMDAwfX0=",
          "dependencies": [
            "azurerm_resource_group.hub",
            "module.hub_firewall_policy.azurerm_firewall_policy.policy"
          ]
        }
      ]
    },
    {
      "module": "module.hub_log_analytics",
      "mode": "managed",
      "type": "azurerm_log_analytics_workspace",
      "name": "log_analytics",
      "provider": "provider[\"registry.terraform.io/hashicorp/azurerm\"]",
      "instances": [
        {
          "schema_version": 3,
          "attributes": {
            "allow_resource_only_permissions": true,
            "cmk_for_query_forced": false,
            "daily_quota_gb": -1,
            "id": "/subscriptions/d94fe338-52d8-4a44-acd4-4f8301adf2cf/resourceGroups/dtf-hub/providers/Microsoft.OperationalInsights/workspaces/dtf-hub-log-analytics-workspace",
            "internet_ingestion_enabled": true,
            "internet_query_enabled": true,
            "local_authentication_disabled": false,
            "location": "westeurope",
            "name": "dtf-hub-log-analytics-workspace",
            "primary_shared_key": "/6P732cK7swOGGqwblGdh5LgLlXFnSf9TFC1m4PYjVxkDWVzXEDO9WRcsPtjQ387lEsHl49NhVnMt5QNpRVATw==",
            "reservation_capacity_in_gb_per_day": null,
            "resource_group_name": "dtf-hub",
            "retention_in_days": 30,
            "secondary_shared_key": "oJULj83E/nsjLvJ4ajRgE42dn7Ma1lZ6x+Y1xPCFoXA1D1fvMHKpazphMWdTRevmFKiVDn+tQH7nfIto5U72ow==",
            "sku": "PerGB2018",
            "tags": {
              "CreationDateTime": "2023-07-20T07:36:51.9333120Z",
              "Environment": "Dev"
            },
            "timeouts": null,
            "workspace_id": "f192c337-65fb-4958-a3b0-45dc8fad8ca4"
          },
          "sensitive_attributes": [],
          "private": "eyJlMmJmYjczMC1lY2FhLTExZTYtOGY4OC0zNDM2M2JjN2M0YzAiOnsiY3JlYXRlIjoxODAwMDAwMDAwMDAwLCJkZWxldGUiOjE4MDAwMDAwMDAwMDAsInJlYWQiOjMwMDAwMDAwMDAwMCwidXBkYXRlIjoxODAwMDAwMDAwMDAwfSwic2NoZW1hX3ZlcnNpb24iOiIzIn0=",
          "dependencies": [
            "azurerm_resource_group.hub"
          ]
        }
      ]
    },
    {
      "module": "module.hub_log_analytics.module.log_analytics_diagnostics[0]",
      "mode": "data",
      "type": "azurerm_monitor_diagnostic_categories",
      "name": "categories",
      "provider": "provider[\"registry.terraform.io/hashicorp/azurerm\"]",
      "instances": [
        {
          "schema_version": 0,
          "attributes": {
            "id": "/subscriptions/d94fe338-52d8-4a44-acd4-4f8301adf2cf/resourceGroups/dtf-hub/providers/Microsoft.OperationalInsights/workspaces/dtf-hub-log-analytics-workspace",
            "log_category_groups": [
              "allLogs",
              "audit"
            ],
            "log_category_types": [
              "Audit"
            ],
            "logs": [
              "Audit"
            ],
            "metrics": [
              "AllMetrics"
            ],
            "resource_id": "/subscriptions/d94fe338-52d8-4a44-acd4-4f8301adf2cf/resourceGroups/dtf-hub/providers/Microsoft.OperationalInsights/workspaces/dtf-hub-log-analytics-workspace",
            "timeouts": null
          },
          "sensitive_attributes": []
        }
      ]
    },
    {
      "module": "module.hub_log_analytics.module.log_analytics_diagnostics[0]",
      "mode": "managed",
      "type": "azurerm_monitor_diagnostic_setting",
      "name": "diagnostics",
      "provider": "provider[\"registry.terraform.io/hashicorp/azurerm\"]",
      "instances": [
        {
          "schema_version": 0,
          "attributes": {
            "enabled_log": [
              {
                "category": "Audit",
                "category_group": "",
                "retention_policy": [
                  {
                    "days": 0,
                    "enabled": false
                  }
                ]
              }
            ],
            "eventhub_authorization_rule_id": "",
            "eventhub_name": "",
            "id": "/subscriptions/d94fe338-52d8-4a44-acd4-4f8301adf2cf/resourceGroups/dtf-hub/providers/Microsoft.OperationalInsights/workspaces/dtf-hub-log-analytics-workspace|log-analytics-workspace-diagnostics",
            "log": [
              {
                "category": "Audit",
                "category_group": "",
                "enabled": true,
                "retention_policy": [
                  {
                    "days": 0,
                    "enabled": false
                  }
                ]
              }
            ],
            "log_analytics_destination_type": "",
            "log_analytics_workspace_id": "/subscriptions/d94fe338-52d8-4a44-acd4-4f8301adf2cf/resourceGroups/dtf-hub/providers/Microsoft.OperationalInsights/workspaces/dtf-hub-log-analytics-workspace",
            "metric": [
              {
                "category": "AllMetrics",
                "enabled": true,
                "retention_policy": [
                  {
                    "days": 0,
                    "enabled": false
                  }
                ]
              }
            ],
            "name": "log-analytics-workspace-diagnostics",
            "partner_solution_id": null,
            "storage_account_id": null,
            "target_resource_id": "/subscriptions/d94fe338-52d8-4a44-acd4-4f8301adf2cf/resourceGroups/dtf-hub/providers/Microsoft.OperationalInsights/workspaces/dtf-hub-log-analytics-workspace",
            "timeouts": null
          },
          "sensitive_attributes": [],
          "private": "eyJlMmJmYjczMC1lY2FhLTExZTYtOGY4OC0zNDM2M2JjN2M0YzAiOnsiY3JlYXRlIjoxODAwMDAwMDAwMDAwLCJkZWxldGUiOjM2MDAwMDAwMDAwMDAsInJlYWQiOjMwMDAwMDAwMDAwMCwidXBkYXRlIjoxODAwMDAwMDAwMDAwfX0=",
          "dependencies": [
            "azurerm_resource_group.hub",
            "module.hub_log_analytics.azurerm_log_analytics_workspace.log_analytics",
            "module.hub_log_analytics.module.log_analytics_diagnostics.data.azurerm_monitor_diagnostic_categories.categories"
          ]
        }
      ]
    },
    {
      "module": "module.hub_network_security_groups[\"hub-ACRSubnet-nsg\"]",
      "mode": "managed",
      "type": "azurerm_network_security_group",
      "name": "nsg",
      "provider": "provider[\"registry.terraform.io/hashicorp/azurerm\"]",
      "instances": [
        {
          "schema_version": 0,
          "attributes": {
            "id": "/subscriptions/d94fe338-52d8-4a44-acd4-4f8301adf2cf/resourceGroups/dtf-hub/providers/Microsoft.Network/networkSecurityGroups/hub-ACRSubnet-nsg",
            "location": "westeurope",
            "name": "hub-ACRSubnet-nsg",
            "resource_group_name": "dtf-hub",
            "security_rule": [],
            "tags": {
              "CreationDateTime": "2023-07-20T07:36:19.9940697Z",
              "Environment": "Dev"
            },
            "timeouts": null
          },
          "sensitive_attributes": [],
          "private": "eyJlMmJmYjczMC1lY2FhLTExZTYtOGY4OC0zNDM2M2JjN2M0YzAiOnsiY3JlYXRlIjoxODAwMDAwMDAwMDAwLCJkZWxldGUiOjE4MDAwMDAwMDAwMDAsInJlYWQiOjMwMDAwMDAwMDAwMCwidXBkYXRlIjoxODAwMDAwMDAwMDAwfX0=",
          "dependencies": [
            "azurerm_resource_group.hub"
          ]
        }
      ]
    },
    {
      "module": "module.hub_network_security_groups[\"hub-ACRSubnet-nsg\"].module.nsg_diagnostics[0]",
      "mode": "data",
      "type": "azurerm_monitor_diagnostic_categories",
      "name": "categories",
      "provider": "provider[\"registry.terraform.io/hashicorp/azurerm\"]",
      "instances": [
        {
          "schema_version": 0,
          "attributes": {
            "id": "/subscriptions/d94fe338-52d8-4a44-acd4-4f8301adf2cf/resourceGroups/dtf-hub/providers/Microsoft.Network/networkSecurityGroups/hub-ACRSubnet-nsg",
            "log_category_groups": [
              "allLogs"
            ],
            "log_category_types": [
              "NetworkSecurityGroupEvent",
              "NetworkSecurityGroupRuleCounter"
            ],
            "logs": [
              "NetworkSecurityGroupEvent",
              "NetworkSecurityGroupRuleCounter"
            ],
            "metrics": [],
            "resource_id": "/subscriptions/d94fe338-52d8-4a44-acd4-4f8301adf2cf/resourceGroups/dtf-hub/providers/Microsoft.Network/networkSecurityGroups/hub-ACRSubnet-nsg",
            "timeouts": null
          },
          "sensitive_attributes": []
        }
      ]
    },
    {
      "module": "module.hub_network_security_groups[\"hub-ACRSubnet-nsg\"].module.nsg_diagnostics[0]",
      "mode": "managed",
      "type": "azurerm_monitor_diagnostic_setting",
      "name": "diagnostics",
      "provider": "provider[\"registry.terraform.io/hashicorp/azurerm\"]",
      "instances": [
        {
          "schema_version": 0,
          "attributes": {
            "enabled_log": [
              {
                "category": "NetworkSecurityGroupEvent",
                "category_group": "",
                "retention_policy": [
                  {
                    "days": 0,
                    "enabled": false
                  }
                ]
              },
              {
                "category": "NetworkSecurityGroupRuleCounter",
                "category_group": "",
                "retention_policy": [
                  {
                    "days": 0,
                    "enabled": false
                  }
                ]
              }
            ],
            "eventhub_authorization_rule_id": "",
            "eventhub_name": "",
            "id": "/subscriptions/d94fe338-52d8-4a44-acd4-4f8301adf2cf/resourceGroups/dtf-hub/providers/Microsoft.Network/networkSecurityGroups/hub-ACRSubnet-nsg|network-security-group-diagnostics",
            "log": [
              {
                "category": "NetworkSecurityGroupEvent",
                "category_group": "",
                "enabled": true,
                "retention_policy": [
                  {
                    "days": 0,
                    "enabled": false
                  }
                ]
              },
              {
                "category": "NetworkSecurityGroupRuleCounter",
                "category_group": "",
                "enabled": true,
                "retention_policy": [
                  {
                    "days": 0,
                    "enabled": false
                  }
                ]
              }
            ],
            "log_analytics_destination_type": "",
            "log_analytics_workspace_id": "/subscriptions/d94fe338-52d8-4a44-acd4-4f8301adf2cf/resourceGroups/dtf-hub/providers/Microsoft.OperationalInsights/workspaces/dtf-hub-log-analytics-workspace",
            "metric": [],
            "name": "network-security-group-diagnostics",
            "partner_solution_id": null,
            "storage_account_id": null,
            "target_resource_id": "/subscriptions/d94fe338-52d8-4a44-acd4-4f8301adf2cf/resourceGroups/dtf-hub/providers/Microsoft.Network/networkSecurityGroups/hub-ACRSubnet-nsg",
            "timeouts": null
          },
          "sensitive_attributes": [],
          "private": "eyJlMmJmYjczMC1lY2FhLTExZTYtOGY4OC0zNDM2M2JjN2M0YzAiOnsiY3JlYXRlIjoxODAwMDAwMDAwMDAwLCJkZWxldGUiOjM2MDAwMDAwMDAwMDAsInJlYWQiOjMwMDAwMDAwMDAwMCwidXBkYXRlIjoxODAwMDAwMDAwMDAwfX0=",
          "dependencies": [
            "azurerm_resource_group.hub",
            "module.hub_log_analytics.azurerm_log_analytics_workspace.log_analytics",
            "module.hub_network_security_groups.azurerm_network_security_group.nsg",
            "module.hub_network_security_groups.module.nsg_diagnostics.data.azurerm_monitor_diagnostic_categories.categories"
          ]
        }
      ]
    },
    {
      "module": "module.hub_route_tables[\"hub-gateway-rt\"]",
      "mode": "managed",
      "type": "azurerm_route",
      "name": "routes",
      "provider": "provider[\"registry.terraform.io/hashicorp/azurerm\"]",
      "instances": [
        {
          "index_key": "monitor-vnet",
          "schema_version": 0,
          "attributes": {
            "address_prefix": "10.2.0.0/16",
            "id": "/subscriptions/d94fe338-52d8-4a44-acd4-4f8301adf2cf/resourceGroups/dtf-hub/providers/Microsoft.Network/routeTables/hub-gateway-rt/routes/monitor-vnet",
            "name": "monitor-vnet",
            "next_hop_in_ip_address": "10.0.1.4",
            "next_hop_type": "VirtualAppliance",
            "resource_group_name": "dtf-hub",
            "route_table_name": "hub-gateway-rt",
            "timeouts": null
          },
          "sensitive_attributes": [],
          "private": "eyJlMmJmYjczMC1lY2FhLTExZTYtOGY4OC0zNDM2M2JjN2M0YzAiOnsiY3JlYXRlIjoxODAwMDAwMDAwMDAwLCJkZWxldGUiOjE4MDAwMDAwMDAwMDAsInJlYWQiOjMwMDAwMDAwMDAwMCwidXBkYXRlIjoxODAwMDAwMDAwMDAwfX0=",
          "dependencies": [
            "azurerm_resource_group.hub",
            "module.hub_route_tables.azurerm_route_table.rt"
          ]
        },
        {
          "index_key": "work-vnet",
          "schema_version": 0,
          "attributes": {
            "address_prefix": "10.1.0.0/16",
            "id": "/subscriptions/d94fe338-52d8-4a44-acd4-4f8301adf2cf/resourceGroups/dtf-hub/providers/Microsoft.Network/routeTables/hub-gateway-rt/routes/work-vnet",
            "name": "work-vnet",
            "next_hop_in_ip_address": "10.0.1.4",
            "next_hop_type": "VirtualAppliance",
            "resource_group_name": "dtf-hub",
            "route_table_name": "hub-gateway-rt",
            "timeouts": null
          },
          "sensitive_attributes": [],
          "private": "eyJlMmJmYjczMC1lY2FhLTExZTYtOGY4OC0zNDM2M2JjN2M0YzAiOnsiY3JlYXRlIjoxODAwMDAwMDAwMDAwLCJkZWxldGUiOjE4MDAwMDAwMDAwMDAsInJlYWQiOjMwMDAwMDAwMDAwMCwidXBkYXRlIjoxODAwMDAwMDAwMDAwfX0=",
          "dependencies": [
            "azurerm_resource_group.hub",
            "module.hub_route_tables.azurerm_route_table.rt"
          ]
        }
      ]
    },
    {
      "module": "module.hub_route_tables[\"hub-gateway-rt\"]",
      "mode": "managed",
      "type": "azurerm_route_table",
      "name": "rt",
      "provider": "provider[\"registry.terraform.io/hashicorp/azurerm\"]",
      "instances": [
        {
          "schema_version": 0,
          "attributes": {
            "disable_bgp_route_propagation": false,
            "id": "/subscriptions/d94fe338-52d8-4a44-acd4-4f8301adf2cf/resourceGroups/dtf-hub/providers/Microsoft.Network/routeTables/hub-gateway-rt",
            "location": "westeurope",
            "name": "hub-gateway-rt",
            "resource_group_name": "dtf-hub",
            "route": [
              {
                "address_prefix": "10.1.0.0/16",
                "name": "work-vnet",
                "next_hop_in_ip_address": "10.0.1.4",
                "next_hop_type": "VirtualAppliance"
              },
              {
                "address_prefix": "10.2.0.0/16",
                "name": "monitor-vnet",
                "next_hop_in_ip_address": "10.0.1.4",
                "next_hop_type": "VirtualAppliance"
              }
            ],
            "subnets": [
              "/subscriptions/d94fe338-52d8-4a44-acd4-4f8301adf2cf/resourceGroups/dtf-hub/providers/Microsoft.Network/virtualNetworks/dtf-hub-vnet/subnets/GatewaySubnet"
            ],
            "tags": {
              "CreationDateTime": "2023-07-20T07:36:20.1466958Z",
              "Environment": "Dev"
            },
            "timeouts": null
          },
          "sensitive_attributes": [],
          "private": "eyJlMmJmYjczMC1lY2FhLTExZTYtOGY4OC0zNDM2M2JjN2M0YzAiOnsiY3JlYXRlIjoxODAwMDAwMDAwMDAwLCJkZWxldGUiOjE4MDAwMDAwMDAwMDAsInJlYWQiOjMwMDAwMDAwMDAwMCwidXBkYXRlIjoxODAwMDAwMDAwMDAwfX0=",
          "dependencies": [
            "azurerm_resource_group.hub"
          ]
        }
      ]
    },
    {
      "module": "module.hub_route_tables[\"hub-rt\"]",
      "mode": "managed",
      "type": "azurerm_route",
      "name": "routes",
      "provider": "provider[\"registry.terraform.io/hashicorp/azurerm\"]",
      "instances": [
        {
          "index_key": "monitor-vnet",
          "schema_version": 0,
          "attributes": {
            "address_prefix": "10.2.0.0/16",
            "id": "/subscriptions/d94fe338-52d8-4a44-acd4-4f8301adf2cf/resourceGroups/dtf-hub/providers/Microsoft.Network/routeTables/hub-rt/routes/monitor-vnet",
            "name": "monitor-vnet",
            "next_hop_in_ip_address": "10.0.1.4",
            "next_hop_type": "VirtualAppliance",
            "resource_group_name": "dtf-hub",
            "route_table_name": "hub-rt",
            "timeouts": null
          },
          "sensitive_attributes": [],
          "private": "eyJlMmJmYjczMC1lY2FhLTExZTYtOGY4OC0zNDM2M2JjN2M0YzAiOnsiY3JlYXRlIjoxODAwMDAwMDAwMDAwLCJkZWxldGUiOjE4MDAwMDAwMDAwMDAsInJlYWQiOjMwMDAwMDAwMDAwMCwidXBkYXRlIjoxODAwMDAwMDAwMDAwfX0=",
          "dependencies": [
            "azurerm_resource_group.hub",
            "module.hub_route_tables.azurerm_route_table.rt"
          ]
        },
        {
          "index_key": "outbound",
          "schema_version": 0,
          "attributes": {
            "address_prefix": "0.0.0.0/0",
            "id": "/subscriptions/d94fe338-52d8-4a44-acd4-4f8301adf2cf/resourceGroups/dtf-hub/providers/Microsoft.Network/routeTables/hub-rt/routes/outbound",
            "name": "outbound",
            "next_hop_in_ip_address": "10.0.1.4",
            "next_hop_type": "VirtualAppliance",
            "resource_group_name": "dtf-hub",
            "route_table_name": "hub-rt",
            "timeouts": null
          },
          "sensitive_attributes": [],
          "private": "eyJlMmJmYjczMC1lY2FhLTExZTYtOGY4OC0zNDM2M2JjN2M0YzAiOnsiY3JlYXRlIjoxODAwMDAwMDAwMDAwLCJkZWxldGUiOjE4MDAwMDAwMDAwMDAsInJlYWQiOjMwMDAwMDAwMDAwMCwidXBkYXRlIjoxODAwMDAwMDAwMDAwfX0=",
          "dependencies": [
            "azurerm_resource_group.hub",
            "module.hub_route_tables.azurerm_route_table.rt"
          ]
        },
        {
          "index_key": "work-vnet",
          "schema_version": 0,
          "attributes": {
            "address_prefix": "10.1.0.0/16",
            "id": "/subscriptions/d94fe338-52d8-4a44-acd4-4f8301adf2cf/resourceGroups/dtf-hub/providers/Microsoft.Network/routeTables/hub-rt/routes/work-vnet",
            "name": "work-vnet",
            "next_hop_in_ip_address": "10.0.1.4",
            "next_hop_type": "VirtualAppliance",
            "resource_group_name": "dtf-hub",
            "route_table_name": "hub-rt",
            "timeouts": null
          },
          "sensitive_attributes": [],
          "private": "eyJlMmJmYjczMC1lY2FhLTExZTYtOGY4OC0zNDM2M2JjN2M0YzAiOnsiY3JlYXRlIjoxODAwMDAwMDAwMDAwLCJkZWxldGUiOjE4MDAwMDAwMDAwMDAsInJlYWQiOjMwMDAwMDAwMDAwMCwidXBkYXRlIjoxODAwMDAwMDAwMDAwfX0=",
          "dependencies": [
            "azurerm_resource_group.hub",
            "module.hub_route_tables.azurerm_route_table.rt"
          ]
        }
      ]
    },
    {
      "module": "module.hub_route_tables[\"hub-rt\"]",
      "mode": "managed",
      "type": "azurerm_route_table",
      "name": "rt",
      "provider": "provider[\"registry.terraform.io/hashicorp/azurerm\"]",
      "instances": [
        {
          "schema_version": 0,
          "attributes": {
            "disable_bgp_route_propagation": false,
            "id": "/subscriptions/d94fe338-52d8-4a44-acd4-4f8301adf2cf/resourceGroups/dtf-hub/providers/Microsoft.Network/routeTables/hub-rt",
            "location": "westeurope",
            "name": "hub-rt",
            "resource_group_name": "dtf-hub",
            "route": [
              {
                "address_prefix": "0.0.0.0/0",
                "name": "outbound",
                "next_hop_in_ip_address": "10.0.1.4",
                "next_hop_type": "VirtualAppliance"
              },
              {
                "address_prefix": "10.1.0.0/16",
                "name": "work-vnet",
                "next_hop_in_ip_address": "10.0.1.4",
                "next_hop_type": "VirtualAppliance"
              },
              {
                "address_prefix": "10.2.0.0/16",
                "name": "monitor-vnet",
                "next_hop_in_ip_address": "10.0.1.4",
                "next_hop_type": "VirtualAppliance"
              }
            ],
            "subnets": [
              "/subscriptions/d94fe338-52d8-4a44-acd4-4f8301adf2cf/resourceGroups/dtf-hub/providers/Microsoft.Network/virtualNetworks/dtf-hub-vnet/subnets/ACRSubnet"
            ],
            "tags": {
              "CreationDateTime": "2023-07-20T07:36:20.5279552Z",
              "Environment": "Dev"
            },
            "timeouts": null
          },
          "sensitive_attributes": [],
          "private": "eyJlMmJmYjczMC1lY2FhLTExZTYtOGY4OC0zNDM2M2JjN2M0YzAiOnsiY3JlYXRlIjoxODAwMDAwMDAwMDAwLCJkZWxldGUiOjE4MDAwMDAwMDAwMDAsInJlYWQiOjMwMDAwMDAwMDAwMCwidXBkYXRlIjoxODAwMDAwMDAwMDAwfX0=",
          "dependencies": [
            "azurerm_resource_group.hub"
          ]
        }
      ]
    },
    {
      "module": "module.hub_to_monitor_peerings",
      "mode": "managed",
      "type": "azurerm_virtual_network_peering",
      "name": "ingoing_peering",
      "provider": "provider[\"registry.terraform.io/hashicorp/azurerm\"]",
      "instances": [
        {
          "schema_version": 0,
          "attributes": {
            "allow_forwarded_traffic": false,
            "allow_gateway_transit": false,
            "allow_virtual_network_access": true,
            "id": "/subscriptions/d94fe338-52d8-4a44-acd4-4f8301adf2cf/resourceGroups/dtf-monitor-spoke/providers/Microsoft.Network/virtualNetworks/dtf-monitor-vnet/virtualNetworkPeerings/dtf-monitor-vnet-to-dtf-hub-vnet",
            "name": "dtf-monitor-vnet-to-dtf-hub-vnet",
            "remote_virtual_network_id": "/subscriptions/d94fe338-52d8-4a44-acd4-4f8301adf2cf/resourceGroups/dtf-hub/providers/Microsoft.Network/virtualNetworks/dtf-hub-vnet",
            "resource_group_name": "dtf-monitor-spoke",
            "timeouts": null,
            "triggers": null,
            "use_remote_gateways": true,
            "virtual_network_name": "dtf-monitor-vnet"
          },
          "sensitive_attributes": [],
          "private": "eyJlMmJmYjczMC1lY2FhLTExZTYtOGY4OC0zNDM2M2JjN2M0YzAiOnsiY3JlYXRlIjoxODAwMDAwMDAwMDAwLCJkZWxldGUiOjE4MDAwMDAwMDAwMDAsInJlYWQiOjMwMDAwMDAwMDAwMCwidXBkYXRlIjoxODAwMDAwMDAwMDAwfX0=",
          "dependencies": [
            "azurerm_resource_group.hub",
            "azurerm_resource_group.monitor",
            "module.hub_log_analytics.azurerm_log_analytics_workspace.log_analytics",
            "module.hub_network_security_groups.azurerm_network_security_group.nsg",
            "module.hub_network_security_groups.azurerm_network_security_rule.rules",
            "module.hub_network_security_groups.module.nsg_diagnostics.azurerm_monitor_diagnostic_setting.diagnostics",
            "module.hub_network_security_groups.module.nsg_diagnostics.data.azurerm_monitor_diagnostic_categories.categories",
            "module.hub_route_tables.azurerm_route.routes",
            "module.hub_route_tables.azurerm_route_table.rt",
            "module.hub_virtual_network.azurerm_subnet.subnets",
            "module.hub_virtual_network.azurerm_virtual_network.vnet",
            "module.hub_vpn_gateway.azurerm_public_ip.vng_aa_pip",
            "module.hub_vpn_gateway.azurerm_public_ip.vng_default_pip",
            "module.hub_vpn_gateway.azurerm_virtual_network_gateway.vng",
            "module.hub_vpn_gateway.module.aa_pip_diagnostics.azurerm_monitor_diagnostic_setting.diagnostics",
            "module.hub_vpn_gateway.module.aa_pip_diagnostics.data.azurerm_monitor_diagnostic_categories.categories",
            "module.hub_vpn_gateway.module.default_pip_diagnostics.azurerm_monitor_diagnostic_setting.diagnostics",
            "module.hub_vpn_gateway.module.default_pip_diagnostics.data.azurerm_monitor_diagnostic_categories.categories",
            "module.hub_vpn_gateway.module.vng_diagnostics.azurerm_monitor_diagnostic_setting.diagnostics",
            "module.hub_vpn_gateway.module.vng_diagnostics.data.azurerm_monitor_diagnostic_categories.categories",
            "module.monitor_virtual_network.azurerm_virtual_network.vnet"
          ]
        }
      ]
    },
    {
      "module": "module.hub_to_monitor_peerings",
      "mode": "managed",
      "type": "azurerm_virtual_network_peering",
      "name": "outgoing_peering",
      "provider": "provider[\"registry.terraform.io/hashicorp/azurerm\"]",
      "instances": [
        {
          "schema_version": 0,
          "attributes": {
            "allow_forwarded_traffic": false,
            "allow_gateway_transit": true,
            "allow_virtual_network_access": true,
            "id": "/subscriptions/d94fe338-52d8-4a44-acd4-4f8301adf2cf/resourceGroups/dtf-hub/providers/Microsoft.Network/virtualNetworks/dtf-hub-vnet/virtualNetworkPeerings/dtf-hub-vnet-to-dtf-monitor-vnet",
            "name": "dtf-hub-vnet-to-dtf-monitor-vnet",
            "remote_virtual_network_id": "/subscriptions/d94fe338-52d8-4a44-acd4-4f8301adf2cf/resourceGroups/dtf-monitor-spoke/providers/Microsoft.Network/virtualNetworks/dtf-monitor-vnet",
            "resource_group_name": "dtf-hub",
            "timeouts": null,
            "triggers": null,
            "use_remote_gateways": false,
            "virtual_network_name": "dtf-hub-vnet"
          },
          "sensitive_attributes": [],
          "private": "eyJlMmJmYjczMC1lY2FhLTExZTYtOGY4OC0zNDM2M2JjN2M0YzAiOnsiY3JlYXRlIjoxODAwMDAwMDAwMDAwLCJkZWxldGUiOjE4MDAwMDAwMDAwMDAsInJlYWQiOjMwMDAwMDAwMDAwMCwidXBkYXRlIjoxODAwMDAwMDAwMDAwfX0=",
          "dependencies": [
            "azurerm_resource_group.hub",
            "azurerm_resource_group.monitor",
            "module.hub_log_analytics.azurerm_log_analytics_workspace.log_analytics",
            "module.hub_network_security_groups.azurerm_network_security_group.nsg",
            "module.hub_network_security_groups.azurerm_network_security_rule.rules",
            "module.hub_network_security_groups.module.nsg_diagnostics.azurerm_monitor_diagnostic_setting.diagnostics",
            "module.hub_network_security_groups.module.nsg_diagnostics.data.azurerm_monitor_diagnostic_categories.categories",
            "module.hub_route_tables.azurerm_route.routes",
            "module.hub_route_tables.azurerm_route_table.rt",
            "module.hub_virtual_network.azurerm_subnet.subnets",
            "module.hub_virtual_network.azurerm_virtual_network.vnet",
            "module.hub_vpn_gateway.azurerm_public_ip.vng_aa_pip",
            "module.hub_vpn_gateway.azurerm_public_ip.vng_default_pip",
            "module.hub_vpn_gateway.azurerm_virtual_network_gateway.vng",
            "module.hub_vpn_gateway.module.aa_pip_diagnostics.azurerm_monitor_diagnostic_setting.diagnostics",
            "module.hub_vpn_gateway.module.aa_pip_diagnostics.data.azurerm_monitor_diagnostic_categories.categories",
            "module.hub_vpn_gateway.module.default_pip_diagnostics.azurerm_monitor_diagnostic_setting.diagnostics",
            "module.hub_vpn_gateway.module.default_pip_diagnostics.data.azurerm_monitor_diagnostic_categories.categories",
            "module.hub_vpn_gateway.module.vng_diagnostics.azurerm_monitor_diagnostic_setting.diagnostics",
            "module.hub_vpn_gateway.module.vng_diagnostics.data.azurerm_monitor_diagnostic_categories.categories",
            "module.monitor_virtual_network.azurerm_virtual_network.vnet"
          ]
        }
      ]
    },
    {
      "module": "module.hub_to_work_peerings",
      "mode": "managed",
      "type": "azurerm_virtual_network_peering",
      "name": "ingoing_peering",
      "provider": "provider[\"registry.terraform.io/hashicorp/azurerm\"]",
      "instances": [
        {
          "schema_version": 0,
          "attributes": {
            "allow_forwarded_traffic": false,
            "allow_gateway_transit": false,
            "allow_virtual_network_access": true,
            "id": "/subscriptions/d94fe338-52d8-4a44-acd4-4f8301adf2cf/resourceGroups/dtf-work-spoke/providers/Microsoft.Network/virtualNetworks/dtf-work-vnet/virtualNetworkPeerings/dtf-work-vnet-to-dtf-hub-vnet",
            "name": "dtf-work-vnet-to-dtf-hub-vnet",
            "remote_virtual_network_id": "/subscriptions/d94fe338-52d8-4a44-acd4-4f8301adf2cf/resourceGroups/dtf-hub/providers/Microsoft.Network/virtualNetworks/dtf-hub-vnet",
            "resource_group_name": "dtf-work-spoke",
            "timeouts": null,
            "triggers": null,
            "use_remote_gateways": true,
            "virtual_network_name": "dtf-work-vnet"
          },
          "sensitive_attributes": [],
          "private": "eyJlMmJmYjczMC1lY2FhLTExZTYtOGY4OC0zNDM2M2JjN2M0YzAiOnsiY3JlYXRlIjoxODAwMDAwMDAwMDAwLCJkZWxldGUiOjE4MDAwMDAwMDAwMDAsInJlYWQiOjMwMDAwMDAwMDAwMCwidXBkYXRlIjoxODAwMDAwMDAwMDAwfX0=",
          "dependencies": [
            "azurerm_resource_group.hub",
            "azurerm_resource_group.work",
            "module.hub_log_analytics.azurerm_log_analytics_workspace.log_analytics",
            "module.hub_network_security_groups.azurerm_network_security_group.nsg",
            "module.hub_network_security_groups.azurerm_network_security_rule.rules",
            "module.hub_network_security_groups.module.nsg_diagnostics.azurerm_monitor_diagnostic_setting.diagnostics",
            "module.hub_network_security_groups.module.nsg_diagnostics.data.azurerm_monitor_diagnostic_categories.categories",
            "module.hub_route_tables.azurerm_route.routes",
            "module.hub_route_tables.azurerm_route_table.rt",
            "module.hub_virtual_network.azurerm_subnet.subnets",
            "module.hub_virtual_network.azurerm_virtual_network.vnet",
            "module.hub_vpn_gateway.azurerm_public_ip.vng_aa_pip",
            "module.hub_vpn_gateway.azurerm_public_ip.vng_default_pip",
            "module.hub_vpn_gateway.azurerm_virtual_network_gateway.vng",
            "module.hub_vpn_gateway.module.aa_pip_diagnostics.azurerm_monitor_diagnostic_setting.diagnostics",
            "module.hub_vpn_gateway.module.aa_pip_diagnostics.data.azurerm_monitor_diagnostic_categories.categories",
            "module.hub_vpn_gateway.module.default_pip_diagnostics.azurerm_monitor_diagnostic_setting.diagnostics",
            "module.hub_vpn_gateway.module.default_pip_diagnostics.data.azurerm_monitor_diagnostic_categories.categories",
            "module.hub_vpn_gateway.module.vng_diagnostics.azurerm_monitor_diagnostic_setting.diagnostics",
            "module.hub_vpn_gateway.module.vng_diagnostics.data.azurerm_monitor_diagnostic_categories.categories",
            "module.work_virtual_network.azurerm_virtual_network.vnet"
          ]
        }
      ]
    },
    {
      "module": "module.hub_to_work_peerings",
      "mode": "managed",
      "type": "azurerm_virtual_network_peering",
      "name": "outgoing_peering",
      "provider": "provider[\"registry.terraform.io/hashicorp/azurerm\"]",
      "instances": [
        {
          "schema_version": 0,
          "attributes": {
            "allow_forwarded_traffic": false,
            "allow_gateway_transit": true,
            "allow_virtual_network_access": true,
            "id": "/subscriptions/d94fe338-52d8-4a44-acd4-4f8301adf2cf/resourceGroups/dtf-hub/providers/Microsoft.Network/virtualNetworks/dtf-hub-vnet/virtualNetworkPeerings/dtf-hub-vnet-to-dtf-work-vnet",
            "name": "dtf-hub-vnet-to-dtf-work-vnet",
            "remote_virtual_network_id": "/subscriptions/d94fe338-52d8-4a44-acd4-4f8301adf2cf/resourceGroups/dtf-work-spoke/providers/Microsoft.Network/virtualNetworks/dtf-work-vnet",
            "resource_group_name": "dtf-hub",
            "timeouts": null,
            "triggers": null,
            "use_remote_gateways": false,
            "virtual_network_name": "dtf-hub-vnet"
          },
          "sensitive_attributes": [],
          "private": "eyJlMmJmYjczMC1lY2FhLTExZTYtOGY4OC0zNDM2M2JjN2M0YzAiOnsiY3JlYXRlIjoxODAwMDAwMDAwMDAwLCJkZWxldGUiOjE4MDAwMDAwMDAwMDAsInJlYWQiOjMwMDAwMDAwMDAwMCwidXBkYXRlIjoxODAwMDAwMDAwMDAwfX0=",
          "dependencies": [
            "azurerm_resource_group.hub",
            "azurerm_resource_group.work",
            "module.hub_log_analytics.azurerm_log_analytics_workspace.log_analytics",
            "module.hub_network_security_groups.azurerm_network_security_group.nsg",
            "module.hub_network_security_groups.azurerm_network_security_rule.rules",
            "module.hub_network_security_groups.module.nsg_diagnostics.azurerm_monitor_diagnostic_setting.diagnostics",
            "module.hub_network_security_groups.module.nsg_diagnostics.data.azurerm_monitor_diagnostic_categories.categories",
            "module.hub_route_tables.azurerm_route.routes",
            "module.hub_route_tables.azurerm_route_table.rt",
            "module.hub_virtual_network.azurerm_subnet.subnets",
            "module.hub_virtual_network.azurerm_virtual_network.vnet",
            "module.hub_vpn_gateway.azurerm_public_ip.vng_aa_pip",
            "module.hub_vpn_gateway.azurerm_public_ip.vng_default_pip",
            "module.hub_vpn_gateway.azurerm_virtual_network_gateway.vng",
            "module.hub_vpn_gateway.module.aa_pip_diagnostics.azurerm_monitor_diagnostic_setting.diagnostics",
            "module.hub_vpn_gateway.module.aa_pip_diagnostics.data.azurerm_monitor_diagnostic_categories.categories",
            "module.hub_vpn_gateway.module.default_pip_diagnostics.azurerm_monitor_diagnostic_setting.diagnostics",
            "module.hub_vpn_gateway.module.default_pip_diagnostics.data.azurerm_monitor_diagnostic_categories.categories",
            "module.hub_vpn_gateway.module.vng_diagnostics.azurerm_monitor_diagnostic_setting.diagnostics",
            "module.hub_vpn_gateway.module.vng_diagnostics.data.azurerm_monitor_diagnostic_categories.categories",
            "module.work_virtual_network.azurerm_virtual_network.vnet"
          ]
        }
      ]
    },
    {
      "module": "module.hub_virtual_network",
      "mode": "managed",
      "type": "azurerm_subnet",
      "name": "subnets",
      "provider": "provider[\"registry.terraform.io/hashicorp/azurerm\"]",
      "instances": [
        {
          "index_key": "ACRSubnet",
          "schema_version": 0,
          "attributes": {
            "address_prefixes": [
              "10.0.3.0/24"
            ],
            "delegation": [],
            "enforce_private_link_endpoint_network_policies": false,
            "enforce_private_link_service_network_policies": false,
            "id": "/subscriptions/d94fe338-52d8-4a44-acd4-4f8301adf2cf/resourceGroups/dtf-hub/providers/Microsoft.Network/virtualNetworks/dtf-hub-vnet/subnets/ACRSubnet",
            "name": "ACRSubnet",
            "private_endpoint_network_policies_enabled": true,
            "private_link_service_network_policies_enabled": true,
            "resource_group_name": "dtf-hub",
            "service_endpoint_policy_ids": [],
            "service_endpoints": [],
            "timeouts": null,
            "virtual_network_name": "dtf-hub-vnet"
          },
          "sensitive_attributes": [],
          "private": "eyJlMmJmYjczMC1lY2FhLTExZTYtOGY4OC0zNDM2M2JjN2M0YzAiOnsiY3JlYXRlIjoxODAwMDAwMDAwMDAwLCJkZWxldGUiOjE4MDAwMDAwMDAwMDAsInJlYWQiOjMwMDAwMDAwMDAwMCwidXBkYXRlIjoxODAwMDAwMDAwMDAwfX0=",
          "dependencies": [
            "azurerm_resource_group.hub",
            "module.hub_log_analytics.azurerm_log_analytics_workspace.log_analytics",
            "module.hub_network_security_groups.azurerm_network_security_group.nsg",
            "module.hub_network_security_groups.azurerm_network_security_rule.rules",
            "module.hub_network_security_groups.module.nsg_diagnostics.azurerm_monitor_diagnostic_setting.diagnostics",
            "module.hub_network_security_groups.module.nsg_diagnostics.data.azurerm_monitor_diagnostic_categories.categories",
            "module.hub_route_tables.azurerm_route.routes",
            "module.hub_route_tables.azurerm_route_table.rt",
            "module.hub_virtual_network.azurerm_virtual_network.vnet"
          ]
        },
        {
          "index_key": "AzureFirewallManagementSubnet",
          "schema_version": 0,
          "attributes": {
            "address_prefixes": [
              "10.0.2.0/24"
            ],
            "delegation": [],
            "enforce_private_link_endpoint_network_policies": false,
            "enforce_private_link_service_network_policies": false,
            "id": "/subscriptions/d94fe338-52d8-4a44-acd4-4f8301adf2cf/resourceGroups/dtf-hub/providers/Microsoft.Network/virtualNetworks/dtf-hub-vnet/subnets/AzureFirewallManagementSubnet",
            "name": "AzureFirewallManagementSubnet",
            "private_endpoint_network_policies_enabled": true,
            "private_link_service_network_policies_enabled": true,
            "resource_group_name": "dtf-hub",
            "service_endpoint_policy_ids": [],
            "service_endpoints": [],
            "timeouts": null,
            "virtual_network_name": "dtf-hub-vnet"
          },
          "sensitive_attributes": [],
          "private": "eyJlMmJmYjczMC1lY2FhLTExZTYtOGY4OC0zNDM2M2JjN2M0YzAiOnsiY3JlYXRlIjoxODAwMDAwMDAwMDAwLCJkZWxldGUiOjE4MDAwMDAwMDAwMDAsInJlYWQiOjMwMDAwMDAwMDAwMCwidXBkYXRlIjoxODAwMDAwMDAwMDAwfX0=",
          "dependencies": [
            "azurerm_resource_group.hub",
            "module.hub_log_analytics.azurerm_log_analytics_workspace.log_analytics",
            "module.hub_network_security_groups.azurerm_network_security_group.nsg",
            "module.hub_network_security_groups.azurerm_network_security_rule.rules",
            "module.hub_network_security_groups.module.nsg_diagnostics.azurerm_monitor_diagnostic_setting.diagnostics",
            "module.hub_network_security_groups.module.nsg_diagnostics.data.azurerm_monitor_diagnostic_categories.categories",
            "module.hub_route_tables.azurerm_route.routes",
            "module.hub_route_tables.azurerm_route_table.rt",
            "module.hub_virtual_network.azurerm_virtual_network.vnet"
          ]
        },
        {
          "index_key": "AzureFirewallSubnet",
          "schema_version": 0,
          "attributes": {
            "address_prefixes": [
              "10.0.1.0/24"
            ],
            "delegation": [],
            "enforce_private_link_endpoint_network_policies": false,
            "enforce_private_link_service_network_policies": false,
            "id": "/subscriptions/d94fe338-52d8-4a44-acd4-4f8301adf2cf/resourceGroups/dtf-hub/providers/Microsoft.Network/virtualNetworks/dtf-hub-vnet/subnets/AzureFirewallSubnet",
            "name": "AzureFirewallSubnet",
            "private_endpoint_network_policies_enabled": true,
            "private_link_service_network_policies_enabled": true,
            "resource_group_name": "dtf-hub",
            "service_endpoint_policy_ids": [],
            "service_endpoints": [],
            "timeouts": null,
            "virtual_network_name": "dtf-hub-vnet"
          },
          "sensitive_attributes": [],
          "private": "eyJlMmJmYjczMC1lY2FhLTExZTYtOGY4OC0zNDM2M2JjN2M0YzAiOnsiY3JlYXRlIjoxODAwMDAwMDAwMDAwLCJkZWxldGUiOjE4MDAwMDAwMDAwMDAsInJlYWQiOjMwMDAwMDAwMDAwMCwidXBkYXRlIjoxODAwMDAwMDAwMDAwfX0=",
          "dependencies": [
            "azurerm_resource_group.hub",
            "module.hub_log_analytics.azurerm_log_analytics_workspace.log_analytics",
            "module.hub_network_security_groups.azurerm_network_security_group.nsg",
            "module.hub_network_security_groups.azurerm_network_security_rule.rules",
            "module.hub_network_security_groups.module.nsg_diagnostics.azurerm_monitor_diagnostic_setting.diagnostics",
            "module.hub_network_security_groups.module.nsg_diagnostics.data.azurerm_monitor_diagnostic_categories.categories",
            "module.hub_route_tables.azurerm_route.routes",
            "module.hub_route_tables.azurerm_route_table.rt",
            "module.hub_virtual_network.azurerm_virtual_network.vnet"
          ]
        },
        {
          "index_key": "GatewaySubnet",
          "schema_version": 0,
          "attributes": {
            "address_prefixes": [
              "10.0.0.0/24"
            ],
            "delegation": [],
            "enforce_private_link_endpoint_network_policies": false,
            "enforce_private_link_service_network_policies": false,
            "id": "/subscriptions/d94fe338-52d8-4a44-acd4-4f8301adf2cf/resourceGroups/dtf-hub/providers/Microsoft.Network/virtualNetworks/dtf-hub-vnet/subnets/GatewaySubnet",
            "name": "GatewaySubnet",
            "private_endpoint_network_policies_enabled": true,
            "private_link_service_network_policies_enabled": true,
            "resource_group_name": "dtf-hub",
            "service_endpoint_policy_ids": [],
            "service_endpoints": [],
            "timeouts": null,
            "virtual_network_name": "dtf-hub-vnet"
          },
          "sensitive_attributes": [],
          "private": "eyJlMmJmYjczMC1lY2FhLTExZTYtOGY4OC0zNDM2M2JjN2M0YzAiOnsiY3JlYXRlIjoxODAwMDAwMDAwMDAwLCJkZWxldGUiOjE4MDAwMDAwMDAwMDAsInJlYWQiOjMwMDAwMDAwMDAwMCwidXBkYXRlIjoxODAwMDAwMDAwMDAwfX0=",
          "dependencies": [
            "azurerm_resource_group.hub",
            "module.hub_log_analytics.azurerm_log_analytics_workspace.log_analytics",
            "module.hub_network_security_groups.azurerm_network_security_group.nsg",
            "module.hub_network_security_groups.azurerm_network_security_rule.rules",
            "module.hub_network_security_groups.module.nsg_diagnostics.azurerm_monitor_diagnostic_setting.diagnostics",
            "module.hub_network_security_groups.module.nsg_diagnostics.data.azurerm_monitor_diagnostic_categories.categories",
            "module.hub_route_tables.azurerm_route.routes",
            "module.hub_route_tables.azurerm_route_table.rt",
            "module.hub_virtual_network.azurerm_virtual_network.vnet"
          ]
        }
      ]
    },
    {
      "module": "module.hub_virtual_network",
      "mode": "managed",
      "type": "azurerm_subnet_network_security_group_association",
      "name": "nsg_association",
      "provider": "provider[\"registry.terraform.io/hashicorp/azurerm\"]",
      "instances": [
        {
          "index_key": "ACRSubnet",
          "schema_version": 0,
          "attributes": {
            "id": "/subscriptions/d94fe338-52d8-4a44-acd4-4f8301adf2cf/resourceGroups/dtf-hub/providers/Microsoft.Network/virtualNetworks/dtf-hub-vnet/subnets/ACRSubnet",
            "network_security_group_id": "/subscriptions/d94fe338-52d8-4a44-acd4-4f8301adf2cf/resourceGroups/dtf-hub/providers/Microsoft.Network/networkSecurityGroups/hub-ACRSubnet-nsg",
            "subnet_id": "/subscriptions/d94fe338-52d8-4a44-acd4-4f8301adf2cf/resourceGroups/dtf-hub/providers/Microsoft.Network/virtualNetworks/dtf-hub-vnet/subnets/ACRSubnet",
            "timeouts": null
          },
          "sensitive_attributes": [],
          "private": "eyJlMmJmYjczMC1lY2FhLTExZTYtOGY4OC0zNDM2M2JjN2M0YzAiOnsiY3JlYXRlIjoxODAwMDAwMDAwMDAwLCJkZWxldGUiOjE4MDAwMDAwMDAwMDAsInJlYWQiOjMwMDAwMDAwMDAwMCwidXBkYXRlIjoxODAwMDAwMDAwMDAwfX0=",
          "dependencies": [
            "azurerm_resource_group.hub",
            "module.hub_log_analytics.azurerm_log_analytics_workspace.log_analytics",
            "module.hub_network_security_groups.azurerm_network_security_group.nsg",
            "module.hub_network_security_groups.azurerm_network_security_rule.rules",
            "module.hub_network_security_groups.module.nsg_diagnostics.azurerm_monitor_diagnostic_setting.diagnostics",
            "module.hub_network_security_groups.module.nsg_diagnostics.data.azurerm_monitor_diagnostic_categories.categories",
            "module.hub_route_tables.azurerm_route.routes",
            "module.hub_route_tables.azurerm_route_table.rt",
            "module.hub_virtual_network.azurerm_subnet.subnets",
            "module.hub_virtual_network.azurerm_virtual_network.vnet"
          ]
        }
      ]
    },
    {
      "module": "module.hub_virtual_network",
      "mode": "managed",
      "type": "azurerm_subnet_route_table_association",
      "name": "rt_association",
      "provider": "provider[\"registry.terraform.io/hashicorp/azurerm\"]",
      "instances": [
        {
          "index_key": "ACRSubnet",
          "schema_version": 0,
          "attributes": {
            "id": "/subscriptions/d94fe338-52d8-4a44-acd4-4f8301adf2cf/resourceGroups/dtf-hub/providers/Microsoft.Network/virtualNetworks/dtf-hub-vnet/subnets/ACRSubnet",
            "route_table_id": "/subscriptions/d94fe338-52d8-4a44-acd4-4f8301adf2cf/resourceGroups/dtf-hub/providers/Microsoft.Network/routeTables/hub-rt",
            "subnet_id": "/subscriptions/d94fe338-52d8-4a44-acd4-4f8301adf2cf/resourceGroups/dtf-hub/providers/Microsoft.Network/virtualNetworks/dtf-hub-vnet/subnets/ACRSubnet",
            "timeouts": null
          },
          "sensitive_attributes": [],
          "private": "eyJlMmJmYjczMC1lY2FhLTExZTYtOGY4OC0zNDM2M2JjN2M0YzAiOnsiY3JlYXRlIjoxODAwMDAwMDAwMDAwLCJkZWxldGUiOjE4MDAwMDAwMDAwMDAsInJlYWQiOjMwMDAwMDAwMDAwMCwidXBkYXRlIjoxODAwMDAwMDAwMDAwfX0=",
          "dependencies": [
            "azurerm_resource_group.hub",
            "module.hub_log_analytics.azurerm_log_analytics_workspace.log_analytics",
            "module.hub_network_security_groups.azurerm_network_security_group.nsg",
            "module.hub_network_security_groups.azurerm_network_security_rule.rules",
            "module.hub_network_security_groups.module.nsg_diagnostics.azurerm_monitor_diagnostic_setting.diagnostics",
            "module.hub_network_security_groups.module.nsg_diagnostics.data.azurerm_monitor_diagnostic_categories.categories",
            "module.hub_route_tables.azurerm_route.routes",
            "module.hub_route_tables.azurerm_route_table.rt",
            "module.hub_virtual_network.azurerm_subnet.subnets",
            "module.hub_virtual_network.azurerm_virtual_network.vnet"
          ]
        },
        {
          "index_key": "GatewaySubnet",
          "schema_version": 0,
          "attributes": {
            "id": "/subscriptions/d94fe338-52d8-4a44-acd4-4f8301adf2cf/resourceGroups/dtf-hub/providers/Microsoft.Network/virtualNetworks/dtf-hub-vnet/subnets/GatewaySubnet",
            "route_table_id": "/subscriptions/d94fe338-52d8-4a44-acd4-4f8301adf2cf/resourceGroups/dtf-hub/providers/Microsoft.Network/routeTables/hub-gateway-rt",
            "subnet_id": "/subscriptions/d94fe338-52d8-4a44-acd4-4f8301adf2cf/resourceGroups/dtf-hub/providers/Microsoft.Network/virtualNetworks/dtf-hub-vnet/subnets/GatewaySubnet",
            "timeouts": null
          },
          "sensitive_attributes": [],
          "private": "eyJlMmJmYjczMC1lY2FhLTExZTYtOGY4OC0zNDM2M2JjN2M0YzAiOnsiY3JlYXRlIjoxODAwMDAwMDAwMDAwLCJkZWxldGUiOjE4MDAwMDAwMDAwMDAsInJlYWQiOjMwMDAwMDAwMDAwMCwidXBkYXRlIjoxODAwMDAwMDAwMDAwfX0=",
          "dependencies": [
            "azurerm_resource_group.hub",
            "module.hub_log_analytics.azurerm_log_analytics_workspace.log_analytics",
            "module.hub_network_security_groups.azurerm_network_security_group.nsg",
            "module.hub_network_security_groups.azurerm_network_security_rule.rules",
            "module.hub_network_security_groups.module.nsg_diagnostics.azurerm_monitor_diagnostic_setting.diagnostics",
            "module.hub_network_security_groups.module.nsg_diagnostics.data.azurerm_monitor_diagnostic_categories.categories",
            "module.hub_route_tables.azurerm_route.routes",
            "module.hub_route_tables.azurerm_route_table.rt",
            "module.hub_virtual_network.azurerm_subnet.subnets",
            "module.hub_virtual_network.azurerm_virtual_network.vnet"
          ]
        }
      ]
    },
    {
      "module": "module.hub_virtual_network",
      "mode": "managed",
      "type": "azurerm_virtual_network",
      "name": "vnet",
      "provider": "provider[\"registry.terraform.io/hashicorp/azurerm\"]",
      "instances": [
        {
          "schema_version": 0,
          "attributes": {
            "address_space": [
              "10.0.0.0/16"
            ],
            "bgp_community": "",
            "ddos_protection_plan": [],
            "dns_servers": [],
            "edge_zone": "",
            "flow_timeout_in_minutes": 0,
            "guid": "b1923ce4-a333-4e80-8d32-ffe8e3819d7e",
            "id": "/subscriptions/d94fe338-52d8-4a44-acd4-4f8301adf2cf/resourceGroups/dtf-hub/providers/Microsoft.Network/virtualNetworks/dtf-hub-vnet",
            "location": "westeurope",
            "name": "dtf-hub-vnet",
            "resource_group_name": "dtf-hub",
            "subnet": [
              {
                "address_prefix": "10.0.0.0/24",
                "id": "/subscriptions/d94fe338-52d8-4a44-acd4-4f8301adf2cf/resourceGroups/dtf-hub/providers/Microsoft.Network/virtualNetworks/dtf-hub-vnet/subnets/GatewaySubnet",
                "name": "GatewaySubnet",
                "security_group": ""
              },
              {
                "address_prefix": "10.0.1.0/24",
                "id": "/subscriptions/d94fe338-52d8-4a44-acd4-4f8301adf2cf/resourceGroups/dtf-hub/providers/Microsoft.Network/virtualNetworks/dtf-hub-vnet/subnets/AzureFirewallSubnet",
                "name": "AzureFirewallSubnet",
                "security_group": ""
              },
              {
                "address_prefix": "10.0.2.0/24",
                "id": "/subscriptions/d94fe338-52d8-4a44-acd4-4f8301adf2cf/resourceGroups/dtf-hub/providers/Microsoft.Network/virtualNetworks/dtf-hub-vnet/subnets/AzureFirewallManagementSubnet",
                "name": "AzureFirewallManagementSubnet",
                "security_group": ""
              },
              {
                "address_prefix": "10.0.3.0/24",
                "id": "/subscriptions/d94fe338-52d8-4a44-acd4-4f8301adf2cf/resourceGroups/dtf-hub/providers/Microsoft.Network/virtualNetworks/dtf-hub-vnet/subnets/ACRSubnet",
                "name": "ACRSubnet",
                "security_group": "/subscriptions/d94fe338-52d8-4a44-acd4-4f8301adf2cf/resourceGroups/dtf-hub/providers/Microsoft.Network/networkSecurityGroups/hub-ACRSubnet-nsg"
              },
              {
                "address_prefix": "10.0.4.0/24",
                "id": "/subscriptions/d94fe338-52d8-4a44-acd4-4f8301adf2cf/resourceGroups/dtf-hub/providers/Microsoft.Network/virtualNetworks/dtf-hub-vnet/subnets/test",
                "name": "test",
                "security_group": "/subscriptions/d94fe338-52d8-4a44-acd4-4f8301adf2cf/resourceGroups/dtf-hub/providers/Microsoft.Network/networkSecurityGroups/hub-ACRSubnet-nsg"
              }
            ],
            "tags": {
              "CreationDateTime": "2023-07-20T07:36:19.9229639Z",
              "Environment": "Dev"
            },
            "timeouts": null
          },
          "sensitive_attributes": [],
          "private": "eyJlMmJmYjczMC1lY2FhLTExZTYtOGY4OC0zNDM2M2JjN2M0YzAiOnsiY3JlYXRlIjoxODAwMDAwMDAwMDAwLCJkZWxldGUiOjE4MDAwMDAwMDAwMDAsInJlYWQiOjMwMDAwMDAwMDAwMCwidXBkYXRlIjoxODAwMDAwMDAwMDAwfX0=",
          "dependencies": [
            "azurerm_resource_group.hub"
          ]
        }
      ]
    },
    {
      "module": "module.hub_vpn_gateway",
      "mode": "managed",
      "type": "azurerm_public_ip",
      "name": "vng_aa_pip",
      "provider": "provider[\"registry.terraform.io/hashicorp/azurerm\"]",
      "instances": [
        {
          "index_key": 0,
          "schema_version": 0,
          "attributes": {
            "allocation_method": "Dynamic",
            "ddos_protection_mode": "VirtualNetworkInherited",
            "ddos_protection_plan_id": null,
            "domain_name_label": null,
            "edge_zone": "",
            "fqdn": null,
            "id": "/subscriptions/d94fe338-52d8-4a44-acd4-4f8301adf2cf/resourceGroups/dtf-hub/providers/Microsoft.Network/publicIPAddresses/dtf-hub-vpn-aa-ip",
            "idle_timeout_in_minutes": 4,
            "ip_address": "20.224.82.127",
            "ip_tags": {},
            "ip_version": "IPv4",
            "location": "westeurope",
            "name": "dtf-hub-vpn-aa-ip",
            "public_ip_prefix_id": null,
            "resource_group_name": "dtf-hub",
            "reverse_fqdn": null,
            "sku": "Basic",
            "sku_tier": "Regional",
            "tags": {
              "CreationDateTime": "2023-07-27T09:29:58.8437746Z",
              "Environment": "Dev"
            },
            "timeouts": null,
            "zones": []
          },
          "sensitive_attributes": [],
          "private": "eyJlMmJmYjczMC1lY2FhLTExZTYtOGY4OC0zNDM2M2JjN2M0YzAiOnsiY3JlYXRlIjoxODAwMDAwMDAwMDAwLCJkZWxldGUiOjE4MDAwMDAwMDAwMDAsInJlYWQiOjMwMDAwMDAwMDAwMCwidXBkYXRlIjoxODAwMDAwMDAwMDAwfX0=",
          "dependencies": [
            "azurerm_resource_group.hub"
          ]
        }
      ]
    },
    {
      "module": "module.hub_vpn_gateway",
      "mode": "managed",
      "type": "azurerm_public_ip",
      "name": "vng_default_pip",
      "provider": "provider[\"registry.terraform.io/hashicorp/azurerm\"]",
      "instances": [
        {
          "schema_version": 0,
          "attributes": {
            "allocation_method": "Dynamic",
            "ddos_protection_mode": "VirtualNetworkInherited",
            "ddos_protection_plan_id": null,
            "domain_name_label": null,
            "edge_zone": "",
            "fqdn": null,
            "id": "/subscriptions/d94fe338-52d8-4a44-acd4-4f8301adf2cf/resourceGroups/dtf-hub/providers/Microsoft.Network/publicIPAddresses/dtf-hub-vpn-default-ip",
            "idle_timeout_in_minutes": 4,
            "ip_address": "20.224.82.111",
            "ip_tags": {},
            "ip_version": "IPv4",
            "location": "westeurope",
            "name": "dtf-hub-vpn-default-ip",
            "public_ip_prefix_id": null,
            "resource_group_name": "dtf-hub",
            "reverse_fqdn": null,
            "sku": "Basic",
            "sku_tier": "Regional",
            "tags": {
              "CreationDateTime": "2023-07-27T09:29:58.9023905Z",
              "Environment": "Dev"
            },
            "timeouts": null,
            "zones": []
          },
          "sensitive_attributes": [],
          "private": "eyJlMmJmYjczMC1lY2FhLTExZTYtOGY4OC0zNDM2M2JjN2M0YzAiOnsiY3JlYXRlIjoxODAwMDAwMDAwMDAwLCJkZWxldGUiOjE4MDAwMDAwMDAwMDAsInJlYWQiOjMwMDAwMDAwMDAwMCwidXBkYXRlIjoxODAwMDAwMDAwMDAwfX0=",
          "dependencies": [
            "azurerm_resource_group.hub"
          ]
        }
      ]
    },
    {
      "module": "module.hub_vpn_gateway",
      "mode": "managed",
      "type": "azurerm_virtual_network_gateway",
      "name": "vng",
      "provider": "provider[\"registry.terraform.io/hashicorp/azurerm\"]",
      "instances": [
        {
          "schema_version": 0,
          "attributes": {
            "active_active": true,
            "bgp_settings": [
              {
                "asn": 65515,
                "peer_weight": 0,
                "peering_addresses": [
                  {
                    "apipa_addresses": [],
                    "default_addresses": [
                      "10.0.0.4"
                    ],
                    "ip_configuration_name": "default",
                    "tunnel_ip_addresses": [
                      "20.224.82.111"
                    ]
                  },
                  {
                    "apipa_addresses": [],
                    "default_addresses": [
                      "10.0.0.5"
                    ],
                    "ip_configuration_name": "active-active",
                    "tunnel_ip_addresses": [
                      "20.224.82.127"
                    ]
                  }
                ]
              }
            ],
            "custom_route": [],
            "default_local_network_gateway_id": null,
            "edge_zone": "",
            "enable_bgp": false,
            "generation": "Generation1",
            "id": "/subscriptions/d94fe338-52d8-4a44-acd4-4f8301adf2cf/resourceGroups/dtf-hub/providers/Microsoft.Network/virtualNetworkGateways/dtf-hub-vpn",
            "ip_configuration": [
              {
                "name": "default",
                "private_ip_address_allocation": "Dynamic",
                "public_ip_address_id": "/subscriptions/d94fe338-52d8-4a44-acd4-4f8301adf2cf/resourceGroups/dtf-hub/providers/Microsoft.Network/publicIPAddresses/dtf-hub-vpn-default-ip",
                "subnet_id": "/subscriptions/d94fe338-52d8-4a44-acd4-4f8301adf2cf/resourceGroups/dtf-hub/providers/Microsoft.Network/virtualNetworks/dtf-hub-vnet/subnets/GatewaySubnet"
              },
              {
                "name": "active-active",
                "private_ip_address_allocation": "Dynamic",
                "public_ip_address_id": "/subscriptions/d94fe338-52d8-4a44-acd4-4f8301adf2cf/resourceGroups/dtf-hub/providers/Microsoft.Network/publicIPAddresses/dtf-hub-vpn-aa-ip",
                "subnet_id": "/subscriptions/d94fe338-52d8-4a44-acd4-4f8301adf2cf/resourceGroups/dtf-hub/providers/Microsoft.Network/virtualNetworks/dtf-hub-vnet/subnets/GatewaySubnet"
              }
            ],
            "location": "westeurope",
            "name": "dtf-hub-vpn",
            "private_ip_address_enabled": false,
            "resource_group_name": "dtf-hub",
            "sku": "VpnGw1",
            "tags": {
              "CreationDateTime": "2023-07-27T09:30:07.6244939Z",
              "Environment": "Dev"
            },
            "timeouts": null,
            "type": "Vpn",
            "vpn_client_configuration": [
              {
                "aad_audience": "41b23e61-6c1e-4545-b367-cd054e0ed4b4",
                "aad_issuer": "https://sts.windows.net/c9ad96a7-2bac-49a7-abf6-8e932f60bf2b/",
                "aad_tenant": "https://login.microsoftonline.com/c9ad96a7-2bac-49a7-abf6-8e932f60bf2b/",
                "address_space": [
                  "172.0.0.0/16"
                ],
                "radius_server_address": "",
                "radius_server_secret": "",
                "revoked_certificate": [],
                "root_certificate": [],
                "vpn_auth_types": [
                  "AAD"
                ],
                "vpn_client_protocols": [
                  "OpenVPN"
                ]
              }
            ],
            "vpn_type": "RouteBased"
          },
          "sensitive_attributes": [
            [
              {
                "type": "get_attr",
                "value": "vpn_client_configuration"
              },
              {
                "type": "index",
                "value": {
                  "value": 0,
                  "type": "number"
                }
              },
              {
                "type": "get_attr",
                "value": "aad_issuer"
              }
            ],
            [
              {
                "type": "get_attr",
                "value": "vpn_client_configuration"
              },
              {
                "type": "index",
                "value": {
                  "value": 0,
                  "type": "number"
                }
              },
              {
                "type": "get_attr",
                "value": "radius_server_secret"
              }
            ],
            [
              {
                "type": "get_attr",
                "value": "vpn_client_configuration"
              },
              {
                "type": "index",
                "value": {
                  "value": 0,
                  "type": "number"
                }
              },
              {
                "type": "get_attr",
                "value": "aad_tenant"
              }
            ]
          ],
          "private": "eyJlMmJmYjczMC1lY2FhLTExZTYtOGY4OC0zNDM2M2JjN2M0YzAiOnsiY3JlYXRlIjozNjAwMDAwMDAwMDAwLCJkZWxldGUiOjM2MDAwMDAwMDAwMDAsInJlYWQiOjMwMDAwMDAwMDAwMCwidXBkYXRlIjozNjAwMDAwMDAwMDAwfX0=",
          "dependencies": [
            "azurerm_resource_group.hub",
            "module.hub_log_analytics.azurerm_log_analytics_workspace.log_analytics",
            "module.hub_network_security_groups.azurerm_network_security_group.nsg",
            "module.hub_network_security_groups.azurerm_network_security_rule.rules",
            "module.hub_network_security_groups.module.nsg_diagnostics.azurerm_monitor_diagnostic_setting.diagnostics",
            "module.hub_network_security_groups.module.nsg_diagnostics.data.azurerm_monitor_diagnostic_categories.categories",
            "module.hub_route_tables.azurerm_route.routes",
            "module.hub_route_tables.azurerm_route_table.rt",
            "module.hub_virtual_network.azurerm_subnet.subnets",
            "module.hub_virtual_network.azurerm_virtual_network.vnet",
            "module.hub_vpn_gateway.azurerm_public_ip.vng_aa_pip",
            "module.hub_vpn_gateway.azurerm_public_ip.vng_default_pip"
          ]
        }
      ]
    },
    {
      "module": "module.hub_vpn_gateway.module.aa_pip_diagnostics[0]",
      "mode": "data",
      "type": "azurerm_monitor_diagnostic_categories",
      "name": "categories",
      "provider": "provider[\"registry.terraform.io/hashicorp/azurerm\"]",
      "instances": [
        {
          "schema_version": 0,
          "attributes": {
            "id": "/subscriptions/d94fe338-52d8-4a44-acd4-4f8301adf2cf/resourceGroups/dtf-hub/providers/Microsoft.Network/publicIPAddresses/dtf-hub-vpn-aa-ip",
            "log_category_groups": [
              "allLogs",
              "audit"
            ],
            "log_category_types": [
              "DDoSMitigationFlowLogs",
              "DDoSMitigationReports",
              "DDoSProtectionNotifications"
            ],
            "logs": [
              "DDoSMitigationFlowLogs",
              "DDoSMitigationReports",
              "DDoSProtectionNotifications"
            ],
            "metrics": [
              "AllMetrics"
            ],
            "resource_id": "/subscriptions/d94fe338-52d8-4a44-acd4-4f8301adf2cf/resourceGroups/dtf-hub/providers/Microsoft.Network/publicIPAddresses/dtf-hub-vpn-aa-ip",
            "timeouts": null
          },
          "sensitive_attributes": []
        }
      ]
    },
    {
      "module": "module.hub_vpn_gateway.module.aa_pip_diagnostics[0]",
      "mode": "managed",
      "type": "azurerm_monitor_diagnostic_setting",
      "name": "diagnostics",
      "provider": "provider[\"registry.terraform.io/hashicorp/azurerm\"]",
      "instances": [
        {
          "schema_version": 0,
          "attributes": {
            "enabled_log": [
              {
                "category": "DDoSMitigationFlowLogs",
                "category_group": "",
                "retention_policy": [
                  {
                    "days": 0,
                    "enabled": false
                  }
                ]
              },
              {
                "category": "DDoSMitigationReports",
                "category_group": "",
                "retention_policy": [
                  {
                    "days": 0,
                    "enabled": false
                  }
                ]
              },
              {
                "category": "DDoSProtectionNotifications",
                "category_group": "",
                "retention_policy": [
                  {
                    "days": 0,
                    "enabled": false
                  }
                ]
              }
            ],
            "eventhub_authorization_rule_id": "",
            "eventhub_name": "",
            "id": "/subscriptions/d94fe338-52d8-4a44-acd4-4f8301adf2cf/resourceGroups/dtf-hub/providers/Microsoft.Network/publicIPAddresses/dtf-hub-vpn-aa-ip|aa-pip-diagnostics",
            "log": [
              {
                "category": "DDoSMitigationFlowLogs",
                "category_group": "",
                "enabled": true,
                "retention_policy": [
                  {
                    "days": 0,
                    "enabled": false
                  }
                ]
              },
              {
                "category": "DDoSMitigationReports",
                "category_group": "",
                "enabled": true,
                "retention_policy": [
                  {
                    "days": 0,
                    "enabled": false
                  }
                ]
              },
              {
                "category": "DDoSProtectionNotifications",
                "category_group": "",
                "enabled": true,
                "retention_policy": [
                  {
                    "days": 0,
                    "enabled": false
                  }
                ]
              }
            ],
            "log_analytics_destination_type": "",
            "log_analytics_workspace_id": "/subscriptions/d94fe338-52d8-4a44-acd4-4f8301adf2cf/resourceGroups/dtf-hub/providers/Microsoft.OperationalInsights/workspaces/dtf-hub-log-analytics-workspace",
            "metric": [
              {
                "category": "AllMetrics",
                "enabled": true,
                "retention_policy": [
                  {
                    "days": 0,
                    "enabled": false
                  }
                ]
              }
            ],
            "name": "aa-pip-diagnostics",
            "partner_solution_id": null,
            "storage_account_id": null,
            "target_resource_id": "/subscriptions/d94fe338-52d8-4a44-acd4-4f8301adf2cf/resourceGroups/dtf-hub/providers/Microsoft.Network/publicIPAddresses/dtf-hub-vpn-aa-ip",
            "timeouts": null
          },
          "sensitive_attributes": [],
          "private": "eyJlMmJmYjczMC1lY2FhLTExZTYtOGY4OC0zNDM2M2JjN2M0YzAiOnsiY3JlYXRlIjoxODAwMDAwMDAwMDAwLCJkZWxldGUiOjM2MDAwMDAwMDAwMDAsInJlYWQiOjMwMDAwMDAwMDAwMCwidXBkYXRlIjoxODAwMDAwMDAwMDAwfX0=",
          "dependencies": [
            "azurerm_resource_group.hub",
            "module.hub_log_analytics.azurerm_log_analytics_workspace.log_analytics",
            "module.hub_vpn_gateway.azurerm_public_ip.vng_aa_pip",
            "module.hub_vpn_gateway.module.aa_pip_diagnostics.data.azurerm_monitor_diagnostic_categories.categories"
          ]
        }
      ]
    },
    {
      "module": "module.hub_vpn_gateway.module.default_pip_diagnostics[0]",
      "mode": "data",
      "type": "azurerm_monitor_diagnostic_categories",
      "name": "categories",
      "provider": "provider[\"registry.terraform.io/hashicorp/azurerm\"]",
      "instances": [
        {
          "schema_version": 0,
          "attributes": {
            "id": "/subscriptions/d94fe338-52d8-4a44-acd4-4f8301adf2cf/resourceGroups/dtf-hub/providers/Microsoft.Network/publicIPAddresses/dtf-hub-vpn-default-ip",
            "log_category_groups": [
              "allLogs",
              "audit"
            ],
            "log_category_types": [
              "DDoSMitigationFlowLogs",
              "DDoSMitigationReports",
              "DDoSProtectionNotifications"
            ],
            "logs": [
              "DDoSMitigationFlowLogs",
              "DDoSMitigationReports",
              "DDoSProtectionNotifications"
            ],
            "metrics": [
              "AllMetrics"
            ],
            "resource_id": "/subscriptions/d94fe338-52d8-4a44-acd4-4f8301adf2cf/resourceGroups/dtf-hub/providers/Microsoft.Network/publicIPAddresses/dtf-hub-vpn-default-ip",
            "timeouts": null
          },
          "sensitive_attributes": []
        }
      ]
    },
    {
      "module": "module.hub_vpn_gateway.module.default_pip_diagnostics[0]",
      "mode": "managed",
      "type": "azurerm_monitor_diagnostic_setting",
      "name": "diagnostics",
      "provider": "provider[\"registry.terraform.io/hashicorp/azurerm\"]",
      "instances": [
        {
          "schema_version": 0,
          "attributes": {
            "enabled_log": [
              {
                "category": "DDoSMitigationFlowLogs",
                "category_group": "",
                "retention_policy": [
                  {
                    "days": 0,
                    "enabled": false
                  }
                ]
              },
              {
                "category": "DDoSMitigationReports",
                "category_group": "",
                "retention_policy": [
                  {
                    "days": 0,
                    "enabled": false
                  }
                ]
              },
              {
                "category": "DDoSProtectionNotifications",
                "category_group": "",
                "retention_policy": [
                  {
                    "days": 0,
                    "enabled": false
                  }
                ]
              }
            ],
            "eventhub_authorization_rule_id": "",
            "eventhub_name": "",
            "id": "/subscriptions/d94fe338-52d8-4a44-acd4-4f8301adf2cf/resourceGroups/dtf-hub/providers/Microsoft.Network/publicIPAddresses/dtf-hub-vpn-default-ip|default-pip-diagnostics",
            "log": [
              {
                "category": "DDoSMitigationFlowLogs",
                "category_group": "",
                "enabled": true,
                "retention_policy": [
                  {
                    "days": 0,
                    "enabled": false
                  }
                ]
              },
              {
                "category": "DDoSMitigationReports",
                "category_group": "",
                "enabled": true,
                "retention_policy": [
                  {
                    "days": 0,
                    "enabled": false
                  }
                ]
              },
              {
                "category": "DDoSProtectionNotifications",
                "category_group": "",
                "enabled": true,
                "retention_policy": [
                  {
                    "days": 0,
                    "enabled": false
                  }
                ]
              }
            ],
            "log_analytics_destination_type": "",
            "log_analytics_workspace_id": "/subscriptions/d94fe338-52d8-4a44-acd4-4f8301adf2cf/resourceGroups/dtf-hub/providers/Microsoft.OperationalInsights/workspaces/dtf-hub-log-analytics-workspace",
            "metric": [
              {
                "category": "AllMetrics",
                "enabled": true,
                "retention_policy": [
                  {
                    "days": 0,
                    "enabled": false
                  }
                ]
              }
            ],
            "name": "default-pip-diagnostics",
            "partner_solution_id": null,
            "storage_account_id": null,
            "target_resource_id": "/subscriptions/d94fe338-52d8-4a44-acd4-4f8301adf2cf/resourceGroups/dtf-hub/providers/Microsoft.Network/publicIPAddresses/dtf-hub-vpn-default-ip",
            "timeouts": null
          },
          "sensitive_attributes": [],
          "private": "eyJlMmJmYjczMC1lY2FhLTExZTYtOGY4OC0zNDM2M2JjN2M0YzAiOnsiY3JlYXRlIjoxODAwMDAwMDAwMDAwLCJkZWxldGUiOjM2MDAwMDAwMDAwMDAsInJlYWQiOjMwMDAwMDAwMDAwMCwidXBkYXRlIjoxODAwMDAwMDAwMDAwfX0=",
          "dependencies": [
            "azurerm_resource_group.hub",
            "module.hub_log_analytics.azurerm_log_analytics_workspace.log_analytics",
            "module.hub_vpn_gateway.azurerm_public_ip.vng_default_pip",
            "module.hub_vpn_gateway.module.default_pip_diagnostics.data.azurerm_monitor_diagnostic_categories.categories"
          ]
        }
      ]
    },
    {
      "module": "module.hub_vpn_gateway.module.vng_diagnostics[0]",
      "mode": "data",
      "type": "azurerm_monitor_diagnostic_categories",
      "name": "categories",
      "provider": "provider[\"registry.terraform.io/hashicorp/azurerm\"]",
      "instances": [
        {
          "schema_version": 0,
          "attributes": {
            "id": "/subscriptions/d94fe338-52d8-4a44-acd4-4f8301adf2cf/resourceGroups/dtf-hub/providers/Microsoft.Network/virtualNetworkGateways/dtf-hub-vpn",
            "log_category_groups": [
              "Audit",
              "allLogs"
            ],
            "log_category_types": [
              "GatewayDiagnosticLog",
              "IKEDiagnosticLog",
              "P2SDiagnosticLog",
              "RouteDiagnosticLog",
              "TunnelDiagnosticLog"
            ],
            "logs": [
              "GatewayDiagnosticLog",
              "IKEDiagnosticLog",
              "P2SDiagnosticLog",
              "RouteDiagnosticLog",
              "TunnelDiagnosticLog"
            ],
            "metrics": [
              "AllMetrics"
            ],
            "resource_id": "/subscriptions/d94fe338-52d8-4a44-acd4-4f8301adf2cf/resourceGroups/dtf-hub/providers/Microsoft.Network/virtualNetworkGateways/dtf-hub-vpn",
            "timeouts": null
          },
          "sensitive_attributes": []
        }
      ]
    },
    {
      "module": "module.hub_vpn_gateway.module.vng_diagnostics[0]",
      "mode": "managed",
      "type": "azurerm_monitor_diagnostic_setting",
      "name": "diagnostics",
      "provider": "provider[\"registry.terraform.io/hashicorp/azurerm\"]",
      "instances": [
        {
          "schema_version": 0,
          "attributes": {
            "enabled_log": [
              {
                "category": "GatewayDiagnosticLog",
                "category_group": "",
                "retention_policy": [
                  {
                    "days": 0,
                    "enabled": false
                  }
                ]
              },
              {
                "category": "IKEDiagnosticLog",
                "category_group": "",
                "retention_policy": [
                  {
                    "days": 0,
                    "enabled": false
                  }
                ]
              },
              {
                "category": "P2SDiagnosticLog",
                "category_group": "",
                "retention_policy": [
                  {
                    "days": 0,
                    "enabled": false
                  }
                ]
              },
              {
                "category": "RouteDiagnosticLog",
                "category_group": "",
                "retention_policy": [
                  {
                    "days": 0,
                    "enabled": false
                  }
                ]
              },
              {
                "category": "TunnelDiagnosticLog",
                "category_group": "",
                "retention_policy": [
                  {
                    "days": 0,
                    "enabled": false
                  }
                ]
              }
            ],
            "eventhub_authorization_rule_id": "",
            "eventhub_name": "",
            "id": "/subscriptions/d94fe338-52d8-4a44-acd4-4f8301adf2cf/resourceGroups/dtf-hub/providers/Microsoft.Network/virtualNetworkGateways/dtf-hub-vpn|vng-diagnostics",
            "log": [
              {
                "category": "GatewayDiagnosticLog",
                "category_group": "",
                "enabled": true,
                "retention_policy": [
                  {
                    "days": 0,
                    "enabled": false
                  }
                ]
              },
              {
                "category": "IKEDiagnosticLog",
                "category_group": "",
                "enabled": true,
                "retention_policy": [
                  {
                    "days": 0,
                    "enabled": false
                  }
                ]
              },
              {
                "category": "P2SDiagnosticLog",
                "category_group": "",
                "enabled": true,
                "retention_policy": [
                  {
                    "days": 0,
                    "enabled": false
                  }
                ]
              },
              {
                "category": "RouteDiagnosticLog",
                "category_group": "",
                "enabled": true,
                "retention_policy": [
                  {
                    "days": 0,
                    "enabled": false
                  }
                ]
              },
              {
                "category": "TunnelDiagnosticLog",
                "category_group": "",
                "enabled": true,
                "retention_policy": [
                  {
                    "days": 0,
                    "enabled": false
                  }
                ]
              }
            ],
            "log_analytics_destination_type": "",
            "log_analytics_workspace_id": "/subscriptions/d94fe338-52d8-4a44-acd4-4f8301adf2cf/resourceGroups/dtf-hub/providers/Microsoft.OperationalInsights/workspaces/dtf-hub-log-analytics-workspace",
            "metric": [
              {
                "category": "AllMetrics",
                "enabled": true,
                "retention_policy": [
                  {
                    "days": 0,
                    "enabled": false
                  }
                ]
              }
            ],
            "name": "vng-diagnostics",
            "partner_solution_id": null,
            "storage_account_id": null,
            "target_resource_id": "/subscriptions/d94fe338-52d8-4a44-acd4-4f8301adf2cf/resourceGroups/dtf-hub/providers/Microsoft.Network/virtualNetworkGateways/dtf-hub-vpn",
            "timeouts": null
          },
          "sensitive_attributes": [],
          "private": "eyJlMmJmYjczMC1lY2FhLTExZTYtOGY4OC0zNDM2M2JjN2M0YzAiOnsiY3JlYXRlIjoxODAwMDAwMDAwMDAwLCJkZWxldGUiOjM2MDAwMDAwMDAwMDAsInJlYWQiOjMwMDAwMDAwMDAwMCwidXBkYXRlIjoxODAwMDAwMDAwMDAwfX0=",
          "dependencies": [
            "azurerm_resource_group.hub",
            "module.hub_log_analytics.azurerm_log_analytics_workspace.log_analytics",
            "module.hub_network_security_groups.azurerm_network_security_group.nsg",
            "module.hub_network_security_groups.azurerm_network_security_rule.rules",
            "module.hub_network_security_groups.module.nsg_diagnostics.azurerm_monitor_diagnostic_setting.diagnostics",
            "module.hub_network_security_groups.module.nsg_diagnostics.data.azurerm_monitor_diagnostic_categories.categories",
            "module.hub_route_tables.azurerm_route.routes",
            "module.hub_route_tables.azurerm_route_table.rt",
            "module.hub_virtual_network.azurerm_subnet.subnets",
            "module.hub_virtual_network.azurerm_virtual_network.vnet",
            "module.hub_vpn_gateway.azurerm_public_ip.vng_aa_pip",
            "module.hub_vpn_gateway.azurerm_public_ip.vng_default_pip",
            "module.hub_vpn_gateway.azurerm_virtual_network_gateway.vng",
            "module.hub_vpn_gateway.module.vng_diagnostics.data.azurerm_monitor_diagnostic_categories.categories"
          ]
        }
      ]
    },
    {
      "module": "module.monitor_network_security_groups[\"monitor-MonitorSubnet-nsg\"]",
      "mode": "managed",
      "type": "azurerm_network_security_group",
      "name": "nsg",
      "provider": "provider[\"registry.terraform.io/hashicorp/azurerm\"]",
      "instances": [
        {
          "schema_version": 0,
          "attributes": {
            "id": "/subscriptions/d94fe338-52d8-4a44-acd4-4f8301adf2cf/resourceGroups/dtf-monitor-spoke/providers/Microsoft.Network/networkSecurityGroups/monitor-MonitorSubnet-nsg",
            "location": "westeurope",
            "name": "monitor-MonitorSubnet-nsg",
            "resource_group_name": "dtf-monitor-spoke",
            "security_rule": [],
            "tags": {
              "CreationDateTime": "2023-07-20T07:36:25.3563454Z",
              "Environment": "Dev"
            },
            "timeouts": null
          },
          "sensitive_attributes": [],
          "private": "eyJlMmJmYjczMC1lY2FhLTExZTYtOGY4OC0zNDM2M2JjN2M0YzAiOnsiY3JlYXRlIjoxODAwMDAwMDAwMDAwLCJkZWxldGUiOjE4MDAwMDAwMDAwMDAsInJlYWQiOjMwMDAwMDAwMDAwMCwidXBkYXRlIjoxODAwMDAwMDAwMDAwfX0=",
          "dependencies": [
            "azurerm_resource_group.monitor"
          ]
        }
      ]
    },
    {
      "module": "module.monitor_network_security_groups[\"monitor-MonitorSubnet-nsg\"].module.nsg_diagnostics[0]",
      "mode": "data",
      "type": "azurerm_monitor_diagnostic_categories",
      "name": "categories",
      "provider": "provider[\"registry.terraform.io/hashicorp/azurerm\"]",
      "instances": [
        {
          "schema_version": 0,
          "attributes": {
            "id": "/subscriptions/d94fe338-52d8-4a44-acd4-4f8301adf2cf/resourceGroups/dtf-monitor-spoke/providers/Microsoft.Network/networkSecurityGroups/monitor-MonitorSubnet-nsg",
            "log_category_groups": [
              "allLogs"
            ],
            "log_category_types": [
              "NetworkSecurityGroupEvent",
              "NetworkSecurityGroupRuleCounter"
            ],
            "logs": [
              "NetworkSecurityGroupEvent",
              "NetworkSecurityGroupRuleCounter"
            ],
            "metrics": [],
            "resource_id": "/subscriptions/d94fe338-52d8-4a44-acd4-4f8301adf2cf/resourceGroups/dtf-monitor-spoke/providers/Microsoft.Network/networkSecurityGroups/monitor-MonitorSubnet-nsg",
            "timeouts": null
          },
          "sensitive_attributes": []
        }
      ]
    },
    {
      "module": "module.monitor_network_security_groups[\"monitor-MonitorSubnet-nsg\"].module.nsg_diagnostics[0]",
      "mode": "managed",
      "type": "azurerm_monitor_diagnostic_setting",
      "name": "diagnostics",
      "provider": "provider[\"registry.terraform.io/hashicorp/azurerm\"]",
      "instances": [
        {
          "schema_version": 0,
          "attributes": {
            "enabled_log": [
              {
                "category": "NetworkSecurityGroupEvent",
                "category_group": "",
                "retention_policy": [
                  {
                    "days": 0,
                    "enabled": false
                  }
                ]
              },
              {
                "category": "NetworkSecurityGroupRuleCounter",
                "category_group": "",
                "retention_policy": [
                  {
                    "days": 0,
                    "enabled": false
                  }
                ]
              }
            ],
            "eventhub_authorization_rule_id": "",
            "eventhub_name": "",
            "id": "/subscriptions/d94fe338-52d8-4a44-acd4-4f8301adf2cf/resourceGroups/dtf-monitor-spoke/providers/Microsoft.Network/networkSecurityGroups/monitor-MonitorSubnet-nsg|network-security-group-diagnostics",
            "log": [
              {
                "category": "NetworkSecurityGroupEvent",
                "category_group": "",
                "enabled": true,
                "retention_policy": [
                  {
                    "days": 0,
                    "enabled": false
                  }
                ]
              },
              {
                "category": "NetworkSecurityGroupRuleCounter",
                "category_group": "",
                "enabled": true,
                "retention_policy": [
                  {
                    "days": 0,
                    "enabled": false
                  }
                ]
              }
            ],
            "log_analytics_destination_type": "",
            "log_analytics_workspace_id": "/subscriptions/d94fe338-52d8-4a44-acd4-4f8301adf2cf/resourceGroups/dtf-hub/providers/Microsoft.OperationalInsights/workspaces/dtf-hub-log-analytics-workspace",
            "metric": [],
            "name": "network-security-group-diagnostics",
            "partner_solution_id": null,
            "storage_account_id": null,
            "target_resource_id": "/subscriptions/d94fe338-52d8-4a44-acd4-4f8301adf2cf/resourceGroups/dtf-monitor-spoke/providers/Microsoft.Network/networkSecurityGroups/monitor-MonitorSubnet-nsg",
            "timeouts": null
          },
          "sensitive_attributes": [],
          "private": "eyJlMmJmYjczMC1lY2FhLTExZTYtOGY4OC0zNDM2M2JjN2M0YzAiOnsiY3JlYXRlIjoxODAwMDAwMDAwMDAwLCJkZWxldGUiOjM2MDAwMDAwMDAwMDAsInJlYWQiOjMwMDAwMDAwMDAwMCwidXBkYXRlIjoxODAwMDAwMDAwMDAwfX0=",
          "dependencies": [
            "azurerm_resource_group.hub",
            "azurerm_resource_group.monitor",
            "module.hub_log_analytics.azurerm_log_analytics_workspace.log_analytics",
            "module.monitor_network_security_groups.azurerm_network_security_group.nsg",
            "module.monitor_network_security_groups.module.nsg_diagnostics.data.azurerm_monitor_diagnostic_categories.categories"
          ]
        }
      ]
    },
    {
      "module": "module.monitor_network_security_groups[\"monitor-ResolverSubnet-nsg\"]",
      "mode": "managed",
      "type": "azurerm_network_security_group",
      "name": "nsg",
      "provider": "provider[\"registry.terraform.io/hashicorp/azurerm\"]",
      "instances": [
        {
          "schema_version": 0,
          "attributes": {
            "id": "/subscriptions/d94fe338-52d8-4a44-acd4-4f8301adf2cf/resourceGroups/dtf-monitor-spoke/providers/Microsoft.Network/networkSecurityGroups/monitor-ResolverSubnet-nsg",
            "location": "westeurope",
            "name": "monitor-ResolverSubnet-nsg",
            "resource_group_name": "dtf-monitor-spoke",
            "security_rule": [],
            "tags": {
              "CreationDateTime": "2023-07-25T16:30:56.6724271Z",
              "Environment": "Dev"
            },
            "timeouts": null
          },
          "sensitive_attributes": [],
          "private": "eyJlMmJmYjczMC1lY2FhLTExZTYtOGY4OC0zNDM2M2JjN2M0YzAiOnsiY3JlYXRlIjoxODAwMDAwMDAwMDAwLCJkZWxldGUiOjE4MDAwMDAwMDAwMDAsInJlYWQiOjMwMDAwMDAwMDAwMCwidXBkYXRlIjoxODAwMDAwMDAwMDAwfX0=",
          "dependencies": [
            "azurerm_resource_group.monitor"
          ]
        }
      ]
    },
    {
      "module": "module.monitor_network_security_groups[\"monitor-ResolverSubnet-nsg\"].module.nsg_diagnostics[0]",
      "mode": "data",
      "type": "azurerm_monitor_diagnostic_categories",
      "name": "categories",
      "provider": "provider[\"registry.terraform.io/hashicorp/azurerm\"]",
      "instances": [
        {
          "schema_version": 0,
          "attributes": {
            "id": "/subscriptions/d94fe338-52d8-4a44-acd4-4f8301adf2cf/resourceGroups/dtf-monitor-spoke/providers/Microsoft.Network/networkSecurityGroups/monitor-ResolverSubnet-nsg",
            "log_category_groups": [
              "allLogs"
            ],
            "log_category_types": [
              "NetworkSecurityGroupEvent",
              "NetworkSecurityGroupRuleCounter"
            ],
            "logs": [
              "NetworkSecurityGroupEvent",
              "NetworkSecurityGroupRuleCounter"
            ],
            "metrics": [],
            "resource_id": "/subscriptions/d94fe338-52d8-4a44-acd4-4f8301adf2cf/resourceGroups/dtf-monitor-spoke/providers/Microsoft.Network/networkSecurityGroups/monitor-ResolverSubnet-nsg",
            "timeouts": null
          },
          "sensitive_attributes": []
        }
      ]
    },
    {
      "module": "module.monitor_network_security_groups[\"monitor-ResolverSubnet-nsg\"].module.nsg_diagnostics[0]",
      "mode": "managed",
      "type": "azurerm_monitor_diagnostic_setting",
      "name": "diagnostics",
      "provider": "provider[\"registry.terraform.io/hashicorp/azurerm\"]",
      "instances": [
        {
          "schema_version": 0,
          "attributes": {
            "enabled_log": [
              {
                "category": "NetworkSecurityGroupEvent",
                "category_group": "",
                "retention_policy": [
                  {
                    "days": 0,
                    "enabled": false
                  }
                ]
              },
              {
                "category": "NetworkSecurityGroupRuleCounter",
                "category_group": "",
                "retention_policy": [
                  {
                    "days": 0,
                    "enabled": false
                  }
                ]
              }
            ],
            "eventhub_authorization_rule_id": "",
            "eventhub_name": "",
            "id": "/subscriptions/d94fe338-52d8-4a44-acd4-4f8301adf2cf/resourceGroups/dtf-monitor-spoke/providers/Microsoft.Network/networkSecurityGroups/monitor-ResolverSubnet-nsg|network-security-group-diagnostics",
            "log": [
              {
                "category": "NetworkSecurityGroupEvent",
                "category_group": "",
                "enabled": true,
                "retention_policy": [
                  {
                    "days": 0,
                    "enabled": false
                  }
                ]
              },
              {
                "category": "NetworkSecurityGroupRuleCounter",
                "category_group": "",
                "enabled": true,
                "retention_policy": [
                  {
                    "days": 0,
                    "enabled": false
                  }
                ]
              }
            ],
            "log_analytics_destination_type": "",
            "log_analytics_workspace_id": "/subscriptions/d94fe338-52d8-4a44-acd4-4f8301adf2cf/resourceGroups/dtf-hub/providers/Microsoft.OperationalInsights/workspaces/dtf-hub-log-analytics-workspace",
            "metric": [],
            "name": "network-security-group-diagnostics",
            "partner_solution_id": null,
            "storage_account_id": null,
            "target_resource_id": "/subscriptions/d94fe338-52d8-4a44-acd4-4f8301adf2cf/resourceGroups/dtf-monitor-spoke/providers/Microsoft.Network/networkSecurityGroups/monitor-ResolverSubnet-nsg",
            "timeouts": null
          },
          "sensitive_attributes": [],
          "private": "eyJlMmJmYjczMC1lY2FhLTExZTYtOGY4OC0zNDM2M2JjN2M0YzAiOnsiY3JlYXRlIjoxODAwMDAwMDAwMDAwLCJkZWxldGUiOjM2MDAwMDAwMDAwMDAsInJlYWQiOjMwMDAwMDAwMDAwMCwidXBkYXRlIjoxODAwMDAwMDAwMDAwfX0=",
          "dependencies": [
            "azurerm_resource_group.hub",
            "azurerm_resource_group.monitor",
            "module.hub_log_analytics.azurerm_log_analytics_workspace.log_analytics",
            "module.monitor_network_security_groups.azurerm_network_security_group.nsg",
            "module.monitor_network_security_groups.module.nsg_diagnostics.data.azurerm_monitor_diagnostic_categories.categories"
          ]
        }
      ]
    },
    {
      "module": "module.monitor_route_tables[\"monitor-rt\"]",
      "mode": "managed",
      "type": "azurerm_route",
      "name": "routes",
      "provider": "provider[\"registry.terraform.io/hashicorp/azurerm\"]",
      "instances": [
        {
          "index_key": "hub-vnet",
          "schema_version": 0,
          "attributes": {
            "address_prefix": "10.0.0.0/16",
            "id": "/subscriptions/d94fe338-52d8-4a44-acd4-4f8301adf2cf/resourceGroups/dtf-monitor-spoke/providers/Microsoft.Network/routeTables/monitor-rt/routes/hub-vnet",
            "name": "hub-vnet",
            "next_hop_in_ip_address": "10.0.1.4",
            "next_hop_type": "VirtualAppliance",
            "resource_group_name": "dtf-monitor-spoke",
            "route_table_name": "monitor-rt",
            "timeouts": null
          },
          "sensitive_attributes": [],
          "private": "eyJlMmJmYjczMC1lY2FhLTExZTYtOGY4OC0zNDM2M2JjN2M0YzAiOnsiY3JlYXRlIjoxODAwMDAwMDAwMDAwLCJkZWxldGUiOjE4MDAwMDAwMDAwMDAsInJlYWQiOjMwMDAwMDAwMDAwMCwidXBkYXRlIjoxODAwMDAwMDAwMDAwfX0=",
          "dependencies": [
            "azurerm_resource_group.monitor",
            "module.monitor_route_tables.azurerm_route_table.rt"
          ]
        },
        {
          "index_key": "outbound",
          "schema_version": 0,
          "attributes": {
            "address_prefix": "0.0.0.0/0",
            "id": "/subscriptions/d94fe338-52d8-4a44-acd4-4f8301adf2cf/resourceGroups/dtf-monitor-spoke/providers/Microsoft.Network/routeTables/monitor-rt/routes/outbound",
            "name": "outbound",
            "next_hop_in_ip_address": "10.0.1.4",
            "next_hop_type": "VirtualAppliance",
            "resource_group_name": "dtf-monitor-spoke",
            "route_table_name": "monitor-rt",
            "timeouts": null
          },
          "sensitive_attributes": [],
          "private": "eyJlMmJmYjczMC1lY2FhLTExZTYtOGY4OC0zNDM2M2JjN2M0YzAiOnsiY3JlYXRlIjoxODAwMDAwMDAwMDAwLCJkZWxldGUiOjE4MDAwMDAwMDAwMDAsInJlYWQiOjMwMDAwMDAwMDAwMCwidXBkYXRlIjoxODAwMDAwMDAwMDAwfX0=",
          "dependencies": [
            "azurerm_resource_group.monitor",
            "module.monitor_route_tables.azurerm_route_table.rt"
          ]
        },
        {
          "index_key": "vpn-address-pool-1",
          "schema_version": 0,
          "attributes": {
            "address_prefix": "172.0.0.0/17",
            "id": "/subscriptions/d94fe338-52d8-4a44-acd4-4f8301adf2cf/resourceGroups/dtf-monitor-spoke/providers/Microsoft.Network/routeTables/monitor-rt/routes/vpn-address-pool-1",
            "name": "vpn-address-pool-1",
            "next_hop_in_ip_address": "10.0.1.4",
            "next_hop_type": "VirtualAppliance",
            "resource_group_name": "dtf-monitor-spoke",
            "route_table_name": "monitor-rt",
            "timeouts": null
          },
          "sensitive_attributes": [],
          "private": "eyJlMmJmYjczMC1lY2FhLTExZTYtOGY4OC0zNDM2M2JjN2M0YzAiOnsiY3JlYXRlIjoxODAwMDAwMDAwMDAwLCJkZWxldGUiOjE4MDAwMDAwMDAwMDAsInJlYWQiOjMwMDAwMDAwMDAwMCwidXBkYXRlIjoxODAwMDAwMDAwMDAwfX0=",
          "dependencies": [
            "azurerm_resource_group.monitor",
            "module.monitor_route_tables.azurerm_route_table.rt"
          ]
        },
        {
          "index_key": "vpn-address-pool-2",
          "schema_version": 0,
          "attributes": {
            "address_prefix": "172.0.128.0/17",
            "id": "/subscriptions/d94fe338-52d8-4a44-acd4-4f8301adf2cf/resourceGroups/dtf-monitor-spoke/providers/Microsoft.Network/routeTables/monitor-rt/routes/vpn-address-pool-2",
            "name": "vpn-address-pool-2",
            "next_hop_in_ip_address": "10.0.1.4",
            "next_hop_type": "VirtualAppliance",
            "resource_group_name": "dtf-monitor-spoke",
            "route_table_name": "monitor-rt",
            "timeouts": null
          },
          "sensitive_attributes": [],
          "private": "eyJlMmJmYjczMC1lY2FhLTExZTYtOGY4OC0zNDM2M2JjN2M0YzAiOnsiY3JlYXRlIjoxODAwMDAwMDAwMDAwLCJkZWxldGUiOjE4MDAwMDAwMDAwMDAsInJlYWQiOjMwMDAwMDAwMDAwMCwidXBkYXRlIjoxODAwMDAwMDAwMDAwfX0=",
          "dependencies": [
            "azurerm_resource_group.monitor",
            "module.monitor_route_tables.azurerm_route_table.rt"
          ]
        },
        {
          "index_key": "work-vnet",
          "schema_version": 0,
          "attributes": {
            "address_prefix": "10.1.0.0/16",
            "id": "/subscriptions/d94fe338-52d8-4a44-acd4-4f8301adf2cf/resourceGroups/dtf-monitor-spoke/providers/Microsoft.Network/routeTables/monitor-rt/routes/work-vnet",
            "name": "work-vnet",
            "next_hop_in_ip_address": "10.0.1.4",
            "next_hop_type": "VirtualAppliance",
            "resource_group_name": "dtf-monitor-spoke",
            "route_table_name": "monitor-rt",
            "timeouts": null
          },
          "sensitive_attributes": [],
          "private": "eyJlMmJmYjczMC1lY2FhLTExZTYtOGY4OC0zNDM2M2JjN2M0YzAiOnsiY3JlYXRlIjoxODAwMDAwMDAwMDAwLCJkZWxldGUiOjE4MDAwMDAwMDAwMDAsInJlYWQiOjMwMDAwMDAwMDAwMCwidXBkYXRlIjoxODAwMDAwMDAwMDAwfX0=",
          "dependencies": [
            "azurerm_resource_group.monitor",
            "module.monitor_route_tables.azurerm_route_table.rt"
          ]
        }
      ]
    },
    {
      "module": "module.monitor_route_tables[\"monitor-rt\"]",
      "mode": "managed",
      "type": "azurerm_route_table",
      "name": "rt",
      "provider": "provider[\"registry.terraform.io/hashicorp/azurerm\"]",
      "instances": [
        {
          "schema_version": 0,
          "attributes": {
            "disable_bgp_route_propagation": false,
            "id": "/subscriptions/d94fe338-52d8-4a44-acd4-4f8301adf2cf/resourceGroups/dtf-monitor-spoke/providers/Microsoft.Network/routeTables/monitor-rt",
            "location": "westeurope",
            "name": "monitor-rt",
            "resource_group_name": "dtf-monitor-spoke",
            "route": [
              {
                "address_prefix": "0.0.0.0/0",
                "name": "outbound",
                "next_hop_in_ip_address": "10.0.1.4",
                "next_hop_type": "VirtualAppliance"
              },
              {
                "address_prefix": "10.0.0.0/16",
                "name": "hub-vnet",
                "next_hop_in_ip_address": "10.0.1.4",
                "next_hop_type": "VirtualAppliance"
              },
              {
                "address_prefix": "10.1.0.0/16",
                "name": "work-vnet",
                "next_hop_in_ip_address": "10.0.1.4",
                "next_hop_type": "VirtualAppliance"
              },
              {
                "address_prefix": "172.0.0.0/17",
                "name": "vpn-address-pool-1",
                "next_hop_in_ip_address": "10.0.1.4",
                "next_hop_type": "VirtualAppliance"
              },
              {
                "address_prefix": "172.0.128.0/17",
                "name": "vpn-address-pool-2",
                "next_hop_in_ip_address": "10.0.1.4",
                "next_hop_type": "VirtualAppliance"
              }
            ],
            "subnets": [
              "/subscriptions/d94fe338-52d8-4a44-acd4-4f8301adf2cf/resourceGroups/dtf-monitor-spoke/providers/Microsoft.Network/virtualNetworks/dtf-monitor-vnet/subnets/MonitorSubnet",
              "/subscriptions/d94fe338-52d8-4a44-acd4-4f8301adf2cf/resourceGroups/dtf-monitor-spoke/providers/Microsoft.Network/virtualNetworks/dtf-monitor-vnet/subnets/ResolverSubnet"
            ],
            "tags": {
              "CreationDateTime": "2023-07-20T07:36:26.0020746Z",
              "Environment": "Dev"
            },
            "timeouts": null
          },
          "sensitive_attributes": [],
          "private": "eyJlMmJmYjczMC1lY2FhLTExZTYtOGY4OC0zNDM2M2JjN2M0YzAiOnsiY3JlYXRlIjoxODAwMDAwMDAwMDAwLCJkZWxldGUiOjE4MDAwMDAwMDAwMDAsInJlYWQiOjMwMDAwMDAwMDAwMCwidXBkYXRlIjoxODAwMDAwMDAwMDAwfX0=",
          "dependencies": [
            "azurerm_resource_group.monitor"
          ]
        }
      ]
    },
    {
      "module": "module.monitor_virtual_network",
      "mode": "managed",
      "type": "azurerm_subnet",
      "name": "subnets",
      "provider": "provider[\"registry.terraform.io/hashicorp/azurerm\"]",
      "instances": [
        {
          "index_key": "MonitorSubnet",
          "schema_version": 0,
          "attributes": {
            "address_prefixes": [
              "10.2.0.0/24"
            ],
            "delegation": [],
            "enforce_private_link_endpoint_network_policies": false,
            "enforce_private_link_service_network_policies": false,
            "id": "/subscriptions/d94fe338-52d8-4a44-acd4-4f8301adf2cf/resourceGroups/dtf-monitor-spoke/providers/Microsoft.Network/virtualNetworks/dtf-monitor-vnet/subnets/MonitorSubnet",
            "name": "MonitorSubnet",
            "private_endpoint_network_policies_enabled": true,
            "private_link_service_network_policies_enabled": true,
            "resource_group_name": "dtf-monitor-spoke",
            "service_endpoint_policy_ids": [],
            "service_endpoints": [],
            "timeouts": null,
            "virtual_network_name": "dtf-monitor-vnet"
          },
          "sensitive_attributes": [],
          "private": "eyJlMmJmYjczMC1lY2FhLTExZTYtOGY4OC0zNDM2M2JjN2M0YzAiOnsiY3JlYXRlIjoxODAwMDAwMDAwMDAwLCJkZWxldGUiOjE4MDAwMDAwMDAwMDAsInJlYWQiOjMwMDAwMDAwMDAwMCwidXBkYXRlIjoxODAwMDAwMDAwMDAwfX0=",
          "dependencies": [
            "azurerm_resource_group.hub",
            "azurerm_resource_group.monitor",
            "module.hub_log_analytics.azurerm_log_analytics_workspace.log_analytics",
            "module.monitor_network_security_groups.azurerm_network_security_group.nsg",
            "module.monitor_network_security_groups.azurerm_network_security_rule.rules",
            "module.monitor_network_security_groups.module.nsg_diagnostics.azurerm_monitor_diagnostic_setting.diagnostics",
            "module.monitor_network_security_groups.module.nsg_diagnostics.data.azurerm_monitor_diagnostic_categories.categories",
            "module.monitor_route_tables.azurerm_route.routes",
            "module.monitor_route_tables.azurerm_route_table.rt",
            "module.monitor_virtual_network.azurerm_virtual_network.vnet"
          ]
        },
        {
          "index_key": "ResolverSubnet",
          "schema_version": 0,
          "attributes": {
            "address_prefixes": [
              "10.2.1.0/24"
            ],
            "delegation": [],
            "enforce_private_link_endpoint_network_policies": false,
            "enforce_private_link_service_network_policies": false,
            "id": "/subscriptions/d94fe338-52d8-4a44-acd4-4f8301adf2cf/resourceGroups/dtf-monitor-spoke/providers/Microsoft.Network/virtualNetworks/dtf-monitor-vnet/subnets/ResolverSubnet",
            "name": "ResolverSubnet",
            "private_endpoint_network_policies_enabled": true,
            "private_link_service_network_policies_enabled": true,
            "resource_group_name": "dtf-monitor-spoke",
            "service_endpoint_policy_ids": [],
            "service_endpoints": [],
            "timeouts": null,
            "virtual_network_name": "dtf-monitor-vnet"
          },
          "sensitive_attributes": [],
          "private": "eyJlMmJmYjczMC1lY2FhLTExZTYtOGY4OC0zNDM2M2JjN2M0YzAiOnsiY3JlYXRlIjoxODAwMDAwMDAwMDAwLCJkZWxldGUiOjE4MDAwMDAwMDAwMDAsInJlYWQiOjMwMDAwMDAwMDAwMCwidXBkYXRlIjoxODAwMDAwMDAwMDAwfX0=",
          "dependencies": [
            "azurerm_resource_group.hub",
            "azurerm_resource_group.monitor",
            "module.hub_log_analytics.azurerm_log_analytics_workspace.log_analytics",
            "module.monitor_network_security_groups.azurerm_network_security_group.nsg",
            "module.monitor_network_security_groups.azurerm_network_security_rule.rules",
            "module.monitor_network_security_groups.module.nsg_diagnostics.azurerm_monitor_diagnostic_setting.diagnostics",
            "module.monitor_network_security_groups.module.nsg_diagnostics.data.azurerm_monitor_diagnostic_categories.categories",
            "module.monitor_route_tables.azurerm_route.routes",
            "module.monitor_route_tables.azurerm_route_table.rt",
            "module.monitor_virtual_network.azurerm_virtual_network.vnet"
          ]
        }
      ]
    },
    {
      "module": "module.monitor_virtual_network",
      "mode": "managed",
      "type": "azurerm_subnet_network_security_group_association",
      "name": "nsg_association",
      "provider": "provider[\"registry.terraform.io/hashicorp/azurerm\"]",
      "instances": [
        {
          "index_key": "MonitorSubnet",
          "schema_version": 0,
          "attributes": {
            "id": "/subscriptions/d94fe338-52d8-4a44-acd4-4f8301adf2cf/resourceGroups/dtf-monitor-spoke/providers/Microsoft.Network/virtualNetworks/dtf-monitor-vnet/subnets/MonitorSubnet",
            "network_security_group_id": "/subscriptions/d94fe338-52d8-4a44-acd4-4f8301adf2cf/resourceGroups/dtf-monitor-spoke/providers/Microsoft.Network/networkSecurityGroups/monitor-MonitorSubnet-nsg",
            "subnet_id": "/subscriptions/d94fe338-52d8-4a44-acd4-4f8301adf2cf/resourceGroups/dtf-monitor-spoke/providers/Microsoft.Network/virtualNetworks/dtf-monitor-vnet/subnets/MonitorSubnet",
            "timeouts": null
          },
          "sensitive_attributes": [],
          "private": "eyJlMmJmYjczMC1lY2FhLTExZTYtOGY4OC0zNDM2M2JjN2M0YzAiOnsiY3JlYXRlIjoxODAwMDAwMDAwMDAwLCJkZWxldGUiOjE4MDAwMDAwMDAwMDAsInJlYWQiOjMwMDAwMDAwMDAwMCwidXBkYXRlIjoxODAwMDAwMDAwMDAwfX0=",
          "dependencies": [
            "azurerm_resource_group.hub",
            "azurerm_resource_group.monitor",
            "module.hub_log_analytics.azurerm_log_analytics_workspace.log_analytics",
            "module.monitor_network_security_groups.azurerm_network_security_group.nsg",
            "module.monitor_network_security_groups.azurerm_network_security_rule.rules",
            "module.monitor_network_security_groups.module.nsg_diagnostics.azurerm_monitor_diagnostic_setting.diagnostics",
            "module.monitor_network_security_groups.module.nsg_diagnostics.data.azurerm_monitor_diagnostic_categories.categories",
            "module.monitor_route_tables.azurerm_route.routes",
            "module.monitor_route_tables.azurerm_route_table.rt",
            "module.monitor_virtual_network.azurerm_subnet.subnets",
            "module.monitor_virtual_network.azurerm_virtual_network.vnet"
          ]
        },
        {
          "index_key": "ResolverSubnet",
          "schema_version": 0,
          "attributes": {
            "id": "/subscriptions/d94fe338-52d8-4a44-acd4-4f8301adf2cf/resourceGroups/dtf-monitor-spoke/providers/Microsoft.Network/virtualNetworks/dtf-monitor-vnet/subnets/ResolverSubnet",
            "network_security_group_id": "/subscriptions/d94fe338-52d8-4a44-acd4-4f8301adf2cf/resourceGroups/dtf-monitor-spoke/providers/Microsoft.Network/networkSecurityGroups/monitor-ResolverSubnet-nsg",
            "subnet_id": "/subscriptions/d94fe338-52d8-4a44-acd4-4f8301adf2cf/resourceGroups/dtf-monitor-spoke/providers/Microsoft.Network/virtualNetworks/dtf-monitor-vnet/subnets/ResolverSubnet",
            "timeouts": null
          },
          "sensitive_attributes": [],
          "private": "eyJlMmJmYjczMC1lY2FhLTExZTYtOGY4OC0zNDM2M2JjN2M0YzAiOnsiY3JlYXRlIjoxODAwMDAwMDAwMDAwLCJkZWxldGUiOjE4MDAwMDAwMDAwMDAsInJlYWQiOjMwMDAwMDAwMDAwMCwidXBkYXRlIjoxODAwMDAwMDAwMDAwfX0=",
          "dependencies": [
            "azurerm_resource_group.hub",
            "azurerm_resource_group.monitor",
            "module.hub_log_analytics.azurerm_log_analytics_workspace.log_analytics",
            "module.monitor_network_security_groups.azurerm_network_security_group.nsg",
            "module.monitor_network_security_groups.azurerm_network_security_rule.rules",
            "module.monitor_network_security_groups.module.nsg_diagnostics.azurerm_monitor_diagnostic_setting.diagnostics",
            "module.monitor_network_security_groups.module.nsg_diagnostics.data.azurerm_monitor_diagnostic_categories.categories",
            "module.monitor_route_tables.azurerm_route.routes",
            "module.monitor_route_tables.azurerm_route_table.rt",
            "module.monitor_virtual_network.azurerm_subnet.subnets",
            "module.monitor_virtual_network.azurerm_virtual_network.vnet"
          ]
        }
      ]
    },
    {
      "module": "module.monitor_virtual_network",
      "mode": "managed",
      "type": "azurerm_subnet_route_table_association",
      "name": "rt_association",
      "provider": "provider[\"registry.terraform.io/hashicorp/azurerm\"]",
      "instances": [
        {
          "index_key": "MonitorSubnet",
          "schema_version": 0,
          "attributes": {
            "id": "/subscriptions/d94fe338-52d8-4a44-acd4-4f8301adf2cf/resourceGroups/dtf-monitor-spoke/providers/Microsoft.Network/virtualNetworks/dtf-monitor-vnet/subnets/MonitorSubnet",
            "route_table_id": "/subscriptions/d94fe338-52d8-4a44-acd4-4f8301adf2cf/resourceGroups/dtf-monitor-spoke/providers/Microsoft.Network/routeTables/monitor-rt",
            "subnet_id": "/subscriptions/d94fe338-52d8-4a44-acd4-4f8301adf2cf/resourceGroups/dtf-monitor-spoke/providers/Microsoft.Network/virtualNetworks/dtf-monitor-vnet/subnets/MonitorSubnet",
            "timeouts": null
          },
          "sensitive_attributes": [],
          "private": "eyJlMmJmYjczMC1lY2FhLTExZTYtOGY4OC0zNDM2M2JjN2M0YzAiOnsiY3JlYXRlIjoxODAwMDAwMDAwMDAwLCJkZWxldGUiOjE4MDAwMDAwMDAwMDAsInJlYWQiOjMwMDAwMDAwMDAwMCwidXBkYXRlIjoxODAwMDAwMDAwMDAwfX0=",
          "dependencies": [
            "azurerm_resource_group.hub",
            "azurerm_resource_group.monitor",
            "module.hub_log_analytics.azurerm_log_analytics_workspace.log_analytics",
            "module.monitor_network_security_groups.azurerm_network_security_group.nsg",
            "module.monitor_network_security_groups.azurerm_network_security_rule.rules",
            "module.monitor_network_security_groups.module.nsg_diagnostics.azurerm_monitor_diagnostic_setting.diagnostics",
            "module.monitor_network_security_groups.module.nsg_diagnostics.data.azurerm_monitor_diagnostic_categories.categories",
            "module.monitor_route_tables.azurerm_route.routes",
            "module.monitor_route_tables.azurerm_route_table.rt",
            "module.monitor_virtual_network.azurerm_subnet.subnets",
            "module.monitor_virtual_network.azurerm_virtual_network.vnet"
          ]
        },
        {
          "index_key": "ResolverSubnet",
          "schema_version": 0,
          "attributes": {
            "id": "/subscriptions/d94fe338-52d8-4a44-acd4-4f8301adf2cf/resourceGroups/dtf-monitor-spoke/providers/Microsoft.Network/virtualNetworks/dtf-monitor-vnet/subnets/ResolverSubnet",
            "route_table_id": "/subscriptions/d94fe338-52d8-4a44-acd4-4f8301adf2cf/resourceGroups/dtf-monitor-spoke/providers/Microsoft.Network/routeTables/monitor-rt",
            "subnet_id": "/subscriptions/d94fe338-52d8-4a44-acd4-4f8301adf2cf/resourceGroups/dtf-monitor-spoke/providers/Microsoft.Network/virtualNetworks/dtf-monitor-vnet/subnets/ResolverSubnet",
            "timeouts": null
          },
          "sensitive_attributes": [],
          "private": "eyJlMmJmYjczMC1lY2FhLTExZTYtOGY4OC0zNDM2M2JjN2M0YzAiOnsiY3JlYXRlIjoxODAwMDAwMDAwMDAwLCJkZWxldGUiOjE4MDAwMDAwMDAwMDAsInJlYWQiOjMwMDAwMDAwMDAwMCwidXBkYXRlIjoxODAwMDAwMDAwMDAwfX0=",
          "dependencies": [
            "azurerm_resource_group.hub",
            "azurerm_resource_group.monitor",
            "module.hub_log_analytics.azurerm_log_analytics_workspace.log_analytics",
            "module.monitor_network_security_groups.azurerm_network_security_group.nsg",
            "module.monitor_network_security_groups.azurerm_network_security_rule.rules",
            "module.monitor_network_security_groups.module.nsg_diagnostics.azurerm_monitor_diagnostic_setting.diagnostics",
            "module.monitor_network_security_groups.module.nsg_diagnostics.data.azurerm_monitor_diagnostic_categories.categories",
            "module.monitor_route_tables.azurerm_route.routes",
            "module.monitor_route_tables.azurerm_route_table.rt",
            "module.monitor_virtual_network.azurerm_subnet.subnets",
            "module.monitor_virtual_network.azurerm_virtual_network.vnet"
          ]
        }
      ]
    },
    {
      "module": "module.monitor_virtual_network",
      "mode": "managed",
      "type": "azurerm_virtual_network",
      "name": "vnet",
      "provider": "provider[\"registry.terraform.io/hashicorp/azurerm\"]",
      "instances": [
        {
          "schema_version": 0,
          "attributes": {
            "address_space": [
              "10.2.0.0/16"
            ],
            "bgp_community": "",
            "ddos_protection_plan": [],
            "dns_servers": [],
            "edge_zone": "",
            "flow_timeout_in_minutes": 0,
            "guid": "21c2d64f-041b-4fe3-b261-5d9d8733c630",
            "id": "/subscriptions/d94fe338-52d8-4a44-acd4-4f8301adf2cf/resourceGroups/dtf-monitor-spoke/providers/Microsoft.Network/virtualNetworks/dtf-monitor-vnet",
            "location": "westeurope",
            "name": "dtf-monitor-vnet",
            "resource_group_name": "dtf-monitor-spoke",
            "subnet": [
              {
                "address_prefix": "10.2.0.0/24",
                "id": "/subscriptions/d94fe338-52d8-4a44-acd4-4f8301adf2cf/resourceGroups/dtf-monitor-spoke/providers/Microsoft.Network/virtualNetworks/dtf-monitor-vnet/subnets/MonitorSubnet",
                "name": "MonitorSubnet",
                "security_group": "/subscriptions/d94fe338-52d8-4a44-acd4-4f8301adf2cf/resourceGroups/dtf-monitor-spoke/providers/Microsoft.Network/networkSecurityGroups/monitor-MonitorSubnet-nsg"
              },
              {
                "address_prefix": "10.2.1.0/24",
                "id": "/subscriptions/d94fe338-52d8-4a44-acd4-4f8301adf2cf/resourceGroups/dtf-monitor-spoke/providers/Microsoft.Network/virtualNetworks/dtf-monitor-vnet/subnets/ResolverSubnet",
                "name": "ResolverSubnet",
                "security_group": "/subscriptions/d94fe338-52d8-4a44-acd4-4f8301adf2cf/resourceGroups/dtf-monitor-spoke/providers/Microsoft.Network/networkSecurityGroups/monitor-ResolverSubnet-nsg"
              }
            ],
            "tags": {
              "CreationDateTime": "2023-07-20T07:36:25.1810463Z",
              "Environment": "Dev"
            },
            "timeouts": null
          },
          "sensitive_attributes": [],
          "private": "eyJlMmJmYjczMC1lY2FhLTExZTYtOGY4OC0zNDM2M2JjN2M0YzAiOnsiY3JlYXRlIjoxODAwMDAwMDAwMDAwLCJkZWxldGUiOjE4MDAwMDAwMDAwMDAsInJlYWQiOjMwMDAwMDAwMDAwMCwidXBkYXRlIjoxODAwMDAwMDAwMDAwfX0=",
          "dependencies": [
            "azurerm_resource_group.monitor"
          ]
        }
      ]
    },
    {
      "module": "module.monitor_vm",
      "mode": "managed",
      "type": "azurerm_linux_virtual_machine",
      "name": "vms",
      "provider": "provider[\"registry.terraform.io/hashicorp/azurerm\"]",
      "instances": [
        {
          "index_key": 0,
          "schema_version": 0,
          "attributes": {
            "additional_capabilities": [],
            "admin_password": "Password123!",
            "admin_ssh_key": [],
            "admin_username": "daniel",
            "allow_extension_operations": true,
            "availability_set_id": "",
            "boot_diagnostics": [],
            "capacity_reservation_group_id": "",
            "computer_name": "dtf-monitor-vm",
            "custom_data": null,
            "dedicated_host_group_id": "",
            "dedicated_host_id": "",
            "disable_password_authentication": false,
            "edge_zone": "",
            "encryption_at_host_enabled": false,
            "eviction_policy": "",
            "extensions_time_budget": "PT1H30M",
            "gallery_application": [],
            "id": "/subscriptions/d94fe338-52d8-4a44-acd4-4f8301adf2cf/resourceGroups/dtf-monitor-spoke/providers/Microsoft.Compute/virtualMachines/dtf-monitor-vm",
            "identity": [
              {
                "identity_ids": [],
                "principal_id": "d5a2b03e-098a-466b-81ae-8d0c9ed4e20f",
                "tenant_id": "c9ad96a7-2bac-49a7-abf6-8e932f60bf2b",
                "type": "SystemAssigned"
              }
            ],
            "license_type": "",
            "location": "westeurope",
            "max_bid_price": -1,
            "name": "dtf-monitor-vm",
            "network_interface_ids": [
              "/subscriptions/d94fe338-52d8-4a44-acd4-4f8301adf2cf/resourceGroups/dtf-monitor-spoke/providers/Microsoft.Network/networkInterfaces/dtf-monitor-vm-nic"
            ],
            "os_disk": [
              {
                "caching": "ReadWrite",
                "diff_disk_settings": [],
                "disk_encryption_set_id": "",
                "disk_size_gb": 30,
                "name": "dtf-monitor-vm-os-disk",
                "secure_vm_disk_encryption_set_id": "",
                "security_encryption_type": "",
                "storage_account_type": "Standard_LRS",
                "write_accelerator_enabled": false
              }
            ],
            "patch_assessment_mode": "ImageDefault",
            "patch_mode": "ImageDefault",
            "plan": [],
            "platform_fault_domain": -1,
            "priority": "Regular",
            "private_ip_address": "10.2.0.4",
            "private_ip_addresses": [
              "10.2.0.4"
            ],
            "provision_vm_agent": true,
            "proximity_placement_group_id": "",
            "public_ip_address": "",
            "public_ip_addresses": [],
            "resource_group_name": "dtf-monitor-spoke",
            "secret": [],
            "secure_boot_enabled": false,
            "size": "Standard_B2s",
            "source_image_id": "",
            "source_image_reference": [
              {
                "offer": "0001-com-ubuntu-server-focal",
                "publisher": "Canonical",
                "sku": "20_04-lts",
                "version": "latest"
              }
            ],
            "tags": {
              "CreationDateTime": "2023-07-23T11:36:12.8114262Z",
              "Environment": "Dev"
            },
            "termination_notification": [],
            "timeouts": null,
            "user_data": "",
            "virtual_machine_id": "76445648-2738-4f1e-be18-709fb38d8c75",
            "virtual_machine_scale_set_id": "",
            "vtpm_enabled": false,
            "zone": ""
          },
          "sensitive_attributes": [
            [
              {
                "type": "get_attr",
                "value": "admin_password"
              }
            ]
          ],
          "private": "eyJlMmJmYjczMC1lY2FhLTExZTYtOGY4OC0zNDM2M2JjN2M0YzAiOnsiY3JlYXRlIjoyNzAwMDAwMDAwMDAwLCJkZWxldGUiOjI3MDAwMDAwMDAwMDAsInJlYWQiOjMwMDAwMDAwMDAwMCwidXBkYXRlIjoyNzAwMDAwMDAwMDAwfX0=",
          "dependencies": [
            "azurerm_resource_group.hub",
            "azurerm_resource_group.monitor",
            "module.hub_log_analytics.azurerm_log_analytics_workspace.log_analytics",
            "module.monitor_network_security_groups.azurerm_network_security_group.nsg",
            "module.monitor_network_security_groups.azurerm_network_security_rule.rules",
            "module.monitor_network_security_groups.module.nsg_diagnostics.azurerm_monitor_diagnostic_setting.diagnostics",
            "module.monitor_network_security_groups.module.nsg_diagnostics.data.azurerm_monitor_diagnostic_categories.categories",
            "module.monitor_route_tables.azurerm_route.routes",
            "module.monitor_route_tables.azurerm_route_table.rt",
            "module.monitor_virtual_network.azurerm_subnet.subnets",
            "module.monitor_virtual_network.azurerm_virtual_network.vnet",
            "module.monitor_vm.azurerm_network_interface.nics"
          ]
        }
      ]
    },
    {
      "module": "module.monitor_vm",
      "mode": "managed",
      "type": "azurerm_network_interface",
      "name": "nics",
      "provider": "provider[\"registry.terraform.io/hashicorp/azurerm\"]",
      "instances": [
        {
          "index_key": 0,
          "schema_version": 0,
          "attributes": {
            "applied_dns_servers": [],
            "dns_servers": [],
            "edge_zone": "",
            "enable_accelerated_networking": false,
            "enable_ip_forwarding": false,
            "id": "/subscriptions/d94fe338-52d8-4a44-acd4-4f8301adf2cf/resourceGroups/dtf-monitor-spoke/providers/Microsoft.Network/networkInterfaces/dtf-monitor-vm-nic",
            "internal_dns_name_label": "",
            "internal_domain_name_suffix": "j5lmeii1atru5mtblwoyom4gga.ax.internal.cloudapp.net",
            "ip_configuration": [
              {
                "gateway_load_balancer_frontend_ip_configuration_id": "",
                "name": "default",
                "primary": true,
                "private_ip_address": "10.2.0.4",
                "private_ip_address_allocation": "Dynamic",
                "private_ip_address_version": "IPv4",
                "public_ip_address_id": "",
                "subnet_id": "/subscriptions/d94fe338-52d8-4a44-acd4-4f8301adf2cf/resourceGroups/dtf-monitor-spoke/providers/Microsoft.Network/virtualNetworks/dtf-monitor-vnet/subnets/MonitorSubnet"
              }
            ],
            "location": "westeurope",
            "mac_address": "00-22-48-86-05-22",
            "name": "dtf-monitor-vm-nic",
            "private_ip_address": "10.2.0.4",
            "private_ip_addresses": [
              "10.2.0.4"
            ],
            "resource_group_name": "dtf-monitor-spoke",
            "tags": {
              "CreationDateTime": "2023-07-23T11:36:10.7198786Z",
              "Environment": "Dev"
            },
            "timeouts": null,
            "virtual_machine_id": "/subscriptions/d94fe338-52d8-4a44-acd4-4f8301adf2cf/resourceGroups/dtf-monitor-spoke/providers/Microsoft.Compute/virtualMachines/dtf-monitor-vm"
          },
          "sensitive_attributes": [],
          "private": "eyJlMmJmYjczMC1lY2FhLTExZTYtOGY4OC0zNDM2M2JjN2M0YzAiOnsiY3JlYXRlIjoxODAwMDAwMDAwMDAwLCJkZWxldGUiOjE4MDAwMDAwMDAwMDAsInJlYWQiOjMwMDAwMDAwMDAwMCwidXBkYXRlIjoxODAwMDAwMDAwMDAwfX0=",
          "dependencies": [
            "azurerm_resource_group.hub",
            "azurerm_resource_group.monitor",
            "module.hub_log_analytics.azurerm_log_analytics_workspace.log_analytics",
            "module.monitor_network_security_groups.azurerm_network_security_group.nsg",
            "module.monitor_network_security_groups.azurerm_network_security_rule.rules",
            "module.monitor_network_security_groups.module.nsg_diagnostics.azurerm_monitor_diagnostic_setting.diagnostics",
            "module.monitor_network_security_groups.module.nsg_diagnostics.data.azurerm_monitor_diagnostic_categories.categories",
            "module.monitor_route_tables.azurerm_route.routes",
            "module.monitor_route_tables.azurerm_route_table.rt",
            "module.monitor_virtual_network.azurerm_subnet.subnets",
            "module.monitor_virtual_network.azurerm_virtual_network.vnet"
          ]
        }
      ]
    },
    {
      "module": "module.monitor_vm",
      "mode": "managed",
      "type": "azurerm_role_assignment",
      "name": "vm_roles",
      "provider": "provider[\"registry.terraform.io/hashicorp/azurerm\"]",
      "instances": [
        {
          "index_key": "vm0_Reader_/subscriptions/d94fe338-52d8-4a44-acd4-4f8301adf2cf/resourceGroups/dor-hub-n-spoke/providers/Microsoft.OperationalInsights/workspaces/activity-monitor-log-workspace",
          "schema_version": 0,
          "attributes": {
            "condition": "",
            "condition_version": "",
            "delegated_managed_identity_resource_id": "",
            "description": "",
            "id": "/subscriptions/d94fe338-52d8-4a44-acd4-4f8301adf2cf/resourceGroups/dor-hub-n-spoke/providers/Microsoft.OperationalInsights/workspaces/activity-monitor-log-workspace/providers/Microsoft.Authorization/roleAssignments/f13897b2-9fd0-9985-9823-1713020c8230",
            "name": "f13897b2-9fd0-9985-9823-1713020c8230",
            "principal_id": "d5a2b03e-098a-466b-81ae-8d0c9ed4e20f",
            "principal_type": "ServicePrincipal",
            "role_definition_id": "/subscriptions/d94fe338-52d8-4a44-acd4-4f8301adf2cf/providers/Microsoft.Authorization/roleDefinitions/acdd72a7-3385-48ef-bd42-f606fba81ae7",
            "role_definition_name": "Reader",
            "scope": "/subscriptions/d94fe338-52d8-4a44-acd4-4f8301adf2cf/resourceGroups/dor-hub-n-spoke/providers/Microsoft.OperationalInsights/workspaces/activity-monitor-log-workspace",
            "skip_service_principal_aad_check": null,
            "timeouts": null
          },
          "sensitive_attributes": [],
          "private": "eyJlMmJmYjczMC1lY2FhLTExZTYtOGY4OC0zNDM2M2JjN2M0YzAiOnsiY3JlYXRlIjoxODAwMDAwMDAwMDAwLCJkZWxldGUiOjE4MDAwMDAwMDAwMDAsInJlYWQiOjMwMDAwMDAwMDAwMCwidXBkYXRlIjoxODAwMDAwMDAwMDAwfX0=",
          "dependencies": [
            "azurerm_resource_group.hub",
            "azurerm_resource_group.monitor",
            "data.azurerm_log_analytics_workspace.activity",
            "module.hub_log_analytics.azurerm_log_analytics_workspace.log_analytics",
            "module.monitor_network_security_groups.azurerm_network_security_group.nsg",
            "module.monitor_network_security_groups.azurerm_network_security_rule.rules",
            "module.monitor_network_security_groups.module.nsg_diagnostics.azurerm_monitor_diagnostic_setting.diagnostics",
            "module.monitor_network_security_groups.module.nsg_diagnostics.data.azurerm_monitor_diagnostic_categories.categories",
            "module.monitor_route_tables.azurerm_route.routes",
            "module.monitor_route_tables.azurerm_route_table.rt",
            "module.monitor_virtual_network.azurerm_subnet.subnets",
            "module.monitor_virtual_network.azurerm_virtual_network.vnet",
            "module.monitor_vm.azurerm_linux_virtual_machine.vms",
            "module.monitor_vm.azurerm_network_interface.nics",
            "module.monitor_vm.azurerm_windows_virtual_machine.vms"
          ]
        },
        {
          "index_key": "vm0_Reader_/subscriptions/d94fe338-52d8-4a44-acd4-4f8301adf2cf/resourceGroups/dtf-hub/providers/Microsoft.OperationalInsights/workspaces/dtf-hub-log-analytics-workspace",
          "schema_version": 0,
          "attributes": {
            "condition": "",
            "condition_version": "",
            "delegated_managed_identity_resource_id": "",
            "description": "",
            "id": "/subscriptions/d94fe338-52d8-4a44-acd4-4f8301adf2cf/resourceGroups/dtf-hub/providers/Microsoft.OperationalInsights/workspaces/dtf-hub-log-analytics-workspace/providers/Microsoft.Authorization/roleAssignments/4501e667-4954-a5d5-2e79-533043864f36",
            "name": "4501e667-4954-a5d5-2e79-533043864f36",
            "principal_id": "d5a2b03e-098a-466b-81ae-8d0c9ed4e20f",
            "principal_type": "ServicePrincipal",
            "role_definition_id": "/subscriptions/d94fe338-52d8-4a44-acd4-4f8301adf2cf/providers/Microsoft.Authorization/roleDefinitions/acdd72a7-3385-48ef-bd42-f606fba81ae7",
            "role_definition_name": "Reader",
            "scope": "/subscriptions/d94fe338-52d8-4a44-acd4-4f8301adf2cf/resourceGroups/dtf-hub/providers/Microsoft.OperationalInsights/workspaces/dtf-hub-log-analytics-workspace",
            "skip_service_principal_aad_check": null,
            "timeouts": null
          },
          "sensitive_attributes": [],
          "private": "eyJlMmJmYjczMC1lY2FhLTExZTYtOGY4OC0zNDM2M2JjN2M0YzAiOnsiY3JlYXRlIjoxODAwMDAwMDAwMDAwLCJkZWxldGUiOjE4MDAwMDAwMDAwMDAsInJlYWQiOjMwMDAwMDAwMDAwMCwidXBkYXRlIjoxODAwMDAwMDAwMDAwfX0=",
          "dependencies": [
            "azurerm_resource_group.hub",
            "azurerm_resource_group.monitor",
            "data.azurerm_log_analytics_workspace.activity",
            "module.hub_log_analytics.azurerm_log_analytics_workspace.log_analytics",
            "module.monitor_network_security_groups.azurerm_network_security_group.nsg",
            "module.monitor_network_security_groups.azurerm_network_security_rule.rules",
            "module.monitor_network_security_groups.module.nsg_diagnostics.azurerm_monitor_diagnostic_setting.diagnostics",
            "module.monitor_network_security_groups.module.nsg_diagnostics.data.azurerm_monitor_diagnostic_categories.categories",
            "module.monitor_route_tables.azurerm_route.routes",
            "module.monitor_route_tables.azurerm_route_table.rt",
            "module.monitor_virtual_network.azurerm_subnet.subnets",
            "module.monitor_virtual_network.azurerm_virtual_network.vnet",
            "module.monitor_vm.azurerm_linux_virtual_machine.vms",
            "module.monitor_vm.azurerm_network_interface.nics",
            "module.monitor_vm.azurerm_windows_virtual_machine.vms"
          ]
        }
      ]
    },
    {
      "module": "module.monitor_vm.module.nic_diagnostics[0]",
      "mode": "data",
      "type": "azurerm_monitor_diagnostic_categories",
      "name": "categories",
      "provider": "provider[\"registry.terraform.io/hashicorp/azurerm\"]",
      "instances": [
        {
          "schema_version": 0,
          "attributes": {
            "id": "/subscriptions/d94fe338-52d8-4a44-acd4-4f8301adf2cf/resourceGroups/dtf-monitor-spoke/providers/Microsoft.Network/networkInterfaces/dtf-monitor-vm-nic",
            "log_category_groups": [],
            "log_category_types": [],
            "logs": [],
            "metrics": [
              "AllMetrics"
            ],
            "resource_id": "/subscriptions/d94fe338-52d8-4a44-acd4-4f8301adf2cf/resourceGroups/dtf-monitor-spoke/providers/Microsoft.Network/networkInterfaces/dtf-monitor-vm-nic",
            "timeouts": null
          },
          "sensitive_attributes": []
        }
      ]
    },
    {
      "module": "module.monitor_vm.module.nic_diagnostics[0]",
      "mode": "managed",
      "type": "azurerm_monitor_diagnostic_setting",
      "name": "diagnostics",
      "provider": "provider[\"registry.terraform.io/hashicorp/azurerm\"]",
      "instances": [
        {
          "schema_version": 0,
          "attributes": {
            "enabled_log": [],
            "eventhub_authorization_rule_id": "",
            "eventhub_name": "",
            "id": "/subscriptions/d94fe338-52d8-4a44-acd4-4f8301adf2cf/resourceGroups/dtf-monitor-spoke/providers/Microsoft.Network/networkInterfaces/dtf-monitor-vm-nic|nic-diagnostics",
            "log": [],
            "log_analytics_destination_type": "",
            "log_analytics_workspace_id": "/subscriptions/d94fe338-52d8-4a44-acd4-4f8301adf2cf/resourceGroups/dtf-hub/providers/Microsoft.OperationalInsights/workspaces/dtf-hub-log-analytics-workspace",
            "metric": [
              {
                "category": "AllMetrics",
                "enabled": true,
                "retention_policy": [
                  {
                    "days": 0,
                    "enabled": false
                  }
                ]
              }
            ],
            "name": "nic-diagnostics",
            "partner_solution_id": null,
            "storage_account_id": null,
            "target_resource_id": "/subscriptions/d94fe338-52d8-4a44-acd4-4f8301adf2cf/resourceGroups/dtf-monitor-spoke/providers/Microsoft.Network/networkInterfaces/dtf-monitor-vm-nic",
            "timeouts": null
          },
          "sensitive_attributes": [],
          "private": "eyJlMmJmYjczMC1lY2FhLTExZTYtOGY4OC0zNDM2M2JjN2M0YzAiOnsiY3JlYXRlIjoxODAwMDAwMDAwMDAwLCJkZWxldGUiOjM2MDAwMDAwMDAwMDAsInJlYWQiOjMwMDAwMDAwMDAwMCwidXBkYXRlIjoxODAwMDAwMDAwMDAwfX0=",
          "dependencies": [
            "azurerm_resource_group.hub",
            "azurerm_resource_group.monitor",
            "module.hub_log_analytics.azurerm_log_analytics_workspace.log_analytics",
            "module.monitor_network_security_groups.azurerm_network_security_group.nsg",
            "module.monitor_network_security_groups.azurerm_network_security_rule.rules",
            "module.monitor_network_security_groups.module.nsg_diagnostics.azurerm_monitor_diagnostic_setting.diagnostics",
            "module.monitor_network_security_groups.module.nsg_diagnostics.data.azurerm_monitor_diagnostic_categories.categories",
            "module.monitor_route_tables.azurerm_route.routes",
            "module.monitor_route_tables.azurerm_route_table.rt",
            "module.monitor_virtual_network.azurerm_subnet.subnets",
            "module.monitor_virtual_network.azurerm_virtual_network.vnet",
            "module.monitor_vm.azurerm_network_interface.nics",
            "module.monitor_vm.module.nic_diagnostics.data.azurerm_monitor_diagnostic_categories.categories"
          ]
        }
      ]
    },
    {
      "module": "module.monitor_vm_record",
      "mode": "managed",
      "type": "azurerm_private_dns_a_record",
      "name": "private_a_record",
      "provider": "provider[\"registry.terraform.io/hashicorp/azurerm\"]",
      "instances": [
        {
          "index_key": 0,
          "schema_version": 0,
          "attributes": {
            "fqdn": "grafana.monitor.net.",
            "id": "/subscriptions/d94fe338-52d8-4a44-acd4-4f8301adf2cf/resourceGroups/dtf-monitor-spoke/providers/Microsoft.Network/privateDnsZones/monitor.net/A/grafana",
            "name": "grafana",
            "records": [
              "10.2.0.4"
            ],
            "resource_group_name": "dtf-monitor-spoke",
            "tags": {},
            "timeouts": null,
            "ttl": 300,
            "zone_name": "monitor.net"
          },
          "sensitive_attributes": [],
          "private": "eyJlMmJmYjczMC1lY2FhLTExZTYtOGY4OC0zNDM2M2JjN2M0YzAiOnsiY3JlYXRlIjoxODAwMDAwMDAwMDAwLCJkZWxldGUiOjE4MDAwMDAwMDAwMDAsInJlYWQiOjMwMDAwMDAwMDAwMCwidXBkYXRlIjoxODAwMDAwMDAwMDAwfX0=",
          "dependencies": [
            "azurerm_resource_group.hub",
            "azurerm_resource_group.monitor",
            "module.hub_log_analytics.azurerm_log_analytics_workspace.log_analytics",
            "module.monitor_network_security_groups.azurerm_network_security_group.nsg",
            "module.monitor_network_security_groups.azurerm_network_security_rule.rules",
            "module.monitor_network_security_groups.module.nsg_diagnostics.azurerm_monitor_diagnostic_setting.diagnostics",
            "module.monitor_network_security_groups.module.nsg_diagnostics.data.azurerm_monitor_diagnostic_categories.categories",
            "module.monitor_route_tables.azurerm_route.routes",
            "module.monitor_route_tables.azurerm_route_table.rt",
            "module.monitor_virtual_network.azurerm_subnet.subnets",
            "module.monitor_virtual_network.azurerm_virtual_network.vnet",
            "module.monitor_vm.azurerm_linux_virtual_machine.vms",
            "module.monitor_vm.azurerm_network_interface.nics",
            "module.monitor_vm.azurerm_windows_virtual_machine.vms",
            "module.monitor_vm_record.azurerm_private_dns_zone.private_dns_zone"
          ]
        }
      ]
    },
    {
      "module": "module.monitor_vm_record",
      "mode": "managed",
      "type": "azurerm_private_dns_zone",
      "name": "private_dns_zone",
      "provider": "provider[\"registry.terraform.io/hashicorp/azurerm\"]",
      "instances": [
        {
          "index_key": 0,
          "schema_version": 0,
          "attributes": {
            "id": "/subscriptions/d94fe338-52d8-4a44-acd4-4f8301adf2cf/resourceGroups/dtf-monitor-spoke/providers/Microsoft.Network/privateDnsZones/monitor.net",
            "max_number_of_record_sets": 25000,
            "max_number_of_virtual_network_links": 1000,
            "max_number_of_virtual_network_links_with_registration": 100,
            "name": "monitor.net",
            "number_of_record_sets": 2,
            "resource_group_name": "dtf-monitor-spoke",
            "soa_record": [
              {
                "email": "azureprivatedns-host.microsoft.com",
                "expire_time": 2419200,
                "fqdn": "monitor.net.",
                "host_name": "azureprivatedns.net",
                "minimum_ttl": 10,
                "refresh_time": 3600,
                "retry_time": 300,
                "serial_number": 1,
                "tags": {},
                "ttl": 3600
              }
            ],
            "tags": {
              "CreationDateTime": "2023-07-27T10:07:13.9327190Z",
              "Environment": "Dev"
            },
            "timeouts": null
          },
          "sensitive_attributes": [],
          "private": "eyJlMmJmYjczMC1lY2FhLTExZTYtOGY4OC0zNDM2M2JjN2M0YzAiOnsiY3JlYXRlIjoxODAwMDAwMDAwMDAwLCJkZWxldGUiOjE4MDAwMDAwMDAwMDAsInJlYWQiOjMwMDAwMDAwMDAwMCwidXBkYXRlIjoxODAwMDAwMDAwMDAwfX0=",
          "dependencies": [
            "azurerm_resource_group.monitor"
          ]
        }
      ]
    },
    {
      "module": "module.monitor_vm_record",
      "mode": "managed",
      "type": "azurerm_private_dns_zone_virtual_network_link",
      "name": "vnet_links",
      "provider": "provider[\"registry.terraform.io/hashicorp/azurerm\"]",
      "instances": [
        {
          "index_key": "hub-link",
          "schema_version": 0,
          "attributes": {
            "id": "/subscriptions/d94fe338-52d8-4a44-acd4-4f8301adf2cf/resourceGroups/dtf-monitor-spoke/providers/Microsoft.Network/privateDnsZones/monitor.net/virtualNetworkLinks/hub-link",
            "name": "hub-link",
            "private_dns_zone_name": "monitor.net",
            "registration_enabled": false,
            "resource_group_name": "dtf-monitor-spoke",
            "tags": {
              "CreationDateTime": "2023-07-27T10:07:47.7853322Z",
              "Environment": "Dev"
            },
            "timeouts": null,
            "virtual_network_id": "/subscriptions/d94fe338-52d8-4a44-acd4-4f8301adf2cf/resourceGroups/dtf-hub/providers/Microsoft.Network/virtualNetworks/dtf-hub-vnet"
          },
          "sensitive_attributes": [],
          "private": "eyJlMmJmYjczMC1lY2FhLTExZTYtOGY4OC0zNDM2M2JjN2M0YzAiOnsiY3JlYXRlIjoxODAwMDAwMDAwMDAwLCJkZWxldGUiOjE4MDAwMDAwMDAwMDAsInJlYWQiOjMwMDAwMDAwMDAwMCwidXBkYXRlIjoxODAwMDAwMDAwMDAwfX0=",
          "dependencies": [
            "azurerm_resource_group.hub",
            "azurerm_resource_group.monitor",
            "module.hub_virtual_network.azurerm_virtual_network.vnet",
            "module.monitor_vm_record.azurerm_private_dns_zone.private_dns_zone"
          ]
        }
      ]
    },
    {
      "module": "module.work_aks",
      "mode": "managed",
      "type": "azurerm_kubernetes_cluster",
      "name": "aks",
      "provider": "provider[\"registry.terraform.io/hashicorp/azurerm\"]",
      "instances": [
        {
          "schema_version": 2,
          "attributes": {
            "aci_connector_linux": [],
            "api_server_access_profile": [
              {
                "authorized_ip_ranges": [],
                "subnet_id": "",
                "vnet_integration_enabled": false
              }
            ],
            "api_server_authorized_ip_ranges": [],
            "auto_scaler_profile": [],
            "automatic_channel_upgrade": "",
            "azure_active_directory_role_based_access_control": [],
            "azure_policy_enabled": false,
            "confidential_computing": [],
            "custom_ca_trust_certificates_base64": [],
            "default_node_pool": [
              {
                "capacity_reservation_group_id": "",
                "custom_ca_trust_enabled": false,
                "enable_auto_scaling": false,
                "enable_host_encryption": false,
                "enable_node_public_ip": false,
                "fips_enabled": false,
                "host_group_id": "",
                "kubelet_config": [],
                "kubelet_disk_type": "OS",
                "linux_os_config": [],
                "max_count": 0,
                "max_pods": 30,
                "message_of_the_day": "",
                "min_count": 0,
                "name": "default",
                "node_count": 1,
                "node_labels": {},
                "node_network_profile": [],
                "node_public_ip_prefix_id": "",
                "node_taints": [],
                "only_critical_addons_enabled": false,
                "orchestrator_version": "1.25.6",
                "os_disk_size_gb": 128,
                "os_disk_type": "Managed",
                "os_sku": "Ubuntu",
                "pod_subnet_id": "",
                "proximity_placement_group_id": "",
                "scale_down_mode": "Delete",
                "tags": {},
                "temporary_name_for_rotation": "",
                "type": "VirtualMachineScaleSets",
                "ultra_ssd_enabled": false,
                "upgrade_settings": [],
                "vm_size": "Standard_B2s",
                "vnet_subnet_id": "/subscriptions/d94fe338-52d8-4a44-acd4-4f8301adf2cf/resourceGroups/dtf-work-spoke/providers/Microsoft.Network/virtualNetworks/dtf-work-vnet/subnets/AKSSubnet",
                "workload_runtime": "",
                "zones": []
              }
            ],
            "disk_encryption_set_id": "",
            "dns_prefix": "dtf-work-aks",
            "dns_prefix_private_cluster": "",
            "edge_zone": "",
            "enable_pod_security_policy": false,
            "fqdn": "",
            "http_application_routing_enabled": false,
            "http_application_routing_zone_name": "",
            "http_proxy_config": [],
            "id": "/subscriptions/d94fe338-52d8-4a44-acd4-4f8301adf2cf/resourceGroups/dtf-work-spoke/providers/Microsoft.ContainerService/managedClusters/dtf-work-aks",
            "identity": [
              {
                "identity_ids": [],
                "principal_id": "acc31ba3-a413-4020-a26c-334a77a2bb43",
                "tenant_id": "c9ad96a7-2bac-49a7-abf6-8e932f60bf2b",
                "type": "SystemAssigned"
              }
            ],
            "image_cleaner_enabled": false,
            "image_cleaner_interval_hours": 48,
            "ingress_application_gateway": [],
            "key_management_service": [],
            "key_vault_secrets_provider": [],
            "kube_admin_config": [],
            "kube_admin_config_raw": "",
            "kube_config": [
              {
                "client_certificate": "LS0tLS1CRUdJTiBDRVJUSUZJQ0FURS0tLS0tCk1JSUZIVENDQXdXZ0F3SUJBZ0lRQmJMSEtVZ0V5TC9LcERZTGZ6WC9GVEFOQmdrcWhraUc5dzBCQVFzRkFEQU4KTVFzd0NRWURWUVFERXdKallUQWVGdzB5TXpBM01qQXhNekUxTVRKYUZ3MHlOVEEzTWpBeE16STFNVEphTURBeApGekFWQmdOVkJBb1REbk41YzNSbGJUcHRZWE4wWlhKek1SVXdFd1lEVlFRREV3eHRZWE4wWlhKamJHbGxiblF3CmdnSWlNQTBHQ1NxR1NJYjNEUUVCQVFVQUE0SUNEd0F3Z2dJS0FvSUNBUURrL1huTFBjQlg1Umo4WlFDZVJKM0YKQXVYYnA1TkFNa2dnTXFISjZocDZ6YlkwNytrYlEzYVdWL2IxSVVkK2tZVkE5Q0dQUmhPVVphRENlZDJXYnJpTgovQTVqSFd1eFhzM0Roa0J1Y0g1ZzQzdlAvOG5NdG9UZC8yVUNvTDhFTzZCMmJaUzh5dVJGUXh4bldNUGNBa0djCk1hSExGa3EvM1NxTzNiWEt1QjV6ZnFrb1ZtaGtxRjFxejRxT2F2RFhxSDJnZWIyNnlzR1ZRTnczYjZyUHVLaloKMnpsQ0tUUjNUMUNrRHY2VnI3UE1peFR4OUlVV0tzM3dMWFBCekJGRWtrVGFhekQ0RmpMOVZMRzZJeklHZER6MQo1VThrYmc4MmhtNmtpRWNWTjBXZzB2dzdiSjRtUXJJNUFhN0s4R0I5YTZnQ1MwQzZtcW5teTBENXU5SHV3M09FCkFvdHBxNnVBSnorajVoeDBldFdIa28yNERDMkFjYUFkY1NpUlR2S05XVDQ5Q2djSjdSSVZQQ2xWUTZVKzRZUEcKbHN1YU1RL1c3bW5acGNUbFdXZzZhMnZ1WFNtdlFHV1RzYkdYTEFmQm0wM3cydCtWOW1wL0RicVZjVGxzNWIwUApxMEdsYkdYb2RvZ0xZQ1U5dVNZRmRJS0N4M0Yxa2ZSS0g2Y3UvMyt3WUVWU1ZibUZ0d2JBVXVwbThKZEhIOXdCCm1EMEFHa2VDczAyR1VtNFVDMVdvbXNteHZ1VUpSYlVIbWdpWGV2OHc0YzBmV0Rrb2hTSTByMkRlRlJGMjROQ3YKRmdrVzU5dGhMaDhDdzQ3cCtoMTJUT0NtUjd1eEhQM1pWb1VENXNoNjdHSS9ZS0kyNGNaekxGZ1NBbFcvSHUwZwpGQ2ZBeUlrdkJ2aGFrMTJVV05kb0V3SURBUUFCbzFZd1ZEQU9CZ05WSFE4QkFmOEVCQU1DQmFBd0V3WURWUjBsCkJBd3dDZ1lJS3dZQkJRVUhBd0l3REFZRFZSMFRBUUgvQkFJd0FEQWZCZ05WSFNNRUdEQVdnQlFQM3JhWmhwZzYKV3B5WnEra3Z0VlVVckIwekZqQU5CZ2txaGtpRzl3MEJBUXNGQUFPQ0FnRUFZRUM4dEF4NUQ0OGlwRkJxb0QreAozOW9PQ0hKUWp0NkNEaHhSd3RQL2kzejRhb29xdUovQkNhT3FCYUxkLzlUeWNLUzVtMHpGbHF2eDhHd1hFNmVIClpiNjc5ZWNLYnB3Z3krcEd5Q1dIZTlxTmZqaDRRZjlxYzk1WFd4aEdENGFqbGVudGtCNFF6bGVYNS94Wjdmc1AKWWRUUnpUeGNYMk45MG9QaFNncjZkNDJjSFZQMWM0b3pTVk5QSURZT2R3dXZMeCs2ZCsvY05nN2V0dDB6ek1OcQpxeHBYSWFIZWhxU0psRW5uUTczSkdKa0RJOEFJYWlSK0M1aE50bEQ0MzlHaFlvaUlidVk3aTBUMDVBcFp1OUhxCnVObVltOW9TT0lRQWdDWHVoL0ZpUXNuR0dwakFiZVY5T3FPazFkY3VSV0JLaXZQOWxtSlJiQm41aE1jUnlKNHEKdmlkN3FRWERYd0FCS2FsbHNBc1diaFIvclAvanEvV09hNzFTWEs4L1NlVmtKaHdGdWdaS3Z2S0J1aHZjTWQrMQo4cFR4YVExQjBOa2lQcTZYUW1vUXYvYVM3Yi96OEV2RHFZNUdMbXJydmVMWFJBbFFjT0xXbDRBK21Jek96cUxCCnNhcldjYzB1K0hPdEY2ODVMYkRMOXAvRHB0ZjZXWnpBQWhzUHY5bUhOZi9KOUpxUGRIb3MxQ1JnQTV2S04rTzYKTE1EVDR3djRCc0VhNnhONktFTzNiaFJ3U2U4alVCSUk4ZGsyd2lhNGJYQ1dqTU5aZzBUYUQzOGVTVjFqTmRwbwpzV3Y2SlJwYXNMMmVLMTRES3ZxczNUeXdsSlptOFA2Y1hlYVIxTWhiODdEUXc0bzZVVUQxa3lyTnhaa0IwejAxCmplYWwvamp1VmpIUGp1R2JrQi9Sa3ZFPQotLS0tLUVORCBDRVJUSUZJQ0FURS0tLS0tCg==",
                "client_key": "LS0tLS1CRUdJTiBSU0EgUFJJVkFURSBLRVktLS0tLQpNSUlKS1FJQkFBS0NBZ0VBNVAxNXl6M0FWK1VZL0dVQW5rU2R4UUxsMjZlVFFESklJREtoeWVvYWVzMjJOTy9wCkcwTjJsbGYyOVNGSGZwR0ZRUFFoajBZVGxHV2d3bm5kbG02NGpmd09ZeDFyc1Y3Tnc0WkFibkIrWU9ON3ovL0oKekxhRTNmOWxBcUMvQkR1Z2RtMlV2TXJrUlVNY1oxakQzQUpCbkRHaHl4Wkt2OTBxanQyMXlyZ2VjMzZwS0ZabwpaS2hkYXMrS2ptcncxNmg5b0htOXVzckJsVURjTjIrcXo3aW8yZHM1UWlrMGQwOVFwQTcrbGErenpJc1U4ZlNGCkZpck44QzF6d2N3UlJKSkUybXN3K0JZeS9WU3h1aU15Qm5RODllVlBKRzRQTm9adXBJaEhGVGRGb05MOE8yeWUKSmtLeU9RR3V5dkJnZld1b0FrdEF1cHFwNXN0QStidlI3c056aEFLTGFhdXJnQ2MvbytZY2RIclZoNUtOdUF3dApnSEdnSFhFb2tVN3lqVmsrUFFvSENlMFNGVHdwVlVPbFB1R0R4cGJMbWpFUDF1NXAyYVhFNVZsb09tdHI3bDBwCnIwQmxrN0d4bHl3SHdadE44TnJmbGZacWZ3MjZsWEU1Yk9XOUQ2dEJwV3hsNkhhSUMyQWxQYmttQlhTQ2dzZHgKZFpIMFNoK25Mdjkvc0dCRlVsVzVoYmNHd0ZMcVp2Q1hSeC9jQVpnOUFCcEhnck5OaGxKdUZBdFZxSnJKc2I3bApDVVcxQjVvSWwzci9NT0hOSDFnNUtJVWlOSzlnM2hVUmR1RFFyeFlKRnVmYllTNGZBc09PNmZvZGRremdwa2U3CnNSejkyVmFGQStiSWV1eGlQMkNpTnVIR2N5eFlFZ0pWdng3dElCUW53TWlKTHdiNFdwTmRsRmpYYUJNQ0F3RUEKQVFLQ0FnQVhYSHkyYldCWUZ6bExWb3FQbXZSMWl1d2tVcDVGS0Z3UFhOc0FuRytESThWNDlSalUvVGIxODVkdwpQcXJxa0xJRmhHS0FHV2daOVp4Ryt1UE9XeEZjK3VBRTRKV0NET2YxRUpjMkxTZlhmcDI5QkoxejB4TVBDdVVsCk5YMEhVNFgxVHd5ampoZG5zWWNPVEJIL09nT3ppYVMxOFZwQzVLOVl6K21oK3RLd2ViV01OZlNFZ0dDM2F1RDUKMHBNcmpUYnp6amU2L01CdkY2VGZ5dmFrSm5TamRTZ01SZVBpWUNjYjlhT25aYnQwSEtSUVl0L0krU2oxWGMyMwpjYmc1UktyZGxaM3pVV0IyVTlPbDU3MU14ME1JMnhJTjUyU0o3WUVRTEE4RWJSVWZhU2J1Y1JCWld1aVB4RW91CnpnTXFDSGVsZEVQd1JhTWJ0cFMwWmFMdk51VnIydVVqNk11ZnBGMVY0STZjVG9WdjZBb3piRUVVcE9FaVczK3EKSGpKdVBIbEtTbkEybUU2OVg0MCtMNnNxbVppbGl3dzdKeFlPRS9mazV6ZVVWdWZUTWh6ZGVDZ0hEME1GQWgrZwppNmRlakVrYVhyMU5LODhNS3FQSG0rODR5WHFlcVlqclRPOEtHNVJNV3lCaG9VaUdwQlFyOFpuWURCOEdvT1dGCkVZd3JESEYvUDljQnBZUDFJWlMrTmJPbXVGQ2RHb1dZM2Fac1NjdjI0Mk9MUFdIY0NFOXpld3RtcUNzY0g1MW0KcTltUFBIVng1dTJqc2hPOEd6Y3kyMW5jUU1nQUc1ekFRUVFXTmFyOENkYXdEUXVVS2hkc3NqRFBYZlQveENpcgpxcFM4aVM1QTlrSVBJalU3Rkczd1V3YjhXSmVEZ3cycnR5YmxpSFBuMi9Tei9sL2swUUtDQVFFQTl3V2JaaS9GClZHeDk4VVNadG1LU2ZrNGtiSGtRTnFaN2JibnV1TmVYWUdwN2xxU0hic08rTWxISWlhZmZvRVdsemJubG5rU3gKamY1UWZDenpZdHhWNWg0YjdyZW55RTZIb2Y2MW4wRDRPZWVxeGxSaXFaTTRPMkErVjVEemg4Q25ybG9QSHlnWgo5bk5Sc1gvNXhIV05yQ2JENVhFdlc5Q1M1Z3RkTk5sMm1YRUxsSkRwWk5hcWR0NG1MbG4xdy8waHRKVUJXeFByCmJMeHNMRTdBdXFEUjZ0ZDBWemJtSFkrMzNOc0d2dks2WEVQZW9xazlGU3BlWnlpMi9Tai9xSk5lcFl1b295cWoKVDFWcFFYUzBCYVNsU1VaQ1dib3JyVjNsMUYyRmt0WEF4b1NKL1o3Mm84QUJ0c25WM3FFUDhLTW8yelBibmxhLwo2VUkrZVFYanJaRWdwUUtDQVFFQTdWQVlCTGRlQXZSelRlSjNQOU50M00xRU1mTUxkSkg1djFxQ2dXaUVob096CjFJcjYycHVlalJLdGl5WVo3REdHa2JaRGZuUkRGb1gvbGdKbnpFVG1xdE1wQUgrd3FDMk0rWXNjaXQyRnhuN28KSUFzREtxM0Z1U2txN1BzNktkdnVoNGJXVTVXYUJVK2R3TmZISllwQ0o2cXlWUzZ4cHRJMVJuZlVSeDRmdDM0agpVd2VnRGFwdW9Zd1J6S2pSS3pGTGNCTEVweTdzQ2Z2bThXdVNyN0tRVGtDcDVaMzlwbTZDUUs0MGtEeTk5OWRGCm1JNkVjMitaRDFrN1NmWnJCT3d2SkpGLzBFZG1iWHVua1NrU05BdTVJbWMweGI2dmhrY2hvL3dvTk5lVFp4U0kKYW5wdDh2Y0FjWFU5M1NDYlNXY2pUMFNueTE2L0ZweHh1T24wdEo4UVZ3S0NBUUVBMU9raFN3OXJydHVnSmQ4eAorZEMyWVdVcTRjL3JHSitnRFRCUVFVT1pkd0h3cWlQL2s0bmxtbXVCUkp6TUU5RlVHcURhOS9KUGM0cTZobjBiCi9wN1k3dklPczAvYXJyeDVEVGlFQk5LejRQejc1ZHYvK2hjcFJZd3J6Ny9oRjZZSElURUFqYU03MVg4Sjc4clYKVmU3WWdJUWRIdHJTcmZsMVZCQ0JjcmJwRVZJdFlBMFREZFkwc1NYQ2xQcjI2TWw2VHJLTHE1dmN0Q2tudDN6ZApnejV3RUZGS05vM2NBNmpIR2ZZeXQweHhNbXRSTHJSZU1Lc0hHVFV2bTc3RnROL29tUmxwN2RFblY0N1BuUnBnCnUraHdpbHFqZjhFR09uU1BUdDZZN2JtTlljNEZQZlBRczgwZjdSUEVZaEpDc2U5L25JZnpDR1BQSDliNEQ4bnkKdHJ3Ni9RS0NBUUVBbmVvQU1aTTdVY2dNdWpVS21VUStCUUhxY1RxRDB1d1lQc2NodEs4eUVMaXUvNjREdzFodQpwdjFZMGhGbWlvOWlOckFNTmFkenhSY2h2bGFYYjR3aDJtWnRFRkhuNGVGOXY4aGNFK1BZMHY4N3c2YlFVcVFUCndHU3VsY2VQS3ErWkNFSW5lTE5DTEdxUVZQVEJKaS9jV2J6eXNsQkNFdm9xVFZ3THU4OUYxN3B1RXlBdDF5b2sKT0FlWENKTUZyVEkrT3JPaWZJVnl1Q29Sd1hDTnliQ082aU9KYXF3NVQzaVY0Q2lML2JjTnlsQkxsWHF3bElnYwpWK1JPMmFiS0RCcUdQRlU5c2dEeEhjVjgrZEZVdGFGZmJvOHl4S3RnN1grRDJUVkFJL21Yc3E0dElIMmJrR1BnCnZaOEFyWmEyL3A5TkZjQmZ6NnFhaVpkTTdYbHhSb2ZhUFFLQ0FRQmprekwyZWtQZ2t1RDFmWjhiSjZOUTN6S3oKTTQ0MDNqR01KNE01ZVVVYU52Zk51YjFtNGpOcmhDRDFZa3FRaFAxZkMzWXV6ZDBVMkExcTR6N3Bib09uKytOMgpMNHdGMmlhNjUzM242NnVuV21MRW1GM1pETmdmTG9rQzBsckgwbFFRM1BTUk9hVlBBZGc1RUdTMFBoOTBKODk1CmIyb1NUMTRXQWlYa1pwRnVyb2JlTW82UnV6RzFRaHo0N0pKR2JuUFBQLy91Nks5WDE5b0ZvSllSUDBaSGEyWk8KV1VybHZ3ZjZuT0ptYWRyVVJwL1JCK09PbEFoWCthMytienNTRTF0U2krWVJPMm1LRHJTeWdiQW9yKzF6c3BYdApRQVlZd1BLc2ZmVHRjWEVrbjQwcWR0dWxaMGlVWityOFJWSDFFb0tGeks5UXRndVVTYVhteld3TzRrRHMKLS0tLS1FTkQgUlNBIFBSSVZBVEUgS0VZLS0tLS0K",
                "cluster_ca_certificate": "LS0tLS1CRUdJTiBDRVJUSUZJQ0FURS0tLS0tCk1JSUU2RENDQXRDZ0F3SUJBZ0lRQk1neWt0SHZjWXdGYjhzeFlGMWhnREFOQmdrcWhraUc5dzBCQVFzRkFEQU4KTVFzd0NRWURWUVFERXdKallUQWdGdzB5TXpBM01qQXhNekUxTVRKYUdBOHlNRFV6TURjeU1ERXpNalV4TWxvdwpEVEVMTUFrR0ExVUVBeE1DWTJFd2dnSWlNQTBHQ1NxR1NJYjNEUUVCQVFVQUE0SUNEd0F3Z2dJS0FvSUNBUUN2Ck1vMHhHUklqb0FkSERsb0xnZS9IbElpMWc0cGxmOVBWV0ZkNktWSjFKdVYydDl3MEJHdUM5cVVyenZHODlkTFQKamNrbzBYelhELzJORUJwMmxGRHVaMkJTK2RXQ1RvMkhFZnJrek8xczM1dUJEbE1RbGJjTmQ4RFozSDlOeWUzMQpuSTNaazY0UUY3U011eDBFVjN2MFR0WmlMczZwd1N1QURDQjJkVTdXTEZ6NUE1ZzhNZG91NTVYZW5PSHh3ckNKCm5MdUJRdlpYd3lCNHpwOFBGUnZCVlJEK0FwNXVyeCtnaDlHNmh5bE1tZ2FvaytlOXdrVzNZalhPREY0UmE1ZUgKM21IbHoxRnNHMEVlK2p5TmJrUEN2NHJ3TkZoMmJDRVBNZUpNNUJNdEJrbG1yQ3NwdDEzS0RONGVrWlRqOHFReQo5QmdhT3BiVTJWWEhUd05jRHRTNlgwb2pyUkxmR1NoQmx4NDN0MjFadW9Pc0liOVdxWFN4akxKVkFZajI3UlVwCjE0aWViUVowOWNOWkJKbTk4RGQ0eU90Wk9ydE9HOEQ4dnViV1VBQVp1bnh4MkNoeExOeHVWQ3luQzUyUE1KWHoKZzVxWWEraWtVWVc3NUt3Ynl0ZGtibDdBWWNKWm5zYTRaOFVIK1YrV1E4UmZnNEpMWnZiZnZEdzE0cTBRajNNUwpoY055ZzdWT2xTM20vUWszRGhCcW0waWR4VzNVSnFUYlFvUEU5UllNdVhmWHdmditGeXc5UkVuT2FSRUY5VWpjCmc1dXpueExPQXpyVDFWL0sxZUV3WFhpOTBLY1BmSVpzSEl4dkdrdWYwZVVaQXM4V0dCSldzWkJTalpDNFBIQWMKTDFwdFQ1eWZaei9ESlJZaXBxMzI3TDIrMllFWUU3NnFuYVkya3IxQWt3SURBUUFCbzBJd1FEQU9CZ05WSFE4QgpBZjhFQkFNQ0FxUXdEd1lEVlIwVEFRSC9CQVV3QXdFQi96QWRCZ05WSFE0RUZnUVVEOTYybVlhWU9scWNtYXZwCkw3VlZGS3dkTXhZd0RRWUpLb1pJaHZjTkFRRUxCUUFEZ2dJQkFJWWQ3ZVpWUCtHelkrMnJaeTdjbEhtNERlZTMKNURRYVlhcGlUMERTR2YrZ0lVUEszU0NkN1YwM0Y0MGhsZmc5NnhIcmNZSE9yS1NURnU4QlhzUWpnandHWUUwdQpveW96eW5FdWFHSnZXWFcvTG1iUVI0aWM1WFoxejNHbWtSVjdpbVUvUDhlQ1N0S1JKVmZVMURsMm90dUE5NjcrClhxUzJkWjQyemM2NFNObDJNOEtFeU05Q3l0b1JCdTRPMW1tdzByOVBnWVdHVW51eG5uZklIby9YVmJQVFhkVFcKbUNOTGxtMFYrOVVuOC8vb1RST1lWNmJobE1jSEFQaG9UU253b1VydTRMQkFodmh6Z1JOZlVNVm1ZWlk5MmFZbQpzU1d0T0hNclpBczQ5V0NpYXZrRlNIN0JkaW5zSnMwWFRBTTJPSUdqUVJxRVVFTE9rZWJQMjhoVzdaMk5mZk1uCkZMbmNlNGpaT3lUTnVzYUp3R0llWnhDYVcwZnNpVzRWZjlIZytMYjN6UGh4bUdXRXNweXI5bTdsNXBweG5wS1MKdG8reWNPMzZ3bmE2UWlySVZnbStuc0hCTFZQcnVabXY0RFRUKzg1U2ppUUdBRGdOR254UHg3RHJwQmVrZS92bAp4M2NsSUUrdytjd0gzbWZER3lUZ3BvMnlpUXNScjBCbkIwWmp3cm1mWVFlZyszTHBqOWc2cTJQSm1CZFJUNytOCndkNHJGc2F5YzRESlMwbEFta1I2ZU1sTENLTWpObE01eXYwS1dVVktMcmM4L1lYd3lMZUsraGgzZzVtVnA5MmYKK24xSHBwdG4rMUtaWFUrbHFyaW5kNWwrSzMzVGJIanZvMlp6bkNydUNJZ2VYT3lzZS84OFhCa3VmL2ZHWlo2MgpTUnJGYkJWeWRKNWJnQVFJCi0tLS0tRU5EIENFUlRJRklDQVRFLS0tLS0K",
                "host": "https://dtf-work-aks-1whvqhxg.f6b6a981-29f7-4024-9253-f4668340bc82.privatelink.westeurope.azmk8s.io:443",
                "password": "ny9n0svc62q7l953ejuybw094pkid0wbvyv78z6vcuz9kq3daa0t9vty9twy58eoyfu8f374ywgt2bwxsdwt1kkst16s80jwgb6xqmmax0jxpdev0ivzh0encvrduqg9",
                "username": "clusterUser_dtf-work-spoke_dtf-work-aks"
              }
            ],
            "kube_config_raw": "apiVersion: v1\nclusters:\n- cluster:\n    certificate-authority-data: LS0tLS1CRUdJTiBDRVJUSUZJQ0FURS0tLS0tCk1JSUU2RENDQXRDZ0F3SUJBZ0lRQk1neWt0SHZjWXdGYjhzeFlGMWhnREFOQmdrcWhraUc5dzBCQVFzRkFEQU4KTVFzd0NRWURWUVFERXdKallUQWdGdzB5TXpBM01qQXhNekUxTVRKYUdBOHlNRFV6TURjeU1ERXpNalV4TWxvdwpEVEVMTUFrR0ExVUVBeE1DWTJFd2dnSWlNQTBHQ1NxR1NJYjNEUUVCQVFVQUE0SUNEd0F3Z2dJS0FvSUNBUUN2Ck1vMHhHUklqb0FkSERsb0xnZS9IbElpMWc0cGxmOVBWV0ZkNktWSjFKdVYydDl3MEJHdUM5cVVyenZHODlkTFQKamNrbzBYelhELzJORUJwMmxGRHVaMkJTK2RXQ1RvMkhFZnJrek8xczM1dUJEbE1RbGJjTmQ4RFozSDlOeWUzMQpuSTNaazY0UUY3U011eDBFVjN2MFR0WmlMczZwd1N1QURDQjJkVTdXTEZ6NUE1ZzhNZG91NTVYZW5PSHh3ckNKCm5MdUJRdlpYd3lCNHpwOFBGUnZCVlJEK0FwNXVyeCtnaDlHNmh5bE1tZ2FvaytlOXdrVzNZalhPREY0UmE1ZUgKM21IbHoxRnNHMEVlK2p5TmJrUEN2NHJ3TkZoMmJDRVBNZUpNNUJNdEJrbG1yQ3NwdDEzS0RONGVrWlRqOHFReQo5QmdhT3BiVTJWWEhUd05jRHRTNlgwb2pyUkxmR1NoQmx4NDN0MjFadW9Pc0liOVdxWFN4akxKVkFZajI3UlVwCjE0aWViUVowOWNOWkJKbTk4RGQ0eU90Wk9ydE9HOEQ4dnViV1VBQVp1bnh4MkNoeExOeHVWQ3luQzUyUE1KWHoKZzVxWWEraWtVWVc3NUt3Ynl0ZGtibDdBWWNKWm5zYTRaOFVIK1YrV1E4UmZnNEpMWnZiZnZEdzE0cTBRajNNUwpoY055ZzdWT2xTM20vUWszRGhCcW0waWR4VzNVSnFUYlFvUEU5UllNdVhmWHdmditGeXc5UkVuT2FSRUY5VWpjCmc1dXpueExPQXpyVDFWL0sxZUV3WFhpOTBLY1BmSVpzSEl4dkdrdWYwZVVaQXM4V0dCSldzWkJTalpDNFBIQWMKTDFwdFQ1eWZaei9ESlJZaXBxMzI3TDIrMllFWUU3NnFuYVkya3IxQWt3SURBUUFCbzBJd1FEQU9CZ05WSFE4QgpBZjhFQkFNQ0FxUXdEd1lEVlIwVEFRSC9CQVV3QXdFQi96QWRCZ05WSFE0RUZnUVVEOTYybVlhWU9scWNtYXZwCkw3VlZGS3dkTXhZd0RRWUpLb1pJaHZjTkFRRUxCUUFEZ2dJQkFJWWQ3ZVpWUCtHelkrMnJaeTdjbEhtNERlZTMKNURRYVlhcGlUMERTR2YrZ0lVUEszU0NkN1YwM0Y0MGhsZmc5NnhIcmNZSE9yS1NURnU4QlhzUWpnandHWUUwdQpveW96eW5FdWFHSnZXWFcvTG1iUVI0aWM1WFoxejNHbWtSVjdpbVUvUDhlQ1N0S1JKVmZVMURsMm90dUE5NjcrClhxUzJkWjQyemM2NFNObDJNOEtFeU05Q3l0b1JCdTRPMW1tdzByOVBnWVdHVW51eG5uZklIby9YVmJQVFhkVFcKbUNOTGxtMFYrOVVuOC8vb1RST1lWNmJobE1jSEFQaG9UU253b1VydTRMQkFodmh6Z1JOZlVNVm1ZWlk5MmFZbQpzU1d0T0hNclpBczQ5V0NpYXZrRlNIN0JkaW5zSnMwWFRBTTJPSUdqUVJxRVVFTE9rZWJQMjhoVzdaMk5mZk1uCkZMbmNlNGpaT3lUTnVzYUp3R0llWnhDYVcwZnNpVzRWZjlIZytMYjN6UGh4bUdXRXNweXI5bTdsNXBweG5wS1MKdG8reWNPMzZ3bmE2UWlySVZnbStuc0hCTFZQcnVabXY0RFRUKzg1U2ppUUdBRGdOR254UHg3RHJwQmVrZS92bAp4M2NsSUUrdytjd0gzbWZER3lUZ3BvMnlpUXNScjBCbkIwWmp3cm1mWVFlZyszTHBqOWc2cTJQSm1CZFJUNytOCndkNHJGc2F5YzRESlMwbEFta1I2ZU1sTENLTWpObE01eXYwS1dVVktMcmM4L1lYd3lMZUsraGgzZzVtVnA5MmYKK24xSHBwdG4rMUtaWFUrbHFyaW5kNWwrSzMzVGJIanZvMlp6bkNydUNJZ2VYT3lzZS84OFhCa3VmL2ZHWlo2MgpTUnJGYkJWeWRKNWJnQVFJCi0tLS0tRU5EIENFUlRJRklDQVRFLS0tLS0K\n    server: https://dtf-work-aks-1whvqhxg.f6b6a981-29f7-4024-9253-f4668340bc82.privatelink.westeurope.azmk8s.io:443\n  name: dtf-work-aks\ncontexts:\n- context:\n    cluster: dtf-work-aks\n    user: clusterUser_dtf-work-spoke_dtf-work-aks\n  name: dtf-work-aks\ncurrent-context: dtf-work-aks\nkind: Config\npreferences: {}\nusers:\n- name: clusterUser_dtf-work-spoke_dtf-work-aks\n  user:\n    client-certificate-data: LS0tLS1CRUdJTiBDRVJUSUZJQ0FURS0tLS0tCk1JSUZIVENDQXdXZ0F3SUJBZ0lRQmJMSEtVZ0V5TC9LcERZTGZ6WC9GVEFOQmdrcWhraUc5dzBCQVFzRkFEQU4KTVFzd0NRWURWUVFERXdKallUQWVGdzB5TXpBM01qQXhNekUxTVRKYUZ3MHlOVEEzTWpBeE16STFNVEphTURBeApGekFWQmdOVkJBb1REbk41YzNSbGJUcHRZWE4wWlhKek1SVXdFd1lEVlFRREV3eHRZWE4wWlhKamJHbGxiblF3CmdnSWlNQTBHQ1NxR1NJYjNEUUVCQVFVQUE0SUNEd0F3Z2dJS0FvSUNBUURrL1huTFBjQlg1Umo4WlFDZVJKM0YKQXVYYnA1TkFNa2dnTXFISjZocDZ6YlkwNytrYlEzYVdWL2IxSVVkK2tZVkE5Q0dQUmhPVVphRENlZDJXYnJpTgovQTVqSFd1eFhzM0Roa0J1Y0g1ZzQzdlAvOG5NdG9UZC8yVUNvTDhFTzZCMmJaUzh5dVJGUXh4bldNUGNBa0djCk1hSExGa3EvM1NxTzNiWEt1QjV6ZnFrb1ZtaGtxRjFxejRxT2F2RFhxSDJnZWIyNnlzR1ZRTnczYjZyUHVLaloKMnpsQ0tUUjNUMUNrRHY2VnI3UE1peFR4OUlVV0tzM3dMWFBCekJGRWtrVGFhekQ0RmpMOVZMRzZJeklHZER6MQo1VThrYmc4MmhtNmtpRWNWTjBXZzB2dzdiSjRtUXJJNUFhN0s4R0I5YTZnQ1MwQzZtcW5teTBENXU5SHV3M09FCkFvdHBxNnVBSnorajVoeDBldFdIa28yNERDMkFjYUFkY1NpUlR2S05XVDQ5Q2djSjdSSVZQQ2xWUTZVKzRZUEcKbHN1YU1RL1c3bW5acGNUbFdXZzZhMnZ1WFNtdlFHV1RzYkdYTEFmQm0wM3cydCtWOW1wL0RicVZjVGxzNWIwUApxMEdsYkdYb2RvZ0xZQ1U5dVNZRmRJS0N4M0Yxa2ZSS0g2Y3UvMyt3WUVWU1ZibUZ0d2JBVXVwbThKZEhIOXdCCm1EMEFHa2VDczAyR1VtNFVDMVdvbXNteHZ1VUpSYlVIbWdpWGV2OHc0YzBmV0Rrb2hTSTByMkRlRlJGMjROQ3YKRmdrVzU5dGhMaDhDdzQ3cCtoMTJUT0NtUjd1eEhQM1pWb1VENXNoNjdHSS9ZS0kyNGNaekxGZ1NBbFcvSHUwZwpGQ2ZBeUlrdkJ2aGFrMTJVV05kb0V3SURBUUFCbzFZd1ZEQU9CZ05WSFE4QkFmOEVCQU1DQmFBd0V3WURWUjBsCkJBd3dDZ1lJS3dZQkJRVUhBd0l3REFZRFZSMFRBUUgvQkFJd0FEQWZCZ05WSFNNRUdEQVdnQlFQM3JhWmhwZzYKV3B5WnEra3Z0VlVVckIwekZqQU5CZ2txaGtpRzl3MEJBUXNGQUFPQ0FnRUFZRUM4dEF4NUQ0OGlwRkJxb0QreAozOW9PQ0hKUWp0NkNEaHhSd3RQL2kzejRhb29xdUovQkNhT3FCYUxkLzlUeWNLUzVtMHpGbHF2eDhHd1hFNmVIClpiNjc5ZWNLYnB3Z3krcEd5Q1dIZTlxTmZqaDRRZjlxYzk1WFd4aEdENGFqbGVudGtCNFF6bGVYNS94Wjdmc1AKWWRUUnpUeGNYMk45MG9QaFNncjZkNDJjSFZQMWM0b3pTVk5QSURZT2R3dXZMeCs2ZCsvY05nN2V0dDB6ek1OcQpxeHBYSWFIZWhxU0psRW5uUTczSkdKa0RJOEFJYWlSK0M1aE50bEQ0MzlHaFlvaUlidVk3aTBUMDVBcFp1OUhxCnVObVltOW9TT0lRQWdDWHVoL0ZpUXNuR0dwakFiZVY5T3FPazFkY3VSV0JLaXZQOWxtSlJiQm41aE1jUnlKNHEKdmlkN3FRWERYd0FCS2FsbHNBc1diaFIvclAvanEvV09hNzFTWEs4L1NlVmtKaHdGdWdaS3Z2S0J1aHZjTWQrMQo4cFR4YVExQjBOa2lQcTZYUW1vUXYvYVM3Yi96OEV2RHFZNUdMbXJydmVMWFJBbFFjT0xXbDRBK21Jek96cUxCCnNhcldjYzB1K0hPdEY2ODVMYkRMOXAvRHB0ZjZXWnpBQWhzUHY5bUhOZi9KOUpxUGRIb3MxQ1JnQTV2S04rTzYKTE1EVDR3djRCc0VhNnhONktFTzNiaFJ3U2U4alVCSUk4ZGsyd2lhNGJYQ1dqTU5aZzBUYUQzOGVTVjFqTmRwbwpzV3Y2SlJwYXNMMmVLMTRES3ZxczNUeXdsSlptOFA2Y1hlYVIxTWhiODdEUXc0bzZVVUQxa3lyTnhaa0IwejAxCmplYWwvamp1VmpIUGp1R2JrQi9Sa3ZFPQotLS0tLUVORCBDRVJUSUZJQ0FURS0tLS0tCg==\n    client-key-data: LS0tLS1CRUdJTiBSU0EgUFJJVkFURSBLRVktLS0tLQpNSUlKS1FJQkFBS0NBZ0VBNVAxNXl6M0FWK1VZL0dVQW5rU2R4UUxsMjZlVFFESklJREtoeWVvYWVzMjJOTy9wCkcwTjJsbGYyOVNGSGZwR0ZRUFFoajBZVGxHV2d3bm5kbG02NGpmd09ZeDFyc1Y3Tnc0WkFibkIrWU9ON3ovL0oKekxhRTNmOWxBcUMvQkR1Z2RtMlV2TXJrUlVNY1oxakQzQUpCbkRHaHl4Wkt2OTBxanQyMXlyZ2VjMzZwS0ZabwpaS2hkYXMrS2ptcncxNmg5b0htOXVzckJsVURjTjIrcXo3aW8yZHM1UWlrMGQwOVFwQTcrbGErenpJc1U4ZlNGCkZpck44QzF6d2N3UlJKSkUybXN3K0JZeS9WU3h1aU15Qm5RODllVlBKRzRQTm9adXBJaEhGVGRGb05MOE8yeWUKSmtLeU9RR3V5dkJnZld1b0FrdEF1cHFwNXN0QStidlI3c056aEFLTGFhdXJnQ2MvbytZY2RIclZoNUtOdUF3dApnSEdnSFhFb2tVN3lqVmsrUFFvSENlMFNGVHdwVlVPbFB1R0R4cGJMbWpFUDF1NXAyYVhFNVZsb09tdHI3bDBwCnIwQmxrN0d4bHl3SHdadE44TnJmbGZacWZ3MjZsWEU1Yk9XOUQ2dEJwV3hsNkhhSUMyQWxQYmttQlhTQ2dzZHgKZFpIMFNoK25Mdjkvc0dCRlVsVzVoYmNHd0ZMcVp2Q1hSeC9jQVpnOUFCcEhnck5OaGxKdUZBdFZxSnJKc2I3bApDVVcxQjVvSWwzci9NT0hOSDFnNUtJVWlOSzlnM2hVUmR1RFFyeFlKRnVmYllTNGZBc09PNmZvZGRremdwa2U3CnNSejkyVmFGQStiSWV1eGlQMkNpTnVIR2N5eFlFZ0pWdng3dElCUW53TWlKTHdiNFdwTmRsRmpYYUJNQ0F3RUEKQVFLQ0FnQVhYSHkyYldCWUZ6bExWb3FQbXZSMWl1d2tVcDVGS0Z3UFhOc0FuRytESThWNDlSalUvVGIxODVkdwpQcXJxa0xJRmhHS0FHV2daOVp4Ryt1UE9XeEZjK3VBRTRKV0NET2YxRUpjMkxTZlhmcDI5QkoxejB4TVBDdVVsCk5YMEhVNFgxVHd5ampoZG5zWWNPVEJIL09nT3ppYVMxOFZwQzVLOVl6K21oK3RLd2ViV01OZlNFZ0dDM2F1RDUKMHBNcmpUYnp6amU2L01CdkY2VGZ5dmFrSm5TamRTZ01SZVBpWUNjYjlhT25aYnQwSEtSUVl0L0krU2oxWGMyMwpjYmc1UktyZGxaM3pVV0IyVTlPbDU3MU14ME1JMnhJTjUyU0o3WUVRTEE4RWJSVWZhU2J1Y1JCWld1aVB4RW91CnpnTXFDSGVsZEVQd1JhTWJ0cFMwWmFMdk51VnIydVVqNk11ZnBGMVY0STZjVG9WdjZBb3piRUVVcE9FaVczK3EKSGpKdVBIbEtTbkEybUU2OVg0MCtMNnNxbVppbGl3dzdKeFlPRS9mazV6ZVVWdWZUTWh6ZGVDZ0hEME1GQWgrZwppNmRlakVrYVhyMU5LODhNS3FQSG0rODR5WHFlcVlqclRPOEtHNVJNV3lCaG9VaUdwQlFyOFpuWURCOEdvT1dGCkVZd3JESEYvUDljQnBZUDFJWlMrTmJPbXVGQ2RHb1dZM2Fac1NjdjI0Mk9MUFdIY0NFOXpld3RtcUNzY0g1MW0KcTltUFBIVng1dTJqc2hPOEd6Y3kyMW5jUU1nQUc1ekFRUVFXTmFyOENkYXdEUXVVS2hkc3NqRFBYZlQveENpcgpxcFM4aVM1QTlrSVBJalU3Rkczd1V3YjhXSmVEZ3cycnR5YmxpSFBuMi9Tei9sL2swUUtDQVFFQTl3V2JaaS9GClZHeDk4VVNadG1LU2ZrNGtiSGtRTnFaN2JibnV1TmVYWUdwN2xxU0hic08rTWxISWlhZmZvRVdsemJubG5rU3gKamY1UWZDenpZdHhWNWg0YjdyZW55RTZIb2Y2MW4wRDRPZWVxeGxSaXFaTTRPMkErVjVEemg4Q25ybG9QSHlnWgo5bk5Sc1gvNXhIV05yQ2JENVhFdlc5Q1M1Z3RkTk5sMm1YRUxsSkRwWk5hcWR0NG1MbG4xdy8waHRKVUJXeFByCmJMeHNMRTdBdXFEUjZ0ZDBWemJtSFkrMzNOc0d2dks2WEVQZW9xazlGU3BlWnlpMi9Tai9xSk5lcFl1b295cWoKVDFWcFFYUzBCYVNsU1VaQ1dib3JyVjNsMUYyRmt0WEF4b1NKL1o3Mm84QUJ0c25WM3FFUDhLTW8yelBibmxhLwo2VUkrZVFYanJaRWdwUUtDQVFFQTdWQVlCTGRlQXZSelRlSjNQOU50M00xRU1mTUxkSkg1djFxQ2dXaUVob096CjFJcjYycHVlalJLdGl5WVo3REdHa2JaRGZuUkRGb1gvbGdKbnpFVG1xdE1wQUgrd3FDMk0rWXNjaXQyRnhuN28KSUFzREtxM0Z1U2txN1BzNktkdnVoNGJXVTVXYUJVK2R3TmZISllwQ0o2cXlWUzZ4cHRJMVJuZlVSeDRmdDM0agpVd2VnRGFwdW9Zd1J6S2pSS3pGTGNCTEVweTdzQ2Z2bThXdVNyN0tRVGtDcDVaMzlwbTZDUUs0MGtEeTk5OWRGCm1JNkVjMitaRDFrN1NmWnJCT3d2SkpGLzBFZG1iWHVua1NrU05BdTVJbWMweGI2dmhrY2hvL3dvTk5lVFp4U0kKYW5wdDh2Y0FjWFU5M1NDYlNXY2pUMFNueTE2L0ZweHh1T24wdEo4UVZ3S0NBUUVBMU9raFN3OXJydHVnSmQ4eAorZEMyWVdVcTRjL3JHSitnRFRCUVFVT1pkd0h3cWlQL2s0bmxtbXVCUkp6TUU5RlVHcURhOS9KUGM0cTZobjBiCi9wN1k3dklPczAvYXJyeDVEVGlFQk5LejRQejc1ZHYvK2hjcFJZd3J6Ny9oRjZZSElURUFqYU03MVg4Sjc4clYKVmU3WWdJUWRIdHJTcmZsMVZCQ0JjcmJwRVZJdFlBMFREZFkwc1NYQ2xQcjI2TWw2VHJLTHE1dmN0Q2tudDN6ZApnejV3RUZGS05vM2NBNmpIR2ZZeXQweHhNbXRSTHJSZU1Lc0hHVFV2bTc3RnROL29tUmxwN2RFblY0N1BuUnBnCnUraHdpbHFqZjhFR09uU1BUdDZZN2JtTlljNEZQZlBRczgwZjdSUEVZaEpDc2U5L25JZnpDR1BQSDliNEQ4bnkKdHJ3Ni9RS0NBUUVBbmVvQU1aTTdVY2dNdWpVS21VUStCUUhxY1RxRDB1d1lQc2NodEs4eUVMaXUvNjREdzFodQpwdjFZMGhGbWlvOWlOckFNTmFkenhSY2h2bGFYYjR3aDJtWnRFRkhuNGVGOXY4aGNFK1BZMHY4N3c2YlFVcVFUCndHU3VsY2VQS3ErWkNFSW5lTE5DTEdxUVZQVEJKaS9jV2J6eXNsQkNFdm9xVFZ3THU4OUYxN3B1RXlBdDF5b2sKT0FlWENKTUZyVEkrT3JPaWZJVnl1Q29Sd1hDTnliQ082aU9KYXF3NVQzaVY0Q2lML2JjTnlsQkxsWHF3bElnYwpWK1JPMmFiS0RCcUdQRlU5c2dEeEhjVjgrZEZVdGFGZmJvOHl4S3RnN1grRDJUVkFJL21Yc3E0dElIMmJrR1BnCnZaOEFyWmEyL3A5TkZjQmZ6NnFhaVpkTTdYbHhSb2ZhUFFLQ0FRQmprekwyZWtQZ2t1RDFmWjhiSjZOUTN6S3oKTTQ0MDNqR01KNE01ZVVVYU52Zk51YjFtNGpOcmhDRDFZa3FRaFAxZkMzWXV6ZDBVMkExcTR6N3Bib09uKytOMgpMNHdGMmlhNjUzM242NnVuV21MRW1GM1pETmdmTG9rQzBsckgwbFFRM1BTUk9hVlBBZGc1RUdTMFBoOTBKODk1CmIyb1NUMTRXQWlYa1pwRnVyb2JlTW82UnV6RzFRaHo0N0pKR2JuUFBQLy91Nks5WDE5b0ZvSllSUDBaSGEyWk8KV1VybHZ3ZjZuT0ptYWRyVVJwL1JCK09PbEFoWCthMytienNTRTF0U2krWVJPMm1LRHJTeWdiQW9yKzF6c3BYdApRQVlZd1BLc2ZmVHRjWEVrbjQwcWR0dWxaMGlVWityOFJWSDFFb0tGeks5UXRndVVTYVhteld3TzRrRHMKLS0tLS1FTkQgUlNBIFBSSVZBVEUgS0VZLS0tLS0K\n    token: ny9n0svc62q7l953ejuybw094pkid0wbvyv78z6vcuz9kq3daa0t9vty9twy58eoyfu8f374ywgt2bwxsdwt1kkst16s80jwgb6xqmmax0jxpdev0ivzh0encvrduqg9\n",
            "kubelet_identity": [
              {
                "client_id": "d33f88ec-c180-450f-affc-705b9b8f1703",
                "object_id": "f023473e-3946-4501-8592-2c4c446334a2",
                "user_assigned_identity_id": "/subscriptions/d94fe338-52d8-4a44-acd4-4f8301adf2cf/resourceGroups/dtf-work-aks-rg/providers/Microsoft.ManagedIdentity/userAssignedIdentities/dtf-work-aks-agentpool"
              }
            ],
            "kubernetes_version": "1.25.6",
            "linux_profile": [],
            "local_account_disabled": false,
            "location": "westeurope",
            "maintenance_window": [],
            "maintenance_window_auto_upgrade": [],
            "maintenance_window_node_os": [],
            "microsoft_defender": [],
            "monitor_metrics": [],
            "name": "dtf-work-aks",
            "network_profile": [
              {
                "dns_service_ip": "10.0.0.10",
                "docker_bridge_cidr": "",
                "ebpf_data_plane": "",
                "ip_versions": [
                  "IPv4"
                ],
                "load_balancer_profile": [
                  {
                    "effective_outbound_ips": [
                      "/subscriptions/d94fe338-52d8-4a44-acd4-4f8301adf2cf/resourceGroups/dtf-work-aks-rg/providers/Microsoft.Network/publicIPAddresses/9243e13a-40cb-41fd-983a-e6e535471258"
                    ],
                    "idle_timeout_in_minutes": 0,
                    "managed_outbound_ip_count": 1,
                    "managed_outbound_ipv6_count": 0,
                    "outbound_ip_address_ids": [],
                    "outbound_ip_prefix_ids": [],
                    "outbound_ports_allocated": 0
                  }
                ],
                "load_balancer_sku": "standard",
                "nat_gateway_profile": [],
                "network_mode": "",
                "network_plugin": "azure",
                "network_plugin_mode": "",
                "network_policy": "",
                "outbound_type": "loadBalancer",
                "pod_cidr": "",
                "pod_cidrs": [],
                "service_cidr": "10.0.0.0/16",
                "service_cidrs": [
                  "10.0.0.0/16"
                ]
              }
            ],
            "node_os_channel_upgrade": null,
            "node_resource_group": "dtf-work-aks-rg",
            "node_resource_group_id": "/subscriptions/d94fe338-52d8-4a44-acd4-4f8301adf2cf/resourceGroups/dtf-work-aks-rg",
            "oidc_issuer_enabled": false,
            "oidc_issuer_url": "",
            "oms_agent": [
              {
                "log_analytics_workspace_id": "/subscriptions/d94fe338-52d8-4a44-acd4-4f8301adf2cf/resourceGroups/dtf-hub/providers/Microsoft.OperationalInsights/workspaces/dtf-hub-log-analytics-workspace",
                "msi_auth_for_monitoring_enabled": false,
                "oms_agent_identity": [
                  {
                    "client_id": "95a6499d-8433-4c3f-86ea-8264bc631b7a",
                    "object_id": "bec3512a-3dae-4e89-9656-676e6eef9e2f",
                    "user_assigned_identity_id": "/subscriptions/d94fe338-52d8-4a44-acd4-4f8301adf2cf/resourcegroups/dtf-work-aks-rg/providers/Microsoft.ManagedIdentity/userAssignedIdentities/omsagent-dtf-work-aks"
                  }
                ]
              }
            ],
            "open_service_mesh_enabled": false,
            "portal_fqdn": "52558bb80fe53d07bea9f2962804c6c0-priv.portal.hcp.westeurope.azmk8s.io",
            "private_cluster_enabled": true,
            "private_cluster_public_fqdn_enabled": false,
            "private_dns_zone_id": "System",
            "private_fqdn": "dtf-work-aks-1whvqhxg.f6b6a981-29f7-4024-9253-f4668340bc82.privatelink.westeurope.azmk8s.io",
            "public_network_access_enabled": true,
            "resource_group_name": "dtf-work-spoke",
            "role_based_access_control_enabled": true,
            "run_command_enabled": true,
            "service_mesh_profile": [],
            "service_principal": [],
            "sku_tier": "Free",
            "storage_profile": [],
            "tags": {
              "CreationDateTime": "2023-07-20T13:24:43.7459370Z",
              "Environment": "Dev"
            },
            "timeouts": null,
            "web_app_routing": [],
            "windows_profile": [
              {
                "admin_password": "",
                "admin_username": "azureuser",
                "gmsa": [],
                "license": ""
              }
            ],
            "workload_autoscaler_profile": [],
            "workload_identity_enabled": false
          },
          "sensitive_attributes": [],
          "private": "eyJlMmJmYjczMC1lY2FhLTExZTYtOGY4OC0zNDM2M2JjN2M0YzAiOnsiY3JlYXRlIjo1NDAwMDAwMDAwMDAwLCJkZWxldGUiOjU0MDAwMDAwMDAwMDAsInJlYWQiOjMwMDAwMDAwMDAwMCwidXBkYXRlIjo1NDAwMDAwMDAwMDAwfSwic2NoZW1hX3ZlcnNpb24iOiIyIn0=",
          "dependencies": [
            "azurerm_resource_group.hub",
            "azurerm_resource_group.work",
            "module.hub_log_analytics.azurerm_log_analytics_workspace.log_analytics",
            "module.work_network_security_groups.azurerm_network_security_group.nsg",
            "module.work_network_security_groups.azurerm_network_security_rule.rules",
            "module.work_network_security_groups.module.nsg_diagnostics.azurerm_monitor_diagnostic_setting.diagnostics",
            "module.work_network_security_groups.module.nsg_diagnostics.data.azurerm_monitor_diagnostic_categories.categories",
            "module.work_route_tables.azurerm_route.routes",
            "module.work_route_tables.azurerm_route_table.rt",
            "module.work_virtual_network.azurerm_subnet.subnets",
            "module.work_virtual_network.azurerm_virtual_network.vnet"
          ]
        }
      ]
    },
    {
      "module": "module.work_aks",
      "mode": "managed",
      "type": "azurerm_role_assignment",
      "name": "acr_role",
      "provider": "provider[\"registry.terraform.io/hashicorp/azurerm\"]",
      "instances": [
        {
          "index_key": 0,
          "schema_version": 0,
          "attributes": {
            "condition": "",
            "condition_version": "",
            "delegated_managed_identity_resource_id": "",
            "description": "",
            "id": "/subscriptions/d94fe338-52d8-4a44-acd4-4f8301adf2cf/resourceGroups/dtf-hub/providers/Microsoft.ContainerRegistry/registries/dtfhubacr/providers/Microsoft.Authorization/roleAssignments/86abc8b3-5acb-9d7a-8fe4-3d69382fcff9",
            "name": "86abc8b3-5acb-9d7a-8fe4-3d69382fcff9",
            "principal_id": "f023473e-3946-4501-8592-2c4c446334a2",
            "principal_type": "ServicePrincipal",
            "role_definition_id": "/subscriptions/d94fe338-52d8-4a44-acd4-4f8301adf2cf/providers/Microsoft.Authorization/roleDefinitions/7f951dda-4ed3-4680-a7ca-43fe172d538d",
            "role_definition_name": "AcrPull",
            "scope": "/subscriptions/d94fe338-52d8-4a44-acd4-4f8301adf2cf/resourceGroups/dtf-hub/providers/Microsoft.ContainerRegistry/registries/dtfhubacr",
            "skip_service_principal_aad_check": null,
            "timeouts": null
          },
          "sensitive_attributes": [],
          "private": "eyJlMmJmYjczMC1lY2FhLTExZTYtOGY4OC0zNDM2M2JjN2M0YzAiOnsiY3JlYXRlIjoxODAwMDAwMDAwMDAwLCJkZWxldGUiOjE4MDAwMDAwMDAwMDAsInJlYWQiOjMwMDAwMDAwMDAwMCwidXBkYXRlIjoxODAwMDAwMDAwMDAwfX0=",
          "dependencies": [
            "azurerm_container_registry.hub_acr",
            "azurerm_resource_group.hub",
            "azurerm_resource_group.work",
            "module.hub_log_analytics.azurerm_log_analytics_workspace.log_analytics",
            "module.work_aks.azurerm_kubernetes_cluster.aks",
            "module.work_network_security_groups.azurerm_network_security_group.nsg",
            "module.work_network_security_groups.azurerm_network_security_rule.rules",
            "module.work_network_security_groups.module.nsg_diagnostics.azurerm_monitor_diagnostic_setting.diagnostics",
            "module.work_network_security_groups.module.nsg_diagnostics.data.azurerm_monitor_diagnostic_categories.categories",
            "module.work_route_tables.azurerm_route.routes",
            "module.work_route_tables.azurerm_route_table.rt",
            "module.work_virtual_network.azurerm_subnet.subnets",
            "module.work_virtual_network.azurerm_virtual_network.vnet"
          ]
        }
      ]
    },
    {
      "module": "module.work_aks.module.aks_diagnostics[0]",
      "mode": "data",
      "type": "azurerm_monitor_diagnostic_categories",
      "name": "categories",
      "provider": "provider[\"registry.terraform.io/hashicorp/azurerm\"]",
      "instances": [
        {
          "schema_version": 0,
          "attributes": {
            "id": "/subscriptions/d94fe338-52d8-4a44-acd4-4f8301adf2cf/resourceGroups/dtf-work-spoke/providers/Microsoft.ContainerService/managedClusters/dtf-work-aks",
            "log_category_groups": [
              "allLogs",
              "audit"
            ],
            "log_category_types": [
              "cloud-controller-manager",
              "cluster-autoscaler",
              "csi-azuredisk-controller",
              "csi-azurefile-controller",
              "csi-snapshot-controller",
              "guard",
              "kube-apiserver",
              "kube-audit",
              "kube-audit-admin",
              "kube-controller-manager",
              "kube-scheduler"
            ],
            "logs": [
              "cloud-controller-manager",
              "cluster-autoscaler",
              "csi-azuredisk-controller",
              "csi-azurefile-controller",
              "csi-snapshot-controller",
              "guard",
              "kube-apiserver",
              "kube-audit",
              "kube-audit-admin",
              "kube-controller-manager",
              "kube-scheduler"
            ],
            "metrics": [
              "AllMetrics"
            ],
            "resource_id": "/subscriptions/d94fe338-52d8-4a44-acd4-4f8301adf2cf/resourceGroups/dtf-work-spoke/providers/Microsoft.ContainerService/managedClusters/dtf-work-aks",
            "timeouts": null
          },
          "sensitive_attributes": []
        }
      ]
    },
    {
      "module": "module.work_aks.module.aks_diagnostics[0]",
      "mode": "managed",
      "type": "azurerm_monitor_diagnostic_setting",
      "name": "diagnostics",
      "provider": "provider[\"registry.terraform.io/hashicorp/azurerm\"]",
      "instances": [
        {
          "schema_version": 0,
          "attributes": {
            "enabled_log": [
              {
                "category": "cloud-controller-manager",
                "category_group": "",
                "retention_policy": [
                  {
                    "days": 0,
                    "enabled": false
                  }
                ]
              },
              {
                "category": "cluster-autoscaler",
                "category_group": "",
                "retention_policy": [
                  {
                    "days": 0,
                    "enabled": false
                  }
                ]
              },
              {
                "category": "csi-azuredisk-controller",
                "category_group": "",
                "retention_policy": [
                  {
                    "days": 0,
                    "enabled": false
                  }
                ]
              },
              {
                "category": "csi-azurefile-controller",
                "category_group": "",
                "retention_policy": [
                  {
                    "days": 0,
                    "enabled": false
                  }
                ]
              },
              {
                "category": "csi-snapshot-controller",
                "category_group": "",
                "retention_policy": [
                  {
                    "days": 0,
                    "enabled": false
                  }
                ]
              },
              {
                "category": "guard",
                "category_group": "",
                "retention_policy": [
                  {
                    "days": 0,
                    "enabled": false
                  }
                ]
              },
              {
                "category": "kube-apiserver",
                "category_group": "",
                "retention_policy": [
                  {
                    "days": 0,
                    "enabled": false
                  }
                ]
              },
              {
                "category": "kube-audit",
                "category_group": "",
                "retention_policy": [
                  {
                    "days": 0,
                    "enabled": false
                  }
                ]
              },
              {
                "category": "kube-audit-admin",
                "category_group": "",
                "retention_policy": [
                  {
                    "days": 0,
                    "enabled": false
                  }
                ]
              },
              {
                "category": "kube-controller-manager",
                "category_group": "",
                "retention_policy": [
                  {
                    "days": 0,
                    "enabled": false
                  }
                ]
              },
              {
                "category": "kube-scheduler",
                "category_group": "",
                "retention_policy": [
                  {
                    "days": 0,
                    "enabled": false
                  }
                ]
              }
            ],
            "eventhub_authorization_rule_id": "",
            "eventhub_name": "",
            "id": "/subscriptions/d94fe338-52d8-4a44-acd4-4f8301adf2cf/resourceGroups/dtf-work-spoke/providers/Microsoft.ContainerService/managedClusters/dtf-work-aks|aks-diagnostics",
            "log": [
              {
                "category": "cloud-controller-manager",
                "category_group": "",
                "enabled": true,
                "retention_policy": [
                  {
                    "days": 0,
                    "enabled": false
                  }
                ]
              },
              {
                "category": "cluster-autoscaler",
                "category_group": "",
                "enabled": true,
                "retention_policy": [
                  {
                    "days": 0,
                    "enabled": false
                  }
                ]
              },
              {
                "category": "csi-azuredisk-controller",
                "category_group": "",
                "enabled": true,
                "retention_policy": [
                  {
                    "days": 0,
                    "enabled": false
                  }
                ]
              },
              {
                "category": "csi-azurefile-controller",
                "category_group": "",
                "enabled": true,
                "retention_policy": [
                  {
                    "days": 0,
                    "enabled": false
                  }
                ]
              },
              {
                "category": "csi-snapshot-controller",
                "category_group": "",
                "enabled": true,
                "retention_policy": [
                  {
                    "days": 0,
                    "enabled": false
                  }
                ]
              },
              {
                "category": "guard",
                "category_group": "",
                "enabled": true,
                "retention_policy": [
                  {
                    "days": 0,
                    "enabled": false
                  }
                ]
              },
              {
                "category": "kube-apiserver",
                "category_group": "",
                "enabled": true,
                "retention_policy": [
                  {
                    "days": 0,
                    "enabled": false
                  }
                ]
              },
              {
                "category": "kube-audit",
                "category_group": "",
                "enabled": true,
                "retention_policy": [
                  {
                    "days": 0,
                    "enabled": false
                  }
                ]
              },
              {
                "category": "kube-audit-admin",
                "category_group": "",
                "enabled": true,
                "retention_policy": [
                  {
                    "days": 0,
                    "enabled": false
                  }
                ]
              },
              {
                "category": "kube-controller-manager",
                "category_group": "",
                "enabled": true,
                "retention_policy": [
                  {
                    "days": 0,
                    "enabled": false
                  }
                ]
              },
              {
                "category": "kube-scheduler",
                "category_group": "",
                "enabled": true,
                "retention_policy": [
                  {
                    "days": 0,
                    "enabled": false
                  }
                ]
              }
            ],
            "log_analytics_destination_type": "",
            "log_analytics_workspace_id": "/subscriptions/d94fe338-52d8-4a44-acd4-4f8301adf2cf/resourceGroups/dtf-hub/providers/Microsoft.OperationalInsights/workspaces/dtf-hub-log-analytics-workspace",
            "metric": [
              {
                "category": "AllMetrics",
                "enabled": true,
                "retention_policy": [
                  {
                    "days": 0,
                    "enabled": false
                  }
                ]
              }
            ],
            "name": "aks-diagnostics",
            "partner_solution_id": null,
            "storage_account_id": null,
            "target_resource_id": "/subscriptions/d94fe338-52d8-4a44-acd4-4f8301adf2cf/resourceGroups/dtf-work-spoke/providers/Microsoft.ContainerService/managedClusters/dtf-work-aks",
            "timeouts": null
          },
          "sensitive_attributes": [],
          "private": "eyJlMmJmYjczMC1lY2FhLTExZTYtOGY4OC0zNDM2M2JjN2M0YzAiOnsiY3JlYXRlIjoxODAwMDAwMDAwMDAwLCJkZWxldGUiOjM2MDAwMDAwMDAwMDAsInJlYWQiOjMwMDAwMDAwMDAwMCwidXBkYXRlIjoxODAwMDAwMDAwMDAwfX0=",
          "dependencies": [
            "azurerm_resource_group.hub",
            "azurerm_resource_group.work",
            "module.hub_log_analytics.azurerm_log_analytics_workspace.log_analytics",
            "module.work_aks.azurerm_kubernetes_cluster.aks",
            "module.work_aks.module.aks_diagnostics.data.azurerm_monitor_diagnostic_categories.categories",
            "module.work_network_security_groups.azurerm_network_security_group.nsg",
            "module.work_network_security_groups.azurerm_network_security_rule.rules",
            "module.work_network_security_groups.module.nsg_diagnostics.azurerm_monitor_diagnostic_setting.diagnostics",
            "module.work_network_security_groups.module.nsg_diagnostics.data.azurerm_monitor_diagnostic_categories.categories",
            "module.work_route_tables.azurerm_route.routes",
            "module.work_route_tables.azurerm_route_table.rt",
            "module.work_virtual_network.azurerm_subnet.subnets",
            "module.work_virtual_network.azurerm_virtual_network.vnet"
          ]
        }
      ]
    },
    {
      "module": "module.work_network_security_groups[\"work-AKSSubnet-nsg\"]",
      "mode": "managed",
      "type": "azurerm_network_security_group",
      "name": "nsg",
      "provider": "provider[\"registry.terraform.io/hashicorp/azurerm\"]",
      "instances": [
        {
          "schema_version": 0,
          "attributes": {
            "id": "/subscriptions/d94fe338-52d8-4a44-acd4-4f8301adf2cf/resourceGroups/dtf-work-spoke/providers/Microsoft.Network/networkSecurityGroups/work-AKSSubnet-nsg",
            "location": "westeurope",
            "name": "work-AKSSubnet-nsg",
            "resource_group_name": "dtf-work-spoke",
            "security_rule": [],
            "tags": {
              "CreationDateTime": "2023-07-20T07:36:22.7389433Z",
              "Environment": "Dev"
            },
            "timeouts": null
          },
          "sensitive_attributes": [],
          "private": "eyJlMmJmYjczMC1lY2FhLTExZTYtOGY4OC0zNDM2M2JjN2M0YzAiOnsiY3JlYXRlIjoxODAwMDAwMDAwMDAwLCJkZWxldGUiOjE4MDAwMDAwMDAwMDAsInJlYWQiOjMwMDAwMDAwMDAwMCwidXBkYXRlIjoxODAwMDAwMDAwMDAwfX0=",
          "dependencies": [
            "azurerm_resource_group.work"
          ]
        }
      ]
    },
    {
      "module": "module.work_network_security_groups[\"work-AKSSubnet-nsg\"].module.nsg_diagnostics[0]",
      "mode": "data",
      "type": "azurerm_monitor_diagnostic_categories",
      "name": "categories",
      "provider": "provider[\"registry.terraform.io/hashicorp/azurerm\"]",
      "instances": [
        {
          "schema_version": 0,
          "attributes": {
            "id": "/subscriptions/d94fe338-52d8-4a44-acd4-4f8301adf2cf/resourceGroups/dtf-work-spoke/providers/Microsoft.Network/networkSecurityGroups/work-AKSSubnet-nsg",
            "log_category_groups": [
              "allLogs"
            ],
            "log_category_types": [
              "NetworkSecurityGroupEvent",
              "NetworkSecurityGroupRuleCounter"
            ],
            "logs": [
              "NetworkSecurityGroupEvent",
              "NetworkSecurityGroupRuleCounter"
            ],
            "metrics": [],
            "resource_id": "/subscriptions/d94fe338-52d8-4a44-acd4-4f8301adf2cf/resourceGroups/dtf-work-spoke/providers/Microsoft.Network/networkSecurityGroups/work-AKSSubnet-nsg",
            "timeouts": null
          },
          "sensitive_attributes": []
        }
      ]
    },
    {
      "module": "module.work_network_security_groups[\"work-AKSSubnet-nsg\"].module.nsg_diagnostics[0]",
      "mode": "managed",
      "type": "azurerm_monitor_diagnostic_setting",
      "name": "diagnostics",
      "provider": "provider[\"registry.terraform.io/hashicorp/azurerm\"]",
      "instances": [
        {
          "schema_version": 0,
          "attributes": {
            "enabled_log": [
              {
                "category": "NetworkSecurityGroupEvent",
                "category_group": "",
                "retention_policy": [
                  {
                    "days": 0,
                    "enabled": false
                  }
                ]
              },
              {
                "category": "NetworkSecurityGroupRuleCounter",
                "category_group": "",
                "retention_policy": [
                  {
                    "days": 0,
                    "enabled": false
                  }
                ]
              }
            ],
            "eventhub_authorization_rule_id": "",
            "eventhub_name": "",
            "id": "/subscriptions/d94fe338-52d8-4a44-acd4-4f8301adf2cf/resourceGroups/dtf-work-spoke/providers/Microsoft.Network/networkSecurityGroups/work-AKSSubnet-nsg|network-security-group-diagnostics",
            "log": [
              {
                "category": "NetworkSecurityGroupEvent",
                "category_group": "",
                "enabled": true,
                "retention_policy": [
                  {
                    "days": 0,
                    "enabled": false
                  }
                ]
              },
              {
                "category": "NetworkSecurityGroupRuleCounter",
                "category_group": "",
                "enabled": true,
                "retention_policy": [
                  {
                    "days": 0,
                    "enabled": false
                  }
                ]
              }
            ],
            "log_analytics_destination_type": "",
            "log_analytics_workspace_id": "/subscriptions/d94fe338-52d8-4a44-acd4-4f8301adf2cf/resourceGroups/dtf-hub/providers/Microsoft.OperationalInsights/workspaces/dtf-hub-log-analytics-workspace",
            "metric": [],
            "name": "network-security-group-diagnostics",
            "partner_solution_id": null,
            "storage_account_id": null,
            "target_resource_id": "/subscriptions/d94fe338-52d8-4a44-acd4-4f8301adf2cf/resourceGroups/dtf-work-spoke/providers/Microsoft.Network/networkSecurityGroups/work-AKSSubnet-nsg",
            "timeouts": null
          },
          "sensitive_attributes": [],
          "private": "eyJlMmJmYjczMC1lY2FhLTExZTYtOGY4OC0zNDM2M2JjN2M0YzAiOnsiY3JlYXRlIjoxODAwMDAwMDAwMDAwLCJkZWxldGUiOjM2MDAwMDAwMDAwMDAsInJlYWQiOjMwMDAwMDAwMDAwMCwidXBkYXRlIjoxODAwMDAwMDAwMDAwfX0=",
          "dependencies": [
            "azurerm_resource_group.hub",
            "azurerm_resource_group.work",
            "module.hub_log_analytics.azurerm_log_analytics_workspace.log_analytics",
            "module.work_network_security_groups.azurerm_network_security_group.nsg",
            "module.work_network_security_groups.module.nsg_diagnostics.data.azurerm_monitor_diagnostic_categories.categories"
          ]
        }
      ]
    },
    {
      "module": "module.work_network_security_groups[\"work-StorageSubnet-nsg\"]",
      "mode": "managed",
      "type": "azurerm_network_security_group",
      "name": "nsg",
      "provider": "provider[\"registry.terraform.io/hashicorp/azurerm\"]",
      "instances": [
        {
          "schema_version": 0,
          "attributes": {
            "id": "/subscriptions/d94fe338-52d8-4a44-acd4-4f8301adf2cf/resourceGroups/dtf-work-spoke/providers/Microsoft.Network/networkSecurityGroups/work-StorageSubnet-nsg",
            "location": "westeurope",
            "name": "work-StorageSubnet-nsg",
            "resource_group_name": "dtf-work-spoke",
            "security_rule": [
              {
                "access": "Allow",
                "description": "",
                "destination_address_prefix": "*",
                "destination_address_prefixes": [],
                "destination_application_security_group_ids": [],
                "destination_port_range": "*",
                "destination_port_ranges": [],
                "direction": "Inbound",
                "name": "allow-work-subnet",
                "priority": 200,
                "protocol": "*",
                "source_address_prefix": "10.1.0.0/24",
                "source_address_prefixes": [],
                "source_application_security_group_ids": [],
                "source_port_range": "*",
                "source_port_ranges": []
              },
              {
                "access": "Deny",
                "description": "",
                "destination_address_prefix": "*",
                "destination_address_prefixes": [],
                "destination_application_security_group_ids": [],
                "destination_port_range": "*",
                "destination_port_ranges": [],
                "direction": "Inbound",
                "name": "deny-everything",
                "priority": 300,
                "protocol": "*",
                "source_address_prefix": "*",
                "source_address_prefixes": [],
                "source_application_security_group_ids": [],
                "source_port_range": "*",
                "source_port_ranges": []
              }
            ],
            "tags": {
              "CreationDateTime": "2023-07-20T07:36:24.3549592Z",
              "Environment": "Dev"
            },
            "timeouts": null
          },
          "sensitive_attributes": [],
          "private": "eyJlMmJmYjczMC1lY2FhLTExZTYtOGY4OC0zNDM2M2JjN2M0YzAiOnsiY3JlYXRlIjoxODAwMDAwMDAwMDAwLCJkZWxldGUiOjE4MDAwMDAwMDAwMDAsInJlYWQiOjMwMDAwMDAwMDAwMCwidXBkYXRlIjoxODAwMDAwMDAwMDAwfX0=",
          "dependencies": [
            "azurerm_resource_group.work"
          ]
        }
      ]
    },
    {
      "module": "module.work_network_security_groups[\"work-StorageSubnet-nsg\"]",
      "mode": "managed",
      "type": "azurerm_network_security_rule",
      "name": "rules",
      "provider": "provider[\"registry.terraform.io/hashicorp/azurerm\"]",
      "instances": [
        {
          "index_key": "allow-work-subnet",
          "schema_version": 0,
          "attributes": {
            "access": "Allow",
            "description": "",
            "destination_address_prefix": "*",
            "destination_address_prefixes": [],
            "destination_application_security_group_ids": [],
            "destination_port_range": "*",
            "destination_port_ranges": [],
            "direction": "Inbound",
            "id": "/subscriptions/d94fe338-52d8-4a44-acd4-4f8301adf2cf/resourceGroups/dtf-work-spoke/providers/Microsoft.Network/networkSecurityGroups/work-StorageSubnet-nsg/securityRules/allow-work-subnet",
            "name": "allow-work-subnet",
            "network_security_group_name": "work-StorageSubnet-nsg",
            "priority": 200,
            "protocol": "*",
            "resource_group_name": "dtf-work-spoke",
            "source_address_prefix": "10.1.0.0/24",
            "source_address_prefixes": [],
            "source_application_security_group_ids": [],
            "source_port_range": "*",
            "source_port_ranges": [],
            "timeouts": null
          },
          "sensitive_attributes": [],
          "private": "eyJlMmJmYjczMC1lY2FhLTExZTYtOGY4OC0zNDM2M2JjN2M0YzAiOnsiY3JlYXRlIjoxODAwMDAwMDAwMDAwLCJkZWxldGUiOjE4MDAwMDAwMDAwMDAsInJlYWQiOjMwMDAwMDAwMDAwMCwidXBkYXRlIjoxODAwMDAwMDAwMDAwfX0=",
          "dependencies": [
            "azurerm_resource_group.work",
            "module.work_network_security_groups.azurerm_network_security_group.nsg"
          ]
        },
        {
          "index_key": "deny-everything",
          "schema_version": 0,
          "attributes": {
            "access": "Deny",
            "description": "",
            "destination_address_prefix": "*",
            "destination_address_prefixes": [],
            "destination_application_security_group_ids": [],
            "destination_port_range": "*",
            "destination_port_ranges": [],
            "direction": "Inbound",
            "id": "/subscriptions/d94fe338-52d8-4a44-acd4-4f8301adf2cf/resourceGroups/dtf-work-spoke/providers/Microsoft.Network/networkSecurityGroups/work-StorageSubnet-nsg/securityRules/deny-everything",
            "name": "deny-everything",
            "network_security_group_name": "work-StorageSubnet-nsg",
            "priority": 300,
            "protocol": "*",
            "resource_group_name": "dtf-work-spoke",
            "source_address_prefix": "*",
            "source_address_prefixes": [],
            "source_application_security_group_ids": [],
            "source_port_range": "*",
            "source_port_ranges": [],
            "timeouts": null
          },
          "sensitive_attributes": [],
          "private": "eyJlMmJmYjczMC1lY2FhLTExZTYtOGY4OC0zNDM2M2JjN2M0YzAiOnsiY3JlYXRlIjoxODAwMDAwMDAwMDAwLCJkZWxldGUiOjE4MDAwMDAwMDAwMDAsInJlYWQiOjMwMDAwMDAwMDAwMCwidXBkYXRlIjoxODAwMDAwMDAwMDAwfX0=",
          "dependencies": [
            "azurerm_resource_group.work",
            "module.work_network_security_groups.azurerm_network_security_group.nsg"
          ]
        }
      ]
    },
    {
      "module": "module.work_network_security_groups[\"work-StorageSubnet-nsg\"].module.nsg_diagnostics[0]",
      "mode": "data",
      "type": "azurerm_monitor_diagnostic_categories",
      "name": "categories",
      "provider": "provider[\"registry.terraform.io/hashicorp/azurerm\"]",
      "instances": [
        {
          "schema_version": 0,
          "attributes": {
            "id": "/subscriptions/d94fe338-52d8-4a44-acd4-4f8301adf2cf/resourceGroups/dtf-work-spoke/providers/Microsoft.Network/networkSecurityGroups/work-StorageSubnet-nsg",
            "log_category_groups": [
              "allLogs"
            ],
            "log_category_types": [
              "NetworkSecurityGroupEvent",
              "NetworkSecurityGroupRuleCounter"
            ],
            "logs": [
              "NetworkSecurityGroupEvent",
              "NetworkSecurityGroupRuleCounter"
            ],
            "metrics": [],
            "resource_id": "/subscriptions/d94fe338-52d8-4a44-acd4-4f8301adf2cf/resourceGroups/dtf-work-spoke/providers/Microsoft.Network/networkSecurityGroups/work-StorageSubnet-nsg",
            "timeouts": null
          },
          "sensitive_attributes": []
        }
      ]
    },
    {
      "module": "module.work_network_security_groups[\"work-StorageSubnet-nsg\"].module.nsg_diagnostics[0]",
      "mode": "managed",
      "type": "azurerm_monitor_diagnostic_setting",
      "name": "diagnostics",
      "provider": "provider[\"registry.terraform.io/hashicorp/azurerm\"]",
      "instances": [
        {
          "schema_version": 0,
          "attributes": {
            "enabled_log": [
              {
                "category": "NetworkSecurityGroupEvent",
                "category_group": "",
                "retention_policy": [
                  {
                    "days": 0,
                    "enabled": false
                  }
                ]
              },
              {
                "category": "NetworkSecurityGroupRuleCounter",
                "category_group": "",
                "retention_policy": [
                  {
                    "days": 0,
                    "enabled": false
                  }
                ]
              }
            ],
            "eventhub_authorization_rule_id": "",
            "eventhub_name": "",
            "id": "/subscriptions/d94fe338-52d8-4a44-acd4-4f8301adf2cf/resourceGroups/dtf-work-spoke/providers/Microsoft.Network/networkSecurityGroups/work-StorageSubnet-nsg|network-security-group-diagnostics",
            "log": [
              {
                "category": "NetworkSecurityGroupEvent",
                "category_group": "",
                "enabled": true,
                "retention_policy": [
                  {
                    "days": 0,
                    "enabled": false
                  }
                ]
              },
              {
                "category": "NetworkSecurityGroupRuleCounter",
                "category_group": "",
                "enabled": true,
                "retention_policy": [
                  {
                    "days": 0,
                    "enabled": false
                  }
                ]
              }
            ],
            "log_analytics_destination_type": "",
            "log_analytics_workspace_id": "/subscriptions/d94fe338-52d8-4a44-acd4-4f8301adf2cf/resourceGroups/dtf-hub/providers/Microsoft.OperationalInsights/workspaces/dtf-hub-log-analytics-workspace",
            "metric": [],
            "name": "network-security-group-diagnostics",
            "partner_solution_id": null,
            "storage_account_id": null,
            "target_resource_id": "/subscriptions/d94fe338-52d8-4a44-acd4-4f8301adf2cf/resourceGroups/dtf-work-spoke/providers/Microsoft.Network/networkSecurityGroups/work-StorageSubnet-nsg",
            "timeouts": null
          },
          "sensitive_attributes": [],
          "private": "eyJlMmJmYjczMC1lY2FhLTExZTYtOGY4OC0zNDM2M2JjN2M0YzAiOnsiY3JlYXRlIjoxODAwMDAwMDAwMDAwLCJkZWxldGUiOjM2MDAwMDAwMDAwMDAsInJlYWQiOjMwMDAwMDAwMDAwMCwidXBkYXRlIjoxODAwMDAwMDAwMDAwfX0=",
          "dependencies": [
            "azurerm_resource_group.hub",
            "azurerm_resource_group.work",
            "module.hub_log_analytics.azurerm_log_analytics_workspace.log_analytics",
            "module.work_network_security_groups.azurerm_network_security_group.nsg",
            "module.work_network_security_groups.module.nsg_diagnostics.data.azurerm_monitor_diagnostic_categories.categories"
          ]
        }
      ]
    },
    {
      "module": "module.work_network_security_groups[\"work-WorkSubnet-nsg\"]",
      "mode": "managed",
      "type": "azurerm_network_security_group",
      "name": "nsg",
      "provider": "provider[\"registry.terraform.io/hashicorp/azurerm\"]",
      "instances": [
        {
          "schema_version": 0,
          "attributes": {
            "id": "/subscriptions/d94fe338-52d8-4a44-acd4-4f8301adf2cf/resourceGroups/dtf-work-spoke/providers/Microsoft.Network/networkSecurityGroups/work-WorkSubnet-nsg",
            "location": "westeurope",
            "name": "work-WorkSubnet-nsg",
            "resource_group_name": "dtf-work-spoke",
            "security_rule": [],
            "tags": {
              "CreationDateTime": "2023-07-20T07:36:22.7960686Z",
              "Environment": "Dev"
            },
            "timeouts": null
          },
          "sensitive_attributes": [],
          "private": "eyJlMmJmYjczMC1lY2FhLTExZTYtOGY4OC0zNDM2M2JjN2M0YzAiOnsiY3JlYXRlIjoxODAwMDAwMDAwMDAwLCJkZWxldGUiOjE4MDAwMDAwMDAwMDAsInJlYWQiOjMwMDAwMDAwMDAwMCwidXBkYXRlIjoxODAwMDAwMDAwMDAwfX0=",
          "dependencies": [
            "azurerm_resource_group.work"
          ]
        }
      ]
    },
    {
      "module": "module.work_network_security_groups[\"work-WorkSubnet-nsg\"].module.nsg_diagnostics[0]",
      "mode": "data",
      "type": "azurerm_monitor_diagnostic_categories",
      "name": "categories",
      "provider": "provider[\"registry.terraform.io/hashicorp/azurerm\"]",
      "instances": [
        {
          "schema_version": 0,
          "attributes": {
            "id": "/subscriptions/d94fe338-52d8-4a44-acd4-4f8301adf2cf/resourceGroups/dtf-work-spoke/providers/Microsoft.Network/networkSecurityGroups/work-WorkSubnet-nsg",
            "log_category_groups": [
              "allLogs"
            ],
            "log_category_types": [
              "NetworkSecurityGroupEvent",
              "NetworkSecurityGroupRuleCounter"
            ],
            "logs": [
              "NetworkSecurityGroupEvent",
              "NetworkSecurityGroupRuleCounter"
            ],
            "metrics": [],
            "resource_id": "/subscriptions/d94fe338-52d8-4a44-acd4-4f8301adf2cf/resourceGroups/dtf-work-spoke/providers/Microsoft.Network/networkSecurityGroups/work-WorkSubnet-nsg",
            "timeouts": null
          },
          "sensitive_attributes": []
        }
      ]
    },
    {
      "module": "module.work_network_security_groups[\"work-WorkSubnet-nsg\"].module.nsg_diagnostics[0]",
      "mode": "managed",
      "type": "azurerm_monitor_diagnostic_setting",
      "name": "diagnostics",
      "provider": "provider[\"registry.terraform.io/hashicorp/azurerm\"]",
      "instances": [
        {
          "schema_version": 0,
          "attributes": {
            "enabled_log": [
              {
                "category": "NetworkSecurityGroupEvent",
                "category_group": "",
                "retention_policy": [
                  {
                    "days": 0,
                    "enabled": false
                  }
                ]
              },
              {
                "category": "NetworkSecurityGroupRuleCounter",
                "category_group": "",
                "retention_policy": [
                  {
                    "days": 0,
                    "enabled": false
                  }
                ]
              }
            ],
            "eventhub_authorization_rule_id": "",
            "eventhub_name": "",
            "id": "/subscriptions/d94fe338-52d8-4a44-acd4-4f8301adf2cf/resourceGroups/dtf-work-spoke/providers/Microsoft.Network/networkSecurityGroups/work-WorkSubnet-nsg|network-security-group-diagnostics",
            "log": [
              {
                "category": "NetworkSecurityGroupEvent",
                "category_group": "",
                "enabled": true,
                "retention_policy": [
                  {
                    "days": 0,
                    "enabled": false
                  }
                ]
              },
              {
                "category": "NetworkSecurityGroupRuleCounter",
                "category_group": "",
                "enabled": true,
                "retention_policy": [
                  {
                    "days": 0,
                    "enabled": false
                  }
                ]
              }
            ],
            "log_analytics_destination_type": "",
            "log_analytics_workspace_id": "/subscriptions/d94fe338-52d8-4a44-acd4-4f8301adf2cf/resourceGroups/dtf-hub/providers/Microsoft.OperationalInsights/workspaces/dtf-hub-log-analytics-workspace",
            "metric": [],
            "name": "network-security-group-diagnostics",
            "partner_solution_id": null,
            "storage_account_id": null,
            "target_resource_id": "/subscriptions/d94fe338-52d8-4a44-acd4-4f8301adf2cf/resourceGroups/dtf-work-spoke/providers/Microsoft.Network/networkSecurityGroups/work-WorkSubnet-nsg",
            "timeouts": null
          },
          "sensitive_attributes": [],
          "private": "eyJlMmJmYjczMC1lY2FhLTExZTYtOGY4OC0zNDM2M2JjN2M0YzAiOnsiY3JlYXRlIjoxODAwMDAwMDAwMDAwLCJkZWxldGUiOjM2MDAwMDAwMDAwMDAsInJlYWQiOjMwMDAwMDAwMDAwMCwidXBkYXRlIjoxODAwMDAwMDAwMDAwfX0=",
          "dependencies": [
            "azurerm_resource_group.hub",
            "azurerm_resource_group.work",
            "module.hub_log_analytics.azurerm_log_analytics_workspace.log_analytics",
            "module.work_network_security_groups.azurerm_network_security_group.nsg",
            "module.work_network_security_groups.module.nsg_diagnostics.data.azurerm_monitor_diagnostic_categories.categories"
          ]
        }
      ]
    },
    {
      "module": "module.work_private_storage",
      "mode": "managed",
      "type": "azurerm_storage_account",
      "name": "storage",
      "provider": "provider[\"registry.terraform.io/hashicorp/azurerm\"]",
      "instances": [
        {
          "schema_version": 4,
          "attributes": {
            "access_tier": "Hot",
            "account_kind": "StorageV2",
            "account_replication_type": "LRS",
            "account_tier": "Standard",
            "allow_nested_items_to_be_public": true,
            "allowed_copy_scope": "",
            "azure_files_authentication": [],
            "blob_properties": [
              {
                "change_feed_enabled": false,
                "change_feed_retention_in_days": 0,
                "container_delete_retention_policy": [],
                "cors_rule": [],
                "default_service_version": "",
                "delete_retention_policy": [],
                "last_access_time_enabled": false,
                "restore_policy": [],
                "versioning_enabled": false
              }
            ],
            "cross_tenant_replication_enabled": true,
            "custom_domain": [],
            "customer_managed_key": [],
            "default_to_oauth_authentication": false,
            "edge_zone": "",
            "enable_https_traffic_only": true,
            "id": "/subscriptions/d94fe338-52d8-4a44-acd4-4f8301adf2cf/resourceGroups/dtf-work-spoke/providers/Microsoft.Storage/storageAccounts/dtfworkstorage",
            "identity": [],
            "immutability_policy": [],
            "infrastructure_encryption_enabled": false,
            "is_hns_enabled": false,
            "large_file_share_enabled": null,
            "location": "westeurope",
            "min_tls_version": "TLS1_2",
            "name": "dtfworkstorage",
            "network_rules": [
              {
                "bypass": [
                  "AzureServices"
                ],
                "default_action": "Allow",
                "ip_rules": [],
                "private_link_access": [],
                "virtual_network_subnet_ids": []
              }
            ],
            "nfsv3_enabled": false,
            "primary_access_key": "MNvCIeo/oQk0fOBDUsW0J3tFvrc7TE6fOJCTr4ZCMtB6YWL1TxWfTlhlV3w2wQeDl8842ZKMZCt++AStbYtMoA==",
            "primary_blob_connection_string": "DefaultEndpointsProtocol=https;BlobEndpoint=https://dtfworkstorage.blob.core.windows.net/;AccountName=dtfworkstorage;AccountKey=MNvCIeo/oQk0fOBDUsW0J3tFvrc7TE6fOJCTr4ZCMtB6YWL1TxWfTlhlV3w2wQeDl8842ZKMZCt++AStbYtMoA==",
            "primary_blob_endpoint": "https://dtfworkstorage.blob.core.windows.net/",
            "primary_blob_host": "dtfworkstorage.blob.core.windows.net",
            "primary_connection_string": "DefaultEndpointsProtocol=https;AccountName=dtfworkstorage;AccountKey=MNvCIeo/oQk0fOBDUsW0J3tFvrc7TE6fOJCTr4ZCMtB6YWL1TxWfTlhlV3w2wQeDl8842ZKMZCt++AStbYtMoA==;EndpointSuffix=core.windows.net",
            "primary_dfs_endpoint": "https://dtfworkstorage.dfs.core.windows.net/",
            "primary_dfs_host": "dtfworkstorage.dfs.core.windows.net",
            "primary_file_endpoint": "https://dtfworkstorage.file.core.windows.net/",
            "primary_file_host": "dtfworkstorage.file.core.windows.net",
            "primary_location": "westeurope",
            "primary_queue_endpoint": "https://dtfworkstorage.queue.core.windows.net/",
            "primary_queue_host": "dtfworkstorage.queue.core.windows.net",
            "primary_table_endpoint": "https://dtfworkstorage.table.core.windows.net/",
            "primary_table_host": "dtfworkstorage.table.core.windows.net",
            "primary_web_endpoint": "https://dtfworkstorage.z6.web.core.windows.net/",
            "primary_web_host": "dtfworkstorage.z6.web.core.windows.net",
            "public_network_access_enabled": false,
            "queue_encryption_key_type": "Service",
            "queue_properties": [
              {
                "cors_rule": [],
                "hour_metrics": [
                  {
                    "enabled": true,
                    "include_apis": true,
                    "retention_policy_days": 7,
                    "version": "1.0"
                  }
                ],
                "logging": [
                  {
                    "delete": false,
                    "read": false,
                    "retention_policy_days": 0,
                    "version": "1.0",
                    "write": false
                  }
                ],
                "minute_metrics": [
                  {
                    "enabled": false,
                    "include_apis": false,
                    "retention_policy_days": 0,
                    "version": "1.0"
                  }
                ]
              }
            ],
            "resource_group_name": "dtf-work-spoke",
            "routing": [],
            "sas_policy": [],
            "secondary_access_key": "AraRln8y4N9MqRE3gEltwqKxA76VNOyT+BJXevI1StqW/19+Uy9H2QSveWUCRySS+W/AXQS3oFj++AStuZ8h8Q==",
            "secondary_blob_connection_string": "",
            "secondary_blob_endpoint": null,
            "secondary_blob_host": null,
            "secondary_connection_string": "DefaultEndpointsProtocol=https;AccountName=dtfworkstorage;AccountKey=AraRln8y4N9MqRE3gEltwqKxA76VNOyT+BJXevI1StqW/19+Uy9H2QSveWUCRySS+W/AXQS3oFj++AStuZ8h8Q==;EndpointSuffix=core.windows.net",
            "secondary_dfs_endpoint": null,
            "secondary_dfs_host": null,
            "secondary_file_endpoint": null,
            "secondary_file_host": null,
            "secondary_location": "",
            "secondary_queue_endpoint": null,
            "secondary_queue_host": null,
            "secondary_table_endpoint": null,
            "secondary_table_host": null,
            "secondary_web_endpoint": null,
            "secondary_web_host": null,
            "sftp_enabled": false,
            "share_properties": [
              {
                "cors_rule": [],
                "retention_policy": [
                  {
                    "days": 7
                  }
                ],
                "smb": []
              }
            ],
            "shared_access_key_enabled": true,
            "static_website": [],
            "table_encryption_key_type": "Service",
            "tags": {
              "CreationDateTime": "2023-07-20T07:36:23.1674670Z",
              "Environment": "Dev"
            },
            "timeouts": null
          },
          "sensitive_attributes": [],
          "private": "eyJlMmJmYjczMC1lY2FhLTExZTYtOGY4OC0zNDM2M2JjN2M0YzAiOnsiY3JlYXRlIjozNjAwMDAwMDAwMDAwLCJkZWxldGUiOjM2MDAwMDAwMDAwMDAsInJlYWQiOjMwMDAwMDAwMDAwMCwidXBkYXRlIjozNjAwMDAwMDAwMDAwfSwic2NoZW1hX3ZlcnNpb24iOiIzIn0=",
          "dependencies": [
            "azurerm_resource_group.work"
          ]
        }
      ]
    },
    {
      "module": "module.work_private_storage.module.storage_diagnostics[0]",
      "mode": "data",
      "type": "azurerm_monitor_diagnostic_categories",
      "name": "categories",
      "provider": "provider[\"registry.terraform.io/hashicorp/azurerm\"]",
      "instances": [
        {
          "schema_version": 0,
          "attributes": {
            "id": "/subscriptions/d94fe338-52d8-4a44-acd4-4f8301adf2cf/resourceGroups/dtf-work-spoke/providers/Microsoft.Storage/storageAccounts/dtfworkstorage",
            "log_category_groups": [],
            "log_category_types": [],
            "logs": [],
            "metrics": [
              "Capacity",
              "Transaction"
            ],
            "resource_id": "/subscriptions/d94fe338-52d8-4a44-acd4-4f8301adf2cf/resourceGroups/dtf-work-spoke/providers/Microsoft.Storage/storageAccounts/dtfworkstorage",
            "timeouts": null
          },
          "sensitive_attributes": []
        }
      ]
    },
    {
      "module": "module.work_private_storage.module.storage_diagnostics[0]",
      "mode": "managed",
      "type": "azurerm_monitor_diagnostic_setting",
      "name": "diagnostics",
      "provider": "provider[\"registry.terraform.io/hashicorp/azurerm\"]",
      "instances": [
        {
          "schema_version": 0,
          "attributes": {
            "enabled_log": [],
            "eventhub_authorization_rule_id": "",
            "eventhub_name": "",
            "id": "/subscriptions/d94fe338-52d8-4a44-acd4-4f8301adf2cf/resourceGroups/dtf-work-spoke/providers/Microsoft.Storage/storageAccounts/dtfworkstorage|storage-diagnostics",
            "log": [],
            "log_analytics_destination_type": "",
            "log_analytics_workspace_id": "/subscriptions/d94fe338-52d8-4a44-acd4-4f8301adf2cf/resourceGroups/dtf-hub/providers/Microsoft.OperationalInsights/workspaces/dtf-hub-log-analytics-workspace",
            "metric": [
              {
                "category": "Capacity",
                "enabled": true,
                "retention_policy": [
                  {
                    "days": 0,
                    "enabled": false
                  }
                ]
              },
              {
                "category": "Transaction",
                "enabled": true,
                "retention_policy": [
                  {
                    "days": 0,
                    "enabled": false
                  }
                ]
              }
            ],
            "name": "storage-diagnostics",
            "partner_solution_id": null,
            "storage_account_id": null,
            "target_resource_id": "/subscriptions/d94fe338-52d8-4a44-acd4-4f8301adf2cf/resourceGroups/dtf-work-spoke/providers/Microsoft.Storage/storageAccounts/dtfworkstorage",
            "timeouts": null
          },
          "sensitive_attributes": [],
          "private": "eyJlMmJmYjczMC1lY2FhLTExZTYtOGY4OC0zNDM2M2JjN2M0YzAiOnsiY3JlYXRlIjoxODAwMDAwMDAwMDAwLCJkZWxldGUiOjM2MDAwMDAwMDAwMDAsInJlYWQiOjMwMDAwMDAwMDAwMCwidXBkYXRlIjoxODAwMDAwMDAwMDAwfX0=",
          "dependencies": [
            "azurerm_resource_group.hub",
            "azurerm_resource_group.work",
            "module.hub_log_analytics.azurerm_log_analytics_workspace.log_analytics",
            "module.work_private_storage.azurerm_storage_account.storage",
            "module.work_private_storage.module.storage_diagnostics.data.azurerm_monitor_diagnostic_categories.categories"
          ]
        }
      ]
    },
    {
      "module": "module.work_private_storage.module.subresources_diagnostics[\"blob\"]",
      "mode": "data",
      "type": "azurerm_monitor_diagnostic_categories",
      "name": "categories",
      "provider": "provider[\"registry.terraform.io/hashicorp/azurerm\"]",
      "instances": [
        {
          "schema_version": 0,
          "attributes": {
            "id": "/subscriptions/d94fe338-52d8-4a44-acd4-4f8301adf2cf/resourceGroups/dtf-work-spoke/providers/Microsoft.Storage/storageAccounts/dtfworkstorage/blobServices/default/",
            "log_category_groups": [
              "allLogs",
              "audit"
            ],
            "log_category_types": [
              "StorageDelete",
              "StorageRead",
              "StorageWrite"
            ],
            "logs": [
              "StorageDelete",
              "StorageRead",
              "StorageWrite"
            ],
            "metrics": [
              "Capacity",
              "Transaction"
            ],
            "resource_id": "/subscriptions/d94fe338-52d8-4a44-acd4-4f8301adf2cf/resourceGroups/dtf-work-spoke/providers/Microsoft.Storage/storageAccounts/dtfworkstorage/blobServices/default/",
            "timeouts": null
          },
          "sensitive_attributes": []
        }
      ]
    },
    {
      "module": "module.work_private_storage.module.subresources_diagnostics[\"blob\"]",
      "mode": "managed",
      "type": "azurerm_monitor_diagnostic_setting",
      "name": "diagnostics",
      "provider": "provider[\"registry.terraform.io/hashicorp/azurerm\"]",
      "instances": [
        {
          "schema_version": 0,
          "attributes": {
            "enabled_log": [
              {
                "category": "StorageDelete",
                "category_group": "",
                "retention_policy": [
                  {
                    "days": 0,
                    "enabled": false
                  }
                ]
              },
              {
                "category": "StorageRead",
                "category_group": "",
                "retention_policy": [
                  {
                    "days": 0,
                    "enabled": false
                  }
                ]
              },
              {
                "category": "StorageWrite",
                "category_group": "",
                "retention_policy": [
                  {
                    "days": 0,
                    "enabled": false
                  }
                ]
              }
            ],
            "eventhub_authorization_rule_id": "",
            "eventhub_name": "",
            "id": "/subscriptions/d94fe338-52d8-4a44-acd4-4f8301adf2cf/resourceGroups/dtf-work-spoke/providers/Microsoft.Storage/storageAccounts/dtfworkstorage/blobServices/default/|blob-diagnostics",
            "log": [
              {
                "category": "StorageDelete",
                "category_group": "",
                "enabled": true,
                "retention_policy": [
                  {
                    "days": 0,
                    "enabled": false
                  }
                ]
              },
              {
                "category": "StorageRead",
                "category_group": "",
                "enabled": true,
                "retention_policy": [
                  {
                    "days": 0,
                    "enabled": false
                  }
                ]
              },
              {
                "category": "StorageWrite",
                "category_group": "",
                "enabled": true,
                "retention_policy": [
                  {
                    "days": 0,
                    "enabled": false
                  }
                ]
              }
            ],
            "log_analytics_destination_type": "",
            "log_analytics_workspace_id": "/subscriptions/d94fe338-52d8-4a44-acd4-4f8301adf2cf/resourceGroups/dtf-hub/providers/Microsoft.OperationalInsights/workspaces/dtf-hub-log-analytics-workspace",
            "metric": [
              {
                "category": "Capacity",
                "enabled": true,
                "retention_policy": [
                  {
                    "days": 0,
                    "enabled": false
                  }
                ]
              },
              {
                "category": "Transaction",
                "enabled": true,
                "retention_policy": [
                  {
                    "days": 0,
                    "enabled": false
                  }
                ]
              }
            ],
            "name": "blob-diagnostics",
            "partner_solution_id": null,
            "storage_account_id": null,
            "target_resource_id": "/subscriptions/d94fe338-52d8-4a44-acd4-4f8301adf2cf/resourceGroups/dtf-work-spoke/providers/Microsoft.Storage/storageAccounts/dtfworkstorage/blobServices/default/",
            "timeouts": null
          },
          "sensitive_attributes": [],
          "private": "eyJlMmJmYjczMC1lY2FhLTExZTYtOGY4OC0zNDM2M2JjN2M0YzAiOnsiY3JlYXRlIjoxODAwMDAwMDAwMDAwLCJkZWxldGUiOjM2MDAwMDAwMDAwMDAsInJlYWQiOjMwMDAwMDAwMDAwMCwidXBkYXRlIjoxODAwMDAwMDAwMDAwfX0=",
          "dependencies": [
            "azurerm_resource_group.hub",
            "azurerm_resource_group.work",
            "module.hub_log_analytics.azurerm_log_analytics_workspace.log_analytics",
            "module.work_private_storage.azurerm_storage_account.storage",
            "module.work_private_storage.module.subresources_diagnostics.data.azurerm_monitor_diagnostic_categories.categories"
          ]
        }
      ]
    },
    {
      "module": "module.work_private_storage.module.subresources_diagnostics[\"file\"]",
      "mode": "data",
      "type": "azurerm_monitor_diagnostic_categories",
      "name": "categories",
      "provider": "provider[\"registry.terraform.io/hashicorp/azurerm\"]",
      "instances": [
        {
          "schema_version": 0,
          "attributes": {
            "id": "/subscriptions/d94fe338-52d8-4a44-acd4-4f8301adf2cf/resourceGroups/dtf-work-spoke/providers/Microsoft.Storage/storageAccounts/dtfworkstorage/fileServices/default/",
            "log_category_groups": [
              "allLogs",
              "audit"
            ],
            "log_category_types": [
              "StorageDelete",
              "StorageRead",
              "StorageWrite"
            ],
            "logs": [
              "StorageDelete",
              "StorageRead",
              "StorageWrite"
            ],
            "metrics": [
              "Capacity",
              "Transaction"
            ],
            "resource_id": "/subscriptions/d94fe338-52d8-4a44-acd4-4f8301adf2cf/resourceGroups/dtf-work-spoke/providers/Microsoft.Storage/storageAccounts/dtfworkstorage/fileServices/default/",
            "timeouts": null
          },
          "sensitive_attributes": []
        }
      ]
    },
    {
      "module": "module.work_private_storage.module.subresources_diagnostics[\"file\"]",
      "mode": "managed",
      "type": "azurerm_monitor_diagnostic_setting",
      "name": "diagnostics",
      "provider": "provider[\"registry.terraform.io/hashicorp/azurerm\"]",
      "instances": [
        {
          "schema_version": 0,
          "attributes": {
            "enabled_log": [
              {
                "category": "StorageDelete",
                "category_group": "",
                "retention_policy": [
                  {
                    "days": 0,
                    "enabled": false
                  }
                ]
              },
              {
                "category": "StorageRead",
                "category_group": "",
                "retention_policy": [
                  {
                    "days": 0,
                    "enabled": false
                  }
                ]
              },
              {
                "category": "StorageWrite",
                "category_group": "",
                "retention_policy": [
                  {
                    "days": 0,
                    "enabled": false
                  }
                ]
              }
            ],
            "eventhub_authorization_rule_id": "",
            "eventhub_name": "",
            "id": "/subscriptions/d94fe338-52d8-4a44-acd4-4f8301adf2cf/resourceGroups/dtf-work-spoke/providers/Microsoft.Storage/storageAccounts/dtfworkstorage/fileServices/default/|file-diagnostics",
            "log": [
              {
                "category": "StorageDelete",
                "category_group": "",
                "enabled": true,
                "retention_policy": [
                  {
                    "days": 0,
                    "enabled": false
                  }
                ]
              },
              {
                "category": "StorageRead",
                "category_group": "",
                "enabled": true,
                "retention_policy": [
                  {
                    "days": 0,
                    "enabled": false
                  }
                ]
              },
              {
                "category": "StorageWrite",
                "category_group": "",
                "enabled": true,
                "retention_policy": [
                  {
                    "days": 0,
                    "enabled": false
                  }
                ]
              }
            ],
            "log_analytics_destination_type": "",
            "log_analytics_workspace_id": "/subscriptions/d94fe338-52d8-4a44-acd4-4f8301adf2cf/resourceGroups/dtf-hub/providers/Microsoft.OperationalInsights/workspaces/dtf-hub-log-analytics-workspace",
            "metric": [
              {
                "category": "Capacity",
                "enabled": true,
                "retention_policy": [
                  {
                    "days": 0,
                    "enabled": false
                  }
                ]
              },
              {
                "category": "Transaction",
                "enabled": true,
                "retention_policy": [
                  {
                    "days": 0,
                    "enabled": false
                  }
                ]
              }
            ],
            "name": "file-diagnostics",
            "partner_solution_id": null,
            "storage_account_id": null,
            "target_resource_id": "/subscriptions/d94fe338-52d8-4a44-acd4-4f8301adf2cf/resourceGroups/dtf-work-spoke/providers/Microsoft.Storage/storageAccounts/dtfworkstorage/fileServices/default/",
            "timeouts": null
          },
          "sensitive_attributes": [],
          "private": "eyJlMmJmYjczMC1lY2FhLTExZTYtOGY4OC0zNDM2M2JjN2M0YzAiOnsiY3JlYXRlIjoxODAwMDAwMDAwMDAwLCJkZWxldGUiOjM2MDAwMDAwMDAwMDAsInJlYWQiOjMwMDAwMDAwMDAwMCwidXBkYXRlIjoxODAwMDAwMDAwMDAwfX0=",
          "dependencies": [
            "azurerm_resource_group.hub",
            "azurerm_resource_group.work",
            "module.hub_log_analytics.azurerm_log_analytics_workspace.log_analytics",
            "module.work_private_storage.azurerm_storage_account.storage",
            "module.work_private_storage.module.subresources_diagnostics.data.azurerm_monitor_diagnostic_categories.categories"
          ]
        }
      ]
    },
    {
      "module": "module.work_private_storage.module.subresources_diagnostics[\"queue\"]",
      "mode": "data",
      "type": "azurerm_monitor_diagnostic_categories",
      "name": "categories",
      "provider": "provider[\"registry.terraform.io/hashicorp/azurerm\"]",
      "instances": [
        {
          "schema_version": 0,
          "attributes": {
            "id": "/subscriptions/d94fe338-52d8-4a44-acd4-4f8301adf2cf/resourceGroups/dtf-work-spoke/providers/Microsoft.Storage/storageAccounts/dtfworkstorage/queueServices/default/",
            "log_category_groups": [
              "allLogs",
              "audit"
            ],
            "log_category_types": [
              "StorageDelete",
              "StorageRead",
              "StorageWrite"
            ],
            "logs": [
              "StorageDelete",
              "StorageRead",
              "StorageWrite"
            ],
            "metrics": [
              "Capacity",
              "Transaction"
            ],
            "resource_id": "/subscriptions/d94fe338-52d8-4a44-acd4-4f8301adf2cf/resourceGroups/dtf-work-spoke/providers/Microsoft.Storage/storageAccounts/dtfworkstorage/queueServices/default/",
            "timeouts": null
          },
          "sensitive_attributes": []
        }
      ]
    },
    {
      "module": "module.work_private_storage.module.subresources_diagnostics[\"queue\"]",
      "mode": "managed",
      "type": "azurerm_monitor_diagnostic_setting",
      "name": "diagnostics",
      "provider": "provider[\"registry.terraform.io/hashicorp/azurerm\"]",
      "instances": [
        {
          "schema_version": 0,
          "attributes": {
            "enabled_log": [
              {
                "category": "StorageDelete",
                "category_group": "",
                "retention_policy": [
                  {
                    "days": 0,
                    "enabled": false
                  }
                ]
              },
              {
                "category": "StorageRead",
                "category_group": "",
                "retention_policy": [
                  {
                    "days": 0,
                    "enabled": false
                  }
                ]
              },
              {
                "category": "StorageWrite",
                "category_group": "",
                "retention_policy": [
                  {
                    "days": 0,
                    "enabled": false
                  }
                ]
              }
            ],
            "eventhub_authorization_rule_id": "",
            "eventhub_name": "",
            "id": "/subscriptions/d94fe338-52d8-4a44-acd4-4f8301adf2cf/resourceGroups/dtf-work-spoke/providers/Microsoft.Storage/storageAccounts/dtfworkstorage/queueServices/default/|queue-diagnostics",
            "log": [
              {
                "category": "StorageDelete",
                "category_group": "",
                "enabled": true,
                "retention_policy": [
                  {
                    "days": 0,
                    "enabled": false
                  }
                ]
              },
              {
                "category": "StorageRead",
                "category_group": "",
                "enabled": true,
                "retention_policy": [
                  {
                    "days": 0,
                    "enabled": false
                  }
                ]
              },
              {
                "category": "StorageWrite",
                "category_group": "",
                "enabled": true,
                "retention_policy": [
                  {
                    "days": 0,
                    "enabled": false
                  }
                ]
              }
            ],
            "log_analytics_destination_type": "",
            "log_analytics_workspace_id": "/subscriptions/d94fe338-52d8-4a44-acd4-4f8301adf2cf/resourceGroups/dtf-hub/providers/Microsoft.OperationalInsights/workspaces/dtf-hub-log-analytics-workspace",
            "metric": [
              {
                "category": "Capacity",
                "enabled": true,
                "retention_policy": [
                  {
                    "days": 0,
                    "enabled": false
                  }
                ]
              },
              {
                "category": "Transaction",
                "enabled": true,
                "retention_policy": [
                  {
                    "days": 0,
                    "enabled": false
                  }
                ]
              }
            ],
            "name": "queue-diagnostics",
            "partner_solution_id": null,
            "storage_account_id": null,
            "target_resource_id": "/subscriptions/d94fe338-52d8-4a44-acd4-4f8301adf2cf/resourceGroups/dtf-work-spoke/providers/Microsoft.Storage/storageAccounts/dtfworkstorage/queueServices/default/",
            "timeouts": null
          },
          "sensitive_attributes": [],
          "private": "eyJlMmJmYjczMC1lY2FhLTExZTYtOGY4OC0zNDM2M2JjN2M0YzAiOnsiY3JlYXRlIjoxODAwMDAwMDAwMDAwLCJkZWxldGUiOjM2MDAwMDAwMDAwMDAsInJlYWQiOjMwMDAwMDAwMDAwMCwidXBkYXRlIjoxODAwMDAwMDAwMDAwfX0=",
          "dependencies": [
            "azurerm_resource_group.hub",
            "azurerm_resource_group.work",
            "module.hub_log_analytics.azurerm_log_analytics_workspace.log_analytics",
            "module.work_private_storage.azurerm_storage_account.storage",
            "module.work_private_storage.module.subresources_diagnostics.data.azurerm_monitor_diagnostic_categories.categories"
          ]
        }
      ]
    },
    {
      "module": "module.work_private_storage.module.subresources_diagnostics[\"table\"]",
      "mode": "data",
      "type": "azurerm_monitor_diagnostic_categories",
      "name": "categories",
      "provider": "provider[\"registry.terraform.io/hashicorp/azurerm\"]",
      "instances": [
        {
          "schema_version": 0,
          "attributes": {
            "id": "/subscriptions/d94fe338-52d8-4a44-acd4-4f8301adf2cf/resourceGroups/dtf-work-spoke/providers/Microsoft.Storage/storageAccounts/dtfworkstorage/tableServices/default/",
            "log_category_groups": [
              "allLogs",
              "audit"
            ],
            "log_category_types": [
              "StorageDelete",
              "StorageRead",
              "StorageWrite"
            ],
            "logs": [
              "StorageDelete",
              "StorageRead",
              "StorageWrite"
            ],
            "metrics": [
              "Capacity",
              "Transaction"
            ],
            "resource_id": "/subscriptions/d94fe338-52d8-4a44-acd4-4f8301adf2cf/resourceGroups/dtf-work-spoke/providers/Microsoft.Storage/storageAccounts/dtfworkstorage/tableServices/default/",
            "timeouts": null
          },
          "sensitive_attributes": []
        }
      ]
    },
    {
      "module": "module.work_private_storage.module.subresources_diagnostics[\"table\"]",
      "mode": "managed",
      "type": "azurerm_monitor_diagnostic_setting",
      "name": "diagnostics",
      "provider": "provider[\"registry.terraform.io/hashicorp/azurerm\"]",
      "instances": [
        {
          "schema_version": 0,
          "attributes": {
            "enabled_log": [
              {
                "category": "StorageDelete",
                "category_group": "",
                "retention_policy": [
                  {
                    "days": 0,
                    "enabled": false
                  }
                ]
              },
              {
                "category": "StorageRead",
                "category_group": "",
                "retention_policy": [
                  {
                    "days": 0,
                    "enabled": false
                  }
                ]
              },
              {
                "category": "StorageWrite",
                "category_group": "",
                "retention_policy": [
                  {
                    "days": 0,
                    "enabled": false
                  }
                ]
              }
            ],
            "eventhub_authorization_rule_id": "",
            "eventhub_name": "",
            "id": "/subscriptions/d94fe338-52d8-4a44-acd4-4f8301adf2cf/resourceGroups/dtf-work-spoke/providers/Microsoft.Storage/storageAccounts/dtfworkstorage/tableServices/default/|table-diagnostics",
            "log": [
              {
                "category": "StorageDelete",
                "category_group": "",
                "enabled": true,
                "retention_policy": [
                  {
                    "days": 0,
                    "enabled": false
                  }
                ]
              },
              {
                "category": "StorageRead",
                "category_group": "",
                "enabled": true,
                "retention_policy": [
                  {
                    "days": 0,
                    "enabled": false
                  }
                ]
              },
              {
                "category": "StorageWrite",
                "category_group": "",
                "enabled": true,
                "retention_policy": [
                  {
                    "days": 0,
                    "enabled": false
                  }
                ]
              }
            ],
            "log_analytics_destination_type": "",
            "log_analytics_workspace_id": "/subscriptions/d94fe338-52d8-4a44-acd4-4f8301adf2cf/resourceGroups/dtf-hub/providers/Microsoft.OperationalInsights/workspaces/dtf-hub-log-analytics-workspace",
            "metric": [
              {
                "category": "Capacity",
                "enabled": true,
                "retention_policy": [
                  {
                    "days": 0,
                    "enabled": false
                  }
                ]
              },
              {
                "category": "Transaction",
                "enabled": true,
                "retention_policy": [
                  {
                    "days": 0,
                    "enabled": false
                  }
                ]
              }
            ],
            "name": "table-diagnostics",
            "partner_solution_id": null,
            "storage_account_id": null,
            "target_resource_id": "/subscriptions/d94fe338-52d8-4a44-acd4-4f8301adf2cf/resourceGroups/dtf-work-spoke/providers/Microsoft.Storage/storageAccounts/dtfworkstorage/tableServices/default/",
            "timeouts": null
          },
          "sensitive_attributes": [],
          "private": "eyJlMmJmYjczMC1lY2FhLTExZTYtOGY4OC0zNDM2M2JjN2M0YzAiOnsiY3JlYXRlIjoxODAwMDAwMDAwMDAwLCJkZWxldGUiOjM2MDAwMDAwMDAwMDAsInJlYWQiOjMwMDAwMDAwMDAwMCwidXBkYXRlIjoxODAwMDAwMDAwMDAwfX0=",
          "dependencies": [
            "azurerm_resource_group.hub",
            "azurerm_resource_group.work",
            "module.hub_log_analytics.azurerm_log_analytics_workspace.log_analytics",
            "module.work_private_storage.azurerm_storage_account.storage",
            "module.work_private_storage.module.subresources_diagnostics.data.azurerm_monitor_diagnostic_categories.categories"
          ]
        }
      ]
    },
    {
      "module": "module.work_route_tables[\"work-rt\"]",
      "mode": "managed",
      "type": "azurerm_route",
      "name": "routes",
      "provider": "provider[\"registry.terraform.io/hashicorp/azurerm\"]",
      "instances": [
        {
          "index_key": "hub-vnet",
          "schema_version": 0,
          "attributes": {
            "address_prefix": "10.0.0.0/16",
            "id": "/subscriptions/d94fe338-52d8-4a44-acd4-4f8301adf2cf/resourceGroups/dtf-work-spoke/providers/Microsoft.Network/routeTables/work-rt/routes/hub-vnet",
            "name": "hub-vnet",
            "next_hop_in_ip_address": "10.0.1.4",
            "next_hop_type": "VirtualAppliance",
            "resource_group_name": "dtf-work-spoke",
            "route_table_name": "work-rt",
            "timeouts": null
          },
          "sensitive_attributes": [],
          "private": "eyJlMmJmYjczMC1lY2FhLTExZTYtOGY4OC0zNDM2M2JjN2M0YzAiOnsiY3JlYXRlIjoxODAwMDAwMDAwMDAwLCJkZWxldGUiOjE4MDAwMDAwMDAwMDAsInJlYWQiOjMwMDAwMDAwMDAwMCwidXBkYXRlIjoxODAwMDAwMDAwMDAwfX0=",
          "dependencies": [
            "azurerm_resource_group.work",
            "module.work_route_tables.azurerm_route_table.rt"
          ]
        },
        {
          "index_key": "monitor-vnet",
          "schema_version": 0,
          "attributes": {
            "address_prefix": "10.2.0.0/16",
            "id": "/subscriptions/d94fe338-52d8-4a44-acd4-4f8301adf2cf/resourceGroups/dtf-work-spoke/providers/Microsoft.Network/routeTables/work-rt/routes/monitor-vnet",
            "name": "monitor-vnet",
            "next_hop_in_ip_address": "10.0.1.4",
            "next_hop_type": "VirtualAppliance",
            "resource_group_name": "dtf-work-spoke",
            "route_table_name": "work-rt",
            "timeouts": null
          },
          "sensitive_attributes": [],
          "private": "eyJlMmJmYjczMC1lY2FhLTExZTYtOGY4OC0zNDM2M2JjN2M0YzAiOnsiY3JlYXRlIjoxODAwMDAwMDAwMDAwLCJkZWxldGUiOjE4MDAwMDAwMDAwMDAsInJlYWQiOjMwMDAwMDAwMDAwMCwidXBkYXRlIjoxODAwMDAwMDAwMDAwfX0=",
          "dependencies": [
            "azurerm_resource_group.work",
            "module.work_route_tables.azurerm_route_table.rt"
          ]
        },
        {
          "index_key": "outbound",
          "schema_version": 0,
          "attributes": {
            "address_prefix": "0.0.0.0/0",
            "id": "/subscriptions/d94fe338-52d8-4a44-acd4-4f8301adf2cf/resourceGroups/dtf-work-spoke/providers/Microsoft.Network/routeTables/work-rt/routes/outbound",
            "name": "outbound",
            "next_hop_in_ip_address": "10.0.1.4",
            "next_hop_type": "VirtualAppliance",
            "resource_group_name": "dtf-work-spoke",
            "route_table_name": "work-rt",
            "timeouts": null
          },
          "sensitive_attributes": [],
          "private": "eyJlMmJmYjczMC1lY2FhLTExZTYtOGY4OC0zNDM2M2JjN2M0YzAiOnsiY3JlYXRlIjoxODAwMDAwMDAwMDAwLCJkZWxldGUiOjE4MDAwMDAwMDAwMDAsInJlYWQiOjMwMDAwMDAwMDAwMCwidXBkYXRlIjoxODAwMDAwMDAwMDAwfX0=",
          "dependencies": [
            "azurerm_resource_group.work",
            "module.work_route_tables.azurerm_route_table.rt"
          ]
        },
        {
          "index_key": "vpn-address-pool-1",
          "schema_version": 0,
          "attributes": {
            "address_prefix": "172.0.0.0/17",
            "id": "/subscriptions/d94fe338-52d8-4a44-acd4-4f8301adf2cf/resourceGroups/dtf-work-spoke/providers/Microsoft.Network/routeTables/work-rt/routes/vpn-address-pool-1",
            "name": "vpn-address-pool-1",
            "next_hop_in_ip_address": "10.0.1.4",
            "next_hop_type": "VirtualAppliance",
            "resource_group_name": "dtf-work-spoke",
            "route_table_name": "work-rt",
            "timeouts": null
          },
          "sensitive_attributes": [],
          "private": "eyJlMmJmYjczMC1lY2FhLTExZTYtOGY4OC0zNDM2M2JjN2M0YzAiOnsiY3JlYXRlIjoxODAwMDAwMDAwMDAwLCJkZWxldGUiOjE4MDAwMDAwMDAwMDAsInJlYWQiOjMwMDAwMDAwMDAwMCwidXBkYXRlIjoxODAwMDAwMDAwMDAwfX0=",
          "dependencies": [
            "azurerm_resource_group.work",
            "module.work_route_tables.azurerm_route_table.rt"
          ]
        },
        {
          "index_key": "vpn-address-pool-2",
          "schema_version": 0,
          "attributes": {
            "address_prefix": "172.0.128.0/17",
            "id": "/subscriptions/d94fe338-52d8-4a44-acd4-4f8301adf2cf/resourceGroups/dtf-work-spoke/providers/Microsoft.Network/routeTables/work-rt/routes/vpn-address-pool-2",
            "name": "vpn-address-pool-2",
            "next_hop_in_ip_address": "10.0.1.4",
            "next_hop_type": "VirtualAppliance",
            "resource_group_name": "dtf-work-spoke",
            "route_table_name": "work-rt",
            "timeouts": null
          },
          "sensitive_attributes": [],
          "private": "eyJlMmJmYjczMC1lY2FhLTExZTYtOGY4OC0zNDM2M2JjN2M0YzAiOnsiY3JlYXRlIjoxODAwMDAwMDAwMDAwLCJkZWxldGUiOjE4MDAwMDAwMDAwMDAsInJlYWQiOjMwMDAwMDAwMDAwMCwidXBkYXRlIjoxODAwMDAwMDAwMDAwfX0=",
          "dependencies": [
            "azurerm_resource_group.work",
            "module.work_route_tables.azurerm_route_table.rt"
          ]
        }
      ]
    },
    {
      "module": "module.work_route_tables[\"work-rt\"]",
      "mode": "managed",
      "type": "azurerm_route_table",
      "name": "rt",
      "provider": "provider[\"registry.terraform.io/hashicorp/azurerm\"]",
      "instances": [
        {
          "schema_version": 0,
          "attributes": {
            "disable_bgp_route_propagation": false,
            "id": "/subscriptions/d94fe338-52d8-4a44-acd4-4f8301adf2cf/resourceGroups/dtf-work-spoke/providers/Microsoft.Network/routeTables/work-rt",
            "location": "westeurope",
            "name": "work-rt",
            "resource_group_name": "dtf-work-spoke",
            "route": [
              {
                "address_prefix": "0.0.0.0/0",
                "name": "outbound",
                "next_hop_in_ip_address": "10.0.1.4",
                "next_hop_type": "VirtualAppliance"
              },
              {
                "address_prefix": "10.0.0.0/16",
                "name": "hub-vnet",
                "next_hop_in_ip_address": "10.0.1.4",
                "next_hop_type": "VirtualAppliance"
              },
              {
                "address_prefix": "10.2.0.0/16",
                "name": "monitor-vnet",
                "next_hop_in_ip_address": "10.0.1.4",
                "next_hop_type": "VirtualAppliance"
              },
              {
                "address_prefix": "172.0.0.0/17",
                "name": "vpn-address-pool-1",
                "next_hop_in_ip_address": "10.0.1.4",
                "next_hop_type": "VirtualAppliance"
              },
              {
                "address_prefix": "172.0.128.0/17",
                "name": "vpn-address-pool-2",
                "next_hop_in_ip_address": "10.0.1.4",
                "next_hop_type": "VirtualAppliance"
              }
            ],
            "subnets": [
              "/subscriptions/d94fe338-52d8-4a44-acd4-4f8301adf2cf/resourceGroups/dtf-work-spoke/providers/Microsoft.Network/virtualNetworks/dtf-work-vnet/subnets/AKSSubnet",
              "/subscriptions/d94fe338-52d8-4a44-acd4-4f8301adf2cf/resourceGroups/dtf-work-spoke/providers/Microsoft.Network/virtualNetworks/dtf-work-vnet/subnets/StorageSubnet",
              "/subscriptions/d94fe338-52d8-4a44-acd4-4f8301adf2cf/resourceGroups/dtf-work-spoke/providers/Microsoft.Network/virtualNetworks/dtf-work-vnet/subnets/WorkSubnet"
            ],
            "tags": {
              "CreationDateTime": "2023-07-20T07:36:26.0202723Z",
              "Environment": "Dev"
            },
            "timeouts": null
          },
          "sensitive_attributes": [],
          "private": "eyJlMmJmYjczMC1lY2FhLTExZTYtOGY4OC0zNDM2M2JjN2M0YzAiOnsiY3JlYXRlIjoxODAwMDAwMDAwMDAwLCJkZWxldGUiOjE4MDAwMDAwMDAwMDAsInJlYWQiOjMwMDAwMDAwMDAwMCwidXBkYXRlIjoxODAwMDAwMDAwMDAwfX0=",
          "dependencies": [
            "azurerm_resource_group.work"
          ]
        }
      ]
    },
    {
      "module": "module.work_subresources_private_endpoints[\"blob\"]",
      "mode": "managed",
      "type": "azurerm_private_dns_zone",
      "name": "dns_zone",
      "provider": "provider[\"registry.terraform.io/hashicorp/azurerm\"]",
      "instances": [
        {
          "index_key": 0,
          "schema_version": 0,
          "attributes": {
            "id": "/subscriptions/d94fe338-52d8-4a44-acd4-4f8301adf2cf/resourceGroups/dtf-work-spoke/providers/Microsoft.Network/privateDnsZones/privatelink.blob.core.windows.net",
            "max_number_of_record_sets": 25000,
            "max_number_of_virtual_network_links": 1000,
            "max_number_of_virtual_network_links_with_registration": 100,
            "name": "privatelink.blob.core.windows.net",
            "number_of_record_sets": 2,
            "resource_group_name": "dtf-work-spoke",
            "soa_record": [
              {
                "email": "azureprivatedns-host.microsoft.com",
                "expire_time": 2419200,
                "fqdn": "privatelink.blob.core.windows.net.",
                "host_name": "azureprivatedns.net",
                "minimum_ttl": 10,
                "refresh_time": 3600,
                "retry_time": 300,
                "serial_number": 1,
                "tags": {},
                "ttl": 3600
              }
            ],
            "tags": {
              "CreationDateTime": "2023-07-27T09:29:55.9120469Z",
              "Environment": "Dev"
            },
            "timeouts": null
          },
          "sensitive_attributes": [],
          "private": "eyJlMmJmYjczMC1lY2FhLTExZTYtOGY4OC0zNDM2M2JjN2M0YzAiOnsiY3JlYXRlIjoxODAwMDAwMDAwMDAwLCJkZWxldGUiOjE4MDAwMDAwMDAwMDAsInJlYWQiOjMwMDAwMDAwMDAwMCwidXBkYXRlIjoxODAwMDAwMDAwMDAwfX0=",
          "dependencies": [
            "azurerm_resource_group.work"
          ]
        }
      ]
    },
    {
      "module": "module.work_subresources_private_endpoints[\"blob\"]",
      "mode": "managed",
      "type": "azurerm_private_dns_zone_virtual_network_link",
      "name": "vnet_links",
      "provider": "provider[\"registry.terraform.io/hashicorp/azurerm\"]",
      "instances": [
        {
          "index_key": "work-link",
          "schema_version": 0,
          "attributes": {
            "id": "/subscriptions/d94fe338-52d8-4a44-acd4-4f8301adf2cf/resourceGroups/dtf-work-spoke/providers/Microsoft.Network/privateDnsZones/privatelink.blob.core.windows.net/virtualNetworkLinks/work-link",
            "name": "work-link",
            "private_dns_zone_name": "privatelink.blob.core.windows.net",
            "registration_enabled": false,
            "resource_group_name": "dtf-work-spoke",
            "tags": {
              "CreationDateTime": "2023-07-27T09:30:29.6998754Z",
              "Environment": "Dev"
            },
            "timeouts": null,
            "virtual_network_id": "/subscriptions/d94fe338-52d8-4a44-acd4-4f8301adf2cf/resourceGroups/dtf-work-spoke/providers/Microsoft.Network/virtualNetworks/dtf-work-vnet"
          },
          "sensitive_attributes": [],
          "private": "eyJlMmJmYjczMC1lY2FhLTExZTYtOGY4OC0zNDM2M2JjN2M0YzAiOnsiY3JlYXRlIjoxODAwMDAwMDAwMDAwLCJkZWxldGUiOjE4MDAwMDAwMDAwMDAsInJlYWQiOjMwMDAwMDAwMDAwMCwidXBkYXRlIjoxODAwMDAwMDAwMDAwfX0=",
          "dependencies": [
            "azurerm_resource_group.work",
            "module.work_subresources_private_endpoints.azurerm_private_dns_zone.dns_zone",
            "module.work_virtual_network.azurerm_virtual_network.vnet"
          ]
        }
      ]
    },
    {
      "module": "module.work_subresources_private_endpoints[\"blob\"]",
      "mode": "managed",
      "type": "azurerm_private_endpoint",
      "name": "private_endpoint",
      "provider": "provider[\"registry.terraform.io/hashicorp/azurerm\"]",
      "instances": [
        {
          "schema_version": 0,
          "attributes": {
            "custom_dns_configs": [],
            "custom_network_interface_name": "",
            "id": "/subscriptions/d94fe338-52d8-4a44-acd4-4f8301adf2cf/resourceGroups/dtf-work-spoke/providers/Microsoft.Network/privateEndpoints/dtf-work-blob-pe",
            "ip_configuration": [],
            "location": "westeurope",
            "name": "dtf-work-blob-pe",
            "network_interface": [
              {
                "id": "/subscriptions/d94fe338-52d8-4a44-acd4-4f8301adf2cf/resourceGroups/dtf-work-spoke/providers/Microsoft.Network/networkInterfaces/dtf-work-blob-pe.nic.ac8bf93a-0f15-4377-a40a-c6d55ca54fef",
                "name": "dtf-work-blob-pe.nic.ac8bf93a-0f15-4377-a40a-c6d55ca54fef"
              }
            ],
            "private_dns_zone_configs": [
              {
                "id": "/subscriptions/d94fe338-52d8-4a44-acd4-4f8301adf2cf/resourceGroups/dtf-work-spoke/providers/Microsoft.Network/privateEndpoints/dtf-work-blob-pe/privateDnsZoneGroups/private-endpoint/privateDnsZoneConfigs/privatelink.blob.core.windows.net",
                "name": "privatelink.blob.core.windows.net",
                "private_dns_zone_id": "/subscriptions/d94fe338-52d8-4a44-acd4-4f8301adf2cf/resourceGroups/dtf-work-spoke/providers/Microsoft.Network/privateDnsZones/privatelink.blob.core.windows.net",
                "record_sets": [
                  {
                    "fqdn": "dtfworkstorage.privatelink.blob.core.windows.net",
                    "ip_addresses": [
                      "10.1.1.4"
                    ],
                    "name": "dtfworkstorage",
                    "ttl": 10,
                    "type": "A"
                  }
                ]
              }
            ],
            "private_dns_zone_group": [
              {
                "id": "/subscriptions/d94fe338-52d8-4a44-acd4-4f8301adf2cf/resourceGroups/dtf-work-spoke/providers/Microsoft.Network/privateEndpoints/dtf-work-blob-pe/privateDnsZoneGroups/private-endpoint",
                "name": "private-endpoint",
                "private_dns_zone_ids": [
                  "/subscriptions/d94fe338-52d8-4a44-acd4-4f8301adf2cf/resourceGroups/dtf-work-spoke/providers/Microsoft.Network/privateDnsZones/privatelink.blob.core.windows.net"
                ]
              }
            ],
            "private_service_connection": [
              {
                "is_manual_connection": false,
                "name": "private-connection",
                "private_connection_resource_alias": "",
                "private_connection_resource_id": "/subscriptions/d94fe338-52d8-4a44-acd4-4f8301adf2cf/resourceGroups/dtf-work-spoke/providers/Microsoft.Storage/storageAccounts/dtfworkstorage",
                "private_ip_address": "10.1.1.4",
                "request_message": "",
                "subresource_names": [
                  "blob"
                ]
              }
            ],
            "resource_group_name": "dtf-work-spoke",
            "subnet_id": "/subscriptions/d94fe338-52d8-4a44-acd4-4f8301adf2cf/resourceGroups/dtf-work-spoke/providers/Microsoft.Network/virtualNetworks/dtf-work-vnet/subnets/StorageSubnet",
            "tags": {
              "CreationDateTime": "2023-07-27T09:30:30.7916334Z",
              "Environment": "Dev"
            },
            "timeouts": null
          },
          "sensitive_attributes": [],
          "private": "eyJlMmJmYjczMC1lY2FhLTExZTYtOGY4OC0zNDM2M2JjN2M0YzAiOnsiY3JlYXRlIjozNjAwMDAwMDAwMDAwLCJkZWxldGUiOjM2MDAwMDAwMDAwMDAsInJlYWQiOjMwMDAwMDAwMDAwMCwidXBkYXRlIjozNjAwMDAwMDAwMDAwfX0=",
          "dependencies": [
            "azurerm_resource_group.hub",
            "azurerm_resource_group.work",
            "module.hub_log_analytics.azurerm_log_analytics_workspace.log_analytics",
            "module.work_network_security_groups.azurerm_network_security_group.nsg",
            "module.work_network_security_groups.azurerm_network_security_rule.rules",
            "module.work_network_security_groups.module.nsg_diagnostics.azurerm_monitor_diagnostic_setting.diagnostics",
            "module.work_network_security_groups.module.nsg_diagnostics.data.azurerm_monitor_diagnostic_categories.categories",
            "module.work_private_storage.azurerm_storage_account.storage",
            "module.work_route_tables.azurerm_route.routes",
            "module.work_route_tables.azurerm_route_table.rt",
            "module.work_subresources_private_endpoints.azurerm_private_dns_zone.dns_zone",
            "module.work_virtual_network.azurerm_subnet.subnets",
            "module.work_virtual_network.azurerm_virtual_network.vnet"
          ]
        }
      ]
    },
    {
      "module": "module.work_subresources_private_endpoints[\"blob\"].module.nic-diagnostics[0]",
      "mode": "data",
      "type": "azurerm_monitor_diagnostic_categories",
      "name": "categories",
      "provider": "provider[\"registry.terraform.io/hashicorp/azurerm\"]",
      "instances": [
        {
          "schema_version": 0,
          "attributes": {
            "id": "/subscriptions/d94fe338-52d8-4a44-acd4-4f8301adf2cf/resourceGroups/dtf-work-spoke/providers/Microsoft.Network/networkInterfaces/dtf-work-blob-pe.nic.ac8bf93a-0f15-4377-a40a-c6d55ca54fef",
            "log_category_groups": [],
            "log_category_types": [],
            "logs": [],
            "metrics": [
              "AllMetrics"
            ],
            "resource_id": "/subscriptions/d94fe338-52d8-4a44-acd4-4f8301adf2cf/resourceGroups/dtf-work-spoke/providers/Microsoft.Network/networkInterfaces/dtf-work-blob-pe.nic.ac8bf93a-0f15-4377-a40a-c6d55ca54fef",
            "timeouts": null
          },
          "sensitive_attributes": []
        }
      ]
    },
    {
      "module": "module.work_subresources_private_endpoints[\"blob\"].module.nic-diagnostics[0]",
      "mode": "managed",
      "type": "azurerm_monitor_diagnostic_setting",
      "name": "diagnostics",
      "provider": "provider[\"registry.terraform.io/hashicorp/azurerm\"]",
      "instances": [
        {
          "schema_version": 0,
          "attributes": {
            "enabled_log": [],
            "eventhub_authorization_rule_id": "",
            "eventhub_name": "",
            "id": "/subscriptions/d94fe338-52d8-4a44-acd4-4f8301adf2cf/resourceGroups/dtf-work-spoke/providers/Microsoft.Network/networkInterfaces/dtf-work-blob-pe.nic.ac8bf93a-0f15-4377-a40a-c6d55ca54fef|pe-nic-diagnostics",
            "log": [],
            "log_analytics_destination_type": "",
            "log_analytics_workspace_id": "/subscriptions/d94fe338-52d8-4a44-acd4-4f8301adf2cf/resourceGroups/dtf-hub/providers/Microsoft.OperationalInsights/workspaces/dtf-hub-log-analytics-workspace",
            "metric": [
              {
                "category": "AllMetrics",
                "enabled": true,
                "retention_policy": [
                  {
                    "days": 0,
                    "enabled": false
                  }
                ]
              }
            ],
            "name": "pe-nic-diagnostics",
            "partner_solution_id": null,
            "storage_account_id": null,
            "target_resource_id": "/subscriptions/d94fe338-52d8-4a44-acd4-4f8301adf2cf/resourceGroups/dtf-work-spoke/providers/Microsoft.Network/networkInterfaces/dtf-work-blob-pe.nic.ac8bf93a-0f15-4377-a40a-c6d55ca54fef",
            "timeouts": null
          },
          "sensitive_attributes": [],
          "private": "eyJlMmJmYjczMC1lY2FhLTExZTYtOGY4OC0zNDM2M2JjN2M0YzAiOnsiY3JlYXRlIjoxODAwMDAwMDAwMDAwLCJkZWxldGUiOjM2MDAwMDAwMDAwMDAsInJlYWQiOjMwMDAwMDAwMDAwMCwidXBkYXRlIjoxODAwMDAwMDAwMDAwfX0=",
          "dependencies": [
            "azurerm_resource_group.hub",
            "azurerm_resource_group.work",
            "module.hub_log_analytics.azurerm_log_analytics_workspace.log_analytics",
            "module.work_network_security_groups.azurerm_network_security_group.nsg",
            "module.work_network_security_groups.azurerm_network_security_rule.rules",
            "module.work_network_security_groups.module.nsg_diagnostics.azurerm_monitor_diagnostic_setting.diagnostics",
            "module.work_network_security_groups.module.nsg_diagnostics.data.azurerm_monitor_diagnostic_categories.categories",
            "module.work_private_storage.azurerm_storage_account.storage",
            "module.work_route_tables.azurerm_route.routes",
            "module.work_route_tables.azurerm_route_table.rt",
            "module.work_subresources_private_endpoints.azurerm_private_dns_zone.dns_zone",
            "module.work_subresources_private_endpoints.azurerm_private_endpoint.private_endpoint",
            "module.work_subresources_private_endpoints.module.nic-diagnostics.data.azurerm_monitor_diagnostic_categories.categories",
            "module.work_virtual_network.azurerm_subnet.subnets",
            "module.work_virtual_network.azurerm_virtual_network.vnet"
          ]
        }
      ]
    },
    {
      "module": "module.work_subresources_private_endpoints[\"file\"]",
      "mode": "managed",
      "type": "azurerm_private_dns_zone",
      "name": "dns_zone",
      "provider": "provider[\"registry.terraform.io/hashicorp/azurerm\"]",
      "instances": [
        {
          "index_key": 0,
          "schema_version": 0,
          "attributes": {
            "id": "/subscriptions/d94fe338-52d8-4a44-acd4-4f8301adf2cf/resourceGroups/dtf-work-spoke/providers/Microsoft.Network/privateDnsZones/privatelink.file.core.windows.net",
            "max_number_of_record_sets": 25000,
            "max_number_of_virtual_network_links": 1000,
            "max_number_of_virtual_network_links_with_registration": 100,
            "name": "privatelink.file.core.windows.net",
            "number_of_record_sets": 2,
            "resource_group_name": "dtf-work-spoke",
            "soa_record": [
              {
                "email": "azureprivatedns-host.microsoft.com",
                "expire_time": 2419200,
                "fqdn": "privatelink.file.core.windows.net.",
                "host_name": "azureprivatedns.net",
                "minimum_ttl": 10,
                "refresh_time": 3600,
                "retry_time": 300,
                "serial_number": 1,
                "tags": {},
                "ttl": 3600
              }
            ],
            "tags": {
              "CreationDateTime": "2023-07-27T09:29:55.9095553Z",
              "Environment": "Dev"
            },
            "timeouts": null
          },
          "sensitive_attributes": [],
          "private": "eyJlMmJmYjczMC1lY2FhLTExZTYtOGY4OC0zNDM2M2JjN2M0YzAiOnsiY3JlYXRlIjoxODAwMDAwMDAwMDAwLCJkZWxldGUiOjE4MDAwMDAwMDAwMDAsInJlYWQiOjMwMDAwMDAwMDAwMCwidXBkYXRlIjoxODAwMDAwMDAwMDAwfX0=",
          "dependencies": [
            "azurerm_resource_group.work"
          ]
        }
      ]
    },
    {
      "module": "module.work_subresources_private_endpoints[\"file\"]",
      "mode": "managed",
      "type": "azurerm_private_dns_zone_virtual_network_link",
      "name": "vnet_links",
      "provider": "provider[\"registry.terraform.io/hashicorp/azurerm\"]",
      "instances": [
        {
          "index_key": "work-link",
          "schema_version": 0,
          "attributes": {
            "id": "/subscriptions/d94fe338-52d8-4a44-acd4-4f8301adf2cf/resourceGroups/dtf-work-spoke/providers/Microsoft.Network/privateDnsZones/privatelink.file.core.windows.net/virtualNetworkLinks/work-link",
            "name": "work-link",
            "private_dns_zone_name": "privatelink.file.core.windows.net",
            "registration_enabled": false,
            "resource_group_name": "dtf-work-spoke",
            "tags": {
              "CreationDateTime": "2023-07-27T09:30:29.5367280Z",
              "Environment": "Dev"
            },
            "timeouts": null,
            "virtual_network_id": "/subscriptions/d94fe338-52d8-4a44-acd4-4f8301adf2cf/resourceGroups/dtf-work-spoke/providers/Microsoft.Network/virtualNetworks/dtf-work-vnet"
          },
          "sensitive_attributes": [],
          "private": "eyJlMmJmYjczMC1lY2FhLTExZTYtOGY4OC0zNDM2M2JjN2M0YzAiOnsiY3JlYXRlIjoxODAwMDAwMDAwMDAwLCJkZWxldGUiOjE4MDAwMDAwMDAwMDAsInJlYWQiOjMwMDAwMDAwMDAwMCwidXBkYXRlIjoxODAwMDAwMDAwMDAwfX0=",
          "dependencies": [
            "azurerm_resource_group.work",
            "module.work_subresources_private_endpoints.azurerm_private_dns_zone.dns_zone",
            "module.work_virtual_network.azurerm_virtual_network.vnet"
          ]
        }
      ]
    },
    {
      "module": "module.work_subresources_private_endpoints[\"file\"]",
      "mode": "managed",
      "type": "azurerm_private_endpoint",
      "name": "private_endpoint",
      "provider": "provider[\"registry.terraform.io/hashicorp/azurerm\"]",
      "instances": [
        {
          "schema_version": 0,
          "attributes": {
            "custom_dns_configs": [],
            "custom_network_interface_name": "",
            "id": "/subscriptions/d94fe338-52d8-4a44-acd4-4f8301adf2cf/resourceGroups/dtf-work-spoke/providers/Microsoft.Network/privateEndpoints/dtf-work-file-pe",
            "ip_configuration": [],
            "location": "westeurope",
            "name": "dtf-work-file-pe",
            "network_interface": [
              {
                "id": "/subscriptions/d94fe338-52d8-4a44-acd4-4f8301adf2cf/resourceGroups/dtf-work-spoke/providers/Microsoft.Network/networkInterfaces/dtf-work-file-pe.nic.4a46cf72-f73e-4a86-bed4-ba57792d2bae",
                "name": "dtf-work-file-pe.nic.4a46cf72-f73e-4a86-bed4-ba57792d2bae"
              }
            ],
            "private_dns_zone_configs": [
              {
                "id": "/subscriptions/d94fe338-52d8-4a44-acd4-4f8301adf2cf/resourceGroups/dtf-work-spoke/providers/Microsoft.Network/privateEndpoints/dtf-work-file-pe/privateDnsZoneGroups/private-endpoint/privateDnsZoneConfigs/privatelink.file.core.windows.net",
                "name": "privatelink.file.core.windows.net",
                "private_dns_zone_id": "/subscriptions/d94fe338-52d8-4a44-acd4-4f8301adf2cf/resourceGroups/dtf-work-spoke/providers/Microsoft.Network/privateDnsZones/privatelink.file.core.windows.net",
                "record_sets": [
                  {
                    "fqdn": "dtfworkstorage.privatelink.file.core.windows.net",
                    "ip_addresses": [
                      "10.1.1.5"
                    ],
                    "name": "dtfworkstorage",
                    "ttl": 10,
                    "type": "A"
                  }
                ]
              }
            ],
            "private_dns_zone_group": [
              {
                "id": "/subscriptions/d94fe338-52d8-4a44-acd4-4f8301adf2cf/resourceGroups/dtf-work-spoke/providers/Microsoft.Network/privateEndpoints/dtf-work-file-pe/privateDnsZoneGroups/private-endpoint",
                "name": "private-endpoint",
                "private_dns_zone_ids": [
                  "/subscriptions/d94fe338-52d8-4a44-acd4-4f8301adf2cf/resourceGroups/dtf-work-spoke/providers/Microsoft.Network/privateDnsZones/privatelink.file.core.windows.net"
                ]
              }
            ],
            "private_service_connection": [
              {
                "is_manual_connection": false,
                "name": "private-connection",
                "private_connection_resource_alias": "",
                "private_connection_resource_id": "/subscriptions/d94fe338-52d8-4a44-acd4-4f8301adf2cf/resourceGroups/dtf-work-spoke/providers/Microsoft.Storage/storageAccounts/dtfworkstorage",
                "private_ip_address": "10.1.1.5",
                "request_message": "",
                "subresource_names": [
                  "file"
                ]
              }
            ],
            "resource_group_name": "dtf-work-spoke",
            "subnet_id": "/subscriptions/d94fe338-52d8-4a44-acd4-4f8301adf2cf/resourceGroups/dtf-work-spoke/providers/Microsoft.Network/virtualNetworks/dtf-work-vnet/subnets/StorageSubnet",
            "tags": {
              "CreationDateTime": "2023-07-27T09:31:27.0321703Z",
              "Environment": "Dev"
            },
            "timeouts": null
          },
          "sensitive_attributes": [],
          "private": "eyJlMmJmYjczMC1lY2FhLTExZTYtOGY4OC0zNDM2M2JjN2M0YzAiOnsiY3JlYXRlIjozNjAwMDAwMDAwMDAwLCJkZWxldGUiOjM2MDAwMDAwMDAwMDAsInJlYWQiOjMwMDAwMDAwMDAwMCwidXBkYXRlIjozNjAwMDAwMDAwMDAwfX0=",
          "dependencies": [
            "azurerm_resource_group.hub",
            "azurerm_resource_group.work",
            "module.hub_log_analytics.azurerm_log_analytics_workspace.log_analytics",
            "module.work_network_security_groups.azurerm_network_security_group.nsg",
            "module.work_network_security_groups.azurerm_network_security_rule.rules",
            "module.work_network_security_groups.module.nsg_diagnostics.azurerm_monitor_diagnostic_setting.diagnostics",
            "module.work_network_security_groups.module.nsg_diagnostics.data.azurerm_monitor_diagnostic_categories.categories",
            "module.work_private_storage.azurerm_storage_account.storage",
            "module.work_route_tables.azurerm_route.routes",
            "module.work_route_tables.azurerm_route_table.rt",
            "module.work_subresources_private_endpoints.azurerm_private_dns_zone.dns_zone",
            "module.work_virtual_network.azurerm_subnet.subnets",
            "module.work_virtual_network.azurerm_virtual_network.vnet"
          ]
        }
      ]
    },
    {
      "module": "module.work_subresources_private_endpoints[\"file\"].module.nic-diagnostics[0]",
      "mode": "data",
      "type": "azurerm_monitor_diagnostic_categories",
      "name": "categories",
      "provider": "provider[\"registry.terraform.io/hashicorp/azurerm\"]",
      "instances": [
        {
          "schema_version": 0,
          "attributes": {
            "id": "/subscriptions/d94fe338-52d8-4a44-acd4-4f8301adf2cf/resourceGroups/dtf-work-spoke/providers/Microsoft.Network/networkInterfaces/dtf-work-file-pe.nic.4a46cf72-f73e-4a86-bed4-ba57792d2bae",
            "log_category_groups": [],
            "log_category_types": [],
            "logs": [],
            "metrics": [
              "AllMetrics"
            ],
            "resource_id": "/subscriptions/d94fe338-52d8-4a44-acd4-4f8301adf2cf/resourceGroups/dtf-work-spoke/providers/Microsoft.Network/networkInterfaces/dtf-work-file-pe.nic.4a46cf72-f73e-4a86-bed4-ba57792d2bae",
            "timeouts": null
          },
          "sensitive_attributes": []
        }
      ]
    },
    {
      "module": "module.work_subresources_private_endpoints[\"file\"].module.nic-diagnostics[0]",
      "mode": "managed",
      "type": "azurerm_monitor_diagnostic_setting",
      "name": "diagnostics",
      "provider": "provider[\"registry.terraform.io/hashicorp/azurerm\"]",
      "instances": [
        {
          "schema_version": 0,
          "attributes": {
            "enabled_log": [],
            "eventhub_authorization_rule_id": "",
            "eventhub_name": "",
            "id": "/subscriptions/d94fe338-52d8-4a44-acd4-4f8301adf2cf/resourceGroups/dtf-work-spoke/providers/Microsoft.Network/networkInterfaces/dtf-work-file-pe.nic.4a46cf72-f73e-4a86-bed4-ba57792d2bae|pe-nic-diagnostics",
            "log": [],
            "log_analytics_destination_type": "",
            "log_analytics_workspace_id": "/subscriptions/d94fe338-52d8-4a44-acd4-4f8301adf2cf/resourceGroups/dtf-hub/providers/Microsoft.OperationalInsights/workspaces/dtf-hub-log-analytics-workspace",
            "metric": [
              {
                "category": "AllMetrics",
                "enabled": true,
                "retention_policy": [
                  {
                    "days": 0,
                    "enabled": false
                  }
                ]
              }
            ],
            "name": "pe-nic-diagnostics",
            "partner_solution_id": null,
            "storage_account_id": null,
            "target_resource_id": "/subscriptions/d94fe338-52d8-4a44-acd4-4f8301adf2cf/resourceGroups/dtf-work-spoke/providers/Microsoft.Network/networkInterfaces/dtf-work-file-pe.nic.4a46cf72-f73e-4a86-bed4-ba57792d2bae",
            "timeouts": null
          },
          "sensitive_attributes": [],
          "private": "eyJlMmJmYjczMC1lY2FhLTExZTYtOGY4OC0zNDM2M2JjN2M0YzAiOnsiY3JlYXRlIjoxODAwMDAwMDAwMDAwLCJkZWxldGUiOjM2MDAwMDAwMDAwMDAsInJlYWQiOjMwMDAwMDAwMDAwMCwidXBkYXRlIjoxODAwMDAwMDAwMDAwfX0=",
          "dependencies": [
            "azurerm_resource_group.hub",
            "azurerm_resource_group.work",
            "module.hub_log_analytics.azurerm_log_analytics_workspace.log_analytics",
            "module.work_network_security_groups.azurerm_network_security_group.nsg",
            "module.work_network_security_groups.azurerm_network_security_rule.rules",
            "module.work_network_security_groups.module.nsg_diagnostics.azurerm_monitor_diagnostic_setting.diagnostics",
            "module.work_network_security_groups.module.nsg_diagnostics.data.azurerm_monitor_diagnostic_categories.categories",
            "module.work_private_storage.azurerm_storage_account.storage",
            "module.work_route_tables.azurerm_route.routes",
            "module.work_route_tables.azurerm_route_table.rt",
            "module.work_subresources_private_endpoints.azurerm_private_dns_zone.dns_zone",
            "module.work_subresources_private_endpoints.azurerm_private_endpoint.private_endpoint",
            "module.work_subresources_private_endpoints.module.nic-diagnostics.data.azurerm_monitor_diagnostic_categories.categories",
            "module.work_virtual_network.azurerm_subnet.subnets",
            "module.work_virtual_network.azurerm_virtual_network.vnet"
          ]
        }
      ]
    },
    {
      "module": "module.work_subresources_private_endpoints[\"queue\"]",
      "mode": "managed",
      "type": "azurerm_private_dns_zone",
      "name": "dns_zone",
      "provider": "provider[\"registry.terraform.io/hashicorp/azurerm\"]",
      "instances": [
        {
          "index_key": 0,
          "schema_version": 0,
          "attributes": {
            "id": "/subscriptions/d94fe338-52d8-4a44-acd4-4f8301adf2cf/resourceGroups/dtf-work-spoke/providers/Microsoft.Network/privateDnsZones/privatelink.queue.core.windows.net",
            "max_number_of_record_sets": 25000,
            "max_number_of_virtual_network_links": 1000,
            "max_number_of_virtual_network_links_with_registration": 100,
            "name": "privatelink.queue.core.windows.net",
            "number_of_record_sets": 2,
            "resource_group_name": "dtf-work-spoke",
            "soa_record": [
              {
                "email": "azureprivatedns-host.microsoft.com",
                "expire_time": 2419200,
                "fqdn": "privatelink.queue.core.windows.net.",
                "host_name": "azureprivatedns.net",
                "minimum_ttl": 10,
                "refresh_time": 3600,
                "retry_time": 300,
                "serial_number": 1,
                "tags": {},
                "ttl": 3600
              }
            ],
            "tags": {
              "CreationDateTime": "2023-07-27T09:29:55.9115481Z",
              "Environment": "Dev"
            },
            "timeouts": null
          },
          "sensitive_attributes": [],
          "private": "eyJlMmJmYjczMC1lY2FhLTExZTYtOGY4OC0zNDM2M2JjN2M0YzAiOnsiY3JlYXRlIjoxODAwMDAwMDAwMDAwLCJkZWxldGUiOjE4MDAwMDAwMDAwMDAsInJlYWQiOjMwMDAwMDAwMDAwMCwidXBkYXRlIjoxODAwMDAwMDAwMDAwfX0=",
          "dependencies": [
            "azurerm_resource_group.work"
          ]
        }
      ]
    },
    {
      "module": "module.work_subresources_private_endpoints[\"queue\"]",
      "mode": "managed",
      "type": "azurerm_private_dns_zone_virtual_network_link",
      "name": "vnet_links",
      "provider": "provider[\"registry.terraform.io/hashicorp/azurerm\"]",
      "instances": [
        {
          "index_key": "work-link",
          "schema_version": 0,
          "attributes": {
            "id": "/subscriptions/d94fe338-52d8-4a44-acd4-4f8301adf2cf/resourceGroups/dtf-work-spoke/providers/Microsoft.Network/privateDnsZones/privatelink.queue.core.windows.net/virtualNetworkLinks/work-link",
            "name": "work-link",
            "private_dns_zone_name": "privatelink.queue.core.windows.net",
            "registration_enabled": false,
            "resource_group_name": "dtf-work-spoke",
            "tags": {
              "CreationDateTime": "2023-07-27T09:30:29.5344850Z",
              "Environment": "Dev"
            },
            "timeouts": null,
            "virtual_network_id": "/subscriptions/d94fe338-52d8-4a44-acd4-4f8301adf2cf/resourceGroups/dtf-work-spoke/providers/Microsoft.Network/virtualNetworks/dtf-work-vnet"
          },
          "sensitive_attributes": [],
          "private": "eyJlMmJmYjczMC1lY2FhLTExZTYtOGY4OC0zNDM2M2JjN2M0YzAiOnsiY3JlYXRlIjoxODAwMDAwMDAwMDAwLCJkZWxldGUiOjE4MDAwMDAwMDAwMDAsInJlYWQiOjMwMDAwMDAwMDAwMCwidXBkYXRlIjoxODAwMDAwMDAwMDAwfX0=",
          "dependencies": [
            "azurerm_resource_group.work",
            "module.work_subresources_private_endpoints.azurerm_private_dns_zone.dns_zone",
            "module.work_virtual_network.azurerm_virtual_network.vnet"
          ]
        }
      ]
    },
    {
      "module": "module.work_subresources_private_endpoints[\"queue\"]",
      "mode": "managed",
      "type": "azurerm_private_endpoint",
      "name": "private_endpoint",
      "provider": "provider[\"registry.terraform.io/hashicorp/azurerm\"]",
      "instances": [
        {
          "schema_version": 0,
          "attributes": {
            "custom_dns_configs": [],
            "custom_network_interface_name": "",
            "id": "/subscriptions/d94fe338-52d8-4a44-acd4-4f8301adf2cf/resourceGroups/dtf-work-spoke/providers/Microsoft.Network/privateEndpoints/dtf-work-queue-pe",
            "ip_configuration": [],
            "location": "westeurope",
            "name": "dtf-work-queue-pe",
            "network_interface": [
              {
                "id": "/subscriptions/d94fe338-52d8-4a44-acd4-4f8301adf2cf/resourceGroups/dtf-work-spoke/providers/Microsoft.Network/networkInterfaces/dtf-work-queue-pe.nic.03176cbc-2781-41a6-b0ed-e0a9716e7ca6",
                "name": "dtf-work-queue-pe.nic.03176cbc-2781-41a6-b0ed-e0a9716e7ca6"
              }
            ],
            "private_dns_zone_configs": [
              {
                "id": "/subscriptions/d94fe338-52d8-4a44-acd4-4f8301adf2cf/resourceGroups/dtf-work-spoke/providers/Microsoft.Network/privateEndpoints/dtf-work-queue-pe/privateDnsZoneGroups/private-endpoint/privateDnsZoneConfigs/privatelink.queue.core.windows.net",
                "name": "privatelink.queue.core.windows.net",
                "private_dns_zone_id": "/subscriptions/d94fe338-52d8-4a44-acd4-4f8301adf2cf/resourceGroups/dtf-work-spoke/providers/Microsoft.Network/privateDnsZones/privatelink.queue.core.windows.net",
                "record_sets": [
                  {
                    "fqdn": "dtfworkstorage.privatelink.queue.core.windows.net",
                    "ip_addresses": [
                      "10.1.1.6"
                    ],
                    "name": "dtfworkstorage",
                    "ttl": 10,
                    "type": "A"
                  }
                ]
              }
            ],
            "private_dns_zone_group": [
              {
                "id": "/subscriptions/d94fe338-52d8-4a44-acd4-4f8301adf2cf/resourceGroups/dtf-work-spoke/providers/Microsoft.Network/privateEndpoints/dtf-work-queue-pe/privateDnsZoneGroups/private-endpoint",
                "name": "private-endpoint",
                "private_dns_zone_ids": [
                  "/subscriptions/d94fe338-52d8-4a44-acd4-4f8301adf2cf/resourceGroups/dtf-work-spoke/providers/Microsoft.Network/privateDnsZones/privatelink.queue.core.windows.net"
                ]
              }
            ],
            "private_service_connection": [
              {
                "is_manual_connection": false,
                "name": "private-connection",
                "private_connection_resource_alias": "",
                "private_connection_resource_id": "/subscriptions/d94fe338-52d8-4a44-acd4-4f8301adf2cf/resourceGroups/dtf-work-spoke/providers/Microsoft.Storage/storageAccounts/dtfworkstorage",
                "private_ip_address": "10.1.1.6",
                "request_message": "",
                "subresource_names": [
                  "queue"
                ]
              }
            ],
            "resource_group_name": "dtf-work-spoke",
            "subnet_id": "/subscriptions/d94fe338-52d8-4a44-acd4-4f8301adf2cf/resourceGroups/dtf-work-spoke/providers/Microsoft.Network/virtualNetworks/dtf-work-vnet/subnets/StorageSubnet",
            "tags": {
              "CreationDateTime": "2023-07-27T09:32:22.7934095Z",
              "Environment": "Dev"
            },
            "timeouts": null
          },
          "sensitive_attributes": [],
          "private": "eyJlMmJmYjczMC1lY2FhLTExZTYtOGY4OC0zNDM2M2JjN2M0YzAiOnsiY3JlYXRlIjozNjAwMDAwMDAwMDAwLCJkZWxldGUiOjM2MDAwMDAwMDAwMDAsInJlYWQiOjMwMDAwMDAwMDAwMCwidXBkYXRlIjozNjAwMDAwMDAwMDAwfX0=",
          "dependencies": [
            "azurerm_resource_group.hub",
            "azurerm_resource_group.work",
            "module.hub_log_analytics.azurerm_log_analytics_workspace.log_analytics",
            "module.work_network_security_groups.azurerm_network_security_group.nsg",
            "module.work_network_security_groups.azurerm_network_security_rule.rules",
            "module.work_network_security_groups.module.nsg_diagnostics.azurerm_monitor_diagnostic_setting.diagnostics",
            "module.work_network_security_groups.module.nsg_diagnostics.data.azurerm_monitor_diagnostic_categories.categories",
            "module.work_private_storage.azurerm_storage_account.storage",
            "module.work_route_tables.azurerm_route.routes",
            "module.work_route_tables.azurerm_route_table.rt",
            "module.work_subresources_private_endpoints.azurerm_private_dns_zone.dns_zone",
            "module.work_virtual_network.azurerm_subnet.subnets",
            "module.work_virtual_network.azurerm_virtual_network.vnet"
          ]
        }
      ]
    },
    {
      "module": "module.work_subresources_private_endpoints[\"queue\"].module.nic-diagnostics[0]",
      "mode": "data",
      "type": "azurerm_monitor_diagnostic_categories",
      "name": "categories",
      "provider": "provider[\"registry.terraform.io/hashicorp/azurerm\"]",
      "instances": [
        {
          "schema_version": 0,
          "attributes": {
            "id": "/subscriptions/d94fe338-52d8-4a44-acd4-4f8301adf2cf/resourceGroups/dtf-work-spoke/providers/Microsoft.Network/networkInterfaces/dtf-work-queue-pe.nic.03176cbc-2781-41a6-b0ed-e0a9716e7ca6",
            "log_category_groups": [],
            "log_category_types": [],
            "logs": [],
            "metrics": [
              "AllMetrics"
            ],
            "resource_id": "/subscriptions/d94fe338-52d8-4a44-acd4-4f8301adf2cf/resourceGroups/dtf-work-spoke/providers/Microsoft.Network/networkInterfaces/dtf-work-queue-pe.nic.03176cbc-2781-41a6-b0ed-e0a9716e7ca6",
            "timeouts": null
          },
          "sensitive_attributes": []
        }
      ]
    },
    {
      "module": "module.work_subresources_private_endpoints[\"queue\"].module.nic-diagnostics[0]",
      "mode": "managed",
      "type": "azurerm_monitor_diagnostic_setting",
      "name": "diagnostics",
      "provider": "provider[\"registry.terraform.io/hashicorp/azurerm\"]",
      "instances": [
        {
          "schema_version": 0,
          "attributes": {
            "enabled_log": [],
            "eventhub_authorization_rule_id": "",
            "eventhub_name": "",
            "id": "/subscriptions/d94fe338-52d8-4a44-acd4-4f8301adf2cf/resourceGroups/dtf-work-spoke/providers/Microsoft.Network/networkInterfaces/dtf-work-queue-pe.nic.03176cbc-2781-41a6-b0ed-e0a9716e7ca6|pe-nic-diagnostics",
            "log": [],
            "log_analytics_destination_type": "",
            "log_analytics_workspace_id": "/subscriptions/d94fe338-52d8-4a44-acd4-4f8301adf2cf/resourceGroups/dtf-hub/providers/Microsoft.OperationalInsights/workspaces/dtf-hub-log-analytics-workspace",
            "metric": [
              {
                "category": "AllMetrics",
                "enabled": true,
                "retention_policy": [
                  {
                    "days": 0,
                    "enabled": false
                  }
                ]
              }
            ],
            "name": "pe-nic-diagnostics",
            "partner_solution_id": null,
            "storage_account_id": null,
            "target_resource_id": "/subscriptions/d94fe338-52d8-4a44-acd4-4f8301adf2cf/resourceGroups/dtf-work-spoke/providers/Microsoft.Network/networkInterfaces/dtf-work-queue-pe.nic.03176cbc-2781-41a6-b0ed-e0a9716e7ca6",
            "timeouts": null
          },
          "sensitive_attributes": [],
          "private": "eyJlMmJmYjczMC1lY2FhLTExZTYtOGY4OC0zNDM2M2JjN2M0YzAiOnsiY3JlYXRlIjoxODAwMDAwMDAwMDAwLCJkZWxldGUiOjM2MDAwMDAwMDAwMDAsInJlYWQiOjMwMDAwMDAwMDAwMCwidXBkYXRlIjoxODAwMDAwMDAwMDAwfX0=",
          "dependencies": [
            "azurerm_resource_group.hub",
            "azurerm_resource_group.work",
            "module.hub_log_analytics.azurerm_log_analytics_workspace.log_analytics",
            "module.work_network_security_groups.azurerm_network_security_group.nsg",
            "module.work_network_security_groups.azurerm_network_security_rule.rules",
            "module.work_network_security_groups.module.nsg_diagnostics.azurerm_monitor_diagnostic_setting.diagnostics",
            "module.work_network_security_groups.module.nsg_diagnostics.data.azurerm_monitor_diagnostic_categories.categories",
            "module.work_private_storage.azurerm_storage_account.storage",
            "module.work_route_tables.azurerm_route.routes",
            "module.work_route_tables.azurerm_route_table.rt",
            "module.work_subresources_private_endpoints.azurerm_private_dns_zone.dns_zone",
            "module.work_subresources_private_endpoints.azurerm_private_endpoint.private_endpoint",
            "module.work_subresources_private_endpoints.module.nic-diagnostics.data.azurerm_monitor_diagnostic_categories.categories",
            "module.work_virtual_network.azurerm_subnet.subnets",
            "module.work_virtual_network.azurerm_virtual_network.vnet"
          ]
        }
      ]
    },
    {
      "module": "module.work_subresources_private_endpoints[\"table\"]",
      "mode": "managed",
      "type": "azurerm_private_dns_zone",
      "name": "dns_zone",
      "provider": "provider[\"registry.terraform.io/hashicorp/azurerm\"]",
      "instances": [
        {
          "index_key": 0,
          "schema_version": 0,
          "attributes": {
            "id": "/subscriptions/d94fe338-52d8-4a44-acd4-4f8301adf2cf/resourceGroups/dtf-work-spoke/providers/Microsoft.Network/privateDnsZones/privatelink.table.core.windows.net",
            "max_number_of_record_sets": 25000,
            "max_number_of_virtual_network_links": 1000,
            "max_number_of_virtual_network_links_with_registration": 100,
            "name": "privatelink.table.core.windows.net",
            "number_of_record_sets": 2,
            "resource_group_name": "dtf-work-spoke",
            "soa_record": [
              {
                "email": "azureprivatedns-host.microsoft.com",
                "expire_time": 2419200,
                "fqdn": "privatelink.table.core.windows.net.",
                "host_name": "azureprivatedns.net",
                "minimum_ttl": 10,
                "refresh_time": 3600,
                "retry_time": 300,
                "serial_number": 1,
                "tags": {},
                "ttl": 3600
              }
            ],
            "tags": {
              "CreationDateTime": "2023-07-27T09:29:55.9103379Z",
              "Environment": "Dev"
            },
            "timeouts": null
          },
          "sensitive_attributes": [],
          "private": "eyJlMmJmYjczMC1lY2FhLTExZTYtOGY4OC0zNDM2M2JjN2M0YzAiOnsiY3JlYXRlIjoxODAwMDAwMDAwMDAwLCJkZWxldGUiOjE4MDAwMDAwMDAwMDAsInJlYWQiOjMwMDAwMDAwMDAwMCwidXBkYXRlIjoxODAwMDAwMDAwMDAwfX0=",
          "dependencies": [
            "azurerm_resource_group.work"
          ]
        }
      ]
    },
    {
      "module": "module.work_subresources_private_endpoints[\"table\"]",
      "mode": "managed",
      "type": "azurerm_private_dns_zone_virtual_network_link",
      "name": "vnet_links",
      "provider": "provider[\"registry.terraform.io/hashicorp/azurerm\"]",
      "instances": [
        {
          "index_key": "work-link",
          "schema_version": 0,
          "attributes": {
            "id": "/subscriptions/d94fe338-52d8-4a44-acd4-4f8301adf2cf/resourceGroups/dtf-work-spoke/providers/Microsoft.Network/privateDnsZones/privatelink.table.core.windows.net/virtualNetworkLinks/work-link",
            "name": "work-link",
            "private_dns_zone_name": "privatelink.table.core.windows.net",
            "registration_enabled": false,
            "resource_group_name": "dtf-work-spoke",
            "tags": {
              "CreationDateTime": "2023-07-27T09:30:29.5344726Z",
              "Environment": "Dev"
            },
            "timeouts": null,
            "virtual_network_id": "/subscriptions/d94fe338-52d8-4a44-acd4-4f8301adf2cf/resourceGroups/dtf-work-spoke/providers/Microsoft.Network/virtualNetworks/dtf-work-vnet"
          },
          "sensitive_attributes": [],
          "private": "eyJlMmJmYjczMC1lY2FhLTExZTYtOGY4OC0zNDM2M2JjN2M0YzAiOnsiY3JlYXRlIjoxODAwMDAwMDAwMDAwLCJkZWxldGUiOjE4MDAwMDAwMDAwMDAsInJlYWQiOjMwMDAwMDAwMDAwMCwidXBkYXRlIjoxODAwMDAwMDAwMDAwfX0=",
          "dependencies": [
            "azurerm_resource_group.work",
            "module.work_subresources_private_endpoints.azurerm_private_dns_zone.dns_zone",
            "module.work_virtual_network.azurerm_virtual_network.vnet"
          ]
        }
      ]
    },
    {
      "module": "module.work_subresources_private_endpoints[\"table\"]",
      "mode": "managed",
      "type": "azurerm_private_endpoint",
      "name": "private_endpoint",
      "provider": "provider[\"registry.terraform.io/hashicorp/azurerm\"]",
      "instances": [
        {
          "schema_version": 0,
          "attributes": {
            "custom_dns_configs": [],
            "custom_network_interface_name": "",
            "id": "/subscriptions/d94fe338-52d8-4a44-acd4-4f8301adf2cf/resourceGroups/dtf-work-spoke/providers/Microsoft.Network/privateEndpoints/dtf-work-table-pe",
            "ip_configuration": [],
            "location": "westeurope",
            "name": "dtf-work-table-pe",
            "network_interface": [
              {
                "id": "/subscriptions/d94fe338-52d8-4a44-acd4-4f8301adf2cf/resourceGroups/dtf-work-spoke/providers/Microsoft.Network/networkInterfaces/dtf-work-table-pe.nic.309043a6-21e2-47ab-837f-fca497eddebe",
                "name": "dtf-work-table-pe.nic.309043a6-21e2-47ab-837f-fca497eddebe"
              }
            ],
            "private_dns_zone_configs": [
              {
                "id": "/subscriptions/d94fe338-52d8-4a44-acd4-4f8301adf2cf/resourceGroups/dtf-work-spoke/providers/Microsoft.Network/privateEndpoints/dtf-work-table-pe/privateDnsZoneGroups/private-endpoint/privateDnsZoneConfigs/privatelink.table.core.windows.net",
                "name": "privatelink.table.core.windows.net",
                "private_dns_zone_id": "/subscriptions/d94fe338-52d8-4a44-acd4-4f8301adf2cf/resourceGroups/dtf-work-spoke/providers/Microsoft.Network/privateDnsZones/privatelink.table.core.windows.net",
                "record_sets": [
                  {
                    "fqdn": "dtfworkstorage.privatelink.table.core.windows.net",
                    "ip_addresses": [
                      "10.1.1.7"
                    ],
                    "name": "dtfworkstorage",
                    "ttl": 10,
                    "type": "A"
                  }
                ]
              }
            ],
            "private_dns_zone_group": [
              {
                "id": "/subscriptions/d94fe338-52d8-4a44-acd4-4f8301adf2cf/resourceGroups/dtf-work-spoke/providers/Microsoft.Network/privateEndpoints/dtf-work-table-pe/privateDnsZoneGroups/private-endpoint",
                "name": "private-endpoint",
                "private_dns_zone_ids": [
                  "/subscriptions/d94fe338-52d8-4a44-acd4-4f8301adf2cf/resourceGroups/dtf-work-spoke/providers/Microsoft.Network/privateDnsZones/privatelink.table.core.windows.net"
                ]
              }
            ],
            "private_service_connection": [
              {
                "is_manual_connection": false,
                "name": "private-connection",
                "private_connection_resource_alias": "",
                "private_connection_resource_id": "/subscriptions/d94fe338-52d8-4a44-acd4-4f8301adf2cf/resourceGroups/dtf-work-spoke/providers/Microsoft.Storage/storageAccounts/dtfworkstorage",
                "private_ip_address": "10.1.1.7",
                "request_message": "",
                "subresource_names": [
                  "table"
                ]
              }
            ],
            "resource_group_name": "dtf-work-spoke",
            "subnet_id": "/subscriptions/d94fe338-52d8-4a44-acd4-4f8301adf2cf/resourceGroups/dtf-work-spoke/providers/Microsoft.Network/virtualNetworks/dtf-work-vnet/subnets/StorageSubnet",
            "tags": {
              "CreationDateTime": "2023-07-27T09:33:18.1979625Z",
              "Environment": "Dev"
            },
            "timeouts": null
          },
          "sensitive_attributes": [],
          "private": "eyJlMmJmYjczMC1lY2FhLTExZTYtOGY4OC0zNDM2M2JjN2M0YzAiOnsiY3JlYXRlIjozNjAwMDAwMDAwMDAwLCJkZWxldGUiOjM2MDAwMDAwMDAwMDAsInJlYWQiOjMwMDAwMDAwMDAwMCwidXBkYXRlIjozNjAwMDAwMDAwMDAwfX0=",
          "dependencies": [
            "azurerm_resource_group.hub",
            "azurerm_resource_group.work",
            "module.hub_log_analytics.azurerm_log_analytics_workspace.log_analytics",
            "module.work_network_security_groups.azurerm_network_security_group.nsg",
            "module.work_network_security_groups.azurerm_network_security_rule.rules",
            "module.work_network_security_groups.module.nsg_diagnostics.azurerm_monitor_diagnostic_setting.diagnostics",
            "module.work_network_security_groups.module.nsg_diagnostics.data.azurerm_monitor_diagnostic_categories.categories",
            "module.work_private_storage.azurerm_storage_account.storage",
            "module.work_route_tables.azurerm_route.routes",
            "module.work_route_tables.azurerm_route_table.rt",
            "module.work_subresources_private_endpoints.azurerm_private_dns_zone.dns_zone",
            "module.work_virtual_network.azurerm_subnet.subnets",
            "module.work_virtual_network.azurerm_virtual_network.vnet"
          ]
        }
      ]
    },
    {
      "module": "module.work_subresources_private_endpoints[\"table\"].module.nic-diagnostics[0]",
      "mode": "data",
      "type": "azurerm_monitor_diagnostic_categories",
      "name": "categories",
      "provider": "provider[\"registry.terraform.io/hashicorp/azurerm\"]",
      "instances": [
        {
          "schema_version": 0,
          "attributes": {
            "id": "/subscriptions/d94fe338-52d8-4a44-acd4-4f8301adf2cf/resourceGroups/dtf-work-spoke/providers/Microsoft.Network/networkInterfaces/dtf-work-table-pe.nic.309043a6-21e2-47ab-837f-fca497eddebe",
            "log_category_groups": [],
            "log_category_types": [],
            "logs": [],
            "metrics": [
              "AllMetrics"
            ],
            "resource_id": "/subscriptions/d94fe338-52d8-4a44-acd4-4f8301adf2cf/resourceGroups/dtf-work-spoke/providers/Microsoft.Network/networkInterfaces/dtf-work-table-pe.nic.309043a6-21e2-47ab-837f-fca497eddebe",
            "timeouts": null
          },
          "sensitive_attributes": []
        }
      ]
    },
    {
      "module": "module.work_subresources_private_endpoints[\"table\"].module.nic-diagnostics[0]",
      "mode": "managed",
      "type": "azurerm_monitor_diagnostic_setting",
      "name": "diagnostics",
      "provider": "provider[\"registry.terraform.io/hashicorp/azurerm\"]",
      "instances": [
        {
          "schema_version": 0,
          "attributes": {
            "enabled_log": [],
            "eventhub_authorization_rule_id": "",
            "eventhub_name": "",
            "id": "/subscriptions/d94fe338-52d8-4a44-acd4-4f8301adf2cf/resourceGroups/dtf-work-spoke/providers/Microsoft.Network/networkInterfaces/dtf-work-table-pe.nic.309043a6-21e2-47ab-837f-fca497eddebe|pe-nic-diagnostics",
            "log": [],
            "log_analytics_destination_type": "",
            "log_analytics_workspace_id": "/subscriptions/d94fe338-52d8-4a44-acd4-4f8301adf2cf/resourceGroups/dtf-hub/providers/Microsoft.OperationalInsights/workspaces/dtf-hub-log-analytics-workspace",
            "metric": [
              {
                "category": "AllMetrics",
                "enabled": true,
                "retention_policy": [
                  {
                    "days": 0,
                    "enabled": false
                  }
                ]
              }
            ],
            "name": "pe-nic-diagnostics",
            "partner_solution_id": null,
            "storage_account_id": null,
            "target_resource_id": "/subscriptions/d94fe338-52d8-4a44-acd4-4f8301adf2cf/resourceGroups/dtf-work-spoke/providers/Microsoft.Network/networkInterfaces/dtf-work-table-pe.nic.309043a6-21e2-47ab-837f-fca497eddebe",
            "timeouts": null
          },
          "sensitive_attributes": [],
          "private": "eyJlMmJmYjczMC1lY2FhLTExZTYtOGY4OC0zNDM2M2JjN2M0YzAiOnsiY3JlYXRlIjoxODAwMDAwMDAwMDAwLCJkZWxldGUiOjM2MDAwMDAwMDAwMDAsInJlYWQiOjMwMDAwMDAwMDAwMCwidXBkYXRlIjoxODAwMDAwMDAwMDAwfX0=",
          "dependencies": [
            "azurerm_resource_group.hub",
            "azurerm_resource_group.work",
            "module.hub_log_analytics.azurerm_log_analytics_workspace.log_analytics",
            "module.work_network_security_groups.azurerm_network_security_group.nsg",
            "module.work_network_security_groups.azurerm_network_security_rule.rules",
            "module.work_network_security_groups.module.nsg_diagnostics.azurerm_monitor_diagnostic_setting.diagnostics",
            "module.work_network_security_groups.module.nsg_diagnostics.data.azurerm_monitor_diagnostic_categories.categories",
            "module.work_private_storage.azurerm_storage_account.storage",
            "module.work_route_tables.azurerm_route.routes",
            "module.work_route_tables.azurerm_route_table.rt",
            "module.work_subresources_private_endpoints.azurerm_private_dns_zone.dns_zone",
            "module.work_subresources_private_endpoints.azurerm_private_endpoint.private_endpoint",
            "module.work_subresources_private_endpoints.module.nic-diagnostics.data.azurerm_monitor_diagnostic_categories.categories",
            "module.work_virtual_network.azurerm_subnet.subnets",
            "module.work_virtual_network.azurerm_virtual_network.vnet"
          ]
        }
      ]
    },
    {
      "module": "module.work_virtual_network",
      "mode": "managed",
      "type": "azurerm_subnet",
      "name": "subnets",
      "provider": "provider[\"registry.terraform.io/hashicorp/azurerm\"]",
      "instances": [
        {
          "index_key": "AKSSubnet",
          "schema_version": 0,
          "attributes": {
            "address_prefixes": [
              "10.1.2.0/24"
            ],
            "delegation": [],
            "enforce_private_link_endpoint_network_policies": false,
            "enforce_private_link_service_network_policies": false,
            "id": "/subscriptions/d94fe338-52d8-4a44-acd4-4f8301adf2cf/resourceGroups/dtf-work-spoke/providers/Microsoft.Network/virtualNetworks/dtf-work-vnet/subnets/AKSSubnet",
            "name": "AKSSubnet",
            "private_endpoint_network_policies_enabled": true,
            "private_link_service_network_policies_enabled": true,
            "resource_group_name": "dtf-work-spoke",
            "service_endpoint_policy_ids": [],
            "service_endpoints": [],
            "timeouts": null,
            "virtual_network_name": "dtf-work-vnet"
          },
          "sensitive_attributes": [],
          "private": "eyJlMmJmYjczMC1lY2FhLTExZTYtOGY4OC0zNDM2M2JjN2M0YzAiOnsiY3JlYXRlIjoxODAwMDAwMDAwMDAwLCJkZWxldGUiOjE4MDAwMDAwMDAwMDAsInJlYWQiOjMwMDAwMDAwMDAwMCwidXBkYXRlIjoxODAwMDAwMDAwMDAwfX0=",
          "dependencies": [
            "azurerm_resource_group.hub",
            "azurerm_resource_group.work",
            "module.hub_log_analytics.azurerm_log_analytics_workspace.log_analytics",
            "module.work_network_security_groups.azurerm_network_security_group.nsg",
            "module.work_network_security_groups.azurerm_network_security_rule.rules",
            "module.work_network_security_groups.module.nsg_diagnostics.azurerm_monitor_diagnostic_setting.diagnostics",
            "module.work_network_security_groups.module.nsg_diagnostics.data.azurerm_monitor_diagnostic_categories.categories",
            "module.work_route_tables.azurerm_route.routes",
            "module.work_route_tables.azurerm_route_table.rt",
            "module.work_virtual_network.azurerm_virtual_network.vnet"
          ]
        },
        {
          "index_key": "StorageSubnet",
          "schema_version": 0,
          "attributes": {
            "address_prefixes": [
              "10.1.1.0/24"
            ],
            "delegation": [],
            "enforce_private_link_endpoint_network_policies": false,
            "enforce_private_link_service_network_policies": false,
            "id": "/subscriptions/d94fe338-52d8-4a44-acd4-4f8301adf2cf/resourceGroups/dtf-work-spoke/providers/Microsoft.Network/virtualNetworks/dtf-work-vnet/subnets/StorageSubnet",
            "name": "StorageSubnet",
            "private_endpoint_network_policies_enabled": true,
            "private_link_service_network_policies_enabled": true,
            "resource_group_name": "dtf-work-spoke",
            "service_endpoint_policy_ids": [],
            "service_endpoints": [],
            "timeouts": null,
            "virtual_network_name": "dtf-work-vnet"
          },
          "sensitive_attributes": [],
          "private": "eyJlMmJmYjczMC1lY2FhLTExZTYtOGY4OC0zNDM2M2JjN2M0YzAiOnsiY3JlYXRlIjoxODAwMDAwMDAwMDAwLCJkZWxldGUiOjE4MDAwMDAwMDAwMDAsInJlYWQiOjMwMDAwMDAwMDAwMCwidXBkYXRlIjoxODAwMDAwMDAwMDAwfX0=",
          "dependencies": [
            "azurerm_resource_group.hub",
            "azurerm_resource_group.work",
            "module.hub_log_analytics.azurerm_log_analytics_workspace.log_analytics",
            "module.work_network_security_groups.azurerm_network_security_group.nsg",
            "module.work_network_security_groups.azurerm_network_security_rule.rules",
            "module.work_network_security_groups.module.nsg_diagnostics.azurerm_monitor_diagnostic_setting.diagnostics",
            "module.work_network_security_groups.module.nsg_diagnostics.data.azurerm_monitor_diagnostic_categories.categories",
            "module.work_route_tables.azurerm_route.routes",
            "module.work_route_tables.azurerm_route_table.rt",
            "module.work_virtual_network.azurerm_virtual_network.vnet"
          ]
        },
        {
          "index_key": "WorkSubnet",
          "schema_version": 0,
          "attributes": {
            "address_prefixes": [
              "10.1.0.0/24"
            ],
            "delegation": [],
            "enforce_private_link_endpoint_network_policies": false,
            "enforce_private_link_service_network_policies": false,
            "id": "/subscriptions/d94fe338-52d8-4a44-acd4-4f8301adf2cf/resourceGroups/dtf-work-spoke/providers/Microsoft.Network/virtualNetworks/dtf-work-vnet/subnets/WorkSubnet",
            "name": "WorkSubnet",
            "private_endpoint_network_policies_enabled": true,
            "private_link_service_network_policies_enabled": true,
            "resource_group_name": "dtf-work-spoke",
            "service_endpoint_policy_ids": [],
            "service_endpoints": [],
            "timeouts": null,
            "virtual_network_name": "dtf-work-vnet"
          },
          "sensitive_attributes": [],
          "private": "eyJlMmJmYjczMC1lY2FhLTExZTYtOGY4OC0zNDM2M2JjN2M0YzAiOnsiY3JlYXRlIjoxODAwMDAwMDAwMDAwLCJkZWxldGUiOjE4MDAwMDAwMDAwMDAsInJlYWQiOjMwMDAwMDAwMDAwMCwidXBkYXRlIjoxODAwMDAwMDAwMDAwfX0=",
          "dependencies": [
            "azurerm_resource_group.hub",
            "azurerm_resource_group.work",
            "module.hub_log_analytics.azurerm_log_analytics_workspace.log_analytics",
            "module.work_network_security_groups.azurerm_network_security_group.nsg",
            "module.work_network_security_groups.azurerm_network_security_rule.rules",
            "module.work_network_security_groups.module.nsg_diagnostics.azurerm_monitor_diagnostic_setting.diagnostics",
            "module.work_network_security_groups.module.nsg_diagnostics.data.azurerm_monitor_diagnostic_categories.categories",
            "module.work_route_tables.azurerm_route.routes",
            "module.work_route_tables.azurerm_route_table.rt",
            "module.work_virtual_network.azurerm_virtual_network.vnet"
          ]
        }
      ]
    },
    {
      "module": "module.work_virtual_network",
      "mode": "managed",
      "type": "azurerm_subnet_network_security_group_association",
      "name": "nsg_association",
      "provider": "provider[\"registry.terraform.io/hashicorp/azurerm\"]",
      "instances": [
        {
          "index_key": "AKSSubnet",
          "schema_version": 0,
          "attributes": {
            "id": "/subscriptions/d94fe338-52d8-4a44-acd4-4f8301adf2cf/resourceGroups/dtf-work-spoke/providers/Microsoft.Network/virtualNetworks/dtf-work-vnet/subnets/AKSSubnet",
            "network_security_group_id": "/subscriptions/d94fe338-52d8-4a44-acd4-4f8301adf2cf/resourceGroups/dtf-work-spoke/providers/Microsoft.Network/networkSecurityGroups/work-AKSSubnet-nsg",
            "subnet_id": "/subscriptions/d94fe338-52d8-4a44-acd4-4f8301adf2cf/resourceGroups/dtf-work-spoke/providers/Microsoft.Network/virtualNetworks/dtf-work-vnet/subnets/AKSSubnet",
            "timeouts": null
          },
          "sensitive_attributes": [],
          "private": "eyJlMmJmYjczMC1lY2FhLTExZTYtOGY4OC0zNDM2M2JjN2M0YzAiOnsiY3JlYXRlIjoxODAwMDAwMDAwMDAwLCJkZWxldGUiOjE4MDAwMDAwMDAwMDAsInJlYWQiOjMwMDAwMDAwMDAwMCwidXBkYXRlIjoxODAwMDAwMDAwMDAwfX0=",
          "dependencies": [
            "azurerm_resource_group.hub",
            "azurerm_resource_group.work",
            "module.hub_log_analytics.azurerm_log_analytics_workspace.log_analytics",
            "module.work_network_security_groups.azurerm_network_security_group.nsg",
            "module.work_network_security_groups.azurerm_network_security_rule.rules",
            "module.work_network_security_groups.module.nsg_diagnostics.azurerm_monitor_diagnostic_setting.diagnostics",
            "module.work_network_security_groups.module.nsg_diagnostics.data.azurerm_monitor_diagnostic_categories.categories",
            "module.work_route_tables.azurerm_route.routes",
            "module.work_route_tables.azurerm_route_table.rt",
            "module.work_virtual_network.azurerm_subnet.subnets",
            "module.work_virtual_network.azurerm_virtual_network.vnet"
          ]
        },
        {
          "index_key": "StorageSubnet",
          "schema_version": 0,
          "attributes": {
            "id": "/subscriptions/d94fe338-52d8-4a44-acd4-4f8301adf2cf/resourceGroups/dtf-work-spoke/providers/Microsoft.Network/virtualNetworks/dtf-work-vnet/subnets/StorageSubnet",
            "network_security_group_id": "/subscriptions/d94fe338-52d8-4a44-acd4-4f8301adf2cf/resourceGroups/dtf-work-spoke/providers/Microsoft.Network/networkSecurityGroups/work-StorageSubnet-nsg",
            "subnet_id": "/subscriptions/d94fe338-52d8-4a44-acd4-4f8301adf2cf/resourceGroups/dtf-work-spoke/providers/Microsoft.Network/virtualNetworks/dtf-work-vnet/subnets/StorageSubnet",
            "timeouts": null
          },
          "sensitive_attributes": [],
          "private": "eyJlMmJmYjczMC1lY2FhLTExZTYtOGY4OC0zNDM2M2JjN2M0YzAiOnsiY3JlYXRlIjoxODAwMDAwMDAwMDAwLCJkZWxldGUiOjE4MDAwMDAwMDAwMDAsInJlYWQiOjMwMDAwMDAwMDAwMCwidXBkYXRlIjoxODAwMDAwMDAwMDAwfX0=",
          "dependencies": [
            "azurerm_resource_group.hub",
            "azurerm_resource_group.work",
            "module.hub_log_analytics.azurerm_log_analytics_workspace.log_analytics",
            "module.work_network_security_groups.azurerm_network_security_group.nsg",
            "module.work_network_security_groups.azurerm_network_security_rule.rules",
            "module.work_network_security_groups.module.nsg_diagnostics.azurerm_monitor_diagnostic_setting.diagnostics",
            "module.work_network_security_groups.module.nsg_diagnostics.data.azurerm_monitor_diagnostic_categories.categories",
            "module.work_route_tables.azurerm_route.routes",
            "module.work_route_tables.azurerm_route_table.rt",
            "module.work_virtual_network.azurerm_subnet.subnets",
            "module.work_virtual_network.azurerm_virtual_network.vnet"
          ]
        },
        {
          "index_key": "WorkSubnet",
          "schema_version": 0,
          "attributes": {
            "id": "/subscriptions/d94fe338-52d8-4a44-acd4-4f8301adf2cf/resourceGroups/dtf-work-spoke/providers/Microsoft.Network/virtualNetworks/dtf-work-vnet/subnets/WorkSubnet",
            "network_security_group_id": "/subscriptions/d94fe338-52d8-4a44-acd4-4f8301adf2cf/resourceGroups/dtf-work-spoke/providers/Microsoft.Network/networkSecurityGroups/work-WorkSubnet-nsg",
            "subnet_id": "/subscriptions/d94fe338-52d8-4a44-acd4-4f8301adf2cf/resourceGroups/dtf-work-spoke/providers/Microsoft.Network/virtualNetworks/dtf-work-vnet/subnets/WorkSubnet",
            "timeouts": null
          },
          "sensitive_attributes": [],
          "private": "eyJlMmJmYjczMC1lY2FhLTExZTYtOGY4OC0zNDM2M2JjN2M0YzAiOnsiY3JlYXRlIjoxODAwMDAwMDAwMDAwLCJkZWxldGUiOjE4MDAwMDAwMDAwMDAsInJlYWQiOjMwMDAwMDAwMDAwMCwidXBkYXRlIjoxODAwMDAwMDAwMDAwfX0=",
          "dependencies": [
            "azurerm_resource_group.hub",
            "azurerm_resource_group.work",
            "module.hub_log_analytics.azurerm_log_analytics_workspace.log_analytics",
            "module.work_network_security_groups.azurerm_network_security_group.nsg",
            "module.work_network_security_groups.azurerm_network_security_rule.rules",
            "module.work_network_security_groups.module.nsg_diagnostics.azurerm_monitor_diagnostic_setting.diagnostics",
            "module.work_network_security_groups.module.nsg_diagnostics.data.azurerm_monitor_diagnostic_categories.categories",
            "module.work_route_tables.azurerm_route.routes",
            "module.work_route_tables.azurerm_route_table.rt",
            "module.work_virtual_network.azurerm_subnet.subnets",
            "module.work_virtual_network.azurerm_virtual_network.vnet"
          ]
        }
      ]
    },
    {
      "module": "module.work_virtual_network",
      "mode": "managed",
      "type": "azurerm_subnet_route_table_association",
      "name": "rt_association",
      "provider": "provider[\"registry.terraform.io/hashicorp/azurerm\"]",
      "instances": [
        {
          "index_key": "AKSSubnet",
          "schema_version": 0,
          "attributes": {
            "id": "/subscriptions/d94fe338-52d8-4a44-acd4-4f8301adf2cf/resourceGroups/dtf-work-spoke/providers/Microsoft.Network/virtualNetworks/dtf-work-vnet/subnets/AKSSubnet",
            "route_table_id": "/subscriptions/d94fe338-52d8-4a44-acd4-4f8301adf2cf/resourceGroups/dtf-work-spoke/providers/Microsoft.Network/routeTables/work-rt",
            "subnet_id": "/subscriptions/d94fe338-52d8-4a44-acd4-4f8301adf2cf/resourceGroups/dtf-work-spoke/providers/Microsoft.Network/virtualNetworks/dtf-work-vnet/subnets/AKSSubnet",
            "timeouts": null
          },
          "sensitive_attributes": [],
          "private": "eyJlMmJmYjczMC1lY2FhLTExZTYtOGY4OC0zNDM2M2JjN2M0YzAiOnsiY3JlYXRlIjoxODAwMDAwMDAwMDAwLCJkZWxldGUiOjE4MDAwMDAwMDAwMDAsInJlYWQiOjMwMDAwMDAwMDAwMCwidXBkYXRlIjoxODAwMDAwMDAwMDAwfX0=",
          "dependencies": [
            "azurerm_resource_group.hub",
            "azurerm_resource_group.work",
            "module.hub_log_analytics.azurerm_log_analytics_workspace.log_analytics",
            "module.work_network_security_groups.azurerm_network_security_group.nsg",
            "module.work_network_security_groups.azurerm_network_security_rule.rules",
            "module.work_network_security_groups.module.nsg_diagnostics.azurerm_monitor_diagnostic_setting.diagnostics",
            "module.work_network_security_groups.module.nsg_diagnostics.data.azurerm_monitor_diagnostic_categories.categories",
            "module.work_route_tables.azurerm_route.routes",
            "module.work_route_tables.azurerm_route_table.rt",
            "module.work_virtual_network.azurerm_subnet.subnets",
            "module.work_virtual_network.azurerm_virtual_network.vnet"
          ]
        },
        {
          "index_key": "StorageSubnet",
          "schema_version": 0,
          "attributes": {
            "id": "/subscriptions/d94fe338-52d8-4a44-acd4-4f8301adf2cf/resourceGroups/dtf-work-spoke/providers/Microsoft.Network/virtualNetworks/dtf-work-vnet/subnets/StorageSubnet",
            "route_table_id": "/subscriptions/d94fe338-52d8-4a44-acd4-4f8301adf2cf/resourceGroups/dtf-work-spoke/providers/Microsoft.Network/routeTables/work-rt",
            "subnet_id": "/subscriptions/d94fe338-52d8-4a44-acd4-4f8301adf2cf/resourceGroups/dtf-work-spoke/providers/Microsoft.Network/virtualNetworks/dtf-work-vnet/subnets/StorageSubnet",
            "timeouts": null
          },
          "sensitive_attributes": [],
          "private": "eyJlMmJmYjczMC1lY2FhLTExZTYtOGY4OC0zNDM2M2JjN2M0YzAiOnsiY3JlYXRlIjoxODAwMDAwMDAwMDAwLCJkZWxldGUiOjE4MDAwMDAwMDAwMDAsInJlYWQiOjMwMDAwMDAwMDAwMCwidXBkYXRlIjoxODAwMDAwMDAwMDAwfX0=",
          "dependencies": [
            "azurerm_resource_group.hub",
            "azurerm_resource_group.work",
            "module.hub_log_analytics.azurerm_log_analytics_workspace.log_analytics",
            "module.work_network_security_groups.azurerm_network_security_group.nsg",
            "module.work_network_security_groups.azurerm_network_security_rule.rules",
            "module.work_network_security_groups.module.nsg_diagnostics.azurerm_monitor_diagnostic_setting.diagnostics",
            "module.work_network_security_groups.module.nsg_diagnostics.data.azurerm_monitor_diagnostic_categories.categories",
            "module.work_route_tables.azurerm_route.routes",
            "module.work_route_tables.azurerm_route_table.rt",
            "module.work_virtual_network.azurerm_subnet.subnets",
            "module.work_virtual_network.azurerm_virtual_network.vnet"
          ]
        },
        {
          "index_key": "WorkSubnet",
          "schema_version": 0,
          "attributes": {
            "id": "/subscriptions/d94fe338-52d8-4a44-acd4-4f8301adf2cf/resourceGroups/dtf-work-spoke/providers/Microsoft.Network/virtualNetworks/dtf-work-vnet/subnets/WorkSubnet",
            "route_table_id": "/subscriptions/d94fe338-52d8-4a44-acd4-4f8301adf2cf/resourceGroups/dtf-work-spoke/providers/Microsoft.Network/routeTables/work-rt",
            "subnet_id": "/subscriptions/d94fe338-52d8-4a44-acd4-4f8301adf2cf/resourceGroups/dtf-work-spoke/providers/Microsoft.Network/virtualNetworks/dtf-work-vnet/subnets/WorkSubnet",
            "timeouts": null
          },
          "sensitive_attributes": [],
          "private": "eyJlMmJmYjczMC1lY2FhLTExZTYtOGY4OC0zNDM2M2JjN2M0YzAiOnsiY3JlYXRlIjoxODAwMDAwMDAwMDAwLCJkZWxldGUiOjE4MDAwMDAwMDAwMDAsInJlYWQiOjMwMDAwMDAwMDAwMCwidXBkYXRlIjoxODAwMDAwMDAwMDAwfX0=",
          "dependencies": [
            "azurerm_resource_group.hub",
            "azurerm_resource_group.work",
            "module.hub_log_analytics.azurerm_log_analytics_workspace.log_analytics",
            "module.work_network_security_groups.azurerm_network_security_group.nsg",
            "module.work_network_security_groups.azurerm_network_security_rule.rules",
            "module.work_network_security_groups.module.nsg_diagnostics.azurerm_monitor_diagnostic_setting.diagnostics",
            "module.work_network_security_groups.module.nsg_diagnostics.data.azurerm_monitor_diagnostic_categories.categories",
            "module.work_route_tables.azurerm_route.routes",
            "module.work_route_tables.azurerm_route_table.rt",
            "module.work_virtual_network.azurerm_subnet.subnets",
            "module.work_virtual_network.azurerm_virtual_network.vnet"
          ]
        }
      ]
    },
    {
      "module": "module.work_virtual_network",
      "mode": "managed",
      "type": "azurerm_virtual_network",
      "name": "vnet",
      "provider": "provider[\"registry.terraform.io/hashicorp/azurerm\"]",
      "instances": [
        {
          "schema_version": 0,
          "attributes": {
            "address_space": [
              "10.1.0.0/16"
            ],
            "bgp_community": "",
            "ddos_protection_plan": [],
            "dns_servers": [],
            "edge_zone": "",
            "flow_timeout_in_minutes": 0,
            "guid": "d0eff54c-5fed-44ab-9dad-abd8aa087754",
            "id": "/subscriptions/d94fe338-52d8-4a44-acd4-4f8301adf2cf/resourceGroups/dtf-work-spoke/providers/Microsoft.Network/virtualNetworks/dtf-work-vnet",
            "location": "westeurope",
            "name": "dtf-work-vnet",
            "resource_group_name": "dtf-work-spoke",
            "subnet": [
              {
                "address_prefix": "10.1.0.0/24",
                "id": "/subscriptions/d94fe338-52d8-4a44-acd4-4f8301adf2cf/resourceGroups/dtf-work-spoke/providers/Microsoft.Network/virtualNetworks/dtf-work-vnet/subnets/WorkSubnet",
                "name": "WorkSubnet",
                "security_group": "/subscriptions/d94fe338-52d8-4a44-acd4-4f8301adf2cf/resourceGroups/dtf-work-spoke/providers/Microsoft.Network/networkSecurityGroups/work-WorkSubnet-nsg"
              },
              {
                "address_prefix": "10.1.1.0/24",
                "id": "/subscriptions/d94fe338-52d8-4a44-acd4-4f8301adf2cf/resourceGroups/dtf-work-spoke/providers/Microsoft.Network/virtualNetworks/dtf-work-vnet/subnets/StorageSubnet",
                "name": "StorageSubnet",
                "security_group": "/subscriptions/d94fe338-52d8-4a44-acd4-4f8301adf2cf/resourceGroups/dtf-work-spoke/providers/Microsoft.Network/networkSecurityGroups/work-StorageSubnet-nsg"
              },
              {
                "address_prefix": "10.1.2.0/24",
                "id": "/subscriptions/d94fe338-52d8-4a44-acd4-4f8301adf2cf/resourceGroups/dtf-work-spoke/providers/Microsoft.Network/virtualNetworks/dtf-work-vnet/subnets/AKSSubnet",
                "name": "AKSSubnet",
                "security_group": "/subscriptions/d94fe338-52d8-4a44-acd4-4f8301adf2cf/resourceGroups/dtf-work-spoke/providers/Microsoft.Network/networkSecurityGroups/work-AKSSubnet-nsg"
              }
            ],
            "tags": {
              "CreationDateTime": "2023-07-20T07:36:24.8320175Z",
              "Environment": "Dev"
            },
            "timeouts": null
          },
          "sensitive_attributes": [],
          "private": "eyJlMmJmYjczMC1lY2FhLTExZTYtOGY4OC0zNDM2M2JjN2M0YzAiOnsiY3JlYXRlIjoxODAwMDAwMDAwMDAwLCJkZWxldGUiOjE4MDAwMDAwMDAwMDAsInJlYWQiOjMwMDAwMDAwMDAwMCwidXBkYXRlIjoxODAwMDAwMDAwMDAwfX0=",
          "dependencies": [
            "azurerm_resource_group.work"
          ]
        }
      ]
    },
    {
      "module": "module.work_vm",
      "mode": "managed",
      "type": "azurerm_linux_virtual_machine",
      "name": "vms",
      "provider": "provider[\"registry.terraform.io/hashicorp/azurerm\"]",
      "instances": [
        {
          "index_key": 0,
          "schema_version": 0,
          "attributes": {
            "additional_capabilities": [],
            "admin_password": "Password123!",
            "admin_ssh_key": [],
            "admin_username": "daniel",
            "allow_extension_operations": true,
            "availability_set_id": "",
            "boot_diagnostics": [],
            "capacity_reservation_group_id": "",
            "computer_name": "dtf-work-vm",
            "custom_data": null,
            "dedicated_host_group_id": "",
            "dedicated_host_id": "",
            "disable_password_authentication": false,
            "edge_zone": "",
            "encryption_at_host_enabled": false,
            "eviction_policy": "",
            "extensions_time_budget": "PT1H30M",
            "gallery_application": [],
            "id": "/subscriptions/d94fe338-52d8-4a44-acd4-4f8301adf2cf/resourceGroups/dtf-work-spoke/providers/Microsoft.Compute/virtualMachines/dtf-work-vm",
            "identity": [
              {
                "identity_ids": [],
                "principal_id": "23b65e9d-1c7e-4ed2-bb5f-2e99154cdf35",
                "tenant_id": "c9ad96a7-2bac-49a7-abf6-8e932f60bf2b",
                "type": "SystemAssigned"
              }
            ],
            "license_type": "",
            "location": "westeurope",
            "max_bid_price": -1,
            "name": "dtf-work-vm",
            "network_interface_ids": [
              "/subscriptions/d94fe338-52d8-4a44-acd4-4f8301adf2cf/resourceGroups/dtf-work-spoke/providers/Microsoft.Network/networkInterfaces/dtf-work-vm-nic"
            ],
            "os_disk": [
              {
                "caching": "ReadWrite",
                "diff_disk_settings": [],
                "disk_encryption_set_id": "",
                "disk_size_gb": 30,
                "name": "dtf-work-vm-os-disk",
                "secure_vm_disk_encryption_set_id": "",
                "security_encryption_type": "",
                "storage_account_type": "Standard_LRS",
                "write_accelerator_enabled": false
              }
            ],
            "patch_assessment_mode": "ImageDefault",
            "patch_mode": "ImageDefault",
            "plan": [],
            "platform_fault_domain": -1,
            "priority": "Regular",
            "private_ip_address": "10.1.0.4",
            "private_ip_addresses": [
              "10.1.0.4"
            ],
            "provision_vm_agent": true,
            "proximity_placement_group_id": "",
            "public_ip_address": "",
            "public_ip_addresses": [],
            "resource_group_name": "dtf-work-spoke",
            "secret": [],
            "secure_boot_enabled": false,
            "size": "Standard_B2s",
            "source_image_id": "",
            "source_image_reference": [
              {
                "offer": "0001-com-ubuntu-server-focal",
                "publisher": "Canonical",
                "sku": "20_04-lts",
                "version": "latest"
              }
            ],
            "tags": {
              "CreationDateTime": "2023-07-23T11:10:44.6236623Z",
              "Environment": "Dev"
            },
            "termination_notification": [],
            "timeouts": null,
            "user_data": "",
            "virtual_machine_id": "32adc211-7af1-4482-82dd-ac225213c5e8",
            "virtual_machine_scale_set_id": "",
            "vtpm_enabled": false,
            "zone": ""
          },
          "sensitive_attributes": [
            [
              {
                "type": "get_attr",
                "value": "admin_password"
              }
            ]
          ],
          "private": "eyJlMmJmYjczMC1lY2FhLTExZTYtOGY4OC0zNDM2M2JjN2M0YzAiOnsiY3JlYXRlIjoyNzAwMDAwMDAwMDAwLCJkZWxldGUiOjI3MDAwMDAwMDAwMDAsInJlYWQiOjMwMDAwMDAwMDAwMCwidXBkYXRlIjoyNzAwMDAwMDAwMDAwfX0=",
          "dependencies": [
            "azurerm_resource_group.hub",
            "azurerm_resource_group.work",
            "module.hub_log_analytics.azurerm_log_analytics_workspace.log_analytics",
            "module.work_network_security_groups.azurerm_network_security_group.nsg",
            "module.work_network_security_groups.azurerm_network_security_rule.rules",
            "module.work_network_security_groups.module.nsg_diagnostics.azurerm_monitor_diagnostic_setting.diagnostics",
            "module.work_network_security_groups.module.nsg_diagnostics.data.azurerm_monitor_diagnostic_categories.categories",
            "module.work_route_tables.azurerm_route.routes",
            "module.work_route_tables.azurerm_route_table.rt",
            "module.work_virtual_network.azurerm_subnet.subnets",
            "module.work_virtual_network.azurerm_virtual_network.vnet",
            "module.work_vm.azurerm_network_interface.nics"
          ]
        }
      ]
    },
    {
      "module": "module.work_vm",
      "mode": "managed",
      "type": "azurerm_network_interface",
      "name": "nics",
      "provider": "provider[\"registry.terraform.io/hashicorp/azurerm\"]",
      "instances": [
        {
          "index_key": 0,
          "schema_version": 0,
          "attributes": {
            "applied_dns_servers": [],
            "dns_servers": [],
            "edge_zone": "",
            "enable_accelerated_networking": false,
            "enable_ip_forwarding": false,
            "id": "/subscriptions/d94fe338-52d8-4a44-acd4-4f8301adf2cf/resourceGroups/dtf-work-spoke/providers/Microsoft.Network/networkInterfaces/dtf-work-vm-nic",
            "internal_dns_name_label": "",
            "internal_domain_name_suffix": "jt045uhnl4vujhnnvpmkucdxke.ax.internal.cloudapp.net",
            "ip_configuration": [
              {
                "gateway_load_balancer_frontend_ip_configuration_id": "",
                "name": "default",
                "primary": true,
                "private_ip_address": "10.1.0.4",
                "private_ip_address_allocation": "Dynamic",
                "private_ip_address_version": "IPv4",
                "public_ip_address_id": "",
                "subnet_id": "/subscriptions/d94fe338-52d8-4a44-acd4-4f8301adf2cf/resourceGroups/dtf-work-spoke/providers/Microsoft.Network/virtualNetworks/dtf-work-vnet/subnets/WorkSubnet"
              }
            ],
            "location": "westeurope",
            "mac_address": "00-0D-3A-22-B6-1E",
            "name": "dtf-work-vm-nic",
            "private_ip_address": "10.1.0.4",
            "private_ip_addresses": [
              "10.1.0.4"
            ],
            "resource_group_name": "dtf-work-spoke",
            "tags": {
              "CreationDateTime": "2023-07-23T11:06:23.6752610Z",
              "Environment": "Dev"
            },
            "timeouts": null,
            "virtual_machine_id": "/subscriptions/d94fe338-52d8-4a44-acd4-4f8301adf2cf/resourceGroups/dtf-work-spoke/providers/Microsoft.Compute/virtualMachines/dtf-work-vm"
          },
          "sensitive_attributes": [],
          "private": "eyJlMmJmYjczMC1lY2FhLTExZTYtOGY4OC0zNDM2M2JjN2M0YzAiOnsiY3JlYXRlIjoxODAwMDAwMDAwMDAwLCJkZWxldGUiOjE4MDAwMDAwMDAwMDAsInJlYWQiOjMwMDAwMDAwMDAwMCwidXBkYXRlIjoxODAwMDAwMDAwMDAwfX0=",
          "dependencies": [
            "azurerm_resource_group.hub",
            "azurerm_resource_group.work",
            "module.hub_log_analytics.azurerm_log_analytics_workspace.log_analytics",
            "module.work_network_security_groups.azurerm_network_security_group.nsg",
            "module.work_network_security_groups.azurerm_network_security_rule.rules",
            "module.work_network_security_groups.module.nsg_diagnostics.azurerm_monitor_diagnostic_setting.diagnostics",
            "module.work_network_security_groups.module.nsg_diagnostics.data.azurerm_monitor_diagnostic_categories.categories",
            "module.work_route_tables.azurerm_route.routes",
            "module.work_route_tables.azurerm_route_table.rt",
            "module.work_virtual_network.azurerm_subnet.subnets",
            "module.work_virtual_network.azurerm_virtual_network.vnet"
          ]
        }
      ]
    },
    {
      "module": "module.work_vm",
      "mode": "managed",
      "type": "azurerm_role_assignment",
      "name": "vm_roles",
      "provider": "provider[\"registry.terraform.io/hashicorp/azurerm\"]",
      "instances": [
        {
          "index_key": "vm0_AcrPush_/subscriptions/d94fe338-52d8-4a44-acd4-4f8301adf2cf/resourceGroups/dtf-hub/providers/Microsoft.ContainerRegistry/registries/dtfhubacr",
          "schema_version": 0,
          "attributes": {
            "condition": "",
            "condition_version": "",
            "delegated_managed_identity_resource_id": "",
            "description": "",
            "id": "/subscriptions/d94fe338-52d8-4a44-acd4-4f8301adf2cf/resourceGroups/dtf-hub/providers/Microsoft.ContainerRegistry/registries/dtfhubacr/providers/Microsoft.Authorization/roleAssignments/6e489130-7af9-10bb-97ec-b7f8b94f8333",
            "name": "6e489130-7af9-10bb-97ec-b7f8b94f8333",
            "principal_id": "23b65e9d-1c7e-4ed2-bb5f-2e99154cdf35",
            "principal_type": "ServicePrincipal",
            "role_definition_id": "/subscriptions/d94fe338-52d8-4a44-acd4-4f8301adf2cf/providers/Microsoft.Authorization/roleDefinitions/8311e382-0749-4cb8-b61a-304f252e45ec",
            "role_definition_name": "AcrPush",
            "scope": "/subscriptions/d94fe338-52d8-4a44-acd4-4f8301adf2cf/resourceGroups/dtf-hub/providers/Microsoft.ContainerRegistry/registries/dtfhubacr",
            "skip_service_principal_aad_check": null,
            "timeouts": null
          },
          "sensitive_attributes": [],
          "private": "eyJlMmJmYjczMC1lY2FhLTExZTYtOGY4OC0zNDM2M2JjN2M0YzAiOnsiY3JlYXRlIjoxODAwMDAwMDAwMDAwLCJkZWxldGUiOjE4MDAwMDAwMDAwMDAsInJlYWQiOjMwMDAwMDAwMDAwMCwidXBkYXRlIjoxODAwMDAwMDAwMDAwfX0=",
          "dependencies": [
            "azurerm_container_registry.hub_acr",
            "azurerm_resource_group.hub",
            "azurerm_resource_group.work",
            "module.hub_log_analytics.azurerm_log_analytics_workspace.log_analytics",
            "module.work_aks.azurerm_kubernetes_cluster.aks",
            "module.work_network_security_groups.azurerm_network_security_group.nsg",
            "module.work_network_security_groups.azurerm_network_security_rule.rules",
            "module.work_network_security_groups.module.nsg_diagnostics.azurerm_monitor_diagnostic_setting.diagnostics",
            "module.work_network_security_groups.module.nsg_diagnostics.data.azurerm_monitor_diagnostic_categories.categories",
            "module.work_route_tables.azurerm_route.routes",
            "module.work_route_tables.azurerm_route_table.rt",
            "module.work_virtual_network.azurerm_subnet.subnets",
            "module.work_virtual_network.azurerm_virtual_network.vnet",
            "module.work_vm.azurerm_linux_virtual_machine.vms",
            "module.work_vm.azurerm_network_interface.nics",
            "module.work_vm.azurerm_windows_virtual_machine.vms"
          ]
        },
        {
          "index_key": "vm0_Azure Kubernetes Service Cluster User Role_/subscriptions/d94fe338-52d8-4a44-acd4-4f8301adf2cf/resourceGroups/dtf-work-spoke/providers/Microsoft.ContainerService/managedClusters/dtf-work-aks",
          "schema_version": 0,
          "attributes": {
            "condition": "",
            "condition_version": "",
            "delegated_managed_identity_resource_id": "",
            "description": "",
            "id": "/subscriptions/d94fe338-52d8-4a44-acd4-4f8301adf2cf/resourceGroups/dtf-work-spoke/providers/Microsoft.ContainerService/managedClusters/dtf-work-aks/providers/Microsoft.Authorization/roleAssignments/cbc0708e-5276-7198-f55f-1dc6c95ce43b",
            "name": "cbc0708e-5276-7198-f55f-1dc6c95ce43b",
            "principal_id": "23b65e9d-1c7e-4ed2-bb5f-2e99154cdf35",
            "principal_type": "ServicePrincipal",
            "role_definition_id": "/subscriptions/d94fe338-52d8-4a44-acd4-4f8301adf2cf/providers/Microsoft.Authorization/roleDefinitions/4abbcc35-e782-43d8-92c5-2d3f1bd2253f",
            "role_definition_name": "Azure Kubernetes Service Cluster User Role",
            "scope": "/subscriptions/d94fe338-52d8-4a44-acd4-4f8301adf2cf/resourceGroups/dtf-work-spoke/providers/Microsoft.ContainerService/managedClusters/dtf-work-aks",
            "skip_service_principal_aad_check": null,
            "timeouts": null
          },
          "sensitive_attributes": [],
          "private": "eyJlMmJmYjczMC1lY2FhLTExZTYtOGY4OC0zNDM2M2JjN2M0YzAiOnsiY3JlYXRlIjoxODAwMDAwMDAwMDAwLCJkZWxldGUiOjE4MDAwMDAwMDAwMDAsInJlYWQiOjMwMDAwMDAwMDAwMCwidXBkYXRlIjoxODAwMDAwMDAwMDAwfX0=",
          "dependencies": [
            "azurerm_container_registry.hub_acr",
            "azurerm_resource_group.hub",
            "azurerm_resource_group.work",
            "module.hub_log_analytics.azurerm_log_analytics_workspace.log_analytics",
            "module.work_aks.azurerm_kubernetes_cluster.aks",
            "module.work_network_security_groups.azurerm_network_security_group.nsg",
            "module.work_network_security_groups.azurerm_network_security_rule.rules",
            "module.work_network_security_groups.module.nsg_diagnostics.azurerm_monitor_diagnostic_setting.diagnostics",
            "module.work_network_security_groups.module.nsg_diagnostics.data.azurerm_monitor_diagnostic_categories.categories",
            "module.work_route_tables.azurerm_route.routes",
            "module.work_route_tables.azurerm_route_table.rt",
            "module.work_virtual_network.azurerm_subnet.subnets",
            "module.work_virtual_network.azurerm_virtual_network.vnet",
            "module.work_vm.azurerm_linux_virtual_machine.vms",
            "module.work_vm.azurerm_network_interface.nics",
            "module.work_vm.azurerm_windows_virtual_machine.vms"
          ]
        }
      ]
    },
    {
      "module": "module.work_vm.module.nic_diagnostics[0]",
      "mode": "data",
      "type": "azurerm_monitor_diagnostic_categories",
      "name": "categories",
      "provider": "provider[\"registry.terraform.io/hashicorp/azurerm\"]",
      "instances": [
        {
          "schema_version": 0,
          "attributes": {
            "id": "/subscriptions/d94fe338-52d8-4a44-acd4-4f8301adf2cf/resourceGroups/dtf-work-spoke/providers/Microsoft.Network/networkInterfaces/dtf-work-vm-nic",
            "log_category_groups": [],
            "log_category_types": [],
            "logs": [],
            "metrics": [
              "AllMetrics"
            ],
            "resource_id": "/subscriptions/d94fe338-52d8-4a44-acd4-4f8301adf2cf/resourceGroups/dtf-work-spoke/providers/Microsoft.Network/networkInterfaces/dtf-work-vm-nic",
            "timeouts": null
          },
          "sensitive_attributes": []
        }
      ]
    },
    {
      "module": "module.work_vm.module.nic_diagnostics[0]",
      "mode": "managed",
      "type": "azurerm_monitor_diagnostic_setting",
      "name": "diagnostics",
      "provider": "provider[\"registry.terraform.io/hashicorp/azurerm\"]",
      "instances": [
        {
          "schema_version": 0,
          "attributes": {
            "enabled_log": [],
            "eventhub_authorization_rule_id": "",
            "eventhub_name": "",
            "id": "/subscriptions/d94fe338-52d8-4a44-acd4-4f8301adf2cf/resourceGroups/dtf-work-spoke/providers/Microsoft.Network/networkInterfaces/dtf-work-vm-nic|nic-diagnostics",
            "log": [],
            "log_analytics_destination_type": "",
            "log_analytics_workspace_id": "/subscriptions/d94fe338-52d8-4a44-acd4-4f8301adf2cf/resourceGroups/dtf-hub/providers/Microsoft.OperationalInsights/workspaces/dtf-hub-log-analytics-workspace",
            "metric": [
              {
                "category": "AllMetrics",
                "enabled": true,
                "retention_policy": [
                  {
                    "days": 0,
                    "enabled": false
                  }
                ]
              }
            ],
            "name": "nic-diagnostics",
            "partner_solution_id": null,
            "storage_account_id": null,
            "target_resource_id": "/subscriptions/d94fe338-52d8-4a44-acd4-4f8301adf2cf/resourceGroups/dtf-work-spoke/providers/Microsoft.Network/networkInterfaces/dtf-work-vm-nic",
            "timeouts": null
          },
          "sensitive_attributes": [],
          "private": "eyJlMmJmYjczMC1lY2FhLTExZTYtOGY4OC0zNDM2M2JjN2M0YzAiOnsiY3JlYXRlIjoxODAwMDAwMDAwMDAwLCJkZWxldGUiOjM2MDAwMDAwMDAwMDAsInJlYWQiOjMwMDAwMDAwMDAwMCwidXBkYXRlIjoxODAwMDAwMDAwMDAwfX0=",
          "dependencies": [
            "azurerm_resource_group.hub",
            "azurerm_resource_group.work",
            "module.hub_log_analytics.azurerm_log_analytics_workspace.log_analytics",
            "module.work_network_security_groups.azurerm_network_security_group.nsg",
            "module.work_network_security_groups.azurerm_network_security_rule.rules",
            "module.work_network_security_groups.module.nsg_diagnostics.azurerm_monitor_diagnostic_setting.diagnostics",
            "module.work_network_security_groups.module.nsg_diagnostics.data.azurerm_monitor_diagnostic_categories.categories",
            "module.work_route_tables.azurerm_route.routes",
            "module.work_route_tables.azurerm_route_table.rt",
            "module.work_virtual_network.azurerm_subnet.subnets",
            "module.work_virtual_network.azurerm_virtual_network.vnet",
            "module.work_vm.azurerm_network_interface.nics",
            "module.work_vm.module.nic_diagnostics.data.azurerm_monitor_diagnostic_categories.categories"
          ]
        }
      ]
    }
  ],
  "check_results": null
}
