{
  "version": 4,
  "terraform_version": "1.4.6",
  "serial": 880,
  "lineage": "05f2ab5a-922e-3e0e-93e2-38e4f97939bc",
  "outputs": {},
  "resources": [
    {
      "mode": "data",
      "type": "azurerm_log_analytics_workspace",
      "name": "activity",
      "provider": "provider[\"registry.terraform.io/hashicorp/azurerm\"]",
      "instances": [
        {
          "schema_version": 0,
          "attributes": {
            "daily_quota_gb": -1,
            "id": "/subscriptions/d94fe338-52d8-4a44-acd4-4f8301adf2cf/resourceGroups/dor-hub-n-spoke/providers/Microsoft.OperationalInsights/workspaces/activity-monitor-log-workspace",
            "location": "eastus",
            "name": "activity-monitor-log-workspace",
            "primary_shared_key": "rOKNsZZme/kRj1tzZMP5kfjOIRmGBEbVlwLuLmU7YDRmWFEwcQx+9w35tA4I43QfO5JxBcMyoH2rb3dTQzgWfA==",
            "resource_group_name": "dor-hub-n-spoke",
            "retention_in_days": 30,
            "secondary_shared_key": "Bw/vPT6oej9Pw5mZAgDD6VeAHoP4PJOieqKZ2QRPFXt9QnAfY+s6AdbpJBeq8L9uyP/p7S15y/9oMue4J4vaIw==",
            "sku": "pergb2018",
            "tags": {
              "CreationDateTime": "2023-05-10T12:29:50.5869773Z",
              "Creator": "Dor Almog",
              "Environment": "Dev",
              "ProjectName": "dor-hubnspoke"
            },
            "timeouts": null,
            "workspace_id": "b6161c85-5595-4abc-a570-934bd608a4fb"
          },
          "sensitive_attributes": []
        }
      ]
    },
    {
      "mode": "managed",
      "type": "azurerm_container_registry",
      "name": "hub_acr",
      "provider": "provider[\"registry.terraform.io/hashicorp/azurerm\"]",
      "instances": [
        {
          "schema_version": 2,
          "attributes": {
            "admin_enabled": false,
            "admin_password": "",
            "admin_username": "",
            "anonymous_pull_enabled": false,
            "data_endpoint_enabled": false,
            "encryption": [
              {
                "enabled": false,
                "identity_client_id": "",
                "key_vault_key_id": ""
              }
            ],
            "export_policy_enabled": true,
            "georeplications": [],
            "id": "/subscriptions/d94fe338-52d8-4a44-acd4-4f8301adf2cf/resourceGroups/dtf-hub-rg/providers/Microsoft.ContainerRegistry/registries/dtfhubacr",
            "identity": [],
            "location": "westeurope",
            "login_server": "dtfhubacr.azurecr.io",
            "name": "dtfhubacr",
            "network_rule_bypass_option": "AzureServices",
            "network_rule_set": [
              {
                "default_action": "Allow",
                "ip_rule": [],
                "virtual_network": []
              }
            ],
            "public_network_access_enabled": false,
            "quarantine_policy_enabled": false,
            "resource_group_name": "dtf-hub-rg",
            "retention_policy": [
              {
                "days": 7,
                "enabled": false
              }
            ],
            "sku": "Premium",
            "tags": {
              "CreationDateTime": "2023-08-01T10:46:09.9946287Z",
              "Environment": "Dev"
            },
            "timeouts": null,
            "trust_policy": [
              {
                "enabled": false
              }
            ],
            "zone_redundancy_enabled": false
          },
          "sensitive_attributes": [],
          "private": "eyJlMmJmYjczMC1lY2FhLTExZTYtOGY4OC0zNDM2M2JjN2M0YzAiOnsiY3JlYXRlIjoxODAwMDAwMDAwMDAwLCJkZWxldGUiOjE4MDAwMDAwMDAwMDAsInJlYWQiOjMwMDAwMDAwMDAwMCwidXBkYXRlIjoxODAwMDAwMDAwMDAwfSwic2NoZW1hX3ZlcnNpb24iOiIyIn0=",
          "dependencies": [
            "azurerm_resource_group.hub"
          ]
        }
      ]
    },
    {
      "mode": "managed",
      "type": "azurerm_resource_group",
      "name": "hub",
      "provider": "provider[\"registry.terraform.io/hashicorp/azurerm\"]",
      "instances": [
        {
          "schema_version": 0,
          "attributes": {
            "id": "/subscriptions/d94fe338-52d8-4a44-acd4-4f8301adf2cf/resourceGroups/dtf-hub-rg",
            "location": "westeurope",
            "managed_by": "",
            "name": "dtf-hub-rg",
            "tags": {
              "CreationDateTime": "2023-08-01T10:46:06.2168931Z",
              "Environment": "Dev"
            },
            "timeouts": null
          },
          "sensitive_attributes": [],
          "private": "eyJlMmJmYjczMC1lY2FhLTExZTYtOGY4OC0zNDM2M2JjN2M0YzAiOnsiY3JlYXRlIjo1NDAwMDAwMDAwMDAwLCJkZWxldGUiOjU0MDAwMDAwMDAwMDAsInJlYWQiOjMwMDAwMDAwMDAwMCwidXBkYXRlIjo1NDAwMDAwMDAwMDAwfX0="
        }
      ]
    },
    {
      "mode": "managed",
      "type": "azurerm_resource_group",
      "name": "monitor",
      "provider": "provider[\"registry.terraform.io/hashicorp/azurerm\"]",
      "instances": [
        {
          "schema_version": 0,
          "attributes": {
            "id": "/subscriptions/d94fe338-52d8-4a44-acd4-4f8301adf2cf/resourceGroups/dtf-monitor-spoke-rg",
            "location": "westeurope",
            "managed_by": "",
            "name": "dtf-monitor-spoke-rg",
            "tags": {
              "CreationDateTime": "2023-08-01T10:46:06.2168935Z",
              "Environment": "Dev"
            },
            "timeouts": null
          },
          "sensitive_attributes": [],
          "private": "eyJlMmJmYjczMC1lY2FhLTExZTYtOGY4OC0zNDM2M2JjN2M0YzAiOnsiY3JlYXRlIjo1NDAwMDAwMDAwMDAwLCJkZWxldGUiOjU0MDAwMDAwMDAwMDAsInJlYWQiOjMwMDAwMDAwMDAwMCwidXBkYXRlIjo1NDAwMDAwMDAwMDAwfX0="
        }
      ]
    },
    {
      "mode": "managed",
      "type": "azurerm_resource_group",
      "name": "work",
      "provider": "provider[\"registry.terraform.io/hashicorp/azurerm\"]",
      "instances": [
        {
          "schema_version": 0,
          "attributes": {
            "id": "/subscriptions/d94fe338-52d8-4a44-acd4-4f8301adf2cf/resourceGroups/dtf-work-spoke-rg",
            "location": "westeurope",
            "managed_by": "",
            "name": "dtf-work-spoke-rg",
            "tags": {
              "CreationDateTime": "2023-08-01T10:46:06.2168934Z",
              "Environment": "Dev"
            },
            "timeouts": null
          },
          "sensitive_attributes": [],
          "private": "eyJlMmJmYjczMC1lY2FhLTExZTYtOGY4OC0zNDM2M2JjN2M0YzAiOnsiY3JlYXRlIjo1NDAwMDAwMDAwMDAwLCJkZWxldGUiOjU0MDAwMDAwMDAwMDAsInJlYWQiOjMwMDAwMDAwMDAwMCwidXBkYXRlIjo1NDAwMDAwMDAwMDAwfX0="
        }
      ]
    },
    {
      "module": "module.hub_acr_private_endpoint",
      "mode": "managed",
      "type": "azurerm_private_dns_zone",
      "name": "dns_zone",
      "provider": "provider[\"registry.terraform.io/hashicorp/azurerm\"]",
      "instances": [
        {
          "index_key": 0,
          "schema_version": 0,
          "attributes": {
            "id": "/subscriptions/d94fe338-52d8-4a44-acd4-4f8301adf2cf/resourceGroups/dtf-hub-rg/providers/Microsoft.Network/privateDnsZones/privatelink.azurecr.io",
            "max_number_of_record_sets": 25000,
            "max_number_of_virtual_network_links": 1000,
            "max_number_of_virtual_network_links_with_registration": 100,
            "name": "privatelink.azurecr.io",
            "number_of_record_sets": 1,
            "resource_group_name": "dtf-hub-rg",
            "soa_record": [
              {
                "email": "azureprivatedns-host.microsoft.com",
                "expire_time": 2419200,
                "fqdn": "privatelink.azurecr.io.",
                "host_name": "azureprivatedns.net",
                "minimum_ttl": 10,
                "refresh_time": 3600,
                "retry_time": 300,
                "serial_number": 1,
                "tags": {},
                "ttl": 3600
              }
            ],
            "tags": {
              "CreationDateTime": "2023-08-01T10:46:08.1726113Z",
              "Environment": "Dev"
            },
            "timeouts": null
          },
          "sensitive_attributes": [],
          "private": "eyJlMmJmYjczMC1lY2FhLTExZTYtOGY4OC0zNDM2M2JjN2M0YzAiOnsiY3JlYXRlIjoxODAwMDAwMDAwMDAwLCJkZWxldGUiOjE4MDAwMDAwMDAwMDAsInJlYWQiOjMwMDAwMDAwMDAwMCwidXBkYXRlIjoxODAwMDAwMDAwMDAwfX0=",
          "dependencies": [
            "azurerm_resource_group.hub"
          ]
        }
      ]
    },
    {
      "module": "module.hub_acr_private_endpoint",
      "mode": "managed",
      "type": "azurerm_private_dns_zone_virtual_network_link",
      "name": "vnet_links",
      "provider": "provider[\"registry.terraform.io/hashicorp/azurerm\"]",
      "instances": [
        {
          "index_key": "hub-link",
          "schema_version": 0,
          "attributes": {
            "id": "/subscriptions/d94fe338-52d8-4a44-acd4-4f8301adf2cf/resourceGroups/dtf-hub-rg/providers/Microsoft.Network/privateDnsZones/privatelink.azurecr.io/virtualNetworkLinks/hub-link",
            "name": "hub-link",
            "private_dns_zone_name": "privatelink.azurecr.io",
            "registration_enabled": false,
            "resource_group_name": "dtf-hub-rg",
            "tags": {
              "CreationDateTime": "2023-08-01T10:47:05.3912665Z",
              "Environment": "Dev"
            },
            "timeouts": null,
            "virtual_network_id": "/subscriptions/d94fe338-52d8-4a44-acd4-4f8301adf2cf/resourceGroups/dtf-hub-rg/providers/Microsoft.Network/virtualNetworks/dtf-hub-vnet"
          },
          "sensitive_attributes": [],
          "private": "eyJlMmJmYjczMC1lY2FhLTExZTYtOGY4OC0zNDM2M2JjN2M0YzAiOnsiY3JlYXRlIjoxODAwMDAwMDAwMDAwLCJkZWxldGUiOjE4MDAwMDAwMDAwMDAsInJlYWQiOjMwMDAwMDAwMDAwMCwidXBkYXRlIjoxODAwMDAwMDAwMDAwfX0=",
          "dependencies": [
            "azurerm_resource_group.hub",
            "azurerm_resource_group.work",
            "module.hub_acr_private_endpoint.azurerm_private_dns_zone.dns_zone",
            "module.hub_virtual_network.azurerm_virtual_network.vnet",
            "module.work_virtual_network.azurerm_virtual_network.vnet"
          ]
        },
        {
          "index_key": "work-link",
          "schema_version": 0,
          "attributes": {
            "id": "/subscriptions/d94fe338-52d8-4a44-acd4-4f8301adf2cf/resourceGroups/dtf-hub-rg/providers/Microsoft.Network/privateDnsZones/privatelink.azurecr.io/virtualNetworkLinks/work-link",
            "name": "work-link",
            "private_dns_zone_name": "privatelink.azurecr.io",
            "registration_enabled": false,
            "resource_group_name": "dtf-hub-rg",
            "tags": {
              "CreationDateTime": "2023-08-01T10:47:04.3954700Z",
              "Environment": "Dev"
            },
            "timeouts": null,
            "virtual_network_id": "/subscriptions/d94fe338-52d8-4a44-acd4-4f8301adf2cf/resourceGroups/dtf-work-spoke-rg/providers/Microsoft.Network/virtualNetworks/dtf-work-vnet"
          },
          "sensitive_attributes": [],
          "private": "eyJlMmJmYjczMC1lY2FhLTExZTYtOGY4OC0zNDM2M2JjN2M0YzAiOnsiY3JlYXRlIjoxODAwMDAwMDAwMDAwLCJkZWxldGUiOjE4MDAwMDAwMDAwMDAsInJlYWQiOjMwMDAwMDAwMDAwMCwidXBkYXRlIjoxODAwMDAwMDAwMDAwfX0=",
          "dependencies": [
            "azurerm_resource_group.hub",
            "azurerm_resource_group.work",
            "module.hub_acr_private_endpoint.azurerm_private_dns_zone.dns_zone",
            "module.hub_virtual_network.azurerm_virtual_network.vnet",
            "module.work_virtual_network.azurerm_virtual_network.vnet"
          ]
        }
      ]
    },
    {
      "module": "module.hub_acr_private_endpoint",
      "mode": "managed",
      "type": "azurerm_private_endpoint",
      "name": "private_endpoint",
      "provider": "provider[\"registry.terraform.io/hashicorp/azurerm\"]",
      "instances": [
        {
          "schema_version": 0,
          "attributes": {
            "custom_dns_configs": [],
            "custom_network_interface_name": "dtf-hub-acr-nic",
            "id": "/subscriptions/d94fe338-52d8-4a44-acd4-4f8301adf2cf/resourceGroups/dtf-hub-rg/providers/Microsoft.Network/privateEndpoints/dtf-hub-acr-pe",
            "ip_configuration": [],
            "location": "westeurope",
            "name": "dtf-hub-acr-pe",
            "network_interface": [
              {
                "id": "/subscriptions/d94fe338-52d8-4a44-acd4-4f8301adf2cf/resourceGroups/dtf-hub-rg/providers/Microsoft.Network/networkInterfaces/dtf-hub-acr-nic",
                "name": "dtf-hub-acr-nic"
              }
            ],
            "private_dns_zone_configs": [
              {
                "id": "/subscriptions/d94fe338-52d8-4a44-acd4-4f8301adf2cf/resourceGroups/dtf-hub-rg/providers/Microsoft.Network/privateEndpoints/dtf-hub-acr-pe/privateDnsZoneGroups/private-endpoint/privateDnsZoneConfigs/privatelink.azurecr.io",
                "name": "privatelink.azurecr.io",
                "private_dns_zone_id": "/subscriptions/d94fe338-52d8-4a44-acd4-4f8301adf2cf/resourceGroups/dtf-hub-rg/providers/Microsoft.Network/privateDnsZones/privatelink.azurecr.io",
                "record_sets": [
                  {
                    "fqdn": "dtfhubacr.westeurope.data.privatelink.azurecr.io",
                    "ip_addresses": [
                      "10.0.3.4"
                    ],
                    "name": "dtfhubacr.westeurope.data",
                    "ttl": 10,
                    "type": "A"
                  },
                  {
                    "fqdn": "dtfhubacr.privatelink.azurecr.io",
                    "ip_addresses": [
                      "10.0.3.5"
                    ],
                    "name": "dtfhubacr",
                    "ttl": 10,
                    "type": "A"
                  }
                ]
              }
            ],
            "private_dns_zone_group": [
              {
                "id": "/subscriptions/d94fe338-52d8-4a44-acd4-4f8301adf2cf/resourceGroups/dtf-hub-rg/providers/Microsoft.Network/privateEndpoints/dtf-hub-acr-pe/privateDnsZoneGroups/private-endpoint",
                "name": "private-endpoint",
                "private_dns_zone_ids": [
                  "/subscriptions/d94fe338-52d8-4a44-acd4-4f8301adf2cf/resourceGroups/dtf-hub-rg/providers/Microsoft.Network/privateDnsZones/privatelink.azurecr.io"
                ]
              }
            ],
            "private_service_connection": [
              {
                "is_manual_connection": false,
                "name": "private-connection",
                "private_connection_resource_alias": "",
                "private_connection_resource_id": "/subscriptions/d94fe338-52d8-4a44-acd4-4f8301adf2cf/resourceGroups/dtf-hub-rg/providers/Microsoft.ContainerRegistry/registries/dtfhubacr",
                "private_ip_address": "10.0.3.4",
                "request_message": "",
                "subresource_names": [
                  "registry"
                ]
              }
            ],
            "resource_group_name": "dtf-hub-rg",
            "subnet_id": "/subscriptions/d94fe338-52d8-4a44-acd4-4f8301adf2cf/resourceGroups/dtf-hub-rg/providers/Microsoft.Network/virtualNetworks/dtf-hub-vnet/subnets/ACRSubnet",
            "tags": {
              "CreationDateTime": "2023-08-01T10:48:04.9000251Z",
              "Environment": "Dev"
            },
            "timeouts": null
          },
          "sensitive_attributes": [],
          "private": "eyJlMmJmYjczMC1lY2FhLTExZTYtOGY4OC0zNDM2M2JjN2M0YzAiOnsiY3JlYXRlIjozNjAwMDAwMDAwMDAwLCJkZWxldGUiOjM2MDAwMDAwMDAwMDAsInJlYWQiOjMwMDAwMDAwMDAwMCwidXBkYXRlIjozNjAwMDAwMDAwMDAwfX0=",
          "dependencies": [
            "azurerm_container_registry.hub_acr",
            "azurerm_resource_group.hub",
            "module.hub_acr_private_endpoint.azurerm_private_dns_zone.dns_zone",
            "module.hub_log_analytics.azurerm_log_analytics_workspace.log_analytics",
            "module.hub_network_security_groups.azurerm_network_security_group.nsg",
            "module.hub_network_security_groups.azurerm_network_security_rule.rules",
            "module.hub_network_security_groups.module.nsg_diagnostic.azurerm_monitor_diagnostic_setting.diagnostics",
            "module.hub_network_security_groups.module.nsg_diagnostic.data.azurerm_monitor_diagnostic_categories.categories",
            "module.hub_route_tables.azurerm_route.routes",
            "module.hub_route_tables.azurerm_route_table.rt",
            "module.hub_virtual_network.azurerm_resource_group_template_deployment.subnets",
            "module.hub_virtual_network.azurerm_virtual_network.vnet"
          ]
        }
      ]
    },
    {
      "module": "module.hub_acr_private_endpoint.module.nic-diagnostic",
      "mode": "data",
      "type": "azurerm_monitor_diagnostic_categories",
      "name": "categories",
      "provider": "provider[\"registry.terraform.io/hashicorp/azurerm\"]",
      "instances": [
        {
          "schema_version": 0,
          "attributes": {
            "id": "/subscriptions/d94fe338-52d8-4a44-acd4-4f8301adf2cf/resourceGroups/dtf-hub-rg/providers/Microsoft.Network/networkInterfaces/dtf-hub-acr-nic",
            "log_category_groups": [],
            "log_category_types": [],
            "logs": [],
            "metrics": [
              "AllMetrics"
            ],
            "resource_id": "/subscriptions/d94fe338-52d8-4a44-acd4-4f8301adf2cf/resourceGroups/dtf-hub-rg/providers/Microsoft.Network/networkInterfaces/dtf-hub-acr-nic",
            "timeouts": null
          },
          "sensitive_attributes": []
        }
      ]
    },
    {
      "module": "module.hub_acr_private_endpoint.module.nic-diagnostic",
      "mode": "managed",
      "type": "azurerm_monitor_diagnostic_setting",
      "name": "diagnostics",
      "provider": "provider[\"registry.terraform.io/hashicorp/azurerm\"]",
      "instances": [
        {
          "schema_version": 0,
          "attributes": {
            "enabled_log": [],
            "eventhub_authorization_rule_id": "",
            "eventhub_name": "",
            "id": "/subscriptions/d94fe338-52d8-4a44-acd4-4f8301adf2cf/resourceGroups/dtf-hub-rg/providers/Microsoft.Network/networkInterfaces/dtf-hub-acr-nic|dtf-hub-acr-nic-diagnostic",
            "log": [],
            "log_analytics_destination_type": "",
            "log_analytics_workspace_id": "/subscriptions/d94fe338-52d8-4a44-acd4-4f8301adf2cf/resourceGroups/dtf-hub-rg/providers/Microsoft.OperationalInsights/workspaces/dtf-hub-log-analytics-workspace",
            "metric": [
              {
                "category": "AllMetrics",
                "enabled": true,
                "retention_policy": []
              }
            ],
            "name": "dtf-hub-acr-nic-diagnostic",
            "partner_solution_id": null,
            "storage_account_id": null,
            "target_resource_id": "/subscriptions/d94fe338-52d8-4a44-acd4-4f8301adf2cf/resourceGroups/dtf-hub-rg/providers/Microsoft.Network/networkInterfaces/dtf-hub-acr-nic",
            "timeouts": null
          },
          "sensitive_attributes": [],
          "private": "eyJlMmJmYjczMC1lY2FhLTExZTYtOGY4OC0zNDM2M2JjN2M0YzAiOnsiY3JlYXRlIjoxODAwMDAwMDAwMDAwLCJkZWxldGUiOjM2MDAwMDAwMDAwMDAsInJlYWQiOjMwMDAwMDAwMDAwMCwidXBkYXRlIjoxODAwMDAwMDAwMDAwfX0=",
          "dependencies": [
            "azurerm_container_registry.hub_acr",
            "azurerm_resource_group.hub",
            "module.hub_acr_private_endpoint.azurerm_private_dns_zone.dns_zone",
            "module.hub_acr_private_endpoint.azurerm_private_endpoint.private_endpoint",
            "module.hub_acr_private_endpoint.module.nic-diagnostic.data.azurerm_monitor_diagnostic_categories.categories",
            "module.hub_log_analytics.azurerm_log_analytics_workspace.log_analytics",
            "module.hub_network_security_groups.azurerm_network_security_group.nsg",
            "module.hub_network_security_groups.azurerm_network_security_rule.rules",
            "module.hub_network_security_groups.module.nsg_diagnostic.azurerm_monitor_diagnostic_setting.diagnostics",
            "module.hub_network_security_groups.module.nsg_diagnostic.data.azurerm_monitor_diagnostic_categories.categories",
            "module.hub_route_tables.azurerm_route.routes",
            "module.hub_route_tables.azurerm_route_table.rt",
            "module.hub_virtual_network.azurerm_resource_group_template_deployment.subnets",
            "module.hub_virtual_network.azurerm_virtual_network.vnet"
          ]
        }
      ]
    },
    {
      "module": "module.hub_firewall",
      "mode": "managed",
      "type": "azurerm_public_ip",
      "name": "ip",
      "provider": "provider[\"registry.terraform.io/hashicorp/azurerm\"]",
      "instances": [
        {
          "schema_version": 0,
          "attributes": {
            "allocation_method": "Static",
            "ddos_protection_mode": "VirtualNetworkInherited",
            "ddos_protection_plan_id": null,
            "domain_name_label": null,
            "edge_zone": "",
            "fqdn": null,
            "id": "/subscriptions/d94fe338-52d8-4a44-acd4-4f8301adf2cf/resourceGroups/dtf-hub-rg/providers/Microsoft.Network/publicIPAddresses/dtf-hub-fw-ip",
            "idle_timeout_in_minutes": 4,
            "ip_address": "108.142.183.73",
            "ip_tags": null,
            "ip_version": "IPv4",
            "location": "westeurope",
            "name": "dtf-hub-fw-ip",
            "public_ip_prefix_id": null,
            "resource_group_name": "dtf-hub-rg",
            "reverse_fqdn": null,
            "sku": "Standard",
            "sku_tier": "Regional",
            "tags": {
              "CreationDateTime": "2023-08-01T10:48:04.4506748Z",
              "Environment": "Dev"
            },
            "timeouts": null,
            "zones": null
          },
          "sensitive_attributes": [],
          "private": "eyJlMmJmYjczMC1lY2FhLTExZTYtOGY4OC0zNDM2M2JjN2M0YzAiOnsiY3JlYXRlIjoxODAwMDAwMDAwMDAwLCJkZWxldGUiOjE4MDAwMDAwMDAwMDAsInJlYWQiOjMwMDAwMDAwMDAwMCwidXBkYXRlIjoxODAwMDAwMDAwMDAwfX0=",
          "dependencies": [
            "azurerm_resource_group.hub",
            "module.hub_log_analytics.azurerm_log_analytics_workspace.log_analytics",
            "module.hub_network_security_groups.azurerm_network_security_group.nsg",
            "module.hub_network_security_groups.azurerm_network_security_rule.rules",
            "module.hub_network_security_groups.module.nsg_diagnostic.azurerm_monitor_diagnostic_setting.diagnostics",
            "module.hub_network_security_groups.module.nsg_diagnostic.data.azurerm_monitor_diagnostic_categories.categories",
            "module.hub_route_tables.azurerm_route.routes",
            "module.hub_route_tables.azurerm_route_table.rt",
            "module.hub_virtual_network.azurerm_resource_group_template_deployment.subnets",
            "module.hub_virtual_network.azurerm_virtual_network.vnet"
          ]
        }
      ]
    },
    {
      "module": "module.hub_firewall",
      "mode": "managed",
      "type": "azurerm_public_ip",
      "name": "management_ip",
      "provider": "provider[\"registry.terraform.io/hashicorp/azurerm\"]",
      "instances": [
        {
          "index_key": 0,
          "schema_version": 0,
          "attributes": {
            "allocation_method": "Static",
            "ddos_protection_mode": "VirtualNetworkInherited",
            "ddos_protection_plan_id": null,
            "domain_name_label": null,
            "edge_zone": "",
            "fqdn": null,
            "id": "/subscriptions/d94fe338-52d8-4a44-acd4-4f8301adf2cf/resourceGroups/dtf-hub-rg/providers/Microsoft.Network/publicIPAddresses/dtf-hub-fw-mng-ip",
            "idle_timeout_in_minutes": 4,
            "ip_address": "20.86.162.161",
            "ip_tags": null,
            "ip_version": "IPv4",
            "location": "westeurope",
            "name": "dtf-hub-fw-mng-ip",
            "public_ip_prefix_id": null,
            "resource_group_name": "dtf-hub-rg",
            "reverse_fqdn": null,
            "sku": "Standard",
            "sku_tier": "Regional",
            "tags": {
              "CreationDateTime": "2023-08-01T10:48:04.3717953Z",
              "Environment": "Dev"
            },
            "timeouts": null,
            "zones": null
          },
          "sensitive_attributes": [],
          "private": "eyJlMmJmYjczMC1lY2FhLTExZTYtOGY4OC0zNDM2M2JjN2M0YzAiOnsiY3JlYXRlIjoxODAwMDAwMDAwMDAwLCJkZWxldGUiOjE4MDAwMDAwMDAwMDAsInJlYWQiOjMwMDAwMDAwMDAwMCwidXBkYXRlIjoxODAwMDAwMDAwMDAwfX0=",
          "dependencies": [
            "azurerm_resource_group.hub",
            "module.hub_log_analytics.azurerm_log_analytics_workspace.log_analytics",
            "module.hub_network_security_groups.azurerm_network_security_group.nsg",
            "module.hub_network_security_groups.azurerm_network_security_rule.rules",
            "module.hub_network_security_groups.module.nsg_diagnostic.azurerm_monitor_diagnostic_setting.diagnostics",
            "module.hub_network_security_groups.module.nsg_diagnostic.data.azurerm_monitor_diagnostic_categories.categories",
            "module.hub_route_tables.azurerm_route.routes",
            "module.hub_route_tables.azurerm_route_table.rt",
            "module.hub_virtual_network.azurerm_resource_group_template_deployment.subnets",
            "module.hub_virtual_network.azurerm_virtual_network.vnet"
          ]
        }
      ]
    },
    {
      "module": "module.hub_firewall.module.firewall_diagnostics",
      "mode": "data",
      "type": "azurerm_monitor_diagnostic_categories",
      "name": "categories",
      "provider": "provider[\"registry.terraform.io/hashicorp/azurerm\"]",
      "instances": []
    },
    {
      "module": "module.hub_firewall.module.firewall_diagnostics",
      "mode": "managed",
      "type": "azurerm_monitor_diagnostic_setting",
      "name": "diagnostics",
      "provider": "provider[\"registry.terraform.io/hashicorp/azurerm\"]",
      "instances": []
    },
    {
      "module": "module.hub_firewall.module.ip_diagnostics",
      "mode": "data",
      "type": "azurerm_monitor_diagnostic_categories",
      "name": "categories",
      "provider": "provider[\"registry.terraform.io/hashicorp/azurerm\"]",
      "instances": [
        {
          "schema_version": 0,
          "attributes": {
            "id": "/subscriptions/d94fe338-52d8-4a44-acd4-4f8301adf2cf/resourceGroups/dtf-hub-rg/providers/Microsoft.Network/publicIPAddresses/dtf-hub-fw-ip",
            "log_category_groups": [
              "allLogs",
              "audit"
            ],
            "log_category_types": [
              "DDoSMitigationFlowLogs",
              "DDoSMitigationReports",
              "DDoSProtectionNotifications"
            ],
            "logs": [
              "DDoSMitigationFlowLogs",
              "DDoSMitigationReports",
              "DDoSProtectionNotifications"
            ],
            "metrics": [
              "AllMetrics"
            ],
            "resource_id": "/subscriptions/d94fe338-52d8-4a44-acd4-4f8301adf2cf/resourceGroups/dtf-hub-rg/providers/Microsoft.Network/publicIPAddresses/dtf-hub-fw-ip",
            "timeouts": null
          },
          "sensitive_attributes": []
        }
      ]
    },
    {
      "module": "module.hub_firewall.module.ip_diagnostics",
      "mode": "managed",
      "type": "azurerm_monitor_diagnostic_setting",
      "name": "diagnostics",
      "provider": "provider[\"registry.terraform.io/hashicorp/azurerm\"]",
      "instances": [
        {
          "schema_version": 0,
          "attributes": {
            "enabled_log": [
              {
                "category": "DDoSMitigationFlowLogs",
                "category_group": "",
                "retention_policy": []
              },
              {
                "category": "DDoSMitigationReports",
                "category_group": "",
                "retention_policy": []
              },
              {
                "category": "DDoSProtectionNotifications",
                "category_group": "",
                "retention_policy": []
              }
            ],
            "eventhub_authorization_rule_id": "",
            "eventhub_name": "",
            "id": "/subscriptions/d94fe338-52d8-4a44-acd4-4f8301adf2cf/resourceGroups/dtf-hub-rg/providers/Microsoft.Network/publicIPAddresses/dtf-hub-fw-ip|dtf-hub-fw-ip",
            "log": [
              {
                "category": "DDoSMitigationFlowLogs",
                "category_group": "",
                "enabled": true,
                "retention_policy": [
                  {
                    "days": 0,
                    "enabled": false
                  }
                ]
              },
              {
                "category": "DDoSMitigationReports",
                "category_group": "",
                "enabled": true,
                "retention_policy": [
                  {
                    "days": 0,
                    "enabled": false
                  }
                ]
              },
              {
                "category": "DDoSProtectionNotifications",
                "category_group": "",
                "enabled": true,
                "retention_policy": [
                  {
                    "days": 0,
                    "enabled": false
                  }
                ]
              }
            ],
            "log_analytics_destination_type": "",
            "log_analytics_workspace_id": "/subscriptions/d94fe338-52d8-4a44-acd4-4f8301adf2cf/resourceGroups/dtf-hub-rg/providers/Microsoft.OperationalInsights/workspaces/dtf-hub-log-analytics-workspace",
            "metric": [
              {
                "category": "AllMetrics",
                "enabled": true,
                "retention_policy": []
              }
            ],
            "name": "dtf-hub-fw-ip",
            "partner_solution_id": null,
            "storage_account_id": null,
            "target_resource_id": "/subscriptions/d94fe338-52d8-4a44-acd4-4f8301adf2cf/resourceGroups/dtf-hub-rg/providers/Microsoft.Network/publicIPAddresses/dtf-hub-fw-ip",
            "timeouts": null
          },
          "sensitive_attributes": [],
          "private": "eyJlMmJmYjczMC1lY2FhLTExZTYtOGY4OC0zNDM2M2JjN2M0YzAiOnsiY3JlYXRlIjoxODAwMDAwMDAwMDAwLCJkZWxldGUiOjM2MDAwMDAwMDAwMDAsInJlYWQiOjMwMDAwMDAwMDAwMCwidXBkYXRlIjoxODAwMDAwMDAwMDAwfX0=",
          "dependencies": [
            "azurerm_resource_group.hub",
            "module.hub_firewall.azurerm_public_ip.ip",
            "module.hub_firewall.module.ip_diagnostics.data.azurerm_monitor_diagnostic_categories.categories",
            "module.hub_log_analytics.azurerm_log_analytics_workspace.log_analytics",
            "module.hub_network_security_groups.azurerm_network_security_group.nsg",
            "module.hub_network_security_groups.azurerm_network_security_rule.rules",
            "module.hub_network_security_groups.module.nsg_diagnostic.azurerm_monitor_diagnostic_setting.diagnostics",
            "module.hub_network_security_groups.module.nsg_diagnostic.data.azurerm_monitor_diagnostic_categories.categories",
            "module.hub_route_tables.azurerm_route.routes",
            "module.hub_route_tables.azurerm_route_table.rt",
            "module.hub_virtual_network.azurerm_resource_group_template_deployment.subnets",
            "module.hub_virtual_network.azurerm_virtual_network.vnet"
          ]
        }
      ]
    },
    {
      "module": "module.hub_firewall.module.management_ip_diagnostics[0]",
      "mode": "data",
      "type": "azurerm_monitor_diagnostic_categories",
      "name": "categories",
      "provider": "provider[\"registry.terraform.io/hashicorp/azurerm\"]",
      "instances": [
        {
          "schema_version": 0,
          "attributes": {
            "id": "/subscriptions/d94fe338-52d8-4a44-acd4-4f8301adf2cf/resourceGroups/dtf-hub-rg/providers/Microsoft.Network/publicIPAddresses/dtf-hub-fw-mng-ip",
            "log_category_groups": [
              "allLogs",
              "audit"
            ],
            "log_category_types": [
              "DDoSMitigationFlowLogs",
              "DDoSMitigationReports",
              "DDoSProtectionNotifications"
            ],
            "logs": [
              "DDoSMitigationFlowLogs",
              "DDoSMitigationReports",
              "DDoSProtectionNotifications"
            ],
            "metrics": [
              "AllMetrics"
            ],
            "resource_id": "/subscriptions/d94fe338-52d8-4a44-acd4-4f8301adf2cf/resourceGroups/dtf-hub-rg/providers/Microsoft.Network/publicIPAddresses/dtf-hub-fw-mng-ip",
            "timeouts": null
          },
          "sensitive_attributes": []
        }
      ]
    },
    {
      "module": "module.hub_firewall.module.management_ip_diagnostics[0]",
      "mode": "managed",
      "type": "azurerm_monitor_diagnostic_setting",
      "name": "diagnostics",
      "provider": "provider[\"registry.terraform.io/hashicorp/azurerm\"]",
      "instances": [
        {
          "schema_version": 0,
          "attributes": {
            "enabled_log": [
              {
                "category": "DDoSMitigationFlowLogs",
                "category_group": "",
                "retention_policy": []
              },
              {
                "category": "DDoSMitigationReports",
                "category_group": "",
                "retention_policy": []
              },
              {
                "category": "DDoSProtectionNotifications",
                "category_group": "",
                "retention_policy": []
              }
            ],
            "eventhub_authorization_rule_id": "",
            "eventhub_name": "",
            "id": "/subscriptions/d94fe338-52d8-4a44-acd4-4f8301adf2cf/resourceGroups/dtf-hub-rg/providers/Microsoft.Network/publicIPAddresses/dtf-hub-fw-mng-ip|dtf-hub-fw-mng-ip-diagnostic",
            "log": [
              {
                "category": "DDoSMitigationFlowLogs",
                "category_group": "",
                "enabled": true,
                "retention_policy": [
                  {
                    "days": 0,
                    "enabled": false
                  }
                ]
              },
              {
                "category": "DDoSMitigationReports",
                "category_group": "",
                "enabled": true,
                "retention_policy": [
                  {
                    "days": 0,
                    "enabled": false
                  }
                ]
              },
              {
                "category": "DDoSProtectionNotifications",
                "category_group": "",
                "enabled": true,
                "retention_policy": [
                  {
                    "days": 0,
                    "enabled": false
                  }
                ]
              }
            ],
            "log_analytics_destination_type": "",
            "log_analytics_workspace_id": "/subscriptions/d94fe338-52d8-4a44-acd4-4f8301adf2cf/resourceGroups/dtf-hub-rg/providers/Microsoft.OperationalInsights/workspaces/dtf-hub-log-analytics-workspace",
            "metric": [
              {
                "category": "AllMetrics",
                "enabled": true,
                "retention_policy": []
              }
            ],
            "name": "dtf-hub-fw-mng-ip-diagnostic",
            "partner_solution_id": null,
            "storage_account_id": null,
            "target_resource_id": "/subscriptions/d94fe338-52d8-4a44-acd4-4f8301adf2cf/resourceGroups/dtf-hub-rg/providers/Microsoft.Network/publicIPAddresses/dtf-hub-fw-mng-ip",
            "timeouts": null
          },
          "sensitive_attributes": [],
          "private": "eyJlMmJmYjczMC1lY2FhLTExZTYtOGY4OC0zNDM2M2JjN2M0YzAiOnsiY3JlYXRlIjoxODAwMDAwMDAwMDAwLCJkZWxldGUiOjM2MDAwMDAwMDAwMDAsInJlYWQiOjMwMDAwMDAwMDAwMCwidXBkYXRlIjoxODAwMDAwMDAwMDAwfX0=",
          "dependencies": [
            "azurerm_resource_group.hub",
            "module.hub_firewall.azurerm_public_ip.management_ip",
            "module.hub_firewall.module.management_ip_diagnostics.data.azurerm_monitor_diagnostic_categories.categories",
            "module.hub_log_analytics.azurerm_log_analytics_workspace.log_analytics",
            "module.hub_network_security_groups.azurerm_network_security_group.nsg",
            "module.hub_network_security_groups.azurerm_network_security_rule.rules",
            "module.hub_network_security_groups.module.nsg_diagnostic.azurerm_monitor_diagnostic_setting.diagnostics",
            "module.hub_network_security_groups.module.nsg_diagnostic.data.azurerm_monitor_diagnostic_categories.categories",
            "module.hub_route_tables.azurerm_route.routes",
            "module.hub_route_tables.azurerm_route_table.rt",
            "module.hub_virtual_network.azurerm_resource_group_template_deployment.subnets",
            "module.hub_virtual_network.azurerm_virtual_network.vnet"
          ]
        }
      ]
    },
    {
      "module": "module.hub_firewall_policy",
      "mode": "managed",
      "type": "azurerm_firewall_policy",
      "name": "policy",
      "provider": "provider[\"registry.terraform.io/hashicorp/azurerm\"]",
      "instances": [
        {
          "schema_version": 0,
          "attributes": {
            "auto_learn_private_ranges_enabled": false,
            "base_policy_id": "",
            "child_policies": [],
            "dns": [
              {
                "proxy_enabled": true,
                "servers": null
              }
            ],
            "explicit_proxy": [],
            "firewalls": [],
            "id": "/subscriptions/d94fe338-52d8-4a44-acd4-4f8301adf2cf/resourceGroups/dtf-hub-rg/providers/Microsoft.Network/firewallPolicies/dtf-hub-fw-pl",
            "identity": [],
            "insights": [],
            "intrusion_detection": [],
            "location": "westeurope",
            "name": "dtf-hub-fw-pl",
            "private_ip_ranges": null,
            "resource_group_name": "dtf-hub-rg",
            "rule_collection_groups": [],
            "sku": "Standard",
            "sql_redirect_allowed": null,
            "tags": {
              "CreationDateTime": "2023-08-01T10:46:07.5739075Z",
              "Environment": "Dev"
            },
            "threat_intelligence_allowlist": [],
            "threat_intelligence_mode": "Alert",
            "timeouts": null,
            "tls_certificate": []
          },
          "sensitive_attributes": [],
          "private": "eyJlMmJmYjczMC1lY2FhLTExZTYtOGY4OC0zNDM2M2JjN2M0YzAiOnsiY3JlYXRlIjoxODAwMDAwMDAwMDAwLCJkZWxldGUiOjE4MDAwMDAwMDAwMDAsInJlYWQiOjMwMDAwMDAwMDAwMCwidXBkYXRlIjoxODAwMDAwMDAwMDAwfX0=",
          "dependencies": [
            "azurerm_resource_group.hub"
          ]
        }
      ]
    },
    {
      "module": "module.hub_firewall_policy",
      "mode": "managed",
      "type": "azurerm_firewall_policy_rule_collection_group",
      "name": "application_rule_collection_groups",
      "provider": "provider[\"registry.terraform.io/hashicorp/azurerm\"]",
      "instances": [
        {
          "index_key": "application-group",
          "schema_version": 0,
          "attributes": {
            "application_rule_collection": [
              {
                "action": "Allow",
                "name": "vms-limited-downloads",
                "priority": 300,
                "rule": [
                  {
                    "description": "",
                    "destination_addresses": null,
                    "destination_fqdn_tags": null,
                    "destination_fqdns": [
                      "azure.archive.ubuntu.com"
                    ],
                    "destination_urls": null,
                    "name": "azure-ubuntu-archive",
                    "protocols": [
                      {
                        "port": 80,
                        "type": "Http"
                      }
                    ],
                    "source_addresses": [
                      "10.1.0.0/24",
                      "10.2.0.0/24"
                    ],
                    "source_ip_groups": null,
                    "terminate_tls": false,
                    "web_categories": null
                  },
                  {
                    "description": "",
                    "destination_addresses": null,
                    "destination_fqdn_tags": null,
                    "destination_fqdns": [
                      "storage.googleapis.com"
                    ],
                    "destination_urls": null,
                    "name": "google-apis",
                    "protocols": [
                      {
                        "port": 443,
                        "type": "Https"
                      }
                    ],
                    "source_addresses": [
                      "10.1.0.0/24"
                    ],
                    "source_ip_groups": null,
                    "terminate_tls": false,
                    "web_categories": null
                  },
                  {
                    "description": "",
                    "destination_addresses": null,
                    "destination_fqdn_tags": null,
                    "destination_fqdns": [
                      "auth.docker.io",
                      "registry-1.docker.io",
                      "index.docker.io",
                      "dseasb33srnrn.cloudfront.net",
                      "production.cloudflare.docker.com"
                    ],
                    "destination_urls": null,
                    "name": "docker",
                    "protocols": [
                      {
                        "port": 443,
                        "type": "Https"
                      }
                    ],
                    "source_addresses": [
                      "10.1.0.0/24",
                      "10.2.0.0/24"
                    ],
                    "source_ip_groups": null,
                    "terminate_tls": false,
                    "web_categories": null
                  }
                ]
              },
              {
                "action": "Allow",
                "name": "work-vm-azure-access",
                "priority": 400,
                "rule": [
                  {
                    "description": "",
                    "destination_addresses": null,
                    "destination_fqdn_tags": null,
                    "destination_fqdns": [
                      "login.microsoftonline.com"
                    ],
                    "destination_urls": null,
                    "name": "active-directory",
                    "protocols": [
                      {
                        "port": 443,
                        "type": "Https"
                      }
                    ],
                    "source_addresses": [
                      "10.1.0.0/24"
                    ],
                    "source_ip_groups": null,
                    "terminate_tls": false,
                    "web_categories": null
                  },
                  {
                    "description": "",
                    "destination_addresses": null,
                    "destination_fqdn_tags": null,
                    "destination_fqdns": [
                      "management.azure.com"
                    ],
                    "destination_urls": null,
                    "name": "resource-manager-both-vms",
                    "protocols": [
                      {
                        "port": 443,
                        "type": "Https"
                      }
                    ],
                    "source_addresses": [
                      "10.1.0.0/24",
                      "10.2.0.0/24"
                    ],
                    "source_ip_groups": null,
                    "terminate_tls": false,
                    "web_categories": null
                  }
                ]
              },
              {
                "action": "Allow",
                "name": "monitor-vm-azure-access",
                "priority": 500,
                "rule": [
                  {
                    "description": "",
                    "destination_addresses": null,
                    "destination_fqdn_tags": null,
                    "destination_fqdns": [
                      "api.loganalytics.io"
                    ],
                    "destination_urls": null,
                    "name": "active-directory",
                    "protocols": [
                      {
                        "port": 443,
                        "type": "Https"
                      }
                    ],
                    "source_addresses": [
                      "10.2.0.0/24"
                    ],
                    "source_ip_groups": null,
                    "terminate_tls": false,
                    "web_categories": null
                  }
                ]
              },
              {
                "action": "Allow",
                "name": "acr-access",
                "priority": 600,
                "rule": [
                  {
                    "description": "",
                    "destination_addresses": null,
                    "destination_fqdn_tags": [],
                    "destination_fqdns": [
                      "dtfhubacr.azurecr.io",
                      "dtfhubacr.westeurope.data.azurecr.io"
                    ],
                    "destination_urls": null,
                    "name": "acr-access",
                    "protocols": [
                      {
                        "port": 443,
                        "type": "Https"
                      }
                    ],
                    "source_addresses": [
                      "10.1.0.0/24",
                      "10.1.2.0/24"
                    ],
                    "source_ip_groups": null,
                    "terminate_tls": false,
                    "web_categories": null
                  }
                ]
              },
              {
                "action": "Allow",
                "name": "aks-access",
                "priority": 700,
                "rule": [
                  {
                    "description": "",
                    "destination_addresses": null,
                    "destination_fqdn_tags": [
                      "AzureKubernetesService"
                    ],
                    "destination_fqdns": null,
                    "destination_urls": null,
                    "name": "aks-fqdn-tags",
                    "protocols": [
                      {
                        "port": 443,
                        "type": "Https"
                      }
                    ],
                    "source_addresses": [
                      "10.1.2.0/24"
                    ],
                    "source_ip_groups": null,
                    "terminate_tls": false,
                    "web_categories": null
                  }
                ]
              },
              {
                "action": "Allow",
                "name": "aks-diagnostics",
                "priority": 800,
                "rule": [
                  {
                    "description": "",
                    "destination_addresses": null,
                    "destination_fqdn_tags": null,
                    "destination_fqdns": [
                      "196532a9-0816-479d-a9b1-5907fa82fa85.ods.opinsights.azure.com"
                    ],
                    "destination_urls": null,
                    "name": "monitor-logs",
                    "protocols": [
                      {
                        "port": 443,
                        "type": "Https"
                      }
                    ],
                    "source_addresses": [
                      "10.1.2.0/24"
                    ],
                    "source_ip_groups": null,
                    "terminate_tls": false,
                    "web_categories": null
                  }
                ]
              },
              {
                "action": "Allow",
                "name": "monitor-vm-dns",
                "priority": 900,
                "rule": [
                  {
                    "description": "",
                    "destination_addresses": null,
                    "destination_fqdn_tags": null,
                    "destination_fqdns": [
                      "grafana.monitor.net"
                    ],
                    "destination_urls": null,
                    "name": "monitor.net",
                    "protocols": [
                      {
                        "port": 80,
                        "type": "Http"
                      }
                    ],
                    "source_addresses": [
                      "172.0.0.0/16"
                    ],
                    "source_ip_groups": null,
                    "terminate_tls": false,
                    "web_categories": null
                  }
                ]
              }
            ],
            "firewall_policy_id": "/subscriptions/d94fe338-52d8-4a44-acd4-4f8301adf2cf/resourceGroups/dtf-hub-rg/providers/Microsoft.Network/firewallPolicies/dtf-hub-fw-pl",
            "id": "/subscriptions/d94fe338-52d8-4a44-acd4-4f8301adf2cf/resourceGroups/dtf-hub-rg/providers/Microsoft.Network/firewallPolicies/dtf-hub-fw-pl/ruleCollectionGroups/application-group",
            "name": "application-group",
            "nat_rule_collection": [],
            "network_rule_collection": [],
            "priority": 200,
            "timeouts": null
          },
          "sensitive_attributes": [],
          "private": "eyJlMmJmYjczMC1lY2FhLTExZTYtOGY4OC0zNDM2M2JjN2M0YzAiOnsiY3JlYXRlIjoxODAwMDAwMDAwMDAwLCJkZWxldGUiOjE4MDAwMDAwMDAwMDAsInJlYWQiOjMwMDAwMDAwMDAwMCwidXBkYXRlIjoxODAwMDAwMDAwMDAwfX0=",
          "dependencies": [
            "azurerm_resource_group.hub",
            "module.hub_firewall_policy.azurerm_firewall_policy.policy"
          ]
        }
      ]
    },
    {
      "module": "module.hub_firewall_policy",
      "mode": "managed",
      "type": "azurerm_firewall_policy_rule_collection_group",
      "name": "network_rule_collection_groups",
      "provider": "provider[\"registry.terraform.io/hashicorp/azurerm\"]",
      "instances": [
        {
          "index_key": "network-group",
          "schema_version": 0,
          "attributes": {
            "application_rule_collection": [],
            "firewall_policy_id": "/subscriptions/d94fe338-52d8-4a44-acd4-4f8301adf2cf/resourceGroups/dtf-hub-rg/providers/Microsoft.Network/firewallPolicies/dtf-hub-fw-pl",
            "id": "/subscriptions/d94fe338-52d8-4a44-acd4-4f8301adf2cf/resourceGroups/dtf-hub-rg/providers/Microsoft.Network/firewallPolicies/dtf-hub-fw-pl/ruleCollectionGroups/network-group",
            "name": "network-group",
            "nat_rule_collection": [],
            "network_rule_collection": [
              {
                "action": "Allow",
                "name": "vm-access",
                "priority": 1000,
                "rule": [
                  {
                    "destination_addresses": [
                      "10.1.0.0/24",
                      "10.2.0.0/24"
                    ],
                    "destination_fqdns": null,
                    "destination_ip_groups": null,
                    "destination_ports": [
                      "22"
                    ],
                    "name": "ssh",
                    "protocols": [
                      "TCP"
                    ],
                    "source_addresses": [
                      "172.0.0.0/16"
                    ],
                    "source_ip_groups": null
                  },
                  {
                    "destination_addresses": [
                      "10.2.0.0/24"
                    ],
                    "destination_fqdns": null,
                    "destination_ip_groups": null,
                    "destination_ports": [
                      "80"
                    ],
                    "name": "grafana-monitor",
                    "protocols": [
                      "TCP"
                    ],
                    "source_addresses": [
                      "172.0.0.0/16"
                    ],
                    "source_ip_groups": null
                  }
                ]
              }
            ],
            "priority": 100,
            "timeouts": null
          },
          "sensitive_attributes": [],
          "private": "eyJlMmJmYjczMC1lY2FhLTExZTYtOGY4OC0zNDM2M2JjN2M0YzAiOnsiY3JlYXRlIjoxODAwMDAwMDAwMDAwLCJkZWxldGUiOjE4MDAwMDAwMDAwMDAsInJlYWQiOjMwMDAwMDAwMDAwMCwidXBkYXRlIjoxODAwMDAwMDAwMDAwfX0=",
          "dependencies": [
            "azurerm_resource_group.hub",
            "module.hub_firewall_policy.azurerm_firewall_policy.policy"
          ]
        }
      ]
    },
    {
      "module": "module.hub_log_analytics",
      "mode": "managed",
      "type": "azurerm_log_analytics_workspace",
      "name": "log_analytics",
      "provider": "provider[\"registry.terraform.io/hashicorp/azurerm\"]",
      "instances": [
        {
          "schema_version": 3,
          "attributes": {
            "allow_resource_only_permissions": true,
            "cmk_for_query_forced": false,
            "daily_quota_gb": -1,
            "id": "/subscriptions/d94fe338-52d8-4a44-acd4-4f8301adf2cf/resourceGroups/dtf-hub-rg/providers/Microsoft.OperationalInsights/workspaces/dtf-hub-log-analytics-workspace",
            "internet_ingestion_enabled": true,
            "internet_query_enabled": true,
            "local_authentication_disabled": false,
            "location": "westeurope",
            "name": "dtf-hub-log-analytics-workspace",
            "primary_shared_key": "yYkTempTYyUi3UJOV2Zu0gNwRVyxp8wH3WjbbkTnPxcdyaZpdFk/YvY7zBCudd29FbEAeiRYL3d1rwBna2yPzw==",
            "reservation_capacity_in_gb_per_day": null,
            "resource_group_name": "dtf-hub-rg",
            "retention_in_days": 30,
            "secondary_shared_key": "eLvzF0sfpPMgnDtNaMfZ2nU7Eb2r0Vxy6h4alQThuE2nOAD1prr/6WwDEGGFxphd6vhMIr21bIP6vYhC1WGVNA==",
            "sku": "PerGB2018",
            "tags": {
              "CreationDateTime": "2023-08-01T10:46:39.3974866Z",
              "Environment": "Dev"
            },
            "timeouts": null,
            "workspace_id": "6703a699-5c4c-4560-bf43-0cd122e6c843"
          },
          "sensitive_attributes": [],
          "private": "eyJlMmJmYjczMC1lY2FhLTExZTYtOGY4OC0zNDM2M2JjN2M0YzAiOnsiY3JlYXRlIjoxODAwMDAwMDAwMDAwLCJkZWxldGUiOjE4MDAwMDAwMDAwMDAsInJlYWQiOjMwMDAwMDAwMDAwMCwidXBkYXRlIjoxODAwMDAwMDAwMDAwfSwic2NoZW1hX3ZlcnNpb24iOiIzIn0=",
          "dependencies": [
            "azurerm_resource_group.hub"
          ]
        }
      ]
    },
    {
      "module": "module.hub_log_analytics.module.log_analytics_diagnostic",
      "mode": "data",
      "type": "azurerm_monitor_diagnostic_categories",
      "name": "categories",
      "provider": "provider[\"registry.terraform.io/hashicorp/azurerm\"]",
      "instances": [
        {
          "schema_version": 0,
          "attributes": {
            "id": "/subscriptions/d94fe338-52d8-4a44-acd4-4f8301adf2cf/resourceGroups/dtf-hub-rg/providers/Microsoft.OperationalInsights/workspaces/dtf-hub-log-analytics-workspace",
            "log_category_groups": [
              "allLogs",
              "audit"
            ],
            "log_category_types": [
              "Audit"
            ],
            "logs": [
              "Audit"
            ],
            "metrics": [
              "AllMetrics"
            ],
            "resource_id": "/subscriptions/d94fe338-52d8-4a44-acd4-4f8301adf2cf/resourceGroups/dtf-hub-rg/providers/Microsoft.OperationalInsights/workspaces/dtf-hub-log-analytics-workspace",
            "timeouts": null
          },
          "sensitive_attributes": []
        }
      ]
    },
    {
      "module": "module.hub_log_analytics.module.log_analytics_diagnostic",
      "mode": "managed",
      "type": "azurerm_monitor_diagnostic_setting",
      "name": "diagnostics",
      "provider": "provider[\"registry.terraform.io/hashicorp/azurerm\"]",
      "instances": [
        {
          "schema_version": 0,
          "attributes": {
            "enabled_log": [
              {
                "category": "Audit",
                "category_group": "",
                "retention_policy": []
              }
            ],
            "eventhub_authorization_rule_id": "",
            "eventhub_name": "",
            "id": "/subscriptions/d94fe338-52d8-4a44-acd4-4f8301adf2cf/resourceGroups/dtf-hub-rg/providers/Microsoft.OperationalInsights/workspaces/dtf-hub-log-analytics-workspace|dtf-hub-log-analytics-workspace-diagnostic",
            "log": [
              {
                "category": "Audit",
                "category_group": "",
                "enabled": true,
                "retention_policy": [
                  {
                    "days": 0,
                    "enabled": false
                  }
                ]
              }
            ],
            "log_analytics_destination_type": "",
            "log_analytics_workspace_id": "/subscriptions/d94fe338-52d8-4a44-acd4-4f8301adf2cf/resourceGroups/dtf-hub-rg/providers/Microsoft.OperationalInsights/workspaces/dtf-hub-log-analytics-workspace",
            "metric": [
              {
                "category": "AllMetrics",
                "enabled": true,
                "retention_policy": []
              }
            ],
            "name": "dtf-hub-log-analytics-workspace-diagnostic",
            "partner_solution_id": null,
            "storage_account_id": null,
            "target_resource_id": "/subscriptions/d94fe338-52d8-4a44-acd4-4f8301adf2cf/resourceGroups/dtf-hub-rg/providers/Microsoft.OperationalInsights/workspaces/dtf-hub-log-analytics-workspace",
            "timeouts": null
          },
          "sensitive_attributes": [],
          "private": "eyJlMmJmYjczMC1lY2FhLTExZTYtOGY4OC0zNDM2M2JjN2M0YzAiOnsiY3JlYXRlIjoxODAwMDAwMDAwMDAwLCJkZWxldGUiOjM2MDAwMDAwMDAwMDAsInJlYWQiOjMwMDAwMDAwMDAwMCwidXBkYXRlIjoxODAwMDAwMDAwMDAwfX0=",
          "dependencies": [
            "azurerm_resource_group.hub",
            "module.hub_log_analytics.azurerm_log_analytics_workspace.log_analytics",
            "module.hub_log_analytics.module.log_analytics_diagnostic.data.azurerm_monitor_diagnostic_categories.categories"
          ]
        }
      ]
    },
    {
      "module": "module.hub_network_security_groups[\"hub-ACRSubnet-nsg\"]",
      "mode": "managed",
      "type": "azurerm_network_security_group",
      "name": "nsg",
      "provider": "provider[\"registry.terraform.io/hashicorp/azurerm\"]",
      "instances": [
        {
          "schema_version": 0,
          "attributes": {
            "id": "/subscriptions/d94fe338-52d8-4a44-acd4-4f8301adf2cf/resourceGroups/dtf-hub-rg/providers/Microsoft.Network/networkSecurityGroups/hub-ACRSubnet-nsg",
            "location": "westeurope",
            "name": "hub-ACRSubnet-nsg",
            "resource_group_name": "dtf-hub-rg",
            "security_rule": [],
            "tags": {
              "CreationDateTime": "2023-08-01T10:46:07.5976463Z",
              "Environment": "Dev"
            },
            "timeouts": null
          },
          "sensitive_attributes": [],
          "private": "eyJlMmJmYjczMC1lY2FhLTExZTYtOGY4OC0zNDM2M2JjN2M0YzAiOnsiY3JlYXRlIjoxODAwMDAwMDAwMDAwLCJkZWxldGUiOjE4MDAwMDAwMDAwMDAsInJlYWQiOjMwMDAwMDAwMDAwMCwidXBkYXRlIjoxODAwMDAwMDAwMDAwfX0=",
          "dependencies": [
            "azurerm_resource_group.hub"
          ]
        }
      ]
    },
    {
      "module": "module.hub_network_security_groups[\"hub-ACRSubnet-nsg\"].module.nsg_diagnostic",
      "mode": "data",
      "type": "azurerm_monitor_diagnostic_categories",
      "name": "categories",
      "provider": "provider[\"registry.terraform.io/hashicorp/azurerm\"]",
      "instances": [
        {
          "schema_version": 0,
          "attributes": {
            "id": "/subscriptions/d94fe338-52d8-4a44-acd4-4f8301adf2cf/resourceGroups/dtf-hub-rg/providers/Microsoft.Network/networkSecurityGroups/hub-ACRSubnet-nsg",
            "log_category_groups": [
              "allLogs"
            ],
            "log_category_types": [
              "NetworkSecurityGroupEvent",
              "NetworkSecurityGroupRuleCounter"
            ],
            "logs": [
              "NetworkSecurityGroupEvent",
              "NetworkSecurityGroupRuleCounter"
            ],
            "metrics": [],
            "resource_id": "/subscriptions/d94fe338-52d8-4a44-acd4-4f8301adf2cf/resourceGroups/dtf-hub-rg/providers/Microsoft.Network/networkSecurityGroups/hub-ACRSubnet-nsg",
            "timeouts": null
          },
          "sensitive_attributes": []
        }
      ]
    },
    {
      "module": "module.hub_network_security_groups[\"hub-ACRSubnet-nsg\"].module.nsg_diagnostic",
      "mode": "managed",
      "type": "azurerm_monitor_diagnostic_setting",
      "name": "diagnostics",
      "provider": "provider[\"registry.terraform.io/hashicorp/azurerm\"]",
      "instances": [
        {
          "schema_version": 0,
          "attributes": {
            "enabled_log": [
              {
                "category": "NetworkSecurityGroupEvent",
                "category_group": "",
                "retention_policy": []
              },
              {
                "category": "NetworkSecurityGroupRuleCounter",
                "category_group": "",
                "retention_policy": []
              }
            ],
            "eventhub_authorization_rule_id": "",
            "eventhub_name": "",
            "id": "/subscriptions/d94fe338-52d8-4a44-acd4-4f8301adf2cf/resourceGroups/dtf-hub-rg/providers/Microsoft.Network/networkSecurityGroups/hub-ACRSubnet-nsg|hub-ACRSubnet-nsg-diagnostic",
            "log": [
              {
                "category": "NetworkSecurityGroupEvent",
                "category_group": "",
                "enabled": true,
                "retention_policy": [
                  {
                    "days": 0,
                    "enabled": false
                  }
                ]
              },
              {
                "category": "NetworkSecurityGroupRuleCounter",
                "category_group": "",
                "enabled": true,
                "retention_policy": [
                  {
                    "days": 0,
                    "enabled": false
                  }
                ]
              }
            ],
            "log_analytics_destination_type": "",
            "log_analytics_workspace_id": "/subscriptions/d94fe338-52d8-4a44-acd4-4f8301adf2cf/resourceGroups/dtf-hub-rg/providers/Microsoft.OperationalInsights/workspaces/dtf-hub-log-analytics-workspace",
            "metric": [],
            "name": "hub-ACRSubnet-nsg-diagnostic",
            "partner_solution_id": null,
            "storage_account_id": null,
            "target_resource_id": "/subscriptions/d94fe338-52d8-4a44-acd4-4f8301adf2cf/resourceGroups/dtf-hub-rg/providers/Microsoft.Network/networkSecurityGroups/hub-ACRSubnet-nsg",
            "timeouts": null
          },
          "sensitive_attributes": [],
          "private": "eyJlMmJmYjczMC1lY2FhLTExZTYtOGY4OC0zNDM2M2JjN2M0YzAiOnsiY3JlYXRlIjoxODAwMDAwMDAwMDAwLCJkZWxldGUiOjM2MDAwMDAwMDAwMDAsInJlYWQiOjMwMDAwMDAwMDAwMCwidXBkYXRlIjoxODAwMDAwMDAwMDAwfX0=",
          "dependencies": [
            "azurerm_resource_group.hub",
            "module.hub_log_analytics.azurerm_log_analytics_workspace.log_analytics",
            "module.hub_network_security_groups.azurerm_network_security_group.nsg",
            "module.hub_network_security_groups.module.nsg_diagnostic.data.azurerm_monitor_diagnostic_categories.categories"
          ]
        }
      ]
    },
    {
      "module": "module.hub_route_tables[\"hub-gateway-rt\"]",
      "mode": "managed",
      "type": "azurerm_route",
      "name": "routes",
      "provider": "provider[\"registry.terraform.io/hashicorp/azurerm\"]",
      "instances": [
        {
          "index_key": "monitor-vnet",
          "schema_version": 0,
          "attributes": {
            "address_prefix": "10.2.0.0/16",
            "id": "/subscriptions/d94fe338-52d8-4a44-acd4-4f8301adf2cf/resourceGroups/dtf-hub-rg/providers/Microsoft.Network/routeTables/hub-gateway-rt/routes/monitor-vnet",
            "name": "monitor-vnet",
            "next_hop_in_ip_address": "10.0.1.4",
            "next_hop_type": "VirtualAppliance",
            "resource_group_name": "dtf-hub-rg",
            "route_table_name": "hub-gateway-rt",
            "timeouts": null
          },
          "sensitive_attributes": [],
          "private": "eyJlMmJmYjczMC1lY2FhLTExZTYtOGY4OC0zNDM2M2JjN2M0YzAiOnsiY3JlYXRlIjoxODAwMDAwMDAwMDAwLCJkZWxldGUiOjE4MDAwMDAwMDAwMDAsInJlYWQiOjMwMDAwMDAwMDAwMCwidXBkYXRlIjoxODAwMDAwMDAwMDAwfX0=",
          "dependencies": [
            "azurerm_resource_group.hub",
            "module.hub_route_tables.azurerm_route_table.rt"
          ]
        },
        {
          "index_key": "work-vnet",
          "schema_version": 0,
          "attributes": {
            "address_prefix": "10.1.0.0/16",
            "id": "/subscriptions/d94fe338-52d8-4a44-acd4-4f8301adf2cf/resourceGroups/dtf-hub-rg/providers/Microsoft.Network/routeTables/hub-gateway-rt/routes/work-vnet",
            "name": "work-vnet",
            "next_hop_in_ip_address": "10.0.1.4",
            "next_hop_type": "VirtualAppliance",
            "resource_group_name": "dtf-hub-rg",
            "route_table_name": "hub-gateway-rt",
            "timeouts": null
          },
          "sensitive_attributes": [],
          "private": "eyJlMmJmYjczMC1lY2FhLTExZTYtOGY4OC0zNDM2M2JjN2M0YzAiOnsiY3JlYXRlIjoxODAwMDAwMDAwMDAwLCJkZWxldGUiOjE4MDAwMDAwMDAwMDAsInJlYWQiOjMwMDAwMDAwMDAwMCwidXBkYXRlIjoxODAwMDAwMDAwMDAwfX0=",
          "dependencies": [
            "azurerm_resource_group.hub",
            "module.hub_route_tables.azurerm_route_table.rt"
          ]
        }
      ]
    },
    {
      "module": "module.hub_route_tables[\"hub-gateway-rt\"]",
      "mode": "managed",
      "type": "azurerm_route_table",
      "name": "rt",
      "provider": "provider[\"registry.terraform.io/hashicorp/azurerm\"]",
      "instances": [
        {
          "schema_version": 0,
          "attributes": {
            "disable_bgp_route_propagation": false,
            "id": "/subscriptions/d94fe338-52d8-4a44-acd4-4f8301adf2cf/resourceGroups/dtf-hub-rg/providers/Microsoft.Network/routeTables/hub-gateway-rt",
            "location": "westeurope",
            "name": "hub-gateway-rt",
            "resource_group_name": "dtf-hub-rg",
            "route": [],
            "subnets": [],
            "tags": {
              "CreationDateTime": "2023-08-01T10:46:11.4948330Z",
              "Environment": "Dev"
            },
            "timeouts": null
          },
          "sensitive_attributes": [],
          "private": "eyJlMmJmYjczMC1lY2FhLTExZTYtOGY4OC0zNDM2M2JjN2M0YzAiOnsiY3JlYXRlIjoxODAwMDAwMDAwMDAwLCJkZWxldGUiOjE4MDAwMDAwMDAwMDAsInJlYWQiOjMwMDAwMDAwMDAwMCwidXBkYXRlIjoxODAwMDAwMDAwMDAwfX0=",
          "dependencies": [
            "azurerm_resource_group.hub"
          ]
        }
      ]
    },
    {
      "module": "module.hub_route_tables[\"hub-rt\"]",
      "mode": "managed",
      "type": "azurerm_route",
      "name": "routes",
      "provider": "provider[\"registry.terraform.io/hashicorp/azurerm\"]",
      "instances": [
        {
          "index_key": "monitor-vnet",
          "schema_version": 0,
          "attributes": {
            "address_prefix": "10.2.0.0/16",
            "id": "/subscriptions/d94fe338-52d8-4a44-acd4-4f8301adf2cf/resourceGroups/dtf-hub-rg/providers/Microsoft.Network/routeTables/hub-rt/routes/monitor-vnet",
            "name": "monitor-vnet",
            "next_hop_in_ip_address": "10.0.1.4",
            "next_hop_type": "VirtualAppliance",
            "resource_group_name": "dtf-hub-rg",
            "route_table_name": "hub-rt",
            "timeouts": null
          },
          "sensitive_attributes": [],
          "private": "eyJlMmJmYjczMC1lY2FhLTExZTYtOGY4OC0zNDM2M2JjN2M0YzAiOnsiY3JlYXRlIjoxODAwMDAwMDAwMDAwLCJkZWxldGUiOjE4MDAwMDAwMDAwMDAsInJlYWQiOjMwMDAwMDAwMDAwMCwidXBkYXRlIjoxODAwMDAwMDAwMDAwfX0=",
          "dependencies": [
            "azurerm_resource_group.hub",
            "module.hub_route_tables.azurerm_route_table.rt"
          ]
        },
        {
          "index_key": "outbound",
          "schema_version": 0,
          "attributes": {
            "address_prefix": "0.0.0.0/0",
            "id": "/subscriptions/d94fe338-52d8-4a44-acd4-4f8301adf2cf/resourceGroups/dtf-hub-rg/providers/Microsoft.Network/routeTables/hub-rt/routes/outbound",
            "name": "outbound",
            "next_hop_in_ip_address": "10.0.1.4",
            "next_hop_type": "VirtualAppliance",
            "resource_group_name": "dtf-hub-rg",
            "route_table_name": "hub-rt",
            "timeouts": null
          },
          "sensitive_attributes": [],
          "private": "eyJlMmJmYjczMC1lY2FhLTExZTYtOGY4OC0zNDM2M2JjN2M0YzAiOnsiY3JlYXRlIjoxODAwMDAwMDAwMDAwLCJkZWxldGUiOjE4MDAwMDAwMDAwMDAsInJlYWQiOjMwMDAwMDAwMDAwMCwidXBkYXRlIjoxODAwMDAwMDAwMDAwfX0=",
          "dependencies": [
            "azurerm_resource_group.hub",
            "module.hub_route_tables.azurerm_route_table.rt"
          ]
        },
        {
          "index_key": "work-vnet",
          "schema_version": 0,
          "attributes": {
            "address_prefix": "10.1.0.0/16",
            "id": "/subscriptions/d94fe338-52d8-4a44-acd4-4f8301adf2cf/resourceGroups/dtf-hub-rg/providers/Microsoft.Network/routeTables/hub-rt/routes/work-vnet",
            "name": "work-vnet",
            "next_hop_in_ip_address": "10.0.1.4",
            "next_hop_type": "VirtualAppliance",
            "resource_group_name": "dtf-hub-rg",
            "route_table_name": "hub-rt",
            "timeouts": null
          },
          "sensitive_attributes": [],
          "private": "eyJlMmJmYjczMC1lY2FhLTExZTYtOGY4OC0zNDM2M2JjN2M0YzAiOnsiY3JlYXRlIjoxODAwMDAwMDAwMDAwLCJkZWxldGUiOjE4MDAwMDAwMDAwMDAsInJlYWQiOjMwMDAwMDAwMDAwMCwidXBkYXRlIjoxODAwMDAwMDAwMDAwfX0=",
          "dependencies": [
            "azurerm_resource_group.hub",
            "module.hub_route_tables.azurerm_route_table.rt"
          ]
        }
      ]
    },
    {
      "module": "module.hub_route_tables[\"hub-rt\"]",
      "mode": "managed",
      "type": "azurerm_route_table",
      "name": "rt",
      "provider": "provider[\"registry.terraform.io/hashicorp/azurerm\"]",
      "instances": [
        {
          "schema_version": 0,
          "attributes": {
            "disable_bgp_route_propagation": false,
            "id": "/subscriptions/d94fe338-52d8-4a44-acd4-4f8301adf2cf/resourceGroups/dtf-hub-rg/providers/Microsoft.Network/routeTables/hub-rt",
            "location": "westeurope",
            "name": "hub-rt",
            "resource_group_name": "dtf-hub-rg",
            "route": [],
            "subnets": [],
            "tags": {
              "CreationDateTime": "2023-08-01T10:46:08.0059179Z",
              "Environment": "Dev"
            },
            "timeouts": null
          },
          "sensitive_attributes": [],
          "private": "eyJlMmJmYjczMC1lY2FhLTExZTYtOGY4OC0zNDM2M2JjN2M0YzAiOnsiY3JlYXRlIjoxODAwMDAwMDAwMDAwLCJkZWxldGUiOjE4MDAwMDAwMDAwMDAsInJlYWQiOjMwMDAwMDAwMDAwMCwidXBkYXRlIjoxODAwMDAwMDAwMDAwfX0=",
          "dependencies": [
            "azurerm_resource_group.hub"
          ]
        }
      ]
    },
    {
      "module": "module.hub_to_monitor_peerings",
      "mode": "managed",
      "type": "azurerm_virtual_network_peering",
      "name": "ingoing_peering",
      "provider": "provider[\"registry.terraform.io/hashicorp/azurerm\"]",
      "instances": [
        {
          "schema_version": 0,
          "attributes": {
            "allow_forwarded_traffic": true,
            "allow_gateway_transit": false,
            "allow_virtual_network_access": true,
            "id": "/subscriptions/d94fe338-52d8-4a44-acd4-4f8301adf2cf/resourceGroups/dtf-monitor-spoke-rg/providers/Microsoft.Network/virtualNetworks/dtf-monitor-vnet/virtualNetworkPeerings/dtf-monitor-vnet-to-dtf-hub-vnet",
            "name": "dtf-monitor-vnet-to-dtf-hub-vnet",
            "remote_virtual_network_id": "/subscriptions/d94fe338-52d8-4a44-acd4-4f8301adf2cf/resourceGroups/dtf-hub-rg/providers/Microsoft.Network/virtualNetworks/dtf-hub-vnet",
            "resource_group_name": "dtf-monitor-spoke-rg",
            "timeouts": null,
            "triggers": null,
            "use_remote_gateways": true,
            "virtual_network_name": "dtf-monitor-vnet"
          },
          "sensitive_attributes": [],
          "private": "eyJlMmJmYjczMC1lY2FhLTExZTYtOGY4OC0zNDM2M2JjN2M0YzAiOnsiY3JlYXRlIjoxODAwMDAwMDAwMDAwLCJkZWxldGUiOjE4MDAwMDAwMDAwMDAsInJlYWQiOjMwMDAwMDAwMDAwMCwidXBkYXRlIjoxODAwMDAwMDAwMDAwfX0=",
          "dependencies": [
            "azurerm_resource_group.hub",
            "azurerm_resource_group.monitor",
            "module.hub_log_analytics.azurerm_log_analytics_workspace.log_analytics",
            "module.hub_network_security_groups.azurerm_network_security_group.nsg",
            "module.hub_network_security_groups.azurerm_network_security_rule.rules",
            "module.hub_network_security_groups.module.nsg_diagnostic.azurerm_monitor_diagnostic_setting.diagnostics",
            "module.hub_network_security_groups.module.nsg_diagnostic.data.azurerm_monitor_diagnostic_categories.categories",
            "module.hub_route_tables.azurerm_route.routes",
            "module.hub_route_tables.azurerm_route_table.rt",
            "module.hub_virtual_network.azurerm_resource_group_template_deployment.subnets",
            "module.hub_virtual_network.azurerm_virtual_network.vnet",
            "module.hub_vpn_gateway.azurerm_public_ip.active_active_ip",
            "module.hub_vpn_gateway.azurerm_public_ip.ip",
            "module.hub_vpn_gateway.azurerm_virtual_network_gateway.vnet_gateway",
            "module.hub_vpn_gateway.module.active_active_ip_diagnostic.azurerm_monitor_diagnostic_setting.diagnostics",
            "module.hub_vpn_gateway.module.active_active_ip_diagnostic.data.azurerm_monitor_diagnostic_categories.categories",
            "module.hub_vpn_gateway.module.ip_diagnostic.azurerm_monitor_diagnostic_setting.diagnostics",
            "module.hub_vpn_gateway.module.ip_diagnostic.data.azurerm_monitor_diagnostic_categories.categories",
            "module.hub_vpn_gateway.module.vnet_gateway_diagnostic.azurerm_monitor_diagnostic_setting.diagnostics",
            "module.hub_vpn_gateway.module.vnet_gateway_diagnostic.data.azurerm_monitor_diagnostic_categories.categories",
            "module.monitor_virtual_network.azurerm_virtual_network.vnet"
          ]
        }
      ]
    },
    {
      "module": "module.hub_to_monitor_peerings",
      "mode": "managed",
      "type": "azurerm_virtual_network_peering",
      "name": "outgoing_peering",
      "provider": "provider[\"registry.terraform.io/hashicorp/azurerm\"]",
      "instances": [
        {
          "schema_version": 0,
          "attributes": {
            "allow_forwarded_traffic": false,
            "allow_gateway_transit": true,
            "allow_virtual_network_access": true,
            "id": "/subscriptions/d94fe338-52d8-4a44-acd4-4f8301adf2cf/resourceGroups/dtf-hub-rg/providers/Microsoft.Network/virtualNetworks/dtf-hub-vnet/virtualNetworkPeerings/dtf-hub-vnet-to-dtf-monitor-vnet",
            "name": "dtf-hub-vnet-to-dtf-monitor-vnet",
            "remote_virtual_network_id": "/subscriptions/d94fe338-52d8-4a44-acd4-4f8301adf2cf/resourceGroups/dtf-monitor-spoke-rg/providers/Microsoft.Network/virtualNetworks/dtf-monitor-vnet",
            "resource_group_name": "dtf-hub-rg",
            "timeouts": null,
            "triggers": null,
            "use_remote_gateways": false,
            "virtual_network_name": "dtf-hub-vnet"
          },
          "sensitive_attributes": [],
          "private": "eyJlMmJmYjczMC1lY2FhLTExZTYtOGY4OC0zNDM2M2JjN2M0YzAiOnsiY3JlYXRlIjoxODAwMDAwMDAwMDAwLCJkZWxldGUiOjE4MDAwMDAwMDAwMDAsInJlYWQiOjMwMDAwMDAwMDAwMCwidXBkYXRlIjoxODAwMDAwMDAwMDAwfX0=",
          "dependencies": [
            "azurerm_resource_group.hub",
            "azurerm_resource_group.monitor",
            "module.hub_log_analytics.azurerm_log_analytics_workspace.log_analytics",
            "module.hub_network_security_groups.azurerm_network_security_group.nsg",
            "module.hub_network_security_groups.azurerm_network_security_rule.rules",
            "module.hub_network_security_groups.module.nsg_diagnostic.azurerm_monitor_diagnostic_setting.diagnostics",
            "module.hub_network_security_groups.module.nsg_diagnostic.data.azurerm_monitor_diagnostic_categories.categories",
            "module.hub_route_tables.azurerm_route.routes",
            "module.hub_route_tables.azurerm_route_table.rt",
            "module.hub_virtual_network.azurerm_resource_group_template_deployment.subnets",
            "module.hub_virtual_network.azurerm_virtual_network.vnet",
            "module.hub_vpn_gateway.azurerm_public_ip.active_active_ip",
            "module.hub_vpn_gateway.azurerm_public_ip.ip",
            "module.hub_vpn_gateway.azurerm_virtual_network_gateway.vnet_gateway",
            "module.hub_vpn_gateway.module.active_active_ip_diagnostic.azurerm_monitor_diagnostic_setting.diagnostics",
            "module.hub_vpn_gateway.module.active_active_ip_diagnostic.data.azurerm_monitor_diagnostic_categories.categories",
            "module.hub_vpn_gateway.module.ip_diagnostic.azurerm_monitor_diagnostic_setting.diagnostics",
            "module.hub_vpn_gateway.module.ip_diagnostic.data.azurerm_monitor_diagnostic_categories.categories",
            "module.hub_vpn_gateway.module.vnet_gateway_diagnostic.azurerm_monitor_diagnostic_setting.diagnostics",
            "module.hub_vpn_gateway.module.vnet_gateway_diagnostic.data.azurerm_monitor_diagnostic_categories.categories",
            "module.monitor_virtual_network.azurerm_virtual_network.vnet"
          ]
        }
      ]
    },
    {
      "module": "module.hub_to_work_peerings",
      "mode": "managed",
      "type": "azurerm_virtual_network_peering",
      "name": "ingoing_peering",
      "provider": "provider[\"registry.terraform.io/hashicorp/azurerm\"]",
      "instances": [
        {
          "schema_version": 0,
          "attributes": {
            "allow_forwarded_traffic": true,
            "allow_gateway_transit": false,
            "allow_virtual_network_access": true,
            "id": "/subscriptions/d94fe338-52d8-4a44-acd4-4f8301adf2cf/resourceGroups/dtf-work-spoke-rg/providers/Microsoft.Network/virtualNetworks/dtf-work-vnet/virtualNetworkPeerings/dtf-work-vnet-to-dtf-hub-vnet",
            "name": "dtf-work-vnet-to-dtf-hub-vnet",
            "remote_virtual_network_id": "/subscriptions/d94fe338-52d8-4a44-acd4-4f8301adf2cf/resourceGroups/dtf-hub-rg/providers/Microsoft.Network/virtualNetworks/dtf-hub-vnet",
            "resource_group_name": "dtf-work-spoke-rg",
            "timeouts": null,
            "triggers": null,
            "use_remote_gateways": true,
            "virtual_network_name": "dtf-work-vnet"
          },
          "sensitive_attributes": [],
          "private": "eyJlMmJmYjczMC1lY2FhLTExZTYtOGY4OC0zNDM2M2JjN2M0YzAiOnsiY3JlYXRlIjoxODAwMDAwMDAwMDAwLCJkZWxldGUiOjE4MDAwMDAwMDAwMDAsInJlYWQiOjMwMDAwMDAwMDAwMCwidXBkYXRlIjoxODAwMDAwMDAwMDAwfX0=",
          "dependencies": [
            "azurerm_resource_group.hub",
            "azurerm_resource_group.work",
            "module.hub_log_analytics.azurerm_log_analytics_workspace.log_analytics",
            "module.hub_network_security_groups.azurerm_network_security_group.nsg",
            "module.hub_network_security_groups.azurerm_network_security_rule.rules",
            "module.hub_network_security_groups.module.nsg_diagnostic.azurerm_monitor_diagnostic_setting.diagnostics",
            "module.hub_network_security_groups.module.nsg_diagnostic.data.azurerm_monitor_diagnostic_categories.categories",
            "module.hub_route_tables.azurerm_route.routes",
            "module.hub_route_tables.azurerm_route_table.rt",
            "module.hub_virtual_network.azurerm_resource_group_template_deployment.subnets",
            "module.hub_virtual_network.azurerm_virtual_network.vnet",
            "module.hub_vpn_gateway.azurerm_public_ip.active_active_ip",
            "module.hub_vpn_gateway.azurerm_public_ip.ip",
            "module.hub_vpn_gateway.azurerm_virtual_network_gateway.vnet_gateway",
            "module.hub_vpn_gateway.module.active_active_ip_diagnostic.azurerm_monitor_diagnostic_setting.diagnostics",
            "module.hub_vpn_gateway.module.active_active_ip_diagnostic.data.azurerm_monitor_diagnostic_categories.categories",
            "module.hub_vpn_gateway.module.ip_diagnostic.azurerm_monitor_diagnostic_setting.diagnostics",
            "module.hub_vpn_gateway.module.ip_diagnostic.data.azurerm_monitor_diagnostic_categories.categories",
            "module.hub_vpn_gateway.module.vnet_gateway_diagnostic.azurerm_monitor_diagnostic_setting.diagnostics",
            "module.hub_vpn_gateway.module.vnet_gateway_diagnostic.data.azurerm_monitor_diagnostic_categories.categories",
            "module.work_virtual_network.azurerm_virtual_network.vnet"
          ]
        }
      ]
    },
    {
      "module": "module.hub_to_work_peerings",
      "mode": "managed",
      "type": "azurerm_virtual_network_peering",
      "name": "outgoing_peering",
      "provider": "provider[\"registry.terraform.io/hashicorp/azurerm\"]",
      "instances": [
        {
          "schema_version": 0,
          "attributes": {
            "allow_forwarded_traffic": false,
            "allow_gateway_transit": true,
            "allow_virtual_network_access": true,
            "id": "/subscriptions/d94fe338-52d8-4a44-acd4-4f8301adf2cf/resourceGroups/dtf-hub-rg/providers/Microsoft.Network/virtualNetworks/dtf-hub-vnet/virtualNetworkPeerings/dtf-hub-vnet-to-dtf-work-vnet",
            "name": "dtf-hub-vnet-to-dtf-work-vnet",
            "remote_virtual_network_id": "/subscriptions/d94fe338-52d8-4a44-acd4-4f8301adf2cf/resourceGroups/dtf-work-spoke-rg/providers/Microsoft.Network/virtualNetworks/dtf-work-vnet",
            "resource_group_name": "dtf-hub-rg",
            "timeouts": null,
            "triggers": null,
            "use_remote_gateways": false,
            "virtual_network_name": "dtf-hub-vnet"
          },
          "sensitive_attributes": [],
          "private": "eyJlMmJmYjczMC1lY2FhLTExZTYtOGY4OC0zNDM2M2JjN2M0YzAiOnsiY3JlYXRlIjoxODAwMDAwMDAwMDAwLCJkZWxldGUiOjE4MDAwMDAwMDAwMDAsInJlYWQiOjMwMDAwMDAwMDAwMCwidXBkYXRlIjoxODAwMDAwMDAwMDAwfX0=",
          "dependencies": [
            "azurerm_resource_group.hub",
            "azurerm_resource_group.work",
            "module.hub_log_analytics.azurerm_log_analytics_workspace.log_analytics",
            "module.hub_network_security_groups.azurerm_network_security_group.nsg",
            "module.hub_network_security_groups.azurerm_network_security_rule.rules",
            "module.hub_network_security_groups.module.nsg_diagnostic.azurerm_monitor_diagnostic_setting.diagnostics",
            "module.hub_network_security_groups.module.nsg_diagnostic.data.azurerm_monitor_diagnostic_categories.categories",
            "module.hub_route_tables.azurerm_route.routes",
            "module.hub_route_tables.azurerm_route_table.rt",
            "module.hub_virtual_network.azurerm_resource_group_template_deployment.subnets",
            "module.hub_virtual_network.azurerm_virtual_network.vnet",
            "module.hub_vpn_gateway.azurerm_public_ip.active_active_ip",
            "module.hub_vpn_gateway.azurerm_public_ip.ip",
            "module.hub_vpn_gateway.azurerm_virtual_network_gateway.vnet_gateway",
            "module.hub_vpn_gateway.module.active_active_ip_diagnostic.azurerm_monitor_diagnostic_setting.diagnostics",
            "module.hub_vpn_gateway.module.active_active_ip_diagnostic.data.azurerm_monitor_diagnostic_categories.categories",
            "module.hub_vpn_gateway.module.ip_diagnostic.azurerm_monitor_diagnostic_setting.diagnostics",
            "module.hub_vpn_gateway.module.ip_diagnostic.data.azurerm_monitor_diagnostic_categories.categories",
            "module.hub_vpn_gateway.module.vnet_gateway_diagnostic.azurerm_monitor_diagnostic_setting.diagnostics",
            "module.hub_vpn_gateway.module.vnet_gateway_diagnostic.data.azurerm_monitor_diagnostic_categories.categories",
            "module.work_virtual_network.azurerm_virtual_network.vnet"
          ]
        }
      ]
    },
    {
      "module": "module.hub_virtual_network",
      "mode": "managed",
      "type": "azurerm_resource_group_template_deployment",
      "name": "subnets",
      "provider": "provider[\"registry.terraform.io/hashicorp/azurerm\"]",
      "instances": [
        {
          "index_key": "ACRSubnet",
          "schema_version": 0,
          "attributes": {
            "debug_level": "",
            "deployment_mode": "Incremental",
            "id": "/subscriptions/d94fe338-52d8-4a44-acd4-4f8301adf2cf/resourceGroups/dtf-hub-rg/providers/Microsoft.Resources/deployments/ACRSubnet-template",
            "name": "ACRSubnet-template",
            "output_content": "{\"subnet_id\":{\"type\":\"String\",\"value\":\"/subscriptions/d94fe338-52d8-4a44-acd4-4f8301adf2cf/resourceGroups/dtf-hub-rg/providers/Microsoft.Network/virtualNetworks/dtf-hub-vnet/subnets/ACRSubnet\"}}",
            "parameters_content": "{\"network_security_group_id\":{\"value\":\"/subscriptions/d94fe338-52d8-4a44-acd4-4f8301adf2cf/resourceGroups/dtf-hub-rg/providers/Microsoft.Network/networkSecurityGroups/hub-ACRSubnet-nsg\"},\"route_table_id\":{\"value\":\"/subscriptions/d94fe338-52d8-4a44-acd4-4f8301adf2cf/resourceGroups/dtf-hub-rg/providers/Microsoft.Network/routeTables/hub-rt\"},\"subnet_address_prefix\":{\"value\":\"10.0.3.0/24\"},\"subnet_name\":{\"value\":\"ACRSubnet\"},\"vnet_name\":{\"value\":\"dtf-hub-vnet\"}}",
            "resource_group_name": "dtf-hub-rg",
            "tags": null,
            "template_content": "{\"$schema\":\"http://schema.management.azure.com/schemas/2015-01-01/deploymentTemplate.json#\",\"contentVersion\":\"1.0.0.0\",\"outputs\":{\"subnet_id\":{\"type\":\"String\",\"value\":\"[resourceId('Microsoft.Network/virtualNetworks/subnets', parameters('vnet_name'), parameters('subnet_name'))]\"}},\"parameters\":{\"network_security_group_id\":{\"type\":\"String\"},\"route_table_id\":{\"type\":\"String\"},\"subnet_address_prefix\":{\"type\":\"String\"},\"subnet_name\":{\"type\":\"String\"},\"vnet_name\":{\"type\":\"String\"}},\"resources\":[{\"apiVersion\":\"2022-11-01\",\"name\":\"[concat(parameters('vnet_name'), '/', parameters('subnet_name'))]\",\"properties\":{\"addressPrefix\":\"[parameters('subnet_address_prefix')]\",\"networkSecurityGroup\":\"[if(equals(parameters('network_security_group_id'),''), json('null'), json(concat('{\\\"id\\\": \\\"', parameters('network_security_group_id'), '\\\"}')))]\",\"routeTable\":\"[if(equals(parameters('route_table_id'),''), json('null'), json(concat('{\\\"id\\\": \\\"', parameters('route_table_id'), '\\\"}')))]\"},\"type\":\"Microsoft.Network/virtualNetworks/subnets\"}]}",
            "template_spec_version_id": "",
            "timeouts": null
          },
          "sensitive_attributes": [],
          "private": "eyJlMmJmYjczMC1lY2FhLTExZTYtOGY4OC0zNDM2M2JjN2M0YzAiOnsiY3JlYXRlIjoxMDgwMDAwMDAwMDAwMCwiZGVsZXRlIjoxMDgwMDAwMDAwMDAwMCwicmVhZCI6MzAwMDAwMDAwMDAwLCJ1cGRhdGUiOjEwODAwMDAwMDAwMDAwfX0=",
          "dependencies": [
            "azurerm_resource_group.hub",
            "module.hub_log_analytics.azurerm_log_analytics_workspace.log_analytics",
            "module.hub_network_security_groups.azurerm_network_security_group.nsg",
            "module.hub_network_security_groups.azurerm_network_security_rule.rules",
            "module.hub_network_security_groups.module.nsg_diagnostic.azurerm_monitor_diagnostic_setting.diagnostics",
            "module.hub_network_security_groups.module.nsg_diagnostic.data.azurerm_monitor_diagnostic_categories.categories",
            "module.hub_route_tables.azurerm_route.routes",
            "module.hub_route_tables.azurerm_route_table.rt",
            "module.hub_virtual_network.azurerm_virtual_network.vnet"
          ]
        },
        {
          "index_key": "AzureFirewallManagementSubnet",
          "schema_version": 0,
          "attributes": {
            "debug_level": "",
            "deployment_mode": "Incremental",
            "id": "/subscriptions/d94fe338-52d8-4a44-acd4-4f8301adf2cf/resourceGroups/dtf-hub-rg/providers/Microsoft.Resources/deployments/AzureFirewallManagementSubnet-template",
            "name": "AzureFirewallManagementSubnet-template",
            "output_content": "{\"subnet_id\":{\"type\":\"String\",\"value\":\"/subscriptions/d94fe338-52d8-4a44-acd4-4f8301adf2cf/resourceGroups/dtf-hub-rg/providers/Microsoft.Network/virtualNetworks/dtf-hub-vnet/subnets/AzureFirewallManagementSubnet\"}}",
            "parameters_content": "{\"network_security_group_id\":{\"value\":\"\"},\"route_table_id\":{\"value\":\"\"},\"subnet_address_prefix\":{\"value\":\"10.0.2.0/24\"},\"subnet_name\":{\"value\":\"AzureFirewallManagementSubnet\"},\"vnet_name\":{\"value\":\"dtf-hub-vnet\"}}",
            "resource_group_name": "dtf-hub-rg",
            "tags": null,
            "template_content": "{\"$schema\":\"http://schema.management.azure.com/schemas/2015-01-01/deploymentTemplate.json#\",\"contentVersion\":\"1.0.0.0\",\"outputs\":{\"subnet_id\":{\"type\":\"String\",\"value\":\"[resourceId('Microsoft.Network/virtualNetworks/subnets', parameters('vnet_name'), parameters('subnet_name'))]\"}},\"parameters\":{\"network_security_group_id\":{\"type\":\"String\"},\"route_table_id\":{\"type\":\"String\"},\"subnet_address_prefix\":{\"type\":\"String\"},\"subnet_name\":{\"type\":\"String\"},\"vnet_name\":{\"type\":\"String\"}},\"resources\":[{\"apiVersion\":\"2022-11-01\",\"name\":\"[concat(parameters('vnet_name'), '/', parameters('subnet_name'))]\",\"properties\":{\"addressPrefix\":\"[parameters('subnet_address_prefix')]\",\"networkSecurityGroup\":\"[if(equals(parameters('network_security_group_id'),''), json('null'), json(concat('{\\\"id\\\": \\\"', parameters('network_security_group_id'), '\\\"}')))]\",\"routeTable\":\"[if(equals(parameters('route_table_id'),''), json('null'), json(concat('{\\\"id\\\": \\\"', parameters('route_table_id'), '\\\"}')))]\"},\"type\":\"Microsoft.Network/virtualNetworks/subnets\"}]}",
            "template_spec_version_id": "",
            "timeouts": null
          },
          "sensitive_attributes": [],
          "private": "eyJlMmJmYjczMC1lY2FhLTExZTYtOGY4OC0zNDM2M2JjN2M0YzAiOnsiY3JlYXRlIjoxMDgwMDAwMDAwMDAwMCwiZGVsZXRlIjoxMDgwMDAwMDAwMDAwMCwicmVhZCI6MzAwMDAwMDAwMDAwLCJ1cGRhdGUiOjEwODAwMDAwMDAwMDAwfX0=",
          "dependencies": [
            "azurerm_resource_group.hub",
            "module.hub_log_analytics.azurerm_log_analytics_workspace.log_analytics",
            "module.hub_network_security_groups.azurerm_network_security_group.nsg",
            "module.hub_network_security_groups.azurerm_network_security_rule.rules",
            "module.hub_network_security_groups.module.nsg_diagnostic.azurerm_monitor_diagnostic_setting.diagnostics",
            "module.hub_network_security_groups.module.nsg_diagnostic.data.azurerm_monitor_diagnostic_categories.categories",
            "module.hub_route_tables.azurerm_route.routes",
            "module.hub_route_tables.azurerm_route_table.rt",
            "module.hub_virtual_network.azurerm_virtual_network.vnet"
          ]
        },
        {
          "index_key": "AzureFirewallSubnet",
          "schema_version": 0,
          "attributes": {
            "debug_level": "",
            "deployment_mode": "Incremental",
            "id": "/subscriptions/d94fe338-52d8-4a44-acd4-4f8301adf2cf/resourceGroups/dtf-hub-rg/providers/Microsoft.Resources/deployments/AzureFirewallSubnet-template",
            "name": "AzureFirewallSubnet-template",
            "output_content": "{\"subnet_id\":{\"type\":\"String\",\"value\":\"/subscriptions/d94fe338-52d8-4a44-acd4-4f8301adf2cf/resourceGroups/dtf-hub-rg/providers/Microsoft.Network/virtualNetworks/dtf-hub-vnet/subnets/AzureFirewallSubnet\"}}",
            "parameters_content": "{\"network_security_group_id\":{\"value\":\"\"},\"route_table_id\":{\"value\":\"\"},\"subnet_address_prefix\":{\"value\":\"10.0.1.0/24\"},\"subnet_name\":{\"value\":\"AzureFirewallSubnet\"},\"vnet_name\":{\"value\":\"dtf-hub-vnet\"}}",
            "resource_group_name": "dtf-hub-rg",
            "tags": null,
            "template_content": "{\"$schema\":\"http://schema.management.azure.com/schemas/2015-01-01/deploymentTemplate.json#\",\"contentVersion\":\"1.0.0.0\",\"outputs\":{\"subnet_id\":{\"type\":\"String\",\"value\":\"[resourceId('Microsoft.Network/virtualNetworks/subnets', parameters('vnet_name'), parameters('subnet_name'))]\"}},\"parameters\":{\"network_security_group_id\":{\"type\":\"String\"},\"route_table_id\":{\"type\":\"String\"},\"subnet_address_prefix\":{\"type\":\"String\"},\"subnet_name\":{\"type\":\"String\"},\"vnet_name\":{\"type\":\"String\"}},\"resources\":[{\"apiVersion\":\"2022-11-01\",\"name\":\"[concat(parameters('vnet_name'), '/', parameters('subnet_name'))]\",\"properties\":{\"addressPrefix\":\"[parameters('subnet_address_prefix')]\",\"networkSecurityGroup\":\"[if(equals(parameters('network_security_group_id'),''), json('null'), json(concat('{\\\"id\\\": \\\"', parameters('network_security_group_id'), '\\\"}')))]\",\"routeTable\":\"[if(equals(parameters('route_table_id'),''), json('null'), json(concat('{\\\"id\\\": \\\"', parameters('route_table_id'), '\\\"}')))]\"},\"type\":\"Microsoft.Network/virtualNetworks/subnets\"}]}",
            "template_spec_version_id": "",
            "timeouts": null
          },
          "sensitive_attributes": [],
          "private": "eyJlMmJmYjczMC1lY2FhLTExZTYtOGY4OC0zNDM2M2JjN2M0YzAiOnsiY3JlYXRlIjoxMDgwMDAwMDAwMDAwMCwiZGVsZXRlIjoxMDgwMDAwMDAwMDAwMCwicmVhZCI6MzAwMDAwMDAwMDAwLCJ1cGRhdGUiOjEwODAwMDAwMDAwMDAwfX0=",
          "dependencies": [
            "azurerm_resource_group.hub",
            "module.hub_log_analytics.azurerm_log_analytics_workspace.log_analytics",
            "module.hub_network_security_groups.azurerm_network_security_group.nsg",
            "module.hub_network_security_groups.azurerm_network_security_rule.rules",
            "module.hub_network_security_groups.module.nsg_diagnostic.azurerm_monitor_diagnostic_setting.diagnostics",
            "module.hub_network_security_groups.module.nsg_diagnostic.data.azurerm_monitor_diagnostic_categories.categories",
            "module.hub_route_tables.azurerm_route.routes",
            "module.hub_route_tables.azurerm_route_table.rt",
            "module.hub_virtual_network.azurerm_virtual_network.vnet"
          ]
        },
        {
          "index_key": "GatewaySubnet",
          "schema_version": 0,
          "attributes": {
            "debug_level": "",
            "deployment_mode": "Incremental",
            "id": "/subscriptions/d94fe338-52d8-4a44-acd4-4f8301adf2cf/resourceGroups/dtf-hub-rg/providers/Microsoft.Resources/deployments/GatewaySubnet-template",
            "name": "GatewaySubnet-template",
            "output_content": "{\"subnet_id\":{\"type\":\"String\",\"value\":\"/subscriptions/d94fe338-52d8-4a44-acd4-4f8301adf2cf/resourceGroups/dtf-hub-rg/providers/Microsoft.Network/virtualNetworks/dtf-hub-vnet/subnets/GatewaySubnet\"}}",
            "parameters_content": "{\"network_security_group_id\":{\"value\":\"\"},\"route_table_id\":{\"value\":\"/subscriptions/d94fe338-52d8-4a44-acd4-4f8301adf2cf/resourceGroups/dtf-hub-rg/providers/Microsoft.Network/routeTables/hub-gateway-rt\"},\"subnet_address_prefix\":{\"value\":\"10.0.0.0/24\"},\"subnet_name\":{\"value\":\"GatewaySubnet\"},\"vnet_name\":{\"value\":\"dtf-hub-vnet\"}}",
            "resource_group_name": "dtf-hub-rg",
            "tags": null,
            "template_content": "{\"$schema\":\"http://schema.management.azure.com/schemas/2015-01-01/deploymentTemplate.json#\",\"contentVersion\":\"1.0.0.0\",\"outputs\":{\"subnet_id\":{\"type\":\"String\",\"value\":\"[resourceId('Microsoft.Network/virtualNetworks/subnets', parameters('vnet_name'), parameters('subnet_name'))]\"}},\"parameters\":{\"network_security_group_id\":{\"type\":\"String\"},\"route_table_id\":{\"type\":\"String\"},\"subnet_address_prefix\":{\"type\":\"String\"},\"subnet_name\":{\"type\":\"String\"},\"vnet_name\":{\"type\":\"String\"}},\"resources\":[{\"apiVersion\":\"2022-11-01\",\"name\":\"[concat(parameters('vnet_name'), '/', parameters('subnet_name'))]\",\"properties\":{\"addressPrefix\":\"[parameters('subnet_address_prefix')]\",\"networkSecurityGroup\":\"[if(equals(parameters('network_security_group_id'),''), json('null'), json(concat('{\\\"id\\\": \\\"', parameters('network_security_group_id'), '\\\"}')))]\",\"routeTable\":\"[if(equals(parameters('route_table_id'),''), json('null'), json(concat('{\\\"id\\\": \\\"', parameters('route_table_id'), '\\\"}')))]\"},\"type\":\"Microsoft.Network/virtualNetworks/subnets\"}]}",
            "template_spec_version_id": "",
            "timeouts": null
          },
          "sensitive_attributes": [],
          "private": "eyJlMmJmYjczMC1lY2FhLTExZTYtOGY4OC0zNDM2M2JjN2M0YzAiOnsiY3JlYXRlIjoxMDgwMDAwMDAwMDAwMCwiZGVsZXRlIjoxMDgwMDAwMDAwMDAwMCwicmVhZCI6MzAwMDAwMDAwMDAwLCJ1cGRhdGUiOjEwODAwMDAwMDAwMDAwfX0=",
          "dependencies": [
            "azurerm_resource_group.hub",
            "module.hub_log_analytics.azurerm_log_analytics_workspace.log_analytics",
            "module.hub_network_security_groups.azurerm_network_security_group.nsg",
            "module.hub_network_security_groups.azurerm_network_security_rule.rules",
            "module.hub_network_security_groups.module.nsg_diagnostic.azurerm_monitor_diagnostic_setting.diagnostics",
            "module.hub_network_security_groups.module.nsg_diagnostic.data.azurerm_monitor_diagnostic_categories.categories",
            "module.hub_route_tables.azurerm_route.routes",
            "module.hub_route_tables.azurerm_route_table.rt",
            "module.hub_virtual_network.azurerm_virtual_network.vnet"
          ]
        }
      ]
    },
    {
      "module": "module.hub_virtual_network",
      "mode": "managed",
      "type": "azurerm_virtual_network",
      "name": "vnet",
      "provider": "provider[\"registry.terraform.io/hashicorp/azurerm\"]",
      "instances": [
        {
          "schema_version": 0,
          "attributes": {
            "address_space": [
              "10.0.0.0/16"
            ],
            "bgp_community": "",
            "ddos_protection_plan": [],
            "dns_servers": [],
            "edge_zone": "",
            "flow_timeout_in_minutes": 0,
            "guid": "fc5cd7a7-9745-4a98-bf40-abd535bf047e",
            "id": "/subscriptions/d94fe338-52d8-4a44-acd4-4f8301adf2cf/resourceGroups/dtf-hub-rg/providers/Microsoft.Network/virtualNetworks/dtf-hub-vnet",
            "location": "westeurope",
            "name": "dtf-hub-vnet",
            "resource_group_name": "dtf-hub-rg",
            "subnet": [],
            "tags": {
              "CreationDateTime": "2023-08-01T10:46:10.3615229Z",
              "Environment": "Dev"
            },
            "timeouts": null
          },
          "sensitive_attributes": [],
          "private": "eyJlMmJmYjczMC1lY2FhLTExZTYtOGY4OC0zNDM2M2JjN2M0YzAiOnsiY3JlYXRlIjoxODAwMDAwMDAwMDAwLCJkZWxldGUiOjE4MDAwMDAwMDAwMDAsInJlYWQiOjMwMDAwMDAwMDAwMCwidXBkYXRlIjoxODAwMDAwMDAwMDAwfX0=",
          "dependencies": [
            "azurerm_resource_group.hub"
          ]
        }
      ]
    },
    {
      "module": "module.hub_vpn_gateway",
      "mode": "managed",
      "type": "azurerm_public_ip",
      "name": "active_active_ip",
      "provider": "provider[\"registry.terraform.io/hashicorp/azurerm\"]",
      "instances": [
        {
          "index_key": 0,
          "schema_version": 0,
          "attributes": {
            "allocation_method": "Dynamic",
            "ddos_protection_mode": "VirtualNetworkInherited",
            "ddos_protection_plan_id": null,
            "domain_name_label": null,
            "edge_zone": "",
            "fqdn": null,
            "id": "/subscriptions/d94fe338-52d8-4a44-acd4-4f8301adf2cf/resourceGroups/dtf-hub-rg/providers/Microsoft.Network/publicIPAddresses/dtf-hub-vpn-aa-ip",
            "idle_timeout_in_minutes": 4,
            "ip_address": "",
            "ip_tags": null,
            "ip_version": "IPv4",
            "location": "westeurope",
            "name": "dtf-hub-vpn-aa-ip",
            "public_ip_prefix_id": null,
            "resource_group_name": "dtf-hub-rg",
            "reverse_fqdn": null,
            "sku": "Basic",
            "sku_tier": "Regional",
            "tags": {
              "CreationDateTime": "2023-08-01T10:46:07.5771930Z",
              "Environment": "Dev"
            },
            "timeouts": null,
            "zones": null
          },
          "sensitive_attributes": [],
          "private": "eyJlMmJmYjczMC1lY2FhLTExZTYtOGY4OC0zNDM2M2JjN2M0YzAiOnsiY3JlYXRlIjoxODAwMDAwMDAwMDAwLCJkZWxldGUiOjE4MDAwMDAwMDAwMDAsInJlYWQiOjMwMDAwMDAwMDAwMCwidXBkYXRlIjoxODAwMDAwMDAwMDAwfX0=",
          "dependencies": [
            "azurerm_resource_group.hub"
          ]
        }
      ]
    },
    {
      "module": "module.hub_vpn_gateway",
      "mode": "managed",
      "type": "azurerm_public_ip",
      "name": "ip",
      "provider": "provider[\"registry.terraform.io/hashicorp/azurerm\"]",
      "instances": [
        {
          "schema_version": 0,
          "attributes": {
            "allocation_method": "Dynamic",
            "ddos_protection_mode": "VirtualNetworkInherited",
            "ddos_protection_plan_id": null,
            "domain_name_label": null,
            "edge_zone": "",
            "fqdn": null,
            "id": "/subscriptions/d94fe338-52d8-4a44-acd4-4f8301adf2cf/resourceGroups/dtf-hub-rg/providers/Microsoft.Network/publicIPAddresses/dtf-hub-vpn-default-ip",
            "idle_timeout_in_minutes": 4,
            "ip_address": "",
            "ip_tags": null,
            "ip_version": "IPv4",
            "location": "westeurope",
            "name": "dtf-hub-vpn-default-ip",
            "public_ip_prefix_id": null,
            "resource_group_name": "dtf-hub-rg",
            "reverse_fqdn": null,
            "sku": "Basic",
            "sku_tier": "Regional",
            "tags": {
              "CreationDateTime": "2023-08-01T10:46:07.5771671Z",
              "Environment": "Dev"
            },
            "timeouts": null,
            "zones": null
          },
          "sensitive_attributes": [],
          "private": "eyJlMmJmYjczMC1lY2FhLTExZTYtOGY4OC0zNDM2M2JjN2M0YzAiOnsiY3JlYXRlIjoxODAwMDAwMDAwMDAwLCJkZWxldGUiOjE4MDAwMDAwMDAwMDAsInJlYWQiOjMwMDAwMDAwMDAwMCwidXBkYXRlIjoxODAwMDAwMDAwMDAwfX0=",
          "dependencies": [
            "azurerm_resource_group.hub"
          ]
        }
      ]
    },
    {
      "module": "module.hub_vpn_gateway",
      "mode": "managed",
      "type": "azurerm_virtual_network_gateway",
      "name": "vnet_gateway",
      "provider": "provider[\"registry.terraform.io/hashicorp/azurerm\"]",
      "instances": [
        {
          "schema_version": 0,
          "attributes": {
            "active_active": true,
            "bgp_settings": [
              {
                "asn": 65515,
                "peer_weight": 0,
                "peering_addresses": [
                  {
                    "apipa_addresses": [],
                    "default_addresses": [
                      "10.0.0.4"
                    ],
                    "ip_configuration_name": "default",
                    "tunnel_ip_addresses": [
                      "13.81.56.242"
                    ]
                  },
                  {
                    "apipa_addresses": [],
                    "default_addresses": [
                      "10.0.0.5"
                    ],
                    "ip_configuration_name": "active-active",
                    "tunnel_ip_addresses": [
                      "13.81.56.84"
                    ]
                  }
                ]
              }
            ],
            "custom_route": [],
            "default_local_network_gateway_id": null,
            "edge_zone": "",
            "enable_bgp": false,
            "generation": "Generation1",
            "id": "/subscriptions/d94fe338-52d8-4a44-acd4-4f8301adf2cf/resourceGroups/dtf-hub-rg/providers/Microsoft.Network/virtualNetworkGateways/dtf-hub-vpn",
            "ip_configuration": [
              {
                "name": "default",
                "private_ip_address_allocation": "Dynamic",
                "public_ip_address_id": "/subscriptions/d94fe338-52d8-4a44-acd4-4f8301adf2cf/resourceGroups/dtf-hub-rg/providers/Microsoft.Network/publicIPAddresses/dtf-hub-vpn-default-ip",
                "subnet_id": "/subscriptions/d94fe338-52d8-4a44-acd4-4f8301adf2cf/resourceGroups/dtf-hub-rg/providers/Microsoft.Network/virtualNetworks/dtf-hub-vnet/subnets/GatewaySubnet"
              },
              {
                "name": "active-active",
                "private_ip_address_allocation": "Dynamic",
                "public_ip_address_id": "/subscriptions/d94fe338-52d8-4a44-acd4-4f8301adf2cf/resourceGroups/dtf-hub-rg/providers/Microsoft.Network/publicIPAddresses/dtf-hub-vpn-aa-ip",
                "subnet_id": "/subscriptions/d94fe338-52d8-4a44-acd4-4f8301adf2cf/resourceGroups/dtf-hub-rg/providers/Microsoft.Network/virtualNetworks/dtf-hub-vnet/subnets/GatewaySubnet"
              }
            ],
            "location": "westeurope",
            "name": "dtf-hub-vpn",
            "private_ip_address_enabled": false,
            "resource_group_name": "dtf-hub-rg",
            "sku": "VpnGw1",
            "tags": {
              "CreationDateTime": "2023-08-01T10:48:04.6653838Z",
              "Environment": "Dev"
            },
            "timeouts": null,
            "type": "Vpn",
            "vpn_client_configuration": [
              {
                "aad_audience": "41b23e61-6c1e-4545-b367-cd054e0ed4b4",
                "aad_issuer": "https://sts.windows.net/c9ad96a7-2bac-49a7-abf6-8e932f60bf2b/",
                "aad_tenant": "https://login.microsoftonline.com/c9ad96a7-2bac-49a7-abf6-8e932f60bf2b/",
                "address_space": [
                  "172.0.0.0/16"
                ],
                "radius_server_address": "",
                "radius_server_secret": "",
                "revoked_certificate": [],
                "root_certificate": [],
                "vpn_auth_types": [
                  "AAD"
                ],
                "vpn_client_protocols": [
                  "OpenVPN"
                ]
              }
            ],
            "vpn_type": "RouteBased"
          },
          "sensitive_attributes": [
            [
              {
                "type": "get_attr",
                "value": "vpn_client_configuration"
              },
              {
                "type": "index",
                "value": {
                  "value": 0,
                  "type": "number"
                }
              },
              {
                "type": "get_attr",
                "value": "aad_tenant"
              }
            ],
            [
              {
                "type": "get_attr",
                "value": "vpn_client_configuration"
              },
              {
                "type": "index",
                "value": {
                  "value": 0,
                  "type": "number"
                }
              },
              {
                "type": "get_attr",
                "value": "aad_issuer"
              }
            ],
            [
              {
                "type": "get_attr",
                "value": "vpn_client_configuration"
              },
              {
                "type": "index",
                "value": {
                  "value": 0,
                  "type": "number"
                }
              },
              {
                "type": "get_attr",
                "value": "radius_server_secret"
              }
            ]
          ],
          "private": "eyJlMmJmYjczMC1lY2FhLTExZTYtOGY4OC0zNDM2M2JjN2M0YzAiOnsiY3JlYXRlIjozNjAwMDAwMDAwMDAwLCJkZWxldGUiOjM2MDAwMDAwMDAwMDAsInJlYWQiOjMwMDAwMDAwMDAwMCwidXBkYXRlIjozNjAwMDAwMDAwMDAwfX0=",
          "dependencies": [
            "azurerm_resource_group.hub",
            "module.hub_log_analytics.azurerm_log_analytics_workspace.log_analytics",
            "module.hub_network_security_groups.azurerm_network_security_group.nsg",
            "module.hub_network_security_groups.azurerm_network_security_rule.rules",
            "module.hub_network_security_groups.module.nsg_diagnostic.azurerm_monitor_diagnostic_setting.diagnostics",
            "module.hub_network_security_groups.module.nsg_diagnostic.data.azurerm_monitor_diagnostic_categories.categories",
            "module.hub_route_tables.azurerm_route.routes",
            "module.hub_route_tables.azurerm_route_table.rt",
            "module.hub_virtual_network.azurerm_resource_group_template_deployment.subnets",
            "module.hub_virtual_network.azurerm_virtual_network.vnet",
            "module.hub_vpn_gateway.azurerm_public_ip.active_active_ip",
            "module.hub_vpn_gateway.azurerm_public_ip.ip"
          ]
        }
      ]
    },
    {
      "module": "module.hub_vpn_gateway.module.active_active_ip_diagnostic[0]",
      "mode": "data",
      "type": "azurerm_monitor_diagnostic_categories",
      "name": "categories",
      "provider": "provider[\"registry.terraform.io/hashicorp/azurerm\"]",
      "instances": [
        {
          "schema_version": 0,
          "attributes": {
            "id": "/subscriptions/d94fe338-52d8-4a44-acd4-4f8301adf2cf/resourceGroups/dtf-hub-rg/providers/Microsoft.Network/publicIPAddresses/dtf-hub-vpn-aa-ip",
            "log_category_groups": [
              "allLogs",
              "audit"
            ],
            "log_category_types": [
              "DDoSMitigationFlowLogs",
              "DDoSMitigationReports",
              "DDoSProtectionNotifications"
            ],
            "logs": [
              "DDoSMitigationFlowLogs",
              "DDoSMitigationReports",
              "DDoSProtectionNotifications"
            ],
            "metrics": [
              "AllMetrics"
            ],
            "resource_id": "/subscriptions/d94fe338-52d8-4a44-acd4-4f8301adf2cf/resourceGroups/dtf-hub-rg/providers/Microsoft.Network/publicIPAddresses/dtf-hub-vpn-aa-ip",
            "timeouts": null
          },
          "sensitive_attributes": []
        }
      ]
    },
    {
      "module": "module.hub_vpn_gateway.module.active_active_ip_diagnostic[0]",
      "mode": "managed",
      "type": "azurerm_monitor_diagnostic_setting",
      "name": "diagnostics",
      "provider": "provider[\"registry.terraform.io/hashicorp/azurerm\"]",
      "instances": [
        {
          "schema_version": 0,
          "attributes": {
            "enabled_log": [
              {
                "category": "DDoSMitigationFlowLogs",
                "category_group": "",
                "retention_policy": []
              },
              {
                "category": "DDoSMitigationReports",
                "category_group": "",
                "retention_policy": []
              },
              {
                "category": "DDoSProtectionNotifications",
                "category_group": "",
                "retention_policy": []
              }
            ],
            "eventhub_authorization_rule_id": "",
            "eventhub_name": "",
            "id": "/subscriptions/d94fe338-52d8-4a44-acd4-4f8301adf2cf/resourceGroups/dtf-hub-rg/providers/Microsoft.Network/publicIPAddresses/dtf-hub-vpn-aa-ip|dtf-hub-vpn-aa-ip-diagnostic",
            "log": [
              {
                "category": "DDoSMitigationFlowLogs",
                "category_group": "",
                "enabled": true,
                "retention_policy": [
                  {
                    "days": 0,
                    "enabled": false
                  }
                ]
              },
              {
                "category": "DDoSMitigationReports",
                "category_group": "",
                "enabled": true,
                "retention_policy": [
                  {
                    "days": 0,
                    "enabled": false
                  }
                ]
              },
              {
                "category": "DDoSProtectionNotifications",
                "category_group": "",
                "enabled": true,
                "retention_policy": [
                  {
                    "days": 0,
                    "enabled": false
                  }
                ]
              }
            ],
            "log_analytics_destination_type": "",
            "log_analytics_workspace_id": "/subscriptions/d94fe338-52d8-4a44-acd4-4f8301adf2cf/resourceGroups/dtf-hub-rg/providers/Microsoft.OperationalInsights/workspaces/dtf-hub-log-analytics-workspace",
            "metric": [
              {
                "category": "AllMetrics",
                "enabled": true,
                "retention_policy": []
              }
            ],
            "name": "dtf-hub-vpn-aa-ip-diagnostic",
            "partner_solution_id": null,
            "storage_account_id": null,
            "target_resource_id": "/subscriptions/d94fe338-52d8-4a44-acd4-4f8301adf2cf/resourceGroups/dtf-hub-rg/providers/Microsoft.Network/publicIPAddresses/dtf-hub-vpn-aa-ip",
            "timeouts": null
          },
          "sensitive_attributes": [],
          "private": "eyJlMmJmYjczMC1lY2FhLTExZTYtOGY4OC0zNDM2M2JjN2M0YzAiOnsiY3JlYXRlIjoxODAwMDAwMDAwMDAwLCJkZWxldGUiOjM2MDAwMDAwMDAwMDAsInJlYWQiOjMwMDAwMDAwMDAwMCwidXBkYXRlIjoxODAwMDAwMDAwMDAwfX0=",
          "dependencies": [
            "azurerm_resource_group.hub",
            "module.hub_log_analytics.azurerm_log_analytics_workspace.log_analytics",
            "module.hub_vpn_gateway.azurerm_public_ip.active_active_ip",
            "module.hub_vpn_gateway.module.active_active_ip_diagnostic.data.azurerm_monitor_diagnostic_categories.categories"
          ]
        }
      ]
    },
    {
      "module": "module.hub_vpn_gateway.module.ip_diagnostic",
      "mode": "data",
      "type": "azurerm_monitor_diagnostic_categories",
      "name": "categories",
      "provider": "provider[\"registry.terraform.io/hashicorp/azurerm\"]",
      "instances": [
        {
          "schema_version": 0,
          "attributes": {
            "id": "/subscriptions/d94fe338-52d8-4a44-acd4-4f8301adf2cf/resourceGroups/dtf-hub-rg/providers/Microsoft.Network/publicIPAddresses/dtf-hub-vpn-default-ip",
            "log_category_groups": [
              "allLogs",
              "audit"
            ],
            "log_category_types": [
              "DDoSMitigationFlowLogs",
              "DDoSMitigationReports",
              "DDoSProtectionNotifications"
            ],
            "logs": [
              "DDoSMitigationFlowLogs",
              "DDoSMitigationReports",
              "DDoSProtectionNotifications"
            ],
            "metrics": [
              "AllMetrics"
            ],
            "resource_id": "/subscriptions/d94fe338-52d8-4a44-acd4-4f8301adf2cf/resourceGroups/dtf-hub-rg/providers/Microsoft.Network/publicIPAddresses/dtf-hub-vpn-default-ip",
            "timeouts": null
          },
          "sensitive_attributes": []
        }
      ]
    },
    {
      "module": "module.hub_vpn_gateway.module.ip_diagnostic",
      "mode": "managed",
      "type": "azurerm_monitor_diagnostic_setting",
      "name": "diagnostics",
      "provider": "provider[\"registry.terraform.io/hashicorp/azurerm\"]",
      "instances": [
        {
          "schema_version": 0,
          "attributes": {
            "enabled_log": [
              {
                "category": "DDoSMitigationFlowLogs",
                "category_group": "",
                "retention_policy": []
              },
              {
                "category": "DDoSMitigationReports",
                "category_group": "",
                "retention_policy": []
              },
              {
                "category": "DDoSProtectionNotifications",
                "category_group": "",
                "retention_policy": []
              }
            ],
            "eventhub_authorization_rule_id": "",
            "eventhub_name": "",
            "id": "/subscriptions/d94fe338-52d8-4a44-acd4-4f8301adf2cf/resourceGroups/dtf-hub-rg/providers/Microsoft.Network/publicIPAddresses/dtf-hub-vpn-default-ip|dtf-hub-vpn-default-ip-diagnostic",
            "log": [
              {
                "category": "DDoSMitigationFlowLogs",
                "category_group": "",
                "enabled": true,
                "retention_policy": [
                  {
                    "days": 0,
                    "enabled": false
                  }
                ]
              },
              {
                "category": "DDoSMitigationReports",
                "category_group": "",
                "enabled": true,
                "retention_policy": [
                  {
                    "days": 0,
                    "enabled": false
                  }
                ]
              },
              {
                "category": "DDoSProtectionNotifications",
                "category_group": "",
                "enabled": true,
                "retention_policy": [
                  {
                    "days": 0,
                    "enabled": false
                  }
                ]
              }
            ],
            "log_analytics_destination_type": "",
            "log_analytics_workspace_id": "/subscriptions/d94fe338-52d8-4a44-acd4-4f8301adf2cf/resourceGroups/dtf-hub-rg/providers/Microsoft.OperationalInsights/workspaces/dtf-hub-log-analytics-workspace",
            "metric": [
              {
                "category": "AllMetrics",
                "enabled": true,
                "retention_policy": []
              }
            ],
            "name": "dtf-hub-vpn-default-ip-diagnostic",
            "partner_solution_id": null,
            "storage_account_id": null,
            "target_resource_id": "/subscriptions/d94fe338-52d8-4a44-acd4-4f8301adf2cf/resourceGroups/dtf-hub-rg/providers/Microsoft.Network/publicIPAddresses/dtf-hub-vpn-default-ip",
            "timeouts": null
          },
          "sensitive_attributes": [],
          "private": "eyJlMmJmYjczMC1lY2FhLTExZTYtOGY4OC0zNDM2M2JjN2M0YzAiOnsiY3JlYXRlIjoxODAwMDAwMDAwMDAwLCJkZWxldGUiOjM2MDAwMDAwMDAwMDAsInJlYWQiOjMwMDAwMDAwMDAwMCwidXBkYXRlIjoxODAwMDAwMDAwMDAwfX0=",
          "dependencies": [
            "azurerm_resource_group.hub",
            "module.hub_log_analytics.azurerm_log_analytics_workspace.log_analytics",
            "module.hub_vpn_gateway.azurerm_public_ip.ip",
            "module.hub_vpn_gateway.module.ip_diagnostic.data.azurerm_monitor_diagnostic_categories.categories"
          ]
        }
      ]
    },
    {
      "module": "module.hub_vpn_gateway.module.vnet_gateway_diagnostic",
      "mode": "data",
      "type": "azurerm_monitor_diagnostic_categories",
      "name": "categories",
      "provider": "provider[\"registry.terraform.io/hashicorp/azurerm\"]",
      "instances": [
        {
          "schema_version": 0,
          "attributes": {
            "id": "/subscriptions/d94fe338-52d8-4a44-acd4-4f8301adf2cf/resourceGroups/dtf-hub-rg/providers/Microsoft.Network/virtualNetworkGateways/dtf-hub-vpn",
            "log_category_groups": [
              "Audit",
              "allLogs"
            ],
            "log_category_types": [
              "GatewayDiagnosticLog",
              "IKEDiagnosticLog",
              "P2SDiagnosticLog",
              "RouteDiagnosticLog",
              "TunnelDiagnosticLog"
            ],
            "logs": [
              "GatewayDiagnosticLog",
              "IKEDiagnosticLog",
              "P2SDiagnosticLog",
              "RouteDiagnosticLog",
              "TunnelDiagnosticLog"
            ],
            "metrics": [
              "AllMetrics"
            ],
            "resource_id": "/subscriptions/d94fe338-52d8-4a44-acd4-4f8301adf2cf/resourceGroups/dtf-hub-rg/providers/Microsoft.Network/virtualNetworkGateways/dtf-hub-vpn",
            "timeouts": null
          },
          "sensitive_attributes": []
        }
      ]
    },
    {
      "module": "module.hub_vpn_gateway.module.vnet_gateway_diagnostic",
      "mode": "managed",
      "type": "azurerm_monitor_diagnostic_setting",
      "name": "diagnostics",
      "provider": "provider[\"registry.terraform.io/hashicorp/azurerm\"]",
      "instances": [
        {
          "schema_version": 0,
          "attributes": {
            "enabled_log": [
              {
                "category": "GatewayDiagnosticLog",
                "category_group": "",
                "retention_policy": []
              },
              {
                "category": "IKEDiagnosticLog",
                "category_group": "",
                "retention_policy": []
              },
              {
                "category": "P2SDiagnosticLog",
                "category_group": "",
                "retention_policy": []
              },
              {
                "category": "RouteDiagnosticLog",
                "category_group": "",
                "retention_policy": []
              },
              {
                "category": "TunnelDiagnosticLog",
                "category_group": "",
                "retention_policy": []
              }
            ],
            "eventhub_authorization_rule_id": "",
            "eventhub_name": "",
            "id": "/subscriptions/d94fe338-52d8-4a44-acd4-4f8301adf2cf/resourceGroups/dtf-hub-rg/providers/Microsoft.Network/virtualNetworkGateways/dtf-hub-vpn|dtf-hub-vpn-diagnostic",
            "log": [
              {
                "category": "GatewayDiagnosticLog",
                "category_group": "",
                "enabled": true,
                "retention_policy": [
                  {
                    "days": 0,
                    "enabled": false
                  }
                ]
              },
              {
                "category": "IKEDiagnosticLog",
                "category_group": "",
                "enabled": true,
                "retention_policy": [
                  {
                    "days": 0,
                    "enabled": false
                  }
                ]
              },
              {
                "category": "P2SDiagnosticLog",
                "category_group": "",
                "enabled": true,
                "retention_policy": [
                  {
                    "days": 0,
                    "enabled": false
                  }
                ]
              },
              {
                "category": "RouteDiagnosticLog",
                "category_group": "",
                "enabled": true,
                "retention_policy": [
                  {
                    "days": 0,
                    "enabled": false
                  }
                ]
              },
              {
                "category": "TunnelDiagnosticLog",
                "category_group": "",
                "enabled": true,
                "retention_policy": [
                  {
                    "days": 0,
                    "enabled": false
                  }
                ]
              }
            ],
            "log_analytics_destination_type": "",
            "log_analytics_workspace_id": "/subscriptions/d94fe338-52d8-4a44-acd4-4f8301adf2cf/resourceGroups/dtf-hub-rg/providers/Microsoft.OperationalInsights/workspaces/dtf-hub-log-analytics-workspace",
            "metric": [
              {
                "category": "AllMetrics",
                "enabled": true,
                "retention_policy": []
              }
            ],
            "name": "dtf-hub-vpn-diagnostic",
            "partner_solution_id": null,
            "storage_account_id": null,
            "target_resource_id": "/subscriptions/d94fe338-52d8-4a44-acd4-4f8301adf2cf/resourceGroups/dtf-hub-rg/providers/Microsoft.Network/virtualNetworkGateways/dtf-hub-vpn",
            "timeouts": null
          },
          "sensitive_attributes": [],
          "private": "eyJlMmJmYjczMC1lY2FhLTExZTYtOGY4OC0zNDM2M2JjN2M0YzAiOnsiY3JlYXRlIjoxODAwMDAwMDAwMDAwLCJkZWxldGUiOjM2MDAwMDAwMDAwMDAsInJlYWQiOjMwMDAwMDAwMDAwMCwidXBkYXRlIjoxODAwMDAwMDAwMDAwfX0=",
          "dependencies": [
            "azurerm_resource_group.hub",
            "module.hub_log_analytics.azurerm_log_analytics_workspace.log_analytics",
            "module.hub_network_security_groups.azurerm_network_security_group.nsg",
            "module.hub_network_security_groups.azurerm_network_security_rule.rules",
            "module.hub_network_security_groups.module.nsg_diagnostic.azurerm_monitor_diagnostic_setting.diagnostics",
            "module.hub_network_security_groups.module.nsg_diagnostic.data.azurerm_monitor_diagnostic_categories.categories",
            "module.hub_route_tables.azurerm_route.routes",
            "module.hub_route_tables.azurerm_route_table.rt",
            "module.hub_virtual_network.azurerm_resource_group_template_deployment.subnets",
            "module.hub_virtual_network.azurerm_virtual_network.vnet",
            "module.hub_vpn_gateway.azurerm_public_ip.active_active_ip",
            "module.hub_vpn_gateway.azurerm_public_ip.ip",
            "module.hub_vpn_gateway.azurerm_virtual_network_gateway.vnet_gateway",
            "module.hub_vpn_gateway.module.vnet_gateway_diagnostic.data.azurerm_monitor_diagnostic_categories.categories"
          ]
        }
      ]
    },
    {
      "module": "module.monitor_network_security_groups[\"monitor-MonitorSubnet-nsg\"]",
      "mode": "managed",
      "type": "azurerm_network_security_group",
      "name": "nsg",
      "provider": "provider[\"registry.terraform.io/hashicorp/azurerm\"]",
      "instances": [
        {
          "schema_version": 0,
          "attributes": {
            "id": "/subscriptions/d94fe338-52d8-4a44-acd4-4f8301adf2cf/resourceGroups/dtf-monitor-spoke-rg/providers/Microsoft.Network/networkSecurityGroups/monitor-MonitorSubnet-nsg",
            "location": "westeurope",
            "name": "monitor-MonitorSubnet-nsg",
            "resource_group_name": "dtf-monitor-spoke-rg",
            "security_rule": [],
            "tags": {
              "CreationDateTime": "2023-08-01T10:46:10.3870471Z",
              "Environment": "Dev"
            },
            "timeouts": null
          },
          "sensitive_attributes": [],
          "private": "eyJlMmJmYjczMC1lY2FhLTExZTYtOGY4OC0zNDM2M2JjN2M0YzAiOnsiY3JlYXRlIjoxODAwMDAwMDAwMDAwLCJkZWxldGUiOjE4MDAwMDAwMDAwMDAsInJlYWQiOjMwMDAwMDAwMDAwMCwidXBkYXRlIjoxODAwMDAwMDAwMDAwfX0=",
          "dependencies": [
            "azurerm_resource_group.monitor"
          ]
        }
      ]
    },
    {
      "module": "module.monitor_network_security_groups[\"monitor-MonitorSubnet-nsg\"].module.nsg_diagnostic",
      "mode": "data",
      "type": "azurerm_monitor_diagnostic_categories",
      "name": "categories",
      "provider": "provider[\"registry.terraform.io/hashicorp/azurerm\"]",
      "instances": [
        {
          "schema_version": 0,
          "attributes": {
            "id": "/subscriptions/d94fe338-52d8-4a44-acd4-4f8301adf2cf/resourceGroups/dtf-monitor-spoke-rg/providers/Microsoft.Network/networkSecurityGroups/monitor-MonitorSubnet-nsg",
            "log_category_groups": [
              "allLogs"
            ],
            "log_category_types": [
              "NetworkSecurityGroupEvent",
              "NetworkSecurityGroupRuleCounter"
            ],
            "logs": [
              "NetworkSecurityGroupEvent",
              "NetworkSecurityGroupRuleCounter"
            ],
            "metrics": [],
            "resource_id": "/subscriptions/d94fe338-52d8-4a44-acd4-4f8301adf2cf/resourceGroups/dtf-monitor-spoke-rg/providers/Microsoft.Network/networkSecurityGroups/monitor-MonitorSubnet-nsg",
            "timeouts": null
          },
          "sensitive_attributes": []
        }
      ]
    },
    {
      "module": "module.monitor_network_security_groups[\"monitor-MonitorSubnet-nsg\"].module.nsg_diagnostic",
      "mode": "managed",
      "type": "azurerm_monitor_diagnostic_setting",
      "name": "diagnostics",
      "provider": "provider[\"registry.terraform.io/hashicorp/azurerm\"]",
      "instances": [
        {
          "schema_version": 0,
          "attributes": {
            "enabled_log": [
              {
                "category": "NetworkSecurityGroupEvent",
                "category_group": "",
                "retention_policy": []
              },
              {
                "category": "NetworkSecurityGroupRuleCounter",
                "category_group": "",
                "retention_policy": []
              }
            ],
            "eventhub_authorization_rule_id": "",
            "eventhub_name": "",
            "id": "/subscriptions/d94fe338-52d8-4a44-acd4-4f8301adf2cf/resourceGroups/dtf-monitor-spoke-rg/providers/Microsoft.Network/networkSecurityGroups/monitor-MonitorSubnet-nsg|monitor-MonitorSubnet-nsg-diagnostic",
            "log": [
              {
                "category": "NetworkSecurityGroupEvent",
                "category_group": "",
                "enabled": true,
                "retention_policy": [
                  {
                    "days": 0,
                    "enabled": false
                  }
                ]
              },
              {
                "category": "NetworkSecurityGroupRuleCounter",
                "category_group": "",
                "enabled": true,
                "retention_policy": [
                  {
                    "days": 0,
                    "enabled": false
                  }
                ]
              }
            ],
            "log_analytics_destination_type": "",
            "log_analytics_workspace_id": "/subscriptions/d94fe338-52d8-4a44-acd4-4f8301adf2cf/resourceGroups/dtf-hub-rg/providers/Microsoft.OperationalInsights/workspaces/dtf-hub-log-analytics-workspace",
            "metric": [],
            "name": "monitor-MonitorSubnet-nsg-diagnostic",
            "partner_solution_id": null,
            "storage_account_id": null,
            "target_resource_id": "/subscriptions/d94fe338-52d8-4a44-acd4-4f8301adf2cf/resourceGroups/dtf-monitor-spoke-rg/providers/Microsoft.Network/networkSecurityGroups/monitor-MonitorSubnet-nsg",
            "timeouts": null
          },
          "sensitive_attributes": [],
          "private": "eyJlMmJmYjczMC1lY2FhLTExZTYtOGY4OC0zNDM2M2JjN2M0YzAiOnsiY3JlYXRlIjoxODAwMDAwMDAwMDAwLCJkZWxldGUiOjM2MDAwMDAwMDAwMDAsInJlYWQiOjMwMDAwMDAwMDAwMCwidXBkYXRlIjoxODAwMDAwMDAwMDAwfX0=",
          "dependencies": [
            "azurerm_resource_group.hub",
            "azurerm_resource_group.monitor",
            "module.hub_log_analytics.azurerm_log_analytics_workspace.log_analytics",
            "module.monitor_network_security_groups.azurerm_network_security_group.nsg",
            "module.monitor_network_security_groups.module.nsg_diagnostic.data.azurerm_monitor_diagnostic_categories.categories"
          ]
        }
      ]
    },
    {
      "module": "module.monitor_network_security_groups[\"monitor-ResolverSubnet-nsg\"]",
      "mode": "managed",
      "type": "azurerm_network_security_group",
      "name": "nsg",
      "provider": "provider[\"registry.terraform.io/hashicorp/azurerm\"]",
      "instances": [
        {
          "schema_version": 0,
          "attributes": {
            "id": "/subscriptions/d94fe338-52d8-4a44-acd4-4f8301adf2cf/resourceGroups/dtf-monitor-spoke-rg/providers/Microsoft.Network/networkSecurityGroups/monitor-ResolverSubnet-nsg",
            "location": "westeurope",
            "name": "monitor-ResolverSubnet-nsg",
            "resource_group_name": "dtf-monitor-spoke-rg",
            "security_rule": [],
            "tags": {
              "CreationDateTime": "2023-08-01T10:46:12.1512844Z",
              "Environment": "Dev"
            },
            "timeouts": null
          },
          "sensitive_attributes": [],
          "private": "eyJlMmJmYjczMC1lY2FhLTExZTYtOGY4OC0zNDM2M2JjN2M0YzAiOnsiY3JlYXRlIjoxODAwMDAwMDAwMDAwLCJkZWxldGUiOjE4MDAwMDAwMDAwMDAsInJlYWQiOjMwMDAwMDAwMDAwMCwidXBkYXRlIjoxODAwMDAwMDAwMDAwfX0=",
          "dependencies": [
            "azurerm_resource_group.monitor"
          ]
        }
      ]
    },
    {
      "module": "module.monitor_network_security_groups[\"monitor-ResolverSubnet-nsg\"].module.nsg_diagnostic",
      "mode": "data",
      "type": "azurerm_monitor_diagnostic_categories",
      "name": "categories",
      "provider": "provider[\"registry.terraform.io/hashicorp/azurerm\"]",
      "instances": [
        {
          "schema_version": 0,
          "attributes": {
            "id": "/subscriptions/d94fe338-52d8-4a44-acd4-4f8301adf2cf/resourceGroups/dtf-monitor-spoke-rg/providers/Microsoft.Network/networkSecurityGroups/monitor-ResolverSubnet-nsg",
            "log_category_groups": [
              "allLogs"
            ],
            "log_category_types": [
              "NetworkSecurityGroupEvent",
              "NetworkSecurityGroupRuleCounter"
            ],
            "logs": [
              "NetworkSecurityGroupEvent",
              "NetworkSecurityGroupRuleCounter"
            ],
            "metrics": [],
            "resource_id": "/subscriptions/d94fe338-52d8-4a44-acd4-4f8301adf2cf/resourceGroups/dtf-monitor-spoke-rg/providers/Microsoft.Network/networkSecurityGroups/monitor-ResolverSubnet-nsg",
            "timeouts": null
          },
          "sensitive_attributes": []
        }
      ]
    },
    {
      "module": "module.monitor_network_security_groups[\"monitor-ResolverSubnet-nsg\"].module.nsg_diagnostic",
      "mode": "managed",
      "type": "azurerm_monitor_diagnostic_setting",
      "name": "diagnostics",
      "provider": "provider[\"registry.terraform.io/hashicorp/azurerm\"]",
      "instances": [
        {
          "schema_version": 0,
          "attributes": {
            "enabled_log": [
              {
                "category": "NetworkSecurityGroupEvent",
                "category_group": "",
                "retention_policy": []
              },
              {
                "category": "NetworkSecurityGroupRuleCounter",
                "category_group": "",
                "retention_policy": []
              }
            ],
            "eventhub_authorization_rule_id": "",
            "eventhub_name": "",
            "id": "/subscriptions/d94fe338-52d8-4a44-acd4-4f8301adf2cf/resourceGroups/dtf-monitor-spoke-rg/providers/Microsoft.Network/networkSecurityGroups/monitor-ResolverSubnet-nsg|monitor-ResolverSubnet-nsg-diagnostic",
            "log": [
              {
                "category": "NetworkSecurityGroupEvent",
                "category_group": "",
                "enabled": true,
                "retention_policy": [
                  {
                    "days": 0,
                    "enabled": false
                  }
                ]
              },
              {
                "category": "NetworkSecurityGroupRuleCounter",
                "category_group": "",
                "enabled": true,
                "retention_policy": [
                  {
                    "days": 0,
                    "enabled": false
                  }
                ]
              }
            ],
            "log_analytics_destination_type": "",
            "log_analytics_workspace_id": "/subscriptions/d94fe338-52d8-4a44-acd4-4f8301adf2cf/resourceGroups/dtf-hub-rg/providers/Microsoft.OperationalInsights/workspaces/dtf-hub-log-analytics-workspace",
            "metric": [],
            "name": "monitor-ResolverSubnet-nsg-diagnostic",
            "partner_solution_id": null,
            "storage_account_id": null,
            "target_resource_id": "/subscriptions/d94fe338-52d8-4a44-acd4-4f8301adf2cf/resourceGroups/dtf-monitor-spoke-rg/providers/Microsoft.Network/networkSecurityGroups/monitor-ResolverSubnet-nsg",
            "timeouts": null
          },
          "sensitive_attributes": [],
          "private": "eyJlMmJmYjczMC1lY2FhLTExZTYtOGY4OC0zNDM2M2JjN2M0YzAiOnsiY3JlYXRlIjoxODAwMDAwMDAwMDAwLCJkZWxldGUiOjM2MDAwMDAwMDAwMDAsInJlYWQiOjMwMDAwMDAwMDAwMCwidXBkYXRlIjoxODAwMDAwMDAwMDAwfX0=",
          "dependencies": [
            "azurerm_resource_group.hub",
            "azurerm_resource_group.monitor",
            "module.hub_log_analytics.azurerm_log_analytics_workspace.log_analytics",
            "module.monitor_network_security_groups.azurerm_network_security_group.nsg",
            "module.monitor_network_security_groups.module.nsg_diagnostic.data.azurerm_monitor_diagnostic_categories.categories"
          ]
        }
      ]
    },
    {
      "module": "module.monitor_route_tables[\"monitor-rt\"]",
      "mode": "managed",
      "type": "azurerm_route",
      "name": "routes",
      "provider": "provider[\"registry.terraform.io/hashicorp/azurerm\"]",
      "instances": [
        {
          "index_key": "hub-vnet",
          "schema_version": 0,
          "attributes": {
            "address_prefix": "10.0.0.0/16",
            "id": "/subscriptions/d94fe338-52d8-4a44-acd4-4f8301adf2cf/resourceGroups/dtf-monitor-spoke-rg/providers/Microsoft.Network/routeTables/monitor-rt/routes/hub-vnet",
            "name": "hub-vnet",
            "next_hop_in_ip_address": "10.0.1.4",
            "next_hop_type": "VirtualAppliance",
            "resource_group_name": "dtf-monitor-spoke-rg",
            "route_table_name": "monitor-rt",
            "timeouts": null
          },
          "sensitive_attributes": [],
          "private": "eyJlMmJmYjczMC1lY2FhLTExZTYtOGY4OC0zNDM2M2JjN2M0YzAiOnsiY3JlYXRlIjoxODAwMDAwMDAwMDAwLCJkZWxldGUiOjE4MDAwMDAwMDAwMDAsInJlYWQiOjMwMDAwMDAwMDAwMCwidXBkYXRlIjoxODAwMDAwMDAwMDAwfX0=",
          "dependencies": [
            "azurerm_resource_group.monitor",
            "module.monitor_route_tables.azurerm_route_table.rt"
          ]
        },
        {
          "index_key": "outbound",
          "schema_version": 0,
          "attributes": {
            "address_prefix": "0.0.0.0/0",
            "id": "/subscriptions/d94fe338-52d8-4a44-acd4-4f8301adf2cf/resourceGroups/dtf-monitor-spoke-rg/providers/Microsoft.Network/routeTables/monitor-rt/routes/outbound",
            "name": "outbound",
            "next_hop_in_ip_address": "10.0.1.4",
            "next_hop_type": "VirtualAppliance",
            "resource_group_name": "dtf-monitor-spoke-rg",
            "route_table_name": "monitor-rt",
            "timeouts": null
          },
          "sensitive_attributes": [],
          "private": "eyJlMmJmYjczMC1lY2FhLTExZTYtOGY4OC0zNDM2M2JjN2M0YzAiOnsiY3JlYXRlIjoxODAwMDAwMDAwMDAwLCJkZWxldGUiOjE4MDAwMDAwMDAwMDAsInJlYWQiOjMwMDAwMDAwMDAwMCwidXBkYXRlIjoxODAwMDAwMDAwMDAwfX0=",
          "dependencies": [
            "azurerm_resource_group.monitor",
            "module.monitor_route_tables.azurerm_route_table.rt"
          ]
        },
        {
          "index_key": "vpn-address-pool-1",
          "schema_version": 0,
          "attributes": {
            "address_prefix": "172.0.0.0/17",
            "id": "/subscriptions/d94fe338-52d8-4a44-acd4-4f8301adf2cf/resourceGroups/dtf-monitor-spoke-rg/providers/Microsoft.Network/routeTables/monitor-rt/routes/vpn-address-pool-1",
            "name": "vpn-address-pool-1",
            "next_hop_in_ip_address": "10.0.1.4",
            "next_hop_type": "VirtualAppliance",
            "resource_group_name": "dtf-monitor-spoke-rg",
            "route_table_name": "monitor-rt",
            "timeouts": null
          },
          "sensitive_attributes": [],
          "private": "eyJlMmJmYjczMC1lY2FhLTExZTYtOGY4OC0zNDM2M2JjN2M0YzAiOnsiY3JlYXRlIjoxODAwMDAwMDAwMDAwLCJkZWxldGUiOjE4MDAwMDAwMDAwMDAsInJlYWQiOjMwMDAwMDAwMDAwMCwidXBkYXRlIjoxODAwMDAwMDAwMDAwfX0=",
          "dependencies": [
            "azurerm_resource_group.monitor",
            "module.monitor_route_tables.azurerm_route_table.rt"
          ]
        },
        {
          "index_key": "vpn-address-pool-2",
          "schema_version": 0,
          "attributes": {
            "address_prefix": "172.0.128.0/17",
            "id": "/subscriptions/d94fe338-52d8-4a44-acd4-4f8301adf2cf/resourceGroups/dtf-monitor-spoke-rg/providers/Microsoft.Network/routeTables/monitor-rt/routes/vpn-address-pool-2",
            "name": "vpn-address-pool-2",
            "next_hop_in_ip_address": "10.0.1.4",
            "next_hop_type": "VirtualAppliance",
            "resource_group_name": "dtf-monitor-spoke-rg",
            "route_table_name": "monitor-rt",
            "timeouts": null
          },
          "sensitive_attributes": [],
          "private": "eyJlMmJmYjczMC1lY2FhLTExZTYtOGY4OC0zNDM2M2JjN2M0YzAiOnsiY3JlYXRlIjoxODAwMDAwMDAwMDAwLCJkZWxldGUiOjE4MDAwMDAwMDAwMDAsInJlYWQiOjMwMDAwMDAwMDAwMCwidXBkYXRlIjoxODAwMDAwMDAwMDAwfX0=",
          "dependencies": [
            "azurerm_resource_group.monitor",
            "module.monitor_route_tables.azurerm_route_table.rt"
          ]
        },
        {
          "index_key": "work-vnet",
          "schema_version": 0,
          "attributes": {
            "address_prefix": "10.1.0.0/16",
            "id": "/subscriptions/d94fe338-52d8-4a44-acd4-4f8301adf2cf/resourceGroups/dtf-monitor-spoke-rg/providers/Microsoft.Network/routeTables/monitor-rt/routes/work-vnet",
            "name": "work-vnet",
            "next_hop_in_ip_address": "10.0.1.4",
            "next_hop_type": "VirtualAppliance",
            "resource_group_name": "dtf-monitor-spoke-rg",
            "route_table_name": "monitor-rt",
            "timeouts": null
          },
          "sensitive_attributes": [],
          "private": "eyJlMmJmYjczMC1lY2FhLTExZTYtOGY4OC0zNDM2M2JjN2M0YzAiOnsiY3JlYXRlIjoxODAwMDAwMDAwMDAwLCJkZWxldGUiOjE4MDAwMDAwMDAwMDAsInJlYWQiOjMwMDAwMDAwMDAwMCwidXBkYXRlIjoxODAwMDAwMDAwMDAwfX0=",
          "dependencies": [
            "azurerm_resource_group.monitor",
            "module.monitor_route_tables.azurerm_route_table.rt"
          ]
        }
      ]
    },
    {
      "module": "module.monitor_route_tables[\"monitor-rt\"]",
      "mode": "managed",
      "type": "azurerm_route_table",
      "name": "rt",
      "provider": "provider[\"registry.terraform.io/hashicorp/azurerm\"]",
      "instances": [
        {
          "schema_version": 0,
          "attributes": {
            "disable_bgp_route_propagation": false,
            "id": "/subscriptions/d94fe338-52d8-4a44-acd4-4f8301adf2cf/resourceGroups/dtf-monitor-spoke-rg/providers/Microsoft.Network/routeTables/monitor-rt",
            "location": "westeurope",
            "name": "monitor-rt",
            "resource_group_name": "dtf-monitor-spoke-rg",
            "route": [],
            "subnets": [],
            "tags": {
              "CreationDateTime": "2023-08-01T10:46:07.9116695Z",
              "Environment": "Dev"
            },
            "timeouts": null
          },
          "sensitive_attributes": [],
          "private": "eyJlMmJmYjczMC1lY2FhLTExZTYtOGY4OC0zNDM2M2JjN2M0YzAiOnsiY3JlYXRlIjoxODAwMDAwMDAwMDAwLCJkZWxldGUiOjE4MDAwMDAwMDAwMDAsInJlYWQiOjMwMDAwMDAwMDAwMCwidXBkYXRlIjoxODAwMDAwMDAwMDAwfX0=",
          "dependencies": [
            "azurerm_resource_group.monitor"
          ]
        }
      ]
    },
    {
      "module": "module.monitor_virtual_network",
      "mode": "managed",
      "type": "azurerm_resource_group_template_deployment",
      "name": "subnets",
      "provider": "provider[\"registry.terraform.io/hashicorp/azurerm\"]",
      "instances": [
        {
          "index_key": "MonitorSubnet",
          "schema_version": 0,
          "attributes": {
            "debug_level": "",
            "deployment_mode": "Incremental",
            "id": "/subscriptions/d94fe338-52d8-4a44-acd4-4f8301adf2cf/resourceGroups/dtf-monitor-spoke-rg/providers/Microsoft.Resources/deployments/MonitorSubnet-template",
            "name": "MonitorSubnet-template",
            "output_content": "{\"subnet_id\":{\"type\":\"String\",\"value\":\"/subscriptions/d94fe338-52d8-4a44-acd4-4f8301adf2cf/resourceGroups/dtf-monitor-spoke-rg/providers/Microsoft.Network/virtualNetworks/dtf-monitor-vnet/subnets/MonitorSubnet\"}}",
            "parameters_content": "{\"network_security_group_id\":{\"value\":\"/subscriptions/d94fe338-52d8-4a44-acd4-4f8301adf2cf/resourceGroups/dtf-monitor-spoke-rg/providers/Microsoft.Network/networkSecurityGroups/monitor-MonitorSubnet-nsg\"},\"route_table_id\":{\"value\":\"/subscriptions/d94fe338-52d8-4a44-acd4-4f8301adf2cf/resourceGroups/dtf-monitor-spoke-rg/providers/Microsoft.Network/routeTables/monitor-rt\"},\"subnet_address_prefix\":{\"value\":\"10.2.0.0/24\"},\"subnet_name\":{\"value\":\"MonitorSubnet\"},\"vnet_name\":{\"value\":\"dtf-monitor-vnet\"}}",
            "resource_group_name": "dtf-monitor-spoke-rg",
            "tags": null,
            "template_content": "{\"$schema\":\"http://schema.management.azure.com/schemas/2015-01-01/deploymentTemplate.json#\",\"contentVersion\":\"1.0.0.0\",\"outputs\":{\"subnet_id\":{\"type\":\"String\",\"value\":\"[resourceId('Microsoft.Network/virtualNetworks/subnets', parameters('vnet_name'), parameters('subnet_name'))]\"}},\"parameters\":{\"network_security_group_id\":{\"type\":\"String\"},\"route_table_id\":{\"type\":\"String\"},\"subnet_address_prefix\":{\"type\":\"String\"},\"subnet_name\":{\"type\":\"String\"},\"vnet_name\":{\"type\":\"String\"}},\"resources\":[{\"apiVersion\":\"2022-11-01\",\"name\":\"[concat(parameters('vnet_name'), '/', parameters('subnet_name'))]\",\"properties\":{\"addressPrefix\":\"[parameters('subnet_address_prefix')]\",\"networkSecurityGroup\":\"[if(equals(parameters('network_security_group_id'),''), json('null'), json(concat('{\\\"id\\\": \\\"', parameters('network_security_group_id'), '\\\"}')))]\",\"routeTable\":\"[if(equals(parameters('route_table_id'),''), json('null'), json(concat('{\\\"id\\\": \\\"', parameters('route_table_id'), '\\\"}')))]\"},\"type\":\"Microsoft.Network/virtualNetworks/subnets\"}]}",
            "template_spec_version_id": "",
            "timeouts": null
          },
          "sensitive_attributes": [],
          "private": "eyJlMmJmYjczMC1lY2FhLTExZTYtOGY4OC0zNDM2M2JjN2M0YzAiOnsiY3JlYXRlIjoxMDgwMDAwMDAwMDAwMCwiZGVsZXRlIjoxMDgwMDAwMDAwMDAwMCwicmVhZCI6MzAwMDAwMDAwMDAwLCJ1cGRhdGUiOjEwODAwMDAwMDAwMDAwfX0=",
          "dependencies": [
            "azurerm_resource_group.hub",
            "azurerm_resource_group.monitor",
            "module.hub_log_analytics.azurerm_log_analytics_workspace.log_analytics",
            "module.monitor_network_security_groups.azurerm_network_security_group.nsg",
            "module.monitor_network_security_groups.azurerm_network_security_rule.rules",
            "module.monitor_network_security_groups.module.nsg_diagnostic.azurerm_monitor_diagnostic_setting.diagnostics",
            "module.monitor_network_security_groups.module.nsg_diagnostic.data.azurerm_monitor_diagnostic_categories.categories",
            "module.monitor_route_tables.azurerm_route.routes",
            "module.monitor_route_tables.azurerm_route_table.rt",
            "module.monitor_virtual_network.azurerm_virtual_network.vnet"
          ]
        }
      ]
    },
    {
      "module": "module.monitor_virtual_network",
      "mode": "managed",
      "type": "azurerm_virtual_network",
      "name": "vnet",
      "provider": "provider[\"registry.terraform.io/hashicorp/azurerm\"]",
      "instances": [
        {
          "schema_version": 0,
          "attributes": {
            "address_space": [
              "10.2.0.0/16"
            ],
            "bgp_community": "",
            "ddos_protection_plan": [],
            "dns_servers": [],
            "edge_zone": "",
            "flow_timeout_in_minutes": 0,
            "guid": "7f396325-a1b3-49db-8cc6-1614f663ab17",
            "id": "/subscriptions/d94fe338-52d8-4a44-acd4-4f8301adf2cf/resourceGroups/dtf-monitor-spoke-rg/providers/Microsoft.Network/virtualNetworks/dtf-monitor-vnet",
            "location": "westeurope",
            "name": "dtf-monitor-vnet",
            "resource_group_name": "dtf-monitor-spoke-rg",
            "subnet": [],
            "tags": {
              "CreationDateTime": "2023-08-01T10:46:07.8222149Z",
              "Environment": "Dev"
            },
            "timeouts": null
          },
          "sensitive_attributes": [],
          "private": "eyJlMmJmYjczMC1lY2FhLTExZTYtOGY4OC0zNDM2M2JjN2M0YzAiOnsiY3JlYXRlIjoxODAwMDAwMDAwMDAwLCJkZWxldGUiOjE4MDAwMDAwMDAwMDAsInJlYWQiOjMwMDAwMDAwMDAwMCwidXBkYXRlIjoxODAwMDAwMDAwMDAwfX0=",
          "dependencies": [
            "azurerm_resource_group.monitor"
          ]
        }
      ]
    },
    {
      "module": "module.monitor_vm",
      "mode": "managed",
      "type": "azurerm_linux_virtual_machine",
      "name": "vms",
      "provider": "provider[\"registry.terraform.io/hashicorp/azurerm\"]",
      "instances": []
    },
    {
      "module": "module.monitor_vm",
      "mode": "managed",
      "type": "azurerm_public_ip",
      "name": "ips",
      "provider": "provider[\"registry.terraform.io/hashicorp/azurerm\"]",
      "instances": []
    },
    {
      "module": "module.monitor_vm",
      "mode": "managed",
      "type": "azurerm_windows_virtual_machine",
      "name": "vms",
      "provider": "provider[\"registry.terraform.io/hashicorp/azurerm\"]",
      "instances": []
    },
    {
      "module": "module.monitor_vm.module.nic_diagnostic[0]",
      "mode": "data",
      "type": "azurerm_monitor_diagnostic_categories",
      "name": "categories",
      "provider": "provider[\"registry.terraform.io/hashicorp/azurerm\"]",
      "instances": []
    },
    {
      "module": "module.monitor_vm_dns_zone",
      "mode": "managed",
      "type": "azurerm_private_dns_zone",
      "name": "dns_zone",
      "provider": "provider[\"registry.terraform.io/hashicorp/azurerm\"]",
      "instances": [
        {
          "schema_version": 0,
          "attributes": {
            "id": "/subscriptions/d94fe338-52d8-4a44-acd4-4f8301adf2cf/resourceGroups/dtf-monitor-spoke-rg/providers/Microsoft.Network/privateDnsZones/monitor.net",
            "max_number_of_record_sets": 25000,
            "max_number_of_virtual_network_links": 1000,
            "max_number_of_virtual_network_links_with_registration": 100,
            "name": "monitor.net",
            "number_of_record_sets": 1,
            "resource_group_name": "dtf-monitor-spoke-rg",
            "soa_record": [
              {
                "email": "azureprivatedns-host.microsoft.com",
                "expire_time": 2419200,
                "fqdn": "monitor.net.",
                "host_name": "azureprivatedns.net",
                "minimum_ttl": 10,
                "refresh_time": 3600,
                "retry_time": 300,
                "serial_number": 1,
                "tags": {},
                "ttl": 3600
              }
            ],
            "tags": {
              "CreationDateTime": "2023-08-01T10:46:13.6918568Z",
              "Environment": "Dev"
            },
            "timeouts": null
          },
          "sensitive_attributes": [],
          "private": "eyJlMmJmYjczMC1lY2FhLTExZTYtOGY4OC0zNDM2M2JjN2M0YzAiOnsiY3JlYXRlIjoxODAwMDAwMDAwMDAwLCJkZWxldGUiOjE4MDAwMDAwMDAwMDAsInJlYWQiOjMwMDAwMDAwMDAwMCwidXBkYXRlIjoxODAwMDAwMDAwMDAwfX0=",
          "dependencies": [
            "azurerm_resource_group.monitor"
          ]
        }
      ]
    },
    {
      "module": "module.work_network_security_groups[\"work-AKSSubnet-nsg\"]",
      "mode": "managed",
      "type": "azurerm_network_security_group",
      "name": "nsg",
      "provider": "provider[\"registry.terraform.io/hashicorp/azurerm\"]",
      "instances": [
        {
          "schema_version": 0,
          "attributes": {
            "id": "/subscriptions/d94fe338-52d8-4a44-acd4-4f8301adf2cf/resourceGroups/dtf-work-spoke-rg/providers/Microsoft.Network/networkSecurityGroups/work-AKSSubnet-nsg",
            "location": "westeurope",
            "name": "work-AKSSubnet-nsg",
            "resource_group_name": "dtf-work-spoke-rg",
            "security_rule": [],
            "tags": {
              "CreationDateTime": "2023-08-01T10:46:14.7783459Z",
              "Environment": "Dev"
            },
            "timeouts": null
          },
          "sensitive_attributes": [],
          "private": "eyJlMmJmYjczMC1lY2FhLTExZTYtOGY4OC0zNDM2M2JjN2M0YzAiOnsiY3JlYXRlIjoxODAwMDAwMDAwMDAwLCJkZWxldGUiOjE4MDAwMDAwMDAwMDAsInJlYWQiOjMwMDAwMDAwMDAwMCwidXBkYXRlIjoxODAwMDAwMDAwMDAwfX0=",
          "dependencies": [
            "azurerm_resource_group.work"
          ]
        }
      ]
    },
    {
      "module": "module.work_network_security_groups[\"work-AKSSubnet-nsg\"].module.nsg_diagnostic",
      "mode": "data",
      "type": "azurerm_monitor_diagnostic_categories",
      "name": "categories",
      "provider": "provider[\"registry.terraform.io/hashicorp/azurerm\"]",
      "instances": [
        {
          "schema_version": 0,
          "attributes": {
            "id": "/subscriptions/d94fe338-52d8-4a44-acd4-4f8301adf2cf/resourceGroups/dtf-work-spoke-rg/providers/Microsoft.Network/networkSecurityGroups/work-AKSSubnet-nsg",
            "log_category_groups": [
              "allLogs"
            ],
            "log_category_types": [
              "NetworkSecurityGroupEvent",
              "NetworkSecurityGroupRuleCounter"
            ],
            "logs": [
              "NetworkSecurityGroupEvent",
              "NetworkSecurityGroupRuleCounter"
            ],
            "metrics": [],
            "resource_id": "/subscriptions/d94fe338-52d8-4a44-acd4-4f8301adf2cf/resourceGroups/dtf-work-spoke-rg/providers/Microsoft.Network/networkSecurityGroups/work-AKSSubnet-nsg",
            "timeouts": null
          },
          "sensitive_attributes": []
        }
      ]
    },
    {
      "module": "module.work_network_security_groups[\"work-AKSSubnet-nsg\"].module.nsg_diagnostic",
      "mode": "managed",
      "type": "azurerm_monitor_diagnostic_setting",
      "name": "diagnostics",
      "provider": "provider[\"registry.terraform.io/hashicorp/azurerm\"]",
      "instances": [
        {
          "schema_version": 0,
          "attributes": {
            "enabled_log": [
              {
                "category": "NetworkSecurityGroupEvent",
                "category_group": "",
                "retention_policy": []
              },
              {
                "category": "NetworkSecurityGroupRuleCounter",
                "category_group": "",
                "retention_policy": []
              }
            ],
            "eventhub_authorization_rule_id": "",
            "eventhub_name": "",
            "id": "/subscriptions/d94fe338-52d8-4a44-acd4-4f8301adf2cf/resourceGroups/dtf-work-spoke-rg/providers/Microsoft.Network/networkSecurityGroups/work-AKSSubnet-nsg|work-AKSSubnet-nsg-diagnostic",
            "log": [
              {
                "category": "NetworkSecurityGroupEvent",
                "category_group": "",
                "enabled": true,
                "retention_policy": [
                  {
                    "days": 0,
                    "enabled": false
                  }
                ]
              },
              {
                "category": "NetworkSecurityGroupRuleCounter",
                "category_group": "",
                "enabled": true,
                "retention_policy": [
                  {
                    "days": 0,
                    "enabled": false
                  }
                ]
              }
            ],
            "log_analytics_destination_type": "",
            "log_analytics_workspace_id": "/subscriptions/d94fe338-52d8-4a44-acd4-4f8301adf2cf/resourceGroups/dtf-hub-rg/providers/Microsoft.OperationalInsights/workspaces/dtf-hub-log-analytics-workspace",
            "metric": [],
            "name": "work-AKSSubnet-nsg-diagnostic",
            "partner_solution_id": null,
            "storage_account_id": null,
            "target_resource_id": "/subscriptions/d94fe338-52d8-4a44-acd4-4f8301adf2cf/resourceGroups/dtf-work-spoke-rg/providers/Microsoft.Network/networkSecurityGroups/work-AKSSubnet-nsg",
            "timeouts": null
          },
          "sensitive_attributes": [],
          "private": "eyJlMmJmYjczMC1lY2FhLTExZTYtOGY4OC0zNDM2M2JjN2M0YzAiOnsiY3JlYXRlIjoxODAwMDAwMDAwMDAwLCJkZWxldGUiOjM2MDAwMDAwMDAwMDAsInJlYWQiOjMwMDAwMDAwMDAwMCwidXBkYXRlIjoxODAwMDAwMDAwMDAwfX0=",
          "dependencies": [
            "azurerm_resource_group.hub",
            "azurerm_resource_group.work",
            "module.hub_log_analytics.azurerm_log_analytics_workspace.log_analytics",
            "module.work_network_security_groups.azurerm_network_security_group.nsg",
            "module.work_network_security_groups.module.nsg_diagnostic.data.azurerm_monitor_diagnostic_categories.categories"
          ]
        }
      ]
    },
    {
      "module": "module.work_network_security_groups[\"work-StorageSubnet-nsg\"]",
      "mode": "managed",
      "type": "azurerm_network_security_group",
      "name": "nsg",
      "provider": "provider[\"registry.terraform.io/hashicorp/azurerm\"]",
      "instances": [
        {
          "schema_version": 0,
          "attributes": {
            "id": "/subscriptions/d94fe338-52d8-4a44-acd4-4f8301adf2cf/resourceGroups/dtf-work-spoke-rg/providers/Microsoft.Network/networkSecurityGroups/work-StorageSubnet-nsg",
            "location": "westeurope",
            "name": "work-StorageSubnet-nsg",
            "resource_group_name": "dtf-work-spoke-rg",
            "security_rule": [],
            "tags": {
              "CreationDateTime": "2023-08-01T10:46:13.0613943Z",
              "Environment": "Dev"
            },
            "timeouts": null
          },
          "sensitive_attributes": [],
          "private": "eyJlMmJmYjczMC1lY2FhLTExZTYtOGY4OC0zNDM2M2JjN2M0YzAiOnsiY3JlYXRlIjoxODAwMDAwMDAwMDAwLCJkZWxldGUiOjE4MDAwMDAwMDAwMDAsInJlYWQiOjMwMDAwMDAwMDAwMCwidXBkYXRlIjoxODAwMDAwMDAwMDAwfX0=",
          "dependencies": [
            "azurerm_resource_group.work"
          ]
        }
      ]
    },
    {
      "module": "module.work_network_security_groups[\"work-StorageSubnet-nsg\"]",
      "mode": "managed",
      "type": "azurerm_network_security_rule",
      "name": "rules",
      "provider": "provider[\"registry.terraform.io/hashicorp/azurerm\"]",
      "instances": [
        {
          "index_key": "allow-work-subnet",
          "schema_version": 0,
          "attributes": {
            "access": "Allow",
            "description": "",
            "destination_address_prefix": "*",
            "destination_address_prefixes": null,
            "destination_application_security_group_ids": null,
            "destination_port_range": "*",
            "destination_port_ranges": null,
            "direction": "Inbound",
            "id": "/subscriptions/d94fe338-52d8-4a44-acd4-4f8301adf2cf/resourceGroups/dtf-work-spoke-rg/providers/Microsoft.Network/networkSecurityGroups/work-StorageSubnet-nsg/securityRules/allow-work-subnet",
            "name": "allow-work-subnet",
            "network_security_group_name": "work-StorageSubnet-nsg",
            "priority": 200,
            "protocol": "*",
            "resource_group_name": "dtf-work-spoke-rg",
            "source_address_prefix": "10.1.0.0/24",
            "source_address_prefixes": null,
            "source_application_security_group_ids": null,
            "source_port_range": "*",
            "source_port_ranges": null,
            "timeouts": null
          },
          "sensitive_attributes": [],
          "private": "eyJlMmJmYjczMC1lY2FhLTExZTYtOGY4OC0zNDM2M2JjN2M0YzAiOnsiY3JlYXRlIjoxODAwMDAwMDAwMDAwLCJkZWxldGUiOjE4MDAwMDAwMDAwMDAsInJlYWQiOjMwMDAwMDAwMDAwMCwidXBkYXRlIjoxODAwMDAwMDAwMDAwfX0=",
          "dependencies": [
            "azurerm_resource_group.work",
            "module.work_network_security_groups.azurerm_network_security_group.nsg"
          ]
        },
        {
          "index_key": "deny-everything",
          "schema_version": 0,
          "attributes": {
            "access": "Deny",
            "description": "",
            "destination_address_prefix": "*",
            "destination_address_prefixes": null,
            "destination_application_security_group_ids": null,
            "destination_port_range": "*",
            "destination_port_ranges": null,
            "direction": "Inbound",
            "id": "/subscriptions/d94fe338-52d8-4a44-acd4-4f8301adf2cf/resourceGroups/dtf-work-spoke-rg/providers/Microsoft.Network/networkSecurityGroups/work-StorageSubnet-nsg/securityRules/deny-everything",
            "name": "deny-everything",
            "network_security_group_name": "work-StorageSubnet-nsg",
            "priority": 300,
            "protocol": "*",
            "resource_group_name": "dtf-work-spoke-rg",
            "source_address_prefix": "*",
            "source_address_prefixes": null,
            "source_application_security_group_ids": null,
            "source_port_range": "*",
            "source_port_ranges": null,
            "timeouts": null
          },
          "sensitive_attributes": [],
          "private": "eyJlMmJmYjczMC1lY2FhLTExZTYtOGY4OC0zNDM2M2JjN2M0YzAiOnsiY3JlYXRlIjoxODAwMDAwMDAwMDAwLCJkZWxldGUiOjE4MDAwMDAwMDAwMDAsInJlYWQiOjMwMDAwMDAwMDAwMCwidXBkYXRlIjoxODAwMDAwMDAwMDAwfX0=",
          "dependencies": [
            "azurerm_resource_group.work",
            "module.work_network_security_groups.azurerm_network_security_group.nsg"
          ]
        }
      ]
    },
    {
      "module": "module.work_network_security_groups[\"work-StorageSubnet-nsg\"].module.nsg_diagnostic",
      "mode": "data",
      "type": "azurerm_monitor_diagnostic_categories",
      "name": "categories",
      "provider": "provider[\"registry.terraform.io/hashicorp/azurerm\"]",
      "instances": [
        {
          "schema_version": 0,
          "attributes": {
            "id": "/subscriptions/d94fe338-52d8-4a44-acd4-4f8301adf2cf/resourceGroups/dtf-work-spoke-rg/providers/Microsoft.Network/networkSecurityGroups/work-StorageSubnet-nsg",
            "log_category_groups": [
              "allLogs"
            ],
            "log_category_types": [
              "NetworkSecurityGroupEvent",
              "NetworkSecurityGroupRuleCounter"
            ],
            "logs": [
              "NetworkSecurityGroupEvent",
              "NetworkSecurityGroupRuleCounter"
            ],
            "metrics": [],
            "resource_id": "/subscriptions/d94fe338-52d8-4a44-acd4-4f8301adf2cf/resourceGroups/dtf-work-spoke-rg/providers/Microsoft.Network/networkSecurityGroups/work-StorageSubnet-nsg",
            "timeouts": null
          },
          "sensitive_attributes": []
        }
      ]
    },
    {
      "module": "module.work_network_security_groups[\"work-StorageSubnet-nsg\"].module.nsg_diagnostic",
      "mode": "managed",
      "type": "azurerm_monitor_diagnostic_setting",
      "name": "diagnostics",
      "provider": "provider[\"registry.terraform.io/hashicorp/azurerm\"]",
      "instances": [
        {
          "schema_version": 0,
          "attributes": {
            "enabled_log": [
              {
                "category": "NetworkSecurityGroupEvent",
                "category_group": "",
                "retention_policy": []
              },
              {
                "category": "NetworkSecurityGroupRuleCounter",
                "category_group": "",
                "retention_policy": []
              }
            ],
            "eventhub_authorization_rule_id": "",
            "eventhub_name": "",
            "id": "/subscriptions/d94fe338-52d8-4a44-acd4-4f8301adf2cf/resourceGroups/dtf-work-spoke-rg/providers/Microsoft.Network/networkSecurityGroups/work-StorageSubnet-nsg|work-StorageSubnet-nsg-diagnostic",
            "log": [
              {
                "category": "NetworkSecurityGroupEvent",
                "category_group": "",
                "enabled": true,
                "retention_policy": [
                  {
                    "days": 0,
                    "enabled": false
                  }
                ]
              },
              {
                "category": "NetworkSecurityGroupRuleCounter",
                "category_group": "",
                "enabled": true,
                "retention_policy": [
                  {
                    "days": 0,
                    "enabled": false
                  }
                ]
              }
            ],
            "log_analytics_destination_type": "",
            "log_analytics_workspace_id": "/subscriptions/d94fe338-52d8-4a44-acd4-4f8301adf2cf/resourceGroups/dtf-hub-rg/providers/Microsoft.OperationalInsights/workspaces/dtf-hub-log-analytics-workspace",
            "metric": [],
            "name": "work-StorageSubnet-nsg-diagnostic",
            "partner_solution_id": null,
            "storage_account_id": null,
            "target_resource_id": "/subscriptions/d94fe338-52d8-4a44-acd4-4f8301adf2cf/resourceGroups/dtf-work-spoke-rg/providers/Microsoft.Network/networkSecurityGroups/work-StorageSubnet-nsg",
            "timeouts": null
          },
          "sensitive_attributes": [],
          "private": "eyJlMmJmYjczMC1lY2FhLTExZTYtOGY4OC0zNDM2M2JjN2M0YzAiOnsiY3JlYXRlIjoxODAwMDAwMDAwMDAwLCJkZWxldGUiOjM2MDAwMDAwMDAwMDAsInJlYWQiOjMwMDAwMDAwMDAwMCwidXBkYXRlIjoxODAwMDAwMDAwMDAwfX0=",
          "dependencies": [
            "azurerm_resource_group.hub",
            "azurerm_resource_group.work",
            "module.hub_log_analytics.azurerm_log_analytics_workspace.log_analytics",
            "module.work_network_security_groups.azurerm_network_security_group.nsg",
            "module.work_network_security_groups.module.nsg_diagnostic.data.azurerm_monitor_diagnostic_categories.categories"
          ]
        }
      ]
    },
    {
      "module": "module.work_network_security_groups[\"work-WorkSubnet-nsg\"]",
      "mode": "managed",
      "type": "azurerm_network_security_group",
      "name": "nsg",
      "provider": "provider[\"registry.terraform.io/hashicorp/azurerm\"]",
      "instances": [
        {
          "schema_version": 0,
          "attributes": {
            "id": "/subscriptions/d94fe338-52d8-4a44-acd4-4f8301adf2cf/resourceGroups/dtf-work-spoke-rg/providers/Microsoft.Network/networkSecurityGroups/work-WorkSubnet-nsg",
            "location": "westeurope",
            "name": "work-WorkSubnet-nsg",
            "resource_group_name": "dtf-work-spoke-rg",
            "security_rule": [],
            "tags": {
              "CreationDateTime": "2023-08-01T10:46:15.2258714Z",
              "Environment": "Dev"
            },
            "timeouts": null
          },
          "sensitive_attributes": [],
          "private": "eyJlMmJmYjczMC1lY2FhLTExZTYtOGY4OC0zNDM2M2JjN2M0YzAiOnsiY3JlYXRlIjoxODAwMDAwMDAwMDAwLCJkZWxldGUiOjE4MDAwMDAwMDAwMDAsInJlYWQiOjMwMDAwMDAwMDAwMCwidXBkYXRlIjoxODAwMDAwMDAwMDAwfX0=",
          "dependencies": [
            "azurerm_resource_group.work"
          ]
        }
      ]
    },
    {
      "module": "module.work_network_security_groups[\"work-WorkSubnet-nsg\"].module.nsg_diagnostic",
      "mode": "data",
      "type": "azurerm_monitor_diagnostic_categories",
      "name": "categories",
      "provider": "provider[\"registry.terraform.io/hashicorp/azurerm\"]",
      "instances": [
        {
          "schema_version": 0,
          "attributes": {
            "id": "/subscriptions/d94fe338-52d8-4a44-acd4-4f8301adf2cf/resourceGroups/dtf-work-spoke-rg/providers/Microsoft.Network/networkSecurityGroups/work-WorkSubnet-nsg",
            "log_category_groups": [
              "allLogs"
            ],
            "log_category_types": [
              "NetworkSecurityGroupEvent",
              "NetworkSecurityGroupRuleCounter"
            ],
            "logs": [
              "NetworkSecurityGroupEvent",
              "NetworkSecurityGroupRuleCounter"
            ],
            "metrics": [],
            "resource_id": "/subscriptions/d94fe338-52d8-4a44-acd4-4f8301adf2cf/resourceGroups/dtf-work-spoke-rg/providers/Microsoft.Network/networkSecurityGroups/work-WorkSubnet-nsg",
            "timeouts": null
          },
          "sensitive_attributes": []
        }
      ]
    },
    {
      "module": "module.work_network_security_groups[\"work-WorkSubnet-nsg\"].module.nsg_diagnostic",
      "mode": "managed",
      "type": "azurerm_monitor_diagnostic_setting",
      "name": "diagnostics",
      "provider": "provider[\"registry.terraform.io/hashicorp/azurerm\"]",
      "instances": [
        {
          "schema_version": 0,
          "attributes": {
            "enabled_log": [
              {
                "category": "NetworkSecurityGroupEvent",
                "category_group": "",
                "retention_policy": []
              },
              {
                "category": "NetworkSecurityGroupRuleCounter",
                "category_group": "",
                "retention_policy": []
              }
            ],
            "eventhub_authorization_rule_id": "",
            "eventhub_name": "",
            "id": "/subscriptions/d94fe338-52d8-4a44-acd4-4f8301adf2cf/resourceGroups/dtf-work-spoke-rg/providers/Microsoft.Network/networkSecurityGroups/work-WorkSubnet-nsg|work-WorkSubnet-nsg-diagnostic",
            "log": [
              {
                "category": "NetworkSecurityGroupEvent",
                "category_group": "",
                "enabled": true,
                "retention_policy": [
                  {
                    "days": 0,
                    "enabled": false
                  }
                ]
              },
              {
                "category": "NetworkSecurityGroupRuleCounter",
                "category_group": "",
                "enabled": true,
                "retention_policy": [
                  {
                    "days": 0,
                    "enabled": false
                  }
                ]
              }
            ],
            "log_analytics_destination_type": "",
            "log_analytics_workspace_id": "/subscriptions/d94fe338-52d8-4a44-acd4-4f8301adf2cf/resourceGroups/dtf-hub-rg/providers/Microsoft.OperationalInsights/workspaces/dtf-hub-log-analytics-workspace",
            "metric": [],
            "name": "work-WorkSubnet-nsg-diagnostic",
            "partner_solution_id": null,
            "storage_account_id": null,
            "target_resource_id": "/subscriptions/d94fe338-52d8-4a44-acd4-4f8301adf2cf/resourceGroups/dtf-work-spoke-rg/providers/Microsoft.Network/networkSecurityGroups/work-WorkSubnet-nsg",
            "timeouts": null
          },
          "sensitive_attributes": [],
          "private": "eyJlMmJmYjczMC1lY2FhLTExZTYtOGY4OC0zNDM2M2JjN2M0YzAiOnsiY3JlYXRlIjoxODAwMDAwMDAwMDAwLCJkZWxldGUiOjM2MDAwMDAwMDAwMDAsInJlYWQiOjMwMDAwMDAwMDAwMCwidXBkYXRlIjoxODAwMDAwMDAwMDAwfX0=",
          "dependencies": [
            "azurerm_resource_group.hub",
            "azurerm_resource_group.work",
            "module.hub_log_analytics.azurerm_log_analytics_workspace.log_analytics",
            "module.work_network_security_groups.azurerm_network_security_group.nsg",
            "module.work_network_security_groups.module.nsg_diagnostic.data.azurerm_monitor_diagnostic_categories.categories"
          ]
        }
      ]
    },
    {
      "module": "module.work_route_tables[\"work-rt\"]",
      "mode": "managed",
      "type": "azurerm_route",
      "name": "routes",
      "provider": "provider[\"registry.terraform.io/hashicorp/azurerm\"]",
      "instances": [
        {
          "index_key": "hub-vnet",
          "schema_version": 0,
          "attributes": {
            "address_prefix": "10.0.0.0/16",
            "id": "/subscriptions/d94fe338-52d8-4a44-acd4-4f8301adf2cf/resourceGroups/dtf-work-spoke-rg/providers/Microsoft.Network/routeTables/work-rt/routes/hub-vnet",
            "name": "hub-vnet",
            "next_hop_in_ip_address": "10.0.1.4",
            "next_hop_type": "VirtualAppliance",
            "resource_group_name": "dtf-work-spoke-rg",
            "route_table_name": "work-rt",
            "timeouts": null
          },
          "sensitive_attributes": [],
          "private": "eyJlMmJmYjczMC1lY2FhLTExZTYtOGY4OC0zNDM2M2JjN2M0YzAiOnsiY3JlYXRlIjoxODAwMDAwMDAwMDAwLCJkZWxldGUiOjE4MDAwMDAwMDAwMDAsInJlYWQiOjMwMDAwMDAwMDAwMCwidXBkYXRlIjoxODAwMDAwMDAwMDAwfX0=",
          "dependencies": [
            "azurerm_resource_group.work",
            "module.work_route_tables.azurerm_route_table.rt"
          ]
        },
        {
          "index_key": "monitor-vnet",
          "schema_version": 0,
          "attributes": {
            "address_prefix": "10.2.0.0/16",
            "id": "/subscriptions/d94fe338-52d8-4a44-acd4-4f8301adf2cf/resourceGroups/dtf-work-spoke-rg/providers/Microsoft.Network/routeTables/work-rt/routes/monitor-vnet",
            "name": "monitor-vnet",
            "next_hop_in_ip_address": "10.0.1.4",
            "next_hop_type": "VirtualAppliance",
            "resource_group_name": "dtf-work-spoke-rg",
            "route_table_name": "work-rt",
            "timeouts": null
          },
          "sensitive_attributes": [],
          "private": "eyJlMmJmYjczMC1lY2FhLTExZTYtOGY4OC0zNDM2M2JjN2M0YzAiOnsiY3JlYXRlIjoxODAwMDAwMDAwMDAwLCJkZWxldGUiOjE4MDAwMDAwMDAwMDAsInJlYWQiOjMwMDAwMDAwMDAwMCwidXBkYXRlIjoxODAwMDAwMDAwMDAwfX0=",
          "dependencies": [
            "azurerm_resource_group.work",
            "module.work_route_tables.azurerm_route_table.rt"
          ]
        },
        {
          "index_key": "outbound",
          "schema_version": 0,
          "attributes": {
            "address_prefix": "0.0.0.0/0",
            "id": "/subscriptions/d94fe338-52d8-4a44-acd4-4f8301adf2cf/resourceGroups/dtf-work-spoke-rg/providers/Microsoft.Network/routeTables/work-rt/routes/outbound",
            "name": "outbound",
            "next_hop_in_ip_address": "10.0.1.4",
            "next_hop_type": "VirtualAppliance",
            "resource_group_name": "dtf-work-spoke-rg",
            "route_table_name": "work-rt",
            "timeouts": null
          },
          "sensitive_attributes": [],
          "private": "eyJlMmJmYjczMC1lY2FhLTExZTYtOGY4OC0zNDM2M2JjN2M0YzAiOnsiY3JlYXRlIjoxODAwMDAwMDAwMDAwLCJkZWxldGUiOjE4MDAwMDAwMDAwMDAsInJlYWQiOjMwMDAwMDAwMDAwMCwidXBkYXRlIjoxODAwMDAwMDAwMDAwfX0=",
          "dependencies": [
            "azurerm_resource_group.work",
            "module.work_route_tables.azurerm_route_table.rt"
          ]
        },
        {
          "index_key": "vpn-address-pool-1",
          "schema_version": 0,
          "attributes": {
            "address_prefix": "172.0.0.0/17",
            "id": "/subscriptions/d94fe338-52d8-4a44-acd4-4f8301adf2cf/resourceGroups/dtf-work-spoke-rg/providers/Microsoft.Network/routeTables/work-rt/routes/vpn-address-pool-1",
            "name": "vpn-address-pool-1",
            "next_hop_in_ip_address": "10.0.1.4",
            "next_hop_type": "VirtualAppliance",
            "resource_group_name": "dtf-work-spoke-rg",
            "route_table_name": "work-rt",
            "timeouts": null
          },
          "sensitive_attributes": [],
          "private": "eyJlMmJmYjczMC1lY2FhLTExZTYtOGY4OC0zNDM2M2JjN2M0YzAiOnsiY3JlYXRlIjoxODAwMDAwMDAwMDAwLCJkZWxldGUiOjE4MDAwMDAwMDAwMDAsInJlYWQiOjMwMDAwMDAwMDAwMCwidXBkYXRlIjoxODAwMDAwMDAwMDAwfX0=",
          "dependencies": [
            "azurerm_resource_group.work",
            "module.work_route_tables.azurerm_route_table.rt"
          ]
        },
        {
          "index_key": "vpn-address-pool-2",
          "schema_version": 0,
          "attributes": {
            "address_prefix": "172.0.128.0/17",
            "id": "/subscriptions/d94fe338-52d8-4a44-acd4-4f8301adf2cf/resourceGroups/dtf-work-spoke-rg/providers/Microsoft.Network/routeTables/work-rt/routes/vpn-address-pool-2",
            "name": "vpn-address-pool-2",
            "next_hop_in_ip_address": "10.0.1.4",
            "next_hop_type": "VirtualAppliance",
            "resource_group_name": "dtf-work-spoke-rg",
            "route_table_name": "work-rt",
            "timeouts": null
          },
          "sensitive_attributes": [],
          "private": "eyJlMmJmYjczMC1lY2FhLTExZTYtOGY4OC0zNDM2M2JjN2M0YzAiOnsiY3JlYXRlIjoxODAwMDAwMDAwMDAwLCJkZWxldGUiOjE4MDAwMDAwMDAwMDAsInJlYWQiOjMwMDAwMDAwMDAwMCwidXBkYXRlIjoxODAwMDAwMDAwMDAwfX0=",
          "dependencies": [
            "azurerm_resource_group.work",
            "module.work_route_tables.azurerm_route_table.rt"
          ]
        }
      ]
    },
    {
      "module": "module.work_route_tables[\"work-rt\"]",
      "mode": "managed",
      "type": "azurerm_route_table",
      "name": "rt",
      "provider": "provider[\"registry.terraform.io/hashicorp/azurerm\"]",
      "instances": [
        {
          "schema_version": 0,
          "attributes": {
            "disable_bgp_route_propagation": false,
            "id": "/subscriptions/d94fe338-52d8-4a44-acd4-4f8301adf2cf/resourceGroups/dtf-work-spoke-rg/providers/Microsoft.Network/routeTables/work-rt",
            "location": "westeurope",
            "name": "work-rt",
            "resource_group_name": "dtf-work-spoke-rg",
            "route": [],
            "subnets": [],
            "tags": {
              "CreationDateTime": "2023-08-01T10:46:21.1225614Z",
              "Environment": "Dev"
            },
            "timeouts": null
          },
          "sensitive_attributes": [],
          "private": "eyJlMmJmYjczMC1lY2FhLTExZTYtOGY4OC0zNDM2M2JjN2M0YzAiOnsiY3JlYXRlIjoxODAwMDAwMDAwMDAwLCJkZWxldGUiOjE4MDAwMDAwMDAwMDAsInJlYWQiOjMwMDAwMDAwMDAwMCwidXBkYXRlIjoxODAwMDAwMDAwMDAwfX0=",
          "dependencies": [
            "azurerm_resource_group.work"
          ]
        }
      ]
    },
    {
      "module": "module.work_storage_account",
      "mode": "managed",
      "type": "azurerm_storage_account",
      "name": "storage",
      "provider": "provider[\"registry.terraform.io/hashicorp/azurerm\"]",
      "instances": [
        {
          "schema_version": 4,
          "attributes": {
            "access_tier": "Hot",
            "account_kind": "StorageV2",
            "account_replication_type": "LRS",
            "account_tier": "Standard",
            "allow_nested_items_to_be_public": true,
            "allowed_copy_scope": "",
            "azure_files_authentication": [],
            "blob_properties": [
              {
                "change_feed_enabled": false,
                "change_feed_retention_in_days": 0,
                "container_delete_retention_policy": [],
                "cors_rule": [],
                "default_service_version": "",
                "delete_retention_policy": [],
                "last_access_time_enabled": false,
                "restore_policy": [],
                "versioning_enabled": false
              }
            ],
            "cross_tenant_replication_enabled": true,
            "custom_domain": [],
            "customer_managed_key": [],
            "default_to_oauth_authentication": false,
            "edge_zone": "",
            "enable_https_traffic_only": true,
            "id": "/subscriptions/d94fe338-52d8-4a44-acd4-4f8301adf2cf/resourceGroups/dtf-work-spoke-rg/providers/Microsoft.Storage/storageAccounts/dtfworkstorage",
            "identity": [],
            "immutability_policy": [],
            "infrastructure_encryption_enabled": false,
            "is_hns_enabled": false,
            "large_file_share_enabled": null,
            "location": "westeurope",
            "min_tls_version": "TLS1_2",
            "name": "dtfworkstorage",
            "network_rules": [
              {
                "bypass": [
                  "AzureServices"
                ],
                "default_action": "Allow",
                "ip_rules": [],
                "private_link_access": [],
                "virtual_network_subnet_ids": []
              }
            ],
            "nfsv3_enabled": false,
            "primary_access_key": "ZLikAXlZfLeINbDqUcIWPbCRp4jLOqgh8cVkY6/5e9lKZoRDRpvuJ394fsuUU18Ir/Gh+ipFbe7I+AStXSNh2w==",
            "primary_blob_connection_string": "DefaultEndpointsProtocol=https;BlobEndpoint=https://dtfworkstorage.blob.core.windows.net/;AccountName=dtfworkstorage;AccountKey=ZLikAXlZfLeINbDqUcIWPbCRp4jLOqgh8cVkY6/5e9lKZoRDRpvuJ394fsuUU18Ir/Gh+ipFbe7I+AStXSNh2w==",
            "primary_blob_endpoint": "https://dtfworkstorage.blob.core.windows.net/",
            "primary_blob_host": "dtfworkstorage.blob.core.windows.net",
            "primary_connection_string": "DefaultEndpointsProtocol=https;AccountName=dtfworkstorage;AccountKey=ZLikAXlZfLeINbDqUcIWPbCRp4jLOqgh8cVkY6/5e9lKZoRDRpvuJ394fsuUU18Ir/Gh+ipFbe7I+AStXSNh2w==;EndpointSuffix=core.windows.net",
            "primary_dfs_endpoint": "https://dtfworkstorage.dfs.core.windows.net/",
            "primary_dfs_host": "dtfworkstorage.dfs.core.windows.net",
            "primary_file_endpoint": "https://dtfworkstorage.file.core.windows.net/",
            "primary_file_host": "dtfworkstorage.file.core.windows.net",
            "primary_location": "westeurope",
            "primary_queue_endpoint": "https://dtfworkstorage.queue.core.windows.net/",
            "primary_queue_host": "dtfworkstorage.queue.core.windows.net",
            "primary_table_endpoint": "https://dtfworkstorage.table.core.windows.net/",
            "primary_table_host": "dtfworkstorage.table.core.windows.net",
            "primary_web_endpoint": "https://dtfworkstorage.z6.web.core.windows.net/",
            "primary_web_host": "dtfworkstorage.z6.web.core.windows.net",
            "public_network_access_enabled": false,
            "queue_encryption_key_type": "Service",
            "queue_properties": [
              {
                "cors_rule": [],
                "hour_metrics": [
                  {
                    "enabled": true,
                    "include_apis": true,
                    "retention_policy_days": 7,
                    "version": "1.0"
                  }
                ],
                "logging": [
                  {
                    "delete": false,
                    "read": false,
                    "retention_policy_days": 0,
                    "version": "1.0",
                    "write": false
                  }
                ],
                "minute_metrics": [
                  {
                    "enabled": false,
                    "include_apis": false,
                    "retention_policy_days": 0,
                    "version": "1.0"
                  }
                ]
              }
            ],
            "resource_group_name": "dtf-work-spoke-rg",
            "routing": [],
            "sas_policy": [],
            "secondary_access_key": "xzatXvWuuRW7f3y6iaUUrFJP4wKqFpFauUbjIjDDcgB71t2GfJe3zbJkJ096cFul2hPVfyDwKqr6+ASt3UFmcA==",
            "secondary_blob_connection_string": "",
            "secondary_blob_endpoint": null,
            "secondary_blob_host": null,
            "secondary_connection_string": "DefaultEndpointsProtocol=https;AccountName=dtfworkstorage;AccountKey=xzatXvWuuRW7f3y6iaUUrFJP4wKqFpFauUbjIjDDcgB71t2GfJe3zbJkJ096cFul2hPVfyDwKqr6+ASt3UFmcA==;EndpointSuffix=core.windows.net",
            "secondary_dfs_endpoint": null,
            "secondary_dfs_host": null,
            "secondary_file_endpoint": null,
            "secondary_file_host": null,
            "secondary_location": "",
            "secondary_queue_endpoint": null,
            "secondary_queue_host": null,
            "secondary_table_endpoint": null,
            "secondary_table_host": null,
            "secondary_web_endpoint": null,
            "secondary_web_host": null,
            "sftp_enabled": false,
            "share_properties": [
              {
                "cors_rule": [],
                "retention_policy": [
                  {
                    "days": 7
                  }
                ],
                "smb": []
              }
            ],
            "shared_access_key_enabled": true,
            "static_website": [],
            "table_encryption_key_type": "Service",
            "tags": {
              "CreationDateTime": "2023-08-01T10:46:18.1570356Z",
              "Environment": "Dev"
            },
            "timeouts": null
          },
          "sensitive_attributes": [],
          "private": "eyJlMmJmYjczMC1lY2FhLTExZTYtOGY4OC0zNDM2M2JjN2M0YzAiOnsiY3JlYXRlIjozNjAwMDAwMDAwMDAwLCJkZWxldGUiOjM2MDAwMDAwMDAwMDAsInJlYWQiOjMwMDAwMDAwMDAwMCwidXBkYXRlIjozNjAwMDAwMDAwMDAwfSwic2NoZW1hX3ZlcnNpb24iOiI0In0=",
          "dependencies": [
            "azurerm_resource_group.work"
          ]
        }
      ]
    },
    {
      "module": "module.work_storage_account.module.storage_diagnostic",
      "mode": "data",
      "type": "azurerm_monitor_diagnostic_categories",
      "name": "categories",
      "provider": "provider[\"registry.terraform.io/hashicorp/azurerm\"]",
      "instances": [
        {
          "schema_version": 0,
          "attributes": {
            "id": "/subscriptions/d94fe338-52d8-4a44-acd4-4f8301adf2cf/resourceGroups/dtf-work-spoke-rg/providers/Microsoft.Storage/storageAccounts/dtfworkstorage",
            "log_category_groups": [],
            "log_category_types": [],
            "logs": [],
            "metrics": [
              "Capacity",
              "Transaction"
            ],
            "resource_id": "/subscriptions/d94fe338-52d8-4a44-acd4-4f8301adf2cf/resourceGroups/dtf-work-spoke-rg/providers/Microsoft.Storage/storageAccounts/dtfworkstorage",
            "timeouts": null
          },
          "sensitive_attributes": []
        }
      ]
    },
    {
      "module": "module.work_storage_account.module.storage_diagnostic",
      "mode": "managed",
      "type": "azurerm_monitor_diagnostic_setting",
      "name": "diagnostics",
      "provider": "provider[\"registry.terraform.io/hashicorp/azurerm\"]",
      "instances": [
        {
          "schema_version": 0,
          "attributes": {
            "enabled_log": [],
            "eventhub_authorization_rule_id": "",
            "eventhub_name": "",
            "id": "/subscriptions/d94fe338-52d8-4a44-acd4-4f8301adf2cf/resourceGroups/dtf-work-spoke-rg/providers/Microsoft.Storage/storageAccounts/dtfworkstorage|dtfworkstorage-diagnostic",
            "log": [],
            "log_analytics_destination_type": "",
            "log_analytics_workspace_id": "/subscriptions/d94fe338-52d8-4a44-acd4-4f8301adf2cf/resourceGroups/dtf-hub-rg/providers/Microsoft.OperationalInsights/workspaces/dtf-hub-log-analytics-workspace",
            "metric": [
              {
                "category": "Capacity",
                "enabled": true,
                "retention_policy": []
              },
              {
                "category": "Transaction",
                "enabled": true,
                "retention_policy": []
              }
            ],
            "name": "dtfworkstorage-diagnostic",
            "partner_solution_id": null,
            "storage_account_id": null,
            "target_resource_id": "/subscriptions/d94fe338-52d8-4a44-acd4-4f8301adf2cf/resourceGroups/dtf-work-spoke-rg/providers/Microsoft.Storage/storageAccounts/dtfworkstorage",
            "timeouts": null
          },
          "sensitive_attributes": [],
          "private": "eyJlMmJmYjczMC1lY2FhLTExZTYtOGY4OC0zNDM2M2JjN2M0YzAiOnsiY3JlYXRlIjoxODAwMDAwMDAwMDAwLCJkZWxldGUiOjM2MDAwMDAwMDAwMDAsInJlYWQiOjMwMDAwMDAwMDAwMCwidXBkYXRlIjoxODAwMDAwMDAwMDAwfX0=",
          "dependencies": [
            "azurerm_resource_group.hub",
            "azurerm_resource_group.work",
            "module.hub_log_analytics.azurerm_log_analytics_workspace.log_analytics",
            "module.work_storage_account.azurerm_storage_account.storage",
            "module.work_storage_account.module.storage_diagnostic.data.azurerm_monitor_diagnostic_categories.categories"
          ]
        }
      ]
    },
    {
      "module": "module.work_storage_account.module.subresources_diagnostics[\"blob\"]",
      "mode": "data",
      "type": "azurerm_monitor_diagnostic_categories",
      "name": "categories",
      "provider": "provider[\"registry.terraform.io/hashicorp/azurerm\"]",
      "instances": [
        {
          "schema_version": 0,
          "attributes": {
            "id": "/subscriptions/d94fe338-52d8-4a44-acd4-4f8301adf2cf/resourceGroups/dtf-work-spoke-rg/providers/Microsoft.Storage/storageAccounts/dtfworkstorage/blobServices/default/",
            "log_category_groups": [
              "allLogs",
              "audit"
            ],
            "log_category_types": [
              "StorageDelete",
              "StorageRead",
              "StorageWrite"
            ],
            "logs": [
              "StorageDelete",
              "StorageRead",
              "StorageWrite"
            ],
            "metrics": [
              "Capacity",
              "Transaction"
            ],
            "resource_id": "/subscriptions/d94fe338-52d8-4a44-acd4-4f8301adf2cf/resourceGroups/dtf-work-spoke-rg/providers/Microsoft.Storage/storageAccounts/dtfworkstorage/blobServices/default/",
            "timeouts": null
          },
          "sensitive_attributes": []
        }
      ]
    },
    {
      "module": "module.work_storage_account.module.subresources_diagnostics[\"blob\"]",
      "mode": "managed",
      "type": "azurerm_monitor_diagnostic_setting",
      "name": "diagnostics",
      "provider": "provider[\"registry.terraform.io/hashicorp/azurerm\"]",
      "instances": [
        {
          "schema_version": 0,
          "attributes": {
            "enabled_log": [
              {
                "category": "StorageDelete",
                "category_group": "",
                "retention_policy": []
              },
              {
                "category": "StorageRead",
                "category_group": "",
                "retention_policy": []
              },
              {
                "category": "StorageWrite",
                "category_group": "",
                "retention_policy": []
              }
            ],
            "eventhub_authorization_rule_id": "",
            "eventhub_name": "",
            "id": "/subscriptions/d94fe338-52d8-4a44-acd4-4f8301adf2cf/resourceGroups/dtf-work-spoke-rg/providers/Microsoft.Storage/storageAccounts/dtfworkstorage/blobServices/default/|dtfworkstorage-blob-diagnostic",
            "log": [
              {
                "category": "StorageDelete",
                "category_group": "",
                "enabled": true,
                "retention_policy": [
                  {
                    "days": 0,
                    "enabled": false
                  }
                ]
              },
              {
                "category": "StorageRead",
                "category_group": "",
                "enabled": true,
                "retention_policy": [
                  {
                    "days": 0,
                    "enabled": false
                  }
                ]
              },
              {
                "category": "StorageWrite",
                "category_group": "",
                "enabled": true,
                "retention_policy": [
                  {
                    "days": 0,
                    "enabled": false
                  }
                ]
              }
            ],
            "log_analytics_destination_type": "",
            "log_analytics_workspace_id": "/subscriptions/d94fe338-52d8-4a44-acd4-4f8301adf2cf/resourceGroups/dtf-hub-rg/providers/Microsoft.OperationalInsights/workspaces/dtf-hub-log-analytics-workspace",
            "metric": [
              {
                "category": "Capacity",
                "enabled": true,
                "retention_policy": []
              },
              {
                "category": "Transaction",
                "enabled": true,
                "retention_policy": []
              }
            ],
            "name": "dtfworkstorage-blob-diagnostic",
            "partner_solution_id": null,
            "storage_account_id": null,
            "target_resource_id": "/subscriptions/d94fe338-52d8-4a44-acd4-4f8301adf2cf/resourceGroups/dtf-work-spoke-rg/providers/Microsoft.Storage/storageAccounts/dtfworkstorage/blobServices/default/",
            "timeouts": null
          },
          "sensitive_attributes": [],
          "private": "eyJlMmJmYjczMC1lY2FhLTExZTYtOGY4OC0zNDM2M2JjN2M0YzAiOnsiY3JlYXRlIjoxODAwMDAwMDAwMDAwLCJkZWxldGUiOjM2MDAwMDAwMDAwMDAsInJlYWQiOjMwMDAwMDAwMDAwMCwidXBkYXRlIjoxODAwMDAwMDAwMDAwfX0=",
          "dependencies": [
            "azurerm_resource_group.hub",
            "azurerm_resource_group.work",
            "module.hub_log_analytics.azurerm_log_analytics_workspace.log_analytics",
            "module.work_storage_account.azurerm_storage_account.storage",
            "module.work_storage_account.module.subresources_diagnostics.data.azurerm_monitor_diagnostic_categories.categories"
          ]
        }
      ]
    },
    {
      "module": "module.work_storage_account.module.subresources_diagnostics[\"file\"]",
      "mode": "data",
      "type": "azurerm_monitor_diagnostic_categories",
      "name": "categories",
      "provider": "provider[\"registry.terraform.io/hashicorp/azurerm\"]",
      "instances": [
        {
          "schema_version": 0,
          "attributes": {
            "id": "/subscriptions/d94fe338-52d8-4a44-acd4-4f8301adf2cf/resourceGroups/dtf-work-spoke-rg/providers/Microsoft.Storage/storageAccounts/dtfworkstorage/fileServices/default/",
            "log_category_groups": [
              "allLogs",
              "audit"
            ],
            "log_category_types": [
              "StorageDelete",
              "StorageRead",
              "StorageWrite"
            ],
            "logs": [
              "StorageDelete",
              "StorageRead",
              "StorageWrite"
            ],
            "metrics": [
              "Capacity",
              "Transaction"
            ],
            "resource_id": "/subscriptions/d94fe338-52d8-4a44-acd4-4f8301adf2cf/resourceGroups/dtf-work-spoke-rg/providers/Microsoft.Storage/storageAccounts/dtfworkstorage/fileServices/default/",
            "timeouts": null
          },
          "sensitive_attributes": []
        }
      ]
    },
    {
      "module": "module.work_storage_account.module.subresources_diagnostics[\"file\"]",
      "mode": "managed",
      "type": "azurerm_monitor_diagnostic_setting",
      "name": "diagnostics",
      "provider": "provider[\"registry.terraform.io/hashicorp/azurerm\"]",
      "instances": [
        {
          "schema_version": 0,
          "attributes": {
            "enabled_log": [
              {
                "category": "StorageDelete",
                "category_group": "",
                "retention_policy": []
              },
              {
                "category": "StorageRead",
                "category_group": "",
                "retention_policy": []
              },
              {
                "category": "StorageWrite",
                "category_group": "",
                "retention_policy": []
              }
            ],
            "eventhub_authorization_rule_id": "",
            "eventhub_name": "",
            "id": "/subscriptions/d94fe338-52d8-4a44-acd4-4f8301adf2cf/resourceGroups/dtf-work-spoke-rg/providers/Microsoft.Storage/storageAccounts/dtfworkstorage/fileServices/default/|dtfworkstorage-file-diagnostic",
            "log": [
              {
                "category": "StorageDelete",
                "category_group": "",
                "enabled": true,
                "retention_policy": [
                  {
                    "days": 0,
                    "enabled": false
                  }
                ]
              },
              {
                "category": "StorageRead",
                "category_group": "",
                "enabled": true,
                "retention_policy": [
                  {
                    "days": 0,
                    "enabled": false
                  }
                ]
              },
              {
                "category": "StorageWrite",
                "category_group": "",
                "enabled": true,
                "retention_policy": [
                  {
                    "days": 0,
                    "enabled": false
                  }
                ]
              }
            ],
            "log_analytics_destination_type": "",
            "log_analytics_workspace_id": "/subscriptions/d94fe338-52d8-4a44-acd4-4f8301adf2cf/resourceGroups/dtf-hub-rg/providers/Microsoft.OperationalInsights/workspaces/dtf-hub-log-analytics-workspace",
            "metric": [
              {
                "category": "Capacity",
                "enabled": true,
                "retention_policy": []
              },
              {
                "category": "Transaction",
                "enabled": true,
                "retention_policy": []
              }
            ],
            "name": "dtfworkstorage-file-diagnostic",
            "partner_solution_id": null,
            "storage_account_id": null,
            "target_resource_id": "/subscriptions/d94fe338-52d8-4a44-acd4-4f8301adf2cf/resourceGroups/dtf-work-spoke-rg/providers/Microsoft.Storage/storageAccounts/dtfworkstorage/fileServices/default/",
            "timeouts": null
          },
          "sensitive_attributes": [],
          "private": "eyJlMmJmYjczMC1lY2FhLTExZTYtOGY4OC0zNDM2M2JjN2M0YzAiOnsiY3JlYXRlIjoxODAwMDAwMDAwMDAwLCJkZWxldGUiOjM2MDAwMDAwMDAwMDAsInJlYWQiOjMwMDAwMDAwMDAwMCwidXBkYXRlIjoxODAwMDAwMDAwMDAwfX0=",
          "dependencies": [
            "azurerm_resource_group.hub",
            "azurerm_resource_group.work",
            "module.hub_log_analytics.azurerm_log_analytics_workspace.log_analytics",
            "module.work_storage_account.azurerm_storage_account.storage",
            "module.work_storage_account.module.subresources_diagnostics.data.azurerm_monitor_diagnostic_categories.categories"
          ]
        }
      ]
    },
    {
      "module": "module.work_storage_account.module.subresources_diagnostics[\"queue\"]",
      "mode": "data",
      "type": "azurerm_monitor_diagnostic_categories",
      "name": "categories",
      "provider": "provider[\"registry.terraform.io/hashicorp/azurerm\"]",
      "instances": [
        {
          "schema_version": 0,
          "attributes": {
            "id": "/subscriptions/d94fe338-52d8-4a44-acd4-4f8301adf2cf/resourceGroups/dtf-work-spoke-rg/providers/Microsoft.Storage/storageAccounts/dtfworkstorage/queueServices/default/",
            "log_category_groups": [
              "allLogs",
              "audit"
            ],
            "log_category_types": [
              "StorageDelete",
              "StorageRead",
              "StorageWrite"
            ],
            "logs": [
              "StorageDelete",
              "StorageRead",
              "StorageWrite"
            ],
            "metrics": [
              "Capacity",
              "Transaction"
            ],
            "resource_id": "/subscriptions/d94fe338-52d8-4a44-acd4-4f8301adf2cf/resourceGroups/dtf-work-spoke-rg/providers/Microsoft.Storage/storageAccounts/dtfworkstorage/queueServices/default/",
            "timeouts": null
          },
          "sensitive_attributes": []
        }
      ]
    },
    {
      "module": "module.work_storage_account.module.subresources_diagnostics[\"queue\"]",
      "mode": "managed",
      "type": "azurerm_monitor_diagnostic_setting",
      "name": "diagnostics",
      "provider": "provider[\"registry.terraform.io/hashicorp/azurerm\"]",
      "instances": [
        {
          "schema_version": 0,
          "attributes": {
            "enabled_log": [
              {
                "category": "StorageDelete",
                "category_group": "",
                "retention_policy": []
              },
              {
                "category": "StorageRead",
                "category_group": "",
                "retention_policy": []
              },
              {
                "category": "StorageWrite",
                "category_group": "",
                "retention_policy": []
              }
            ],
            "eventhub_authorization_rule_id": "",
            "eventhub_name": "",
            "id": "/subscriptions/d94fe338-52d8-4a44-acd4-4f8301adf2cf/resourceGroups/dtf-work-spoke-rg/providers/Microsoft.Storage/storageAccounts/dtfworkstorage/queueServices/default/|dtfworkstorage-queue-diagnostic",
            "log": [
              {
                "category": "StorageDelete",
                "category_group": "",
                "enabled": true,
                "retention_policy": [
                  {
                    "days": 0,
                    "enabled": false
                  }
                ]
              },
              {
                "category": "StorageRead",
                "category_group": "",
                "enabled": true,
                "retention_policy": [
                  {
                    "days": 0,
                    "enabled": false
                  }
                ]
              },
              {
                "category": "StorageWrite",
                "category_group": "",
                "enabled": true,
                "retention_policy": [
                  {
                    "days": 0,
                    "enabled": false
                  }
                ]
              }
            ],
            "log_analytics_destination_type": "",
            "log_analytics_workspace_id": "/subscriptions/d94fe338-52d8-4a44-acd4-4f8301adf2cf/resourceGroups/dtf-hub-rg/providers/Microsoft.OperationalInsights/workspaces/dtf-hub-log-analytics-workspace",
            "metric": [
              {
                "category": "Capacity",
                "enabled": true,
                "retention_policy": []
              },
              {
                "category": "Transaction",
                "enabled": true,
                "retention_policy": []
              }
            ],
            "name": "dtfworkstorage-queue-diagnostic",
            "partner_solution_id": null,
            "storage_account_id": null,
            "target_resource_id": "/subscriptions/d94fe338-52d8-4a44-acd4-4f8301adf2cf/resourceGroups/dtf-work-spoke-rg/providers/Microsoft.Storage/storageAccounts/dtfworkstorage/queueServices/default/",
            "timeouts": null
          },
          "sensitive_attributes": [],
          "private": "eyJlMmJmYjczMC1lY2FhLTExZTYtOGY4OC0zNDM2M2JjN2M0YzAiOnsiY3JlYXRlIjoxODAwMDAwMDAwMDAwLCJkZWxldGUiOjM2MDAwMDAwMDAwMDAsInJlYWQiOjMwMDAwMDAwMDAwMCwidXBkYXRlIjoxODAwMDAwMDAwMDAwfX0=",
          "dependencies": [
            "azurerm_resource_group.hub",
            "azurerm_resource_group.work",
            "module.hub_log_analytics.azurerm_log_analytics_workspace.log_analytics",
            "module.work_storage_account.azurerm_storage_account.storage",
            "module.work_storage_account.module.subresources_diagnostics.data.azurerm_monitor_diagnostic_categories.categories"
          ]
        }
      ]
    },
    {
      "module": "module.work_storage_account.module.subresources_diagnostics[\"table\"]",
      "mode": "data",
      "type": "azurerm_monitor_diagnostic_categories",
      "name": "categories",
      "provider": "provider[\"registry.terraform.io/hashicorp/azurerm\"]",
      "instances": [
        {
          "schema_version": 0,
          "attributes": {
            "id": "/subscriptions/d94fe338-52d8-4a44-acd4-4f8301adf2cf/resourceGroups/dtf-work-spoke-rg/providers/Microsoft.Storage/storageAccounts/dtfworkstorage/tableServices/default/",
            "log_category_groups": [
              "allLogs",
              "audit"
            ],
            "log_category_types": [
              "StorageDelete",
              "StorageRead",
              "StorageWrite"
            ],
            "logs": [
              "StorageDelete",
              "StorageRead",
              "StorageWrite"
            ],
            "metrics": [
              "Capacity",
              "Transaction"
            ],
            "resource_id": "/subscriptions/d94fe338-52d8-4a44-acd4-4f8301adf2cf/resourceGroups/dtf-work-spoke-rg/providers/Microsoft.Storage/storageAccounts/dtfworkstorage/tableServices/default/",
            "timeouts": null
          },
          "sensitive_attributes": []
        }
      ]
    },
    {
      "module": "module.work_storage_account.module.subresources_diagnostics[\"table\"]",
      "mode": "managed",
      "type": "azurerm_monitor_diagnostic_setting",
      "name": "diagnostics",
      "provider": "provider[\"registry.terraform.io/hashicorp/azurerm\"]",
      "instances": [
        {
          "schema_version": 0,
          "attributes": {
            "enabled_log": [
              {
                "category": "StorageDelete",
                "category_group": "",
                "retention_policy": []
              },
              {
                "category": "StorageRead",
                "category_group": "",
                "retention_policy": []
              },
              {
                "category": "StorageWrite",
                "category_group": "",
                "retention_policy": []
              }
            ],
            "eventhub_authorization_rule_id": "",
            "eventhub_name": "",
            "id": "/subscriptions/d94fe338-52d8-4a44-acd4-4f8301adf2cf/resourceGroups/dtf-work-spoke-rg/providers/Microsoft.Storage/storageAccounts/dtfworkstorage/tableServices/default/|dtfworkstorage-table-diagnostic",
            "log": [
              {
                "category": "StorageDelete",
                "category_group": "",
                "enabled": true,
                "retention_policy": [
                  {
                    "days": 0,
                    "enabled": false
                  }
                ]
              },
              {
                "category": "StorageRead",
                "category_group": "",
                "enabled": true,
                "retention_policy": [
                  {
                    "days": 0,
                    "enabled": false
                  }
                ]
              },
              {
                "category": "StorageWrite",
                "category_group": "",
                "enabled": true,
                "retention_policy": [
                  {
                    "days": 0,
                    "enabled": false
                  }
                ]
              }
            ],
            "log_analytics_destination_type": "",
            "log_analytics_workspace_id": "/subscriptions/d94fe338-52d8-4a44-acd4-4f8301adf2cf/resourceGroups/dtf-hub-rg/providers/Microsoft.OperationalInsights/workspaces/dtf-hub-log-analytics-workspace",
            "metric": [
              {
                "category": "Capacity",
                "enabled": true,
                "retention_policy": []
              },
              {
                "category": "Transaction",
                "enabled": true,
                "retention_policy": []
              }
            ],
            "name": "dtfworkstorage-table-diagnostic",
            "partner_solution_id": null,
            "storage_account_id": null,
            "target_resource_id": "/subscriptions/d94fe338-52d8-4a44-acd4-4f8301adf2cf/resourceGroups/dtf-work-spoke-rg/providers/Microsoft.Storage/storageAccounts/dtfworkstorage/tableServices/default/",
            "timeouts": null
          },
          "sensitive_attributes": [],
          "private": "eyJlMmJmYjczMC1lY2FhLTExZTYtOGY4OC0zNDM2M2JjN2M0YzAiOnsiY3JlYXRlIjoxODAwMDAwMDAwMDAwLCJkZWxldGUiOjM2MDAwMDAwMDAwMDAsInJlYWQiOjMwMDAwMDAwMDAwMCwidXBkYXRlIjoxODAwMDAwMDAwMDAwfX0=",
          "dependencies": [
            "azurerm_resource_group.hub",
            "azurerm_resource_group.work",
            "module.hub_log_analytics.azurerm_log_analytics_workspace.log_analytics",
            "module.work_storage_account.azurerm_storage_account.storage",
            "module.work_storage_account.module.subresources_diagnostics.data.azurerm_monitor_diagnostic_categories.categories"
          ]
        }
      ]
    },
    {
      "module": "module.work_subresources_private_endpoints[\"blob\"]",
      "mode": "managed",
      "type": "azurerm_private_dns_zone",
      "name": "dns_zone",
      "provider": "provider[\"registry.terraform.io/hashicorp/azurerm\"]",
      "instances": [
        {
          "index_key": 0,
          "schema_version": 0,
          "attributes": {
            "id": "/subscriptions/d94fe338-52d8-4a44-acd4-4f8301adf2cf/resourceGroups/dtf-work-spoke-rg/providers/Microsoft.Network/privateDnsZones/privatelink.blob.core.windows.net",
            "max_number_of_record_sets": 25000,
            "max_number_of_virtual_network_links": 1000,
            "max_number_of_virtual_network_links_with_registration": 100,
            "name": "privatelink.blob.core.windows.net",
            "number_of_record_sets": 1,
            "resource_group_name": "dtf-work-spoke-rg",
            "soa_record": [
              {
                "email": "azureprivatedns-host.microsoft.com",
                "expire_time": 2419200,
                "fqdn": "privatelink.blob.core.windows.net.",
                "host_name": "azureprivatedns.net",
                "minimum_ttl": 10,
                "refresh_time": 3600,
                "retry_time": 300,
                "serial_number": 1,
                "tags": {},
                "ttl": 3600
              }
            ],
            "tags": {
              "CreationDateTime": "2023-08-01T10:46:18.5007946Z",
              "Environment": "Dev"
            },
            "timeouts": null
          },
          "sensitive_attributes": [],
          "private": "eyJlMmJmYjczMC1lY2FhLTExZTYtOGY4OC0zNDM2M2JjN2M0YzAiOnsiY3JlYXRlIjoxODAwMDAwMDAwMDAwLCJkZWxldGUiOjE4MDAwMDAwMDAwMDAsInJlYWQiOjMwMDAwMDAwMDAwMCwidXBkYXRlIjoxODAwMDAwMDAwMDAwfX0=",
          "dependencies": [
            "azurerm_resource_group.work"
          ]
        }
      ]
    },
    {
      "module": "module.work_subresources_private_endpoints[\"blob\"]",
      "mode": "managed",
      "type": "azurerm_private_dns_zone_virtual_network_link",
      "name": "vnet_links",
      "provider": "provider[\"registry.terraform.io/hashicorp/azurerm\"]",
      "instances": [
        {
          "index_key": "work-link",
          "schema_version": 0,
          "attributes": {
            "id": "/subscriptions/d94fe338-52d8-4a44-acd4-4f8301adf2cf/resourceGroups/dtf-work-spoke-rg/providers/Microsoft.Network/privateDnsZones/privatelink.blob.core.windows.net/virtualNetworkLinks/work-link",
            "name": "work-link",
            "private_dns_zone_name": "privatelink.blob.core.windows.net",
            "registration_enabled": false,
            "resource_group_name": "dtf-work-spoke-rg",
            "tags": {
              "CreationDateTime": "2023-08-01T10:47:00.3592260Z",
              "Environment": "Dev"
            },
            "timeouts": null,
            "virtual_network_id": "/subscriptions/d94fe338-52d8-4a44-acd4-4f8301adf2cf/resourceGroups/dtf-work-spoke-rg/providers/Microsoft.Network/virtualNetworks/dtf-work-vnet"
          },
          "sensitive_attributes": [],
          "private": "eyJlMmJmYjczMC1lY2FhLTExZTYtOGY4OC0zNDM2M2JjN2M0YzAiOnsiY3JlYXRlIjoxODAwMDAwMDAwMDAwLCJkZWxldGUiOjE4MDAwMDAwMDAwMDAsInJlYWQiOjMwMDAwMDAwMDAwMCwidXBkYXRlIjoxODAwMDAwMDAwMDAwfX0=",
          "dependencies": [
            "azurerm_resource_group.work",
            "module.work_subresources_private_endpoints.azurerm_private_dns_zone.dns_zone",
            "module.work_virtual_network.azurerm_virtual_network.vnet"
          ]
        }
      ]
    },
    {
      "module": "module.work_subresources_private_endpoints[\"blob\"]",
      "mode": "managed",
      "type": "azurerm_private_endpoint",
      "name": "private_endpoint",
      "provider": "provider[\"registry.terraform.io/hashicorp/azurerm\"]",
      "instances": [
        {
          "schema_version": 0,
          "attributes": {
            "custom_dns_configs": [],
            "custom_network_interface_name": "",
            "id": "/subscriptions/d94fe338-52d8-4a44-acd4-4f8301adf2cf/resourceGroups/dtf-work-spoke-rg/providers/Microsoft.Network/privateEndpoints/dtf-work-blob-pe",
            "ip_configuration": [],
            "location": "westeurope",
            "name": "dtf-work-blob-pe",
            "network_interface": [
              {
                "id": "/subscriptions/d94fe338-52d8-4a44-acd4-4f8301adf2cf/resourceGroups/dtf-work-spoke-rg/providers/Microsoft.Network/networkInterfaces/dtf-work-blob-pe.nic.fb41a0ca-ecc0-4ad5-af1e-e845f7f69a2c",
                "name": "dtf-work-blob-pe.nic.fb41a0ca-ecc0-4ad5-af1e-e845f7f69a2c"
              }
            ],
            "private_dns_zone_configs": [
              {
                "id": "/subscriptions/d94fe338-52d8-4a44-acd4-4f8301adf2cf/resourceGroups/dtf-work-spoke-rg/providers/Microsoft.Network/privateEndpoints/dtf-work-blob-pe/privateDnsZoneGroups/private-endpoint/privateDnsZoneConfigs/privatelink.blob.core.windows.net",
                "name": "privatelink.blob.core.windows.net",
                "private_dns_zone_id": "/subscriptions/d94fe338-52d8-4a44-acd4-4f8301adf2cf/resourceGroups/dtf-work-spoke-rg/providers/Microsoft.Network/privateDnsZones/privatelink.blob.core.windows.net",
                "record_sets": [
                  {
                    "fqdn": "dtfworkstorage.privatelink.blob.core.windows.net",
                    "ip_addresses": [
                      "10.1.1.4"
                    ],
                    "name": "dtfworkstorage",
                    "ttl": 10,
                    "type": "A"
                  }
                ]
              }
            ],
            "private_dns_zone_group": [
              {
                "id": "/subscriptions/d94fe338-52d8-4a44-acd4-4f8301adf2cf/resourceGroups/dtf-work-spoke-rg/providers/Microsoft.Network/privateEndpoints/dtf-work-blob-pe/privateDnsZoneGroups/private-endpoint",
                "name": "private-endpoint",
                "private_dns_zone_ids": [
                  "/subscriptions/d94fe338-52d8-4a44-acd4-4f8301adf2cf/resourceGroups/dtf-work-spoke-rg/providers/Microsoft.Network/privateDnsZones/privatelink.blob.core.windows.net"
                ]
              }
            ],
            "private_service_connection": [
              {
                "is_manual_connection": false,
                "name": "private-connection",
                "private_connection_resource_alias": "",
                "private_connection_resource_id": "/subscriptions/d94fe338-52d8-4a44-acd4-4f8301adf2cf/resourceGroups/dtf-work-spoke-rg/providers/Microsoft.Storage/storageAccounts/dtfworkstorage",
                "private_ip_address": "10.1.1.4",
                "request_message": "",
                "subresource_names": [
                  "blob"
                ]
              }
            ],
            "resource_group_name": "dtf-work-spoke-rg",
            "subnet_id": "/subscriptions/d94fe338-52d8-4a44-acd4-4f8301adf2cf/resourceGroups/dtf-work-spoke-rg/providers/Microsoft.Network/virtualNetworks/dtf-work-vnet/subnets/StorageSubnet",
            "tags": {
              "CreationDateTime": "2023-08-01T10:48:10.7885367Z",
              "Environment": "Dev"
            },
            "timeouts": null
          },
          "sensitive_attributes": [],
          "private": "eyJlMmJmYjczMC1lY2FhLTExZTYtOGY4OC0zNDM2M2JjN2M0YzAiOnsiY3JlYXRlIjozNjAwMDAwMDAwMDAwLCJkZWxldGUiOjM2MDAwMDAwMDAwMDAsInJlYWQiOjMwMDAwMDAwMDAwMCwidXBkYXRlIjozNjAwMDAwMDAwMDAwfX0=",
          "dependencies": [
            "azurerm_resource_group.hub",
            "azurerm_resource_group.work",
            "module.hub_log_analytics.azurerm_log_analytics_workspace.log_analytics",
            "module.work_network_security_groups.azurerm_network_security_group.nsg",
            "module.work_network_security_groups.azurerm_network_security_rule.rules",
            "module.work_network_security_groups.module.nsg_diagnostic.azurerm_monitor_diagnostic_setting.diagnostics",
            "module.work_network_security_groups.module.nsg_diagnostic.data.azurerm_monitor_diagnostic_categories.categories",
            "module.work_route_tables.azurerm_route.routes",
            "module.work_route_tables.azurerm_route_table.rt",
            "module.work_storage_account.azurerm_storage_account.storage",
            "module.work_subresources_private_endpoints.azurerm_private_dns_zone.dns_zone",
            "module.work_virtual_network.azurerm_resource_group_template_deployment.subnets",
            "module.work_virtual_network.azurerm_virtual_network.vnet"
          ]
        }
      ]
    },
    {
      "module": "module.work_subresources_private_endpoints[\"blob\"].module.nic-diagnostic",
      "mode": "data",
      "type": "azurerm_monitor_diagnostic_categories",
      "name": "categories",
      "provider": "provider[\"registry.terraform.io/hashicorp/azurerm\"]",
      "instances": [
        {
          "schema_version": 0,
          "attributes": {
            "id": "/subscriptions/d94fe338-52d8-4a44-acd4-4f8301adf2cf/resourceGroups/dtf-work-spoke-rg/providers/Microsoft.Network/networkInterfaces/dtf-work-blob-pe.nic.fb41a0ca-ecc0-4ad5-af1e-e845f7f69a2c",
            "log_category_groups": [],
            "log_category_types": [],
            "logs": [],
            "metrics": [
              "AllMetrics"
            ],
            "resource_id": "/subscriptions/d94fe338-52d8-4a44-acd4-4f8301adf2cf/resourceGroups/dtf-work-spoke-rg/providers/Microsoft.Network/networkInterfaces/dtf-work-blob-pe.nic.fb41a0ca-ecc0-4ad5-af1e-e845f7f69a2c",
            "timeouts": null
          },
          "sensitive_attributes": []
        }
      ]
    },
    {
      "module": "module.work_subresources_private_endpoints[\"blob\"].module.nic-diagnostic",
      "mode": "managed",
      "type": "azurerm_monitor_diagnostic_setting",
      "name": "diagnostics",
      "provider": "provider[\"registry.terraform.io/hashicorp/azurerm\"]",
      "instances": [
        {
          "schema_version": 0,
          "attributes": {
            "enabled_log": [],
            "eventhub_authorization_rule_id": "",
            "eventhub_name": "",
            "id": "/subscriptions/d94fe338-52d8-4a44-acd4-4f8301adf2cf/resourceGroups/dtf-work-spoke-rg/providers/Microsoft.Network/networkInterfaces/dtf-work-blob-pe.nic.fb41a0ca-ecc0-4ad5-af1e-e845f7f69a2c|dtf-work-blob-pe.nic.fb41a0ca-ecc0-4ad5-af1e-e845f7f69a2c-diagnostic",
            "log": [],
            "log_analytics_destination_type": "",
            "log_analytics_workspace_id": "/subscriptions/d94fe338-52d8-4a44-acd4-4f8301adf2cf/resourceGroups/dtf-hub-rg/providers/Microsoft.OperationalInsights/workspaces/dtf-hub-log-analytics-workspace",
            "metric": [
              {
                "category": "AllMetrics",
                "enabled": true,
                "retention_policy": []
              }
            ],
            "name": "dtf-work-blob-pe.nic.fb41a0ca-ecc0-4ad5-af1e-e845f7f69a2c-diagnostic",
            "partner_solution_id": null,
            "storage_account_id": null,
            "target_resource_id": "/subscriptions/d94fe338-52d8-4a44-acd4-4f8301adf2cf/resourceGroups/dtf-work-spoke-rg/providers/Microsoft.Network/networkInterfaces/dtf-work-blob-pe.nic.fb41a0ca-ecc0-4ad5-af1e-e845f7f69a2c",
            "timeouts": null
          },
          "sensitive_attributes": [],
          "private": "eyJlMmJmYjczMC1lY2FhLTExZTYtOGY4OC0zNDM2M2JjN2M0YzAiOnsiY3JlYXRlIjoxODAwMDAwMDAwMDAwLCJkZWxldGUiOjM2MDAwMDAwMDAwMDAsInJlYWQiOjMwMDAwMDAwMDAwMCwidXBkYXRlIjoxODAwMDAwMDAwMDAwfX0=",
          "dependencies": [
            "azurerm_resource_group.hub",
            "azurerm_resource_group.work",
            "module.hub_log_analytics.azurerm_log_analytics_workspace.log_analytics",
            "module.work_network_security_groups.azurerm_network_security_group.nsg",
            "module.work_network_security_groups.azurerm_network_security_rule.rules",
            "module.work_network_security_groups.module.nsg_diagnostic.azurerm_monitor_diagnostic_setting.diagnostics",
            "module.work_network_security_groups.module.nsg_diagnostic.data.azurerm_monitor_diagnostic_categories.categories",
            "module.work_route_tables.azurerm_route.routes",
            "module.work_route_tables.azurerm_route_table.rt",
            "module.work_storage_account.azurerm_storage_account.storage",
            "module.work_subresources_private_endpoints.azurerm_private_dns_zone.dns_zone",
            "module.work_subresources_private_endpoints.azurerm_private_endpoint.private_endpoint",
            "module.work_subresources_private_endpoints.module.nic-diagnostic.data.azurerm_monitor_diagnostic_categories.categories",
            "module.work_virtual_network.azurerm_resource_group_template_deployment.subnets",
            "module.work_virtual_network.azurerm_virtual_network.vnet"
          ]
        }
      ]
    },
    {
      "module": "module.work_subresources_private_endpoints[\"file\"]",
      "mode": "managed",
      "type": "azurerm_private_dns_zone",
      "name": "dns_zone",
      "provider": "provider[\"registry.terraform.io/hashicorp/azurerm\"]",
      "instances": [
        {
          "index_key": 0,
          "schema_version": 0,
          "attributes": {
            "id": "/subscriptions/d94fe338-52d8-4a44-acd4-4f8301adf2cf/resourceGroups/dtf-work-spoke-rg/providers/Microsoft.Network/privateDnsZones/privatelink.file.core.windows.net",
            "max_number_of_record_sets": 25000,
            "max_number_of_virtual_network_links": 1000,
            "max_number_of_virtual_network_links_with_registration": 100,
            "name": "privatelink.file.core.windows.net",
            "number_of_record_sets": 1,
            "resource_group_name": "dtf-work-spoke-rg",
            "soa_record": [
              {
                "email": "azureprivatedns-host.microsoft.com",
                "expire_time": 2419200,
                "fqdn": "privatelink.file.core.windows.net.",
                "host_name": "azureprivatedns.net",
                "minimum_ttl": 10,
                "refresh_time": 3600,
                "retry_time": 300,
                "serial_number": 1,
                "tags": {},
                "ttl": 3600
              }
            ],
            "tags": {
              "CreationDateTime": "2023-08-01T10:46:18.4466965Z",
              "Environment": "Dev"
            },
            "timeouts": null
          },
          "sensitive_attributes": [],
          "private": "eyJlMmJmYjczMC1lY2FhLTExZTYtOGY4OC0zNDM2M2JjN2M0YzAiOnsiY3JlYXRlIjoxODAwMDAwMDAwMDAwLCJkZWxldGUiOjE4MDAwMDAwMDAwMDAsInJlYWQiOjMwMDAwMDAwMDAwMCwidXBkYXRlIjoxODAwMDAwMDAwMDAwfX0=",
          "dependencies": [
            "azurerm_resource_group.work"
          ]
        }
      ]
    },
    {
      "module": "module.work_subresources_private_endpoints[\"file\"]",
      "mode": "managed",
      "type": "azurerm_private_dns_zone_virtual_network_link",
      "name": "vnet_links",
      "provider": "provider[\"registry.terraform.io/hashicorp/azurerm\"]",
      "instances": [
        {
          "index_key": "work-link",
          "schema_version": 0,
          "attributes": {
            "id": "/subscriptions/d94fe338-52d8-4a44-acd4-4f8301adf2cf/resourceGroups/dtf-work-spoke-rg/providers/Microsoft.Network/privateDnsZones/privatelink.file.core.windows.net/virtualNetworkLinks/work-link",
            "name": "work-link",
            "private_dns_zone_name": "privatelink.file.core.windows.net",
            "registration_enabled": false,
            "resource_group_name": "dtf-work-spoke-rg",
            "tags": {
              "CreationDateTime": "2023-08-01T10:46:59.5853076Z",
              "Environment": "Dev"
            },
            "timeouts": null,
            "virtual_network_id": "/subscriptions/d94fe338-52d8-4a44-acd4-4f8301adf2cf/resourceGroups/dtf-work-spoke-rg/providers/Microsoft.Network/virtualNetworks/dtf-work-vnet"
          },
          "sensitive_attributes": [],
          "private": "eyJlMmJmYjczMC1lY2FhLTExZTYtOGY4OC0zNDM2M2JjN2M0YzAiOnsiY3JlYXRlIjoxODAwMDAwMDAwMDAwLCJkZWxldGUiOjE4MDAwMDAwMDAwMDAsInJlYWQiOjMwMDAwMDAwMDAwMCwidXBkYXRlIjoxODAwMDAwMDAwMDAwfX0=",
          "dependencies": [
            "azurerm_resource_group.work",
            "module.work_subresources_private_endpoints.azurerm_private_dns_zone.dns_zone",
            "module.work_virtual_network.azurerm_virtual_network.vnet"
          ]
        }
      ]
    },
    {
      "module": "module.work_subresources_private_endpoints[\"file\"]",
      "mode": "managed",
      "type": "azurerm_private_endpoint",
      "name": "private_endpoint",
      "provider": "provider[\"registry.terraform.io/hashicorp/azurerm\"]",
      "instances": [
        {
          "schema_version": 0,
          "attributes": {
            "custom_dns_configs": [],
            "custom_network_interface_name": "",
            "id": "/subscriptions/d94fe338-52d8-4a44-acd4-4f8301adf2cf/resourceGroups/dtf-work-spoke-rg/providers/Microsoft.Network/privateEndpoints/dtf-work-file-pe",
            "ip_configuration": [],
            "location": "westeurope",
            "name": "dtf-work-file-pe",
            "network_interface": [
              {
                "id": "/subscriptions/d94fe338-52d8-4a44-acd4-4f8301adf2cf/resourceGroups/dtf-work-spoke-rg/providers/Microsoft.Network/networkInterfaces/dtf-work-file-pe.nic.ed4e87e0-cd69-4f5d-b032-768bd3b0c6d5",
                "name": "dtf-work-file-pe.nic.ed4e87e0-cd69-4f5d-b032-768bd3b0c6d5"
              }
            ],
            "private_dns_zone_configs": [
              {
                "id": "/subscriptions/d94fe338-52d8-4a44-acd4-4f8301adf2cf/resourceGroups/dtf-work-spoke-rg/providers/Microsoft.Network/privateEndpoints/dtf-work-file-pe/privateDnsZoneGroups/private-endpoint/privateDnsZoneConfigs/privatelink.file.core.windows.net",
                "name": "privatelink.file.core.windows.net",
                "private_dns_zone_id": "/subscriptions/d94fe338-52d8-4a44-acd4-4f8301adf2cf/resourceGroups/dtf-work-spoke-rg/providers/Microsoft.Network/privateDnsZones/privatelink.file.core.windows.net",
                "record_sets": [
                  {
                    "fqdn": "dtfworkstorage.privatelink.file.core.windows.net",
                    "ip_addresses": [
                      "10.1.1.7"
                    ],
                    "name": "dtfworkstorage",
                    "ttl": 10,
                    "type": "A"
                  }
                ]
              }
            ],
            "private_dns_zone_group": [
              {
                "id": "/subscriptions/d94fe338-52d8-4a44-acd4-4f8301adf2cf/resourceGroups/dtf-work-spoke-rg/providers/Microsoft.Network/privateEndpoints/dtf-work-file-pe/privateDnsZoneGroups/private-endpoint",
                "name": "private-endpoint",
                "private_dns_zone_ids": [
                  "/subscriptions/d94fe338-52d8-4a44-acd4-4f8301adf2cf/resourceGroups/dtf-work-spoke-rg/providers/Microsoft.Network/privateDnsZones/privatelink.file.core.windows.net"
                ]
              }
            ],
            "private_service_connection": [
              {
                "is_manual_connection": false,
                "name": "private-connection",
                "private_connection_resource_alias": "",
                "private_connection_resource_id": "/subscriptions/d94fe338-52d8-4a44-acd4-4f8301adf2cf/resourceGroups/dtf-work-spoke-rg/providers/Microsoft.Storage/storageAccounts/dtfworkstorage",
                "private_ip_address": "10.1.1.7",
                "request_message": "",
                "subresource_names": [
                  "file"
                ]
              }
            ],
            "resource_group_name": "dtf-work-spoke-rg",
            "subnet_id": "/subscriptions/d94fe338-52d8-4a44-acd4-4f8301adf2cf/resourceGroups/dtf-work-spoke-rg/providers/Microsoft.Network/virtualNetworks/dtf-work-vnet/subnets/StorageSubnet",
            "tags": {
              "CreationDateTime": "2023-08-01T10:50:58.5142990Z",
              "Environment": "Dev"
            },
            "timeouts": null
          },
          "sensitive_attributes": [],
          "private": "eyJlMmJmYjczMC1lY2FhLTExZTYtOGY4OC0zNDM2M2JjN2M0YzAiOnsiY3JlYXRlIjozNjAwMDAwMDAwMDAwLCJkZWxldGUiOjM2MDAwMDAwMDAwMDAsInJlYWQiOjMwMDAwMDAwMDAwMCwidXBkYXRlIjozNjAwMDAwMDAwMDAwfX0=",
          "dependencies": [
            "azurerm_resource_group.hub",
            "azurerm_resource_group.work",
            "module.hub_log_analytics.azurerm_log_analytics_workspace.log_analytics",
            "module.work_network_security_groups.azurerm_network_security_group.nsg",
            "module.work_network_security_groups.azurerm_network_security_rule.rules",
            "module.work_network_security_groups.module.nsg_diagnostic.azurerm_monitor_diagnostic_setting.diagnostics",
            "module.work_network_security_groups.module.nsg_diagnostic.data.azurerm_monitor_diagnostic_categories.categories",
            "module.work_route_tables.azurerm_route.routes",
            "module.work_route_tables.azurerm_route_table.rt",
            "module.work_storage_account.azurerm_storage_account.storage",
            "module.work_subresources_private_endpoints.azurerm_private_dns_zone.dns_zone",
            "module.work_virtual_network.azurerm_resource_group_template_deployment.subnets",
            "module.work_virtual_network.azurerm_virtual_network.vnet"
          ]
        }
      ]
    },
    {
      "module": "module.work_subresources_private_endpoints[\"file\"].module.nic-diagnostic",
      "mode": "data",
      "type": "azurerm_monitor_diagnostic_categories",
      "name": "categories",
      "provider": "provider[\"registry.terraform.io/hashicorp/azurerm\"]",
      "instances": [
        {
          "schema_version": 0,
          "attributes": {
            "id": "/subscriptions/d94fe338-52d8-4a44-acd4-4f8301adf2cf/resourceGroups/dtf-work-spoke-rg/providers/Microsoft.Network/networkInterfaces/dtf-work-file-pe.nic.ed4e87e0-cd69-4f5d-b032-768bd3b0c6d5",
            "log_category_groups": [],
            "log_category_types": [],
            "logs": [],
            "metrics": [
              "AllMetrics"
            ],
            "resource_id": "/subscriptions/d94fe338-52d8-4a44-acd4-4f8301adf2cf/resourceGroups/dtf-work-spoke-rg/providers/Microsoft.Network/networkInterfaces/dtf-work-file-pe.nic.ed4e87e0-cd69-4f5d-b032-768bd3b0c6d5",
            "timeouts": null
          },
          "sensitive_attributes": []
        }
      ]
    },
    {
      "module": "module.work_subresources_private_endpoints[\"file\"].module.nic-diagnostic",
      "mode": "managed",
      "type": "azurerm_monitor_diagnostic_setting",
      "name": "diagnostics",
      "provider": "provider[\"registry.terraform.io/hashicorp/azurerm\"]",
      "instances": [
        {
          "schema_version": 0,
          "attributes": {
            "enabled_log": [],
            "eventhub_authorization_rule_id": "",
            "eventhub_name": "",
            "id": "/subscriptions/d94fe338-52d8-4a44-acd4-4f8301adf2cf/resourceGroups/dtf-work-spoke-rg/providers/Microsoft.Network/networkInterfaces/dtf-work-file-pe.nic.ed4e87e0-cd69-4f5d-b032-768bd3b0c6d5|dtf-work-file-pe.nic.ed4e87e0-cd69-4f5d-b032-768bd3b0c6d5-diagnostic",
            "log": [],
            "log_analytics_destination_type": "",
            "log_analytics_workspace_id": "/subscriptions/d94fe338-52d8-4a44-acd4-4f8301adf2cf/resourceGroups/dtf-hub-rg/providers/Microsoft.OperationalInsights/workspaces/dtf-hub-log-analytics-workspace",
            "metric": [
              {
                "category": "AllMetrics",
                "enabled": true,
                "retention_policy": []
              }
            ],
            "name": "dtf-work-file-pe.nic.ed4e87e0-cd69-4f5d-b032-768bd3b0c6d5-diagnostic",
            "partner_solution_id": null,
            "storage_account_id": null,
            "target_resource_id": "/subscriptions/d94fe338-52d8-4a44-acd4-4f8301adf2cf/resourceGroups/dtf-work-spoke-rg/providers/Microsoft.Network/networkInterfaces/dtf-work-file-pe.nic.ed4e87e0-cd69-4f5d-b032-768bd3b0c6d5",
            "timeouts": null
          },
          "sensitive_attributes": [],
          "private": "eyJlMmJmYjczMC1lY2FhLTExZTYtOGY4OC0zNDM2M2JjN2M0YzAiOnsiY3JlYXRlIjoxODAwMDAwMDAwMDAwLCJkZWxldGUiOjM2MDAwMDAwMDAwMDAsInJlYWQiOjMwMDAwMDAwMDAwMCwidXBkYXRlIjoxODAwMDAwMDAwMDAwfX0=",
          "dependencies": [
            "azurerm_resource_group.hub",
            "azurerm_resource_group.work",
            "module.hub_log_analytics.azurerm_log_analytics_workspace.log_analytics",
            "module.work_network_security_groups.azurerm_network_security_group.nsg",
            "module.work_network_security_groups.azurerm_network_security_rule.rules",
            "module.work_network_security_groups.module.nsg_diagnostic.azurerm_monitor_diagnostic_setting.diagnostics",
            "module.work_network_security_groups.module.nsg_diagnostic.data.azurerm_monitor_diagnostic_categories.categories",
            "module.work_route_tables.azurerm_route.routes",
            "module.work_route_tables.azurerm_route_table.rt",
            "module.work_storage_account.azurerm_storage_account.storage",
            "module.work_subresources_private_endpoints.azurerm_private_dns_zone.dns_zone",
            "module.work_subresources_private_endpoints.azurerm_private_endpoint.private_endpoint",
            "module.work_subresources_private_endpoints.module.nic-diagnostic.data.azurerm_monitor_diagnostic_categories.categories",
            "module.work_virtual_network.azurerm_resource_group_template_deployment.subnets",
            "module.work_virtual_network.azurerm_virtual_network.vnet"
          ]
        }
      ]
    },
    {
      "module": "module.work_subresources_private_endpoints[\"queue\"]",
      "mode": "managed",
      "type": "azurerm_private_dns_zone",
      "name": "dns_zone",
      "provider": "provider[\"registry.terraform.io/hashicorp/azurerm\"]",
      "instances": [
        {
          "index_key": 0,
          "schema_version": 0,
          "attributes": {
            "id": "/subscriptions/d94fe338-52d8-4a44-acd4-4f8301adf2cf/resourceGroups/dtf-work-spoke-rg/providers/Microsoft.Network/privateDnsZones/privatelink.queue.core.windows.net",
            "max_number_of_record_sets": 25000,
            "max_number_of_virtual_network_links": 1000,
            "max_number_of_virtual_network_links_with_registration": 100,
            "name": "privatelink.queue.core.windows.net",
            "number_of_record_sets": 1,
            "resource_group_name": "dtf-work-spoke-rg",
            "soa_record": [
              {
                "email": "azureprivatedns-host.microsoft.com",
                "expire_time": 2419200,
                "fqdn": "privatelink.queue.core.windows.net.",
                "host_name": "azureprivatedns.net",
                "minimum_ttl": 10,
                "refresh_time": 3600,
                "retry_time": 300,
                "serial_number": 1,
                "tags": {},
                "ttl": 3600
              }
            ],
            "tags": {
              "CreationDateTime": "2023-08-01T10:46:17.2637162Z",
              "Environment": "Dev"
            },
            "timeouts": null
          },
          "sensitive_attributes": [],
          "private": "eyJlMmJmYjczMC1lY2FhLTExZTYtOGY4OC0zNDM2M2JjN2M0YzAiOnsiY3JlYXRlIjoxODAwMDAwMDAwMDAwLCJkZWxldGUiOjE4MDAwMDAwMDAwMDAsInJlYWQiOjMwMDAwMDAwMDAwMCwidXBkYXRlIjoxODAwMDAwMDAwMDAwfX0=",
          "dependencies": [
            "azurerm_resource_group.work"
          ]
        }
      ]
    },
    {
      "module": "module.work_subresources_private_endpoints[\"queue\"]",
      "mode": "managed",
      "type": "azurerm_private_dns_zone_virtual_network_link",
      "name": "vnet_links",
      "provider": "provider[\"registry.terraform.io/hashicorp/azurerm\"]",
      "instances": [
        {
          "index_key": "work-link",
          "schema_version": 0,
          "attributes": {
            "id": "/subscriptions/d94fe338-52d8-4a44-acd4-4f8301adf2cf/resourceGroups/dtf-work-spoke-rg/providers/Microsoft.Network/privateDnsZones/privatelink.queue.core.windows.net/virtualNetworkLinks/work-link",
            "name": "work-link",
            "private_dns_zone_name": "privatelink.queue.core.windows.net",
            "registration_enabled": false,
            "resource_group_name": "dtf-work-spoke-rg",
            "tags": {
              "CreationDateTime": "2023-08-01T10:46:59.8000348Z",
              "Environment": "Dev"
            },
            "timeouts": null,
            "virtual_network_id": "/subscriptions/d94fe338-52d8-4a44-acd4-4f8301adf2cf/resourceGroups/dtf-work-spoke-rg/providers/Microsoft.Network/virtualNetworks/dtf-work-vnet"
          },
          "sensitive_attributes": [],
          "private": "eyJlMmJmYjczMC1lY2FhLTExZTYtOGY4OC0zNDM2M2JjN2M0YzAiOnsiY3JlYXRlIjoxODAwMDAwMDAwMDAwLCJkZWxldGUiOjE4MDAwMDAwMDAwMDAsInJlYWQiOjMwMDAwMDAwMDAwMCwidXBkYXRlIjoxODAwMDAwMDAwMDAwfX0=",
          "dependencies": [
            "azurerm_resource_group.work",
            "module.work_subresources_private_endpoints.azurerm_private_dns_zone.dns_zone",
            "module.work_virtual_network.azurerm_virtual_network.vnet"
          ]
        }
      ]
    },
    {
      "module": "module.work_subresources_private_endpoints[\"queue\"]",
      "mode": "managed",
      "type": "azurerm_private_endpoint",
      "name": "private_endpoint",
      "provider": "provider[\"registry.terraform.io/hashicorp/azurerm\"]",
      "instances": [
        {
          "schema_version": 0,
          "attributes": {
            "custom_dns_configs": [],
            "custom_network_interface_name": "",
            "id": "/subscriptions/d94fe338-52d8-4a44-acd4-4f8301adf2cf/resourceGroups/dtf-work-spoke-rg/providers/Microsoft.Network/privateEndpoints/dtf-work-queue-pe",
            "ip_configuration": [],
            "location": "westeurope",
            "name": "dtf-work-queue-pe",
            "network_interface": [
              {
                "id": "/subscriptions/d94fe338-52d8-4a44-acd4-4f8301adf2cf/resourceGroups/dtf-work-spoke-rg/providers/Microsoft.Network/networkInterfaces/dtf-work-queue-pe.nic.809154da-4024-4f65-a226-4cd8bbda5054",
                "name": "dtf-work-queue-pe.nic.809154da-4024-4f65-a226-4cd8bbda5054"
              }
            ],
            "private_dns_zone_configs": [
              {
                "id": "/subscriptions/d94fe338-52d8-4a44-acd4-4f8301adf2cf/resourceGroups/dtf-work-spoke-rg/providers/Microsoft.Network/privateEndpoints/dtf-work-queue-pe/privateDnsZoneGroups/private-endpoint/privateDnsZoneConfigs/privatelink.queue.core.windows.net",
                "name": "privatelink.queue.core.windows.net",
                "private_dns_zone_id": "/subscriptions/d94fe338-52d8-4a44-acd4-4f8301adf2cf/resourceGroups/dtf-work-spoke-rg/providers/Microsoft.Network/privateDnsZones/privatelink.queue.core.windows.net",
                "record_sets": [
                  {
                    "fqdn": "dtfworkstorage.privatelink.queue.core.windows.net",
                    "ip_addresses": [
                      "10.1.1.6"
                    ],
                    "name": "dtfworkstorage",
                    "ttl": 10,
                    "type": "A"
                  }
                ]
              }
            ],
            "private_dns_zone_group": [
              {
                "id": "/subscriptions/d94fe338-52d8-4a44-acd4-4f8301adf2cf/resourceGroups/dtf-work-spoke-rg/providers/Microsoft.Network/privateEndpoints/dtf-work-queue-pe/privateDnsZoneGroups/private-endpoint",
                "name": "private-endpoint",
                "private_dns_zone_ids": [
                  "/subscriptions/d94fe338-52d8-4a44-acd4-4f8301adf2cf/resourceGroups/dtf-work-spoke-rg/providers/Microsoft.Network/privateDnsZones/privatelink.queue.core.windows.net"
                ]
              }
            ],
            "private_service_connection": [
              {
                "is_manual_connection": false,
                "name": "private-connection",
                "private_connection_resource_alias": "",
                "private_connection_resource_id": "/subscriptions/d94fe338-52d8-4a44-acd4-4f8301adf2cf/resourceGroups/dtf-work-spoke-rg/providers/Microsoft.Storage/storageAccounts/dtfworkstorage",
                "private_ip_address": "10.1.1.6",
                "request_message": "",
                "subresource_names": [
                  "queue"
                ]
              }
            ],
            "resource_group_name": "dtf-work-spoke-rg",
            "subnet_id": "/subscriptions/d94fe338-52d8-4a44-acd4-4f8301adf2cf/resourceGroups/dtf-work-spoke-rg/providers/Microsoft.Network/virtualNetworks/dtf-work-vnet/subnets/StorageSubnet",
            "tags": {
              "CreationDateTime": "2023-08-01T10:50:03.3674191Z",
              "Environment": "Dev"
            },
            "timeouts": null
          },
          "sensitive_attributes": [],
          "private": "eyJlMmJmYjczMC1lY2FhLTExZTYtOGY4OC0zNDM2M2JjN2M0YzAiOnsiY3JlYXRlIjozNjAwMDAwMDAwMDAwLCJkZWxldGUiOjM2MDAwMDAwMDAwMDAsInJlYWQiOjMwMDAwMDAwMDAwMCwidXBkYXRlIjozNjAwMDAwMDAwMDAwfX0=",
          "dependencies": [
            "azurerm_resource_group.hub",
            "azurerm_resource_group.work",
            "module.hub_log_analytics.azurerm_log_analytics_workspace.log_analytics",
            "module.work_network_security_groups.azurerm_network_security_group.nsg",
            "module.work_network_security_groups.azurerm_network_security_rule.rules",
            "module.work_network_security_groups.module.nsg_diagnostic.azurerm_monitor_diagnostic_setting.diagnostics",
            "module.work_network_security_groups.module.nsg_diagnostic.data.azurerm_monitor_diagnostic_categories.categories",
            "module.work_route_tables.azurerm_route.routes",
            "module.work_route_tables.azurerm_route_table.rt",
            "module.work_storage_account.azurerm_storage_account.storage",
            "module.work_subresources_private_endpoints.azurerm_private_dns_zone.dns_zone",
            "module.work_virtual_network.azurerm_resource_group_template_deployment.subnets",
            "module.work_virtual_network.azurerm_virtual_network.vnet"
          ]
        }
      ]
    },
    {
      "module": "module.work_subresources_private_endpoints[\"queue\"].module.nic-diagnostic",
      "mode": "data",
      "type": "azurerm_monitor_diagnostic_categories",
      "name": "categories",
      "provider": "provider[\"registry.terraform.io/hashicorp/azurerm\"]",
      "instances": [
        {
          "schema_version": 0,
          "attributes": {
            "id": "/subscriptions/d94fe338-52d8-4a44-acd4-4f8301adf2cf/resourceGroups/dtf-work-spoke-rg/providers/Microsoft.Network/networkInterfaces/dtf-work-queue-pe.nic.809154da-4024-4f65-a226-4cd8bbda5054",
            "log_category_groups": [],
            "log_category_types": [],
            "logs": [],
            "metrics": [
              "AllMetrics"
            ],
            "resource_id": "/subscriptions/d94fe338-52d8-4a44-acd4-4f8301adf2cf/resourceGroups/dtf-work-spoke-rg/providers/Microsoft.Network/networkInterfaces/dtf-work-queue-pe.nic.809154da-4024-4f65-a226-4cd8bbda5054",
            "timeouts": null
          },
          "sensitive_attributes": []
        }
      ]
    },
    {
      "module": "module.work_subresources_private_endpoints[\"queue\"].module.nic-diagnostic",
      "mode": "managed",
      "type": "azurerm_monitor_diagnostic_setting",
      "name": "diagnostics",
      "provider": "provider[\"registry.terraform.io/hashicorp/azurerm\"]",
      "instances": [
        {
          "schema_version": 0,
          "attributes": {
            "enabled_log": [],
            "eventhub_authorization_rule_id": "",
            "eventhub_name": "",
            "id": "/subscriptions/d94fe338-52d8-4a44-acd4-4f8301adf2cf/resourceGroups/dtf-work-spoke-rg/providers/Microsoft.Network/networkInterfaces/dtf-work-queue-pe.nic.809154da-4024-4f65-a226-4cd8bbda5054|dtf-work-queue-pe.nic.809154da-4024-4f65-a226-4cd8bbda5054-diagnostic",
            "log": [],
            "log_analytics_destination_type": "",
            "log_analytics_workspace_id": "/subscriptions/d94fe338-52d8-4a44-acd4-4f8301adf2cf/resourceGroups/dtf-hub-rg/providers/Microsoft.OperationalInsights/workspaces/dtf-hub-log-analytics-workspace",
            "metric": [
              {
                "category": "AllMetrics",
                "enabled": true,
                "retention_policy": []
              }
            ],
            "name": "dtf-work-queue-pe.nic.809154da-4024-4f65-a226-4cd8bbda5054-diagnostic",
            "partner_solution_id": null,
            "storage_account_id": null,
            "target_resource_id": "/subscriptions/d94fe338-52d8-4a44-acd4-4f8301adf2cf/resourceGroups/dtf-work-spoke-rg/providers/Microsoft.Network/networkInterfaces/dtf-work-queue-pe.nic.809154da-4024-4f65-a226-4cd8bbda5054",
            "timeouts": null
          },
          "sensitive_attributes": [],
          "private": "eyJlMmJmYjczMC1lY2FhLTExZTYtOGY4OC0zNDM2M2JjN2M0YzAiOnsiY3JlYXRlIjoxODAwMDAwMDAwMDAwLCJkZWxldGUiOjM2MDAwMDAwMDAwMDAsInJlYWQiOjMwMDAwMDAwMDAwMCwidXBkYXRlIjoxODAwMDAwMDAwMDAwfX0=",
          "dependencies": [
            "azurerm_resource_group.hub",
            "azurerm_resource_group.work",
            "module.hub_log_analytics.azurerm_log_analytics_workspace.log_analytics",
            "module.work_network_security_groups.azurerm_network_security_group.nsg",
            "module.work_network_security_groups.azurerm_network_security_rule.rules",
            "module.work_network_security_groups.module.nsg_diagnostic.azurerm_monitor_diagnostic_setting.diagnostics",
            "module.work_network_security_groups.module.nsg_diagnostic.data.azurerm_monitor_diagnostic_categories.categories",
            "module.work_route_tables.azurerm_route.routes",
            "module.work_route_tables.azurerm_route_table.rt",
            "module.work_storage_account.azurerm_storage_account.storage",
            "module.work_subresources_private_endpoints.azurerm_private_dns_zone.dns_zone",
            "module.work_subresources_private_endpoints.azurerm_private_endpoint.private_endpoint",
            "module.work_subresources_private_endpoints.module.nic-diagnostic.data.azurerm_monitor_diagnostic_categories.categories",
            "module.work_virtual_network.azurerm_resource_group_template_deployment.subnets",
            "module.work_virtual_network.azurerm_virtual_network.vnet"
          ]
        }
      ]
    },
    {
      "module": "module.work_subresources_private_endpoints[\"table\"]",
      "mode": "managed",
      "type": "azurerm_private_dns_zone",
      "name": "dns_zone",
      "provider": "provider[\"registry.terraform.io/hashicorp/azurerm\"]",
      "instances": [
        {
          "index_key": 0,
          "schema_version": 0,
          "attributes": {
            "id": "/subscriptions/d94fe338-52d8-4a44-acd4-4f8301adf2cf/resourceGroups/dtf-work-spoke-rg/providers/Microsoft.Network/privateDnsZones/privatelink.table.core.windows.net",
            "max_number_of_record_sets": 25000,
            "max_number_of_virtual_network_links": 1000,
            "max_number_of_virtual_network_links_with_registration": 100,
            "name": "privatelink.table.core.windows.net",
            "number_of_record_sets": 1,
            "resource_group_name": "dtf-work-spoke-rg",
            "soa_record": [
              {
                "email": "azureprivatedns-host.microsoft.com",
                "expire_time": 2419200,
                "fqdn": "privatelink.table.core.windows.net.",
                "host_name": "azureprivatedns.net",
                "minimum_ttl": 10,
                "refresh_time": 3600,
                "retry_time": 300,
                "serial_number": 1,
                "tags": {},
                "ttl": 3600
              }
            ],
            "tags": {
              "CreationDateTime": "2023-08-01T10:46:16.5410461Z",
              "Environment": "Dev"
            },
            "timeouts": null
          },
          "sensitive_attributes": [],
          "private": "eyJlMmJmYjczMC1lY2FhLTExZTYtOGY4OC0zNDM2M2JjN2M0YzAiOnsiY3JlYXRlIjoxODAwMDAwMDAwMDAwLCJkZWxldGUiOjE4MDAwMDAwMDAwMDAsInJlYWQiOjMwMDAwMDAwMDAwMCwidXBkYXRlIjoxODAwMDAwMDAwMDAwfX0=",
          "dependencies": [
            "azurerm_resource_group.work"
          ]
        }
      ]
    },
    {
      "module": "module.work_subresources_private_endpoints[\"table\"]",
      "mode": "managed",
      "type": "azurerm_private_dns_zone_virtual_network_link",
      "name": "vnet_links",
      "provider": "provider[\"registry.terraform.io/hashicorp/azurerm\"]",
      "instances": [
        {
          "index_key": "work-link",
          "schema_version": 0,
          "attributes": {
            "id": "/subscriptions/d94fe338-52d8-4a44-acd4-4f8301adf2cf/resourceGroups/dtf-work-spoke-rg/providers/Microsoft.Network/privateDnsZones/privatelink.table.core.windows.net/virtualNetworkLinks/work-link",
            "name": "work-link",
            "private_dns_zone_name": "privatelink.table.core.windows.net",
            "registration_enabled": false,
            "resource_group_name": "dtf-work-spoke-rg",
            "tags": {
              "CreationDateTime": "2023-08-01T10:46:59.2094072Z",
              "Environment": "Dev"
            },
            "timeouts": null,
            "virtual_network_id": "/subscriptions/d94fe338-52d8-4a44-acd4-4f8301adf2cf/resourceGroups/dtf-work-spoke-rg/providers/Microsoft.Network/virtualNetworks/dtf-work-vnet"
          },
          "sensitive_attributes": [],
          "private": "eyJlMmJmYjczMC1lY2FhLTExZTYtOGY4OC0zNDM2M2JjN2M0YzAiOnsiY3JlYXRlIjoxODAwMDAwMDAwMDAwLCJkZWxldGUiOjE4MDAwMDAwMDAwMDAsInJlYWQiOjMwMDAwMDAwMDAwMCwidXBkYXRlIjoxODAwMDAwMDAwMDAwfX0=",
          "dependencies": [
            "azurerm_resource_group.work",
            "module.work_subresources_private_endpoints.azurerm_private_dns_zone.dns_zone",
            "module.work_virtual_network.azurerm_virtual_network.vnet"
          ]
        }
      ]
    },
    {
      "module": "module.work_subresources_private_endpoints[\"table\"]",
      "mode": "managed",
      "type": "azurerm_private_endpoint",
      "name": "private_endpoint",
      "provider": "provider[\"registry.terraform.io/hashicorp/azurerm\"]",
      "instances": [
        {
          "schema_version": 0,
          "attributes": {
            "custom_dns_configs": [],
            "custom_network_interface_name": "",
            "id": "/subscriptions/d94fe338-52d8-4a44-acd4-4f8301adf2cf/resourceGroups/dtf-work-spoke-rg/providers/Microsoft.Network/privateEndpoints/dtf-work-table-pe",
            "ip_configuration": [],
            "location": "westeurope",
            "name": "dtf-work-table-pe",
            "network_interface": [
              {
                "id": "/subscriptions/d94fe338-52d8-4a44-acd4-4f8301adf2cf/resourceGroups/dtf-work-spoke-rg/providers/Microsoft.Network/networkInterfaces/dtf-work-table-pe.nic.15708be8-65ff-430e-9a49-c226191b393b",
                "name": "dtf-work-table-pe.nic.15708be8-65ff-430e-9a49-c226191b393b"
              }
            ],
            "private_dns_zone_configs": [
              {
                "id": "/subscriptions/d94fe338-52d8-4a44-acd4-4f8301adf2cf/resourceGroups/dtf-work-spoke-rg/providers/Microsoft.Network/privateEndpoints/dtf-work-table-pe/privateDnsZoneGroups/private-endpoint/privateDnsZoneConfigs/privatelink.table.core.windows.net",
                "name": "privatelink.table.core.windows.net",
                "private_dns_zone_id": "/subscriptions/d94fe338-52d8-4a44-acd4-4f8301adf2cf/resourceGroups/dtf-work-spoke-rg/providers/Microsoft.Network/privateDnsZones/privatelink.table.core.windows.net",
                "record_sets": [
                  {
                    "fqdn": "dtfworkstorage.privatelink.table.core.windows.net",
                    "ip_addresses": [
                      "10.1.1.5"
                    ],
                    "name": "dtfworkstorage",
                    "ttl": 10,
                    "type": "A"
                  }
                ]
              }
            ],
            "private_dns_zone_group": [
              {
                "id": "/subscriptions/d94fe338-52d8-4a44-acd4-4f8301adf2cf/resourceGroups/dtf-work-spoke-rg/providers/Microsoft.Network/privateEndpoints/dtf-work-table-pe/privateDnsZoneGroups/private-endpoint",
                "name": "private-endpoint",
                "private_dns_zone_ids": [
                  "/subscriptions/d94fe338-52d8-4a44-acd4-4f8301adf2cf/resourceGroups/dtf-work-spoke-rg/providers/Microsoft.Network/privateDnsZones/privatelink.table.core.windows.net"
                ]
              }
            ],
            "private_service_connection": [
              {
                "is_manual_connection": false,
                "name": "private-connection",
                "private_connection_resource_alias": "",
                "private_connection_resource_id": "/subscriptions/d94fe338-52d8-4a44-acd4-4f8301adf2cf/resourceGroups/dtf-work-spoke-rg/providers/Microsoft.Storage/storageAccounts/dtfworkstorage",
                "private_ip_address": "10.1.1.5",
                "request_message": "",
                "subresource_names": [
                  "table"
                ]
              }
            ],
            "resource_group_name": "dtf-work-spoke-rg",
            "subnet_id": "/subscriptions/d94fe338-52d8-4a44-acd4-4f8301adf2cf/resourceGroups/dtf-work-spoke-rg/providers/Microsoft.Network/virtualNetworks/dtf-work-vnet/subnets/StorageSubnet",
            "tags": {
              "CreationDateTime": "2023-08-01T10:49:07.3030569Z",
              "Environment": "Dev"
            },
            "timeouts": null
          },
          "sensitive_attributes": [],
          "private": "eyJlMmJmYjczMC1lY2FhLTExZTYtOGY4OC0zNDM2M2JjN2M0YzAiOnsiY3JlYXRlIjozNjAwMDAwMDAwMDAwLCJkZWxldGUiOjM2MDAwMDAwMDAwMDAsInJlYWQiOjMwMDAwMDAwMDAwMCwidXBkYXRlIjozNjAwMDAwMDAwMDAwfX0=",
          "dependencies": [
            "azurerm_resource_group.hub",
            "azurerm_resource_group.work",
            "module.hub_log_analytics.azurerm_log_analytics_workspace.log_analytics",
            "module.work_network_security_groups.azurerm_network_security_group.nsg",
            "module.work_network_security_groups.azurerm_network_security_rule.rules",
            "module.work_network_security_groups.module.nsg_diagnostic.azurerm_monitor_diagnostic_setting.diagnostics",
            "module.work_network_security_groups.module.nsg_diagnostic.data.azurerm_monitor_diagnostic_categories.categories",
            "module.work_route_tables.azurerm_route.routes",
            "module.work_route_tables.azurerm_route_table.rt",
            "module.work_storage_account.azurerm_storage_account.storage",
            "module.work_subresources_private_endpoints.azurerm_private_dns_zone.dns_zone",
            "module.work_virtual_network.azurerm_resource_group_template_deployment.subnets",
            "module.work_virtual_network.azurerm_virtual_network.vnet"
          ]
        }
      ]
    },
    {
      "module": "module.work_subresources_private_endpoints[\"table\"].module.nic-diagnostic",
      "mode": "data",
      "type": "azurerm_monitor_diagnostic_categories",
      "name": "categories",
      "provider": "provider[\"registry.terraform.io/hashicorp/azurerm\"]",
      "instances": [
        {
          "schema_version": 0,
          "attributes": {
            "id": "/subscriptions/d94fe338-52d8-4a44-acd4-4f8301adf2cf/resourceGroups/dtf-work-spoke-rg/providers/Microsoft.Network/networkInterfaces/dtf-work-table-pe.nic.15708be8-65ff-430e-9a49-c226191b393b",
            "log_category_groups": [],
            "log_category_types": [],
            "logs": [],
            "metrics": [
              "AllMetrics"
            ],
            "resource_id": "/subscriptions/d94fe338-52d8-4a44-acd4-4f8301adf2cf/resourceGroups/dtf-work-spoke-rg/providers/Microsoft.Network/networkInterfaces/dtf-work-table-pe.nic.15708be8-65ff-430e-9a49-c226191b393b",
            "timeouts": null
          },
          "sensitive_attributes": []
        }
      ]
    },
    {
      "module": "module.work_subresources_private_endpoints[\"table\"].module.nic-diagnostic",
      "mode": "managed",
      "type": "azurerm_monitor_diagnostic_setting",
      "name": "diagnostics",
      "provider": "provider[\"registry.terraform.io/hashicorp/azurerm\"]",
      "instances": [
        {
          "schema_version": 0,
          "attributes": {
            "enabled_log": [],
            "eventhub_authorization_rule_id": "",
            "eventhub_name": "",
            "id": "/subscriptions/d94fe338-52d8-4a44-acd4-4f8301adf2cf/resourceGroups/dtf-work-spoke-rg/providers/Microsoft.Network/networkInterfaces/dtf-work-table-pe.nic.15708be8-65ff-430e-9a49-c226191b393b|dtf-work-table-pe.nic.15708be8-65ff-430e-9a49-c226191b393b-diagnostic",
            "log": [],
            "log_analytics_destination_type": "",
            "log_analytics_workspace_id": "/subscriptions/d94fe338-52d8-4a44-acd4-4f8301adf2cf/resourceGroups/dtf-hub-rg/providers/Microsoft.OperationalInsights/workspaces/dtf-hub-log-analytics-workspace",
            "metric": [
              {
                "category": "AllMetrics",
                "enabled": true,
                "retention_policy": []
              }
            ],
            "name": "dtf-work-table-pe.nic.15708be8-65ff-430e-9a49-c226191b393b-diagnostic",
            "partner_solution_id": null,
            "storage_account_id": null,
            "target_resource_id": "/subscriptions/d94fe338-52d8-4a44-acd4-4f8301adf2cf/resourceGroups/dtf-work-spoke-rg/providers/Microsoft.Network/networkInterfaces/dtf-work-table-pe.nic.15708be8-65ff-430e-9a49-c226191b393b",
            "timeouts": null
          },
          "sensitive_attributes": [],
          "private": "eyJlMmJmYjczMC1lY2FhLTExZTYtOGY4OC0zNDM2M2JjN2M0YzAiOnsiY3JlYXRlIjoxODAwMDAwMDAwMDAwLCJkZWxldGUiOjM2MDAwMDAwMDAwMDAsInJlYWQiOjMwMDAwMDAwMDAwMCwidXBkYXRlIjoxODAwMDAwMDAwMDAwfX0=",
          "dependencies": [
            "azurerm_resource_group.hub",
            "azurerm_resource_group.work",
            "module.hub_log_analytics.azurerm_log_analytics_workspace.log_analytics",
            "module.work_network_security_groups.azurerm_network_security_group.nsg",
            "module.work_network_security_groups.azurerm_network_security_rule.rules",
            "module.work_network_security_groups.module.nsg_diagnostic.azurerm_monitor_diagnostic_setting.diagnostics",
            "module.work_network_security_groups.module.nsg_diagnostic.data.azurerm_monitor_diagnostic_categories.categories",
            "module.work_route_tables.azurerm_route.routes",
            "module.work_route_tables.azurerm_route_table.rt",
            "module.work_storage_account.azurerm_storage_account.storage",
            "module.work_subresources_private_endpoints.azurerm_private_dns_zone.dns_zone",
            "module.work_subresources_private_endpoints.azurerm_private_endpoint.private_endpoint",
            "module.work_subresources_private_endpoints.module.nic-diagnostic.data.azurerm_monitor_diagnostic_categories.categories",
            "module.work_virtual_network.azurerm_resource_group_template_deployment.subnets",
            "module.work_virtual_network.azurerm_virtual_network.vnet"
          ]
        }
      ]
    },
    {
      "module": "module.work_virtual_network",
      "mode": "managed",
      "type": "azurerm_resource_group_template_deployment",
      "name": "subnets",
      "provider": "provider[\"registry.terraform.io/hashicorp/azurerm\"]",
      "instances": [
        {
          "index_key": "AKSSubnet",
          "schema_version": 0,
          "attributes": {
            "debug_level": "",
            "deployment_mode": "Incremental",
            "id": "/subscriptions/d94fe338-52d8-4a44-acd4-4f8301adf2cf/resourceGroups/dtf-work-spoke-rg/providers/Microsoft.Resources/deployments/AKSSubnet-template",
            "name": "AKSSubnet-template",
            "output_content": "{\"subnet_id\":{\"type\":\"String\",\"value\":\"/subscriptions/d94fe338-52d8-4a44-acd4-4f8301adf2cf/resourceGroups/dtf-work-spoke-rg/providers/Microsoft.Network/virtualNetworks/dtf-work-vnet/subnets/AKSSubnet\"}}",
            "parameters_content": "{\"network_security_group_id\":{\"value\":\"/subscriptions/d94fe338-52d8-4a44-acd4-4f8301adf2cf/resourceGroups/dtf-work-spoke-rg/providers/Microsoft.Network/networkSecurityGroups/work-AKSSubnet-nsg\"},\"route_table_id\":{\"value\":\"/subscriptions/d94fe338-52d8-4a44-acd4-4f8301adf2cf/resourceGroups/dtf-work-spoke-rg/providers/Microsoft.Network/routeTables/work-rt\"},\"subnet_address_prefix\":{\"value\":\"10.1.2.0/24\"},\"subnet_name\":{\"value\":\"AKSSubnet\"},\"vnet_name\":{\"value\":\"dtf-work-vnet\"}}",
            "resource_group_name": "dtf-work-spoke-rg",
            "tags": null,
            "template_content": "{\"$schema\":\"http://schema.management.azure.com/schemas/2015-01-01/deploymentTemplate.json#\",\"contentVersion\":\"1.0.0.0\",\"outputs\":{\"subnet_id\":{\"type\":\"String\",\"value\":\"[resourceId('Microsoft.Network/virtualNetworks/subnets', parameters('vnet_name'), parameters('subnet_name'))]\"}},\"parameters\":{\"network_security_group_id\":{\"type\":\"String\"},\"route_table_id\":{\"type\":\"String\"},\"subnet_address_prefix\":{\"type\":\"String\"},\"subnet_name\":{\"type\":\"String\"},\"vnet_name\":{\"type\":\"String\"}},\"resources\":[{\"apiVersion\":\"2022-11-01\",\"name\":\"[concat(parameters('vnet_name'), '/', parameters('subnet_name'))]\",\"properties\":{\"addressPrefix\":\"[parameters('subnet_address_prefix')]\",\"networkSecurityGroup\":\"[if(equals(parameters('network_security_group_id'),''), json('null'), json(concat('{\\\"id\\\": \\\"', parameters('network_security_group_id'), '\\\"}')))]\",\"routeTable\":\"[if(equals(parameters('route_table_id'),''), json('null'), json(concat('{\\\"id\\\": \\\"', parameters('route_table_id'), '\\\"}')))]\"},\"type\":\"Microsoft.Network/virtualNetworks/subnets\"}]}",
            "template_spec_version_id": "",
            "timeouts": null
          },
          "sensitive_attributes": [],
          "private": "eyJlMmJmYjczMC1lY2FhLTExZTYtOGY4OC0zNDM2M2JjN2M0YzAiOnsiY3JlYXRlIjoxMDgwMDAwMDAwMDAwMCwiZGVsZXRlIjoxMDgwMDAwMDAwMDAwMCwicmVhZCI6MzAwMDAwMDAwMDAwLCJ1cGRhdGUiOjEwODAwMDAwMDAwMDAwfX0=",
          "dependencies": [
            "azurerm_resource_group.hub",
            "azurerm_resource_group.work",
            "module.hub_log_analytics.azurerm_log_analytics_workspace.log_analytics",
            "module.work_network_security_groups.azurerm_network_security_group.nsg",
            "module.work_network_security_groups.azurerm_network_security_rule.rules",
            "module.work_network_security_groups.module.nsg_diagnostic.azurerm_monitor_diagnostic_setting.diagnostics",
            "module.work_network_security_groups.module.nsg_diagnostic.data.azurerm_monitor_diagnostic_categories.categories",
            "module.work_route_tables.azurerm_route.routes",
            "module.work_route_tables.azurerm_route_table.rt",
            "module.work_virtual_network.azurerm_virtual_network.vnet"
          ]
        },
        {
          "index_key": "StorageSubnet",
          "schema_version": 0,
          "attributes": {
            "debug_level": "",
            "deployment_mode": "Incremental",
            "id": "/subscriptions/d94fe338-52d8-4a44-acd4-4f8301adf2cf/resourceGroups/dtf-work-spoke-rg/providers/Microsoft.Resources/deployments/StorageSubnet-template",
            "name": "StorageSubnet-template",
            "output_content": "{\"subnet_id\":{\"type\":\"String\",\"value\":\"/subscriptions/d94fe338-52d8-4a44-acd4-4f8301adf2cf/resourceGroups/dtf-work-spoke-rg/providers/Microsoft.Network/virtualNetworks/dtf-work-vnet/subnets/StorageSubnet\"}}",
            "parameters_content": "{\"network_security_group_id\":{\"value\":\"/subscriptions/d94fe338-52d8-4a44-acd4-4f8301adf2cf/resourceGroups/dtf-work-spoke-rg/providers/Microsoft.Network/networkSecurityGroups/work-StorageSubnet-nsg\"},\"route_table_id\":{\"value\":\"/subscriptions/d94fe338-52d8-4a44-acd4-4f8301adf2cf/resourceGroups/dtf-work-spoke-rg/providers/Microsoft.Network/routeTables/work-rt\"},\"subnet_address_prefix\":{\"value\":\"10.1.1.0/24\"},\"subnet_name\":{\"value\":\"StorageSubnet\"},\"vnet_name\":{\"value\":\"dtf-work-vnet\"}}",
            "resource_group_name": "dtf-work-spoke-rg",
            "tags": null,
            "template_content": "{\"$schema\":\"http://schema.management.azure.com/schemas/2015-01-01/deploymentTemplate.json#\",\"contentVersion\":\"1.0.0.0\",\"outputs\":{\"subnet_id\":{\"type\":\"String\",\"value\":\"[resourceId('Microsoft.Network/virtualNetworks/subnets', parameters('vnet_name'), parameters('subnet_name'))]\"}},\"parameters\":{\"network_security_group_id\":{\"type\":\"String\"},\"route_table_id\":{\"type\":\"String\"},\"subnet_address_prefix\":{\"type\":\"String\"},\"subnet_name\":{\"type\":\"String\"},\"vnet_name\":{\"type\":\"String\"}},\"resources\":[{\"apiVersion\":\"2022-11-01\",\"name\":\"[concat(parameters('vnet_name'), '/', parameters('subnet_name'))]\",\"properties\":{\"addressPrefix\":\"[parameters('subnet_address_prefix')]\",\"networkSecurityGroup\":\"[if(equals(parameters('network_security_group_id'),''), json('null'), json(concat('{\\\"id\\\": \\\"', parameters('network_security_group_id'), '\\\"}')))]\",\"routeTable\":\"[if(equals(parameters('route_table_id'),''), json('null'), json(concat('{\\\"id\\\": \\\"', parameters('route_table_id'), '\\\"}')))]\"},\"type\":\"Microsoft.Network/virtualNetworks/subnets\"}]}",
            "template_spec_version_id": "",
            "timeouts": null
          },
          "sensitive_attributes": [],
          "private": "eyJlMmJmYjczMC1lY2FhLTExZTYtOGY4OC0zNDM2M2JjN2M0YzAiOnsiY3JlYXRlIjoxMDgwMDAwMDAwMDAwMCwiZGVsZXRlIjoxMDgwMDAwMDAwMDAwMCwicmVhZCI6MzAwMDAwMDAwMDAwLCJ1cGRhdGUiOjEwODAwMDAwMDAwMDAwfX0=",
          "dependencies": [
            "azurerm_resource_group.hub",
            "azurerm_resource_group.work",
            "module.hub_log_analytics.azurerm_log_analytics_workspace.log_analytics",
            "module.work_network_security_groups.azurerm_network_security_group.nsg",
            "module.work_network_security_groups.azurerm_network_security_rule.rules",
            "module.work_network_security_groups.module.nsg_diagnostic.azurerm_monitor_diagnostic_setting.diagnostics",
            "module.work_network_security_groups.module.nsg_diagnostic.data.azurerm_monitor_diagnostic_categories.categories",
            "module.work_route_tables.azurerm_route.routes",
            "module.work_route_tables.azurerm_route_table.rt",
            "module.work_virtual_network.azurerm_virtual_network.vnet"
          ]
        },
        {
          "index_key": "WorkSubnet",
          "schema_version": 0,
          "attributes": {
            "debug_level": "",
            "deployment_mode": "Incremental",
            "id": "/subscriptions/d94fe338-52d8-4a44-acd4-4f8301adf2cf/resourceGroups/dtf-work-spoke-rg/providers/Microsoft.Resources/deployments/WorkSubnet-template",
            "name": "WorkSubnet-template",
            "output_content": "{\"subnet_id\":{\"type\":\"String\",\"value\":\"/subscriptions/d94fe338-52d8-4a44-acd4-4f8301adf2cf/resourceGroups/dtf-work-spoke-rg/providers/Microsoft.Network/virtualNetworks/dtf-work-vnet/subnets/WorkSubnet\"}}",
            "parameters_content": "{\"network_security_group_id\":{\"value\":\"/subscriptions/d94fe338-52d8-4a44-acd4-4f8301adf2cf/resourceGroups/dtf-work-spoke-rg/providers/Microsoft.Network/networkSecurityGroups/work-WorkSubnet-nsg\"},\"route_table_id\":{\"value\":\"/subscriptions/d94fe338-52d8-4a44-acd4-4f8301adf2cf/resourceGroups/dtf-work-spoke-rg/providers/Microsoft.Network/routeTables/work-rt\"},\"subnet_address_prefix\":{\"value\":\"10.1.0.0/24\"},\"subnet_name\":{\"value\":\"WorkSubnet\"},\"vnet_name\":{\"value\":\"dtf-work-vnet\"}}",
            "resource_group_name": "dtf-work-spoke-rg",
            "tags": null,
            "template_content": "{\"$schema\":\"http://schema.management.azure.com/schemas/2015-01-01/deploymentTemplate.json#\",\"contentVersion\":\"1.0.0.0\",\"outputs\":{\"subnet_id\":{\"type\":\"String\",\"value\":\"[resourceId('Microsoft.Network/virtualNetworks/subnets', parameters('vnet_name'), parameters('subnet_name'))]\"}},\"parameters\":{\"network_security_group_id\":{\"type\":\"String\"},\"route_table_id\":{\"type\":\"String\"},\"subnet_address_prefix\":{\"type\":\"String\"},\"subnet_name\":{\"type\":\"String\"},\"vnet_name\":{\"type\":\"String\"}},\"resources\":[{\"apiVersion\":\"2022-11-01\",\"name\":\"[concat(parameters('vnet_name'), '/', parameters('subnet_name'))]\",\"properties\":{\"addressPrefix\":\"[parameters('subnet_address_prefix')]\",\"networkSecurityGroup\":\"[if(equals(parameters('network_security_group_id'),''), json('null'), json(concat('{\\\"id\\\": \\\"', parameters('network_security_group_id'), '\\\"}')))]\",\"routeTable\":\"[if(equals(parameters('route_table_id'),''), json('null'), json(concat('{\\\"id\\\": \\\"', parameters('route_table_id'), '\\\"}')))]\"},\"type\":\"Microsoft.Network/virtualNetworks/subnets\"}]}",
            "template_spec_version_id": "",
            "timeouts": null
          },
          "sensitive_attributes": [],
          "private": "eyJlMmJmYjczMC1lY2FhLTExZTYtOGY4OC0zNDM2M2JjN2M0YzAiOnsiY3JlYXRlIjoxMDgwMDAwMDAwMDAwMCwiZGVsZXRlIjoxMDgwMDAwMDAwMDAwMCwicmVhZCI6MzAwMDAwMDAwMDAwLCJ1cGRhdGUiOjEwODAwMDAwMDAwMDAwfX0=",
          "dependencies": [
            "azurerm_resource_group.hub",
            "azurerm_resource_group.work",
            "module.hub_log_analytics.azurerm_log_analytics_workspace.log_analytics",
            "module.work_network_security_groups.azurerm_network_security_group.nsg",
            "module.work_network_security_groups.azurerm_network_security_rule.rules",
            "module.work_network_security_groups.module.nsg_diagnostic.azurerm_monitor_diagnostic_setting.diagnostics",
            "module.work_network_security_groups.module.nsg_diagnostic.data.azurerm_monitor_diagnostic_categories.categories",
            "module.work_route_tables.azurerm_route.routes",
            "module.work_route_tables.azurerm_route_table.rt",
            "module.work_virtual_network.azurerm_virtual_network.vnet"
          ]
        }
      ]
    },
    {
      "module": "module.work_virtual_network",
      "mode": "managed",
      "type": "azurerm_virtual_network",
      "name": "vnet",
      "provider": "provider[\"registry.terraform.io/hashicorp/azurerm\"]",
      "instances": [
        {
          "schema_version": 0,
          "attributes": {
            "address_space": [
              "10.1.0.0/16"
            ],
            "bgp_community": "",
            "ddos_protection_plan": [],
            "dns_servers": [],
            "edge_zone": "",
            "flow_timeout_in_minutes": 0,
            "guid": "84b1bd08-7142-47fd-a3f3-fcf16918eec1",
            "id": "/subscriptions/d94fe338-52d8-4a44-acd4-4f8301adf2cf/resourceGroups/dtf-work-spoke-rg/providers/Microsoft.Network/virtualNetworks/dtf-work-vnet",
            "location": "westeurope",
            "name": "dtf-work-vnet",
            "resource_group_name": "dtf-work-spoke-rg",
            "subnet": [],
            "tags": {
              "CreationDateTime": "2023-08-01T10:46:12.8348670Z",
              "Environment": "Dev"
            },
            "timeouts": null
          },
          "sensitive_attributes": [],
          "private": "eyJlMmJmYjczMC1lY2FhLTExZTYtOGY4OC0zNDM2M2JjN2M0YzAiOnsiY3JlYXRlIjoxODAwMDAwMDAwMDAwLCJkZWxldGUiOjE4MDAwMDAwMDAwMDAsInJlYWQiOjMwMDAwMDAwMDAwMCwidXBkYXRlIjoxODAwMDAwMDAwMDAwfX0=",
          "dependencies": [
            "azurerm_resource_group.work"
          ]
        }
      ]
    },
    {
      "module": "module.work_vm",
      "mode": "managed",
      "type": "azurerm_linux_virtual_machine",
      "name": "vms",
      "provider": "provider[\"registry.terraform.io/hashicorp/azurerm\"]",
      "instances": []
    },
    {
      "module": "module.work_vm",
      "mode": "managed",
      "type": "azurerm_public_ip",
      "name": "ips",
      "provider": "provider[\"registry.terraform.io/hashicorp/azurerm\"]",
      "instances": []
    },
    {
      "module": "module.work_vm",
      "mode": "managed",
      "type": "azurerm_windows_virtual_machine",
      "name": "vms",
      "provider": "provider[\"registry.terraform.io/hashicorp/azurerm\"]",
      "instances": []
    },
    {
      "module": "module.work_vm.module.nic_diagnostic[0]",
      "mode": "data",
      "type": "azurerm_monitor_diagnostic_categories",
      "name": "categories",
      "provider": "provider[\"registry.terraform.io/hashicorp/azurerm\"]",
      "instances": []
    }
  ],
  "check_results": null
}
