{
  "version": 4,
  "terraform_version": "1.4.6",
  "serial": 906,
  "lineage": "05f2ab5a-922e-3e0e-93e2-38e4f97939bc",
  "outputs": {},
  "resources": [
    {
      "mode": "data",
      "type": "azurerm_log_analytics_workspace",
      "name": "activity",
      "provider": "provider[\"registry.terraform.io/hashicorp/azurerm\"]",
      "instances": [
        {
          "schema_version": 0,
          "attributes": {
            "daily_quota_gb": -1,
            "id": "/subscriptions/d94fe338-52d8-4a44-acd4-4f8301adf2cf/resourceGroups/dor-hub-n-spoke/providers/Microsoft.OperationalInsights/workspaces/activity-monitor-log-workspace",
            "location": "eastus",
            "name": "activity-monitor-log-workspace",
            "primary_shared_key": "rOKNsZZme/kRj1tzZMP5kfjOIRmGBEbVlwLuLmU7YDRmWFEwcQx+9w35tA4I43QfO5JxBcMyoH2rb3dTQzgWfA==",
            "resource_group_name": "dor-hub-n-spoke",
            "retention_in_days": 30,
            "secondary_shared_key": "Bw/vPT6oej9Pw5mZAgDD6VeAHoP4PJOieqKZ2QRPFXt9QnAfY+s6AdbpJBeq8L9uyP/p7S15y/9oMue4J4vaIw==",
            "sku": "pergb2018",
            "tags": {
              "CreationDateTime": "2023-05-10T12:29:50.5869773Z",
              "Creator": "Dor Almog",
              "Environment": "Dev",
              "ProjectName": "dor-hubnspoke"
            },
            "timeouts": null,
            "workspace_id": "b6161c85-5595-4abc-a570-934bd608a4fb"
          },
          "sensitive_attributes": []
        }
      ]
    },
    {
      "mode": "managed",
      "type": "azurerm_container_registry",
      "name": "hub_acr",
      "provider": "provider[\"registry.terraform.io/hashicorp/azurerm\"]",
      "instances": [
        {
          "schema_version": 2,
          "attributes": {
            "admin_enabled": false,
            "admin_password": "",
            "admin_username": "",
            "anonymous_pull_enabled": false,
            "data_endpoint_enabled": false,
            "encryption": [
              {
                "enabled": false,
                "identity_client_id": "",
                "key_vault_key_id": ""
              }
            ],
            "export_policy_enabled": true,
            "georeplications": [],
            "id": "/subscriptions/d94fe338-52d8-4a44-acd4-4f8301adf2cf/resourceGroups/dtf-hub-rg/providers/Microsoft.ContainerRegistry/registries/dtfhubacr",
            "identity": [],
            "location": "westeurope",
            "login_server": "dtfhubacr.azurecr.io",
            "name": "dtfhubacr",
            "network_rule_bypass_option": "AzureServices",
            "network_rule_set": [
              {
                "default_action": "Allow",
                "ip_rule": [],
                "virtual_network": []
              }
            ],
            "public_network_access_enabled": false,
            "quarantine_policy_enabled": false,
            "resource_group_name": "dtf-hub-rg",
            "retention_policy": [
              {
                "days": 7,
                "enabled": false
              }
            ],
            "sku": "Premium",
            "tags": {
              "CreationDateTime": "2023-08-01T10:46:09.9946287Z",
              "Environment": "Dev"
            },
            "timeouts": null,
            "trust_policy": [
              {
                "enabled": false
              }
            ],
            "zone_redundancy_enabled": false
          },
          "sensitive_attributes": [],
          "private": "eyJlMmJmYjczMC1lY2FhLTExZTYtOGY4OC0zNDM2M2JjN2M0YzAiOnsiY3JlYXRlIjoxODAwMDAwMDAwMDAwLCJkZWxldGUiOjE4MDAwMDAwMDAwMDAsInJlYWQiOjMwMDAwMDAwMDAwMCwidXBkYXRlIjoxODAwMDAwMDAwMDAwfSwic2NoZW1hX3ZlcnNpb24iOiIyIn0=",
          "dependencies": [
            "azurerm_resource_group.hub"
          ]
        }
      ]
    },
    {
      "mode": "managed",
      "type": "azurerm_resource_group",
      "name": "hub",
      "provider": "provider[\"registry.terraform.io/hashicorp/azurerm\"]",
      "instances": [
        {
          "schema_version": 0,
          "attributes": {
            "id": "/subscriptions/d94fe338-52d8-4a44-acd4-4f8301adf2cf/resourceGroups/dtf-hub-rg",
            "location": "westeurope",
            "managed_by": "",
            "name": "dtf-hub-rg",
            "tags": {
              "CreationDateTime": "2023-08-01T10:46:06.2168931Z",
              "Environment": "Dev"
            },
            "timeouts": null
          },
          "sensitive_attributes": [],
          "private": "eyJlMmJmYjczMC1lY2FhLTExZTYtOGY4OC0zNDM2M2JjN2M0YzAiOnsiY3JlYXRlIjo1NDAwMDAwMDAwMDAwLCJkZWxldGUiOjU0MDAwMDAwMDAwMDAsInJlYWQiOjMwMDAwMDAwMDAwMCwidXBkYXRlIjo1NDAwMDAwMDAwMDAwfX0="
        }
      ]
    },
    {
      "mode": "managed",
      "type": "azurerm_resource_group",
      "name": "monitor",
      "provider": "provider[\"registry.terraform.io/hashicorp/azurerm\"]",
      "instances": [
        {
          "schema_version": 0,
          "attributes": {
            "id": "/subscriptions/d94fe338-52d8-4a44-acd4-4f8301adf2cf/resourceGroups/dtf-monitor-spoke-rg",
            "location": "westeurope",
            "managed_by": "",
            "name": "dtf-monitor-spoke-rg",
            "tags": {
              "CreationDateTime": "2023-08-01T10:46:06.2168935Z",
              "Environment": "Dev"
            },
            "timeouts": null
          },
          "sensitive_attributes": [],
          "private": "eyJlMmJmYjczMC1lY2FhLTExZTYtOGY4OC0zNDM2M2JjN2M0YzAiOnsiY3JlYXRlIjo1NDAwMDAwMDAwMDAwLCJkZWxldGUiOjU0MDAwMDAwMDAwMDAsInJlYWQiOjMwMDAwMDAwMDAwMCwidXBkYXRlIjo1NDAwMDAwMDAwMDAwfX0="
        }
      ]
    },
    {
      "mode": "managed",
      "type": "azurerm_resource_group",
      "name": "work",
      "provider": "provider[\"registry.terraform.io/hashicorp/azurerm\"]",
      "instances": [
        {
          "schema_version": 0,
          "attributes": {
            "id": "/subscriptions/d94fe338-52d8-4a44-acd4-4f8301adf2cf/resourceGroups/dtf-work-spoke-rg",
            "location": "westeurope",
            "managed_by": "",
            "name": "dtf-work-spoke-rg",
            "tags": {
              "CreationDateTime": "2023-08-01T10:46:06.2168934Z",
              "Environment": "Dev"
            },
            "timeouts": null
          },
          "sensitive_attributes": [],
          "private": "eyJlMmJmYjczMC1lY2FhLTExZTYtOGY4OC0zNDM2M2JjN2M0YzAiOnsiY3JlYXRlIjo1NDAwMDAwMDAwMDAwLCJkZWxldGUiOjU0MDAwMDAwMDAwMDAsInJlYWQiOjMwMDAwMDAwMDAwMCwidXBkYXRlIjo1NDAwMDAwMDAwMDAwfX0="
        }
      ]
    },
    {
      "module": "module.hub_acr_private_endpoint",
      "mode": "managed",
      "type": "azurerm_private_dns_zone",
      "name": "dns_zone",
      "provider": "provider[\"registry.terraform.io/hashicorp/azurerm\"]",
      "instances": [
        {
          "index_key": 0,
          "schema_version": 0,
          "attributes": {
            "id": "/subscriptions/d94fe338-52d8-4a44-acd4-4f8301adf2cf/resourceGroups/dtf-hub-rg/providers/Microsoft.Network/privateDnsZones/privatelink.azurecr.io",
            "max_number_of_record_sets": 25000,
            "max_number_of_virtual_network_links": 1000,
            "max_number_of_virtual_network_links_with_registration": 100,
            "name": "privatelink.azurecr.io",
            "number_of_record_sets": 3,
            "resource_group_name": "dtf-hub-rg",
            "soa_record": [
              {
                "email": "azureprivatedns-host.microsoft.com",
                "expire_time": 2419200,
                "fqdn": "privatelink.azurecr.io.",
                "host_name": "azureprivatedns.net",
                "minimum_ttl": 10,
                "refresh_time": 3600,
                "retry_time": 300,
                "serial_number": 1,
                "tags": {},
                "ttl": 3600
              }
            ],
            "tags": {
              "CreationDateTime": "2023-08-01T10:46:08.1726113Z",
              "Environment": "Dev"
            },
            "timeouts": null
          },
          "sensitive_attributes": [],
          "private": "eyJlMmJmYjczMC1lY2FhLTExZTYtOGY4OC0zNDM2M2JjN2M0YzAiOnsiY3JlYXRlIjoxODAwMDAwMDAwMDAwLCJkZWxldGUiOjE4MDAwMDAwMDAwMDAsInJlYWQiOjMwMDAwMDAwMDAwMCwidXBkYXRlIjoxODAwMDAwMDAwMDAwfX0=",
          "dependencies": [
            "azurerm_resource_group.hub"
          ]
        }
      ]
    },
    {
      "module": "module.hub_acr_private_endpoint",
      "mode": "managed",
      "type": "azurerm_private_dns_zone_virtual_network_link",
      "name": "vnet_links",
      "provider": "provider[\"registry.terraform.io/hashicorp/azurerm\"]",
      "instances": [
        {
          "index_key": "hub-link",
          "schema_version": 0,
          "attributes": {
            "id": "/subscriptions/d94fe338-52d8-4a44-acd4-4f8301adf2cf/resourceGroups/dtf-hub-rg/providers/Microsoft.Network/privateDnsZones/privatelink.azurecr.io/virtualNetworkLinks/hub-link",
            "name": "hub-link",
            "private_dns_zone_name": "privatelink.azurecr.io",
            "registration_enabled": false,
            "resource_group_name": "dtf-hub-rg",
            "tags": {
              "CreationDateTime": "2023-08-01T10:47:05.3912665Z",
              "Environment": "Dev"
            },
            "timeouts": null,
            "virtual_network_id": "/subscriptions/d94fe338-52d8-4a44-acd4-4f8301adf2cf/resourceGroups/dtf-hub-rg/providers/Microsoft.Network/virtualNetworks/dtf-hub-vnet"
          },
          "sensitive_attributes": [],
          "private": "eyJlMmJmYjczMC1lY2FhLTExZTYtOGY4OC0zNDM2M2JjN2M0YzAiOnsiY3JlYXRlIjoxODAwMDAwMDAwMDAwLCJkZWxldGUiOjE4MDAwMDAwMDAwMDAsInJlYWQiOjMwMDAwMDAwMDAwMCwidXBkYXRlIjoxODAwMDAwMDAwMDAwfX0=",
          "dependencies": [
            "azurerm_resource_group.hub",
            "azurerm_resource_group.work",
            "module.hub_acr_private_endpoint.azurerm_private_dns_zone.dns_zone",
            "module.hub_virtual_network.azurerm_virtual_network.vnet",
            "module.work_virtual_network.azurerm_virtual_network.vnet"
          ]
        },
        {
          "index_key": "work-link",
          "schema_version": 0,
          "attributes": {
            "id": "/subscriptions/d94fe338-52d8-4a44-acd4-4f8301adf2cf/resourceGroups/dtf-hub-rg/providers/Microsoft.Network/privateDnsZones/privatelink.azurecr.io/virtualNetworkLinks/work-link",
            "name": "work-link",
            "private_dns_zone_name": "privatelink.azurecr.io",
            "registration_enabled": false,
            "resource_group_name": "dtf-hub-rg",
            "tags": {
              "CreationDateTime": "2023-08-01T10:47:04.3954700Z",
              "Environment": "Dev"
            },
            "timeouts": null,
            "virtual_network_id": "/subscriptions/d94fe338-52d8-4a44-acd4-4f8301adf2cf/resourceGroups/dtf-work-spoke-rg/providers/Microsoft.Network/virtualNetworks/dtf-work-vnet"
          },
          "sensitive_attributes": [],
          "private": "eyJlMmJmYjczMC1lY2FhLTExZTYtOGY4OC0zNDM2M2JjN2M0YzAiOnsiY3JlYXRlIjoxODAwMDAwMDAwMDAwLCJkZWxldGUiOjE4MDAwMDAwMDAwMDAsInJlYWQiOjMwMDAwMDAwMDAwMCwidXBkYXRlIjoxODAwMDAwMDAwMDAwfX0=",
          "dependencies": [
            "azurerm_resource_group.hub",
            "azurerm_resource_group.work",
            "module.hub_acr_private_endpoint.azurerm_private_dns_zone.dns_zone",
            "module.hub_virtual_network.azurerm_virtual_network.vnet",
            "module.work_virtual_network.azurerm_virtual_network.vnet"
          ]
        }
      ]
    },
    {
      "module": "module.hub_acr_private_endpoint",
      "mode": "managed",
      "type": "azurerm_private_endpoint",
      "name": "private_endpoint",
      "provider": "provider[\"registry.terraform.io/hashicorp/azurerm\"]",
      "instances": [
        {
          "schema_version": 0,
          "attributes": {
            "custom_dns_configs": [],
            "custom_network_interface_name": "dtf-hub-acr-nic",
            "id": "/subscriptions/d94fe338-52d8-4a44-acd4-4f8301adf2cf/resourceGroups/dtf-hub-rg/providers/Microsoft.Network/privateEndpoints/dtf-hub-acr-pe",
            "ip_configuration": [],
            "location": "westeurope",
            "name": "dtf-hub-acr-pe",
            "network_interface": [
              {
                "id": "/subscriptions/d94fe338-52d8-4a44-acd4-4f8301adf2cf/resourceGroups/dtf-hub-rg/providers/Microsoft.Network/networkInterfaces/dtf-hub-acr-nic",
                "name": "dtf-hub-acr-nic"
              }
            ],
            "private_dns_zone_configs": [
              {
                "id": "/subscriptions/d94fe338-52d8-4a44-acd4-4f8301adf2cf/resourceGroups/dtf-hub-rg/providers/Microsoft.Network/privateEndpoints/dtf-hub-acr-pe/privateDnsZoneGroups/private-endpoint/privateDnsZoneConfigs/privatelink.azurecr.io",
                "name": "privatelink.azurecr.io",
                "private_dns_zone_id": "/subscriptions/d94fe338-52d8-4a44-acd4-4f8301adf2cf/resourceGroups/dtf-hub-rg/providers/Microsoft.Network/privateDnsZones/privatelink.azurecr.io",
                "record_sets": [
                  {
                    "fqdn": "dtfhubacr.westeurope.data.privatelink.azurecr.io",
                    "ip_addresses": [
                      "10.0.3.4"
                    ],
                    "name": "dtfhubacr.westeurope.data",
                    "ttl": 10,
                    "type": "A"
                  },
                  {
                    "fqdn": "dtfhubacr.privatelink.azurecr.io",
                    "ip_addresses": [
                      "10.0.3.5"
                    ],
                    "name": "dtfhubacr",
                    "ttl": 10,
                    "type": "A"
                  }
                ]
              }
            ],
            "private_dns_zone_group": [
              {
                "id": "/subscriptions/d94fe338-52d8-4a44-acd4-4f8301adf2cf/resourceGroups/dtf-hub-rg/providers/Microsoft.Network/privateEndpoints/dtf-hub-acr-pe/privateDnsZoneGroups/private-endpoint",
                "name": "private-endpoint",
                "private_dns_zone_ids": [
                  "/subscriptions/d94fe338-52d8-4a44-acd4-4f8301adf2cf/resourceGroups/dtf-hub-rg/providers/Microsoft.Network/privateDnsZones/privatelink.azurecr.io"
                ]
              }
            ],
            "private_service_connection": [
              {
                "is_manual_connection": false,
                "name": "private-connection",
                "private_connection_resource_alias": "",
                "private_connection_resource_id": "/subscriptions/d94fe338-52d8-4a44-acd4-4f8301adf2cf/resourceGroups/dtf-hub-rg/providers/Microsoft.ContainerRegistry/registries/dtfhubacr",
                "private_ip_address": "10.0.3.4",
                "request_message": "",
                "subresource_names": [
                  "registry"
                ]
              }
            ],
            "resource_group_name": "dtf-hub-rg",
            "subnet_id": "/subscriptions/d94fe338-52d8-4a44-acd4-4f8301adf2cf/resourceGroups/dtf-hub-rg/providers/Microsoft.Network/virtualNetworks/dtf-hub-vnet/subnets/ACRSubnet",
            "tags": {
              "CreationDateTime": "2023-08-01T10:48:04.9000251Z",
              "Environment": "Dev"
            },
            "timeouts": null
          },
          "sensitive_attributes": [],
          "private": "eyJlMmJmYjczMC1lY2FhLTExZTYtOGY4OC0zNDM2M2JjN2M0YzAiOnsiY3JlYXRlIjozNjAwMDAwMDAwMDAwLCJkZWxldGUiOjM2MDAwMDAwMDAwMDAsInJlYWQiOjMwMDAwMDAwMDAwMCwidXBkYXRlIjozNjAwMDAwMDAwMDAwfX0=",
          "dependencies": [
            "azurerm_container_registry.hub_acr",
            "azurerm_resource_group.hub",
            "module.hub_acr_private_endpoint.azurerm_private_dns_zone.dns_zone",
            "module.hub_log_analytics.azurerm_log_analytics_workspace.log_analytics",
            "module.hub_network_security_groups.azurerm_network_security_group.nsg",
            "module.hub_network_security_groups.azurerm_network_security_rule.rules",
            "module.hub_network_security_groups.module.nsg_diagnostic.azurerm_monitor_diagnostic_setting.diagnostics",
            "module.hub_network_security_groups.module.nsg_diagnostic.data.azurerm_monitor_diagnostic_categories.categories",
            "module.hub_route_tables.azurerm_route.routes",
            "module.hub_route_tables.azurerm_route_table.rt",
            "module.hub_virtual_network.azurerm_resource_group_template_deployment.subnets",
            "module.hub_virtual_network.azurerm_virtual_network.vnet"
          ]
        }
      ]
    },
    {
      "module": "module.hub_acr_private_endpoint.module.nic-diagnostic",
      "mode": "data",
      "type": "azurerm_monitor_diagnostic_categories",
      "name": "categories",
      "provider": "provider[\"registry.terraform.io/hashicorp/azurerm\"]",
      "instances": [
        {
          "schema_version": 0,
          "attributes": {
            "id": "/subscriptions/d94fe338-52d8-4a44-acd4-4f8301adf2cf/resourceGroups/dtf-hub-rg/providers/Microsoft.Network/networkInterfaces/dtf-hub-acr-nic",
            "log_category_groups": [],
            "log_category_types": [],
            "logs": [],
            "metrics": [
              "AllMetrics"
            ],
            "resource_id": "/subscriptions/d94fe338-52d8-4a44-acd4-4f8301adf2cf/resourceGroups/dtf-hub-rg/providers/Microsoft.Network/networkInterfaces/dtf-hub-acr-nic",
            "timeouts": null
          },
          "sensitive_attributes": []
        }
      ]
    },
    {
      "module": "module.hub_acr_private_endpoint.module.nic-diagnostic",
      "mode": "managed",
      "type": "azurerm_monitor_diagnostic_setting",
      "name": "diagnostics",
      "provider": "provider[\"registry.terraform.io/hashicorp/azurerm\"]",
      "instances": [
        {
          "schema_version": 0,
          "attributes": {
            "enabled_log": [],
            "eventhub_authorization_rule_id": "",
            "eventhub_name": "",
            "id": "/subscriptions/d94fe338-52d8-4a44-acd4-4f8301adf2cf/resourceGroups/dtf-hub-rg/providers/Microsoft.Network/networkInterfaces/dtf-hub-acr-nic|dtf-hub-acr-nic-diagnostic",
            "log": [],
            "log_analytics_destination_type": "",
            "log_analytics_workspace_id": "/subscriptions/d94fe338-52d8-4a44-acd4-4f8301adf2cf/resourceGroups/dtf-hub-rg/providers/Microsoft.OperationalInsights/workspaces/dtf-hub-log-analytics-workspace",
            "metric": [
              {
                "category": "AllMetrics",
                "enabled": true,
                "retention_policy": [
                  {
                    "days": 0,
                    "enabled": false
                  }
                ]
              }
            ],
            "name": "dtf-hub-acr-nic-diagnostic",
            "partner_solution_id": null,
            "storage_account_id": null,
            "target_resource_id": "/subscriptions/d94fe338-52d8-4a44-acd4-4f8301adf2cf/resourceGroups/dtf-hub-rg/providers/Microsoft.Network/networkInterfaces/dtf-hub-acr-nic",
            "timeouts": null
          },
          "sensitive_attributes": [],
          "private": "eyJlMmJmYjczMC1lY2FhLTExZTYtOGY4OC0zNDM2M2JjN2M0YzAiOnsiY3JlYXRlIjoxODAwMDAwMDAwMDAwLCJkZWxldGUiOjM2MDAwMDAwMDAwMDAsInJlYWQiOjMwMDAwMDAwMDAwMCwidXBkYXRlIjoxODAwMDAwMDAwMDAwfX0=",
          "dependencies": [
            "azurerm_container_registry.hub_acr",
            "azurerm_resource_group.hub",
            "module.hub_acr_private_endpoint.azurerm_private_dns_zone.dns_zone",
            "module.hub_acr_private_endpoint.azurerm_private_endpoint.private_endpoint",
            "module.hub_acr_private_endpoint.module.nic-diagnostic.data.azurerm_monitor_diagnostic_categories.categories",
            "module.hub_log_analytics.azurerm_log_analytics_workspace.log_analytics",
            "module.hub_network_security_groups.azurerm_network_security_group.nsg",
            "module.hub_network_security_groups.azurerm_network_security_rule.rules",
            "module.hub_network_security_groups.module.nsg_diagnostic.azurerm_monitor_diagnostic_setting.diagnostics",
            "module.hub_network_security_groups.module.nsg_diagnostic.data.azurerm_monitor_diagnostic_categories.categories",
            "module.hub_route_tables.azurerm_route.routes",
            "module.hub_route_tables.azurerm_route_table.rt",
            "module.hub_virtual_network.azurerm_resource_group_template_deployment.subnets",
            "module.hub_virtual_network.azurerm_virtual_network.vnet"
          ]
        }
      ]
    },
    {
      "module": "module.hub_firewall",
      "mode": "managed",
      "type": "azurerm_firewall",
      "name": "firewall",
      "provider": "provider[\"registry.terraform.io/hashicorp/azurerm\"]",
      "instances": [
        {
          "schema_version": 0,
          "attributes": {
            "dns_servers": null,
            "firewall_policy_id": "/subscriptions/d94fe338-52d8-4a44-acd4-4f8301adf2cf/resourceGroups/dtf-hub-rg/providers/Microsoft.Network/firewallPolicies/dtf-hub-fw-pl",
            "id": "/subscriptions/d94fe338-52d8-4a44-acd4-4f8301adf2cf/resourceGroups/dtf-hub-rg/providers/Microsoft.Network/azureFirewalls/dtf-hub-fw",
            "ip_configuration": [
              {
                "name": "default",
                "private_ip_address": "10.0.1.4",
                "public_ip_address_id": "/subscriptions/d94fe338-52d8-4a44-acd4-4f8301adf2cf/resourceGroups/dtf-hub-rg/providers/Microsoft.Network/publicIPAddresses/dtf-hub-fw-ip",
                "subnet_id": "/subscriptions/d94fe338-52d8-4a44-acd4-4f8301adf2cf/resourceGroups/dtf-hub-rg/providers/Microsoft.Network/virtualNetworks/dtf-hub-vnet/subnets/AzureFirewallSubnet"
              }
            ],
            "location": "westeurope",
            "management_ip_configuration": [
              {
                "name": "management",
                "private_ip_address": "",
                "public_ip_address_id": "/subscriptions/d94fe338-52d8-4a44-acd4-4f8301adf2cf/resourceGroups/dtf-hub-rg/providers/Microsoft.Network/publicIPAddresses/dtf-hub-fw-mng-ip",
                "subnet_id": "/subscriptions/d94fe338-52d8-4a44-acd4-4f8301adf2cf/resourceGroups/dtf-hub-rg/providers/Microsoft.Network/virtualNetworks/dtf-hub-vnet/subnets/AzureFirewallManagementSubnet"
              }
            ],
            "name": "dtf-hub-fw",
            "private_ip_ranges": null,
            "resource_group_name": "dtf-hub-rg",
            "sku_name": "AZFW_VNet",
            "sku_tier": "Standard",
            "tags": {
              "CreationDateTime": "2023-08-01T11:51:58.1194723Z",
              "Environment": "Dev"
            },
            "threat_intel_mode": "Alert",
            "timeouts": null,
            "virtual_hub": [],
            "zones": null
          },
          "sensitive_attributes": [],
          "private": "eyJlMmJmYjczMC1lY2FhLTExZTYtOGY4OC0zNDM2M2JjN2M0YzAiOnsiY3JlYXRlIjo1NDAwMDAwMDAwMDAwLCJkZWxldGUiOjU0MDAwMDAwMDAwMDAsInJlYWQiOjMwMDAwMDAwMDAwMCwidXBkYXRlIjo1NDAwMDAwMDAwMDAwfX0=",
          "dependencies": [
            "azurerm_resource_group.hub",
            "module.hub_firewall.azurerm_public_ip.ip",
            "module.hub_firewall.azurerm_public_ip.management_ip",
            "module.hub_firewall_policy.azurerm_firewall_policy.policy",
            "module.hub_log_analytics.azurerm_log_analytics_workspace.log_analytics",
            "module.hub_network_security_groups.azurerm_network_security_group.nsg",
            "module.hub_network_security_groups.azurerm_network_security_rule.rules",
            "module.hub_network_security_groups.module.nsg_diagnostic.azurerm_monitor_diagnostic_setting.diagnostics",
            "module.hub_network_security_groups.module.nsg_diagnostic.data.azurerm_monitor_diagnostic_categories.categories",
            "module.hub_route_tables.azurerm_route.routes",
            "module.hub_route_tables.azurerm_route_table.rt",
            "module.hub_virtual_network.azurerm_resource_group_template_deployment.subnets",
            "module.hub_virtual_network.azurerm_virtual_network.vnet"
          ]
        }
      ]
    },
    {
      "module": "module.hub_firewall",
      "mode": "managed",
      "type": "azurerm_public_ip",
      "name": "ip",
      "provider": "provider[\"registry.terraform.io/hashicorp/azurerm\"]",
      "instances": [
        {
          "schema_version": 0,
          "attributes": {
            "allocation_method": "Static",
            "ddos_protection_mode": "VirtualNetworkInherited",
            "ddos_protection_plan_id": null,
            "domain_name_label": null,
            "edge_zone": "",
            "fqdn": null,
            "id": "/subscriptions/d94fe338-52d8-4a44-acd4-4f8301adf2cf/resourceGroups/dtf-hub-rg/providers/Microsoft.Network/publicIPAddresses/dtf-hub-fw-ip",
            "idle_timeout_in_minutes": 4,
            "ip_address": "108.142.183.73",
            "ip_tags": {},
            "ip_version": "IPv4",
            "location": "westeurope",
            "name": "dtf-hub-fw-ip",
            "public_ip_prefix_id": null,
            "resource_group_name": "dtf-hub-rg",
            "reverse_fqdn": null,
            "sku": "Standard",
            "sku_tier": "Regional",
            "tags": {
              "CreationDateTime": "2023-08-01T10:48:04.4506748Z",
              "Environment": "Dev"
            },
            "timeouts": null,
            "zones": []
          },
          "sensitive_attributes": [],
          "private": "eyJlMmJmYjczMC1lY2FhLTExZTYtOGY4OC0zNDM2M2JjN2M0YzAiOnsiY3JlYXRlIjoxODAwMDAwMDAwMDAwLCJkZWxldGUiOjE4MDAwMDAwMDAwMDAsInJlYWQiOjMwMDAwMDAwMDAwMCwidXBkYXRlIjoxODAwMDAwMDAwMDAwfX0=",
          "dependencies": [
            "azurerm_resource_group.hub",
            "module.hub_log_analytics.azurerm_log_analytics_workspace.log_analytics",
            "module.hub_network_security_groups.azurerm_network_security_group.nsg",
            "module.hub_network_security_groups.azurerm_network_security_rule.rules",
            "module.hub_network_security_groups.module.nsg_diagnostic.azurerm_monitor_diagnostic_setting.diagnostics",
            "module.hub_network_security_groups.module.nsg_diagnostic.data.azurerm_monitor_diagnostic_categories.categories",
            "module.hub_route_tables.azurerm_route.routes",
            "module.hub_route_tables.azurerm_route_table.rt",
            "module.hub_virtual_network.azurerm_resource_group_template_deployment.subnets",
            "module.hub_virtual_network.azurerm_virtual_network.vnet"
          ]
        }
      ]
    },
    {
      "module": "module.hub_firewall",
      "mode": "managed",
      "type": "azurerm_public_ip",
      "name": "management_ip",
      "provider": "provider[\"registry.terraform.io/hashicorp/azurerm\"]",
      "instances": [
        {
          "index_key": 0,
          "schema_version": 0,
          "attributes": {
            "allocation_method": "Static",
            "ddos_protection_mode": "VirtualNetworkInherited",
            "ddos_protection_plan_id": null,
            "domain_name_label": null,
            "edge_zone": "",
            "fqdn": null,
            "id": "/subscriptions/d94fe338-52d8-4a44-acd4-4f8301adf2cf/resourceGroups/dtf-hub-rg/providers/Microsoft.Network/publicIPAddresses/dtf-hub-fw-mng-ip",
            "idle_timeout_in_minutes": 4,
            "ip_address": "20.86.162.161",
            "ip_tags": {},
            "ip_version": "IPv4",
            "location": "westeurope",
            "name": "dtf-hub-fw-mng-ip",
            "public_ip_prefix_id": null,
            "resource_group_name": "dtf-hub-rg",
            "reverse_fqdn": null,
            "sku": "Standard",
            "sku_tier": "Regional",
            "tags": {
              "CreationDateTime": "2023-08-01T10:48:04.3717953Z",
              "Environment": "Dev"
            },
            "timeouts": null,
            "zones": []
          },
          "sensitive_attributes": [],
          "private": "eyJlMmJmYjczMC1lY2FhLTExZTYtOGY4OC0zNDM2M2JjN2M0YzAiOnsiY3JlYXRlIjoxODAwMDAwMDAwMDAwLCJkZWxldGUiOjE4MDAwMDAwMDAwMDAsInJlYWQiOjMwMDAwMDAwMDAwMCwidXBkYXRlIjoxODAwMDAwMDAwMDAwfX0=",
          "dependencies": [
            "azurerm_resource_group.hub",
            "module.hub_log_analytics.azurerm_log_analytics_workspace.log_analytics",
            "module.hub_network_security_groups.azurerm_network_security_group.nsg",
            "module.hub_network_security_groups.azurerm_network_security_rule.rules",
            "module.hub_network_security_groups.module.nsg_diagnostic.azurerm_monitor_diagnostic_setting.diagnostics",
            "module.hub_network_security_groups.module.nsg_diagnostic.data.azurerm_monitor_diagnostic_categories.categories",
            "module.hub_route_tables.azurerm_route.routes",
            "module.hub_route_tables.azurerm_route_table.rt",
            "module.hub_virtual_network.azurerm_resource_group_template_deployment.subnets",
            "module.hub_virtual_network.azurerm_virtual_network.vnet"
          ]
        }
      ]
    },
    {
      "module": "module.hub_firewall.module.firewall_diagnostics",
      "mode": "data",
      "type": "azurerm_monitor_diagnostic_categories",
      "name": "categories",
      "provider": "provider[\"registry.terraform.io/hashicorp/azurerm\"]",
      "instances": [
        {
          "schema_version": 0,
          "attributes": {
            "id": "/subscriptions/d94fe338-52d8-4a44-acd4-4f8301adf2cf/resourceGroups/dtf-hub-rg/providers/Microsoft.Network/azureFirewalls/dtf-hub-fw",
            "log_category_groups": [
              "allLogs"
            ],
            "log_category_types": [
              "AZFWApplicationRule",
              "AZFWApplicationRuleAggregation",
              "AZFWDnsQuery",
              "AZFWFatFlow",
              "AZFWFlowTrace",
              "AZFWFqdnResolveFailure",
              "AZFWIdpsSignature",
              "AZFWNatRule",
              "AZFWNatRuleAggregation",
              "AZFWNetworkRule",
              "AZFWNetworkRuleAggregation",
              "AZFWThreatIntel",
              "AzureFirewallApplicationRule",
              "AzureFirewallDnsProxy",
              "AzureFirewallNetworkRule"
            ],
            "logs": [
              "AZFWApplicationRule",
              "AZFWApplicationRuleAggregation",
              "AZFWDnsQuery",
              "AZFWFatFlow",
              "AZFWFlowTrace",
              "AZFWFqdnResolveFailure",
              "AZFWIdpsSignature",
              "AZFWNatRule",
              "AZFWNatRuleAggregation",
              "AZFWNetworkRule",
              "AZFWNetworkRuleAggregation",
              "AZFWThreatIntel",
              "AzureFirewallApplicationRule",
              "AzureFirewallDnsProxy",
              "AzureFirewallNetworkRule"
            ],
            "metrics": [
              "AllMetrics"
            ],
            "resource_id": "/subscriptions/d94fe338-52d8-4a44-acd4-4f8301adf2cf/resourceGroups/dtf-hub-rg/providers/Microsoft.Network/azureFirewalls/dtf-hub-fw",
            "timeouts": null
          },
          "sensitive_attributes": []
        }
      ]
    },
    {
      "module": "module.hub_firewall.module.firewall_diagnostics",
      "mode": "managed",
      "type": "azurerm_monitor_diagnostic_setting",
      "name": "diagnostics",
      "provider": "provider[\"registry.terraform.io/hashicorp/azurerm\"]",
      "instances": [
        {
          "schema_version": 0,
          "attributes": {
            "enabled_log": [
              {
                "category": "AZFWApplicationRule",
                "category_group": "",
                "retention_policy": []
              },
              {
                "category": "AZFWApplicationRuleAggregation",
                "category_group": "",
                "retention_policy": []
              },
              {
                "category": "AZFWDnsQuery",
                "category_group": "",
                "retention_policy": []
              },
              {
                "category": "AZFWFatFlow",
                "category_group": "",
                "retention_policy": []
              },
              {
                "category": "AZFWFlowTrace",
                "category_group": "",
                "retention_policy": []
              },
              {
                "category": "AZFWFqdnResolveFailure",
                "category_group": "",
                "retention_policy": []
              },
              {
                "category": "AZFWIdpsSignature",
                "category_group": "",
                "retention_policy": []
              },
              {
                "category": "AZFWNatRule",
                "category_group": "",
                "retention_policy": []
              },
              {
                "category": "AZFWNatRuleAggregation",
                "category_group": "",
                "retention_policy": []
              },
              {
                "category": "AZFWNetworkRule",
                "category_group": "",
                "retention_policy": []
              },
              {
                "category": "AZFWNetworkRuleAggregation",
                "category_group": "",
                "retention_policy": []
              },
              {
                "category": "AZFWThreatIntel",
                "category_group": "",
                "retention_policy": []
              },
              {
                "category": "AzureFirewallApplicationRule",
                "category_group": "",
                "retention_policy": []
              },
              {
                "category": "AzureFirewallDnsProxy",
                "category_group": "",
                "retention_policy": []
              },
              {
                "category": "AzureFirewallNetworkRule",
                "category_group": "",
                "retention_policy": []
              }
            ],
            "eventhub_authorization_rule_id": "",
            "eventhub_name": "",
            "id": "/subscriptions/d94fe338-52d8-4a44-acd4-4f8301adf2cf/resourceGroups/dtf-hub-rg/providers/Microsoft.Network/azureFirewalls/dtf-hub-fw|dtf-hub-fw-diagnostic",
            "log": [
              {
                "category": "AZFWApplicationRule",
                "category_group": "",
                "enabled": true,
                "retention_policy": [
                  {
                    "days": 0,
                    "enabled": false
                  }
                ]
              },
              {
                "category": "AZFWApplicationRuleAggregation",
                "category_group": "",
                "enabled": true,
                "retention_policy": [
                  {
                    "days": 0,
                    "enabled": false
                  }
                ]
              },
              {
                "category": "AZFWDnsQuery",
                "category_group": "",
                "enabled": true,
                "retention_policy": [
                  {
                    "days": 0,
                    "enabled": false
                  }
                ]
              },
              {
                "category": "AZFWFatFlow",
                "category_group": "",
                "enabled": true,
                "retention_policy": [
                  {
                    "days": 0,
                    "enabled": false
                  }
                ]
              },
              {
                "category": "AZFWFlowTrace",
                "category_group": "",
                "enabled": true,
                "retention_policy": [
                  {
                    "days": 0,
                    "enabled": false
                  }
                ]
              },
              {
                "category": "AZFWFqdnResolveFailure",
                "category_group": "",
                "enabled": true,
                "retention_policy": [
                  {
                    "days": 0,
                    "enabled": false
                  }
                ]
              },
              {
                "category": "AZFWIdpsSignature",
                "category_group": "",
                "enabled": true,
                "retention_policy": [
                  {
                    "days": 0,
                    "enabled": false
                  }
                ]
              },
              {
                "category": "AZFWNatRule",
                "category_group": "",
                "enabled": true,
                "retention_policy": [
                  {
                    "days": 0,
                    "enabled": false
                  }
                ]
              },
              {
                "category": "AZFWNatRuleAggregation",
                "category_group": "",
                "enabled": true,
                "retention_policy": [
                  {
                    "days": 0,
                    "enabled": false
                  }
                ]
              },
              {
                "category": "AZFWNetworkRule",
                "category_group": "",
                "enabled": true,
                "retention_policy": [
                  {
                    "days": 0,
                    "enabled": false
                  }
                ]
              },
              {
                "category": "AZFWNetworkRuleAggregation",
                "category_group": "",
                "enabled": true,
                "retention_policy": [
                  {
                    "days": 0,
                    "enabled": false
                  }
                ]
              },
              {
                "category": "AZFWThreatIntel",
                "category_group": "",
                "enabled": true,
                "retention_policy": [
                  {
                    "days": 0,
                    "enabled": false
                  }
                ]
              },
              {
                "category": "AzureFirewallApplicationRule",
                "category_group": "",
                "enabled": true,
                "retention_policy": [
                  {
                    "days": 0,
                    "enabled": false
                  }
                ]
              },
              {
                "category": "AzureFirewallDnsProxy",
                "category_group": "",
                "enabled": true,
                "retention_policy": [
                  {
                    "days": 0,
                    "enabled": false
                  }
                ]
              },
              {
                "category": "AzureFirewallNetworkRule",
                "category_group": "",
                "enabled": true,
                "retention_policy": [
                  {
                    "days": 0,
                    "enabled": false
                  }
                ]
              }
            ],
            "log_analytics_destination_type": "AzureDiagnostics",
            "log_analytics_workspace_id": "/subscriptions/d94fe338-52d8-4a44-acd4-4f8301adf2cf/resourceGroups/dtf-hub-rg/providers/Microsoft.OperationalInsights/workspaces/dtf-hub-log-analytics-workspace",
            "metric": [
              {
                "category": "AllMetrics",
                "enabled": true,
                "retention_policy": []
              }
            ],
            "name": "dtf-hub-fw-diagnostic",
            "partner_solution_id": null,
            "storage_account_id": null,
            "target_resource_id": "/subscriptions/d94fe338-52d8-4a44-acd4-4f8301adf2cf/resourceGroups/dtf-hub-rg/providers/Microsoft.Network/azureFirewalls/dtf-hub-fw",
            "timeouts": null
          },
          "sensitive_attributes": [],
          "private": "eyJlMmJmYjczMC1lY2FhLTExZTYtOGY4OC0zNDM2M2JjN2M0YzAiOnsiY3JlYXRlIjoxODAwMDAwMDAwMDAwLCJkZWxldGUiOjM2MDAwMDAwMDAwMDAsInJlYWQiOjMwMDAwMDAwMDAwMCwidXBkYXRlIjoxODAwMDAwMDAwMDAwfX0=",
          "dependencies": [
            "azurerm_resource_group.hub",
            "module.hub_firewall.azurerm_firewall.firewall",
            "module.hub_firewall.azurerm_public_ip.ip",
            "module.hub_firewall.azurerm_public_ip.management_ip",
            "module.hub_firewall.module.firewall_diagnostics.data.azurerm_monitor_diagnostic_categories.categories",
            "module.hub_firewall_policy.azurerm_firewall_policy.policy",
            "module.hub_log_analytics.azurerm_log_analytics_workspace.log_analytics",
            "module.hub_network_security_groups.azurerm_network_security_group.nsg",
            "module.hub_network_security_groups.azurerm_network_security_rule.rules",
            "module.hub_network_security_groups.module.nsg_diagnostic.azurerm_monitor_diagnostic_setting.diagnostics",
            "module.hub_network_security_groups.module.nsg_diagnostic.data.azurerm_monitor_diagnostic_categories.categories",
            "module.hub_route_tables.azurerm_route.routes",
            "module.hub_route_tables.azurerm_route_table.rt",
            "module.hub_virtual_network.azurerm_resource_group_template_deployment.subnets",
            "module.hub_virtual_network.azurerm_virtual_network.vnet"
          ]
        }
      ]
    },
    {
      "module": "module.hub_firewall.module.ip_diagnostics",
      "mode": "data",
      "type": "azurerm_monitor_diagnostic_categories",
      "name": "categories",
      "provider": "provider[\"registry.terraform.io/hashicorp/azurerm\"]",
      "instances": [
        {
          "schema_version": 0,
          "attributes": {
            "id": "/subscriptions/d94fe338-52d8-4a44-acd4-4f8301adf2cf/resourceGroups/dtf-hub-rg/providers/Microsoft.Network/publicIPAddresses/dtf-hub-fw-ip",
            "log_category_groups": [
              "allLogs",
              "audit"
            ],
            "log_category_types": [
              "DDoSMitigationFlowLogs",
              "DDoSMitigationReports",
              "DDoSProtectionNotifications"
            ],
            "logs": [
              "DDoSMitigationFlowLogs",
              "DDoSMitigationReports",
              "DDoSProtectionNotifications"
            ],
            "metrics": [
              "AllMetrics"
            ],
            "resource_id": "/subscriptions/d94fe338-52d8-4a44-acd4-4f8301adf2cf/resourceGroups/dtf-hub-rg/providers/Microsoft.Network/publicIPAddresses/dtf-hub-fw-ip",
            "timeouts": null
          },
          "sensitive_attributes": []
        }
      ]
    },
    {
      "module": "module.hub_firewall.module.ip_diagnostics",
      "mode": "managed",
      "type": "azurerm_monitor_diagnostic_setting",
      "name": "diagnostics",
      "provider": "provider[\"registry.terraform.io/hashicorp/azurerm\"]",
      "instances": [
        {
          "schema_version": 0,
          "attributes": {
            "enabled_log": [
              {
                "category": "DDoSMitigationFlowLogs",
                "category_group": "",
                "retention_policy": [
                  {
                    "days": 0,
                    "enabled": false
                  }
                ]
              },
              {
                "category": "DDoSMitigationReports",
                "category_group": "",
                "retention_policy": [
                  {
                    "days": 0,
                    "enabled": false
                  }
                ]
              },
              {
                "category": "DDoSProtectionNotifications",
                "category_group": "",
                "retention_policy": [
                  {
                    "days": 0,
                    "enabled": false
                  }
                ]
              }
            ],
            "eventhub_authorization_rule_id": "",
            "eventhub_name": "",
            "id": "/subscriptions/d94fe338-52d8-4a44-acd4-4f8301adf2cf/resourceGroups/dtf-hub-rg/providers/Microsoft.Network/publicIPAddresses/dtf-hub-fw-ip|dtf-hub-fw-ip",
            "log": [
              {
                "category": "DDoSMitigationFlowLogs",
                "category_group": "",
                "enabled": true,
                "retention_policy": [
                  {
                    "days": 0,
                    "enabled": false
                  }
                ]
              },
              {
                "category": "DDoSMitigationReports",
                "category_group": "",
                "enabled": true,
                "retention_policy": [
                  {
                    "days": 0,
                    "enabled": false
                  }
                ]
              },
              {
                "category": "DDoSProtectionNotifications",
                "category_group": "",
                "enabled": true,
                "retention_policy": [
                  {
                    "days": 0,
                    "enabled": false
                  }
                ]
              }
            ],
            "log_analytics_destination_type": "",
            "log_analytics_workspace_id": "/subscriptions/d94fe338-52d8-4a44-acd4-4f8301adf2cf/resourceGroups/dtf-hub-rg/providers/Microsoft.OperationalInsights/workspaces/dtf-hub-log-analytics-workspace",
            "metric": [
              {
                "category": "AllMetrics",
                "enabled": true,
                "retention_policy": [
                  {
                    "days": 0,
                    "enabled": false
                  }
                ]
              }
            ],
            "name": "dtf-hub-fw-ip",
            "partner_solution_id": null,
            "storage_account_id": null,
            "target_resource_id": "/subscriptions/d94fe338-52d8-4a44-acd4-4f8301adf2cf/resourceGroups/dtf-hub-rg/providers/Microsoft.Network/publicIPAddresses/dtf-hub-fw-ip",
            "timeouts": null
          },
          "sensitive_attributes": [],
          "private": "eyJlMmJmYjczMC1lY2FhLTExZTYtOGY4OC0zNDM2M2JjN2M0YzAiOnsiY3JlYXRlIjoxODAwMDAwMDAwMDAwLCJkZWxldGUiOjM2MDAwMDAwMDAwMDAsInJlYWQiOjMwMDAwMDAwMDAwMCwidXBkYXRlIjoxODAwMDAwMDAwMDAwfX0=",
          "dependencies": [
            "azurerm_resource_group.hub",
            "module.hub_firewall.azurerm_public_ip.ip",
            "module.hub_firewall.module.ip_diagnostics.data.azurerm_monitor_diagnostic_categories.categories",
            "module.hub_log_analytics.azurerm_log_analytics_workspace.log_analytics",
            "module.hub_network_security_groups.azurerm_network_security_group.nsg",
            "module.hub_network_security_groups.azurerm_network_security_rule.rules",
            "module.hub_network_security_groups.module.nsg_diagnostic.azurerm_monitor_diagnostic_setting.diagnostics",
            "module.hub_network_security_groups.module.nsg_diagnostic.data.azurerm_monitor_diagnostic_categories.categories",
            "module.hub_route_tables.azurerm_route.routes",
            "module.hub_route_tables.azurerm_route_table.rt",
            "module.hub_virtual_network.azurerm_resource_group_template_deployment.subnets",
            "module.hub_virtual_network.azurerm_virtual_network.vnet"
          ]
        }
      ]
    },
    {
      "module": "module.hub_firewall.module.management_ip_diagnostics[0]",
      "mode": "data",
      "type": "azurerm_monitor_diagnostic_categories",
      "name": "categories",
      "provider": "provider[\"registry.terraform.io/hashicorp/azurerm\"]",
      "instances": [
        {
          "schema_version": 0,
          "attributes": {
            "id": "/subscriptions/d94fe338-52d8-4a44-acd4-4f8301adf2cf/resourceGroups/dtf-hub-rg/providers/Microsoft.Network/publicIPAddresses/dtf-hub-fw-mng-ip",
            "log_category_groups": [
              "allLogs",
              "audit"
            ],
            "log_category_types": [
              "DDoSMitigationFlowLogs",
              "DDoSMitigationReports",
              "DDoSProtectionNotifications"
            ],
            "logs": [
              "DDoSMitigationFlowLogs",
              "DDoSMitigationReports",
              "DDoSProtectionNotifications"
            ],
            "metrics": [
              "AllMetrics"
            ],
            "resource_id": "/subscriptions/d94fe338-52d8-4a44-acd4-4f8301adf2cf/resourceGroups/dtf-hub-rg/providers/Microsoft.Network/publicIPAddresses/dtf-hub-fw-mng-ip",
            "timeouts": null
          },
          "sensitive_attributes": []
        }
      ]
    },
    {
      "module": "module.hub_firewall.module.management_ip_diagnostics[0]",
      "mode": "managed",
      "type": "azurerm_monitor_diagnostic_setting",
      "name": "diagnostics",
      "provider": "provider[\"registry.terraform.io/hashicorp/azurerm\"]",
      "instances": [
        {
          "schema_version": 0,
          "attributes": {
            "enabled_log": [
              {
                "category": "DDoSMitigationFlowLogs",
                "category_group": "",
                "retention_policy": [
                  {
                    "days": 0,
                    "enabled": false
                  }
                ]
              },
              {
                "category": "DDoSMitigationReports",
                "category_group": "",
                "retention_policy": [
                  {
                    "days": 0,
                    "enabled": false
                  }
                ]
              },
              {
                "category": "DDoSProtectionNotifications",
                "category_group": "",
                "retention_policy": [
                  {
                    "days": 0,
                    "enabled": false
                  }
                ]
              }
            ],
            "eventhub_authorization_rule_id": "",
            "eventhub_name": "",
            "id": "/subscriptions/d94fe338-52d8-4a44-acd4-4f8301adf2cf/resourceGroups/dtf-hub-rg/providers/Microsoft.Network/publicIPAddresses/dtf-hub-fw-mng-ip|dtf-hub-fw-mng-ip-diagnostic",
            "log": [
              {
                "category": "DDoSMitigationFlowLogs",
                "category_group": "",
                "enabled": true,
                "retention_policy": [
                  {
                    "days": 0,
                    "enabled": false
                  }
                ]
              },
              {
                "category": "DDoSMitigationReports",
                "category_group": "",
                "enabled": true,
                "retention_policy": [
                  {
                    "days": 0,
                    "enabled": false
                  }
                ]
              },
              {
                "category": "DDoSProtectionNotifications",
                "category_group": "",
                "enabled": true,
                "retention_policy": [
                  {
                    "days": 0,
                    "enabled": false
                  }
                ]
              }
            ],
            "log_analytics_destination_type": "",
            "log_analytics_workspace_id": "/subscriptions/d94fe338-52d8-4a44-acd4-4f8301adf2cf/resourceGroups/dtf-hub-rg/providers/Microsoft.OperationalInsights/workspaces/dtf-hub-log-analytics-workspace",
            "metric": [
              {
                "category": "AllMetrics",
                "enabled": true,
                "retention_policy": [
                  {
                    "days": 0,
                    "enabled": false
                  }
                ]
              }
            ],
            "name": "dtf-hub-fw-mng-ip-diagnostic",
            "partner_solution_id": null,
            "storage_account_id": null,
            "target_resource_id": "/subscriptions/d94fe338-52d8-4a44-acd4-4f8301adf2cf/resourceGroups/dtf-hub-rg/providers/Microsoft.Network/publicIPAddresses/dtf-hub-fw-mng-ip",
            "timeouts": null
          },
          "sensitive_attributes": [],
          "private": "eyJlMmJmYjczMC1lY2FhLTExZTYtOGY4OC0zNDM2M2JjN2M0YzAiOnsiY3JlYXRlIjoxODAwMDAwMDAwMDAwLCJkZWxldGUiOjM2MDAwMDAwMDAwMDAsInJlYWQiOjMwMDAwMDAwMDAwMCwidXBkYXRlIjoxODAwMDAwMDAwMDAwfX0=",
          "dependencies": [
            "azurerm_resource_group.hub",
            "module.hub_firewall.azurerm_public_ip.management_ip",
            "module.hub_firewall.module.management_ip_diagnostics.data.azurerm_monitor_diagnostic_categories.categories",
            "module.hub_log_analytics.azurerm_log_analytics_workspace.log_analytics",
            "module.hub_network_security_groups.azurerm_network_security_group.nsg",
            "module.hub_network_security_groups.azurerm_network_security_rule.rules",
            "module.hub_network_security_groups.module.nsg_diagnostic.azurerm_monitor_diagnostic_setting.diagnostics",
            "module.hub_network_security_groups.module.nsg_diagnostic.data.azurerm_monitor_diagnostic_categories.categories",
            "module.hub_route_tables.azurerm_route.routes",
            "module.hub_route_tables.azurerm_route_table.rt",
            "module.hub_virtual_network.azurerm_resource_group_template_deployment.subnets",
            "module.hub_virtual_network.azurerm_virtual_network.vnet"
          ]
        }
      ]
    },
    {
      "module": "module.hub_firewall_policy",
      "mode": "managed",
      "type": "azurerm_firewall_policy",
      "name": "policy",
      "provider": "provider[\"registry.terraform.io/hashicorp/azurerm\"]",
      "instances": [
        {
          "schema_version": 0,
          "attributes": {
            "auto_learn_private_ranges_enabled": false,
            "base_policy_id": "",
            "child_policies": [],
            "dns": [
              {
                "proxy_enabled": true,
                "servers": []
              }
            ],
            "explicit_proxy": [],
            "firewalls": [],
            "id": "/subscriptions/d94fe338-52d8-4a44-acd4-4f8301adf2cf/resourceGroups/dtf-hub-rg/providers/Microsoft.Network/firewallPolicies/dtf-hub-fw-pl",
            "identity": [],
            "insights": [],
            "intrusion_detection": [],
            "location": "westeurope",
            "name": "dtf-hub-fw-pl",
            "private_ip_ranges": [],
            "resource_group_name": "dtf-hub-rg",
            "rule_collection_groups": [
              "/subscriptions/d94fe338-52d8-4a44-acd4-4f8301adf2cf/resourceGroups/dtf-hub-rg/providers/Microsoft.Network/firewallPolicies/dtf-hub-fw-pl/ruleCollectionGroups/network-group",
              "/subscriptions/d94fe338-52d8-4a44-acd4-4f8301adf2cf/resourceGroups/dtf-hub-rg/providers/Microsoft.Network/firewallPolicies/dtf-hub-fw-pl/ruleCollectionGroups/application-group"
            ],
            "sku": "Standard",
            "sql_redirect_allowed": null,
            "tags": {
              "CreationDateTime": "2023-08-01T10:46:07.5739075Z",
              "Environment": "Dev"
            },
            "threat_intelligence_allowlist": [],
            "threat_intelligence_mode": "Alert",
            "timeouts": null,
            "tls_certificate": []
          },
          "sensitive_attributes": [],
          "private": "eyJlMmJmYjczMC1lY2FhLTExZTYtOGY4OC0zNDM2M2JjN2M0YzAiOnsiY3JlYXRlIjoxODAwMDAwMDAwMDAwLCJkZWxldGUiOjE4MDAwMDAwMDAwMDAsInJlYWQiOjMwMDAwMDAwMDAwMCwidXBkYXRlIjoxODAwMDAwMDAwMDAwfX0=",
          "dependencies": [
            "azurerm_resource_group.hub"
          ]
        }
      ]
    },
    {
      "module": "module.hub_firewall_policy",
      "mode": "managed",
      "type": "azurerm_firewall_policy_rule_collection_group",
      "name": "application_rule_collection_groups",
      "provider": "provider[\"registry.terraform.io/hashicorp/azurerm\"]",
      "instances": [
        {
          "index_key": "application-group",
          "schema_version": 0,
          "attributes": {
            "application_rule_collection": [
              {
                "action": "Allow",
                "name": "vms-limited-downloads",
                "priority": 300,
                "rule": [
                  {
                    "description": "",
                    "destination_addresses": [],
                    "destination_fqdn_tags": [],
                    "destination_fqdns": [
                      "azure.archive.ubuntu.com"
                    ],
                    "destination_urls": [],
                    "name": "azure-ubuntu-archive",
                    "protocols": [
                      {
                        "port": 80,
                        "type": "Http"
                      }
                    ],
                    "source_addresses": [
                      "10.1.0.0/24",
                      "10.2.0.0/24"
                    ],
                    "source_ip_groups": [],
                    "terminate_tls": false,
                    "web_categories": []
                  },
                  {
                    "description": "",
                    "destination_addresses": [],
                    "destination_fqdn_tags": [],
                    "destination_fqdns": [
                      "storage.googleapis.com"
                    ],
                    "destination_urls": [],
                    "name": "google-apis",
                    "protocols": [
                      {
                        "port": 443,
                        "type": "Https"
                      }
                    ],
                    "source_addresses": [
                      "10.1.0.0/24"
                    ],
                    "source_ip_groups": [],
                    "terminate_tls": false,
                    "web_categories": []
                  },
                  {
                    "description": "",
                    "destination_addresses": [],
                    "destination_fqdn_tags": [],
                    "destination_fqdns": [
                      "auth.docker.io",
                      "registry-1.docker.io",
                      "index.docker.io",
                      "dseasb33srnrn.cloudfront.net",
                      "production.cloudflare.docker.com"
                    ],
                    "destination_urls": [],
                    "name": "docker",
                    "protocols": [
                      {
                        "port": 443,
                        "type": "Https"
                      }
                    ],
                    "source_addresses": [
                      "10.1.0.0/24",
                      "10.2.0.0/24"
                    ],
                    "source_ip_groups": [],
                    "terminate_tls": false,
                    "web_categories": []
                  }
                ]
              },
              {
                "action": "Allow",
                "name": "work-vm-azure-access",
                "priority": 400,
                "rule": [
                  {
                    "description": "",
                    "destination_addresses": [],
                    "destination_fqdn_tags": [],
                    "destination_fqdns": [
                      "login.microsoftonline.com"
                    ],
                    "destination_urls": [],
                    "name": "active-directory",
                    "protocols": [
                      {
                        "port": 443,
                        "type": "Https"
                      }
                    ],
                    "source_addresses": [
                      "10.1.0.0/24"
                    ],
                    "source_ip_groups": [],
                    "terminate_tls": false,
                    "web_categories": []
                  },
                  {
                    "description": "",
                    "destination_addresses": [],
                    "destination_fqdn_tags": [],
                    "destination_fqdns": [
                      "management.azure.com"
                    ],
                    "destination_urls": [],
                    "name": "resource-manager-both-vms",
                    "protocols": [
                      {
                        "port": 443,
                        "type": "Https"
                      }
                    ],
                    "source_addresses": [
                      "10.1.0.0/24",
                      "10.2.0.0/24"
                    ],
                    "source_ip_groups": [],
                    "terminate_tls": false,
                    "web_categories": []
                  }
                ]
              },
              {
                "action": "Allow",
                "name": "monitor-vm-azure-access",
                "priority": 500,
                "rule": [
                  {
                    "description": "",
                    "destination_addresses": [],
                    "destination_fqdn_tags": [],
                    "destination_fqdns": [
                      "api.loganalytics.io"
                    ],
                    "destination_urls": [],
                    "name": "active-directory",
                    "protocols": [
                      {
                        "port": 443,
                        "type": "Https"
                      }
                    ],
                    "source_addresses": [
                      "10.2.0.0/24"
                    ],
                    "source_ip_groups": [],
                    "terminate_tls": false,
                    "web_categories": []
                  }
                ]
              },
              {
                "action": "Allow",
                "name": "acr-access",
                "priority": 600,
                "rule": [
                  {
                    "description": "",
                    "destination_addresses": [],
                    "destination_fqdn_tags": [],
                    "destination_fqdns": [
                      "dtfhubacr.azurecr.io",
                      "dtfhubacr.westeurope.data.azurecr.io"
                    ],
                    "destination_urls": [],
                    "name": "acr-access",
                    "protocols": [
                      {
                        "port": 443,
                        "type": "Https"
                      }
                    ],
                    "source_addresses": [
                      "10.1.0.0/24",
                      "10.1.2.0/24"
                    ],
                    "source_ip_groups": [],
                    "terminate_tls": false,
                    "web_categories": []
                  }
                ]
              },
              {
                "action": "Allow",
                "name": "aks-access",
                "priority": 700,
                "rule": [
                  {
                    "description": "",
                    "destination_addresses": [],
                    "destination_fqdn_tags": [
                      "AzureKubernetesService"
                    ],
                    "destination_fqdns": [],
                    "destination_urls": [],
                    "name": "aks-fqdn-tags",
                    "protocols": [
                      {
                        "port": 443,
                        "type": "Https"
                      }
                    ],
                    "source_addresses": [
                      "10.1.2.0/24"
                    ],
                    "source_ip_groups": [],
                    "terminate_tls": false,
                    "web_categories": []
                  }
                ]
              },
              {
                "action": "Allow",
                "name": "aks-diagnostics",
                "priority": 800,
                "rule": [
                  {
                    "description": "",
                    "destination_addresses": [],
                    "destination_fqdn_tags": [],
                    "destination_fqdns": [
                      "196532a9-0816-479d-a9b1-5907fa82fa85.ods.opinsights.azure.com"
                    ],
                    "destination_urls": [],
                    "name": "monitor-logs",
                    "protocols": [
                      {
                        "port": 443,
                        "type": "Https"
                      }
                    ],
                    "source_addresses": [
                      "10.1.2.0/24"
                    ],
                    "source_ip_groups": [],
                    "terminate_tls": false,
                    "web_categories": []
                  }
                ]
              },
              {
                "action": "Allow",
                "name": "monitor-vm-dns",
                "priority": 900,
                "rule": [
                  {
                    "description": "",
                    "destination_addresses": [],
                    "destination_fqdn_tags": [],
                    "destination_fqdns": [
                      "grafana.monitor.net"
                    ],
                    "destination_urls": [],
                    "name": "monitor.net",
                    "protocols": [
                      {
                        "port": 80,
                        "type": "Http"
                      }
                    ],
                    "source_addresses": [
                      "172.0.0.0/16"
                    ],
                    "source_ip_groups": [],
                    "terminate_tls": false,
                    "web_categories": []
                  }
                ]
              }
            ],
            "firewall_policy_id": "/subscriptions/d94fe338-52d8-4a44-acd4-4f8301adf2cf/resourceGroups/dtf-hub-rg/providers/Microsoft.Network/firewallPolicies/dtf-hub-fw-pl",
            "id": "/subscriptions/d94fe338-52d8-4a44-acd4-4f8301adf2cf/resourceGroups/dtf-hub-rg/providers/Microsoft.Network/firewallPolicies/dtf-hub-fw-pl/ruleCollectionGroups/application-group",
            "name": "application-group",
            "nat_rule_collection": [],
            "network_rule_collection": [],
            "priority": 200,
            "timeouts": null
          },
          "sensitive_attributes": [],
          "private": "eyJlMmJmYjczMC1lY2FhLTExZTYtOGY4OC0zNDM2M2JjN2M0YzAiOnsiY3JlYXRlIjoxODAwMDAwMDAwMDAwLCJkZWxldGUiOjE4MDAwMDAwMDAwMDAsInJlYWQiOjMwMDAwMDAwMDAwMCwidXBkYXRlIjoxODAwMDAwMDAwMDAwfX0=",
          "dependencies": [
            "azurerm_resource_group.hub",
            "module.hub_firewall_policy.azurerm_firewall_policy.policy"
          ]
        }
      ]
    },
    {
      "module": "module.hub_firewall_policy",
      "mode": "managed",
      "type": "azurerm_firewall_policy_rule_collection_group",
      "name": "network_rule_collection_groups",
      "provider": "provider[\"registry.terraform.io/hashicorp/azurerm\"]",
      "instances": [
        {
          "index_key": "network-group",
          "schema_version": 0,
          "attributes": {
            "application_rule_collection": [],
            "firewall_policy_id": "/subscriptions/d94fe338-52d8-4a44-acd4-4f8301adf2cf/resourceGroups/dtf-hub-rg/providers/Microsoft.Network/firewallPolicies/dtf-hub-fw-pl",
            "id": "/subscriptions/d94fe338-52d8-4a44-acd4-4f8301adf2cf/resourceGroups/dtf-hub-rg/providers/Microsoft.Network/firewallPolicies/dtf-hub-fw-pl/ruleCollectionGroups/network-group",
            "name": "network-group",
            "nat_rule_collection": [],
            "network_rule_collection": [
              {
                "action": "Allow",
                "name": "vm-access",
                "priority": 1000,
                "rule": [
                  {
                    "destination_addresses": [
                      "10.1.0.0/24",
                      "10.2.0.0/24"
                    ],
                    "destination_fqdns": [],
                    "destination_ip_groups": [],
                    "destination_ports": [
                      "22"
                    ],
                    "name": "ssh",
                    "protocols": [
                      "TCP"
                    ],
                    "source_addresses": [
                      "172.0.0.0/16"
                    ],
                    "source_ip_groups": []
                  },
                  {
                    "destination_addresses": [
                      "10.2.0.0/24"
                    ],
                    "destination_fqdns": [],
                    "destination_ip_groups": [],
                    "destination_ports": [
                      "80"
                    ],
                    "name": "grafana-monitor",
                    "protocols": [
                      "TCP"
                    ],
                    "source_addresses": [
                      "172.0.0.0/16"
                    ],
                    "source_ip_groups": []
                  }
                ]
              }
            ],
            "priority": 100,
            "timeouts": null
          },
          "sensitive_attributes": [],
          "private": "eyJlMmJmYjczMC1lY2FhLTExZTYtOGY4OC0zNDM2M2JjN2M0YzAiOnsiY3JlYXRlIjoxODAwMDAwMDAwMDAwLCJkZWxldGUiOjE4MDAwMDAwMDAwMDAsInJlYWQiOjMwMDAwMDAwMDAwMCwidXBkYXRlIjoxODAwMDAwMDAwMDAwfX0=",
          "dependencies": [
            "azurerm_resource_group.hub",
            "module.hub_firewall_policy.azurerm_firewall_policy.policy"
          ]
        }
      ]
    },
    {
      "module": "module.hub_log_analytics",
      "mode": "managed",
      "type": "azurerm_log_analytics_workspace",
      "name": "log_analytics",
      "provider": "provider[\"registry.terraform.io/hashicorp/azurerm\"]",
      "instances": [
        {
          "schema_version": 3,
          "attributes": {
            "allow_resource_only_permissions": true,
            "cmk_for_query_forced": false,
            "daily_quota_gb": -1,
            "id": "/subscriptions/d94fe338-52d8-4a44-acd4-4f8301adf2cf/resourceGroups/dtf-hub-rg/providers/Microsoft.OperationalInsights/workspaces/dtf-hub-log-analytics-workspace",
            "internet_ingestion_enabled": true,
            "internet_query_enabled": true,
            "local_authentication_disabled": false,
            "location": "westeurope",
            "name": "dtf-hub-log-analytics-workspace",
            "primary_shared_key": "yYkTempTYyUi3UJOV2Zu0gNwRVyxp8wH3WjbbkTnPxcdyaZpdFk/YvY7zBCudd29FbEAeiRYL3d1rwBna2yPzw==",
            "reservation_capacity_in_gb_per_day": null,
            "resource_group_name": "dtf-hub-rg",
            "retention_in_days": 30,
            "secondary_shared_key": "eLvzF0sfpPMgnDtNaMfZ2nU7Eb2r0Vxy6h4alQThuE2nOAD1prr/6WwDEGGFxphd6vhMIr21bIP6vYhC1WGVNA==",
            "sku": "PerGB2018",
            "tags": {
              "CreationDateTime": "2023-08-01T10:46:39.3974866Z",
              "Environment": "Dev"
            },
            "timeouts": null,
            "workspace_id": "6703a699-5c4c-4560-bf43-0cd122e6c843"
          },
          "sensitive_attributes": [],
          "private": "eyJlMmJmYjczMC1lY2FhLTExZTYtOGY4OC0zNDM2M2JjN2M0YzAiOnsiY3JlYXRlIjoxODAwMDAwMDAwMDAwLCJkZWxldGUiOjE4MDAwMDAwMDAwMDAsInJlYWQiOjMwMDAwMDAwMDAwMCwidXBkYXRlIjoxODAwMDAwMDAwMDAwfSwic2NoZW1hX3ZlcnNpb24iOiIzIn0=",
          "dependencies": [
            "azurerm_resource_group.hub"
          ]
        }
      ]
    },
    {
      "module": "module.hub_log_analytics.module.log_analytics_diagnostic",
      "mode": "data",
      "type": "azurerm_monitor_diagnostic_categories",
      "name": "categories",
      "provider": "provider[\"registry.terraform.io/hashicorp/azurerm\"]",
      "instances": [
        {
          "schema_version": 0,
          "attributes": {
            "id": "/subscriptions/d94fe338-52d8-4a44-acd4-4f8301adf2cf/resourceGroups/dtf-hub-rg/providers/Microsoft.OperationalInsights/workspaces/dtf-hub-log-analytics-workspace",
            "log_category_groups": [
              "allLogs",
              "audit"
            ],
            "log_category_types": [
              "Audit"
            ],
            "logs": [
              "Audit"
            ],
            "metrics": [
              "AllMetrics"
            ],
            "resource_id": "/subscriptions/d94fe338-52d8-4a44-acd4-4f8301adf2cf/resourceGroups/dtf-hub-rg/providers/Microsoft.OperationalInsights/workspaces/dtf-hub-log-analytics-workspace",
            "timeouts": null
          },
          "sensitive_attributes": []
        }
      ]
    },
    {
      "module": "module.hub_log_analytics.module.log_analytics_diagnostic",
      "mode": "managed",
      "type": "azurerm_monitor_diagnostic_setting",
      "name": "diagnostics",
      "provider": "provider[\"registry.terraform.io/hashicorp/azurerm\"]",
      "instances": [
        {
          "schema_version": 0,
          "attributes": {
            "enabled_log": [
              {
                "category": "Audit",
                "category_group": "",
                "retention_policy": [
                  {
                    "days": 0,
                    "enabled": false
                  }
                ]
              }
            ],
            "eventhub_authorization_rule_id": "",
            "eventhub_name": "",
            "id": "/subscriptions/d94fe338-52d8-4a44-acd4-4f8301adf2cf/resourceGroups/dtf-hub-rg/providers/Microsoft.OperationalInsights/workspaces/dtf-hub-log-analytics-workspace|dtf-hub-log-analytics-workspace-diagnostic",
            "log": [
              {
                "category": "Audit",
                "category_group": "",
                "enabled": true,
                "retention_policy": [
                  {
                    "days": 0,
                    "enabled": false
                  }
                ]
              }
            ],
            "log_analytics_destination_type": "",
            "log_analytics_workspace_id": "/subscriptions/d94fe338-52d8-4a44-acd4-4f8301adf2cf/resourceGroups/dtf-hub-rg/providers/Microsoft.OperationalInsights/workspaces/dtf-hub-log-analytics-workspace",
            "metric": [
              {
                "category": "AllMetrics",
                "enabled": true,
                "retention_policy": [
                  {
                    "days": 0,
                    "enabled": false
                  }
                ]
              }
            ],
            "name": "dtf-hub-log-analytics-workspace-diagnostic",
            "partner_solution_id": null,
            "storage_account_id": null,
            "target_resource_id": "/subscriptions/d94fe338-52d8-4a44-acd4-4f8301adf2cf/resourceGroups/dtf-hub-rg/providers/Microsoft.OperationalInsights/workspaces/dtf-hub-log-analytics-workspace",
            "timeouts": null
          },
          "sensitive_attributes": [],
          "private": "eyJlMmJmYjczMC1lY2FhLTExZTYtOGY4OC0zNDM2M2JjN2M0YzAiOnsiY3JlYXRlIjoxODAwMDAwMDAwMDAwLCJkZWxldGUiOjM2MDAwMDAwMDAwMDAsInJlYWQiOjMwMDAwMDAwMDAwMCwidXBkYXRlIjoxODAwMDAwMDAwMDAwfX0=",
          "dependencies": [
            "azurerm_resource_group.hub",
            "module.hub_log_analytics.azurerm_log_analytics_workspace.log_analytics",
            "module.hub_log_analytics.module.log_analytics_diagnostic.data.azurerm_monitor_diagnostic_categories.categories"
          ]
        }
      ]
    },
    {
      "module": "module.hub_network_security_groups[\"hub-ACRSubnet-nsg\"]",
      "mode": "managed",
      "type": "azurerm_network_security_group",
      "name": "nsg",
      "provider": "provider[\"registry.terraform.io/hashicorp/azurerm\"]",
      "instances": [
        {
          "schema_version": 0,
          "attributes": {
            "id": "/subscriptions/d94fe338-52d8-4a44-acd4-4f8301adf2cf/resourceGroups/dtf-hub-rg/providers/Microsoft.Network/networkSecurityGroups/hub-ACRSubnet-nsg",
            "location": "westeurope",
            "name": "hub-ACRSubnet-nsg",
            "resource_group_name": "dtf-hub-rg",
            "security_rule": [],
            "tags": {
              "CreationDateTime": "2023-08-01T10:46:07.5976463Z",
              "Environment": "Dev"
            },
            "timeouts": null
          },
          "sensitive_attributes": [],
          "private": "eyJlMmJmYjczMC1lY2FhLTExZTYtOGY4OC0zNDM2M2JjN2M0YzAiOnsiY3JlYXRlIjoxODAwMDAwMDAwMDAwLCJkZWxldGUiOjE4MDAwMDAwMDAwMDAsInJlYWQiOjMwMDAwMDAwMDAwMCwidXBkYXRlIjoxODAwMDAwMDAwMDAwfX0=",
          "dependencies": [
            "azurerm_resource_group.hub"
          ]
        }
      ]
    },
    {
      "module": "module.hub_network_security_groups[\"hub-ACRSubnet-nsg\"].module.nsg_diagnostic",
      "mode": "data",
      "type": "azurerm_monitor_diagnostic_categories",
      "name": "categories",
      "provider": "provider[\"registry.terraform.io/hashicorp/azurerm\"]",
      "instances": [
        {
          "schema_version": 0,
          "attributes": {
            "id": "/subscriptions/d94fe338-52d8-4a44-acd4-4f8301adf2cf/resourceGroups/dtf-hub-rg/providers/Microsoft.Network/networkSecurityGroups/hub-ACRSubnet-nsg",
            "log_category_groups": [
              "allLogs"
            ],
            "log_category_types": [
              "NetworkSecurityGroupEvent",
              "NetworkSecurityGroupRuleCounter"
            ],
            "logs": [
              "NetworkSecurityGroupEvent",
              "NetworkSecurityGroupRuleCounter"
            ],
            "metrics": [],
            "resource_id": "/subscriptions/d94fe338-52d8-4a44-acd4-4f8301adf2cf/resourceGroups/dtf-hub-rg/providers/Microsoft.Network/networkSecurityGroups/hub-ACRSubnet-nsg",
            "timeouts": null
          },
          "sensitive_attributes": []
        }
      ]
    },
    {
      "module": "module.hub_network_security_groups[\"hub-ACRSubnet-nsg\"].module.nsg_diagnostic",
      "mode": "managed",
      "type": "azurerm_monitor_diagnostic_setting",
      "name": "diagnostics",
      "provider": "provider[\"registry.terraform.io/hashicorp/azurerm\"]",
      "instances": [
        {
          "schema_version": 0,
          "attributes": {
            "enabled_log": [
              {
                "category": "NetworkSecurityGroupEvent",
                "category_group": "",
                "retention_policy": [
                  {
                    "days": 0,
                    "enabled": false
                  }
                ]
              },
              {
                "category": "NetworkSecurityGroupRuleCounter",
                "category_group": "",
                "retention_policy": [
                  {
                    "days": 0,
                    "enabled": false
                  }
                ]
              }
            ],
            "eventhub_authorization_rule_id": "",
            "eventhub_name": "",
            "id": "/subscriptions/d94fe338-52d8-4a44-acd4-4f8301adf2cf/resourceGroups/dtf-hub-rg/providers/Microsoft.Network/networkSecurityGroups/hub-ACRSubnet-nsg|hub-ACRSubnet-nsg-diagnostic",
            "log": [
              {
                "category": "NetworkSecurityGroupEvent",
                "category_group": "",
                "enabled": true,
                "retention_policy": [
                  {
                    "days": 0,
                    "enabled": false
                  }
                ]
              },
              {
                "category": "NetworkSecurityGroupRuleCounter",
                "category_group": "",
                "enabled": true,
                "retention_policy": [
                  {
                    "days": 0,
                    "enabled": false
                  }
                ]
              }
            ],
            "log_analytics_destination_type": "",
            "log_analytics_workspace_id": "/subscriptions/d94fe338-52d8-4a44-acd4-4f8301adf2cf/resourceGroups/dtf-hub-rg/providers/Microsoft.OperationalInsights/workspaces/dtf-hub-log-analytics-workspace",
            "metric": [],
            "name": "hub-ACRSubnet-nsg-diagnostic",
            "partner_solution_id": null,
            "storage_account_id": null,
            "target_resource_id": "/subscriptions/d94fe338-52d8-4a44-acd4-4f8301adf2cf/resourceGroups/dtf-hub-rg/providers/Microsoft.Network/networkSecurityGroups/hub-ACRSubnet-nsg",
            "timeouts": null
          },
          "sensitive_attributes": [],
          "private": "eyJlMmJmYjczMC1lY2FhLTExZTYtOGY4OC0zNDM2M2JjN2M0YzAiOnsiY3JlYXRlIjoxODAwMDAwMDAwMDAwLCJkZWxldGUiOjM2MDAwMDAwMDAwMDAsInJlYWQiOjMwMDAwMDAwMDAwMCwidXBkYXRlIjoxODAwMDAwMDAwMDAwfX0=",
          "dependencies": [
            "azurerm_resource_group.hub",
            "module.hub_log_analytics.azurerm_log_analytics_workspace.log_analytics",
            "module.hub_network_security_groups.azurerm_network_security_group.nsg",
            "module.hub_network_security_groups.module.nsg_diagnostic.data.azurerm_monitor_diagnostic_categories.categories"
          ]
        }
      ]
    },
    {
      "module": "module.hub_route_tables[\"hub-gateway-rt\"]",
      "mode": "managed",
      "type": "azurerm_route",
      "name": "routes",
      "provider": "provider[\"registry.terraform.io/hashicorp/azurerm\"]",
      "instances": [
        {
          "index_key": "monitor-vnet",
          "schema_version": 0,
          "attributes": {
            "address_prefix": "10.2.0.0/16",
            "id": "/subscriptions/d94fe338-52d8-4a44-acd4-4f8301adf2cf/resourceGroups/dtf-hub-rg/providers/Microsoft.Network/routeTables/hub-gateway-rt/routes/monitor-vnet",
            "name": "monitor-vnet",
            "next_hop_in_ip_address": "10.0.1.4",
            "next_hop_type": "VirtualAppliance",
            "resource_group_name": "dtf-hub-rg",
            "route_table_name": "hub-gateway-rt",
            "timeouts": null
          },
          "sensitive_attributes": [],
          "private": "eyJlMmJmYjczMC1lY2FhLTExZTYtOGY4OC0zNDM2M2JjN2M0YzAiOnsiY3JlYXRlIjoxODAwMDAwMDAwMDAwLCJkZWxldGUiOjE4MDAwMDAwMDAwMDAsInJlYWQiOjMwMDAwMDAwMDAwMCwidXBkYXRlIjoxODAwMDAwMDAwMDAwfX0=",
          "dependencies": [
            "azurerm_resource_group.hub",
            "module.hub_route_tables.azurerm_route_table.rt"
          ]
        },
        {
          "index_key": "work-vnet",
          "schema_version": 0,
          "attributes": {
            "address_prefix": "10.1.0.0/16",
            "id": "/subscriptions/d94fe338-52d8-4a44-acd4-4f8301adf2cf/resourceGroups/dtf-hub-rg/providers/Microsoft.Network/routeTables/hub-gateway-rt/routes/work-vnet",
            "name": "work-vnet",
            "next_hop_in_ip_address": "10.0.1.4",
            "next_hop_type": "VirtualAppliance",
            "resource_group_name": "dtf-hub-rg",
            "route_table_name": "hub-gateway-rt",
            "timeouts": null
          },
          "sensitive_attributes": [],
          "private": "eyJlMmJmYjczMC1lY2FhLTExZTYtOGY4OC0zNDM2M2JjN2M0YzAiOnsiY3JlYXRlIjoxODAwMDAwMDAwMDAwLCJkZWxldGUiOjE4MDAwMDAwMDAwMDAsInJlYWQiOjMwMDAwMDAwMDAwMCwidXBkYXRlIjoxODAwMDAwMDAwMDAwfX0=",
          "dependencies": [
            "azurerm_resource_group.hub",
            "module.hub_route_tables.azurerm_route_table.rt"
          ]
        }
      ]
    },
    {
      "module": "module.hub_route_tables[\"hub-gateway-rt\"]",
      "mode": "managed",
      "type": "azurerm_route_table",
      "name": "rt",
      "provider": "provider[\"registry.terraform.io/hashicorp/azurerm\"]",
      "instances": [
        {
          "schema_version": 0,
          "attributes": {
            "disable_bgp_route_propagation": false,
            "id": "/subscriptions/d94fe338-52d8-4a44-acd4-4f8301adf2cf/resourceGroups/dtf-hub-rg/providers/Microsoft.Network/routeTables/hub-gateway-rt",
            "location": "westeurope",
            "name": "hub-gateway-rt",
            "resource_group_name": "dtf-hub-rg",
            "route": [
              {
                "address_prefix": "10.1.0.0/16",
                "name": "work-vnet",
                "next_hop_in_ip_address": "10.0.1.4",
                "next_hop_type": "VirtualAppliance"
              },
              {
                "address_prefix": "10.2.0.0/16",
                "name": "monitor-vnet",
                "next_hop_in_ip_address": "10.0.1.4",
                "next_hop_type": "VirtualAppliance"
              }
            ],
            "subnets": [
              "/subscriptions/d94fe338-52d8-4a44-acd4-4f8301adf2cf/resourceGroups/dtf-hub-rg/providers/Microsoft.Network/virtualNetworks/dtf-hub-vnet/subnets/GatewaySubnet"
            ],
            "tags": {
              "CreationDateTime": "2023-08-01T10:46:11.4948330Z",
              "Environment": "Dev"
            },
            "timeouts": null
          },
          "sensitive_attributes": [],
          "private": "eyJlMmJmYjczMC1lY2FhLTExZTYtOGY4OC0zNDM2M2JjN2M0YzAiOnsiY3JlYXRlIjoxODAwMDAwMDAwMDAwLCJkZWxldGUiOjE4MDAwMDAwMDAwMDAsInJlYWQiOjMwMDAwMDAwMDAwMCwidXBkYXRlIjoxODAwMDAwMDAwMDAwfX0=",
          "dependencies": [
            "azurerm_resource_group.hub"
          ]
        }
      ]
    },
    {
      "module": "module.hub_route_tables[\"hub-rt\"]",
      "mode": "managed",
      "type": "azurerm_route",
      "name": "routes",
      "provider": "provider[\"registry.terraform.io/hashicorp/azurerm\"]",
      "instances": [
        {
          "index_key": "monitor-vnet",
          "schema_version": 0,
          "attributes": {
            "address_prefix": "10.2.0.0/16",
            "id": "/subscriptions/d94fe338-52d8-4a44-acd4-4f8301adf2cf/resourceGroups/dtf-hub-rg/providers/Microsoft.Network/routeTables/hub-rt/routes/monitor-vnet",
            "name": "monitor-vnet",
            "next_hop_in_ip_address": "10.0.1.4",
            "next_hop_type": "VirtualAppliance",
            "resource_group_name": "dtf-hub-rg",
            "route_table_name": "hub-rt",
            "timeouts": null
          },
          "sensitive_attributes": [],
          "private": "eyJlMmJmYjczMC1lY2FhLTExZTYtOGY4OC0zNDM2M2JjN2M0YzAiOnsiY3JlYXRlIjoxODAwMDAwMDAwMDAwLCJkZWxldGUiOjE4MDAwMDAwMDAwMDAsInJlYWQiOjMwMDAwMDAwMDAwMCwidXBkYXRlIjoxODAwMDAwMDAwMDAwfX0=",
          "dependencies": [
            "azurerm_resource_group.hub",
            "module.hub_route_tables.azurerm_route_table.rt"
          ]
        },
        {
          "index_key": "outbound",
          "schema_version": 0,
          "attributes": {
            "address_prefix": "0.0.0.0/0",
            "id": "/subscriptions/d94fe338-52d8-4a44-acd4-4f8301adf2cf/resourceGroups/dtf-hub-rg/providers/Microsoft.Network/routeTables/hub-rt/routes/outbound",
            "name": "outbound",
            "next_hop_in_ip_address": "10.0.1.4",
            "next_hop_type": "VirtualAppliance",
            "resource_group_name": "dtf-hub-rg",
            "route_table_name": "hub-rt",
            "timeouts": null
          },
          "sensitive_attributes": [],
          "private": "eyJlMmJmYjczMC1lY2FhLTExZTYtOGY4OC0zNDM2M2JjN2M0YzAiOnsiY3JlYXRlIjoxODAwMDAwMDAwMDAwLCJkZWxldGUiOjE4MDAwMDAwMDAwMDAsInJlYWQiOjMwMDAwMDAwMDAwMCwidXBkYXRlIjoxODAwMDAwMDAwMDAwfX0=",
          "dependencies": [
            "azurerm_resource_group.hub",
            "module.hub_route_tables.azurerm_route_table.rt"
          ]
        },
        {
          "index_key": "work-vnet",
          "schema_version": 0,
          "attributes": {
            "address_prefix": "10.1.0.0/16",
            "id": "/subscriptions/d94fe338-52d8-4a44-acd4-4f8301adf2cf/resourceGroups/dtf-hub-rg/providers/Microsoft.Network/routeTables/hub-rt/routes/work-vnet",
            "name": "work-vnet",
            "next_hop_in_ip_address": "10.0.1.4",
            "next_hop_type": "VirtualAppliance",
            "resource_group_name": "dtf-hub-rg",
            "route_table_name": "hub-rt",
            "timeouts": null
          },
          "sensitive_attributes": [],
          "private": "eyJlMmJmYjczMC1lY2FhLTExZTYtOGY4OC0zNDM2M2JjN2M0YzAiOnsiY3JlYXRlIjoxODAwMDAwMDAwMDAwLCJkZWxldGUiOjE4MDAwMDAwMDAwMDAsInJlYWQiOjMwMDAwMDAwMDAwMCwidXBkYXRlIjoxODAwMDAwMDAwMDAwfX0=",
          "dependencies": [
            "azurerm_resource_group.hub",
            "module.hub_route_tables.azurerm_route_table.rt"
          ]
        }
      ]
    },
    {
      "module": "module.hub_route_tables[\"hub-rt\"]",
      "mode": "managed",
      "type": "azurerm_route_table",
      "name": "rt",
      "provider": "provider[\"registry.terraform.io/hashicorp/azurerm\"]",
      "instances": [
        {
          "schema_version": 0,
          "attributes": {
            "disable_bgp_route_propagation": false,
            "id": "/subscriptions/d94fe338-52d8-4a44-acd4-4f8301adf2cf/resourceGroups/dtf-hub-rg/providers/Microsoft.Network/routeTables/hub-rt",
            "location": "westeurope",
            "name": "hub-rt",
            "resource_group_name": "dtf-hub-rg",
            "route": [
              {
                "address_prefix": "0.0.0.0/0",
                "name": "outbound",
                "next_hop_in_ip_address": "10.0.1.4",
                "next_hop_type": "VirtualAppliance"
              },
              {
                "address_prefix": "10.1.0.0/16",
                "name": "work-vnet",
                "next_hop_in_ip_address": "10.0.1.4",
                "next_hop_type": "VirtualAppliance"
              },
              {
                "address_prefix": "10.2.0.0/16",
                "name": "monitor-vnet",
                "next_hop_in_ip_address": "10.0.1.4",
                "next_hop_type": "VirtualAppliance"
              }
            ],
            "subnets": [
              "/subscriptions/d94fe338-52d8-4a44-acd4-4f8301adf2cf/resourceGroups/dtf-hub-rg/providers/Microsoft.Network/virtualNetworks/dtf-hub-vnet/subnets/ACRSubnet"
            ],
            "tags": {
              "CreationDateTime": "2023-08-01T10:46:08.0059179Z",
              "Environment": "Dev"
            },
            "timeouts": null
          },
          "sensitive_attributes": [],
          "private": "eyJlMmJmYjczMC1lY2FhLTExZTYtOGY4OC0zNDM2M2JjN2M0YzAiOnsiY3JlYXRlIjoxODAwMDAwMDAwMDAwLCJkZWxldGUiOjE4MDAwMDAwMDAwMDAsInJlYWQiOjMwMDAwMDAwMDAwMCwidXBkYXRlIjoxODAwMDAwMDAwMDAwfX0=",
          "dependencies": [
            "azurerm_resource_group.hub"
          ]
        }
      ]
    },
    {
      "module": "module.hub_to_monitor_peerings",
      "mode": "managed",
      "type": "azurerm_virtual_network_peering",
      "name": "ingoing_peering",
      "provider": "provider[\"registry.terraform.io/hashicorp/azurerm\"]",
      "instances": [
        {
          "schema_version": 0,
          "attributes": {
            "allow_forwarded_traffic": true,
            "allow_gateway_transit": false,
            "allow_virtual_network_access": true,
            "id": "/subscriptions/d94fe338-52d8-4a44-acd4-4f8301adf2cf/resourceGroups/dtf-monitor-spoke-rg/providers/Microsoft.Network/virtualNetworks/dtf-monitor-vnet/virtualNetworkPeerings/dtf-monitor-vnet-to-dtf-hub-vnet",
            "name": "dtf-monitor-vnet-to-dtf-hub-vnet",
            "remote_virtual_network_id": "/subscriptions/d94fe338-52d8-4a44-acd4-4f8301adf2cf/resourceGroups/dtf-hub-rg/providers/Microsoft.Network/virtualNetworks/dtf-hub-vnet",
            "resource_group_name": "dtf-monitor-spoke-rg",
            "timeouts": null,
            "triggers": null,
            "use_remote_gateways": true,
            "virtual_network_name": "dtf-monitor-vnet"
          },
          "sensitive_attributes": [],
          "private": "eyJlMmJmYjczMC1lY2FhLTExZTYtOGY4OC0zNDM2M2JjN2M0YzAiOnsiY3JlYXRlIjoxODAwMDAwMDAwMDAwLCJkZWxldGUiOjE4MDAwMDAwMDAwMDAsInJlYWQiOjMwMDAwMDAwMDAwMCwidXBkYXRlIjoxODAwMDAwMDAwMDAwfX0=",
          "dependencies": [
            "azurerm_resource_group.hub",
            "azurerm_resource_group.monitor",
            "module.hub_log_analytics.azurerm_log_analytics_workspace.log_analytics",
            "module.hub_network_security_groups.azurerm_network_security_group.nsg",
            "module.hub_network_security_groups.azurerm_network_security_rule.rules",
            "module.hub_network_security_groups.module.nsg_diagnostic.azurerm_monitor_diagnostic_setting.diagnostics",
            "module.hub_network_security_groups.module.nsg_diagnostic.data.azurerm_monitor_diagnostic_categories.categories",
            "module.hub_route_tables.azurerm_route.routes",
            "module.hub_route_tables.azurerm_route_table.rt",
            "module.hub_virtual_network.azurerm_resource_group_template_deployment.subnets",
            "module.hub_virtual_network.azurerm_virtual_network.vnet",
            "module.hub_vpn_gateway.azurerm_public_ip.active_active_ip",
            "module.hub_vpn_gateway.azurerm_public_ip.ip",
            "module.hub_vpn_gateway.azurerm_virtual_network_gateway.vnet_gateway",
            "module.hub_vpn_gateway.module.active_active_ip_diagnostic.azurerm_monitor_diagnostic_setting.diagnostics",
            "module.hub_vpn_gateway.module.active_active_ip_diagnostic.data.azurerm_monitor_diagnostic_categories.categories",
            "module.hub_vpn_gateway.module.ip_diagnostic.azurerm_monitor_diagnostic_setting.diagnostics",
            "module.hub_vpn_gateway.module.ip_diagnostic.data.azurerm_monitor_diagnostic_categories.categories",
            "module.hub_vpn_gateway.module.vnet_gateway_diagnostic.azurerm_monitor_diagnostic_setting.diagnostics",
            "module.hub_vpn_gateway.module.vnet_gateway_diagnostic.data.azurerm_monitor_diagnostic_categories.categories",
            "module.monitor_virtual_network.azurerm_virtual_network.vnet"
          ]
        }
      ]
    },
    {
      "module": "module.hub_to_monitor_peerings",
      "mode": "managed",
      "type": "azurerm_virtual_network_peering",
      "name": "outgoing_peering",
      "provider": "provider[\"registry.terraform.io/hashicorp/azurerm\"]",
      "instances": [
        {
          "schema_version": 0,
          "attributes": {
            "allow_forwarded_traffic": false,
            "allow_gateway_transit": true,
            "allow_virtual_network_access": true,
            "id": "/subscriptions/d94fe338-52d8-4a44-acd4-4f8301adf2cf/resourceGroups/dtf-hub-rg/providers/Microsoft.Network/virtualNetworks/dtf-hub-vnet/virtualNetworkPeerings/dtf-hub-vnet-to-dtf-monitor-vnet",
            "name": "dtf-hub-vnet-to-dtf-monitor-vnet",
            "remote_virtual_network_id": "/subscriptions/d94fe338-52d8-4a44-acd4-4f8301adf2cf/resourceGroups/dtf-monitor-spoke-rg/providers/Microsoft.Network/virtualNetworks/dtf-monitor-vnet",
            "resource_group_name": "dtf-hub-rg",
            "timeouts": null,
            "triggers": null,
            "use_remote_gateways": false,
            "virtual_network_name": "dtf-hub-vnet"
          },
          "sensitive_attributes": [],
          "private": "eyJlMmJmYjczMC1lY2FhLTExZTYtOGY4OC0zNDM2M2JjN2M0YzAiOnsiY3JlYXRlIjoxODAwMDAwMDAwMDAwLCJkZWxldGUiOjE4MDAwMDAwMDAwMDAsInJlYWQiOjMwMDAwMDAwMDAwMCwidXBkYXRlIjoxODAwMDAwMDAwMDAwfX0=",
          "dependencies": [
            "azurerm_resource_group.hub",
            "azurerm_resource_group.monitor",
            "module.hub_log_analytics.azurerm_log_analytics_workspace.log_analytics",
            "module.hub_network_security_groups.azurerm_network_security_group.nsg",
            "module.hub_network_security_groups.azurerm_network_security_rule.rules",
            "module.hub_network_security_groups.module.nsg_diagnostic.azurerm_monitor_diagnostic_setting.diagnostics",
            "module.hub_network_security_groups.module.nsg_diagnostic.data.azurerm_monitor_diagnostic_categories.categories",
            "module.hub_route_tables.azurerm_route.routes",
            "module.hub_route_tables.azurerm_route_table.rt",
            "module.hub_virtual_network.azurerm_resource_group_template_deployment.subnets",
            "module.hub_virtual_network.azurerm_virtual_network.vnet",
            "module.hub_vpn_gateway.azurerm_public_ip.active_active_ip",
            "module.hub_vpn_gateway.azurerm_public_ip.ip",
            "module.hub_vpn_gateway.azurerm_virtual_network_gateway.vnet_gateway",
            "module.hub_vpn_gateway.module.active_active_ip_diagnostic.azurerm_monitor_diagnostic_setting.diagnostics",
            "module.hub_vpn_gateway.module.active_active_ip_diagnostic.data.azurerm_monitor_diagnostic_categories.categories",
            "module.hub_vpn_gateway.module.ip_diagnostic.azurerm_monitor_diagnostic_setting.diagnostics",
            "module.hub_vpn_gateway.module.ip_diagnostic.data.azurerm_monitor_diagnostic_categories.categories",
            "module.hub_vpn_gateway.module.vnet_gateway_diagnostic.azurerm_monitor_diagnostic_setting.diagnostics",
            "module.hub_vpn_gateway.module.vnet_gateway_diagnostic.data.azurerm_monitor_diagnostic_categories.categories",
            "module.monitor_virtual_network.azurerm_virtual_network.vnet"
          ]
        }
      ]
    },
    {
      "module": "module.hub_to_work_peerings",
      "mode": "managed",
      "type": "azurerm_virtual_network_peering",
      "name": "ingoing_peering",
      "provider": "provider[\"registry.terraform.io/hashicorp/azurerm\"]",
      "instances": [
        {
          "schema_version": 0,
          "attributes": {
            "allow_forwarded_traffic": true,
            "allow_gateway_transit": false,
            "allow_virtual_network_access": true,
            "id": "/subscriptions/d94fe338-52d8-4a44-acd4-4f8301adf2cf/resourceGroups/dtf-work-spoke-rg/providers/Microsoft.Network/virtualNetworks/dtf-work-vnet/virtualNetworkPeerings/dtf-work-vnet-to-dtf-hub-vnet",
            "name": "dtf-work-vnet-to-dtf-hub-vnet",
            "remote_virtual_network_id": "/subscriptions/d94fe338-52d8-4a44-acd4-4f8301adf2cf/resourceGroups/dtf-hub-rg/providers/Microsoft.Network/virtualNetworks/dtf-hub-vnet",
            "resource_group_name": "dtf-work-spoke-rg",
            "timeouts": null,
            "triggers": null,
            "use_remote_gateways": true,
            "virtual_network_name": "dtf-work-vnet"
          },
          "sensitive_attributes": [],
          "private": "eyJlMmJmYjczMC1lY2FhLTExZTYtOGY4OC0zNDM2M2JjN2M0YzAiOnsiY3JlYXRlIjoxODAwMDAwMDAwMDAwLCJkZWxldGUiOjE4MDAwMDAwMDAwMDAsInJlYWQiOjMwMDAwMDAwMDAwMCwidXBkYXRlIjoxODAwMDAwMDAwMDAwfX0=",
          "dependencies": [
            "azurerm_resource_group.hub",
            "azurerm_resource_group.work",
            "module.hub_log_analytics.azurerm_log_analytics_workspace.log_analytics",
            "module.hub_network_security_groups.azurerm_network_security_group.nsg",
            "module.hub_network_security_groups.azurerm_network_security_rule.rules",
            "module.hub_network_security_groups.module.nsg_diagnostic.azurerm_monitor_diagnostic_setting.diagnostics",
            "module.hub_network_security_groups.module.nsg_diagnostic.data.azurerm_monitor_diagnostic_categories.categories",
            "module.hub_route_tables.azurerm_route.routes",
            "module.hub_route_tables.azurerm_route_table.rt",
            "module.hub_virtual_network.azurerm_resource_group_template_deployment.subnets",
            "module.hub_virtual_network.azurerm_virtual_network.vnet",
            "module.hub_vpn_gateway.azurerm_public_ip.active_active_ip",
            "module.hub_vpn_gateway.azurerm_public_ip.ip",
            "module.hub_vpn_gateway.azurerm_virtual_network_gateway.vnet_gateway",
            "module.hub_vpn_gateway.module.active_active_ip_diagnostic.azurerm_monitor_diagnostic_setting.diagnostics",
            "module.hub_vpn_gateway.module.active_active_ip_diagnostic.data.azurerm_monitor_diagnostic_categories.categories",
            "module.hub_vpn_gateway.module.ip_diagnostic.azurerm_monitor_diagnostic_setting.diagnostics",
            "module.hub_vpn_gateway.module.ip_diagnostic.data.azurerm_monitor_diagnostic_categories.categories",
            "module.hub_vpn_gateway.module.vnet_gateway_diagnostic.azurerm_monitor_diagnostic_setting.diagnostics",
            "module.hub_vpn_gateway.module.vnet_gateway_diagnostic.data.azurerm_monitor_diagnostic_categories.categories",
            "module.work_virtual_network.azurerm_virtual_network.vnet"
          ]
        }
      ]
    },
    {
      "module": "module.hub_to_work_peerings",
      "mode": "managed",
      "type": "azurerm_virtual_network_peering",
      "name": "outgoing_peering",
      "provider": "provider[\"registry.terraform.io/hashicorp/azurerm\"]",
      "instances": [
        {
          "schema_version": 0,
          "attributes": {
            "allow_forwarded_traffic": false,
            "allow_gateway_transit": true,
            "allow_virtual_network_access": true,
            "id": "/subscriptions/d94fe338-52d8-4a44-acd4-4f8301adf2cf/resourceGroups/dtf-hub-rg/providers/Microsoft.Network/virtualNetworks/dtf-hub-vnet/virtualNetworkPeerings/dtf-hub-vnet-to-dtf-work-vnet",
            "name": "dtf-hub-vnet-to-dtf-work-vnet",
            "remote_virtual_network_id": "/subscriptions/d94fe338-52d8-4a44-acd4-4f8301adf2cf/resourceGroups/dtf-work-spoke-rg/providers/Microsoft.Network/virtualNetworks/dtf-work-vnet",
            "resource_group_name": "dtf-hub-rg",
            "timeouts": null,
            "triggers": null,
            "use_remote_gateways": false,
            "virtual_network_name": "dtf-hub-vnet"
          },
          "sensitive_attributes": [],
          "private": "eyJlMmJmYjczMC1lY2FhLTExZTYtOGY4OC0zNDM2M2JjN2M0YzAiOnsiY3JlYXRlIjoxODAwMDAwMDAwMDAwLCJkZWxldGUiOjE4MDAwMDAwMDAwMDAsInJlYWQiOjMwMDAwMDAwMDAwMCwidXBkYXRlIjoxODAwMDAwMDAwMDAwfX0=",
          "dependencies": [
            "azurerm_resource_group.hub",
            "azurerm_resource_group.work",
            "module.hub_log_analytics.azurerm_log_analytics_workspace.log_analytics",
            "module.hub_network_security_groups.azurerm_network_security_group.nsg",
            "module.hub_network_security_groups.azurerm_network_security_rule.rules",
            "module.hub_network_security_groups.module.nsg_diagnostic.azurerm_monitor_diagnostic_setting.diagnostics",
            "module.hub_network_security_groups.module.nsg_diagnostic.data.azurerm_monitor_diagnostic_categories.categories",
            "module.hub_route_tables.azurerm_route.routes",
            "module.hub_route_tables.azurerm_route_table.rt",
            "module.hub_virtual_network.azurerm_resource_group_template_deployment.subnets",
            "module.hub_virtual_network.azurerm_virtual_network.vnet",
            "module.hub_vpn_gateway.azurerm_public_ip.active_active_ip",
            "module.hub_vpn_gateway.azurerm_public_ip.ip",
            "module.hub_vpn_gateway.azurerm_virtual_network_gateway.vnet_gateway",
            "module.hub_vpn_gateway.module.active_active_ip_diagnostic.azurerm_monitor_diagnostic_setting.diagnostics",
            "module.hub_vpn_gateway.module.active_active_ip_diagnostic.data.azurerm_monitor_diagnostic_categories.categories",
            "module.hub_vpn_gateway.module.ip_diagnostic.azurerm_monitor_diagnostic_setting.diagnostics",
            "module.hub_vpn_gateway.module.ip_diagnostic.data.azurerm_monitor_diagnostic_categories.categories",
            "module.hub_vpn_gateway.module.vnet_gateway_diagnostic.azurerm_monitor_diagnostic_setting.diagnostics",
            "module.hub_vpn_gateway.module.vnet_gateway_diagnostic.data.azurerm_monitor_diagnostic_categories.categories",
            "module.work_virtual_network.azurerm_virtual_network.vnet"
          ]
        }
      ]
    },
    {
      "module": "module.hub_virtual_network",
      "mode": "managed",
      "type": "azurerm_resource_group_template_deployment",
      "name": "subnets",
      "provider": "provider[\"registry.terraform.io/hashicorp/azurerm\"]",
      "instances": [
        {
          "index_key": "ACRSubnet",
          "schema_version": 0,
          "attributes": {
            "debug_level": "",
            "deployment_mode": "Incremental",
            "id": "/subscriptions/d94fe338-52d8-4a44-acd4-4f8301adf2cf/resourceGroups/dtf-hub-rg/providers/Microsoft.Resources/deployments/ACRSubnet-template",
            "name": "ACRSubnet-template",
            "output_content": "{\"subnet_id\":{\"type\":\"String\",\"value\":\"/subscriptions/d94fe338-52d8-4a44-acd4-4f8301adf2cf/resourceGroups/dtf-hub-rg/providers/Microsoft.Network/virtualNetworks/dtf-hub-vnet/subnets/ACRSubnet\"}}",
            "parameters_content": "{\"network_security_group_id\":{\"value\":\"/subscriptions/d94fe338-52d8-4a44-acd4-4f8301adf2cf/resourceGroups/dtf-hub-rg/providers/Microsoft.Network/networkSecurityGroups/hub-ACRSubnet-nsg\"},\"route_table_id\":{\"value\":\"/subscriptions/d94fe338-52d8-4a44-acd4-4f8301adf2cf/resourceGroups/dtf-hub-rg/providers/Microsoft.Network/routeTables/hub-rt\"},\"subnet_address_prefix\":{\"value\":\"10.0.3.0/24\"},\"subnet_name\":{\"value\":\"ACRSubnet\"},\"vnet_name\":{\"value\":\"dtf-hub-vnet\"}}",
            "resource_group_name": "dtf-hub-rg",
            "tags": {},
            "template_content": "{\"$schema\":\"http://schema.management.azure.com/schemas/2015-01-01/deploymentTemplate.json#\",\"contentVersion\":\"1.0.0.0\",\"outputs\":{\"subnet_id\":{\"type\":\"String\",\"value\":\"[resourceId('Microsoft.Network/virtualNetworks/subnets', parameters('vnet_name'), parameters('subnet_name'))]\"}},\"parameters\":{\"network_security_group_id\":{\"type\":\"String\"},\"route_table_id\":{\"type\":\"String\"},\"subnet_address_prefix\":{\"type\":\"String\"},\"subnet_name\":{\"type\":\"String\"},\"vnet_name\":{\"type\":\"String\"}},\"resources\":[{\"apiVersion\":\"2022-11-01\",\"name\":\"[concat(parameters('vnet_name'), '/', parameters('subnet_name'))]\",\"properties\":{\"addressPrefix\":\"[parameters('subnet_address_prefix')]\",\"networkSecurityGroup\":\"[if(equals(parameters('network_security_group_id'),''), json('null'), json(concat('{\\\"id\\\": \\\"', parameters('network_security_group_id'), '\\\"}')))]\",\"routeTable\":\"[if(equals(parameters('route_table_id'),''), json('null'), json(concat('{\\\"id\\\": \\\"', parameters('route_table_id'), '\\\"}')))]\"},\"type\":\"Microsoft.Network/virtualNetworks/subnets\"}]}",
            "template_spec_version_id": "",
            "timeouts": null
          },
          "sensitive_attributes": [],
          "private": "eyJlMmJmYjczMC1lY2FhLTExZTYtOGY4OC0zNDM2M2JjN2M0YzAiOnsiY3JlYXRlIjoxMDgwMDAwMDAwMDAwMCwiZGVsZXRlIjoxMDgwMDAwMDAwMDAwMCwicmVhZCI6MzAwMDAwMDAwMDAwLCJ1cGRhdGUiOjEwODAwMDAwMDAwMDAwfX0=",
          "dependencies": [
            "azurerm_resource_group.hub",
            "module.hub_log_analytics.azurerm_log_analytics_workspace.log_analytics",
            "module.hub_network_security_groups.azurerm_network_security_group.nsg",
            "module.hub_network_security_groups.azurerm_network_security_rule.rules",
            "module.hub_network_security_groups.module.nsg_diagnostic.azurerm_monitor_diagnostic_setting.diagnostics",
            "module.hub_network_security_groups.module.nsg_diagnostic.data.azurerm_monitor_diagnostic_categories.categories",
            "module.hub_route_tables.azurerm_route.routes",
            "module.hub_route_tables.azurerm_route_table.rt",
            "module.hub_virtual_network.azurerm_virtual_network.vnet"
          ]
        },
        {
          "index_key": "AzureFirewallManagementSubnet",
          "schema_version": 0,
          "attributes": {
            "debug_level": "",
            "deployment_mode": "Incremental",
            "id": "/subscriptions/d94fe338-52d8-4a44-acd4-4f8301adf2cf/resourceGroups/dtf-hub-rg/providers/Microsoft.Resources/deployments/AzureFirewallManagementSubnet-template",
            "name": "AzureFirewallManagementSubnet-template",
            "output_content": "{\"subnet_id\":{\"type\":\"String\",\"value\":\"/subscriptions/d94fe338-52d8-4a44-acd4-4f8301adf2cf/resourceGroups/dtf-hub-rg/providers/Microsoft.Network/virtualNetworks/dtf-hub-vnet/subnets/AzureFirewallManagementSubnet\"}}",
            "parameters_content": "{\"network_security_group_id\":{\"value\":\"\"},\"route_table_id\":{\"value\":\"\"},\"subnet_address_prefix\":{\"value\":\"10.0.2.0/24\"},\"subnet_name\":{\"value\":\"AzureFirewallManagementSubnet\"},\"vnet_name\":{\"value\":\"dtf-hub-vnet\"}}",
            "resource_group_name": "dtf-hub-rg",
            "tags": {},
            "template_content": "{\"$schema\":\"http://schema.management.azure.com/schemas/2015-01-01/deploymentTemplate.json#\",\"contentVersion\":\"1.0.0.0\",\"outputs\":{\"subnet_id\":{\"type\":\"String\",\"value\":\"[resourceId('Microsoft.Network/virtualNetworks/subnets', parameters('vnet_name'), parameters('subnet_name'))]\"}},\"parameters\":{\"network_security_group_id\":{\"type\":\"String\"},\"route_table_id\":{\"type\":\"String\"},\"subnet_address_prefix\":{\"type\":\"String\"},\"subnet_name\":{\"type\":\"String\"},\"vnet_name\":{\"type\":\"String\"}},\"resources\":[{\"apiVersion\":\"2022-11-01\",\"name\":\"[concat(parameters('vnet_name'), '/', parameters('subnet_name'))]\",\"properties\":{\"addressPrefix\":\"[parameters('subnet_address_prefix')]\",\"networkSecurityGroup\":\"[if(equals(parameters('network_security_group_id'),''), json('null'), json(concat('{\\\"id\\\": \\\"', parameters('network_security_group_id'), '\\\"}')))]\",\"routeTable\":\"[if(equals(parameters('route_table_id'),''), json('null'), json(concat('{\\\"id\\\": \\\"', parameters('route_table_id'), '\\\"}')))]\"},\"type\":\"Microsoft.Network/virtualNetworks/subnets\"}]}",
            "template_spec_version_id": "",
            "timeouts": null
          },
          "sensitive_attributes": [],
          "private": "eyJlMmJmYjczMC1lY2FhLTExZTYtOGY4OC0zNDM2M2JjN2M0YzAiOnsiY3JlYXRlIjoxMDgwMDAwMDAwMDAwMCwiZGVsZXRlIjoxMDgwMDAwMDAwMDAwMCwicmVhZCI6MzAwMDAwMDAwMDAwLCJ1cGRhdGUiOjEwODAwMDAwMDAwMDAwfX0=",
          "dependencies": [
            "azurerm_resource_group.hub",
            "module.hub_log_analytics.azurerm_log_analytics_workspace.log_analytics",
            "module.hub_network_security_groups.azurerm_network_security_group.nsg",
            "module.hub_network_security_groups.azurerm_network_security_rule.rules",
            "module.hub_network_security_groups.module.nsg_diagnostic.azurerm_monitor_diagnostic_setting.diagnostics",
            "module.hub_network_security_groups.module.nsg_diagnostic.data.azurerm_monitor_diagnostic_categories.categories",
            "module.hub_route_tables.azurerm_route.routes",
            "module.hub_route_tables.azurerm_route_table.rt",
            "module.hub_virtual_network.azurerm_virtual_network.vnet"
          ]
        },
        {
          "index_key": "AzureFirewallSubnet",
          "schema_version": 0,
          "attributes": {
            "debug_level": "",
            "deployment_mode": "Incremental",
            "id": "/subscriptions/d94fe338-52d8-4a44-acd4-4f8301adf2cf/resourceGroups/dtf-hub-rg/providers/Microsoft.Resources/deployments/AzureFirewallSubnet-template",
            "name": "AzureFirewallSubnet-template",
            "output_content": "{\"subnet_id\":{\"type\":\"String\",\"value\":\"/subscriptions/d94fe338-52d8-4a44-acd4-4f8301adf2cf/resourceGroups/dtf-hub-rg/providers/Microsoft.Network/virtualNetworks/dtf-hub-vnet/subnets/AzureFirewallSubnet\"}}",
            "parameters_content": "{\"network_security_group_id\":{\"value\":\"\"},\"route_table_id\":{\"value\":\"\"},\"subnet_address_prefix\":{\"value\":\"10.0.1.0/24\"},\"subnet_name\":{\"value\":\"AzureFirewallSubnet\"},\"vnet_name\":{\"value\":\"dtf-hub-vnet\"}}",
            "resource_group_name": "dtf-hub-rg",
            "tags": {},
            "template_content": "{\"$schema\":\"http://schema.management.azure.com/schemas/2015-01-01/deploymentTemplate.json#\",\"contentVersion\":\"1.0.0.0\",\"outputs\":{\"subnet_id\":{\"type\":\"String\",\"value\":\"[resourceId('Microsoft.Network/virtualNetworks/subnets', parameters('vnet_name'), parameters('subnet_name'))]\"}},\"parameters\":{\"network_security_group_id\":{\"type\":\"String\"},\"route_table_id\":{\"type\":\"String\"},\"subnet_address_prefix\":{\"type\":\"String\"},\"subnet_name\":{\"type\":\"String\"},\"vnet_name\":{\"type\":\"String\"}},\"resources\":[{\"apiVersion\":\"2022-11-01\",\"name\":\"[concat(parameters('vnet_name'), '/', parameters('subnet_name'))]\",\"properties\":{\"addressPrefix\":\"[parameters('subnet_address_prefix')]\",\"networkSecurityGroup\":\"[if(equals(parameters('network_security_group_id'),''), json('null'), json(concat('{\\\"id\\\": \\\"', parameters('network_security_group_id'), '\\\"}')))]\",\"routeTable\":\"[if(equals(parameters('route_table_id'),''), json('null'), json(concat('{\\\"id\\\": \\\"', parameters('route_table_id'), '\\\"}')))]\"},\"type\":\"Microsoft.Network/virtualNetworks/subnets\"}]}",
            "template_spec_version_id": "",
            "timeouts": null
          },
          "sensitive_attributes": [],
          "private": "eyJlMmJmYjczMC1lY2FhLTExZTYtOGY4OC0zNDM2M2JjN2M0YzAiOnsiY3JlYXRlIjoxMDgwMDAwMDAwMDAwMCwiZGVsZXRlIjoxMDgwMDAwMDAwMDAwMCwicmVhZCI6MzAwMDAwMDAwMDAwLCJ1cGRhdGUiOjEwODAwMDAwMDAwMDAwfX0=",
          "dependencies": [
            "azurerm_resource_group.hub",
            "module.hub_log_analytics.azurerm_log_analytics_workspace.log_analytics",
            "module.hub_network_security_groups.azurerm_network_security_group.nsg",
            "module.hub_network_security_groups.azurerm_network_security_rule.rules",
            "module.hub_network_security_groups.module.nsg_diagnostic.azurerm_monitor_diagnostic_setting.diagnostics",
            "module.hub_network_security_groups.module.nsg_diagnostic.data.azurerm_monitor_diagnostic_categories.categories",
            "module.hub_route_tables.azurerm_route.routes",
            "module.hub_route_tables.azurerm_route_table.rt",
            "module.hub_virtual_network.azurerm_virtual_network.vnet"
          ]
        },
        {
          "index_key": "GatewaySubnet",
          "schema_version": 0,
          "attributes": {
            "debug_level": "",
            "deployment_mode": "Incremental",
            "id": "/subscriptions/d94fe338-52d8-4a44-acd4-4f8301adf2cf/resourceGroups/dtf-hub-rg/providers/Microsoft.Resources/deployments/GatewaySubnet-template",
            "name": "GatewaySubnet-template",
            "output_content": "{\"subnet_id\":{\"type\":\"String\",\"value\":\"/subscriptions/d94fe338-52d8-4a44-acd4-4f8301adf2cf/resourceGroups/dtf-hub-rg/providers/Microsoft.Network/virtualNetworks/dtf-hub-vnet/subnets/GatewaySubnet\"}}",
            "parameters_content": "{\"network_security_group_id\":{\"value\":\"\"},\"route_table_id\":{\"value\":\"/subscriptions/d94fe338-52d8-4a44-acd4-4f8301adf2cf/resourceGroups/dtf-hub-rg/providers/Microsoft.Network/routeTables/hub-gateway-rt\"},\"subnet_address_prefix\":{\"value\":\"10.0.0.0/24\"},\"subnet_name\":{\"value\":\"GatewaySubnet\"},\"vnet_name\":{\"value\":\"dtf-hub-vnet\"}}",
            "resource_group_name": "dtf-hub-rg",
            "tags": {},
            "template_content": "{\"$schema\":\"http://schema.management.azure.com/schemas/2015-01-01/deploymentTemplate.json#\",\"contentVersion\":\"1.0.0.0\",\"outputs\":{\"subnet_id\":{\"type\":\"String\",\"value\":\"[resourceId('Microsoft.Network/virtualNetworks/subnets', parameters('vnet_name'), parameters('subnet_name'))]\"}},\"parameters\":{\"network_security_group_id\":{\"type\":\"String\"},\"route_table_id\":{\"type\":\"String\"},\"subnet_address_prefix\":{\"type\":\"String\"},\"subnet_name\":{\"type\":\"String\"},\"vnet_name\":{\"type\":\"String\"}},\"resources\":[{\"apiVersion\":\"2022-11-01\",\"name\":\"[concat(parameters('vnet_name'), '/', parameters('subnet_name'))]\",\"properties\":{\"addressPrefix\":\"[parameters('subnet_address_prefix')]\",\"networkSecurityGroup\":\"[if(equals(parameters('network_security_group_id'),''), json('null'), json(concat('{\\\"id\\\": \\\"', parameters('network_security_group_id'), '\\\"}')))]\",\"routeTable\":\"[if(equals(parameters('route_table_id'),''), json('null'), json(concat('{\\\"id\\\": \\\"', parameters('route_table_id'), '\\\"}')))]\"},\"type\":\"Microsoft.Network/virtualNetworks/subnets\"}]}",
            "template_spec_version_id": "",
            "timeouts": null
          },
          "sensitive_attributes": [],
          "private": "eyJlMmJmYjczMC1lY2FhLTExZTYtOGY4OC0zNDM2M2JjN2M0YzAiOnsiY3JlYXRlIjoxMDgwMDAwMDAwMDAwMCwiZGVsZXRlIjoxMDgwMDAwMDAwMDAwMCwicmVhZCI6MzAwMDAwMDAwMDAwLCJ1cGRhdGUiOjEwODAwMDAwMDAwMDAwfX0=",
          "dependencies": [
            "azurerm_resource_group.hub",
            "module.hub_log_analytics.azurerm_log_analytics_workspace.log_analytics",
            "module.hub_network_security_groups.azurerm_network_security_group.nsg",
            "module.hub_network_security_groups.azurerm_network_security_rule.rules",
            "module.hub_network_security_groups.module.nsg_diagnostic.azurerm_monitor_diagnostic_setting.diagnostics",
            "module.hub_network_security_groups.module.nsg_diagnostic.data.azurerm_monitor_diagnostic_categories.categories",
            "module.hub_route_tables.azurerm_route.routes",
            "module.hub_route_tables.azurerm_route_table.rt",
            "module.hub_virtual_network.azurerm_virtual_network.vnet"
          ]
        }
      ]
    },
    {
      "module": "module.hub_virtual_network",
      "mode": "managed",
      "type": "azurerm_virtual_network",
      "name": "vnet",
      "provider": "provider[\"registry.terraform.io/hashicorp/azurerm\"]",
      "instances": [
        {
          "schema_version": 0,
          "attributes": {
            "address_space": [
              "10.0.0.0/16"
            ],
            "bgp_community": "",
            "ddos_protection_plan": [],
            "dns_servers": [],
            "edge_zone": "",
            "flow_timeout_in_minutes": 0,
            "guid": "fc5cd7a7-9745-4a98-bf40-abd535bf047e",
            "id": "/subscriptions/d94fe338-52d8-4a44-acd4-4f8301adf2cf/resourceGroups/dtf-hub-rg/providers/Microsoft.Network/virtualNetworks/dtf-hub-vnet",
            "location": "westeurope",
            "name": "dtf-hub-vnet",
            "resource_group_name": "dtf-hub-rg",
            "subnet": [
              {
                "address_prefix": "10.0.0.0/24",
                "id": "/subscriptions/d94fe338-52d8-4a44-acd4-4f8301adf2cf/resourceGroups/dtf-hub-rg/providers/Microsoft.Network/virtualNetworks/dtf-hub-vnet/subnets/GatewaySubnet",
                "name": "GatewaySubnet",
                "security_group": ""
              },
              {
                "address_prefix": "10.0.1.0/24",
                "id": "/subscriptions/d94fe338-52d8-4a44-acd4-4f8301adf2cf/resourceGroups/dtf-hub-rg/providers/Microsoft.Network/virtualNetworks/dtf-hub-vnet/subnets/AzureFirewallSubnet",
                "name": "AzureFirewallSubnet",
                "security_group": ""
              },
              {
                "address_prefix": "10.0.2.0/24",
                "id": "/subscriptions/d94fe338-52d8-4a44-acd4-4f8301adf2cf/resourceGroups/dtf-hub-rg/providers/Microsoft.Network/virtualNetworks/dtf-hub-vnet/subnets/AzureFirewallManagementSubnet",
                "name": "AzureFirewallManagementSubnet",
                "security_group": ""
              },
              {
                "address_prefix": "10.0.3.0/24",
                "id": "/subscriptions/d94fe338-52d8-4a44-acd4-4f8301adf2cf/resourceGroups/dtf-hub-rg/providers/Microsoft.Network/virtualNetworks/dtf-hub-vnet/subnets/ACRSubnet",
                "name": "ACRSubnet",
                "security_group": "/subscriptions/d94fe338-52d8-4a44-acd4-4f8301adf2cf/resourceGroups/dtf-hub-rg/providers/Microsoft.Network/networkSecurityGroups/hub-ACRSubnet-nsg"
              }
            ],
            "tags": {
              "CreationDateTime": "2023-08-01T10:46:10.3615229Z",
              "Environment": "Dev"
            },
            "timeouts": null
          },
          "sensitive_attributes": [],
          "private": "eyJlMmJmYjczMC1lY2FhLTExZTYtOGY4OC0zNDM2M2JjN2M0YzAiOnsiY3JlYXRlIjoxODAwMDAwMDAwMDAwLCJkZWxldGUiOjE4MDAwMDAwMDAwMDAsInJlYWQiOjMwMDAwMDAwMDAwMCwidXBkYXRlIjoxODAwMDAwMDAwMDAwfX0=",
          "dependencies": [
            "azurerm_resource_group.hub"
          ]
        }
      ]
    },
    {
      "module": "module.hub_vpn_gateway",
      "mode": "managed",
      "type": "azurerm_public_ip",
      "name": "active_active_ip",
      "provider": "provider[\"registry.terraform.io/hashicorp/azurerm\"]",
      "instances": [
        {
          "index_key": 0,
          "schema_version": 0,
          "attributes": {
            "allocation_method": "Dynamic",
            "ddos_protection_mode": "VirtualNetworkInherited",
            "ddos_protection_plan_id": null,
            "domain_name_label": null,
            "edge_zone": "",
            "fqdn": null,
            "id": "/subscriptions/d94fe338-52d8-4a44-acd4-4f8301adf2cf/resourceGroups/dtf-hub-rg/providers/Microsoft.Network/publicIPAddresses/dtf-hub-vpn-aa-ip",
            "idle_timeout_in_minutes": 4,
            "ip_address": "13.81.56.84",
            "ip_tags": {},
            "ip_version": "IPv4",
            "location": "westeurope",
            "name": "dtf-hub-vpn-aa-ip",
            "public_ip_prefix_id": null,
            "resource_group_name": "dtf-hub-rg",
            "reverse_fqdn": null,
            "sku": "Basic",
            "sku_tier": "Regional",
            "tags": {
              "CreationDateTime": "2023-08-01T10:46:07.5771930Z",
              "Environment": "Dev"
            },
            "timeouts": null,
            "zones": []
          },
          "sensitive_attributes": [],
          "private": "eyJlMmJmYjczMC1lY2FhLTExZTYtOGY4OC0zNDM2M2JjN2M0YzAiOnsiY3JlYXRlIjoxODAwMDAwMDAwMDAwLCJkZWxldGUiOjE4MDAwMDAwMDAwMDAsInJlYWQiOjMwMDAwMDAwMDAwMCwidXBkYXRlIjoxODAwMDAwMDAwMDAwfX0=",
          "dependencies": [
            "azurerm_resource_group.hub"
          ]
        }
      ]
    },
    {
      "module": "module.hub_vpn_gateway",
      "mode": "managed",
      "type": "azurerm_public_ip",
      "name": "ip",
      "provider": "provider[\"registry.terraform.io/hashicorp/azurerm\"]",
      "instances": [
        {
          "schema_version": 0,
          "attributes": {
            "allocation_method": "Dynamic",
            "ddos_protection_mode": "VirtualNetworkInherited",
            "ddos_protection_plan_id": null,
            "domain_name_label": null,
            "edge_zone": "",
            "fqdn": null,
            "id": "/subscriptions/d94fe338-52d8-4a44-acd4-4f8301adf2cf/resourceGroups/dtf-hub-rg/providers/Microsoft.Network/publicIPAddresses/dtf-hub-vpn-default-ip",
            "idle_timeout_in_minutes": 4,
            "ip_address": "13.81.56.242",
            "ip_tags": {},
            "ip_version": "IPv4",
            "location": "westeurope",
            "name": "dtf-hub-vpn-default-ip",
            "public_ip_prefix_id": null,
            "resource_group_name": "dtf-hub-rg",
            "reverse_fqdn": null,
            "sku": "Basic",
            "sku_tier": "Regional",
            "tags": {
              "CreationDateTime": "2023-08-01T10:46:07.5771671Z",
              "Environment": "Dev"
            },
            "timeouts": null,
            "zones": []
          },
          "sensitive_attributes": [],
          "private": "eyJlMmJmYjczMC1lY2FhLTExZTYtOGY4OC0zNDM2M2JjN2M0YzAiOnsiY3JlYXRlIjoxODAwMDAwMDAwMDAwLCJkZWxldGUiOjE4MDAwMDAwMDAwMDAsInJlYWQiOjMwMDAwMDAwMDAwMCwidXBkYXRlIjoxODAwMDAwMDAwMDAwfX0=",
          "dependencies": [
            "azurerm_resource_group.hub"
          ]
        }
      ]
    },
    {
      "module": "module.hub_vpn_gateway",
      "mode": "managed",
      "type": "azurerm_virtual_network_gateway",
      "name": "vnet_gateway",
      "provider": "provider[\"registry.terraform.io/hashicorp/azurerm\"]",
      "instances": [
        {
          "schema_version": 0,
          "attributes": {
            "active_active": true,
            "bgp_settings": [
              {
                "asn": 65515,
                "peer_weight": 0,
                "peering_addresses": [
                  {
                    "apipa_addresses": [],
                    "default_addresses": [
                      "10.0.0.4"
                    ],
                    "ip_configuration_name": "default",
                    "tunnel_ip_addresses": [
                      "13.81.56.242"
                    ]
                  },
                  {
                    "apipa_addresses": [],
                    "default_addresses": [
                      "10.0.0.5"
                    ],
                    "ip_configuration_name": "active-active",
                    "tunnel_ip_addresses": [
                      "13.81.56.84"
                    ]
                  }
                ]
              }
            ],
            "custom_route": [],
            "default_local_network_gateway_id": null,
            "edge_zone": "",
            "enable_bgp": false,
            "generation": "Generation1",
            "id": "/subscriptions/d94fe338-52d8-4a44-acd4-4f8301adf2cf/resourceGroups/dtf-hub-rg/providers/Microsoft.Network/virtualNetworkGateways/dtf-hub-vpn",
            "ip_configuration": [
              {
                "name": "default",
                "private_ip_address_allocation": "Dynamic",
                "public_ip_address_id": "/subscriptions/d94fe338-52d8-4a44-acd4-4f8301adf2cf/resourceGroups/dtf-hub-rg/providers/Microsoft.Network/publicIPAddresses/dtf-hub-vpn-default-ip",
                "subnet_id": "/subscriptions/d94fe338-52d8-4a44-acd4-4f8301adf2cf/resourceGroups/dtf-hub-rg/providers/Microsoft.Network/virtualNetworks/dtf-hub-vnet/subnets/GatewaySubnet"
              },
              {
                "name": "active-active",
                "private_ip_address_allocation": "Dynamic",
                "public_ip_address_id": "/subscriptions/d94fe338-52d8-4a44-acd4-4f8301adf2cf/resourceGroups/dtf-hub-rg/providers/Microsoft.Network/publicIPAddresses/dtf-hub-vpn-aa-ip",
                "subnet_id": "/subscriptions/d94fe338-52d8-4a44-acd4-4f8301adf2cf/resourceGroups/dtf-hub-rg/providers/Microsoft.Network/virtualNetworks/dtf-hub-vnet/subnets/GatewaySubnet"
              }
            ],
            "location": "westeurope",
            "name": "dtf-hub-vpn",
            "private_ip_address_enabled": false,
            "resource_group_name": "dtf-hub-rg",
            "sku": "VpnGw1",
            "tags": {
              "CreationDateTime": "2023-08-01T10:48:04.6653838Z",
              "Environment": "Dev"
            },
            "timeouts": null,
            "type": "Vpn",
            "vpn_client_configuration": [
              {
                "aad_audience": "41b23e61-6c1e-4545-b367-cd054e0ed4b4",
                "aad_issuer": "https://sts.windows.net/c9ad96a7-2bac-49a7-abf6-8e932f60bf2b/",
                "aad_tenant": "https://login.microsoftonline.com/c9ad96a7-2bac-49a7-abf6-8e932f60bf2b/",
                "address_space": [
                  "172.0.0.0/16"
                ],
                "radius_server_address": "",
                "radius_server_secret": "",
                "revoked_certificate": [],
                "root_certificate": [],
                "vpn_auth_types": [
                  "AAD"
                ],
                "vpn_client_protocols": [
                  "OpenVPN"
                ]
              }
            ],
            "vpn_type": "RouteBased"
          },
          "sensitive_attributes": [
            [
              {
                "type": "get_attr",
                "value": "vpn_client_configuration"
              },
              {
                "type": "index",
                "value": {
                  "value": 0,
                  "type": "number"
                }
              },
              {
                "type": "get_attr",
                "value": "radius_server_secret"
              }
            ],
            [
              {
                "type": "get_attr",
                "value": "vpn_client_configuration"
              },
              {
                "type": "index",
                "value": {
                  "value": 0,
                  "type": "number"
                }
              },
              {
                "type": "get_attr",
                "value": "aad_issuer"
              }
            ],
            [
              {
                "type": "get_attr",
                "value": "vpn_client_configuration"
              },
              {
                "type": "index",
                "value": {
                  "value": 0,
                  "type": "number"
                }
              },
              {
                "type": "get_attr",
                "value": "aad_tenant"
              }
            ]
          ],
          "private": "eyJlMmJmYjczMC1lY2FhLTExZTYtOGY4OC0zNDM2M2JjN2M0YzAiOnsiY3JlYXRlIjozNjAwMDAwMDAwMDAwLCJkZWxldGUiOjM2MDAwMDAwMDAwMDAsInJlYWQiOjMwMDAwMDAwMDAwMCwidXBkYXRlIjozNjAwMDAwMDAwMDAwfX0=",
          "dependencies": [
            "azurerm_resource_group.hub",
            "module.hub_log_analytics.azurerm_log_analytics_workspace.log_analytics",
            "module.hub_network_security_groups.azurerm_network_security_group.nsg",
            "module.hub_network_security_groups.azurerm_network_security_rule.rules",
            "module.hub_network_security_groups.module.nsg_diagnostic.azurerm_monitor_diagnostic_setting.diagnostics",
            "module.hub_network_security_groups.module.nsg_diagnostic.data.azurerm_monitor_diagnostic_categories.categories",
            "module.hub_route_tables.azurerm_route.routes",
            "module.hub_route_tables.azurerm_route_table.rt",
            "module.hub_virtual_network.azurerm_resource_group_template_deployment.subnets",
            "module.hub_virtual_network.azurerm_virtual_network.vnet",
            "module.hub_vpn_gateway.azurerm_public_ip.active_active_ip",
            "module.hub_vpn_gateway.azurerm_public_ip.ip"
          ]
        }
      ]
    },
    {
      "module": "module.hub_vpn_gateway.module.active_active_ip_diagnostic[0]",
      "mode": "data",
      "type": "azurerm_monitor_diagnostic_categories",
      "name": "categories",
      "provider": "provider[\"registry.terraform.io/hashicorp/azurerm\"]",
      "instances": [
        {
          "schema_version": 0,
          "attributes": {
            "id": "/subscriptions/d94fe338-52d8-4a44-acd4-4f8301adf2cf/resourceGroups/dtf-hub-rg/providers/Microsoft.Network/publicIPAddresses/dtf-hub-vpn-aa-ip",
            "log_category_groups": [
              "allLogs",
              "audit"
            ],
            "log_category_types": [
              "DDoSMitigationFlowLogs",
              "DDoSMitigationReports",
              "DDoSProtectionNotifications"
            ],
            "logs": [
              "DDoSMitigationFlowLogs",
              "DDoSMitigationReports",
              "DDoSProtectionNotifications"
            ],
            "metrics": [
              "AllMetrics"
            ],
            "resource_id": "/subscriptions/d94fe338-52d8-4a44-acd4-4f8301adf2cf/resourceGroups/dtf-hub-rg/providers/Microsoft.Network/publicIPAddresses/dtf-hub-vpn-aa-ip",
            "timeouts": null
          },
          "sensitive_attributes": []
        }
      ]
    },
    {
      "module": "module.hub_vpn_gateway.module.active_active_ip_diagnostic[0]",
      "mode": "managed",
      "type": "azurerm_monitor_diagnostic_setting",
      "name": "diagnostics",
      "provider": "provider[\"registry.terraform.io/hashicorp/azurerm\"]",
      "instances": [
        {
          "schema_version": 0,
          "attributes": {
            "enabled_log": [
              {
                "category": "DDoSMitigationFlowLogs",
                "category_group": "",
                "retention_policy": [
                  {
                    "days": 0,
                    "enabled": false
                  }
                ]
              },
              {
                "category": "DDoSMitigationReports",
                "category_group": "",
                "retention_policy": [
                  {
                    "days": 0,
                    "enabled": false
                  }
                ]
              },
              {
                "category": "DDoSProtectionNotifications",
                "category_group": "",
                "retention_policy": [
                  {
                    "days": 0,
                    "enabled": false
                  }
                ]
              }
            ],
            "eventhub_authorization_rule_id": "",
            "eventhub_name": "",
            "id": "/subscriptions/d94fe338-52d8-4a44-acd4-4f8301adf2cf/resourceGroups/dtf-hub-rg/providers/Microsoft.Network/publicIPAddresses/dtf-hub-vpn-aa-ip|dtf-hub-vpn-aa-ip-diagnostic",
            "log": [
              {
                "category": "DDoSMitigationFlowLogs",
                "category_group": "",
                "enabled": true,
                "retention_policy": [
                  {
                    "days": 0,
                    "enabled": false
                  }
                ]
              },
              {
                "category": "DDoSMitigationReports",
                "category_group": "",
                "enabled": true,
                "retention_policy": [
                  {
                    "days": 0,
                    "enabled": false
                  }
                ]
              },
              {
                "category": "DDoSProtectionNotifications",
                "category_group": "",
                "enabled": true,
                "retention_policy": [
                  {
                    "days": 0,
                    "enabled": false
                  }
                ]
              }
            ],
            "log_analytics_destination_type": "",
            "log_analytics_workspace_id": "/subscriptions/d94fe338-52d8-4a44-acd4-4f8301adf2cf/resourceGroups/dtf-hub-rg/providers/Microsoft.OperationalInsights/workspaces/dtf-hub-log-analytics-workspace",
            "metric": [
              {
                "category": "AllMetrics",
                "enabled": true,
                "retention_policy": [
                  {
                    "days": 0,
                    "enabled": false
                  }
                ]
              }
            ],
            "name": "dtf-hub-vpn-aa-ip-diagnostic",
            "partner_solution_id": null,
            "storage_account_id": null,
            "target_resource_id": "/subscriptions/d94fe338-52d8-4a44-acd4-4f8301adf2cf/resourceGroups/dtf-hub-rg/providers/Microsoft.Network/publicIPAddresses/dtf-hub-vpn-aa-ip",
            "timeouts": null
          },
          "sensitive_attributes": [],
          "private": "eyJlMmJmYjczMC1lY2FhLTExZTYtOGY4OC0zNDM2M2JjN2M0YzAiOnsiY3JlYXRlIjoxODAwMDAwMDAwMDAwLCJkZWxldGUiOjM2MDAwMDAwMDAwMDAsInJlYWQiOjMwMDAwMDAwMDAwMCwidXBkYXRlIjoxODAwMDAwMDAwMDAwfX0=",
          "dependencies": [
            "azurerm_resource_group.hub",
            "module.hub_log_analytics.azurerm_log_analytics_workspace.log_analytics",
            "module.hub_vpn_gateway.azurerm_public_ip.active_active_ip",
            "module.hub_vpn_gateway.module.active_active_ip_diagnostic.data.azurerm_monitor_diagnostic_categories.categories"
          ]
        }
      ]
    },
    {
      "module": "module.hub_vpn_gateway.module.ip_diagnostic",
      "mode": "data",
      "type": "azurerm_monitor_diagnostic_categories",
      "name": "categories",
      "provider": "provider[\"registry.terraform.io/hashicorp/azurerm\"]",
      "instances": [
        {
          "schema_version": 0,
          "attributes": {
            "id": "/subscriptions/d94fe338-52d8-4a44-acd4-4f8301adf2cf/resourceGroups/dtf-hub-rg/providers/Microsoft.Network/publicIPAddresses/dtf-hub-vpn-default-ip",
            "log_category_groups": [
              "allLogs",
              "audit"
            ],
            "log_category_types": [
              "DDoSMitigationFlowLogs",
              "DDoSMitigationReports",
              "DDoSProtectionNotifications"
            ],
            "logs": [
              "DDoSMitigationFlowLogs",
              "DDoSMitigationReports",
              "DDoSProtectionNotifications"
            ],
            "metrics": [
              "AllMetrics"
            ],
            "resource_id": "/subscriptions/d94fe338-52d8-4a44-acd4-4f8301adf2cf/resourceGroups/dtf-hub-rg/providers/Microsoft.Network/publicIPAddresses/dtf-hub-vpn-default-ip",
            "timeouts": null
          },
          "sensitive_attributes": []
        }
      ]
    },
    {
      "module": "module.hub_vpn_gateway.module.ip_diagnostic",
      "mode": "managed",
      "type": "azurerm_monitor_diagnostic_setting",
      "name": "diagnostics",
      "provider": "provider[\"registry.terraform.io/hashicorp/azurerm\"]",
      "instances": [
        {
          "schema_version": 0,
          "attributes": {
            "enabled_log": [
              {
                "category": "DDoSMitigationFlowLogs",
                "category_group": "",
                "retention_policy": [
                  {
                    "days": 0,
                    "enabled": false
                  }
                ]
              },
              {
                "category": "DDoSMitigationReports",
                "category_group": "",
                "retention_policy": [
                  {
                    "days": 0,
                    "enabled": false
                  }
                ]
              },
              {
                "category": "DDoSProtectionNotifications",
                "category_group": "",
                "retention_policy": [
                  {
                    "days": 0,
                    "enabled": false
                  }
                ]
              }
            ],
            "eventhub_authorization_rule_id": "",
            "eventhub_name": "",
            "id": "/subscriptions/d94fe338-52d8-4a44-acd4-4f8301adf2cf/resourceGroups/dtf-hub-rg/providers/Microsoft.Network/publicIPAddresses/dtf-hub-vpn-default-ip|dtf-hub-vpn-default-ip-diagnostic",
            "log": [
              {
                "category": "DDoSMitigationFlowLogs",
                "category_group": "",
                "enabled": true,
                "retention_policy": [
                  {
                    "days": 0,
                    "enabled": false
                  }
                ]
              },
              {
                "category": "DDoSMitigationReports",
                "category_group": "",
                "enabled": true,
                "retention_policy": [
                  {
                    "days": 0,
                    "enabled": false
                  }
                ]
              },
              {
                "category": "DDoSProtectionNotifications",
                "category_group": "",
                "enabled": true,
                "retention_policy": [
                  {
                    "days": 0,
                    "enabled": false
                  }
                ]
              }
            ],
            "log_analytics_destination_type": "",
            "log_analytics_workspace_id": "/subscriptions/d94fe338-52d8-4a44-acd4-4f8301adf2cf/resourceGroups/dtf-hub-rg/providers/Microsoft.OperationalInsights/workspaces/dtf-hub-log-analytics-workspace",
            "metric": [
              {
                "category": "AllMetrics",
                "enabled": true,
                "retention_policy": [
                  {
                    "days": 0,
                    "enabled": false
                  }
                ]
              }
            ],
            "name": "dtf-hub-vpn-default-ip-diagnostic",
            "partner_solution_id": null,
            "storage_account_id": null,
            "target_resource_id": "/subscriptions/d94fe338-52d8-4a44-acd4-4f8301adf2cf/resourceGroups/dtf-hub-rg/providers/Microsoft.Network/publicIPAddresses/dtf-hub-vpn-default-ip",
            "timeouts": null
          },
          "sensitive_attributes": [],
          "private": "eyJlMmJmYjczMC1lY2FhLTExZTYtOGY4OC0zNDM2M2JjN2M0YzAiOnsiY3JlYXRlIjoxODAwMDAwMDAwMDAwLCJkZWxldGUiOjM2MDAwMDAwMDAwMDAsInJlYWQiOjMwMDAwMDAwMDAwMCwidXBkYXRlIjoxODAwMDAwMDAwMDAwfX0=",
          "dependencies": [
            "azurerm_resource_group.hub",
            "module.hub_log_analytics.azurerm_log_analytics_workspace.log_analytics",
            "module.hub_vpn_gateway.azurerm_public_ip.ip",
            "module.hub_vpn_gateway.module.ip_diagnostic.data.azurerm_monitor_diagnostic_categories.categories"
          ]
        }
      ]
    },
    {
      "module": "module.hub_vpn_gateway.module.vnet_gateway_diagnostic",
      "mode": "data",
      "type": "azurerm_monitor_diagnostic_categories",
      "name": "categories",
      "provider": "provider[\"registry.terraform.io/hashicorp/azurerm\"]",
      "instances": [
        {
          "schema_version": 0,
          "attributes": {
            "id": "/subscriptions/d94fe338-52d8-4a44-acd4-4f8301adf2cf/resourceGroups/dtf-hub-rg/providers/Microsoft.Network/virtualNetworkGateways/dtf-hub-vpn",
            "log_category_groups": [
              "Audit",
              "allLogs"
            ],
            "log_category_types": [
              "GatewayDiagnosticLog",
              "IKEDiagnosticLog",
              "P2SDiagnosticLog",
              "RouteDiagnosticLog",
              "TunnelDiagnosticLog"
            ],
            "logs": [
              "GatewayDiagnosticLog",
              "IKEDiagnosticLog",
              "P2SDiagnosticLog",
              "RouteDiagnosticLog",
              "TunnelDiagnosticLog"
            ],
            "metrics": [
              "AllMetrics"
            ],
            "resource_id": "/subscriptions/d94fe338-52d8-4a44-acd4-4f8301adf2cf/resourceGroups/dtf-hub-rg/providers/Microsoft.Network/virtualNetworkGateways/dtf-hub-vpn",
            "timeouts": null
          },
          "sensitive_attributes": []
        }
      ]
    },
    {
      "module": "module.hub_vpn_gateway.module.vnet_gateway_diagnostic",
      "mode": "managed",
      "type": "azurerm_monitor_diagnostic_setting",
      "name": "diagnostics",
      "provider": "provider[\"registry.terraform.io/hashicorp/azurerm\"]",
      "instances": [
        {
          "schema_version": 0,
          "attributes": {
            "enabled_log": [
              {
                "category": "GatewayDiagnosticLog",
                "category_group": "",
                "retention_policy": [
                  {
                    "days": 0,
                    "enabled": false
                  }
                ]
              },
              {
                "category": "IKEDiagnosticLog",
                "category_group": "",
                "retention_policy": [
                  {
                    "days": 0,
                    "enabled": false
                  }
                ]
              },
              {
                "category": "P2SDiagnosticLog",
                "category_group": "",
                "retention_policy": [
                  {
                    "days": 0,
                    "enabled": false
                  }
                ]
              },
              {
                "category": "RouteDiagnosticLog",
                "category_group": "",
                "retention_policy": [
                  {
                    "days": 0,
                    "enabled": false
                  }
                ]
              },
              {
                "category": "TunnelDiagnosticLog",
                "category_group": "",
                "retention_policy": [
                  {
                    "days": 0,
                    "enabled": false
                  }
                ]
              }
            ],
            "eventhub_authorization_rule_id": "",
            "eventhub_name": "",
            "id": "/subscriptions/d94fe338-52d8-4a44-acd4-4f8301adf2cf/resourceGroups/dtf-hub-rg/providers/Microsoft.Network/virtualNetworkGateways/dtf-hub-vpn|dtf-hub-vpn-diagnostic",
            "log": [
              {
                "category": "GatewayDiagnosticLog",
                "category_group": "",
                "enabled": true,
                "retention_policy": [
                  {
                    "days": 0,
                    "enabled": false
                  }
                ]
              },
              {
                "category": "IKEDiagnosticLog",
                "category_group": "",
                "enabled": true,
                "retention_policy": [
                  {
                    "days": 0,
                    "enabled": false
                  }
                ]
              },
              {
                "category": "P2SDiagnosticLog",
                "category_group": "",
                "enabled": true,
                "retention_policy": [
                  {
                    "days": 0,
                    "enabled": false
                  }
                ]
              },
              {
                "category": "RouteDiagnosticLog",
                "category_group": "",
                "enabled": true,
                "retention_policy": [
                  {
                    "days": 0,
                    "enabled": false
                  }
                ]
              },
              {
                "category": "TunnelDiagnosticLog",
                "category_group": "",
                "enabled": true,
                "retention_policy": [
                  {
                    "days": 0,
                    "enabled": false
                  }
                ]
              }
            ],
            "log_analytics_destination_type": "",
            "log_analytics_workspace_id": "/subscriptions/d94fe338-52d8-4a44-acd4-4f8301adf2cf/resourceGroups/dtf-hub-rg/providers/Microsoft.OperationalInsights/workspaces/dtf-hub-log-analytics-workspace",
            "metric": [
              {
                "category": "AllMetrics",
                "enabled": true,
                "retention_policy": [
                  {
                    "days": 0,
                    "enabled": false
                  }
                ]
              }
            ],
            "name": "dtf-hub-vpn-diagnostic",
            "partner_solution_id": null,
            "storage_account_id": null,
            "target_resource_id": "/subscriptions/d94fe338-52d8-4a44-acd4-4f8301adf2cf/resourceGroups/dtf-hub-rg/providers/Microsoft.Network/virtualNetworkGateways/dtf-hub-vpn",
            "timeouts": null
          },
          "sensitive_attributes": [],
          "private": "eyJlMmJmYjczMC1lY2FhLTExZTYtOGY4OC0zNDM2M2JjN2M0YzAiOnsiY3JlYXRlIjoxODAwMDAwMDAwMDAwLCJkZWxldGUiOjM2MDAwMDAwMDAwMDAsInJlYWQiOjMwMDAwMDAwMDAwMCwidXBkYXRlIjoxODAwMDAwMDAwMDAwfX0=",
          "dependencies": [
            "azurerm_resource_group.hub",
            "module.hub_log_analytics.azurerm_log_analytics_workspace.log_analytics",
            "module.hub_network_security_groups.azurerm_network_security_group.nsg",
            "module.hub_network_security_groups.azurerm_network_security_rule.rules",
            "module.hub_network_security_groups.module.nsg_diagnostic.azurerm_monitor_diagnostic_setting.diagnostics",
            "module.hub_network_security_groups.module.nsg_diagnostic.data.azurerm_monitor_diagnostic_categories.categories",
            "module.hub_route_tables.azurerm_route.routes",
            "module.hub_route_tables.azurerm_route_table.rt",
            "module.hub_virtual_network.azurerm_resource_group_template_deployment.subnets",
            "module.hub_virtual_network.azurerm_virtual_network.vnet",
            "module.hub_vpn_gateway.azurerm_public_ip.active_active_ip",
            "module.hub_vpn_gateway.azurerm_public_ip.ip",
            "module.hub_vpn_gateway.azurerm_virtual_network_gateway.vnet_gateway",
            "module.hub_vpn_gateway.module.vnet_gateway_diagnostic.data.azurerm_monitor_diagnostic_categories.categories"
          ]
        }
      ]
    },
    {
      "module": "module.monitor_network_security_groups[\"monitor-MonitorSubnet-nsg\"]",
      "mode": "managed",
      "type": "azurerm_network_security_group",
      "name": "nsg",
      "provider": "provider[\"registry.terraform.io/hashicorp/azurerm\"]",
      "instances": [
        {
          "schema_version": 0,
          "attributes": {
            "id": "/subscriptions/d94fe338-52d8-4a44-acd4-4f8301adf2cf/resourceGroups/dtf-monitor-spoke-rg/providers/Microsoft.Network/networkSecurityGroups/monitor-MonitorSubnet-nsg",
            "location": "westeurope",
            "name": "monitor-MonitorSubnet-nsg",
            "resource_group_name": "dtf-monitor-spoke-rg",
            "security_rule": [],
            "tags": {
              "CreationDateTime": "2023-08-01T10:46:10.3870471Z",
              "Environment": "Dev"
            },
            "timeouts": null
          },
          "sensitive_attributes": [],
          "private": "eyJlMmJmYjczMC1lY2FhLTExZTYtOGY4OC0zNDM2M2JjN2M0YzAiOnsiY3JlYXRlIjoxODAwMDAwMDAwMDAwLCJkZWxldGUiOjE4MDAwMDAwMDAwMDAsInJlYWQiOjMwMDAwMDAwMDAwMCwidXBkYXRlIjoxODAwMDAwMDAwMDAwfX0=",
          "dependencies": [
            "azurerm_resource_group.monitor"
          ]
        }
      ]
    },
    {
      "module": "module.monitor_network_security_groups[\"monitor-MonitorSubnet-nsg\"].module.nsg_diagnostic",
      "mode": "data",
      "type": "azurerm_monitor_diagnostic_categories",
      "name": "categories",
      "provider": "provider[\"registry.terraform.io/hashicorp/azurerm\"]",
      "instances": [
        {
          "schema_version": 0,
          "attributes": {
            "id": "/subscriptions/d94fe338-52d8-4a44-acd4-4f8301adf2cf/resourceGroups/dtf-monitor-spoke-rg/providers/Microsoft.Network/networkSecurityGroups/monitor-MonitorSubnet-nsg",
            "log_category_groups": [
              "allLogs"
            ],
            "log_category_types": [
              "NetworkSecurityGroupEvent",
              "NetworkSecurityGroupRuleCounter"
            ],
            "logs": [
              "NetworkSecurityGroupEvent",
              "NetworkSecurityGroupRuleCounter"
            ],
            "metrics": [],
            "resource_id": "/subscriptions/d94fe338-52d8-4a44-acd4-4f8301adf2cf/resourceGroups/dtf-monitor-spoke-rg/providers/Microsoft.Network/networkSecurityGroups/monitor-MonitorSubnet-nsg",
            "timeouts": null
          },
          "sensitive_attributes": []
        }
      ]
    },
    {
      "module": "module.monitor_network_security_groups[\"monitor-MonitorSubnet-nsg\"].module.nsg_diagnostic",
      "mode": "managed",
      "type": "azurerm_monitor_diagnostic_setting",
      "name": "diagnostics",
      "provider": "provider[\"registry.terraform.io/hashicorp/azurerm\"]",
      "instances": [
        {
          "schema_version": 0,
          "attributes": {
            "enabled_log": [
              {
                "category": "NetworkSecurityGroupEvent",
                "category_group": "",
                "retention_policy": [
                  {
                    "days": 0,
                    "enabled": false
                  }
                ]
              },
              {
                "category": "NetworkSecurityGroupRuleCounter",
                "category_group": "",
                "retention_policy": [
                  {
                    "days": 0,
                    "enabled": false
                  }
                ]
              }
            ],
            "eventhub_authorization_rule_id": "",
            "eventhub_name": "",
            "id": "/subscriptions/d94fe338-52d8-4a44-acd4-4f8301adf2cf/resourceGroups/dtf-monitor-spoke-rg/providers/Microsoft.Network/networkSecurityGroups/monitor-MonitorSubnet-nsg|monitor-MonitorSubnet-nsg-diagnostic",
            "log": [
              {
                "category": "NetworkSecurityGroupEvent",
                "category_group": "",
                "enabled": true,
                "retention_policy": [
                  {
                    "days": 0,
                    "enabled": false
                  }
                ]
              },
              {
                "category": "NetworkSecurityGroupRuleCounter",
                "category_group": "",
                "enabled": true,
                "retention_policy": [
                  {
                    "days": 0,
                    "enabled": false
                  }
                ]
              }
            ],
            "log_analytics_destination_type": "",
            "log_analytics_workspace_id": "/subscriptions/d94fe338-52d8-4a44-acd4-4f8301adf2cf/resourceGroups/dtf-hub-rg/providers/Microsoft.OperationalInsights/workspaces/dtf-hub-log-analytics-workspace",
            "metric": [],
            "name": "monitor-MonitorSubnet-nsg-diagnostic",
            "partner_solution_id": null,
            "storage_account_id": null,
            "target_resource_id": "/subscriptions/d94fe338-52d8-4a44-acd4-4f8301adf2cf/resourceGroups/dtf-monitor-spoke-rg/providers/Microsoft.Network/networkSecurityGroups/monitor-MonitorSubnet-nsg",
            "timeouts": null
          },
          "sensitive_attributes": [],
          "private": "eyJlMmJmYjczMC1lY2FhLTExZTYtOGY4OC0zNDM2M2JjN2M0YzAiOnsiY3JlYXRlIjoxODAwMDAwMDAwMDAwLCJkZWxldGUiOjM2MDAwMDAwMDAwMDAsInJlYWQiOjMwMDAwMDAwMDAwMCwidXBkYXRlIjoxODAwMDAwMDAwMDAwfX0=",
          "dependencies": [
            "azurerm_resource_group.hub",
            "azurerm_resource_group.monitor",
            "module.hub_log_analytics.azurerm_log_analytics_workspace.log_analytics",
            "module.monitor_network_security_groups.azurerm_network_security_group.nsg",
            "module.monitor_network_security_groups.module.nsg_diagnostic.data.azurerm_monitor_diagnostic_categories.categories"
          ]
        }
      ]
    },
    {
      "module": "module.monitor_network_security_groups[\"monitor-ResolverSubnet-nsg\"]",
      "mode": "managed",
      "type": "azurerm_network_security_group",
      "name": "nsg",
      "provider": "provider[\"registry.terraform.io/hashicorp/azurerm\"]",
      "instances": [
        {
          "schema_version": 0,
          "attributes": {
            "id": "/subscriptions/d94fe338-52d8-4a44-acd4-4f8301adf2cf/resourceGroups/dtf-monitor-spoke-rg/providers/Microsoft.Network/networkSecurityGroups/monitor-ResolverSubnet-nsg",
            "location": "westeurope",
            "name": "monitor-ResolverSubnet-nsg",
            "resource_group_name": "dtf-monitor-spoke-rg",
            "security_rule": [],
            "tags": {
              "CreationDateTime": "2023-08-01T10:46:12.1512844Z",
              "Environment": "Dev"
            },
            "timeouts": null
          },
          "sensitive_attributes": [],
          "private": "eyJlMmJmYjczMC1lY2FhLTExZTYtOGY4OC0zNDM2M2JjN2M0YzAiOnsiY3JlYXRlIjoxODAwMDAwMDAwMDAwLCJkZWxldGUiOjE4MDAwMDAwMDAwMDAsInJlYWQiOjMwMDAwMDAwMDAwMCwidXBkYXRlIjoxODAwMDAwMDAwMDAwfX0=",
          "dependencies": [
            "azurerm_resource_group.monitor"
          ]
        }
      ]
    },
    {
      "module": "module.monitor_network_security_groups[\"monitor-ResolverSubnet-nsg\"].module.nsg_diagnostic",
      "mode": "data",
      "type": "azurerm_monitor_diagnostic_categories",
      "name": "categories",
      "provider": "provider[\"registry.terraform.io/hashicorp/azurerm\"]",
      "instances": [
        {
          "schema_version": 0,
          "attributes": {
            "id": "/subscriptions/d94fe338-52d8-4a44-acd4-4f8301adf2cf/resourceGroups/dtf-monitor-spoke-rg/providers/Microsoft.Network/networkSecurityGroups/monitor-ResolverSubnet-nsg",
            "log_category_groups": [
              "allLogs"
            ],
            "log_category_types": [
              "NetworkSecurityGroupEvent",
              "NetworkSecurityGroupRuleCounter"
            ],
            "logs": [
              "NetworkSecurityGroupEvent",
              "NetworkSecurityGroupRuleCounter"
            ],
            "metrics": [],
            "resource_id": "/subscriptions/d94fe338-52d8-4a44-acd4-4f8301adf2cf/resourceGroups/dtf-monitor-spoke-rg/providers/Microsoft.Network/networkSecurityGroups/monitor-ResolverSubnet-nsg",
            "timeouts": null
          },
          "sensitive_attributes": []
        }
      ]
    },
    {
      "module": "module.monitor_network_security_groups[\"monitor-ResolverSubnet-nsg\"].module.nsg_diagnostic",
      "mode": "managed",
      "type": "azurerm_monitor_diagnostic_setting",
      "name": "diagnostics",
      "provider": "provider[\"registry.terraform.io/hashicorp/azurerm\"]",
      "instances": [
        {
          "schema_version": 0,
          "attributes": {
            "enabled_log": [
              {
                "category": "NetworkSecurityGroupEvent",
                "category_group": "",
                "retention_policy": [
                  {
                    "days": 0,
                    "enabled": false
                  }
                ]
              },
              {
                "category": "NetworkSecurityGroupRuleCounter",
                "category_group": "",
                "retention_policy": [
                  {
                    "days": 0,
                    "enabled": false
                  }
                ]
              }
            ],
            "eventhub_authorization_rule_id": "",
            "eventhub_name": "",
            "id": "/subscriptions/d94fe338-52d8-4a44-acd4-4f8301adf2cf/resourceGroups/dtf-monitor-spoke-rg/providers/Microsoft.Network/networkSecurityGroups/monitor-ResolverSubnet-nsg|monitor-ResolverSubnet-nsg-diagnostic",
            "log": [
              {
                "category": "NetworkSecurityGroupEvent",
                "category_group": "",
                "enabled": true,
                "retention_policy": [
                  {
                    "days": 0,
                    "enabled": false
                  }
                ]
              },
              {
                "category": "NetworkSecurityGroupRuleCounter",
                "category_group": "",
                "enabled": true,
                "retention_policy": [
                  {
                    "days": 0,
                    "enabled": false
                  }
                ]
              }
            ],
            "log_analytics_destination_type": "",
            "log_analytics_workspace_id": "/subscriptions/d94fe338-52d8-4a44-acd4-4f8301adf2cf/resourceGroups/dtf-hub-rg/providers/Microsoft.OperationalInsights/workspaces/dtf-hub-log-analytics-workspace",
            "metric": [],
            "name": "monitor-ResolverSubnet-nsg-diagnostic",
            "partner_solution_id": null,
            "storage_account_id": null,
            "target_resource_id": "/subscriptions/d94fe338-52d8-4a44-acd4-4f8301adf2cf/resourceGroups/dtf-monitor-spoke-rg/providers/Microsoft.Network/networkSecurityGroups/monitor-ResolverSubnet-nsg",
            "timeouts": null
          },
          "sensitive_attributes": [],
          "private": "eyJlMmJmYjczMC1lY2FhLTExZTYtOGY4OC0zNDM2M2JjN2M0YzAiOnsiY3JlYXRlIjoxODAwMDAwMDAwMDAwLCJkZWxldGUiOjM2MDAwMDAwMDAwMDAsInJlYWQiOjMwMDAwMDAwMDAwMCwidXBkYXRlIjoxODAwMDAwMDAwMDAwfX0=",
          "dependencies": [
            "azurerm_resource_group.hub",
            "azurerm_resource_group.monitor",
            "module.hub_log_analytics.azurerm_log_analytics_workspace.log_analytics",
            "module.monitor_network_security_groups.azurerm_network_security_group.nsg",
            "module.monitor_network_security_groups.module.nsg_diagnostic.data.azurerm_monitor_diagnostic_categories.categories"
          ]
        }
      ]
    },
    {
      "module": "module.monitor_route_tables[\"monitor-rt\"]",
      "mode": "managed",
      "type": "azurerm_route",
      "name": "routes",
      "provider": "provider[\"registry.terraform.io/hashicorp/azurerm\"]",
      "instances": [
        {
          "index_key": "hub-vnet",
          "schema_version": 0,
          "attributes": {
            "address_prefix": "10.0.0.0/16",
            "id": "/subscriptions/d94fe338-52d8-4a44-acd4-4f8301adf2cf/resourceGroups/dtf-monitor-spoke-rg/providers/Microsoft.Network/routeTables/monitor-rt/routes/hub-vnet",
            "name": "hub-vnet",
            "next_hop_in_ip_address": "10.0.1.4",
            "next_hop_type": "VirtualAppliance",
            "resource_group_name": "dtf-monitor-spoke-rg",
            "route_table_name": "monitor-rt",
            "timeouts": null
          },
          "sensitive_attributes": [],
          "private": "eyJlMmJmYjczMC1lY2FhLTExZTYtOGY4OC0zNDM2M2JjN2M0YzAiOnsiY3JlYXRlIjoxODAwMDAwMDAwMDAwLCJkZWxldGUiOjE4MDAwMDAwMDAwMDAsInJlYWQiOjMwMDAwMDAwMDAwMCwidXBkYXRlIjoxODAwMDAwMDAwMDAwfX0=",
          "dependencies": [
            "azurerm_resource_group.monitor",
            "module.monitor_route_tables.azurerm_route_table.rt"
          ]
        },
        {
          "index_key": "outbound",
          "schema_version": 0,
          "attributes": {
            "address_prefix": "0.0.0.0/0",
            "id": "/subscriptions/d94fe338-52d8-4a44-acd4-4f8301adf2cf/resourceGroups/dtf-monitor-spoke-rg/providers/Microsoft.Network/routeTables/monitor-rt/routes/outbound",
            "name": "outbound",
            "next_hop_in_ip_address": "10.0.1.4",
            "next_hop_type": "VirtualAppliance",
            "resource_group_name": "dtf-monitor-spoke-rg",
            "route_table_name": "monitor-rt",
            "timeouts": null
          },
          "sensitive_attributes": [],
          "private": "eyJlMmJmYjczMC1lY2FhLTExZTYtOGY4OC0zNDM2M2JjN2M0YzAiOnsiY3JlYXRlIjoxODAwMDAwMDAwMDAwLCJkZWxldGUiOjE4MDAwMDAwMDAwMDAsInJlYWQiOjMwMDAwMDAwMDAwMCwidXBkYXRlIjoxODAwMDAwMDAwMDAwfX0=",
          "dependencies": [
            "azurerm_resource_group.monitor",
            "module.monitor_route_tables.azurerm_route_table.rt"
          ]
        },
        {
          "index_key": "vpn-address-pool-1",
          "schema_version": 0,
          "attributes": {
            "address_prefix": "172.0.0.0/17",
            "id": "/subscriptions/d94fe338-52d8-4a44-acd4-4f8301adf2cf/resourceGroups/dtf-monitor-spoke-rg/providers/Microsoft.Network/routeTables/monitor-rt/routes/vpn-address-pool-1",
            "name": "vpn-address-pool-1",
            "next_hop_in_ip_address": "10.0.1.4",
            "next_hop_type": "VirtualAppliance",
            "resource_group_name": "dtf-monitor-spoke-rg",
            "route_table_name": "monitor-rt",
            "timeouts": null
          },
          "sensitive_attributes": [],
          "private": "eyJlMmJmYjczMC1lY2FhLTExZTYtOGY4OC0zNDM2M2JjN2M0YzAiOnsiY3JlYXRlIjoxODAwMDAwMDAwMDAwLCJkZWxldGUiOjE4MDAwMDAwMDAwMDAsInJlYWQiOjMwMDAwMDAwMDAwMCwidXBkYXRlIjoxODAwMDAwMDAwMDAwfX0=",
          "dependencies": [
            "azurerm_resource_group.monitor",
            "module.monitor_route_tables.azurerm_route_table.rt"
          ]
        },
        {
          "index_key": "vpn-address-pool-2",
          "schema_version": 0,
          "attributes": {
            "address_prefix": "172.0.128.0/17",
            "id": "/subscriptions/d94fe338-52d8-4a44-acd4-4f8301adf2cf/resourceGroups/dtf-monitor-spoke-rg/providers/Microsoft.Network/routeTables/monitor-rt/routes/vpn-address-pool-2",
            "name": "vpn-address-pool-2",
            "next_hop_in_ip_address": "10.0.1.4",
            "next_hop_type": "VirtualAppliance",
            "resource_group_name": "dtf-monitor-spoke-rg",
            "route_table_name": "monitor-rt",
            "timeouts": null
          },
          "sensitive_attributes": [],
          "private": "eyJlMmJmYjczMC1lY2FhLTExZTYtOGY4OC0zNDM2M2JjN2M0YzAiOnsiY3JlYXRlIjoxODAwMDAwMDAwMDAwLCJkZWxldGUiOjE4MDAwMDAwMDAwMDAsInJlYWQiOjMwMDAwMDAwMDAwMCwidXBkYXRlIjoxODAwMDAwMDAwMDAwfX0=",
          "dependencies": [
            "azurerm_resource_group.monitor",
            "module.monitor_route_tables.azurerm_route_table.rt"
          ]
        },
        {
          "index_key": "work-vnet",
          "schema_version": 0,
          "attributes": {
            "address_prefix": "10.1.0.0/16",
            "id": "/subscriptions/d94fe338-52d8-4a44-acd4-4f8301adf2cf/resourceGroups/dtf-monitor-spoke-rg/providers/Microsoft.Network/routeTables/monitor-rt/routes/work-vnet",
            "name": "work-vnet",
            "next_hop_in_ip_address": "10.0.1.4",
            "next_hop_type": "VirtualAppliance",
            "resource_group_name": "dtf-monitor-spoke-rg",
            "route_table_name": "monitor-rt",
            "timeouts": null
          },
          "sensitive_attributes": [],
          "private": "eyJlMmJmYjczMC1lY2FhLTExZTYtOGY4OC0zNDM2M2JjN2M0YzAiOnsiY3JlYXRlIjoxODAwMDAwMDAwMDAwLCJkZWxldGUiOjE4MDAwMDAwMDAwMDAsInJlYWQiOjMwMDAwMDAwMDAwMCwidXBkYXRlIjoxODAwMDAwMDAwMDAwfX0=",
          "dependencies": [
            "azurerm_resource_group.monitor",
            "module.monitor_route_tables.azurerm_route_table.rt"
          ]
        }
      ]
    },
    {
      "module": "module.monitor_route_tables[\"monitor-rt\"]",
      "mode": "managed",
      "type": "azurerm_route_table",
      "name": "rt",
      "provider": "provider[\"registry.terraform.io/hashicorp/azurerm\"]",
      "instances": [
        {
          "schema_version": 0,
          "attributes": {
            "disable_bgp_route_propagation": false,
            "id": "/subscriptions/d94fe338-52d8-4a44-acd4-4f8301adf2cf/resourceGroups/dtf-monitor-spoke-rg/providers/Microsoft.Network/routeTables/monitor-rt",
            "location": "westeurope",
            "name": "monitor-rt",
            "resource_group_name": "dtf-monitor-spoke-rg",
            "route": [
              {
                "address_prefix": "0.0.0.0/0",
                "name": "outbound",
                "next_hop_in_ip_address": "10.0.1.4",
                "next_hop_type": "VirtualAppliance"
              },
              {
                "address_prefix": "10.0.0.0/16",
                "name": "hub-vnet",
                "next_hop_in_ip_address": "10.0.1.4",
                "next_hop_type": "VirtualAppliance"
              },
              {
                "address_prefix": "10.1.0.0/16",
                "name": "work-vnet",
                "next_hop_in_ip_address": "10.0.1.4",
                "next_hop_type": "VirtualAppliance"
              },
              {
                "address_prefix": "172.0.0.0/17",
                "name": "vpn-address-pool-1",
                "next_hop_in_ip_address": "10.0.1.4",
                "next_hop_type": "VirtualAppliance"
              },
              {
                "address_prefix": "172.0.128.0/17",
                "name": "vpn-address-pool-2",
                "next_hop_in_ip_address": "10.0.1.4",
                "next_hop_type": "VirtualAppliance"
              }
            ],
            "subnets": [
              "/subscriptions/d94fe338-52d8-4a44-acd4-4f8301adf2cf/resourceGroups/dtf-monitor-spoke-rg/providers/Microsoft.Network/virtualNetworks/dtf-monitor-vnet/subnets/MonitorSubnet"
            ],
            "tags": {
              "CreationDateTime": "2023-08-01T10:46:07.9116695Z",
              "Environment": "Dev"
            },
            "timeouts": null
          },
          "sensitive_attributes": [],
          "private": "eyJlMmJmYjczMC1lY2FhLTExZTYtOGY4OC0zNDM2M2JjN2M0YzAiOnsiY3JlYXRlIjoxODAwMDAwMDAwMDAwLCJkZWxldGUiOjE4MDAwMDAwMDAwMDAsInJlYWQiOjMwMDAwMDAwMDAwMCwidXBkYXRlIjoxODAwMDAwMDAwMDAwfX0=",
          "dependencies": [
            "azurerm_resource_group.monitor"
          ]
        }
      ]
    },
    {
      "module": "module.monitor_virtual_network",
      "mode": "managed",
      "type": "azurerm_resource_group_template_deployment",
      "name": "subnets",
      "provider": "provider[\"registry.terraform.io/hashicorp/azurerm\"]",
      "instances": [
        {
          "index_key": "MonitorSubnet",
          "schema_version": 0,
          "attributes": {
            "debug_level": "",
            "deployment_mode": "Incremental",
            "id": "/subscriptions/d94fe338-52d8-4a44-acd4-4f8301adf2cf/resourceGroups/dtf-monitor-spoke-rg/providers/Microsoft.Resources/deployments/MonitorSubnet-template",
            "name": "MonitorSubnet-template",
            "output_content": "{\"subnet_id\":{\"type\":\"String\",\"value\":\"/subscriptions/d94fe338-52d8-4a44-acd4-4f8301adf2cf/resourceGroups/dtf-monitor-spoke-rg/providers/Microsoft.Network/virtualNetworks/dtf-monitor-vnet/subnets/MonitorSubnet\"}}",
            "parameters_content": "{\"network_security_group_id\":{\"value\":\"/subscriptions/d94fe338-52d8-4a44-acd4-4f8301adf2cf/resourceGroups/dtf-monitor-spoke-rg/providers/Microsoft.Network/networkSecurityGroups/monitor-MonitorSubnet-nsg\"},\"route_table_id\":{\"value\":\"/subscriptions/d94fe338-52d8-4a44-acd4-4f8301adf2cf/resourceGroups/dtf-monitor-spoke-rg/providers/Microsoft.Network/routeTables/monitor-rt\"},\"subnet_address_prefix\":{\"value\":\"10.2.0.0/24\"},\"subnet_name\":{\"value\":\"MonitorSubnet\"},\"vnet_name\":{\"value\":\"dtf-monitor-vnet\"}}",
            "resource_group_name": "dtf-monitor-spoke-rg",
            "tags": {},
            "template_content": "{\"$schema\":\"http://schema.management.azure.com/schemas/2015-01-01/deploymentTemplate.json#\",\"contentVersion\":\"1.0.0.0\",\"outputs\":{\"subnet_id\":{\"type\":\"String\",\"value\":\"[resourceId('Microsoft.Network/virtualNetworks/subnets', parameters('vnet_name'), parameters('subnet_name'))]\"}},\"parameters\":{\"network_security_group_id\":{\"type\":\"String\"},\"route_table_id\":{\"type\":\"String\"},\"subnet_address_prefix\":{\"type\":\"String\"},\"subnet_name\":{\"type\":\"String\"},\"vnet_name\":{\"type\":\"String\"}},\"resources\":[{\"apiVersion\":\"2022-11-01\",\"name\":\"[concat(parameters('vnet_name'), '/', parameters('subnet_name'))]\",\"properties\":{\"addressPrefix\":\"[parameters('subnet_address_prefix')]\",\"networkSecurityGroup\":\"[if(equals(parameters('network_security_group_id'),''), json('null'), json(concat('{\\\"id\\\": \\\"', parameters('network_security_group_id'), '\\\"}')))]\",\"routeTable\":\"[if(equals(parameters('route_table_id'),''), json('null'), json(concat('{\\\"id\\\": \\\"', parameters('route_table_id'), '\\\"}')))]\"},\"type\":\"Microsoft.Network/virtualNetworks/subnets\"}]}",
            "template_spec_version_id": "",
            "timeouts": null
          },
          "sensitive_attributes": [],
          "private": "eyJlMmJmYjczMC1lY2FhLTExZTYtOGY4OC0zNDM2M2JjN2M0YzAiOnsiY3JlYXRlIjoxMDgwMDAwMDAwMDAwMCwiZGVsZXRlIjoxMDgwMDAwMDAwMDAwMCwicmVhZCI6MzAwMDAwMDAwMDAwLCJ1cGRhdGUiOjEwODAwMDAwMDAwMDAwfX0=",
          "dependencies": [
            "azurerm_resource_group.hub",
            "azurerm_resource_group.monitor",
            "module.hub_log_analytics.azurerm_log_analytics_workspace.log_analytics",
            "module.monitor_network_security_groups.azurerm_network_security_group.nsg",
            "module.monitor_network_security_groups.azurerm_network_security_rule.rules",
            "module.monitor_network_security_groups.module.nsg_diagnostic.azurerm_monitor_diagnostic_setting.diagnostics",
            "module.monitor_network_security_groups.module.nsg_diagnostic.data.azurerm_monitor_diagnostic_categories.categories",
            "module.monitor_route_tables.azurerm_route.routes",
            "module.monitor_route_tables.azurerm_route_table.rt",
            "module.monitor_virtual_network.azurerm_virtual_network.vnet"
          ]
        }
      ]
    },
    {
      "module": "module.monitor_virtual_network",
      "mode": "managed",
      "type": "azurerm_virtual_network",
      "name": "vnet",
      "provider": "provider[\"registry.terraform.io/hashicorp/azurerm\"]",
      "instances": [
        {
          "schema_version": 0,
          "attributes": {
            "address_space": [
              "10.2.0.0/16"
            ],
            "bgp_community": "",
            "ddos_protection_plan": [],
            "dns_servers": [],
            "edge_zone": "",
            "flow_timeout_in_minutes": 0,
            "guid": "7f396325-a1b3-49db-8cc6-1614f663ab17",
            "id": "/subscriptions/d94fe338-52d8-4a44-acd4-4f8301adf2cf/resourceGroups/dtf-monitor-spoke-rg/providers/Microsoft.Network/virtualNetworks/dtf-monitor-vnet",
            "location": "westeurope",
            "name": "dtf-monitor-vnet",
            "resource_group_name": "dtf-monitor-spoke-rg",
            "subnet": [
              {
                "address_prefix": "10.2.0.0/24",
                "id": "/subscriptions/d94fe338-52d8-4a44-acd4-4f8301adf2cf/resourceGroups/dtf-monitor-spoke-rg/providers/Microsoft.Network/virtualNetworks/dtf-monitor-vnet/subnets/MonitorSubnet",
                "name": "MonitorSubnet",
                "security_group": "/subscriptions/d94fe338-52d8-4a44-acd4-4f8301adf2cf/resourceGroups/dtf-monitor-spoke-rg/providers/Microsoft.Network/networkSecurityGroups/monitor-MonitorSubnet-nsg"
              }
            ],
            "tags": {
              "CreationDateTime": "2023-08-01T10:46:07.8222149Z",
              "Environment": "Dev"
            },
            "timeouts": null
          },
          "sensitive_attributes": [],
          "private": "eyJlMmJmYjczMC1lY2FhLTExZTYtOGY4OC0zNDM2M2JjN2M0YzAiOnsiY3JlYXRlIjoxODAwMDAwMDAwMDAwLCJkZWxldGUiOjE4MDAwMDAwMDAwMDAsInJlYWQiOjMwMDAwMDAwMDAwMCwidXBkYXRlIjoxODAwMDAwMDAwMDAwfX0=",
          "dependencies": [
            "azurerm_resource_group.monitor"
          ]
        }
      ]
    },
    {
      "module": "module.monitor_vm",
      "mode": "managed",
      "type": "azurerm_linux_virtual_machine",
      "name": "vms",
      "provider": "provider[\"registry.terraform.io/hashicorp/azurerm\"]",
      "instances": [
        {
          "index_key": 0,
          "schema_version": 0,
          "attributes": {
            "additional_capabilities": [],
            "admin_password": "Password123!",
            "admin_ssh_key": [],
            "admin_username": "daniel",
            "allow_extension_operations": true,
            "availability_set_id": "",
            "boot_diagnostics": [],
            "bypass_platform_safety_checks_on_user_schedule_enabled": false,
            "capacity_reservation_group_id": "",
            "computer_name": "dtf-monitor-vm",
            "custom_data": null,
            "dedicated_host_group_id": "",
            "dedicated_host_id": "",
            "disable_password_authentication": false,
            "edge_zone": "",
            "encryption_at_host_enabled": false,
            "eviction_policy": "",
            "extensions_time_budget": "PT1H30M",
            "gallery_application": [],
            "id": "/subscriptions/d94fe338-52d8-4a44-acd4-4f8301adf2cf/resourceGroups/dtf-monitor-spoke-rg/providers/Microsoft.Compute/virtualMachines/dtf-monitor-vm",
            "identity": [
              {
                "identity_ids": null,
                "principal_id": "8a88a8d2-5bdd-4053-95f5-111963a53bcf",
                "tenant_id": "c9ad96a7-2bac-49a7-abf6-8e932f60bf2b",
                "type": "SystemAssigned"
              }
            ],
            "license_type": "",
            "location": "westeurope",
            "max_bid_price": -1,
            "name": "dtf-monitor-vm",
            "network_interface_ids": [
              "/subscriptions/d94fe338-52d8-4a44-acd4-4f8301adf2cf/resourceGroups/dtf-monitor-spoke-rg/providers/Microsoft.Network/networkInterfaces/dtf-monitor-vm-nic"
            ],
            "os_disk": [
              {
                "caching": "ReadWrite",
                "diff_disk_settings": [],
                "disk_encryption_set_id": "",
                "disk_size_gb": 30,
                "name": "dtf-monitor-vm-os-disk",
                "secure_vm_disk_encryption_set_id": "",
                "security_encryption_type": "",
                "storage_account_type": "Standard_LRS",
                "write_accelerator_enabled": false
              }
            ],
            "patch_assessment_mode": "ImageDefault",
            "patch_mode": "ImageDefault",
            "plan": [],
            "platform_fault_domain": -1,
            "priority": "Regular",
            "private_ip_address": "10.2.0.4",
            "private_ip_addresses": [
              "10.2.0.4"
            ],
            "provision_vm_agent": true,
            "proximity_placement_group_id": "",
            "public_ip_address": "",
            "public_ip_addresses": [],
            "reboot_setting": "",
            "resource_group_name": "dtf-monitor-spoke-rg",
            "secret": [],
            "secure_boot_enabled": false,
            "size": "Standard_B2s",
            "source_image_id": "",
            "source_image_reference": [
              {
                "offer": "0001-com-ubuntu-server-focal",
                "publisher": "Canonical",
                "sku": "20_04-lts",
                "version": "latest"
              }
            ],
            "tags": {
              "CreationDateTime": "2023-08-01T11:52:10.9656293Z",
              "Environment": "Dev"
            },
            "termination_notification": null,
            "timeouts": null,
            "user_data": "",
            "virtual_machine_id": "63045545-6e99-4b08-920d-7d204d6a8d35",
            "virtual_machine_scale_set_id": "",
            "vtpm_enabled": false,
            "zone": ""
          },
          "sensitive_attributes": [
            [
              {
                "type": "get_attr",
                "value": "admin_password"
              }
            ]
          ],
          "private": "eyJlMmJmYjczMC1lY2FhLTExZTYtOGY4OC0zNDM2M2JjN2M0YzAiOnsiY3JlYXRlIjoyNzAwMDAwMDAwMDAwLCJkZWxldGUiOjI3MDAwMDAwMDAwMDAsInJlYWQiOjMwMDAwMDAwMDAwMCwidXBkYXRlIjoyNzAwMDAwMDAwMDAwfX0=",
          "dependencies": [
            "azurerm_resource_group.monitor",
            "module.hub_log_analytics.azurerm_log_analytics_workspace.log_analytics",
            "module.monitor_network_security_groups.azurerm_network_security_group.nsg",
            "module.monitor_network_security_groups.azurerm_network_security_rule.rules",
            "module.monitor_network_security_groups.module.nsg_diagnostic.azurerm_monitor_diagnostic_setting.diagnostics",
            "module.monitor_network_security_groups.module.nsg_diagnostic.data.azurerm_monitor_diagnostic_categories.categories",
            "module.monitor_route_tables.azurerm_route.routes",
            "module.monitor_route_tables.azurerm_route_table.rt",
            "module.monitor_virtual_network.azurerm_resource_group_template_deployment.subnets",
            "module.monitor_vm.azurerm_network_interface.nics",
            "module.monitor_vm.azurerm_public_ip.ips"
          ]
        }
      ]
    },
    {
      "module": "module.monitor_vm",
      "mode": "managed",
      "type": "azurerm_network_interface",
      "name": "nics",
      "provider": "provider[\"registry.terraform.io/hashicorp/azurerm\"]",
      "instances": [
        {
          "index_key": 0,
          "schema_version": 0,
          "attributes": {
            "applied_dns_servers": [],
            "dns_servers": [],
            "edge_zone": "",
            "enable_accelerated_networking": false,
            "enable_ip_forwarding": false,
            "id": "/subscriptions/d94fe338-52d8-4a44-acd4-4f8301adf2cf/resourceGroups/dtf-monitor-spoke-rg/providers/Microsoft.Network/networkInterfaces/dtf-monitor-vm-nic",
            "internal_dns_name_label": "",
            "internal_domain_name_suffix": "evrts53tuhnutdggcykpmy3lch.ax.internal.cloudapp.net",
            "ip_configuration": [
              {
                "gateway_load_balancer_frontend_ip_configuration_id": "",
                "name": "default",
                "primary": true,
                "private_ip_address": "10.2.0.4",
                "private_ip_address_allocation": "Dynamic",
                "private_ip_address_version": "IPv4",
                "public_ip_address_id": "",
                "subnet_id": "/subscriptions/d94fe338-52d8-4a44-acd4-4f8301adf2cf/resourceGroups/dtf-monitor-spoke-rg/providers/Microsoft.Network/virtualNetworks/dtf-monitor-vnet/subnets/MonitorSubnet"
              }
            ],
            "location": "westeurope",
            "mac_address": "",
            "name": "dtf-monitor-vm-nic",
            "private_ip_address": "10.2.0.4",
            "private_ip_addresses": [
              "10.2.0.4"
            ],
            "resource_group_name": "dtf-monitor-spoke-rg",
            "tags": {
              "CreationDateTime": "2023-08-01T11:51:58.3513918Z",
              "Environment": "Dev"
            },
            "timeouts": null,
            "virtual_machine_id": ""
          },
          "sensitive_attributes": [],
          "private": "eyJlMmJmYjczMC1lY2FhLTExZTYtOGY4OC0zNDM2M2JjN2M0YzAiOnsiY3JlYXRlIjoxODAwMDAwMDAwMDAwLCJkZWxldGUiOjE4MDAwMDAwMDAwMDAsInJlYWQiOjMwMDAwMDAwMDAwMCwidXBkYXRlIjoxODAwMDAwMDAwMDAwfX0=",
          "dependencies": [
            "azurerm_resource_group.monitor",
            "module.hub_log_analytics.azurerm_log_analytics_workspace.log_analytics",
            "module.monitor_network_security_groups.azurerm_network_security_group.nsg",
            "module.monitor_network_security_groups.azurerm_network_security_rule.rules",
            "module.monitor_network_security_groups.module.nsg_diagnostic.azurerm_monitor_diagnostic_setting.diagnostics",
            "module.monitor_network_security_groups.module.nsg_diagnostic.data.azurerm_monitor_diagnostic_categories.categories",
            "module.monitor_route_tables.azurerm_route.routes",
            "module.monitor_route_tables.azurerm_route_table.rt",
            "module.monitor_virtual_network.azurerm_resource_group_template_deployment.subnets",
            "module.monitor_vm.azurerm_public_ip.ips"
          ]
        }
      ]
    },
    {
      "module": "module.monitor_vm",
      "mode": "managed",
      "type": "azurerm_public_ip",
      "name": "ips",
      "provider": "provider[\"registry.terraform.io/hashicorp/azurerm\"]",
      "instances": []
    },
    {
      "module": "module.monitor_vm",
      "mode": "managed",
      "type": "azurerm_role_assignment",
      "name": "vm_roles",
      "provider": "provider[\"registry.terraform.io/hashicorp/azurerm\"]",
      "instances": [
        {
          "index_key": "activity-logs-role",
          "schema_version": 0,
          "attributes": {
            "condition": "",
            "condition_version": "",
            "delegated_managed_identity_resource_id": "",
            "description": "",
            "id": "/subscriptions/d94fe338-52d8-4a44-acd4-4f8301adf2cf/resourceGroups/dor-hub-n-spoke/providers/Microsoft.OperationalInsights/workspaces/activity-monitor-log-workspace/providers/Microsoft.Authorization/roleAssignments/65a5dbfe-a1c9-8273-9abc-06056a94d54c",
            "name": "65a5dbfe-a1c9-8273-9abc-06056a94d54c",
            "principal_id": "8a88a8d2-5bdd-4053-95f5-111963a53bcf",
            "principal_type": "ServicePrincipal",
            "role_definition_id": "/subscriptions/d94fe338-52d8-4a44-acd4-4f8301adf2cf/providers/Microsoft.Authorization/roleDefinitions/acdd72a7-3385-48ef-bd42-f606fba81ae7",
            "role_definition_name": "Reader",
            "scope": "/subscriptions/d94fe338-52d8-4a44-acd4-4f8301adf2cf/resourceGroups/dor-hub-n-spoke/providers/Microsoft.OperationalInsights/workspaces/activity-monitor-log-workspace",
            "skip_service_principal_aad_check": null,
            "timeouts": null
          },
          "sensitive_attributes": [],
          "private": "eyJlMmJmYjczMC1lY2FhLTExZTYtOGY4OC0zNDM2M2JjN2M0YzAiOnsiY3JlYXRlIjoxODAwMDAwMDAwMDAwLCJkZWxldGUiOjE4MDAwMDAwMDAwMDAsInJlYWQiOjMwMDAwMDAwMDAwMCwidXBkYXRlIjoxODAwMDAwMDAwMDAwfX0=",
          "dependencies": [
            "azurerm_resource_group.monitor",
            "data.azurerm_log_analytics_workspace.activity",
            "module.hub_log_analytics.azurerm_log_analytics_workspace.log_analytics",
            "module.monitor_network_security_groups.azurerm_network_security_group.nsg",
            "module.monitor_network_security_groups.azurerm_network_security_rule.rules",
            "module.monitor_network_security_groups.module.nsg_diagnostic.azurerm_monitor_diagnostic_setting.diagnostics",
            "module.monitor_network_security_groups.module.nsg_diagnostic.data.azurerm_monitor_diagnostic_categories.categories",
            "module.monitor_route_tables.azurerm_route.routes",
            "module.monitor_route_tables.azurerm_route_table.rt",
            "module.monitor_virtual_network.azurerm_resource_group_template_deployment.subnets",
            "module.monitor_vm.azurerm_linux_virtual_machine.vms",
            "module.monitor_vm.azurerm_network_interface.nics",
            "module.monitor_vm.azurerm_public_ip.ips",
            "module.monitor_vm.azurerm_windows_virtual_machine.vms"
          ]
        },
        {
          "index_key": "hub-logs-role",
          "schema_version": 0,
          "attributes": {
            "condition": "",
            "condition_version": "",
            "delegated_managed_identity_resource_id": "",
            "description": "",
            "id": "/subscriptions/d94fe338-52d8-4a44-acd4-4f8301adf2cf/resourceGroups/dtf-hub-rg/providers/Microsoft.OperationalInsights/workspaces/dtf-hub-log-analytics-workspace/providers/Microsoft.Authorization/roleAssignments/8133753a-a18b-1e5a-d7ef-215057c54655",
            "name": "8133753a-a18b-1e5a-d7ef-215057c54655",
            "principal_id": "8a88a8d2-5bdd-4053-95f5-111963a53bcf",
            "principal_type": "ServicePrincipal",
            "role_definition_id": "/subscriptions/d94fe338-52d8-4a44-acd4-4f8301adf2cf/providers/Microsoft.Authorization/roleDefinitions/acdd72a7-3385-48ef-bd42-f606fba81ae7",
            "role_definition_name": "Reader",
            "scope": "/subscriptions/d94fe338-52d8-4a44-acd4-4f8301adf2cf/resourceGroups/dtf-hub-rg/providers/Microsoft.OperationalInsights/workspaces/dtf-hub-log-analytics-workspace",
            "skip_service_principal_aad_check": null,
            "timeouts": null
          },
          "sensitive_attributes": [],
          "private": "eyJlMmJmYjczMC1lY2FhLTExZTYtOGY4OC0zNDM2M2JjN2M0YzAiOnsiY3JlYXRlIjoxODAwMDAwMDAwMDAwLCJkZWxldGUiOjE4MDAwMDAwMDAwMDAsInJlYWQiOjMwMDAwMDAwMDAwMCwidXBkYXRlIjoxODAwMDAwMDAwMDAwfX0=",
          "dependencies": [
            "azurerm_resource_group.monitor",
            "data.azurerm_log_analytics_workspace.activity",
            "module.hub_log_analytics.azurerm_log_analytics_workspace.log_analytics",
            "module.monitor_network_security_groups.azurerm_network_security_group.nsg",
            "module.monitor_network_security_groups.azurerm_network_security_rule.rules",
            "module.monitor_network_security_groups.module.nsg_diagnostic.azurerm_monitor_diagnostic_setting.diagnostics",
            "module.monitor_network_security_groups.module.nsg_diagnostic.data.azurerm_monitor_diagnostic_categories.categories",
            "module.monitor_route_tables.azurerm_route.routes",
            "module.monitor_route_tables.azurerm_route_table.rt",
            "module.monitor_virtual_network.azurerm_resource_group_template_deployment.subnets",
            "module.monitor_vm.azurerm_linux_virtual_machine.vms",
            "module.monitor_vm.azurerm_network_interface.nics",
            "module.monitor_vm.azurerm_public_ip.ips",
            "module.monitor_vm.azurerm_windows_virtual_machine.vms"
          ]
        }
      ]
    },
    {
      "module": "module.monitor_vm",
      "mode": "managed",
      "type": "azurerm_windows_virtual_machine",
      "name": "vms",
      "provider": "provider[\"registry.terraform.io/hashicorp/azurerm\"]",
      "instances": []
    },
    {
      "module": "module.monitor_vm.module.nic_diagnostic[0]",
      "mode": "data",
      "type": "azurerm_monitor_diagnostic_categories",
      "name": "categories",
      "provider": "provider[\"registry.terraform.io/hashicorp/azurerm\"]",
      "instances": [
        {
          "schema_version": 0,
          "attributes": {
            "id": "/subscriptions/d94fe338-52d8-4a44-acd4-4f8301adf2cf/resourceGroups/dtf-monitor-spoke-rg/providers/Microsoft.Network/networkInterfaces/dtf-monitor-vm-nic",
            "log_category_groups": [],
            "log_category_types": [],
            "logs": [],
            "metrics": [
              "AllMetrics"
            ],
            "resource_id": "/subscriptions/d94fe338-52d8-4a44-acd4-4f8301adf2cf/resourceGroups/dtf-monitor-spoke-rg/providers/Microsoft.Network/networkInterfaces/dtf-monitor-vm-nic",
            "timeouts": null
          },
          "sensitive_attributes": []
        }
      ]
    },
    {
      "module": "module.monitor_vm.module.nic_diagnostic[0]",
      "mode": "managed",
      "type": "azurerm_monitor_diagnostic_setting",
      "name": "diagnostics",
      "provider": "provider[\"registry.terraform.io/hashicorp/azurerm\"]",
      "instances": [
        {
          "schema_version": 0,
          "attributes": {
            "enabled_log": [],
            "eventhub_authorization_rule_id": "",
            "eventhub_name": "",
            "id": "/subscriptions/d94fe338-52d8-4a44-acd4-4f8301adf2cf/resourceGroups/dtf-monitor-spoke-rg/providers/Microsoft.Network/networkInterfaces/dtf-monitor-vm-nic|dtf-monitor-vm-nic-diagnostic",
            "log": [],
            "log_analytics_destination_type": "",
            "log_analytics_workspace_id": "/subscriptions/d94fe338-52d8-4a44-acd4-4f8301adf2cf/resourceGroups/dtf-hub-rg/providers/Microsoft.OperationalInsights/workspaces/dtf-hub-log-analytics-workspace",
            "metric": [
              {
                "category": "AllMetrics",
                "enabled": true,
                "retention_policy": []
              }
            ],
            "name": "dtf-monitor-vm-nic-diagnostic",
            "partner_solution_id": null,
            "storage_account_id": null,
            "target_resource_id": "/subscriptions/d94fe338-52d8-4a44-acd4-4f8301adf2cf/resourceGroups/dtf-monitor-spoke-rg/providers/Microsoft.Network/networkInterfaces/dtf-monitor-vm-nic",
            "timeouts": null
          },
          "sensitive_attributes": [],
          "private": "eyJlMmJmYjczMC1lY2FhLTExZTYtOGY4OC0zNDM2M2JjN2M0YzAiOnsiY3JlYXRlIjoxODAwMDAwMDAwMDAwLCJkZWxldGUiOjM2MDAwMDAwMDAwMDAsInJlYWQiOjMwMDAwMDAwMDAwMCwidXBkYXRlIjoxODAwMDAwMDAwMDAwfX0=",
          "dependencies": [
            "azurerm_resource_group.monitor",
            "module.hub_log_analytics.azurerm_log_analytics_workspace.log_analytics",
            "module.monitor_network_security_groups.azurerm_network_security_group.nsg",
            "module.monitor_network_security_groups.azurerm_network_security_rule.rules",
            "module.monitor_network_security_groups.module.nsg_diagnostic.azurerm_monitor_diagnostic_setting.diagnostics",
            "module.monitor_network_security_groups.module.nsg_diagnostic.data.azurerm_monitor_diagnostic_categories.categories",
            "module.monitor_route_tables.azurerm_route.routes",
            "module.monitor_route_tables.azurerm_route_table.rt",
            "module.monitor_virtual_network.azurerm_resource_group_template_deployment.subnets",
            "module.monitor_vm.azurerm_network_interface.nics",
            "module.monitor_vm.azurerm_public_ip.ips",
            "module.monitor_vm.module.nic_diagnostic.data.azurerm_monitor_diagnostic_categories.categories"
          ]
        }
      ]
    },
    {
      "module": "module.monitor_vm_dns_zone",
      "mode": "managed",
      "type": "azurerm_private_dns_a_record",
      "name": "records",
      "provider": "provider[\"registry.terraform.io/hashicorp/azurerm\"]",
      "instances": [
        {
          "index_key": "grafana",
          "schema_version": 0,
          "attributes": {
            "fqdn": "grafana.monitor.net.",
            "id": "/subscriptions/d94fe338-52d8-4a44-acd4-4f8301adf2cf/resourceGroups/dtf-monitor-spoke-rg/providers/Microsoft.Network/privateDnsZones/monitor.net/A/grafana",
            "name": "grafana",
            "records": [
              "10.2.0.4"
            ],
            "resource_group_name": "dtf-monitor-spoke-rg",
            "tags": null,
            "timeouts": null,
            "ttl": 300,
            "zone_name": "monitor.net"
          },
          "sensitive_attributes": [],
          "private": "eyJlMmJmYjczMC1lY2FhLTExZTYtOGY4OC0zNDM2M2JjN2M0YzAiOnsiY3JlYXRlIjoxODAwMDAwMDAwMDAwLCJkZWxldGUiOjE4MDAwMDAwMDAwMDAsInJlYWQiOjMwMDAwMDAwMDAwMCwidXBkYXRlIjoxODAwMDAwMDAwMDAwfX0=",
          "dependencies": [
            "azurerm_resource_group.monitor",
            "module.hub_log_analytics.azurerm_log_analytics_workspace.log_analytics",
            "module.monitor_network_security_groups.azurerm_network_security_group.nsg",
            "module.monitor_network_security_groups.azurerm_network_security_rule.rules",
            "module.monitor_network_security_groups.module.nsg_diagnostic.azurerm_monitor_diagnostic_setting.diagnostics",
            "module.monitor_network_security_groups.module.nsg_diagnostic.data.azurerm_monitor_diagnostic_categories.categories",
            "module.monitor_route_tables.azurerm_route.routes",
            "module.monitor_route_tables.azurerm_route_table.rt",
            "module.monitor_virtual_network.azurerm_resource_group_template_deployment.subnets",
            "module.monitor_vm.azurerm_linux_virtual_machine.vms",
            "module.monitor_vm.azurerm_network_interface.nics",
            "module.monitor_vm.azurerm_public_ip.ips",
            "module.monitor_vm.azurerm_windows_virtual_machine.vms",
            "module.monitor_vm_dns_zone.azurerm_private_dns_zone.dns_zone"
          ]
        }
      ]
    },
    {
      "module": "module.monitor_vm_dns_zone",
      "mode": "managed",
      "type": "azurerm_private_dns_zone",
      "name": "dns_zone",
      "provider": "provider[\"registry.terraform.io/hashicorp/azurerm\"]",
      "instances": [
        {
          "schema_version": 0,
          "attributes": {
            "id": "/subscriptions/d94fe338-52d8-4a44-acd4-4f8301adf2cf/resourceGroups/dtf-monitor-spoke-rg/providers/Microsoft.Network/privateDnsZones/monitor.net",
            "max_number_of_record_sets": 25000,
            "max_number_of_virtual_network_links": 1000,
            "max_number_of_virtual_network_links_with_registration": 100,
            "name": "monitor.net",
            "number_of_record_sets": 1,
            "resource_group_name": "dtf-monitor-spoke-rg",
            "soa_record": [
              {
                "email": "azureprivatedns-host.microsoft.com",
                "expire_time": 2419200,
                "fqdn": "monitor.net.",
                "host_name": "azureprivatedns.net",
                "minimum_ttl": 10,
                "refresh_time": 3600,
                "retry_time": 300,
                "serial_number": 1,
                "tags": {},
                "ttl": 3600
              }
            ],
            "tags": {
              "CreationDateTime": "2023-08-01T10:46:13.6918568Z",
              "Environment": "Dev"
            },
            "timeouts": null
          },
          "sensitive_attributes": [],
          "private": "eyJlMmJmYjczMC1lY2FhLTExZTYtOGY4OC0zNDM2M2JjN2M0YzAiOnsiY3JlYXRlIjoxODAwMDAwMDAwMDAwLCJkZWxldGUiOjE4MDAwMDAwMDAwMDAsInJlYWQiOjMwMDAwMDAwMDAwMCwidXBkYXRlIjoxODAwMDAwMDAwMDAwfX0=",
          "dependencies": [
            "azurerm_resource_group.monitor"
          ]
        }
      ]
    },
    {
      "module": "module.work_aks",
      "mode": "managed",
      "type": "azurerm_kubernetes_cluster",
      "name": "aks",
      "provider": "provider[\"registry.terraform.io/hashicorp/azurerm\"]",
      "instances": [
        {
          "schema_version": 2,
          "attributes": {
            "aci_connector_linux": [],
            "api_server_access_profile": [
              {
                "authorized_ip_ranges": [],
                "subnet_id": "",
                "vnet_integration_enabled": false
              }
            ],
            "api_server_authorized_ip_ranges": [],
            "auto_scaler_profile": [
              {
                "balance_similar_node_groups": false,
                "empty_bulk_delete_max": "10",
                "expander": "random",
                "max_graceful_termination_sec": "600",
                "max_node_provisioning_time": "60m",
                "max_unready_nodes": 3,
                "max_unready_percentage": 45,
                "new_pod_scale_up_delay": "0s",
                "scale_down_delay_after_add": "10m",
                "scale_down_delay_after_delete": "10s",
                "scale_down_delay_after_failure": "3m",
                "scale_down_unneeded": "10m",
                "scale_down_unready": "20m",
                "scale_down_utilization_threshold": "0.5",
                "scan_interval": "10s",
                "skip_nodes_with_local_storage": true,
                "skip_nodes_with_system_pods": true
              }
            ],
            "automatic_channel_upgrade": "",
            "azure_active_directory_role_based_access_control": [],
            "azure_policy_enabled": false,
            "confidential_computing": [],
            "custom_ca_trust_certificates_base64": null,
            "default_node_pool": [
              {
                "capacity_reservation_group_id": "",
                "custom_ca_trust_enabled": false,
                "enable_auto_scaling": false,
                "enable_host_encryption": false,
                "enable_node_public_ip": false,
                "fips_enabled": false,
                "host_group_id": "",
                "kubelet_config": [],
                "kubelet_disk_type": "OS",
                "linux_os_config": [],
                "max_count": 0,
                "max_pods": 30,
                "message_of_the_day": "",
                "min_count": 0,
                "name": "default",
                "node_count": 1,
                "node_labels": {},
                "node_network_profile": [],
                "node_public_ip_prefix_id": "",
                "node_taints": null,
                "only_critical_addons_enabled": false,
                "orchestrator_version": "1.25.6",
                "os_disk_size_gb": 128,
                "os_disk_type": "Managed",
                "os_sku": "Ubuntu",
                "pod_subnet_id": "",
                "proximity_placement_group_id": "",
                "scale_down_mode": "Delete",
                "tags": null,
                "temporary_name_for_rotation": "",
                "type": "VirtualMachineScaleSets",
                "ultra_ssd_enabled": false,
                "upgrade_settings": [],
                "vm_size": "Standard_B2s",
                "vnet_subnet_id": "/subscriptions/d94fe338-52d8-4a44-acd4-4f8301adf2cf/resourceGroups/dtf-work-spoke-rg/providers/Microsoft.Network/virtualNetworks/dtf-work-vnet/subnets/AKSSubnet",
                "workload_runtime": "",
                "zones": null
              }
            ],
            "disk_encryption_set_id": "",
            "dns_prefix": "dtf-work-aks",
            "dns_prefix_private_cluster": "",
            "edge_zone": "",
            "enable_pod_security_policy": false,
            "fqdn": "",
            "http_application_routing_enabled": false,
            "http_application_routing_zone_name": "",
            "http_proxy_config": [],
            "id": "/subscriptions/d94fe338-52d8-4a44-acd4-4f8301adf2cf/resourceGroups/dtf-work-spoke-rg/providers/Microsoft.ContainerService/managedClusters/dtf-work-aks",
            "identity": [
              {
                "identity_ids": null,
                "principal_id": "e0279aad-a089-4c16-ae20-25402402deb0",
                "tenant_id": "c9ad96a7-2bac-49a7-abf6-8e932f60bf2b",
                "type": "SystemAssigned"
              }
            ],
            "image_cleaner_enabled": false,
            "image_cleaner_interval_hours": 48,
            "ingress_application_gateway": [],
            "key_management_service": [],
            "key_vault_secrets_provider": [],
            "kube_admin_config": [],
            "kube_admin_config_raw": "",
            "kube_config": [
              {
                "client_certificate": "LS0tLS1CRUdJTiBDRVJUSUZJQ0FURS0tLS0tCk1JSUZIakNDQXdhZ0F3SUJBZ0lSQUtlWVNoaFVoMjlJY3VYVkFVUWsxUjB3RFFZSktvWklodmNOQVFFTEJRQXcKRFRFTE1Ba0dBMVVFQXhNQ1kyRXdIaGNOTWpNd09EQXhNVEUwTkRRNVdoY05NalV3T0RBeE1URTFORFE1V2pBdwpNUmN3RlFZRFZRUUtFdzV6ZVhOMFpXMDZiV0Z6ZEdWeWN6RVZNQk1HQTFVRUF4TU1iV0Z6ZEdWeVkyeHBaVzUwCk1JSUNJakFOQmdrcWhraUc5dzBCQVFFRkFBT0NBZzhBTUlJQ0NnS0NBZ0VBdjV1R0ViU0pwS1BEekNEbm82YkYKWStyaEdZMW41QjF0SkN4Yy82Z2ZIalVneFdmc0FrVzRjVUVZVDlXU29FdnlRd2xhY0RWb3pYZ3VpY0VFMzgyOApWbzMwUjdmWUpLSVNjWTRlWmlxU3RyeXRVOGYvOWhucTl6ZHlVNEZzdUtaYkUvMjR0UXJIeVRZOWhHclkxOUFmCnZKZWQzQnNKNUxWVENsRHBsZjg3WWRiSzF5bHBkVno0c0ZXOWpWc3lQVHduWE1hbmNaOVpJaGxGTzZsRVh1VnUKSVk1dnFzZjFwRGU3dUdiT0NBSzRLaG1NUWxwd2JTQmFZVVZ0Nk14VlVFR2prcExIVkdXTnpyVW5MVnp3aStvSwpFSjZnY0RBeTN5Q2ZuZ1ZiOE5iVVU0STFkaWl0dVE4SyswcU5DTzJIZ0kyY1VXZ29iUXlsN3BhRlJ4N2FUYmkvCkZNMHdWNGRhZkxzVTNqZk5WQzJFV3lOWmYzYnRBeEFFbFlsZDl5TG02cTZZR0V3SkcvblV0VkVaaWIvN0hCV0wKSStJcFlnYW43eS9RR0c2SVpxWlZROXo1K3Y1TGh6UUlMOGwvVVhCWjh4dktsNzl6eHVuK01ZaU9BeTZWSFlaaApLTkNTTVVmbXNNZzVhTmFBeE44WGJJT2R1akErSGZVRHdnemZNTTcwYlM0ekptVHdnWWhhNEtWRzhxdEZPNmpQClNYbDVZMHZETHBKRWg3am04c21rYVBMWloxYXlFdHZESVJwMmMrNWJkT1EwUWc0eGg5TmZLK281WkhUQVAzODQKemR0ZWl2Q3IxNmlUOUFEN3lpTjFJTTdlN0xzU0FTRFI3T05abmFWNDVhSjNsRjlNR3FJa0p5V0duWlIxQ0pIQwptb1FJQUZYVWs5elJ3WHFmRWtRdUZpMENBd0VBQWFOV01GUXdEZ1lEVlIwUEFRSC9CQVFEQWdXZ01CTUdBMVVkCkpRUU1NQW9HQ0NzR0FRVUZCd01DTUF3R0ExVWRFd0VCL3dRQ01BQXdId1lEVlIwakJCZ3dGb0FVQUNaN3cxd2IKY3pTQVBFUkk2OTliK1VCVDJ0RXdEUVlKS29aSWh2Y05BUUVMQlFBRGdnSUJBQVRMbTZOTjNreFcwaU42aEVqdwp2em1JcnIvTlVjUGRWaHhkZVV6a2ZBUWRKUFo3MFdDTW5MUHFVQWszaXhOMHdsSmpKUFpScWxpYm4ydkRoOE5RCldlNFg1VWJiVkE3a1UzUTU0VnByUllIS2JVc2d3SnpXeHRtRGFINE4ydmpObWorY2d5c2FlU0I0bTFoczB3M2gKb09iVUFkdTJITm8vMnoyUzdQbmRiOG12V3kvZXl0ZjJpa1NldjRpOGUwUys2NEdmWGlTaGZOaWV5M2s3TnVYMwpnaEZWQnFGQWhIK255djhMSmlZeENZWUFyMUltNS9UQytTTXpFZkJRSGpMUXRaK1N4VTNzeTMxUUNPYVpnUHpICk45TFUzYkdJOUN4OHdrbnJVSDRrSDN1L3RsYTliM000U3N1UkZOVU1QbFloSUxSdzM1NHF5czVJMy90UjMvMFoKS25RVUZUNHJqT1NjaDN1OUNWOUZIM2g2SmIvUXo5c0hyOUJRbXkwdGcwdnAzbFJnSEZiVm9kTTFiL0FPUk13agpwN21lYi9ZWVYzTk5Lc0I1bmhYRzdRWlBvTW9wOE5ZRXlYaU9iUldWU1RDS1ZkSU5IdlpQWXEwaGY0VyttSldWCjF2R2lzSzIyL25NS055Z1AwNCtMcGRUWTRaRHVYNElpeGtqMzNKRURXbkR5dm9qTFFobWVHTThyOXpqQmoxSksKMW1rcElacTVibHlkTWVYL01FT1VjWWl1RGRlSC9WK2hxV3FDYnE1Q3JMUE94TDRRdWVmdWdTaW5ZRDBkTE1SbApWSVVPS1BxeXNrc3luTG9pNVVrSTNzbWNGMzBVTHhpTFR2aGh3RVpBdVMvaUYza2NGeXhNNkZQQnlLMFNtZjVGCmRSaG1pNDNXYnk3Y005a2pKcVp6eFZyUwotLS0tLUVORCBDRVJUSUZJQ0FURS0tLS0tCg==",
                "client_key": "LS0tLS1CRUdJTiBSU0EgUFJJVkFURSBLRVktLS0tLQpNSUlKS1FJQkFBS0NBZ0VBdjV1R0ViU0pwS1BEekNEbm82YkZZK3JoR1kxbjVCMXRKQ3hjLzZnZkhqVWd4V2ZzCkFrVzRjVUVZVDlXU29FdnlRd2xhY0RWb3pYZ3VpY0VFMzgyOFZvMzBSN2ZZSktJU2NZNGVaaXFTdHJ5dFU4Zi8KOWhucTl6ZHlVNEZzdUtaYkUvMjR0UXJIeVRZOWhHclkxOUFmdkplZDNCc0o1TFZUQ2xEcGxmODdZZGJLMXlscApkVno0c0ZXOWpWc3lQVHduWE1hbmNaOVpJaGxGTzZsRVh1VnVJWTV2cXNmMXBEZTd1R2JPQ0FLNEtobU1RbHB3CmJTQmFZVVZ0Nk14VlVFR2prcExIVkdXTnpyVW5MVnp3aStvS0VKNmdjREF5M3lDZm5nVmI4TmJVVTRJMWRpaXQKdVE4SyswcU5DTzJIZ0kyY1VXZ29iUXlsN3BhRlJ4N2FUYmkvRk0wd1Y0ZGFmTHNVM2pmTlZDMkVXeU5aZjNidApBeEFFbFlsZDl5TG02cTZZR0V3SkcvblV0VkVaaWIvN0hCV0xJK0lwWWdhbjd5L1FHRzZJWnFaVlE5ejUrdjVMCmh6UUlMOGwvVVhCWjh4dktsNzl6eHVuK01ZaU9BeTZWSFlaaEtOQ1NNVWZtc01nNWFOYUF4TjhYYklPZHVqQSsKSGZVRHdnemZNTTcwYlM0ekptVHdnWWhhNEtWRzhxdEZPNmpQU1hsNVkwdkRMcEpFaDdqbThzbWthUExaWjFheQpFdHZESVJwMmMrNWJkT1EwUWc0eGg5TmZLK281WkhUQVAzODR6ZHRlaXZDcjE2aVQ5QUQ3eWlOMUlNN2U3THNTCkFTRFI3T05abmFWNDVhSjNsRjlNR3FJa0p5V0duWlIxQ0pIQ21vUUlBRlhVazl6UndYcWZFa1F1RmkwQ0F3RUEKQVFLQ0FnQlhKM1RhUk5aL0R3YVdxVGowRlgyZnIwem9oSXVIRldONW1yeEtoYnh4enhTeTlreEIxRmpMR3lMbAozVzJ1Z0IwWUpQOEFIeXNtbXM0QVZzM1N4eEF1QnEvZ2wxMDNmSWtMSWV2dDZOdUhSMWRIenFjODJCa3FqZ3Z3CnMrUXlNV2tvTkxaNWt3ZkJIR3pxK0hiZDQ0c3NDNE1BaFVRQXhnR1pwYWc2VkRnOGpxa0JLWk1Ra1ZPRlVkckEKbTRURW1jSUZ6MDZHdmthYTNnZkIxWUtGNzdJaWpWbDV3eTZXbmN0RFcyL0g4UVM0RVpyYzY2cEwyUFdEWFVOYgpLdVo3ZFAva1FlTnRIaXhjbzhYSU9vZ24vRExMMEh1RnpFYTNlMjFmUVd6S3BjMDZsdldlWTI1eHlNZmorY3NoCkRub2VIVXZITTZ0L3Zzc1ROV0EyTTNCMC9kM2IzTnp3UGpOaGVMTENzclNYb3hyTDdVMzVIZkdhM2U4bEgvQXoKMzNVMDY0WFVjT2NGS0trYmY5cVJ4ZGhEUGg3NmpwM0o1czRWZWhxNGk0MGhOQkEwSXpCV1BHclMyRUFlSUszVgppT2xGaUYyaXl1VW45TXM0Q0hWbk9IRlBvakphc0ZpaEg2Rmw4d1lmeUJJN1hSVy9pUmNiMjlkalpSVm9XcHMxCkFiSXNlUm9XbVhYeGZsdnJsZzNnQjV2Z2lGYzVLWEhRcC9wK0Fza2w2aUw4UXNMNzlKenVheUljVngxelhRdkEKQW4rZDlVMDFrRmlrbURxc0wrdjd2UWdGVFNaL3NLdkk5a3UyWFY0ZWtEUjJLT2hZWW9YUnN3dXl0bU1teUtvaQpDUjNPRnJScWpTbERJTDdSTllQMVd2dkVoM3hwNUhkYWlzVkRaYzkzQjFjVFBjeHVlUUtDQVFFQTJXbWJ6alRTCjdubklraDJzZ3IvaEdUUmZzSjc1cHAyQnNhOS9FYmtJL241SFNuNU8zRUZkSFJhMlN3ZWcycU96RDFseGxhRWgKOXAxVFkyM0czcE80ZkQ3NTZiQzZsbnhEU2g4R2dCdHZMYzd2elJWVFhDRVlpbTdYWldsVmhWWGhWTTBTcWMrYgpyUURuUDNLYVpybUV3cU5iTndnMFBDSDAyN0ZiMUY0YTNHKzZ3SENrRHptaGxnTVMxSVdoZCsraHJjZDZra0FTCnowcFp2UnU0NnlhNk9LRDkxM3YrY1NQVUR4Wk5iQWFIRVdmRkgwcjBqcmJ1aVRXQnhhYWlBQjFTTk5Xd2paV0IKZVBQOUQyb1JFdXVlSzVkcXJZNGQ0UnU0TUtYZTZNcnI5dnYvb1diaisxMWtaWWRkZlRHQ0lVMzJwaDNDZzVqcwpHMWIvQmgycGZOZExRd0tDQVFFQTRaMXZIR2hCV3N5ZnJIV1pXR2hTVkVJRzJwRE8xSXIvMjdCdHV2dkxkT1FCCmpnSHlYeTc0U1lnQjhueHlPaFBtOFVkTjJva1RNYytwYkVTdUtiODl3QVFLQmIwanF5UXA2UHovNk9MZEJaSnkKVGFQRG9HTEl3SE1YeitZejhGVWIzbmRJK0U3c1padGcyaHV3RlhZSURickRIWWFrNVdrOEdBVlJncCt1UkFrTgpZenBtUVh5SXh1QVJNRGRVeEJHK1NpOElCU1NYa1lUcXRxZXJZa0FSYThYQjFHV2IxWmU5V2JRR3R4a1JreWRiCkdmVXUrU2tFaGV4NmIvL2lNREFhZndTMVZzUkVSNnFVWTExcnFRaVk5VnZwR1JpN2IzcFNlMXJma05VQk5KdHUKUVZjMFZTMGsybS91VStJcGFBT3V1em9pRENaNS9iMmlNVlRaNStPcHp3S0NBUUVBb3RQNGo3QjZSWWJLRTd6TApwY1VGVmpZbWNJWXYzWHhiVlBObURLVHpPbjdpNzhTM1ZUaFMvMlV5TS9GTHBGUXoyQXdhQ0lGOGlWSDgwUnUzCmRKMVg3eDNQV0JrM05WdHRuZ2FzZktlUFZkU0ZQcWg1SFNmZ1ZGVjlWb05VUEo4OE9xRzRGNXZZTVBMYlBtYWIKZ3RId3YwRlBJR0V4bGRPc3Foa2orR0plWmJmOE93SmhyTkZ4MW9NSXlFZ296VVdZWmlsZkFFZWlqc05WZ0U5Ugo2RFBDQm9WMGQ3MXlxOU8wajNRWm1nMHRmWGlsWnJGaGhiMDEyMmRLZ1BneW5qbFhoeUIvc1JwR3RJcXZmYXJuCmpLOFFiLzlnTXdtY0VTc01nTXJKcnJuRGpkL2Y3VWE4K2xaUXljVmUzRk9HN1dDUm1JbnpVMUhsaXZoVjJZTy8KbXpNM053S0NBUUVBdmVOYW5DY25NbnZjdkRNeVFGVjFUWk5RMzI1WGxrM3pNSDBhcmZDMCtnblpRU05rVWpaZgpKTXhERDBzc2ZMTTVnY09JeEREd3BkRHBBTVlCYkFPWXZsN243SktYVGJpZlNZaCsvd3pLQjZHTmNNa3ZvbkxpCkVoQU1iNStLQVhJd2hab1NJV09UMWFUajdFNjNjaWlvZUozREVMdTlWNVN0em0zVGY4UlQwTkZwb2lXSjRQNG0KeEhQY0k1KytTVlBCdkFBL21NeUdnU1RFdzd6MUl6bFhNRVQrY1h5Zm56TWFYRUNJRWwwWURLbG9KTDNXcmtDVwpuUDArdzdzekxXbWZNMTdNSFY0Tk5lQmRDaENieDJZRUR5WXZWejhZcXFmaWVnNHU4bUJFcG5sWFg4azhzNS9PClQ4YzdhUUNGNXhTS1lPeDVzWTVFeUlwdDAyVmVEYXp3d3dLQ0FRQmNyU1dGUXdsS0JsOXNUWWFpY1RKR0txeGEKOEt2bmtEM2U0YWJUUHEzdnZOZ1ZZV25IWXgvZnVkTFc2dGl4T0c4K3hrVVZ0TUdPMUQrQ05QMUFjWXgxam55YgpKckRCamZDS0VDTGV2WEs1V2l0SUR1WkxWSkxOaTZsNi9UUVlPN2ZiRklZVUpoQXFYRG1BQ0xyY2hmNmF2bzBxCkFla2w0K2NKbVRxbThjS1NuRTU0bHRkY2g5eFhWTk5KbWpYYUQ0N3d1MWoxYTdjQ0QxdE8rUHIvVmJnRXNhSDcKclRqWUVlN1NUeDNUVW9Hcmhjd1N4RVlyQS8rZ3ZuZU1YQzI3TlV2bUJPcVl4cExreDRMY2J3YVlYajNQdUJyYwoycjVaa0pDNHJnNFBQSW9wMjQ0ckcxcGJ5MGJYQ1RsZm9ndEVZSldNcDJ0ZEpwYVdIR0VaYnRPU0h1VVcKLS0tLS1FTkQgUlNBIFBSSVZBVEUgS0VZLS0tLS0K",
                "cluster_ca_certificate": "LS0tLS1CRUdJTiBDRVJUSUZJQ0FURS0tLS0tCk1JSUU2VENDQXRHZ0F3SUJBZ0lSQUo2V1ZLaHhTZDVvL1dwMUJFK0NmQWd3RFFZSktvWklodmNOQVFFTEJRQXcKRFRFTE1Ba0dBMVVFQXhNQ1kyRXdJQmNOTWpNd09EQXhNVEUwTkRRNVdoZ1BNakExTXpBNE1ERXhNVFUwTkRsYQpNQTB4Q3pBSkJnTlZCQU1UQW1OaE1JSUNJakFOQmdrcWhraUc5dzBCQVFFRkFBT0NBZzhBTUlJQ0NnS0NBZ0VBCjM5RE52VGFzZVpxQ3hHOTVYVkd5R3RqVlB6MlBkRVVqVlp3WTlVQmhpdWFBQll0RGZWUmNMb0lzTy8ydzh0QTMKbjVNMU14c0RlVUc2dlVOa2FNSGRnbitpMUZQbC8rc2R0LytpZWkydDZZU1c3K3FDb25TakgxbnNROWpCT28zSAo4bHBsdkMwRUtGQjEwaytRcnY5aWxkVDMvNzRDZGVoempROVRzSmlyRjFOT0VuajlzQTQ0MThlRG9sUjJDRmFUCmNsdnN2akI5UzBSNmxjdkNadzdINzRLM3JUa3N3REsxSXM1QlNKWlRFVXJqczREV1dmcjlsRUF0MVhRTVh0UTcKOHBVcmNCTWxyM3p0TUZQL1FEb3JSNFAzTDFIY1JYemtyVkhRRzQxbjdSa3NCZnIwN2ZyamJReE1xN1IxNmRBUwpUdlp6S1c4UzN6NXNUVXBSQkVBMlFudjJ2cGtiVWxzQ1hHSmFJZDFMejYvd2JJYWdEZjVJMEV3QlBlc0s2bkp0CnMwWWw2Z0VhSlRwcDVVOVpwbFRRWmlaRlVGT1ZNdlpYNzBwVDV4emZIdVc5RUt0TGNlZk5sbk91d0xBeU1VSzcKK283d2V2NGRjSmpadFQxeFFBS21sQWhWTjlBSWlWTklwRnZLcHRSMzk1ckNOdHI0K3FFekVhci9CM0I2UG8xQwp2blM2dTBodlVSWXR0UUNOWGpwRTVKUDZhNjdRNGIyMlFIYWx5cmxVdE5QV0V3WDN5ZGhXa0ZQMFJDallZbzFYCjljWFlOenQxUXBPWHIxdWIrSmN4ZHFzOWJUcFZKYVhnd3ZtZzVHRjNJaElmODh0cjJZaHAxc3BDK2x4KzdZVEkKbWFlTUVtcXl5ZHZMU0dOVE1JSHRRWlRJY3N3WVF6STN6REJVWnZWVllJTUNBd0VBQWFOQ01FQXdEZ1lEVlIwUApBUUgvQkFRREFnS2tNQThHQTFVZEV3RUIvd1FGTUFNQkFmOHdIUVlEVlIwT0JCWUVGQUFtZThOY0czTTBnRHhFClNPdmZXL2xBVTlyUk1BMEdDU3FHU0liM0RRRUJDd1VBQTRJQ0FRQjgwUDlsY3JIbmR1OE9DRHZmaENCVXBjZXkKa1FHWmhMWk5VNm1ZYmN1bzBsY1BMakd5azRqMDM4RE1icFMranZWWkRtZDIxS01GekZLeFdwcXlTZWV5ZWN2UgpZbTB0NlgwRysvVmR6c3dsb2VRalRENVI2aHJaRmdUWjQ2MkJuamsyS0pSQnF6VU93QitsY1kzTTk0MFV6bTl0CktaTnJQdkJhMlo4RUpJcCtrLzlSeVNUYmd2czQ2UTBCS3B1Vy85dmk3YktMaUJWOU54UnlRK2xFYXhyN0t1MEIKTjdVSGlmSEFzcEdoYW1ab0JzSGJRZHVkTGFlNjh6K2VzRk1PZ2x2b0ZWdFdmeFczUEJraktndEhodURYR08zcgpwVlpOMFpsWHJjdVZpZGR3L25tUHpCRWJZYjJPek0yU2l3MUhNUW9jUi92dXhFc0h5dWt1V1pSZzYwZ09ZeTFHCmhMUEs3WEUrUmp4TnNYWUQycnQ1YjBaWk9qU0VhQXA1UUJwakd1Y3VmZjNDVENhbi8vKzlBb1RyMVpuZkdvZ0wKK0g0eWpvSHBhTWJRbU1VYkI5c254TU5NMUNGWGJoOVJJVVNWSXJhQnFkRUc1L1ZXRnhTMk9JWWJWeEhOQThTWQo1ZHZTN3U1QzJuMDgwZEpBQzFKRExMWWU0RGhlM1B1ZnAyTDVzSzh2L2l2VGVMRmRuZ0JmTEtTajNDaDJTTEo0CjQwMzhpV1lROTNZU0Z5L0ltWVhQdWgyUEZ5NmZjOWdlZmJtTGJLZ3Q2cnFnQ1o4ZGU2ZEFTbTE3V1JhbmxOVk8KbUdUT05wek9oQUY1NTNXcUR4cjBOK29oNE5vai9IemMxWGFsb1FkaFV3cG9mNDR4aEFMeXJyUWdiQlBxVGFNLwpVS29uU0dRZGxoZFNWK0VyelE9PQotLS0tLUVORCBDRVJUSUZJQ0FURS0tLS0tCg==",
                "host": "https://dtf-work-aks-klc3e57v.e0292cab-2ffe-4c5a-9620-9eee18d72362.privatelink.westeurope.azmk8s.io:443",
                "password": "7l9sg0l2561sr3o327lhhmo9b0euvm3tozzovurw7jxidgaldba2mhjb4tm6ceg8388kmy9fuxrm2whvn2eu5bptnrwf05jjz9d27x4ezk6u26mo1me57wuwtwy2672l",
                "username": "clusterUser_dtf-work-spoke-rg_dtf-work-aks"
              }
            ],
            "kube_config_raw": "apiVersion: v1\nclusters:\n- cluster:\n    certificate-authority-data: LS0tLS1CRUdJTiBDRVJUSUZJQ0FURS0tLS0tCk1JSUU2VENDQXRHZ0F3SUJBZ0lSQUo2V1ZLaHhTZDVvL1dwMUJFK0NmQWd3RFFZSktvWklodmNOQVFFTEJRQXcKRFRFTE1Ba0dBMVVFQXhNQ1kyRXdJQmNOTWpNd09EQXhNVEUwTkRRNVdoZ1BNakExTXpBNE1ERXhNVFUwTkRsYQpNQTB4Q3pBSkJnTlZCQU1UQW1OaE1JSUNJakFOQmdrcWhraUc5dzBCQVFFRkFBT0NBZzhBTUlJQ0NnS0NBZ0VBCjM5RE52VGFzZVpxQ3hHOTVYVkd5R3RqVlB6MlBkRVVqVlp3WTlVQmhpdWFBQll0RGZWUmNMb0lzTy8ydzh0QTMKbjVNMU14c0RlVUc2dlVOa2FNSGRnbitpMUZQbC8rc2R0LytpZWkydDZZU1c3K3FDb25TakgxbnNROWpCT28zSAo4bHBsdkMwRUtGQjEwaytRcnY5aWxkVDMvNzRDZGVoempROVRzSmlyRjFOT0VuajlzQTQ0MThlRG9sUjJDRmFUCmNsdnN2akI5UzBSNmxjdkNadzdINzRLM3JUa3N3REsxSXM1QlNKWlRFVXJqczREV1dmcjlsRUF0MVhRTVh0UTcKOHBVcmNCTWxyM3p0TUZQL1FEb3JSNFAzTDFIY1JYemtyVkhRRzQxbjdSa3NCZnIwN2ZyamJReE1xN1IxNmRBUwpUdlp6S1c4UzN6NXNUVXBSQkVBMlFudjJ2cGtiVWxzQ1hHSmFJZDFMejYvd2JJYWdEZjVJMEV3QlBlc0s2bkp0CnMwWWw2Z0VhSlRwcDVVOVpwbFRRWmlaRlVGT1ZNdlpYNzBwVDV4emZIdVc5RUt0TGNlZk5sbk91d0xBeU1VSzcKK283d2V2NGRjSmpadFQxeFFBS21sQWhWTjlBSWlWTklwRnZLcHRSMzk1ckNOdHI0K3FFekVhci9CM0I2UG8xQwp2blM2dTBodlVSWXR0UUNOWGpwRTVKUDZhNjdRNGIyMlFIYWx5cmxVdE5QV0V3WDN5ZGhXa0ZQMFJDallZbzFYCjljWFlOenQxUXBPWHIxdWIrSmN4ZHFzOWJUcFZKYVhnd3ZtZzVHRjNJaElmODh0cjJZaHAxc3BDK2x4KzdZVEkKbWFlTUVtcXl5ZHZMU0dOVE1JSHRRWlRJY3N3WVF6STN6REJVWnZWVllJTUNBd0VBQWFOQ01FQXdEZ1lEVlIwUApBUUgvQkFRREFnS2tNQThHQTFVZEV3RUIvd1FGTUFNQkFmOHdIUVlEVlIwT0JCWUVGQUFtZThOY0czTTBnRHhFClNPdmZXL2xBVTlyUk1BMEdDU3FHU0liM0RRRUJDd1VBQTRJQ0FRQjgwUDlsY3JIbmR1OE9DRHZmaENCVXBjZXkKa1FHWmhMWk5VNm1ZYmN1bzBsY1BMakd5azRqMDM4RE1icFMranZWWkRtZDIxS01GekZLeFdwcXlTZWV5ZWN2UgpZbTB0NlgwRysvVmR6c3dsb2VRalRENVI2aHJaRmdUWjQ2MkJuamsyS0pSQnF6VU93QitsY1kzTTk0MFV6bTl0CktaTnJQdkJhMlo4RUpJcCtrLzlSeVNUYmd2czQ2UTBCS3B1Vy85dmk3YktMaUJWOU54UnlRK2xFYXhyN0t1MEIKTjdVSGlmSEFzcEdoYW1ab0JzSGJRZHVkTGFlNjh6K2VzRk1PZ2x2b0ZWdFdmeFczUEJraktndEhodURYR08zcgpwVlpOMFpsWHJjdVZpZGR3L25tUHpCRWJZYjJPek0yU2l3MUhNUW9jUi92dXhFc0h5dWt1V1pSZzYwZ09ZeTFHCmhMUEs3WEUrUmp4TnNYWUQycnQ1YjBaWk9qU0VhQXA1UUJwakd1Y3VmZjNDVENhbi8vKzlBb1RyMVpuZkdvZ0wKK0g0eWpvSHBhTWJRbU1VYkI5c254TU5NMUNGWGJoOVJJVVNWSXJhQnFkRUc1L1ZXRnhTMk9JWWJWeEhOQThTWQo1ZHZTN3U1QzJuMDgwZEpBQzFKRExMWWU0RGhlM1B1ZnAyTDVzSzh2L2l2VGVMRmRuZ0JmTEtTajNDaDJTTEo0CjQwMzhpV1lROTNZU0Z5L0ltWVhQdWgyUEZ5NmZjOWdlZmJtTGJLZ3Q2cnFnQ1o4ZGU2ZEFTbTE3V1JhbmxOVk8KbUdUT05wek9oQUY1NTNXcUR4cjBOK29oNE5vai9IemMxWGFsb1FkaFV3cG9mNDR4aEFMeXJyUWdiQlBxVGFNLwpVS29uU0dRZGxoZFNWK0VyelE9PQotLS0tLUVORCBDRVJUSUZJQ0FURS0tLS0tCg==\n    server: https://dtf-work-aks-klc3e57v.e0292cab-2ffe-4c5a-9620-9eee18d72362.privatelink.westeurope.azmk8s.io:443\n  name: dtf-work-aks\ncontexts:\n- context:\n    cluster: dtf-work-aks\n    user: clusterUser_dtf-work-spoke-rg_dtf-work-aks\n  name: dtf-work-aks\ncurrent-context: dtf-work-aks\nkind: Config\npreferences: {}\nusers:\n- name: clusterUser_dtf-work-spoke-rg_dtf-work-aks\n  user:\n    client-certificate-data: LS0tLS1CRUdJTiBDRVJUSUZJQ0FURS0tLS0tCk1JSUZIakNDQXdhZ0F3SUJBZ0lSQUtlWVNoaFVoMjlJY3VYVkFVUWsxUjB3RFFZSktvWklodmNOQVFFTEJRQXcKRFRFTE1Ba0dBMVVFQXhNQ1kyRXdIaGNOTWpNd09EQXhNVEUwTkRRNVdoY05NalV3T0RBeE1URTFORFE1V2pBdwpNUmN3RlFZRFZRUUtFdzV6ZVhOMFpXMDZiV0Z6ZEdWeWN6RVZNQk1HQTFVRUF4TU1iV0Z6ZEdWeVkyeHBaVzUwCk1JSUNJakFOQmdrcWhraUc5dzBCQVFFRkFBT0NBZzhBTUlJQ0NnS0NBZ0VBdjV1R0ViU0pwS1BEekNEbm82YkYKWStyaEdZMW41QjF0SkN4Yy82Z2ZIalVneFdmc0FrVzRjVUVZVDlXU29FdnlRd2xhY0RWb3pYZ3VpY0VFMzgyOApWbzMwUjdmWUpLSVNjWTRlWmlxU3RyeXRVOGYvOWhucTl6ZHlVNEZzdUtaYkUvMjR0UXJIeVRZOWhHclkxOUFmCnZKZWQzQnNKNUxWVENsRHBsZjg3WWRiSzF5bHBkVno0c0ZXOWpWc3lQVHduWE1hbmNaOVpJaGxGTzZsRVh1VnUKSVk1dnFzZjFwRGU3dUdiT0NBSzRLaG1NUWxwd2JTQmFZVVZ0Nk14VlVFR2prcExIVkdXTnpyVW5MVnp3aStvSwpFSjZnY0RBeTN5Q2ZuZ1ZiOE5iVVU0STFkaWl0dVE4SyswcU5DTzJIZ0kyY1VXZ29iUXlsN3BhRlJ4N2FUYmkvCkZNMHdWNGRhZkxzVTNqZk5WQzJFV3lOWmYzYnRBeEFFbFlsZDl5TG02cTZZR0V3SkcvblV0VkVaaWIvN0hCV0wKSStJcFlnYW43eS9RR0c2SVpxWlZROXo1K3Y1TGh6UUlMOGwvVVhCWjh4dktsNzl6eHVuK01ZaU9BeTZWSFlaaApLTkNTTVVmbXNNZzVhTmFBeE44WGJJT2R1akErSGZVRHdnemZNTTcwYlM0ekptVHdnWWhhNEtWRzhxdEZPNmpQClNYbDVZMHZETHBKRWg3am04c21rYVBMWloxYXlFdHZESVJwMmMrNWJkT1EwUWc0eGg5TmZLK281WkhUQVAzODQKemR0ZWl2Q3IxNmlUOUFEN3lpTjFJTTdlN0xzU0FTRFI3T05abmFWNDVhSjNsRjlNR3FJa0p5V0duWlIxQ0pIQwptb1FJQUZYVWs5elJ3WHFmRWtRdUZpMENBd0VBQWFOV01GUXdEZ1lEVlIwUEFRSC9CQVFEQWdXZ01CTUdBMVVkCkpRUU1NQW9HQ0NzR0FRVUZCd01DTUF3R0ExVWRFd0VCL3dRQ01BQXdId1lEVlIwakJCZ3dGb0FVQUNaN3cxd2IKY3pTQVBFUkk2OTliK1VCVDJ0RXdEUVlKS29aSWh2Y05BUUVMQlFBRGdnSUJBQVRMbTZOTjNreFcwaU42aEVqdwp2em1JcnIvTlVjUGRWaHhkZVV6a2ZBUWRKUFo3MFdDTW5MUHFVQWszaXhOMHdsSmpKUFpScWxpYm4ydkRoOE5RCldlNFg1VWJiVkE3a1UzUTU0VnByUllIS2JVc2d3SnpXeHRtRGFINE4ydmpObWorY2d5c2FlU0I0bTFoczB3M2gKb09iVUFkdTJITm8vMnoyUzdQbmRiOG12V3kvZXl0ZjJpa1NldjRpOGUwUys2NEdmWGlTaGZOaWV5M2s3TnVYMwpnaEZWQnFGQWhIK255djhMSmlZeENZWUFyMUltNS9UQytTTXpFZkJRSGpMUXRaK1N4VTNzeTMxUUNPYVpnUHpICk45TFUzYkdJOUN4OHdrbnJVSDRrSDN1L3RsYTliM000U3N1UkZOVU1QbFloSUxSdzM1NHF5czVJMy90UjMvMFoKS25RVUZUNHJqT1NjaDN1OUNWOUZIM2g2SmIvUXo5c0hyOUJRbXkwdGcwdnAzbFJnSEZiVm9kTTFiL0FPUk13agpwN21lYi9ZWVYzTk5Lc0I1bmhYRzdRWlBvTW9wOE5ZRXlYaU9iUldWU1RDS1ZkSU5IdlpQWXEwaGY0VyttSldWCjF2R2lzSzIyL25NS055Z1AwNCtMcGRUWTRaRHVYNElpeGtqMzNKRURXbkR5dm9qTFFobWVHTThyOXpqQmoxSksKMW1rcElacTVibHlkTWVYL01FT1VjWWl1RGRlSC9WK2hxV3FDYnE1Q3JMUE94TDRRdWVmdWdTaW5ZRDBkTE1SbApWSVVPS1BxeXNrc3luTG9pNVVrSTNzbWNGMzBVTHhpTFR2aGh3RVpBdVMvaUYza2NGeXhNNkZQQnlLMFNtZjVGCmRSaG1pNDNXYnk3Y005a2pKcVp6eFZyUwotLS0tLUVORCBDRVJUSUZJQ0FURS0tLS0tCg==\n    client-key-data: LS0tLS1CRUdJTiBSU0EgUFJJVkFURSBLRVktLS0tLQpNSUlKS1FJQkFBS0NBZ0VBdjV1R0ViU0pwS1BEekNEbm82YkZZK3JoR1kxbjVCMXRKQ3hjLzZnZkhqVWd4V2ZzCkFrVzRjVUVZVDlXU29FdnlRd2xhY0RWb3pYZ3VpY0VFMzgyOFZvMzBSN2ZZSktJU2NZNGVaaXFTdHJ5dFU4Zi8KOWhucTl6ZHlVNEZzdUtaYkUvMjR0UXJIeVRZOWhHclkxOUFmdkplZDNCc0o1TFZUQ2xEcGxmODdZZGJLMXlscApkVno0c0ZXOWpWc3lQVHduWE1hbmNaOVpJaGxGTzZsRVh1VnVJWTV2cXNmMXBEZTd1R2JPQ0FLNEtobU1RbHB3CmJTQmFZVVZ0Nk14VlVFR2prcExIVkdXTnpyVW5MVnp3aStvS0VKNmdjREF5M3lDZm5nVmI4TmJVVTRJMWRpaXQKdVE4SyswcU5DTzJIZ0kyY1VXZ29iUXlsN3BhRlJ4N2FUYmkvRk0wd1Y0ZGFmTHNVM2pmTlZDMkVXeU5aZjNidApBeEFFbFlsZDl5TG02cTZZR0V3SkcvblV0VkVaaWIvN0hCV0xJK0lwWWdhbjd5L1FHRzZJWnFaVlE5ejUrdjVMCmh6UUlMOGwvVVhCWjh4dktsNzl6eHVuK01ZaU9BeTZWSFlaaEtOQ1NNVWZtc01nNWFOYUF4TjhYYklPZHVqQSsKSGZVRHdnemZNTTcwYlM0ekptVHdnWWhhNEtWRzhxdEZPNmpQU1hsNVkwdkRMcEpFaDdqbThzbWthUExaWjFheQpFdHZESVJwMmMrNWJkT1EwUWc0eGg5TmZLK281WkhUQVAzODR6ZHRlaXZDcjE2aVQ5QUQ3eWlOMUlNN2U3THNTCkFTRFI3T05abmFWNDVhSjNsRjlNR3FJa0p5V0duWlIxQ0pIQ21vUUlBRlhVazl6UndYcWZFa1F1RmkwQ0F3RUEKQVFLQ0FnQlhKM1RhUk5aL0R3YVdxVGowRlgyZnIwem9oSXVIRldONW1yeEtoYnh4enhTeTlreEIxRmpMR3lMbAozVzJ1Z0IwWUpQOEFIeXNtbXM0QVZzM1N4eEF1QnEvZ2wxMDNmSWtMSWV2dDZOdUhSMWRIenFjODJCa3FqZ3Z3CnMrUXlNV2tvTkxaNWt3ZkJIR3pxK0hiZDQ0c3NDNE1BaFVRQXhnR1pwYWc2VkRnOGpxa0JLWk1Ra1ZPRlVkckEKbTRURW1jSUZ6MDZHdmthYTNnZkIxWUtGNzdJaWpWbDV3eTZXbmN0RFcyL0g4UVM0RVpyYzY2cEwyUFdEWFVOYgpLdVo3ZFAva1FlTnRIaXhjbzhYSU9vZ24vRExMMEh1RnpFYTNlMjFmUVd6S3BjMDZsdldlWTI1eHlNZmorY3NoCkRub2VIVXZITTZ0L3Zzc1ROV0EyTTNCMC9kM2IzTnp3UGpOaGVMTENzclNYb3hyTDdVMzVIZkdhM2U4bEgvQXoKMzNVMDY0WFVjT2NGS0trYmY5cVJ4ZGhEUGg3NmpwM0o1czRWZWhxNGk0MGhOQkEwSXpCV1BHclMyRUFlSUszVgppT2xGaUYyaXl1VW45TXM0Q0hWbk9IRlBvakphc0ZpaEg2Rmw4d1lmeUJJN1hSVy9pUmNiMjlkalpSVm9XcHMxCkFiSXNlUm9XbVhYeGZsdnJsZzNnQjV2Z2lGYzVLWEhRcC9wK0Fza2w2aUw4UXNMNzlKenVheUljVngxelhRdkEKQW4rZDlVMDFrRmlrbURxc0wrdjd2UWdGVFNaL3NLdkk5a3UyWFY0ZWtEUjJLT2hZWW9YUnN3dXl0bU1teUtvaQpDUjNPRnJScWpTbERJTDdSTllQMVd2dkVoM3hwNUhkYWlzVkRaYzkzQjFjVFBjeHVlUUtDQVFFQTJXbWJ6alRTCjdubklraDJzZ3IvaEdUUmZzSjc1cHAyQnNhOS9FYmtJL241SFNuNU8zRUZkSFJhMlN3ZWcycU96RDFseGxhRWgKOXAxVFkyM0czcE80ZkQ3NTZiQzZsbnhEU2g4R2dCdHZMYzd2elJWVFhDRVlpbTdYWldsVmhWWGhWTTBTcWMrYgpyUURuUDNLYVpybUV3cU5iTndnMFBDSDAyN0ZiMUY0YTNHKzZ3SENrRHptaGxnTVMxSVdoZCsraHJjZDZra0FTCnowcFp2UnU0NnlhNk9LRDkxM3YrY1NQVUR4Wk5iQWFIRVdmRkgwcjBqcmJ1aVRXQnhhYWlBQjFTTk5Xd2paV0IKZVBQOUQyb1JFdXVlSzVkcXJZNGQ0UnU0TUtYZTZNcnI5dnYvb1diaisxMWtaWWRkZlRHQ0lVMzJwaDNDZzVqcwpHMWIvQmgycGZOZExRd0tDQVFFQTRaMXZIR2hCV3N5ZnJIV1pXR2hTVkVJRzJwRE8xSXIvMjdCdHV2dkxkT1FCCmpnSHlYeTc0U1lnQjhueHlPaFBtOFVkTjJva1RNYytwYkVTdUtiODl3QVFLQmIwanF5UXA2UHovNk9MZEJaSnkKVGFQRG9HTEl3SE1YeitZejhGVWIzbmRJK0U3c1padGcyaHV3RlhZSURickRIWWFrNVdrOEdBVlJncCt1UkFrTgpZenBtUVh5SXh1QVJNRGRVeEJHK1NpOElCU1NYa1lUcXRxZXJZa0FSYThYQjFHV2IxWmU5V2JRR3R4a1JreWRiCkdmVXUrU2tFaGV4NmIvL2lNREFhZndTMVZzUkVSNnFVWTExcnFRaVk5VnZwR1JpN2IzcFNlMXJma05VQk5KdHUKUVZjMFZTMGsybS91VStJcGFBT3V1em9pRENaNS9iMmlNVlRaNStPcHp3S0NBUUVBb3RQNGo3QjZSWWJLRTd6TApwY1VGVmpZbWNJWXYzWHhiVlBObURLVHpPbjdpNzhTM1ZUaFMvMlV5TS9GTHBGUXoyQXdhQ0lGOGlWSDgwUnUzCmRKMVg3eDNQV0JrM05WdHRuZ2FzZktlUFZkU0ZQcWg1SFNmZ1ZGVjlWb05VUEo4OE9xRzRGNXZZTVBMYlBtYWIKZ3RId3YwRlBJR0V4bGRPc3Foa2orR0plWmJmOE93SmhyTkZ4MW9NSXlFZ296VVdZWmlsZkFFZWlqc05WZ0U5Ugo2RFBDQm9WMGQ3MXlxOU8wajNRWm1nMHRmWGlsWnJGaGhiMDEyMmRLZ1BneW5qbFhoeUIvc1JwR3RJcXZmYXJuCmpLOFFiLzlnTXdtY0VTc01nTXJKcnJuRGpkL2Y3VWE4K2xaUXljVmUzRk9HN1dDUm1JbnpVMUhsaXZoVjJZTy8KbXpNM053S0NBUUVBdmVOYW5DY25NbnZjdkRNeVFGVjFUWk5RMzI1WGxrM3pNSDBhcmZDMCtnblpRU05rVWpaZgpKTXhERDBzc2ZMTTVnY09JeEREd3BkRHBBTVlCYkFPWXZsN243SktYVGJpZlNZaCsvd3pLQjZHTmNNa3ZvbkxpCkVoQU1iNStLQVhJd2hab1NJV09UMWFUajdFNjNjaWlvZUozREVMdTlWNVN0em0zVGY4UlQwTkZwb2lXSjRQNG0KeEhQY0k1KytTVlBCdkFBL21NeUdnU1RFdzd6MUl6bFhNRVQrY1h5Zm56TWFYRUNJRWwwWURLbG9KTDNXcmtDVwpuUDArdzdzekxXbWZNMTdNSFY0Tk5lQmRDaENieDJZRUR5WXZWejhZcXFmaWVnNHU4bUJFcG5sWFg4azhzNS9PClQ4YzdhUUNGNXhTS1lPeDVzWTVFeUlwdDAyVmVEYXp3d3dLQ0FRQmNyU1dGUXdsS0JsOXNUWWFpY1RKR0txeGEKOEt2bmtEM2U0YWJUUHEzdnZOZ1ZZV25IWXgvZnVkTFc2dGl4T0c4K3hrVVZ0TUdPMUQrQ05QMUFjWXgxam55YgpKckRCamZDS0VDTGV2WEs1V2l0SUR1WkxWSkxOaTZsNi9UUVlPN2ZiRklZVUpoQXFYRG1BQ0xyY2hmNmF2bzBxCkFla2w0K2NKbVRxbThjS1NuRTU0bHRkY2g5eFhWTk5KbWpYYUQ0N3d1MWoxYTdjQ0QxdE8rUHIvVmJnRXNhSDcKclRqWUVlN1NUeDNUVW9Hcmhjd1N4RVlyQS8rZ3ZuZU1YQzI3TlV2bUJPcVl4cExreDRMY2J3YVlYajNQdUJyYwoycjVaa0pDNHJnNFBQSW9wMjQ0ckcxcGJ5MGJYQ1RsZm9ndEVZSldNcDJ0ZEpwYVdIR0VaYnRPU0h1VVcKLS0tLS1FTkQgUlNBIFBSSVZBVEUgS0VZLS0tLS0K\n    token: 7l9sg0l2561sr3o327lhhmo9b0euvm3tozzovurw7jxidgaldba2mhjb4tm6ceg8388kmy9fuxrm2whvn2eu5bptnrwf05jjz9d27x4ezk6u26mo1me57wuwtwy2672l\n",
            "kubelet_identity": [
              {
                "client_id": "ae49b982-debd-41e9-9fa5-50906ed99b69",
                "object_id": "705cffef-553f-438d-ac5a-e7d9d1bfd8f1",
                "user_assigned_identity_id": "/subscriptions/d94fe338-52d8-4a44-acd4-4f8301adf2cf/resourceGroups/dtf-work-aks-rg/providers/Microsoft.ManagedIdentity/userAssignedIdentities/dtf-work-aks-agentpool"
              }
            ],
            "kubernetes_version": "1.25.6",
            "linux_profile": [],
            "local_account_disabled": false,
            "location": "westeurope",
            "maintenance_window": [],
            "maintenance_window_auto_upgrade": [],
            "maintenance_window_node_os": [],
            "microsoft_defender": [],
            "monitor_metrics": [],
            "name": "dtf-work-aks",
            "network_profile": [
              {
                "dns_service_ip": "10.0.0.10",
                "docker_bridge_cidr": "",
                "ebpf_data_plane": "",
                "ip_versions": [
                  "IPv4"
                ],
                "load_balancer_profile": [
                  {
                    "effective_outbound_ips": [
                      "/subscriptions/d94fe338-52d8-4a44-acd4-4f8301adf2cf/resourceGroups/dtf-work-aks-rg/providers/Microsoft.Network/publicIPAddresses/e2731505-4d5e-4d53-ba44-147f947799ca"
                    ],
                    "idle_timeout_in_minutes": 0,
                    "managed_outbound_ip_count": 1,
                    "managed_outbound_ipv6_count": 0,
                    "outbound_ip_address_ids": [],
                    "outbound_ip_prefix_ids": [],
                    "outbound_ports_allocated": 0
                  }
                ],
                "load_balancer_sku": "standard",
                "nat_gateway_profile": [],
                "network_mode": "",
                "network_plugin": "azure",
                "network_plugin_mode": "",
                "network_policy": "",
                "outbound_type": "loadBalancer",
                "pod_cidr": "",
                "pod_cidrs": [],
                "service_cidr": "10.0.0.0/16",
                "service_cidrs": [
                  "10.0.0.0/16"
                ]
              }
            ],
            "node_os_channel_upgrade": null,
            "node_resource_group": "dtf-work-aks-rg",
            "node_resource_group_id": "/subscriptions/d94fe338-52d8-4a44-acd4-4f8301adf2cf/resourceGroups/dtf-work-aks-rg",
            "oidc_issuer_enabled": false,
            "oidc_issuer_url": "",
            "oms_agent": [
              {
                "log_analytics_workspace_id": "/subscriptions/d94fe338-52d8-4a44-acd4-4f8301adf2cf/resourceGroups/dtf-hub-rg/providers/Microsoft.OperationalInsights/workspaces/dtf-hub-log-analytics-workspace",
                "msi_auth_for_monitoring_enabled": false,
                "oms_agent_identity": [
                  {
                    "client_id": "c321113b-9325-47c7-9e25-e8bfbdfa087c",
                    "object_id": "34ce8473-a588-4bd0-abbb-2edcb3cfdc1d",
                    "user_assigned_identity_id": "/subscriptions/d94fe338-52d8-4a44-acd4-4f8301adf2cf/resourcegroups/dtf-work-aks-rg/providers/Microsoft.ManagedIdentity/userAssignedIdentities/omsagent-dtf-work-aks"
                  }
                ]
              }
            ],
            "open_service_mesh_enabled": false,
            "portal_fqdn": "492bd89d964320d960e89101bf198265-priv.portal.hcp.westeurope.azmk8s.io",
            "private_cluster_enabled": true,
            "private_cluster_public_fqdn_enabled": false,
            "private_dns_zone_id": "System",
            "private_fqdn": "dtf-work-aks-klc3e57v.e0292cab-2ffe-4c5a-9620-9eee18d72362.privatelink.westeurope.azmk8s.io",
            "public_network_access_enabled": true,
            "resource_group_name": "dtf-work-spoke-rg",
            "role_based_access_control_enabled": true,
            "run_command_enabled": true,
            "service_mesh_profile": [],
            "service_principal": [],
            "sku_tier": "Free",
            "storage_profile": [],
            "tags": {
              "CreationDateTime": "2023-08-01T11:54:28.0208658Z",
              "Environment": "Dev"
            },
            "timeouts": null,
            "web_app_routing": [],
            "windows_profile": [
              {
                "admin_password": "",
                "admin_username": "azureuser",
                "gmsa": [],
                "license": ""
              }
            ],
            "workload_autoscaler_profile": [],
            "workload_identity_enabled": false
          },
          "sensitive_attributes": [],
          "private": "eyJlMmJmYjczMC1lY2FhLTExZTYtOGY4OC0zNDM2M2JjN2M0YzAiOnsiY3JlYXRlIjo1NDAwMDAwMDAwMDAwLCJkZWxldGUiOjU0MDAwMDAwMDAwMDAsInJlYWQiOjMwMDAwMDAwMDAwMCwidXBkYXRlIjo1NDAwMDAwMDAwMDAwfSwic2NoZW1hX3ZlcnNpb24iOiIyIn0=",
          "dependencies": [
            "azurerm_resource_group.hub",
            "azurerm_resource_group.work",
            "module.hub_firewall.azurerm_firewall.firewall",
            "module.hub_firewall.azurerm_public_ip.ip",
            "module.hub_firewall.azurerm_public_ip.management_ip",
            "module.hub_firewall.module.firewall_diagnostics.azurerm_monitor_diagnostic_setting.diagnostics",
            "module.hub_firewall.module.firewall_diagnostics.data.azurerm_monitor_diagnostic_categories.categories",
            "module.hub_firewall.module.ip_diagnostics.azurerm_monitor_diagnostic_setting.diagnostics",
            "module.hub_firewall.module.ip_diagnostics.data.azurerm_monitor_diagnostic_categories.categories",
            "module.hub_firewall.module.management_ip_diagnostics.azurerm_monitor_diagnostic_setting.diagnostics",
            "module.hub_firewall.module.management_ip_diagnostics.data.azurerm_monitor_diagnostic_categories.categories",
            "module.hub_firewall_policy.azurerm_firewall_policy.policy",
            "module.hub_log_analytics.azurerm_log_analytics_workspace.log_analytics",
            "module.hub_network_security_groups.azurerm_network_security_group.nsg",
            "module.hub_network_security_groups.azurerm_network_security_rule.rules",
            "module.hub_network_security_groups.module.nsg_diagnostic.azurerm_monitor_diagnostic_setting.diagnostics",
            "module.hub_network_security_groups.module.nsg_diagnostic.data.azurerm_monitor_diagnostic_categories.categories",
            "module.hub_route_tables.azurerm_route.routes",
            "module.hub_route_tables.azurerm_route_table.rt",
            "module.hub_to_work_peerings.azurerm_virtual_network_peering.ingoing_peering",
            "module.hub_to_work_peerings.azurerm_virtual_network_peering.outgoing_peering",
            "module.hub_virtual_network.azurerm_resource_group_template_deployment.subnets",
            "module.hub_virtual_network.azurerm_virtual_network.vnet",
            "module.hub_vpn_gateway.azurerm_public_ip.active_active_ip",
            "module.hub_vpn_gateway.azurerm_public_ip.ip",
            "module.hub_vpn_gateway.azurerm_virtual_network_gateway.vnet_gateway",
            "module.hub_vpn_gateway.module.active_active_ip_diagnostic.azurerm_monitor_diagnostic_setting.diagnostics",
            "module.hub_vpn_gateway.module.active_active_ip_diagnostic.data.azurerm_monitor_diagnostic_categories.categories",
            "module.hub_vpn_gateway.module.ip_diagnostic.azurerm_monitor_diagnostic_setting.diagnostics",
            "module.hub_vpn_gateway.module.ip_diagnostic.data.azurerm_monitor_diagnostic_categories.categories",
            "module.hub_vpn_gateway.module.vnet_gateway_diagnostic.azurerm_monitor_diagnostic_setting.diagnostics",
            "module.hub_vpn_gateway.module.vnet_gateway_diagnostic.data.azurerm_monitor_diagnostic_categories.categories",
            "module.work_network_security_groups.azurerm_network_security_group.nsg",
            "module.work_network_security_groups.azurerm_network_security_rule.rules",
            "module.work_network_security_groups.module.nsg_diagnostic.azurerm_monitor_diagnostic_setting.diagnostics",
            "module.work_network_security_groups.module.nsg_diagnostic.data.azurerm_monitor_diagnostic_categories.categories",
            "module.work_route_tables.azurerm_route.routes",
            "module.work_route_tables.azurerm_route_table.rt",
            "module.work_virtual_network.azurerm_resource_group_template_deployment.subnets",
            "module.work_virtual_network.azurerm_virtual_network.vnet"
          ]
        }
      ]
    },
    {
      "module": "module.work_aks",
      "mode": "managed",
      "type": "azurerm_role_assignment",
      "name": "acr_role",
      "provider": "provider[\"registry.terraform.io/hashicorp/azurerm\"]",
      "instances": [
        {
          "index_key": 0,
          "schema_version": 0,
          "attributes": {
            "condition": "",
            "condition_version": "",
            "delegated_managed_identity_resource_id": "",
            "description": "",
            "id": "/subscriptions/d94fe338-52d8-4a44-acd4-4f8301adf2cf/resourceGroups/dtf-hub-rg/providers/Microsoft.ContainerRegistry/registries/dtfhubacr/providers/Microsoft.Authorization/roleAssignments/44b7ee4d-9685-44ed-1302-621e3c59f283",
            "name": "44b7ee4d-9685-44ed-1302-621e3c59f283",
            "principal_id": "705cffef-553f-438d-ac5a-e7d9d1bfd8f1",
            "principal_type": "ServicePrincipal",
            "role_definition_id": "/subscriptions/d94fe338-52d8-4a44-acd4-4f8301adf2cf/providers/Microsoft.Authorization/roleDefinitions/7f951dda-4ed3-4680-a7ca-43fe172d538d",
            "role_definition_name": "AcrPull",
            "scope": "/subscriptions/d94fe338-52d8-4a44-acd4-4f8301adf2cf/resourceGroups/dtf-hub-rg/providers/Microsoft.ContainerRegistry/registries/dtfhubacr",
            "skip_service_principal_aad_check": null,
            "timeouts": null
          },
          "sensitive_attributes": [],
          "private": "eyJlMmJmYjczMC1lY2FhLTExZTYtOGY4OC0zNDM2M2JjN2M0YzAiOnsiY3JlYXRlIjoxODAwMDAwMDAwMDAwLCJkZWxldGUiOjE4MDAwMDAwMDAwMDAsInJlYWQiOjMwMDAwMDAwMDAwMCwidXBkYXRlIjoxODAwMDAwMDAwMDAwfX0=",
          "dependencies": [
            "azurerm_container_registry.hub_acr",
            "azurerm_resource_group.hub",
            "azurerm_resource_group.work",
            "module.hub_firewall.azurerm_firewall.firewall",
            "module.hub_firewall.azurerm_public_ip.ip",
            "module.hub_firewall.azurerm_public_ip.management_ip",
            "module.hub_firewall.module.firewall_diagnostics.azurerm_monitor_diagnostic_setting.diagnostics",
            "module.hub_firewall.module.firewall_diagnostics.data.azurerm_monitor_diagnostic_categories.categories",
            "module.hub_firewall.module.ip_diagnostics.azurerm_monitor_diagnostic_setting.diagnostics",
            "module.hub_firewall.module.ip_diagnostics.data.azurerm_monitor_diagnostic_categories.categories",
            "module.hub_firewall.module.management_ip_diagnostics.azurerm_monitor_diagnostic_setting.diagnostics",
            "module.hub_firewall.module.management_ip_diagnostics.data.azurerm_monitor_diagnostic_categories.categories",
            "module.hub_firewall_policy.azurerm_firewall_policy.policy",
            "module.hub_log_analytics.azurerm_log_analytics_workspace.log_analytics",
            "module.hub_network_security_groups.azurerm_network_security_group.nsg",
            "module.hub_network_security_groups.azurerm_network_security_rule.rules",
            "module.hub_network_security_groups.module.nsg_diagnostic.azurerm_monitor_diagnostic_setting.diagnostics",
            "module.hub_network_security_groups.module.nsg_diagnostic.data.azurerm_monitor_diagnostic_categories.categories",
            "module.hub_route_tables.azurerm_route.routes",
            "module.hub_route_tables.azurerm_route_table.rt",
            "module.hub_to_work_peerings.azurerm_virtual_network_peering.ingoing_peering",
            "module.hub_to_work_peerings.azurerm_virtual_network_peering.outgoing_peering",
            "module.hub_virtual_network.azurerm_resource_group_template_deployment.subnets",
            "module.hub_virtual_network.azurerm_virtual_network.vnet",
            "module.hub_vpn_gateway.azurerm_public_ip.active_active_ip",
            "module.hub_vpn_gateway.azurerm_public_ip.ip",
            "module.hub_vpn_gateway.azurerm_virtual_network_gateway.vnet_gateway",
            "module.hub_vpn_gateway.module.active_active_ip_diagnostic.azurerm_monitor_diagnostic_setting.diagnostics",
            "module.hub_vpn_gateway.module.active_active_ip_diagnostic.data.azurerm_monitor_diagnostic_categories.categories",
            "module.hub_vpn_gateway.module.ip_diagnostic.azurerm_monitor_diagnostic_setting.diagnostics",
            "module.hub_vpn_gateway.module.ip_diagnostic.data.azurerm_monitor_diagnostic_categories.categories",
            "module.hub_vpn_gateway.module.vnet_gateway_diagnostic.azurerm_monitor_diagnostic_setting.diagnostics",
            "module.hub_vpn_gateway.module.vnet_gateway_diagnostic.data.azurerm_monitor_diagnostic_categories.categories",
            "module.work_aks.azurerm_kubernetes_cluster.aks",
            "module.work_network_security_groups.azurerm_network_security_group.nsg",
            "module.work_network_security_groups.azurerm_network_security_rule.rules",
            "module.work_network_security_groups.module.nsg_diagnostic.azurerm_monitor_diagnostic_setting.diagnostics",
            "module.work_network_security_groups.module.nsg_diagnostic.data.azurerm_monitor_diagnostic_categories.categories",
            "module.work_route_tables.azurerm_route.routes",
            "module.work_route_tables.azurerm_route_table.rt",
            "module.work_virtual_network.azurerm_resource_group_template_deployment.subnets",
            "module.work_virtual_network.azurerm_virtual_network.vnet"
          ]
        }
      ]
    },
    {
      "module": "module.work_aks.module.aks_diagnostic",
      "mode": "data",
      "type": "azurerm_monitor_diagnostic_categories",
      "name": "categories",
      "provider": "provider[\"registry.terraform.io/hashicorp/azurerm\"]",
      "instances": [
        {
          "schema_version": 0,
          "attributes": {
            "id": "/subscriptions/d94fe338-52d8-4a44-acd4-4f8301adf2cf/resourceGroups/dtf-work-spoke-rg/providers/Microsoft.ContainerService/managedClusters/dtf-work-aks",
            "log_category_groups": [
              "allLogs",
              "audit"
            ],
            "log_category_types": [
              "cloud-controller-manager",
              "cluster-autoscaler",
              "csi-azuredisk-controller",
              "csi-azurefile-controller",
              "csi-snapshot-controller",
              "guard",
              "kube-apiserver",
              "kube-audit",
              "kube-audit-admin",
              "kube-controller-manager",
              "kube-scheduler"
            ],
            "logs": [
              "cloud-controller-manager",
              "cluster-autoscaler",
              "csi-azuredisk-controller",
              "csi-azurefile-controller",
              "csi-snapshot-controller",
              "guard",
              "kube-apiserver",
              "kube-audit",
              "kube-audit-admin",
              "kube-controller-manager",
              "kube-scheduler"
            ],
            "metrics": [
              "AllMetrics"
            ],
            "resource_id": "/subscriptions/d94fe338-52d8-4a44-acd4-4f8301adf2cf/resourceGroups/dtf-work-spoke-rg/providers/Microsoft.ContainerService/managedClusters/dtf-work-aks",
            "timeouts": null
          },
          "sensitive_attributes": []
        }
      ]
    },
    {
      "module": "module.work_aks.module.aks_diagnostic",
      "mode": "managed",
      "type": "azurerm_monitor_diagnostic_setting",
      "name": "diagnostics",
      "provider": "provider[\"registry.terraform.io/hashicorp/azurerm\"]",
      "instances": [
        {
          "schema_version": 0,
          "attributes": {
            "enabled_log": [
              {
                "category": "cloud-controller-manager",
                "category_group": "",
                "retention_policy": []
              },
              {
                "category": "cluster-autoscaler",
                "category_group": "",
                "retention_policy": []
              },
              {
                "category": "csi-azuredisk-controller",
                "category_group": "",
                "retention_policy": []
              },
              {
                "category": "csi-azurefile-controller",
                "category_group": "",
                "retention_policy": []
              },
              {
                "category": "csi-snapshot-controller",
                "category_group": "",
                "retention_policy": []
              },
              {
                "category": "guard",
                "category_group": "",
                "retention_policy": []
              },
              {
                "category": "kube-apiserver",
                "category_group": "",
                "retention_policy": []
              },
              {
                "category": "kube-audit",
                "category_group": "",
                "retention_policy": []
              },
              {
                "category": "kube-audit-admin",
                "category_group": "",
                "retention_policy": []
              },
              {
                "category": "kube-controller-manager",
                "category_group": "",
                "retention_policy": []
              },
              {
                "category": "kube-scheduler",
                "category_group": "",
                "retention_policy": []
              }
            ],
            "eventhub_authorization_rule_id": "",
            "eventhub_name": "",
            "id": "/subscriptions/d94fe338-52d8-4a44-acd4-4f8301adf2cf/resourceGroups/dtf-work-spoke-rg/providers/Microsoft.ContainerService/managedClusters/dtf-work-aks|dtf-work-aks-diagnostic",
            "log": [
              {
                "category": "cloud-controller-manager",
                "category_group": "",
                "enabled": true,
                "retention_policy": [
                  {
                    "days": 0,
                    "enabled": false
                  }
                ]
              },
              {
                "category": "cluster-autoscaler",
                "category_group": "",
                "enabled": true,
                "retention_policy": [
                  {
                    "days": 0,
                    "enabled": false
                  }
                ]
              },
              {
                "category": "csi-azuredisk-controller",
                "category_group": "",
                "enabled": true,
                "retention_policy": [
                  {
                    "days": 0,
                    "enabled": false
                  }
                ]
              },
              {
                "category": "csi-azurefile-controller",
                "category_group": "",
                "enabled": true,
                "retention_policy": [
                  {
                    "days": 0,
                    "enabled": false
                  }
                ]
              },
              {
                "category": "csi-snapshot-controller",
                "category_group": "",
                "enabled": true,
                "retention_policy": [
                  {
                    "days": 0,
                    "enabled": false
                  }
                ]
              },
              {
                "category": "guard",
                "category_group": "",
                "enabled": true,
                "retention_policy": [
                  {
                    "days": 0,
                    "enabled": false
                  }
                ]
              },
              {
                "category": "kube-apiserver",
                "category_group": "",
                "enabled": true,
                "retention_policy": [
                  {
                    "days": 0,
                    "enabled": false
                  }
                ]
              },
              {
                "category": "kube-audit",
                "category_group": "",
                "enabled": true,
                "retention_policy": [
                  {
                    "days": 0,
                    "enabled": false
                  }
                ]
              },
              {
                "category": "kube-audit-admin",
                "category_group": "",
                "enabled": true,
                "retention_policy": [
                  {
                    "days": 0,
                    "enabled": false
                  }
                ]
              },
              {
                "category": "kube-controller-manager",
                "category_group": "",
                "enabled": true,
                "retention_policy": [
                  {
                    "days": 0,
                    "enabled": false
                  }
                ]
              },
              {
                "category": "kube-scheduler",
                "category_group": "",
                "enabled": true,
                "retention_policy": [
                  {
                    "days": 0,
                    "enabled": false
                  }
                ]
              }
            ],
            "log_analytics_destination_type": "",
            "log_analytics_workspace_id": "/subscriptions/d94fe338-52d8-4a44-acd4-4f8301adf2cf/resourceGroups/dtf-hub-rg/providers/Microsoft.OperationalInsights/workspaces/dtf-hub-log-analytics-workspace",
            "metric": [
              {
                "category": "AllMetrics",
                "enabled": true,
                "retention_policy": []
              }
            ],
            "name": "dtf-work-aks-diagnostic",
            "partner_solution_id": null,
            "storage_account_id": null,
            "target_resource_id": "/subscriptions/d94fe338-52d8-4a44-acd4-4f8301adf2cf/resourceGroups/dtf-work-spoke-rg/providers/Microsoft.ContainerService/managedClusters/dtf-work-aks",
            "timeouts": null
          },
          "sensitive_attributes": [],
          "private": "eyJlMmJmYjczMC1lY2FhLTExZTYtOGY4OC0zNDM2M2JjN2M0YzAiOnsiY3JlYXRlIjoxODAwMDAwMDAwMDAwLCJkZWxldGUiOjM2MDAwMDAwMDAwMDAsInJlYWQiOjMwMDAwMDAwMDAwMCwidXBkYXRlIjoxODAwMDAwMDAwMDAwfX0=",
          "dependencies": [
            "azurerm_resource_group.hub",
            "azurerm_resource_group.work",
            "module.hub_firewall.azurerm_firewall.firewall",
            "module.hub_firewall.azurerm_public_ip.ip",
            "module.hub_firewall.azurerm_public_ip.management_ip",
            "module.hub_firewall.module.firewall_diagnostics.azurerm_monitor_diagnostic_setting.diagnostics",
            "module.hub_firewall.module.firewall_diagnostics.data.azurerm_monitor_diagnostic_categories.categories",
            "module.hub_firewall.module.ip_diagnostics.azurerm_monitor_diagnostic_setting.diagnostics",
            "module.hub_firewall.module.ip_diagnostics.data.azurerm_monitor_diagnostic_categories.categories",
            "module.hub_firewall.module.management_ip_diagnostics.azurerm_monitor_diagnostic_setting.diagnostics",
            "module.hub_firewall.module.management_ip_diagnostics.data.azurerm_monitor_diagnostic_categories.categories",
            "module.hub_firewall_policy.azurerm_firewall_policy.policy",
            "module.hub_log_analytics.azurerm_log_analytics_workspace.log_analytics",
            "module.hub_network_security_groups.azurerm_network_security_group.nsg",
            "module.hub_network_security_groups.azurerm_network_security_rule.rules",
            "module.hub_network_security_groups.module.nsg_diagnostic.azurerm_monitor_diagnostic_setting.diagnostics",
            "module.hub_network_security_groups.module.nsg_diagnostic.data.azurerm_monitor_diagnostic_categories.categories",
            "module.hub_route_tables.azurerm_route.routes",
            "module.hub_route_tables.azurerm_route_table.rt",
            "module.hub_to_work_peerings.azurerm_virtual_network_peering.ingoing_peering",
            "module.hub_to_work_peerings.azurerm_virtual_network_peering.outgoing_peering",
            "module.hub_virtual_network.azurerm_resource_group_template_deployment.subnets",
            "module.hub_virtual_network.azurerm_virtual_network.vnet",
            "module.hub_vpn_gateway.azurerm_public_ip.active_active_ip",
            "module.hub_vpn_gateway.azurerm_public_ip.ip",
            "module.hub_vpn_gateway.azurerm_virtual_network_gateway.vnet_gateway",
            "module.hub_vpn_gateway.module.active_active_ip_diagnostic.azurerm_monitor_diagnostic_setting.diagnostics",
            "module.hub_vpn_gateway.module.active_active_ip_diagnostic.data.azurerm_monitor_diagnostic_categories.categories",
            "module.hub_vpn_gateway.module.ip_diagnostic.azurerm_monitor_diagnostic_setting.diagnostics",
            "module.hub_vpn_gateway.module.ip_diagnostic.data.azurerm_monitor_diagnostic_categories.categories",
            "module.hub_vpn_gateway.module.vnet_gateway_diagnostic.azurerm_monitor_diagnostic_setting.diagnostics",
            "module.hub_vpn_gateway.module.vnet_gateway_diagnostic.data.azurerm_monitor_diagnostic_categories.categories",
            "module.work_aks.azurerm_kubernetes_cluster.aks",
            "module.work_aks.module.aks_diagnostic.data.azurerm_monitor_diagnostic_categories.categories",
            "module.work_network_security_groups.azurerm_network_security_group.nsg",
            "module.work_network_security_groups.azurerm_network_security_rule.rules",
            "module.work_network_security_groups.module.nsg_diagnostic.azurerm_monitor_diagnostic_setting.diagnostics",
            "module.work_network_security_groups.module.nsg_diagnostic.data.azurerm_monitor_diagnostic_categories.categories",
            "module.work_route_tables.azurerm_route.routes",
            "module.work_route_tables.azurerm_route_table.rt",
            "module.work_virtual_network.azurerm_resource_group_template_deployment.subnets",
            "module.work_virtual_network.azurerm_virtual_network.vnet"
          ]
        }
      ]
    },
    {
      "module": "module.work_network_security_groups[\"work-AKSSubnet-nsg\"]",
      "mode": "managed",
      "type": "azurerm_network_security_group",
      "name": "nsg",
      "provider": "provider[\"registry.terraform.io/hashicorp/azurerm\"]",
      "instances": [
        {
          "schema_version": 0,
          "attributes": {
            "id": "/subscriptions/d94fe338-52d8-4a44-acd4-4f8301adf2cf/resourceGroups/dtf-work-spoke-rg/providers/Microsoft.Network/networkSecurityGroups/work-AKSSubnet-nsg",
            "location": "westeurope",
            "name": "work-AKSSubnet-nsg",
            "resource_group_name": "dtf-work-spoke-rg",
            "security_rule": [],
            "tags": {
              "CreationDateTime": "2023-08-01T10:46:14.7783459Z",
              "Environment": "Dev"
            },
            "timeouts": null
          },
          "sensitive_attributes": [],
          "private": "eyJlMmJmYjczMC1lY2FhLTExZTYtOGY4OC0zNDM2M2JjN2M0YzAiOnsiY3JlYXRlIjoxODAwMDAwMDAwMDAwLCJkZWxldGUiOjE4MDAwMDAwMDAwMDAsInJlYWQiOjMwMDAwMDAwMDAwMCwidXBkYXRlIjoxODAwMDAwMDAwMDAwfX0=",
          "dependencies": [
            "azurerm_resource_group.work"
          ]
        }
      ]
    },
    {
      "module": "module.work_network_security_groups[\"work-AKSSubnet-nsg\"].module.nsg_diagnostic",
      "mode": "data",
      "type": "azurerm_monitor_diagnostic_categories",
      "name": "categories",
      "provider": "provider[\"registry.terraform.io/hashicorp/azurerm\"]",
      "instances": [
        {
          "schema_version": 0,
          "attributes": {
            "id": "/subscriptions/d94fe338-52d8-4a44-acd4-4f8301adf2cf/resourceGroups/dtf-work-spoke-rg/providers/Microsoft.Network/networkSecurityGroups/work-AKSSubnet-nsg",
            "log_category_groups": [
              "allLogs"
            ],
            "log_category_types": [
              "NetworkSecurityGroupEvent",
              "NetworkSecurityGroupRuleCounter"
            ],
            "logs": [
              "NetworkSecurityGroupEvent",
              "NetworkSecurityGroupRuleCounter"
            ],
            "metrics": [],
            "resource_id": "/subscriptions/d94fe338-52d8-4a44-acd4-4f8301adf2cf/resourceGroups/dtf-work-spoke-rg/providers/Microsoft.Network/networkSecurityGroups/work-AKSSubnet-nsg",
            "timeouts": null
          },
          "sensitive_attributes": []
        }
      ]
    },
    {
      "module": "module.work_network_security_groups[\"work-AKSSubnet-nsg\"].module.nsg_diagnostic",
      "mode": "managed",
      "type": "azurerm_monitor_diagnostic_setting",
      "name": "diagnostics",
      "provider": "provider[\"registry.terraform.io/hashicorp/azurerm\"]",
      "instances": [
        {
          "schema_version": 0,
          "attributes": {
            "enabled_log": [
              {
                "category": "NetworkSecurityGroupEvent",
                "category_group": "",
                "retention_policy": [
                  {
                    "days": 0,
                    "enabled": false
                  }
                ]
              },
              {
                "category": "NetworkSecurityGroupRuleCounter",
                "category_group": "",
                "retention_policy": [
                  {
                    "days": 0,
                    "enabled": false
                  }
                ]
              }
            ],
            "eventhub_authorization_rule_id": "",
            "eventhub_name": "",
            "id": "/subscriptions/d94fe338-52d8-4a44-acd4-4f8301adf2cf/resourceGroups/dtf-work-spoke-rg/providers/Microsoft.Network/networkSecurityGroups/work-AKSSubnet-nsg|work-AKSSubnet-nsg-diagnostic",
            "log": [
              {
                "category": "NetworkSecurityGroupEvent",
                "category_group": "",
                "enabled": true,
                "retention_policy": [
                  {
                    "days": 0,
                    "enabled": false
                  }
                ]
              },
              {
                "category": "NetworkSecurityGroupRuleCounter",
                "category_group": "",
                "enabled": true,
                "retention_policy": [
                  {
                    "days": 0,
                    "enabled": false
                  }
                ]
              }
            ],
            "log_analytics_destination_type": "",
            "log_analytics_workspace_id": "/subscriptions/d94fe338-52d8-4a44-acd4-4f8301adf2cf/resourceGroups/dtf-hub-rg/providers/Microsoft.OperationalInsights/workspaces/dtf-hub-log-analytics-workspace",
            "metric": [],
            "name": "work-AKSSubnet-nsg-diagnostic",
            "partner_solution_id": null,
            "storage_account_id": null,
            "target_resource_id": "/subscriptions/d94fe338-52d8-4a44-acd4-4f8301adf2cf/resourceGroups/dtf-work-spoke-rg/providers/Microsoft.Network/networkSecurityGroups/work-AKSSubnet-nsg",
            "timeouts": null
          },
          "sensitive_attributes": [],
          "private": "eyJlMmJmYjczMC1lY2FhLTExZTYtOGY4OC0zNDM2M2JjN2M0YzAiOnsiY3JlYXRlIjoxODAwMDAwMDAwMDAwLCJkZWxldGUiOjM2MDAwMDAwMDAwMDAsInJlYWQiOjMwMDAwMDAwMDAwMCwidXBkYXRlIjoxODAwMDAwMDAwMDAwfX0=",
          "dependencies": [
            "azurerm_resource_group.hub",
            "azurerm_resource_group.work",
            "module.hub_log_analytics.azurerm_log_analytics_workspace.log_analytics",
            "module.work_network_security_groups.azurerm_network_security_group.nsg",
            "module.work_network_security_groups.module.nsg_diagnostic.data.azurerm_monitor_diagnostic_categories.categories"
          ]
        }
      ]
    },
    {
      "module": "module.work_network_security_groups[\"work-StorageSubnet-nsg\"]",
      "mode": "managed",
      "type": "azurerm_network_security_group",
      "name": "nsg",
      "provider": "provider[\"registry.terraform.io/hashicorp/azurerm\"]",
      "instances": [
        {
          "schema_version": 0,
          "attributes": {
            "id": "/subscriptions/d94fe338-52d8-4a44-acd4-4f8301adf2cf/resourceGroups/dtf-work-spoke-rg/providers/Microsoft.Network/networkSecurityGroups/work-StorageSubnet-nsg",
            "location": "westeurope",
            "name": "work-StorageSubnet-nsg",
            "resource_group_name": "dtf-work-spoke-rg",
            "security_rule": [
              {
                "access": "Allow",
                "description": "",
                "destination_address_prefix": "*",
                "destination_address_prefixes": [],
                "destination_application_security_group_ids": [],
                "destination_port_range": "*",
                "destination_port_ranges": [],
                "direction": "Inbound",
                "name": "allow-work-subnet",
                "priority": 200,
                "protocol": "*",
                "source_address_prefix": "10.1.0.0/24",
                "source_address_prefixes": [],
                "source_application_security_group_ids": [],
                "source_port_range": "*",
                "source_port_ranges": []
              },
              {
                "access": "Deny",
                "description": "",
                "destination_address_prefix": "*",
                "destination_address_prefixes": [],
                "destination_application_security_group_ids": [],
                "destination_port_range": "*",
                "destination_port_ranges": [],
                "direction": "Inbound",
                "name": "deny-everything",
                "priority": 300,
                "protocol": "*",
                "source_address_prefix": "*",
                "source_address_prefixes": [],
                "source_application_security_group_ids": [],
                "source_port_range": "*",
                "source_port_ranges": []
              }
            ],
            "tags": {
              "CreationDateTime": "2023-08-01T10:46:13.0613943Z",
              "Environment": "Dev"
            },
            "timeouts": null
          },
          "sensitive_attributes": [],
          "private": "eyJlMmJmYjczMC1lY2FhLTExZTYtOGY4OC0zNDM2M2JjN2M0YzAiOnsiY3JlYXRlIjoxODAwMDAwMDAwMDAwLCJkZWxldGUiOjE4MDAwMDAwMDAwMDAsInJlYWQiOjMwMDAwMDAwMDAwMCwidXBkYXRlIjoxODAwMDAwMDAwMDAwfX0=",
          "dependencies": [
            "azurerm_resource_group.work"
          ]
        }
      ]
    },
    {
      "module": "module.work_network_security_groups[\"work-StorageSubnet-nsg\"]",
      "mode": "managed",
      "type": "azurerm_network_security_rule",
      "name": "rules",
      "provider": "provider[\"registry.terraform.io/hashicorp/azurerm\"]",
      "instances": [
        {
          "index_key": "allow-work-subnet",
          "schema_version": 0,
          "attributes": {
            "access": "Allow",
            "description": "",
            "destination_address_prefix": "*",
            "destination_address_prefixes": [],
            "destination_application_security_group_ids": [],
            "destination_port_range": "*",
            "destination_port_ranges": [],
            "direction": "Inbound",
            "id": "/subscriptions/d94fe338-52d8-4a44-acd4-4f8301adf2cf/resourceGroups/dtf-work-spoke-rg/providers/Microsoft.Network/networkSecurityGroups/work-StorageSubnet-nsg/securityRules/allow-work-subnet",
            "name": "allow-work-subnet",
            "network_security_group_name": "work-StorageSubnet-nsg",
            "priority": 200,
            "protocol": "*",
            "resource_group_name": "dtf-work-spoke-rg",
            "source_address_prefix": "10.1.0.0/24",
            "source_address_prefixes": [],
            "source_application_security_group_ids": [],
            "source_port_range": "*",
            "source_port_ranges": [],
            "timeouts": null
          },
          "sensitive_attributes": [],
          "private": "eyJlMmJmYjczMC1lY2FhLTExZTYtOGY4OC0zNDM2M2JjN2M0YzAiOnsiY3JlYXRlIjoxODAwMDAwMDAwMDAwLCJkZWxldGUiOjE4MDAwMDAwMDAwMDAsInJlYWQiOjMwMDAwMDAwMDAwMCwidXBkYXRlIjoxODAwMDAwMDAwMDAwfX0=",
          "dependencies": [
            "azurerm_resource_group.work",
            "module.work_network_security_groups.azurerm_network_security_group.nsg"
          ]
        },
        {
          "index_key": "deny-everything",
          "schema_version": 0,
          "attributes": {
            "access": "Deny",
            "description": "",
            "destination_address_prefix": "*",
            "destination_address_prefixes": [],
            "destination_application_security_group_ids": [],
            "destination_port_range": "*",
            "destination_port_ranges": [],
            "direction": "Inbound",
            "id": "/subscriptions/d94fe338-52d8-4a44-acd4-4f8301adf2cf/resourceGroups/dtf-work-spoke-rg/providers/Microsoft.Network/networkSecurityGroups/work-StorageSubnet-nsg/securityRules/deny-everything",
            "name": "deny-everything",
            "network_security_group_name": "work-StorageSubnet-nsg",
            "priority": 300,
            "protocol": "*",
            "resource_group_name": "dtf-work-spoke-rg",
            "source_address_prefix": "*",
            "source_address_prefixes": [],
            "source_application_security_group_ids": [],
            "source_port_range": "*",
            "source_port_ranges": [],
            "timeouts": null
          },
          "sensitive_attributes": [],
          "private": "eyJlMmJmYjczMC1lY2FhLTExZTYtOGY4OC0zNDM2M2JjN2M0YzAiOnsiY3JlYXRlIjoxODAwMDAwMDAwMDAwLCJkZWxldGUiOjE4MDAwMDAwMDAwMDAsInJlYWQiOjMwMDAwMDAwMDAwMCwidXBkYXRlIjoxODAwMDAwMDAwMDAwfX0=",
          "dependencies": [
            "azurerm_resource_group.work",
            "module.work_network_security_groups.azurerm_network_security_group.nsg"
          ]
        }
      ]
    },
    {
      "module": "module.work_network_security_groups[\"work-StorageSubnet-nsg\"].module.nsg_diagnostic",
      "mode": "data",
      "type": "azurerm_monitor_diagnostic_categories",
      "name": "categories",
      "provider": "provider[\"registry.terraform.io/hashicorp/azurerm\"]",
      "instances": [
        {
          "schema_version": 0,
          "attributes": {
            "id": "/subscriptions/d94fe338-52d8-4a44-acd4-4f8301adf2cf/resourceGroups/dtf-work-spoke-rg/providers/Microsoft.Network/networkSecurityGroups/work-StorageSubnet-nsg",
            "log_category_groups": [
              "allLogs"
            ],
            "log_category_types": [
              "NetworkSecurityGroupEvent",
              "NetworkSecurityGroupRuleCounter"
            ],
            "logs": [
              "NetworkSecurityGroupEvent",
              "NetworkSecurityGroupRuleCounter"
            ],
            "metrics": [],
            "resource_id": "/subscriptions/d94fe338-52d8-4a44-acd4-4f8301adf2cf/resourceGroups/dtf-work-spoke-rg/providers/Microsoft.Network/networkSecurityGroups/work-StorageSubnet-nsg",
            "timeouts": null
          },
          "sensitive_attributes": []
        }
      ]
    },
    {
      "module": "module.work_network_security_groups[\"work-StorageSubnet-nsg\"].module.nsg_diagnostic",
      "mode": "managed",
      "type": "azurerm_monitor_diagnostic_setting",
      "name": "diagnostics",
      "provider": "provider[\"registry.terraform.io/hashicorp/azurerm\"]",
      "instances": [
        {
          "schema_version": 0,
          "attributes": {
            "enabled_log": [
              {
                "category": "NetworkSecurityGroupEvent",
                "category_group": "",
                "retention_policy": [
                  {
                    "days": 0,
                    "enabled": false
                  }
                ]
              },
              {
                "category": "NetworkSecurityGroupRuleCounter",
                "category_group": "",
                "retention_policy": [
                  {
                    "days": 0,
                    "enabled": false
                  }
                ]
              }
            ],
            "eventhub_authorization_rule_id": "",
            "eventhub_name": "",
            "id": "/subscriptions/d94fe338-52d8-4a44-acd4-4f8301adf2cf/resourceGroups/dtf-work-spoke-rg/providers/Microsoft.Network/networkSecurityGroups/work-StorageSubnet-nsg|work-StorageSubnet-nsg-diagnostic",
            "log": [
              {
                "category": "NetworkSecurityGroupEvent",
                "category_group": "",
                "enabled": true,
                "retention_policy": [
                  {
                    "days": 0,
                    "enabled": false
                  }
                ]
              },
              {
                "category": "NetworkSecurityGroupRuleCounter",
                "category_group": "",
                "enabled": true,
                "retention_policy": [
                  {
                    "days": 0,
                    "enabled": false
                  }
                ]
              }
            ],
            "log_analytics_destination_type": "",
            "log_analytics_workspace_id": "/subscriptions/d94fe338-52d8-4a44-acd4-4f8301adf2cf/resourceGroups/dtf-hub-rg/providers/Microsoft.OperationalInsights/workspaces/dtf-hub-log-analytics-workspace",
            "metric": [],
            "name": "work-StorageSubnet-nsg-diagnostic",
            "partner_solution_id": null,
            "storage_account_id": null,
            "target_resource_id": "/subscriptions/d94fe338-52d8-4a44-acd4-4f8301adf2cf/resourceGroups/dtf-work-spoke-rg/providers/Microsoft.Network/networkSecurityGroups/work-StorageSubnet-nsg",
            "timeouts": null
          },
          "sensitive_attributes": [],
          "private": "eyJlMmJmYjczMC1lY2FhLTExZTYtOGY4OC0zNDM2M2JjN2M0YzAiOnsiY3JlYXRlIjoxODAwMDAwMDAwMDAwLCJkZWxldGUiOjM2MDAwMDAwMDAwMDAsInJlYWQiOjMwMDAwMDAwMDAwMCwidXBkYXRlIjoxODAwMDAwMDAwMDAwfX0=",
          "dependencies": [
            "azurerm_resource_group.hub",
            "azurerm_resource_group.work",
            "module.hub_log_analytics.azurerm_log_analytics_workspace.log_analytics",
            "module.work_network_security_groups.azurerm_network_security_group.nsg",
            "module.work_network_security_groups.module.nsg_diagnostic.data.azurerm_monitor_diagnostic_categories.categories"
          ]
        }
      ]
    },
    {
      "module": "module.work_network_security_groups[\"work-WorkSubnet-nsg\"]",
      "mode": "managed",
      "type": "azurerm_network_security_group",
      "name": "nsg",
      "provider": "provider[\"registry.terraform.io/hashicorp/azurerm\"]",
      "instances": [
        {
          "schema_version": 0,
          "attributes": {
            "id": "/subscriptions/d94fe338-52d8-4a44-acd4-4f8301adf2cf/resourceGroups/dtf-work-spoke-rg/providers/Microsoft.Network/networkSecurityGroups/work-WorkSubnet-nsg",
            "location": "westeurope",
            "name": "work-WorkSubnet-nsg",
            "resource_group_name": "dtf-work-spoke-rg",
            "security_rule": [],
            "tags": {
              "CreationDateTime": "2023-08-01T10:46:15.2258714Z",
              "Environment": "Dev"
            },
            "timeouts": null
          },
          "sensitive_attributes": [],
          "private": "eyJlMmJmYjczMC1lY2FhLTExZTYtOGY4OC0zNDM2M2JjN2M0YzAiOnsiY3JlYXRlIjoxODAwMDAwMDAwMDAwLCJkZWxldGUiOjE4MDAwMDAwMDAwMDAsInJlYWQiOjMwMDAwMDAwMDAwMCwidXBkYXRlIjoxODAwMDAwMDAwMDAwfX0=",
          "dependencies": [
            "azurerm_resource_group.work"
          ]
        }
      ]
    },
    {
      "module": "module.work_network_security_groups[\"work-WorkSubnet-nsg\"].module.nsg_diagnostic",
      "mode": "data",
      "type": "azurerm_monitor_diagnostic_categories",
      "name": "categories",
      "provider": "provider[\"registry.terraform.io/hashicorp/azurerm\"]",
      "instances": [
        {
          "schema_version": 0,
          "attributes": {
            "id": "/subscriptions/d94fe338-52d8-4a44-acd4-4f8301adf2cf/resourceGroups/dtf-work-spoke-rg/providers/Microsoft.Network/networkSecurityGroups/work-WorkSubnet-nsg",
            "log_category_groups": [
              "allLogs"
            ],
            "log_category_types": [
              "NetworkSecurityGroupEvent",
              "NetworkSecurityGroupRuleCounter"
            ],
            "logs": [
              "NetworkSecurityGroupEvent",
              "NetworkSecurityGroupRuleCounter"
            ],
            "metrics": [],
            "resource_id": "/subscriptions/d94fe338-52d8-4a44-acd4-4f8301adf2cf/resourceGroups/dtf-work-spoke-rg/providers/Microsoft.Network/networkSecurityGroups/work-WorkSubnet-nsg",
            "timeouts": null
          },
          "sensitive_attributes": []
        }
      ]
    },
    {
      "module": "module.work_network_security_groups[\"work-WorkSubnet-nsg\"].module.nsg_diagnostic",
      "mode": "managed",
      "type": "azurerm_monitor_diagnostic_setting",
      "name": "diagnostics",
      "provider": "provider[\"registry.terraform.io/hashicorp/azurerm\"]",
      "instances": [
        {
          "schema_version": 0,
          "attributes": {
            "enabled_log": [
              {
                "category": "NetworkSecurityGroupEvent",
                "category_group": "",
                "retention_policy": [
                  {
                    "days": 0,
                    "enabled": false
                  }
                ]
              },
              {
                "category": "NetworkSecurityGroupRuleCounter",
                "category_group": "",
                "retention_policy": [
                  {
                    "days": 0,
                    "enabled": false
                  }
                ]
              }
            ],
            "eventhub_authorization_rule_id": "",
            "eventhub_name": "",
            "id": "/subscriptions/d94fe338-52d8-4a44-acd4-4f8301adf2cf/resourceGroups/dtf-work-spoke-rg/providers/Microsoft.Network/networkSecurityGroups/work-WorkSubnet-nsg|work-WorkSubnet-nsg-diagnostic",
            "log": [
              {
                "category": "NetworkSecurityGroupEvent",
                "category_group": "",
                "enabled": true,
                "retention_policy": [
                  {
                    "days": 0,
                    "enabled": false
                  }
                ]
              },
              {
                "category": "NetworkSecurityGroupRuleCounter",
                "category_group": "",
                "enabled": true,
                "retention_policy": [
                  {
                    "days": 0,
                    "enabled": false
                  }
                ]
              }
            ],
            "log_analytics_destination_type": "",
            "log_analytics_workspace_id": "/subscriptions/d94fe338-52d8-4a44-acd4-4f8301adf2cf/resourceGroups/dtf-hub-rg/providers/Microsoft.OperationalInsights/workspaces/dtf-hub-log-analytics-workspace",
            "metric": [],
            "name": "work-WorkSubnet-nsg-diagnostic",
            "partner_solution_id": null,
            "storage_account_id": null,
            "target_resource_id": "/subscriptions/d94fe338-52d8-4a44-acd4-4f8301adf2cf/resourceGroups/dtf-work-spoke-rg/providers/Microsoft.Network/networkSecurityGroups/work-WorkSubnet-nsg",
            "timeouts": null
          },
          "sensitive_attributes": [],
          "private": "eyJlMmJmYjczMC1lY2FhLTExZTYtOGY4OC0zNDM2M2JjN2M0YzAiOnsiY3JlYXRlIjoxODAwMDAwMDAwMDAwLCJkZWxldGUiOjM2MDAwMDAwMDAwMDAsInJlYWQiOjMwMDAwMDAwMDAwMCwidXBkYXRlIjoxODAwMDAwMDAwMDAwfX0=",
          "dependencies": [
            "azurerm_resource_group.hub",
            "azurerm_resource_group.work",
            "module.hub_log_analytics.azurerm_log_analytics_workspace.log_analytics",
            "module.work_network_security_groups.azurerm_network_security_group.nsg",
            "module.work_network_security_groups.module.nsg_diagnostic.data.azurerm_monitor_diagnostic_categories.categories"
          ]
        }
      ]
    },
    {
      "module": "module.work_route_tables[\"work-rt\"]",
      "mode": "managed",
      "type": "azurerm_route",
      "name": "routes",
      "provider": "provider[\"registry.terraform.io/hashicorp/azurerm\"]",
      "instances": [
        {
          "index_key": "hub-vnet",
          "schema_version": 0,
          "attributes": {
            "address_prefix": "10.0.0.0/16",
            "id": "/subscriptions/d94fe338-52d8-4a44-acd4-4f8301adf2cf/resourceGroups/dtf-work-spoke-rg/providers/Microsoft.Network/routeTables/work-rt/routes/hub-vnet",
            "name": "hub-vnet",
            "next_hop_in_ip_address": "10.0.1.4",
            "next_hop_type": "VirtualAppliance",
            "resource_group_name": "dtf-work-spoke-rg",
            "route_table_name": "work-rt",
            "timeouts": null
          },
          "sensitive_attributes": [],
          "private": "eyJlMmJmYjczMC1lY2FhLTExZTYtOGY4OC0zNDM2M2JjN2M0YzAiOnsiY3JlYXRlIjoxODAwMDAwMDAwMDAwLCJkZWxldGUiOjE4MDAwMDAwMDAwMDAsInJlYWQiOjMwMDAwMDAwMDAwMCwidXBkYXRlIjoxODAwMDAwMDAwMDAwfX0=",
          "dependencies": [
            "azurerm_resource_group.work",
            "module.work_route_tables.azurerm_route_table.rt"
          ]
        },
        {
          "index_key": "monitor-vnet",
          "schema_version": 0,
          "attributes": {
            "address_prefix": "10.2.0.0/16",
            "id": "/subscriptions/d94fe338-52d8-4a44-acd4-4f8301adf2cf/resourceGroups/dtf-work-spoke-rg/providers/Microsoft.Network/routeTables/work-rt/routes/monitor-vnet",
            "name": "monitor-vnet",
            "next_hop_in_ip_address": "10.0.1.4",
            "next_hop_type": "VirtualAppliance",
            "resource_group_name": "dtf-work-spoke-rg",
            "route_table_name": "work-rt",
            "timeouts": null
          },
          "sensitive_attributes": [],
          "private": "eyJlMmJmYjczMC1lY2FhLTExZTYtOGY4OC0zNDM2M2JjN2M0YzAiOnsiY3JlYXRlIjoxODAwMDAwMDAwMDAwLCJkZWxldGUiOjE4MDAwMDAwMDAwMDAsInJlYWQiOjMwMDAwMDAwMDAwMCwidXBkYXRlIjoxODAwMDAwMDAwMDAwfX0=",
          "dependencies": [
            "azurerm_resource_group.work",
            "module.work_route_tables.azurerm_route_table.rt"
          ]
        },
        {
          "index_key": "outbound",
          "schema_version": 0,
          "attributes": {
            "address_prefix": "0.0.0.0/0",
            "id": "/subscriptions/d94fe338-52d8-4a44-acd4-4f8301adf2cf/resourceGroups/dtf-work-spoke-rg/providers/Microsoft.Network/routeTables/work-rt/routes/outbound",
            "name": "outbound",
            "next_hop_in_ip_address": "10.0.1.4",
            "next_hop_type": "VirtualAppliance",
            "resource_group_name": "dtf-work-spoke-rg",
            "route_table_name": "work-rt",
            "timeouts": null
          },
          "sensitive_attributes": [],
          "private": "eyJlMmJmYjczMC1lY2FhLTExZTYtOGY4OC0zNDM2M2JjN2M0YzAiOnsiY3JlYXRlIjoxODAwMDAwMDAwMDAwLCJkZWxldGUiOjE4MDAwMDAwMDAwMDAsInJlYWQiOjMwMDAwMDAwMDAwMCwidXBkYXRlIjoxODAwMDAwMDAwMDAwfX0=",
          "dependencies": [
            "azurerm_resource_group.work",
            "module.work_route_tables.azurerm_route_table.rt"
          ]
        },
        {
          "index_key": "vpn-address-pool-1",
          "schema_version": 0,
          "attributes": {
            "address_prefix": "172.0.0.0/17",
            "id": "/subscriptions/d94fe338-52d8-4a44-acd4-4f8301adf2cf/resourceGroups/dtf-work-spoke-rg/providers/Microsoft.Network/routeTables/work-rt/routes/vpn-address-pool-1",
            "name": "vpn-address-pool-1",
            "next_hop_in_ip_address": "10.0.1.4",
            "next_hop_type": "VirtualAppliance",
            "resource_group_name": "dtf-work-spoke-rg",
            "route_table_name": "work-rt",
            "timeouts": null
          },
          "sensitive_attributes": [],
          "private": "eyJlMmJmYjczMC1lY2FhLTExZTYtOGY4OC0zNDM2M2JjN2M0YzAiOnsiY3JlYXRlIjoxODAwMDAwMDAwMDAwLCJkZWxldGUiOjE4MDAwMDAwMDAwMDAsInJlYWQiOjMwMDAwMDAwMDAwMCwidXBkYXRlIjoxODAwMDAwMDAwMDAwfX0=",
          "dependencies": [
            "azurerm_resource_group.work",
            "module.work_route_tables.azurerm_route_table.rt"
          ]
        },
        {
          "index_key": "vpn-address-pool-2",
          "schema_version": 0,
          "attributes": {
            "address_prefix": "172.0.128.0/17",
            "id": "/subscriptions/d94fe338-52d8-4a44-acd4-4f8301adf2cf/resourceGroups/dtf-work-spoke-rg/providers/Microsoft.Network/routeTables/work-rt/routes/vpn-address-pool-2",
            "name": "vpn-address-pool-2",
            "next_hop_in_ip_address": "10.0.1.4",
            "next_hop_type": "VirtualAppliance",
            "resource_group_name": "dtf-work-spoke-rg",
            "route_table_name": "work-rt",
            "timeouts": null
          },
          "sensitive_attributes": [],
          "private": "eyJlMmJmYjczMC1lY2FhLTExZTYtOGY4OC0zNDM2M2JjN2M0YzAiOnsiY3JlYXRlIjoxODAwMDAwMDAwMDAwLCJkZWxldGUiOjE4MDAwMDAwMDAwMDAsInJlYWQiOjMwMDAwMDAwMDAwMCwidXBkYXRlIjoxODAwMDAwMDAwMDAwfX0=",
          "dependencies": [
            "azurerm_resource_group.work",
            "module.work_route_tables.azurerm_route_table.rt"
          ]
        }
      ]
    },
    {
      "module": "module.work_route_tables[\"work-rt\"]",
      "mode": "managed",
      "type": "azurerm_route_table",
      "name": "rt",
      "provider": "provider[\"registry.terraform.io/hashicorp/azurerm\"]",
      "instances": [
        {
          "schema_version": 0,
          "attributes": {
            "disable_bgp_route_propagation": false,
            "id": "/subscriptions/d94fe338-52d8-4a44-acd4-4f8301adf2cf/resourceGroups/dtf-work-spoke-rg/providers/Microsoft.Network/routeTables/work-rt",
            "location": "westeurope",
            "name": "work-rt",
            "resource_group_name": "dtf-work-spoke-rg",
            "route": [
              {
                "address_prefix": "0.0.0.0/0",
                "name": "outbound",
                "next_hop_in_ip_address": "10.0.1.4",
                "next_hop_type": "VirtualAppliance"
              },
              {
                "address_prefix": "10.0.0.0/16",
                "name": "hub-vnet",
                "next_hop_in_ip_address": "10.0.1.4",
                "next_hop_type": "VirtualAppliance"
              },
              {
                "address_prefix": "10.2.0.0/16",
                "name": "monitor-vnet",
                "next_hop_in_ip_address": "10.0.1.4",
                "next_hop_type": "VirtualAppliance"
              },
              {
                "address_prefix": "172.0.0.0/17",
                "name": "vpn-address-pool-1",
                "next_hop_in_ip_address": "10.0.1.4",
                "next_hop_type": "VirtualAppliance"
              },
              {
                "address_prefix": "172.0.128.0/17",
                "name": "vpn-address-pool-2",
                "next_hop_in_ip_address": "10.0.1.4",
                "next_hop_type": "VirtualAppliance"
              }
            ],
            "subnets": [
              "/subscriptions/d94fe338-52d8-4a44-acd4-4f8301adf2cf/resourceGroups/dtf-work-spoke-rg/providers/Microsoft.Network/virtualNetworks/dtf-work-vnet/subnets/AKSSubnet",
              "/subscriptions/d94fe338-52d8-4a44-acd4-4f8301adf2cf/resourceGroups/dtf-work-spoke-rg/providers/Microsoft.Network/virtualNetworks/dtf-work-vnet/subnets/StorageSubnet",
              "/subscriptions/d94fe338-52d8-4a44-acd4-4f8301adf2cf/resourceGroups/dtf-work-spoke-rg/providers/Microsoft.Network/virtualNetworks/dtf-work-vnet/subnets/WorkSubnet"
            ],
            "tags": {
              "CreationDateTime": "2023-08-01T10:46:21.1225614Z",
              "Environment": "Dev"
            },
            "timeouts": null
          },
          "sensitive_attributes": [],
          "private": "eyJlMmJmYjczMC1lY2FhLTExZTYtOGY4OC0zNDM2M2JjN2M0YzAiOnsiY3JlYXRlIjoxODAwMDAwMDAwMDAwLCJkZWxldGUiOjE4MDAwMDAwMDAwMDAsInJlYWQiOjMwMDAwMDAwMDAwMCwidXBkYXRlIjoxODAwMDAwMDAwMDAwfX0=",
          "dependencies": [
            "azurerm_resource_group.work"
          ]
        }
      ]
    },
    {
      "module": "module.work_storage_account",
      "mode": "managed",
      "type": "azurerm_storage_account",
      "name": "storage",
      "provider": "provider[\"registry.terraform.io/hashicorp/azurerm\"]",
      "instances": [
        {
          "schema_version": 4,
          "attributes": {
            "access_tier": "Hot",
            "account_kind": "StorageV2",
            "account_replication_type": "LRS",
            "account_tier": "Standard",
            "allow_nested_items_to_be_public": true,
            "allowed_copy_scope": "",
            "azure_files_authentication": [],
            "blob_properties": [
              {
                "change_feed_enabled": false,
                "change_feed_retention_in_days": 0,
                "container_delete_retention_policy": [],
                "cors_rule": [],
                "default_service_version": "",
                "delete_retention_policy": [],
                "last_access_time_enabled": false,
                "restore_policy": [],
                "versioning_enabled": false
              }
            ],
            "cross_tenant_replication_enabled": true,
            "custom_domain": [],
            "customer_managed_key": [],
            "default_to_oauth_authentication": false,
            "edge_zone": "",
            "enable_https_traffic_only": true,
            "id": "/subscriptions/d94fe338-52d8-4a44-acd4-4f8301adf2cf/resourceGroups/dtf-work-spoke-rg/providers/Microsoft.Storage/storageAccounts/dtfworkstorage",
            "identity": [],
            "immutability_policy": [],
            "infrastructure_encryption_enabled": false,
            "is_hns_enabled": false,
            "large_file_share_enabled": null,
            "location": "westeurope",
            "min_tls_version": "TLS1_2",
            "name": "dtfworkstorage",
            "network_rules": [
              {
                "bypass": [
                  "AzureServices"
                ],
                "default_action": "Allow",
                "ip_rules": [],
                "private_link_access": [],
                "virtual_network_subnet_ids": []
              }
            ],
            "nfsv3_enabled": false,
            "primary_access_key": "ZLikAXlZfLeINbDqUcIWPbCRp4jLOqgh8cVkY6/5e9lKZoRDRpvuJ394fsuUU18Ir/Gh+ipFbe7I+AStXSNh2w==",
            "primary_blob_connection_string": "DefaultEndpointsProtocol=https;BlobEndpoint=https://dtfworkstorage.blob.core.windows.net/;AccountName=dtfworkstorage;AccountKey=ZLikAXlZfLeINbDqUcIWPbCRp4jLOqgh8cVkY6/5e9lKZoRDRpvuJ394fsuUU18Ir/Gh+ipFbe7I+AStXSNh2w==",
            "primary_blob_endpoint": "https://dtfworkstorage.blob.core.windows.net/",
            "primary_blob_host": "dtfworkstorage.blob.core.windows.net",
            "primary_connection_string": "DefaultEndpointsProtocol=https;AccountName=dtfworkstorage;AccountKey=ZLikAXlZfLeINbDqUcIWPbCRp4jLOqgh8cVkY6/5e9lKZoRDRpvuJ394fsuUU18Ir/Gh+ipFbe7I+AStXSNh2w==;EndpointSuffix=core.windows.net",
            "primary_dfs_endpoint": "https://dtfworkstorage.dfs.core.windows.net/",
            "primary_dfs_host": "dtfworkstorage.dfs.core.windows.net",
            "primary_file_endpoint": "https://dtfworkstorage.file.core.windows.net/",
            "primary_file_host": "dtfworkstorage.file.core.windows.net",
            "primary_location": "westeurope",
            "primary_queue_endpoint": "https://dtfworkstorage.queue.core.windows.net/",
            "primary_queue_host": "dtfworkstorage.queue.core.windows.net",
            "primary_table_endpoint": "https://dtfworkstorage.table.core.windows.net/",
            "primary_table_host": "dtfworkstorage.table.core.windows.net",
            "primary_web_endpoint": "https://dtfworkstorage.z6.web.core.windows.net/",
            "primary_web_host": "dtfworkstorage.z6.web.core.windows.net",
            "public_network_access_enabled": false,
            "queue_encryption_key_type": "Service",
            "queue_properties": [
              {
                "cors_rule": [],
                "hour_metrics": [
                  {
                    "enabled": true,
                    "include_apis": true,
                    "retention_policy_days": 7,
                    "version": "1.0"
                  }
                ],
                "logging": [
                  {
                    "delete": false,
                    "read": false,
                    "retention_policy_days": 0,
                    "version": "1.0",
                    "write": false
                  }
                ],
                "minute_metrics": [
                  {
                    "enabled": false,
                    "include_apis": false,
                    "retention_policy_days": 0,
                    "version": "1.0"
                  }
                ]
              }
            ],
            "resource_group_name": "dtf-work-spoke-rg",
            "routing": [],
            "sas_policy": [],
            "secondary_access_key": "xzatXvWuuRW7f3y6iaUUrFJP4wKqFpFauUbjIjDDcgB71t2GfJe3zbJkJ096cFul2hPVfyDwKqr6+ASt3UFmcA==",
            "secondary_blob_connection_string": "",
            "secondary_blob_endpoint": null,
            "secondary_blob_host": null,
            "secondary_connection_string": "DefaultEndpointsProtocol=https;AccountName=dtfworkstorage;AccountKey=xzatXvWuuRW7f3y6iaUUrFJP4wKqFpFauUbjIjDDcgB71t2GfJe3zbJkJ096cFul2hPVfyDwKqr6+ASt3UFmcA==;EndpointSuffix=core.windows.net",
            "secondary_dfs_endpoint": null,
            "secondary_dfs_host": null,
            "secondary_file_endpoint": null,
            "secondary_file_host": null,
            "secondary_location": "",
            "secondary_queue_endpoint": null,
            "secondary_queue_host": null,
            "secondary_table_endpoint": null,
            "secondary_table_host": null,
            "secondary_web_endpoint": null,
            "secondary_web_host": null,
            "sftp_enabled": false,
            "share_properties": [
              {
                "cors_rule": [],
                "retention_policy": [
                  {
                    "days": 7
                  }
                ],
                "smb": []
              }
            ],
            "shared_access_key_enabled": true,
            "static_website": [],
            "table_encryption_key_type": "Service",
            "tags": {
              "CreationDateTime": "2023-08-01T10:46:18.1570356Z",
              "Environment": "Dev"
            },
            "timeouts": null
          },
          "sensitive_attributes": [],
          "private": "eyJlMmJmYjczMC1lY2FhLTExZTYtOGY4OC0zNDM2M2JjN2M0YzAiOnsiY3JlYXRlIjozNjAwMDAwMDAwMDAwLCJkZWxldGUiOjM2MDAwMDAwMDAwMDAsInJlYWQiOjMwMDAwMDAwMDAwMCwidXBkYXRlIjozNjAwMDAwMDAwMDAwfSwic2NoZW1hX3ZlcnNpb24iOiI0In0=",
          "dependencies": [
            "azurerm_resource_group.work"
          ]
        }
      ]
    },
    {
      "module": "module.work_storage_account.module.storage_diagnostic",
      "mode": "data",
      "type": "azurerm_monitor_diagnostic_categories",
      "name": "categories",
      "provider": "provider[\"registry.terraform.io/hashicorp/azurerm\"]",
      "instances": [
        {
          "schema_version": 0,
          "attributes": {
            "id": "/subscriptions/d94fe338-52d8-4a44-acd4-4f8301adf2cf/resourceGroups/dtf-work-spoke-rg/providers/Microsoft.Storage/storageAccounts/dtfworkstorage",
            "log_category_groups": [],
            "log_category_types": [],
            "logs": [],
            "metrics": [
              "Capacity",
              "Transaction"
            ],
            "resource_id": "/subscriptions/d94fe338-52d8-4a44-acd4-4f8301adf2cf/resourceGroups/dtf-work-spoke-rg/providers/Microsoft.Storage/storageAccounts/dtfworkstorage",
            "timeouts": null
          },
          "sensitive_attributes": []
        }
      ]
    },
    {
      "module": "module.work_storage_account.module.storage_diagnostic",
      "mode": "managed",
      "type": "azurerm_monitor_diagnostic_setting",
      "name": "diagnostics",
      "provider": "provider[\"registry.terraform.io/hashicorp/azurerm\"]",
      "instances": [
        {
          "schema_version": 0,
          "attributes": {
            "enabled_log": [],
            "eventhub_authorization_rule_id": "",
            "eventhub_name": "",
            "id": "/subscriptions/d94fe338-52d8-4a44-acd4-4f8301adf2cf/resourceGroups/dtf-work-spoke-rg/providers/Microsoft.Storage/storageAccounts/dtfworkstorage|dtfworkstorage-diagnostic",
            "log": [],
            "log_analytics_destination_type": "",
            "log_analytics_workspace_id": "/subscriptions/d94fe338-52d8-4a44-acd4-4f8301adf2cf/resourceGroups/dtf-hub-rg/providers/Microsoft.OperationalInsights/workspaces/dtf-hub-log-analytics-workspace",
            "metric": [
              {
                "category": "Capacity",
                "enabled": true,
                "retention_policy": [
                  {
                    "days": 0,
                    "enabled": false
                  }
                ]
              },
              {
                "category": "Transaction",
                "enabled": true,
                "retention_policy": [
                  {
                    "days": 0,
                    "enabled": false
                  }
                ]
              }
            ],
            "name": "dtfworkstorage-diagnostic",
            "partner_solution_id": null,
            "storage_account_id": null,
            "target_resource_id": "/subscriptions/d94fe338-52d8-4a44-acd4-4f8301adf2cf/resourceGroups/dtf-work-spoke-rg/providers/Microsoft.Storage/storageAccounts/dtfworkstorage",
            "timeouts": null
          },
          "sensitive_attributes": [],
          "private": "eyJlMmJmYjczMC1lY2FhLTExZTYtOGY4OC0zNDM2M2JjN2M0YzAiOnsiY3JlYXRlIjoxODAwMDAwMDAwMDAwLCJkZWxldGUiOjM2MDAwMDAwMDAwMDAsInJlYWQiOjMwMDAwMDAwMDAwMCwidXBkYXRlIjoxODAwMDAwMDAwMDAwfX0=",
          "dependencies": [
            "azurerm_resource_group.hub",
            "azurerm_resource_group.work",
            "module.hub_log_analytics.azurerm_log_analytics_workspace.log_analytics",
            "module.work_storage_account.azurerm_storage_account.storage",
            "module.work_storage_account.module.storage_diagnostic.data.azurerm_monitor_diagnostic_categories.categories"
          ]
        }
      ]
    },
    {
      "module": "module.work_storage_account.module.subresources_diagnostics[\"blob\"]",
      "mode": "data",
      "type": "azurerm_monitor_diagnostic_categories",
      "name": "categories",
      "provider": "provider[\"registry.terraform.io/hashicorp/azurerm\"]",
      "instances": [
        {
          "schema_version": 0,
          "attributes": {
            "id": "/subscriptions/d94fe338-52d8-4a44-acd4-4f8301adf2cf/resourceGroups/dtf-work-spoke-rg/providers/Microsoft.Storage/storageAccounts/dtfworkstorage/blobServices/default/",
            "log_category_groups": [
              "allLogs",
              "audit"
            ],
            "log_category_types": [
              "StorageDelete",
              "StorageRead",
              "StorageWrite"
            ],
            "logs": [
              "StorageDelete",
              "StorageRead",
              "StorageWrite"
            ],
            "metrics": [
              "Capacity",
              "Transaction"
            ],
            "resource_id": "/subscriptions/d94fe338-52d8-4a44-acd4-4f8301adf2cf/resourceGroups/dtf-work-spoke-rg/providers/Microsoft.Storage/storageAccounts/dtfworkstorage/blobServices/default/",
            "timeouts": null
          },
          "sensitive_attributes": []
        }
      ]
    },
    {
      "module": "module.work_storage_account.module.subresources_diagnostics[\"blob\"]",
      "mode": "managed",
      "type": "azurerm_monitor_diagnostic_setting",
      "name": "diagnostics",
      "provider": "provider[\"registry.terraform.io/hashicorp/azurerm\"]",
      "instances": [
        {
          "schema_version": 0,
          "attributes": {
            "enabled_log": [
              {
                "category": "StorageDelete",
                "category_group": "",
                "retention_policy": [
                  {
                    "days": 0,
                    "enabled": false
                  }
                ]
              },
              {
                "category": "StorageRead",
                "category_group": "",
                "retention_policy": [
                  {
                    "days": 0,
                    "enabled": false
                  }
                ]
              },
              {
                "category": "StorageWrite",
                "category_group": "",
                "retention_policy": [
                  {
                    "days": 0,
                    "enabled": false
                  }
                ]
              }
            ],
            "eventhub_authorization_rule_id": "",
            "eventhub_name": "",
            "id": "/subscriptions/d94fe338-52d8-4a44-acd4-4f8301adf2cf/resourceGroups/dtf-work-spoke-rg/providers/Microsoft.Storage/storageAccounts/dtfworkstorage/blobServices/default/|dtfworkstorage-blob-diagnostic",
            "log": [
              {
                "category": "StorageDelete",
                "category_group": "",
                "enabled": true,
                "retention_policy": [
                  {
                    "days": 0,
                    "enabled": false
                  }
                ]
              },
              {
                "category": "StorageRead",
                "category_group": "",
                "enabled": true,
                "retention_policy": [
                  {
                    "days": 0,
                    "enabled": false
                  }
                ]
              },
              {
                "category": "StorageWrite",
                "category_group": "",
                "enabled": true,
                "retention_policy": [
                  {
                    "days": 0,
                    "enabled": false
                  }
                ]
              }
            ],
            "log_analytics_destination_type": "",
            "log_analytics_workspace_id": "/subscriptions/d94fe338-52d8-4a44-acd4-4f8301adf2cf/resourceGroups/dtf-hub-rg/providers/Microsoft.OperationalInsights/workspaces/dtf-hub-log-analytics-workspace",
            "metric": [
              {
                "category": "Capacity",
                "enabled": true,
                "retention_policy": [
                  {
                    "days": 0,
                    "enabled": false
                  }
                ]
              },
              {
                "category": "Transaction",
                "enabled": true,
                "retention_policy": [
                  {
                    "days": 0,
                    "enabled": false
                  }
                ]
              }
            ],
            "name": "dtfworkstorage-blob-diagnostic",
            "partner_solution_id": null,
            "storage_account_id": null,
            "target_resource_id": "/subscriptions/d94fe338-52d8-4a44-acd4-4f8301adf2cf/resourceGroups/dtf-work-spoke-rg/providers/Microsoft.Storage/storageAccounts/dtfworkstorage/blobServices/default/",
            "timeouts": null
          },
          "sensitive_attributes": [],
          "private": "eyJlMmJmYjczMC1lY2FhLTExZTYtOGY4OC0zNDM2M2JjN2M0YzAiOnsiY3JlYXRlIjoxODAwMDAwMDAwMDAwLCJkZWxldGUiOjM2MDAwMDAwMDAwMDAsInJlYWQiOjMwMDAwMDAwMDAwMCwidXBkYXRlIjoxODAwMDAwMDAwMDAwfX0=",
          "dependencies": [
            "azurerm_resource_group.hub",
            "azurerm_resource_group.work",
            "module.hub_log_analytics.azurerm_log_analytics_workspace.log_analytics",
            "module.work_storage_account.azurerm_storage_account.storage",
            "module.work_storage_account.module.subresources_diagnostics.data.azurerm_monitor_diagnostic_categories.categories"
          ]
        }
      ]
    },
    {
      "module": "module.work_storage_account.module.subresources_diagnostics[\"file\"]",
      "mode": "data",
      "type": "azurerm_monitor_diagnostic_categories",
      "name": "categories",
      "provider": "provider[\"registry.terraform.io/hashicorp/azurerm\"]",
      "instances": [
        {
          "schema_version": 0,
          "attributes": {
            "id": "/subscriptions/d94fe338-52d8-4a44-acd4-4f8301adf2cf/resourceGroups/dtf-work-spoke-rg/providers/Microsoft.Storage/storageAccounts/dtfworkstorage/fileServices/default/",
            "log_category_groups": [
              "allLogs",
              "audit"
            ],
            "log_category_types": [
              "StorageDelete",
              "StorageRead",
              "StorageWrite"
            ],
            "logs": [
              "StorageDelete",
              "StorageRead",
              "StorageWrite"
            ],
            "metrics": [
              "Capacity",
              "Transaction"
            ],
            "resource_id": "/subscriptions/d94fe338-52d8-4a44-acd4-4f8301adf2cf/resourceGroups/dtf-work-spoke-rg/providers/Microsoft.Storage/storageAccounts/dtfworkstorage/fileServices/default/",
            "timeouts": null
          },
          "sensitive_attributes": []
        }
      ]
    },
    {
      "module": "module.work_storage_account.module.subresources_diagnostics[\"file\"]",
      "mode": "managed",
      "type": "azurerm_monitor_diagnostic_setting",
      "name": "diagnostics",
      "provider": "provider[\"registry.terraform.io/hashicorp/azurerm\"]",
      "instances": [
        {
          "schema_version": 0,
          "attributes": {
            "enabled_log": [
              {
                "category": "StorageDelete",
                "category_group": "",
                "retention_policy": [
                  {
                    "days": 0,
                    "enabled": false
                  }
                ]
              },
              {
                "category": "StorageRead",
                "category_group": "",
                "retention_policy": [
                  {
                    "days": 0,
                    "enabled": false
                  }
                ]
              },
              {
                "category": "StorageWrite",
                "category_group": "",
                "retention_policy": [
                  {
                    "days": 0,
                    "enabled": false
                  }
                ]
              }
            ],
            "eventhub_authorization_rule_id": "",
            "eventhub_name": "",
            "id": "/subscriptions/d94fe338-52d8-4a44-acd4-4f8301adf2cf/resourceGroups/dtf-work-spoke-rg/providers/Microsoft.Storage/storageAccounts/dtfworkstorage/fileServices/default/|dtfworkstorage-file-diagnostic",
            "log": [
              {
                "category": "StorageDelete",
                "category_group": "",
                "enabled": true,
                "retention_policy": [
                  {
                    "days": 0,
                    "enabled": false
                  }
                ]
              },
              {
                "category": "StorageRead",
                "category_group": "",
                "enabled": true,
                "retention_policy": [
                  {
                    "days": 0,
                    "enabled": false
                  }
                ]
              },
              {
                "category": "StorageWrite",
                "category_group": "",
                "enabled": true,
                "retention_policy": [
                  {
                    "days": 0,
                    "enabled": false
                  }
                ]
              }
            ],
            "log_analytics_destination_type": "",
            "log_analytics_workspace_id": "/subscriptions/d94fe338-52d8-4a44-acd4-4f8301adf2cf/resourceGroups/dtf-hub-rg/providers/Microsoft.OperationalInsights/workspaces/dtf-hub-log-analytics-workspace",
            "metric": [
              {
                "category": "Capacity",
                "enabled": true,
                "retention_policy": [
                  {
                    "days": 0,
                    "enabled": false
                  }
                ]
              },
              {
                "category": "Transaction",
                "enabled": true,
                "retention_policy": [
                  {
                    "days": 0,
                    "enabled": false
                  }
                ]
              }
            ],
            "name": "dtfworkstorage-file-diagnostic",
            "partner_solution_id": null,
            "storage_account_id": null,
            "target_resource_id": "/subscriptions/d94fe338-52d8-4a44-acd4-4f8301adf2cf/resourceGroups/dtf-work-spoke-rg/providers/Microsoft.Storage/storageAccounts/dtfworkstorage/fileServices/default/",
            "timeouts": null
          },
          "sensitive_attributes": [],
          "private": "eyJlMmJmYjczMC1lY2FhLTExZTYtOGY4OC0zNDM2M2JjN2M0YzAiOnsiY3JlYXRlIjoxODAwMDAwMDAwMDAwLCJkZWxldGUiOjM2MDAwMDAwMDAwMDAsInJlYWQiOjMwMDAwMDAwMDAwMCwidXBkYXRlIjoxODAwMDAwMDAwMDAwfX0=",
          "dependencies": [
            "azurerm_resource_group.hub",
            "azurerm_resource_group.work",
            "module.hub_log_analytics.azurerm_log_analytics_workspace.log_analytics",
            "module.work_storage_account.azurerm_storage_account.storage",
            "module.work_storage_account.module.subresources_diagnostics.data.azurerm_monitor_diagnostic_categories.categories"
          ]
        }
      ]
    },
    {
      "module": "module.work_storage_account.module.subresources_diagnostics[\"queue\"]",
      "mode": "data",
      "type": "azurerm_monitor_diagnostic_categories",
      "name": "categories",
      "provider": "provider[\"registry.terraform.io/hashicorp/azurerm\"]",
      "instances": [
        {
          "schema_version": 0,
          "attributes": {
            "id": "/subscriptions/d94fe338-52d8-4a44-acd4-4f8301adf2cf/resourceGroups/dtf-work-spoke-rg/providers/Microsoft.Storage/storageAccounts/dtfworkstorage/queueServices/default/",
            "log_category_groups": [
              "allLogs",
              "audit"
            ],
            "log_category_types": [
              "StorageDelete",
              "StorageRead",
              "StorageWrite"
            ],
            "logs": [
              "StorageDelete",
              "StorageRead",
              "StorageWrite"
            ],
            "metrics": [
              "Capacity",
              "Transaction"
            ],
            "resource_id": "/subscriptions/d94fe338-52d8-4a44-acd4-4f8301adf2cf/resourceGroups/dtf-work-spoke-rg/providers/Microsoft.Storage/storageAccounts/dtfworkstorage/queueServices/default/",
            "timeouts": null
          },
          "sensitive_attributes": []
        }
      ]
    },
    {
      "module": "module.work_storage_account.module.subresources_diagnostics[\"queue\"]",
      "mode": "managed",
      "type": "azurerm_monitor_diagnostic_setting",
      "name": "diagnostics",
      "provider": "provider[\"registry.terraform.io/hashicorp/azurerm\"]",
      "instances": [
        {
          "schema_version": 0,
          "attributes": {
            "enabled_log": [
              {
                "category": "StorageDelete",
                "category_group": "",
                "retention_policy": [
                  {
                    "days": 0,
                    "enabled": false
                  }
                ]
              },
              {
                "category": "StorageRead",
                "category_group": "",
                "retention_policy": [
                  {
                    "days": 0,
                    "enabled": false
                  }
                ]
              },
              {
                "category": "StorageWrite",
                "category_group": "",
                "retention_policy": [
                  {
                    "days": 0,
                    "enabled": false
                  }
                ]
              }
            ],
            "eventhub_authorization_rule_id": "",
            "eventhub_name": "",
            "id": "/subscriptions/d94fe338-52d8-4a44-acd4-4f8301adf2cf/resourceGroups/dtf-work-spoke-rg/providers/Microsoft.Storage/storageAccounts/dtfworkstorage/queueServices/default/|dtfworkstorage-queue-diagnostic",
            "log": [
              {
                "category": "StorageDelete",
                "category_group": "",
                "enabled": true,
                "retention_policy": [
                  {
                    "days": 0,
                    "enabled": false
                  }
                ]
              },
              {
                "category": "StorageRead",
                "category_group": "",
                "enabled": true,
                "retention_policy": [
                  {
                    "days": 0,
                    "enabled": false
                  }
                ]
              },
              {
                "category": "StorageWrite",
                "category_group": "",
                "enabled": true,
                "retention_policy": [
                  {
                    "days": 0,
                    "enabled": false
                  }
                ]
              }
            ],
            "log_analytics_destination_type": "",
            "log_analytics_workspace_id": "/subscriptions/d94fe338-52d8-4a44-acd4-4f8301adf2cf/resourceGroups/dtf-hub-rg/providers/Microsoft.OperationalInsights/workspaces/dtf-hub-log-analytics-workspace",
            "metric": [
              {
                "category": "Capacity",
                "enabled": true,
                "retention_policy": [
                  {
                    "days": 0,
                    "enabled": false
                  }
                ]
              },
              {
                "category": "Transaction",
                "enabled": true,
                "retention_policy": [
                  {
                    "days": 0,
                    "enabled": false
                  }
                ]
              }
            ],
            "name": "dtfworkstorage-queue-diagnostic",
            "partner_solution_id": null,
            "storage_account_id": null,
            "target_resource_id": "/subscriptions/d94fe338-52d8-4a44-acd4-4f8301adf2cf/resourceGroups/dtf-work-spoke-rg/providers/Microsoft.Storage/storageAccounts/dtfworkstorage/queueServices/default/",
            "timeouts": null
          },
          "sensitive_attributes": [],
          "private": "eyJlMmJmYjczMC1lY2FhLTExZTYtOGY4OC0zNDM2M2JjN2M0YzAiOnsiY3JlYXRlIjoxODAwMDAwMDAwMDAwLCJkZWxldGUiOjM2MDAwMDAwMDAwMDAsInJlYWQiOjMwMDAwMDAwMDAwMCwidXBkYXRlIjoxODAwMDAwMDAwMDAwfX0=",
          "dependencies": [
            "azurerm_resource_group.hub",
            "azurerm_resource_group.work",
            "module.hub_log_analytics.azurerm_log_analytics_workspace.log_analytics",
            "module.work_storage_account.azurerm_storage_account.storage",
            "module.work_storage_account.module.subresources_diagnostics.data.azurerm_monitor_diagnostic_categories.categories"
          ]
        }
      ]
    },
    {
      "module": "module.work_storage_account.module.subresources_diagnostics[\"table\"]",
      "mode": "data",
      "type": "azurerm_monitor_diagnostic_categories",
      "name": "categories",
      "provider": "provider[\"registry.terraform.io/hashicorp/azurerm\"]",
      "instances": [
        {
          "schema_version": 0,
          "attributes": {
            "id": "/subscriptions/d94fe338-52d8-4a44-acd4-4f8301adf2cf/resourceGroups/dtf-work-spoke-rg/providers/Microsoft.Storage/storageAccounts/dtfworkstorage/tableServices/default/",
            "log_category_groups": [
              "allLogs",
              "audit"
            ],
            "log_category_types": [
              "StorageDelete",
              "StorageRead",
              "StorageWrite"
            ],
            "logs": [
              "StorageDelete",
              "StorageRead",
              "StorageWrite"
            ],
            "metrics": [
              "Capacity",
              "Transaction"
            ],
            "resource_id": "/subscriptions/d94fe338-52d8-4a44-acd4-4f8301adf2cf/resourceGroups/dtf-work-spoke-rg/providers/Microsoft.Storage/storageAccounts/dtfworkstorage/tableServices/default/",
            "timeouts": null
          },
          "sensitive_attributes": []
        }
      ]
    },
    {
      "module": "module.work_storage_account.module.subresources_diagnostics[\"table\"]",
      "mode": "managed",
      "type": "azurerm_monitor_diagnostic_setting",
      "name": "diagnostics",
      "provider": "provider[\"registry.terraform.io/hashicorp/azurerm\"]",
      "instances": [
        {
          "schema_version": 0,
          "attributes": {
            "enabled_log": [
              {
                "category": "StorageDelete",
                "category_group": "",
                "retention_policy": [
                  {
                    "days": 0,
                    "enabled": false
                  }
                ]
              },
              {
                "category": "StorageRead",
                "category_group": "",
                "retention_policy": [
                  {
                    "days": 0,
                    "enabled": false
                  }
                ]
              },
              {
                "category": "StorageWrite",
                "category_group": "",
                "retention_policy": [
                  {
                    "days": 0,
                    "enabled": false
                  }
                ]
              }
            ],
            "eventhub_authorization_rule_id": "",
            "eventhub_name": "",
            "id": "/subscriptions/d94fe338-52d8-4a44-acd4-4f8301adf2cf/resourceGroups/dtf-work-spoke-rg/providers/Microsoft.Storage/storageAccounts/dtfworkstorage/tableServices/default/|dtfworkstorage-table-diagnostic",
            "log": [
              {
                "category": "StorageDelete",
                "category_group": "",
                "enabled": true,
                "retention_policy": [
                  {
                    "days": 0,
                    "enabled": false
                  }
                ]
              },
              {
                "category": "StorageRead",
                "category_group": "",
                "enabled": true,
                "retention_policy": [
                  {
                    "days": 0,
                    "enabled": false
                  }
                ]
              },
              {
                "category": "StorageWrite",
                "category_group": "",
                "enabled": true,
                "retention_policy": [
                  {
                    "days": 0,
                    "enabled": false
                  }
                ]
              }
            ],
            "log_analytics_destination_type": "",
            "log_analytics_workspace_id": "/subscriptions/d94fe338-52d8-4a44-acd4-4f8301adf2cf/resourceGroups/dtf-hub-rg/providers/Microsoft.OperationalInsights/workspaces/dtf-hub-log-analytics-workspace",
            "metric": [
              {
                "category": "Capacity",
                "enabled": true,
                "retention_policy": [
                  {
                    "days": 0,
                    "enabled": false
                  }
                ]
              },
              {
                "category": "Transaction",
                "enabled": true,
                "retention_policy": [
                  {
                    "days": 0,
                    "enabled": false
                  }
                ]
              }
            ],
            "name": "dtfworkstorage-table-diagnostic",
            "partner_solution_id": null,
            "storage_account_id": null,
            "target_resource_id": "/subscriptions/d94fe338-52d8-4a44-acd4-4f8301adf2cf/resourceGroups/dtf-work-spoke-rg/providers/Microsoft.Storage/storageAccounts/dtfworkstorage/tableServices/default/",
            "timeouts": null
          },
          "sensitive_attributes": [],
          "private": "eyJlMmJmYjczMC1lY2FhLTExZTYtOGY4OC0zNDM2M2JjN2M0YzAiOnsiY3JlYXRlIjoxODAwMDAwMDAwMDAwLCJkZWxldGUiOjM2MDAwMDAwMDAwMDAsInJlYWQiOjMwMDAwMDAwMDAwMCwidXBkYXRlIjoxODAwMDAwMDAwMDAwfX0=",
          "dependencies": [
            "azurerm_resource_group.hub",
            "azurerm_resource_group.work",
            "module.hub_log_analytics.azurerm_log_analytics_workspace.log_analytics",
            "module.work_storage_account.azurerm_storage_account.storage",
            "module.work_storage_account.module.subresources_diagnostics.data.azurerm_monitor_diagnostic_categories.categories"
          ]
        }
      ]
    },
    {
      "module": "module.work_subresources_private_endpoints[\"blob\"]",
      "mode": "managed",
      "type": "azurerm_private_dns_zone",
      "name": "dns_zone",
      "provider": "provider[\"registry.terraform.io/hashicorp/azurerm\"]",
      "instances": [
        {
          "index_key": 0,
          "schema_version": 0,
          "attributes": {
            "id": "/subscriptions/d94fe338-52d8-4a44-acd4-4f8301adf2cf/resourceGroups/dtf-work-spoke-rg/providers/Microsoft.Network/privateDnsZones/privatelink.blob.core.windows.net",
            "max_number_of_record_sets": 25000,
            "max_number_of_virtual_network_links": 1000,
            "max_number_of_virtual_network_links_with_registration": 100,
            "name": "privatelink.blob.core.windows.net",
            "number_of_record_sets": 2,
            "resource_group_name": "dtf-work-spoke-rg",
            "soa_record": [
              {
                "email": "azureprivatedns-host.microsoft.com",
                "expire_time": 2419200,
                "fqdn": "privatelink.blob.core.windows.net.",
                "host_name": "azureprivatedns.net",
                "minimum_ttl": 10,
                "refresh_time": 3600,
                "retry_time": 300,
                "serial_number": 1,
                "tags": {},
                "ttl": 3600
              }
            ],
            "tags": {
              "CreationDateTime": "2023-08-01T10:46:18.5007946Z",
              "Environment": "Dev"
            },
            "timeouts": null
          },
          "sensitive_attributes": [],
          "private": "eyJlMmJmYjczMC1lY2FhLTExZTYtOGY4OC0zNDM2M2JjN2M0YzAiOnsiY3JlYXRlIjoxODAwMDAwMDAwMDAwLCJkZWxldGUiOjE4MDAwMDAwMDAwMDAsInJlYWQiOjMwMDAwMDAwMDAwMCwidXBkYXRlIjoxODAwMDAwMDAwMDAwfX0=",
          "dependencies": [
            "azurerm_resource_group.work"
          ]
        }
      ]
    },
    {
      "module": "module.work_subresources_private_endpoints[\"blob\"]",
      "mode": "managed",
      "type": "azurerm_private_dns_zone_virtual_network_link",
      "name": "vnet_links",
      "provider": "provider[\"registry.terraform.io/hashicorp/azurerm\"]",
      "instances": [
        {
          "index_key": "work-link",
          "schema_version": 0,
          "attributes": {
            "id": "/subscriptions/d94fe338-52d8-4a44-acd4-4f8301adf2cf/resourceGroups/dtf-work-spoke-rg/providers/Microsoft.Network/privateDnsZones/privatelink.blob.core.windows.net/virtualNetworkLinks/work-link",
            "name": "work-link",
            "private_dns_zone_name": "privatelink.blob.core.windows.net",
            "registration_enabled": false,
            "resource_group_name": "dtf-work-spoke-rg",
            "tags": {
              "CreationDateTime": "2023-08-01T10:47:00.3592260Z",
              "Environment": "Dev"
            },
            "timeouts": null,
            "virtual_network_id": "/subscriptions/d94fe338-52d8-4a44-acd4-4f8301adf2cf/resourceGroups/dtf-work-spoke-rg/providers/Microsoft.Network/virtualNetworks/dtf-work-vnet"
          },
          "sensitive_attributes": [],
          "private": "eyJlMmJmYjczMC1lY2FhLTExZTYtOGY4OC0zNDM2M2JjN2M0YzAiOnsiY3JlYXRlIjoxODAwMDAwMDAwMDAwLCJkZWxldGUiOjE4MDAwMDAwMDAwMDAsInJlYWQiOjMwMDAwMDAwMDAwMCwidXBkYXRlIjoxODAwMDAwMDAwMDAwfX0=",
          "dependencies": [
            "azurerm_resource_group.work",
            "module.work_subresources_private_endpoints.azurerm_private_dns_zone.dns_zone",
            "module.work_virtual_network.azurerm_virtual_network.vnet"
          ]
        }
      ]
    },
    {
      "module": "module.work_subresources_private_endpoints[\"blob\"]",
      "mode": "managed",
      "type": "azurerm_private_endpoint",
      "name": "private_endpoint",
      "provider": "provider[\"registry.terraform.io/hashicorp/azurerm\"]",
      "instances": [
        {
          "schema_version": 0,
          "attributes": {
            "custom_dns_configs": [],
            "custom_network_interface_name": "",
            "id": "/subscriptions/d94fe338-52d8-4a44-acd4-4f8301adf2cf/resourceGroups/dtf-work-spoke-rg/providers/Microsoft.Network/privateEndpoints/dtf-work-blob-pe",
            "ip_configuration": [],
            "location": "westeurope",
            "name": "dtf-work-blob-pe",
            "network_interface": [
              {
                "id": "/subscriptions/d94fe338-52d8-4a44-acd4-4f8301adf2cf/resourceGroups/dtf-work-spoke-rg/providers/Microsoft.Network/networkInterfaces/dtf-work-blob-pe.nic.fb41a0ca-ecc0-4ad5-af1e-e845f7f69a2c",
                "name": "dtf-work-blob-pe.nic.fb41a0ca-ecc0-4ad5-af1e-e845f7f69a2c"
              }
            ],
            "private_dns_zone_configs": [
              {
                "id": "/subscriptions/d94fe338-52d8-4a44-acd4-4f8301adf2cf/resourceGroups/dtf-work-spoke-rg/providers/Microsoft.Network/privateEndpoints/dtf-work-blob-pe/privateDnsZoneGroups/private-endpoint/privateDnsZoneConfigs/privatelink.blob.core.windows.net",
                "name": "privatelink.blob.core.windows.net",
                "private_dns_zone_id": "/subscriptions/d94fe338-52d8-4a44-acd4-4f8301adf2cf/resourceGroups/dtf-work-spoke-rg/providers/Microsoft.Network/privateDnsZones/privatelink.blob.core.windows.net",
                "record_sets": [
                  {
                    "fqdn": "dtfworkstorage.privatelink.blob.core.windows.net",
                    "ip_addresses": [
                      "10.1.1.4"
                    ],
                    "name": "dtfworkstorage",
                    "ttl": 10,
                    "type": "A"
                  }
                ]
              }
            ],
            "private_dns_zone_group": [
              {
                "id": "/subscriptions/d94fe338-52d8-4a44-acd4-4f8301adf2cf/resourceGroups/dtf-work-spoke-rg/providers/Microsoft.Network/privateEndpoints/dtf-work-blob-pe/privateDnsZoneGroups/private-endpoint",
                "name": "private-endpoint",
                "private_dns_zone_ids": [
                  "/subscriptions/d94fe338-52d8-4a44-acd4-4f8301adf2cf/resourceGroups/dtf-work-spoke-rg/providers/Microsoft.Network/privateDnsZones/privatelink.blob.core.windows.net"
                ]
              }
            ],
            "private_service_connection": [
              {
                "is_manual_connection": false,
                "name": "private-connection",
                "private_connection_resource_alias": "",
                "private_connection_resource_id": "/subscriptions/d94fe338-52d8-4a44-acd4-4f8301adf2cf/resourceGroups/dtf-work-spoke-rg/providers/Microsoft.Storage/storageAccounts/dtfworkstorage",
                "private_ip_address": "10.1.1.4",
                "request_message": "",
                "subresource_names": [
                  "blob"
                ]
              }
            ],
            "resource_group_name": "dtf-work-spoke-rg",
            "subnet_id": "/subscriptions/d94fe338-52d8-4a44-acd4-4f8301adf2cf/resourceGroups/dtf-work-spoke-rg/providers/Microsoft.Network/virtualNetworks/dtf-work-vnet/subnets/StorageSubnet",
            "tags": {
              "CreationDateTime": "2023-08-01T10:48:10.7885367Z",
              "Environment": "Dev"
            },
            "timeouts": null
          },
          "sensitive_attributes": [],
          "private": "eyJlMmJmYjczMC1lY2FhLTExZTYtOGY4OC0zNDM2M2JjN2M0YzAiOnsiY3JlYXRlIjozNjAwMDAwMDAwMDAwLCJkZWxldGUiOjM2MDAwMDAwMDAwMDAsInJlYWQiOjMwMDAwMDAwMDAwMCwidXBkYXRlIjozNjAwMDAwMDAwMDAwfX0=",
          "dependencies": [
            "azurerm_resource_group.hub",
            "azurerm_resource_group.work",
            "module.hub_log_analytics.azurerm_log_analytics_workspace.log_analytics",
            "module.work_network_security_groups.azurerm_network_security_group.nsg",
            "module.work_network_security_groups.azurerm_network_security_rule.rules",
            "module.work_network_security_groups.module.nsg_diagnostic.azurerm_monitor_diagnostic_setting.diagnostics",
            "module.work_network_security_groups.module.nsg_diagnostic.data.azurerm_monitor_diagnostic_categories.categories",
            "module.work_route_tables.azurerm_route.routes",
            "module.work_route_tables.azurerm_route_table.rt",
            "module.work_storage_account.azurerm_storage_account.storage",
            "module.work_subresources_private_endpoints.azurerm_private_dns_zone.dns_zone",
            "module.work_virtual_network.azurerm_resource_group_template_deployment.subnets",
            "module.work_virtual_network.azurerm_virtual_network.vnet"
          ]
        }
      ]
    },
    {
      "module": "module.work_subresources_private_endpoints[\"blob\"].module.nic-diagnostic",
      "mode": "data",
      "type": "azurerm_monitor_diagnostic_categories",
      "name": "categories",
      "provider": "provider[\"registry.terraform.io/hashicorp/azurerm\"]",
      "instances": [
        {
          "schema_version": 0,
          "attributes": {
            "id": "/subscriptions/d94fe338-52d8-4a44-acd4-4f8301adf2cf/resourceGroups/dtf-work-spoke-rg/providers/Microsoft.Network/networkInterfaces/dtf-work-blob-pe.nic.fb41a0ca-ecc0-4ad5-af1e-e845f7f69a2c",
            "log_category_groups": [],
            "log_category_types": [],
            "logs": [],
            "metrics": [
              "AllMetrics"
            ],
            "resource_id": "/subscriptions/d94fe338-52d8-4a44-acd4-4f8301adf2cf/resourceGroups/dtf-work-spoke-rg/providers/Microsoft.Network/networkInterfaces/dtf-work-blob-pe.nic.fb41a0ca-ecc0-4ad5-af1e-e845f7f69a2c",
            "timeouts": null
          },
          "sensitive_attributes": []
        }
      ]
    },
    {
      "module": "module.work_subresources_private_endpoints[\"blob\"].module.nic-diagnostic",
      "mode": "managed",
      "type": "azurerm_monitor_diagnostic_setting",
      "name": "diagnostics",
      "provider": "provider[\"registry.terraform.io/hashicorp/azurerm\"]",
      "instances": [
        {
          "schema_version": 0,
          "attributes": {
            "enabled_log": [],
            "eventhub_authorization_rule_id": "",
            "eventhub_name": "",
            "id": "/subscriptions/d94fe338-52d8-4a44-acd4-4f8301adf2cf/resourceGroups/dtf-work-spoke-rg/providers/Microsoft.Network/networkInterfaces/dtf-work-blob-pe.nic.fb41a0ca-ecc0-4ad5-af1e-e845f7f69a2c|dtf-work-blob-pe.nic.fb41a0ca-ecc0-4ad5-af1e-e845f7f69a2c-diagnostic",
            "log": [],
            "log_analytics_destination_type": "",
            "log_analytics_workspace_id": "/subscriptions/d94fe338-52d8-4a44-acd4-4f8301adf2cf/resourceGroups/dtf-hub-rg/providers/Microsoft.OperationalInsights/workspaces/dtf-hub-log-analytics-workspace",
            "metric": [
              {
                "category": "AllMetrics",
                "enabled": true,
                "retention_policy": [
                  {
                    "days": 0,
                    "enabled": false
                  }
                ]
              }
            ],
            "name": "dtf-work-blob-pe.nic.fb41a0ca-ecc0-4ad5-af1e-e845f7f69a2c-diagnostic",
            "partner_solution_id": null,
            "storage_account_id": null,
            "target_resource_id": "/subscriptions/d94fe338-52d8-4a44-acd4-4f8301adf2cf/resourceGroups/dtf-work-spoke-rg/providers/Microsoft.Network/networkInterfaces/dtf-work-blob-pe.nic.fb41a0ca-ecc0-4ad5-af1e-e845f7f69a2c",
            "timeouts": null
          },
          "sensitive_attributes": [],
          "private": "eyJlMmJmYjczMC1lY2FhLTExZTYtOGY4OC0zNDM2M2JjN2M0YzAiOnsiY3JlYXRlIjoxODAwMDAwMDAwMDAwLCJkZWxldGUiOjM2MDAwMDAwMDAwMDAsInJlYWQiOjMwMDAwMDAwMDAwMCwidXBkYXRlIjoxODAwMDAwMDAwMDAwfX0=",
          "dependencies": [
            "azurerm_resource_group.hub",
            "azurerm_resource_group.work",
            "module.hub_log_analytics.azurerm_log_analytics_workspace.log_analytics",
            "module.work_network_security_groups.azurerm_network_security_group.nsg",
            "module.work_network_security_groups.azurerm_network_security_rule.rules",
            "module.work_network_security_groups.module.nsg_diagnostic.azurerm_monitor_diagnostic_setting.diagnostics",
            "module.work_network_security_groups.module.nsg_diagnostic.data.azurerm_monitor_diagnostic_categories.categories",
            "module.work_route_tables.azurerm_route.routes",
            "module.work_route_tables.azurerm_route_table.rt",
            "module.work_storage_account.azurerm_storage_account.storage",
            "module.work_subresources_private_endpoints.azurerm_private_dns_zone.dns_zone",
            "module.work_subresources_private_endpoints.azurerm_private_endpoint.private_endpoint",
            "module.work_subresources_private_endpoints.module.nic-diagnostic.data.azurerm_monitor_diagnostic_categories.categories",
            "module.work_virtual_network.azurerm_resource_group_template_deployment.subnets",
            "module.work_virtual_network.azurerm_virtual_network.vnet"
          ]
        }
      ]
    },
    {
      "module": "module.work_subresources_private_endpoints[\"file\"]",
      "mode": "managed",
      "type": "azurerm_private_dns_zone",
      "name": "dns_zone",
      "provider": "provider[\"registry.terraform.io/hashicorp/azurerm\"]",
      "instances": [
        {
          "index_key": 0,
          "schema_version": 0,
          "attributes": {
            "id": "/subscriptions/d94fe338-52d8-4a44-acd4-4f8301adf2cf/resourceGroups/dtf-work-spoke-rg/providers/Microsoft.Network/privateDnsZones/privatelink.file.core.windows.net",
            "max_number_of_record_sets": 25000,
            "max_number_of_virtual_network_links": 1000,
            "max_number_of_virtual_network_links_with_registration": 100,
            "name": "privatelink.file.core.windows.net",
            "number_of_record_sets": 2,
            "resource_group_name": "dtf-work-spoke-rg",
            "soa_record": [
              {
                "email": "azureprivatedns-host.microsoft.com",
                "expire_time": 2419200,
                "fqdn": "privatelink.file.core.windows.net.",
                "host_name": "azureprivatedns.net",
                "minimum_ttl": 10,
                "refresh_time": 3600,
                "retry_time": 300,
                "serial_number": 1,
                "tags": {},
                "ttl": 3600
              }
            ],
            "tags": {
              "CreationDateTime": "2023-08-01T10:46:18.4466965Z",
              "Environment": "Dev"
            },
            "timeouts": null
          },
          "sensitive_attributes": [],
          "private": "eyJlMmJmYjczMC1lY2FhLTExZTYtOGY4OC0zNDM2M2JjN2M0YzAiOnsiY3JlYXRlIjoxODAwMDAwMDAwMDAwLCJkZWxldGUiOjE4MDAwMDAwMDAwMDAsInJlYWQiOjMwMDAwMDAwMDAwMCwidXBkYXRlIjoxODAwMDAwMDAwMDAwfX0=",
          "dependencies": [
            "azurerm_resource_group.work"
          ]
        }
      ]
    },
    {
      "module": "module.work_subresources_private_endpoints[\"file\"]",
      "mode": "managed",
      "type": "azurerm_private_dns_zone_virtual_network_link",
      "name": "vnet_links",
      "provider": "provider[\"registry.terraform.io/hashicorp/azurerm\"]",
      "instances": [
        {
          "index_key": "work-link",
          "schema_version": 0,
          "attributes": {
            "id": "/subscriptions/d94fe338-52d8-4a44-acd4-4f8301adf2cf/resourceGroups/dtf-work-spoke-rg/providers/Microsoft.Network/privateDnsZones/privatelink.file.core.windows.net/virtualNetworkLinks/work-link",
            "name": "work-link",
            "private_dns_zone_name": "privatelink.file.core.windows.net",
            "registration_enabled": false,
            "resource_group_name": "dtf-work-spoke-rg",
            "tags": {
              "CreationDateTime": "2023-08-01T10:46:59.5853076Z",
              "Environment": "Dev"
            },
            "timeouts": null,
            "virtual_network_id": "/subscriptions/d94fe338-52d8-4a44-acd4-4f8301adf2cf/resourceGroups/dtf-work-spoke-rg/providers/Microsoft.Network/virtualNetworks/dtf-work-vnet"
          },
          "sensitive_attributes": [],
          "private": "eyJlMmJmYjczMC1lY2FhLTExZTYtOGY4OC0zNDM2M2JjN2M0YzAiOnsiY3JlYXRlIjoxODAwMDAwMDAwMDAwLCJkZWxldGUiOjE4MDAwMDAwMDAwMDAsInJlYWQiOjMwMDAwMDAwMDAwMCwidXBkYXRlIjoxODAwMDAwMDAwMDAwfX0=",
          "dependencies": [
            "azurerm_resource_group.work",
            "module.work_subresources_private_endpoints.azurerm_private_dns_zone.dns_zone",
            "module.work_virtual_network.azurerm_virtual_network.vnet"
          ]
        }
      ]
    },
    {
      "module": "module.work_subresources_private_endpoints[\"file\"]",
      "mode": "managed",
      "type": "azurerm_private_endpoint",
      "name": "private_endpoint",
      "provider": "provider[\"registry.terraform.io/hashicorp/azurerm\"]",
      "instances": [
        {
          "schema_version": 0,
          "attributes": {
            "custom_dns_configs": [],
            "custom_network_interface_name": "",
            "id": "/subscriptions/d94fe338-52d8-4a44-acd4-4f8301adf2cf/resourceGroups/dtf-work-spoke-rg/providers/Microsoft.Network/privateEndpoints/dtf-work-file-pe",
            "ip_configuration": [],
            "location": "westeurope",
            "name": "dtf-work-file-pe",
            "network_interface": [
              {
                "id": "/subscriptions/d94fe338-52d8-4a44-acd4-4f8301adf2cf/resourceGroups/dtf-work-spoke-rg/providers/Microsoft.Network/networkInterfaces/dtf-work-file-pe.nic.ed4e87e0-cd69-4f5d-b032-768bd3b0c6d5",
                "name": "dtf-work-file-pe.nic.ed4e87e0-cd69-4f5d-b032-768bd3b0c6d5"
              }
            ],
            "private_dns_zone_configs": [
              {
                "id": "/subscriptions/d94fe338-52d8-4a44-acd4-4f8301adf2cf/resourceGroups/dtf-work-spoke-rg/providers/Microsoft.Network/privateEndpoints/dtf-work-file-pe/privateDnsZoneGroups/private-endpoint/privateDnsZoneConfigs/privatelink.file.core.windows.net",
                "name": "privatelink.file.core.windows.net",
                "private_dns_zone_id": "/subscriptions/d94fe338-52d8-4a44-acd4-4f8301adf2cf/resourceGroups/dtf-work-spoke-rg/providers/Microsoft.Network/privateDnsZones/privatelink.file.core.windows.net",
                "record_sets": [
                  {
                    "fqdn": "dtfworkstorage.privatelink.file.core.windows.net",
                    "ip_addresses": [
                      "10.1.1.7"
                    ],
                    "name": "dtfworkstorage",
                    "ttl": 10,
                    "type": "A"
                  }
                ]
              }
            ],
            "private_dns_zone_group": [
              {
                "id": "/subscriptions/d94fe338-52d8-4a44-acd4-4f8301adf2cf/resourceGroups/dtf-work-spoke-rg/providers/Microsoft.Network/privateEndpoints/dtf-work-file-pe/privateDnsZoneGroups/private-endpoint",
                "name": "private-endpoint",
                "private_dns_zone_ids": [
                  "/subscriptions/d94fe338-52d8-4a44-acd4-4f8301adf2cf/resourceGroups/dtf-work-spoke-rg/providers/Microsoft.Network/privateDnsZones/privatelink.file.core.windows.net"
                ]
              }
            ],
            "private_service_connection": [
              {
                "is_manual_connection": false,
                "name": "private-connection",
                "private_connection_resource_alias": "",
                "private_connection_resource_id": "/subscriptions/d94fe338-52d8-4a44-acd4-4f8301adf2cf/resourceGroups/dtf-work-spoke-rg/providers/Microsoft.Storage/storageAccounts/dtfworkstorage",
                "private_ip_address": "10.1.1.7",
                "request_message": "",
                "subresource_names": [
                  "file"
                ]
              }
            ],
            "resource_group_name": "dtf-work-spoke-rg",
            "subnet_id": "/subscriptions/d94fe338-52d8-4a44-acd4-4f8301adf2cf/resourceGroups/dtf-work-spoke-rg/providers/Microsoft.Network/virtualNetworks/dtf-work-vnet/subnets/StorageSubnet",
            "tags": {
              "CreationDateTime": "2023-08-01T10:50:58.5142990Z",
              "Environment": "Dev"
            },
            "timeouts": null
          },
          "sensitive_attributes": [],
          "private": "eyJlMmJmYjczMC1lY2FhLTExZTYtOGY4OC0zNDM2M2JjN2M0YzAiOnsiY3JlYXRlIjozNjAwMDAwMDAwMDAwLCJkZWxldGUiOjM2MDAwMDAwMDAwMDAsInJlYWQiOjMwMDAwMDAwMDAwMCwidXBkYXRlIjozNjAwMDAwMDAwMDAwfX0=",
          "dependencies": [
            "azurerm_resource_group.hub",
            "azurerm_resource_group.work",
            "module.hub_log_analytics.azurerm_log_analytics_workspace.log_analytics",
            "module.work_network_security_groups.azurerm_network_security_group.nsg",
            "module.work_network_security_groups.azurerm_network_security_rule.rules",
            "module.work_network_security_groups.module.nsg_diagnostic.azurerm_monitor_diagnostic_setting.diagnostics",
            "module.work_network_security_groups.module.nsg_diagnostic.data.azurerm_monitor_diagnostic_categories.categories",
            "module.work_route_tables.azurerm_route.routes",
            "module.work_route_tables.azurerm_route_table.rt",
            "module.work_storage_account.azurerm_storage_account.storage",
            "module.work_subresources_private_endpoints.azurerm_private_dns_zone.dns_zone",
            "module.work_virtual_network.azurerm_resource_group_template_deployment.subnets",
            "module.work_virtual_network.azurerm_virtual_network.vnet"
          ]
        }
      ]
    },
    {
      "module": "module.work_subresources_private_endpoints[\"file\"].module.nic-diagnostic",
      "mode": "data",
      "type": "azurerm_monitor_diagnostic_categories",
      "name": "categories",
      "provider": "provider[\"registry.terraform.io/hashicorp/azurerm\"]",
      "instances": [
        {
          "schema_version": 0,
          "attributes": {
            "id": "/subscriptions/d94fe338-52d8-4a44-acd4-4f8301adf2cf/resourceGroups/dtf-work-spoke-rg/providers/Microsoft.Network/networkInterfaces/dtf-work-file-pe.nic.ed4e87e0-cd69-4f5d-b032-768bd3b0c6d5",
            "log_category_groups": [],
            "log_category_types": [],
            "logs": [],
            "metrics": [
              "AllMetrics"
            ],
            "resource_id": "/subscriptions/d94fe338-52d8-4a44-acd4-4f8301adf2cf/resourceGroups/dtf-work-spoke-rg/providers/Microsoft.Network/networkInterfaces/dtf-work-file-pe.nic.ed4e87e0-cd69-4f5d-b032-768bd3b0c6d5",
            "timeouts": null
          },
          "sensitive_attributes": []
        }
      ]
    },
    {
      "module": "module.work_subresources_private_endpoints[\"file\"].module.nic-diagnostic",
      "mode": "managed",
      "type": "azurerm_monitor_diagnostic_setting",
      "name": "diagnostics",
      "provider": "provider[\"registry.terraform.io/hashicorp/azurerm\"]",
      "instances": [
        {
          "schema_version": 0,
          "attributes": {
            "enabled_log": [],
            "eventhub_authorization_rule_id": "",
            "eventhub_name": "",
            "id": "/subscriptions/d94fe338-52d8-4a44-acd4-4f8301adf2cf/resourceGroups/dtf-work-spoke-rg/providers/Microsoft.Network/networkInterfaces/dtf-work-file-pe.nic.ed4e87e0-cd69-4f5d-b032-768bd3b0c6d5|dtf-work-file-pe.nic.ed4e87e0-cd69-4f5d-b032-768bd3b0c6d5-diagnostic",
            "log": [],
            "log_analytics_destination_type": "",
            "log_analytics_workspace_id": "/subscriptions/d94fe338-52d8-4a44-acd4-4f8301adf2cf/resourceGroups/dtf-hub-rg/providers/Microsoft.OperationalInsights/workspaces/dtf-hub-log-analytics-workspace",
            "metric": [
              {
                "category": "AllMetrics",
                "enabled": true,
                "retention_policy": [
                  {
                    "days": 0,
                    "enabled": false
                  }
                ]
              }
            ],
            "name": "dtf-work-file-pe.nic.ed4e87e0-cd69-4f5d-b032-768bd3b0c6d5-diagnostic",
            "partner_solution_id": null,
            "storage_account_id": null,
            "target_resource_id": "/subscriptions/d94fe338-52d8-4a44-acd4-4f8301adf2cf/resourceGroups/dtf-work-spoke-rg/providers/Microsoft.Network/networkInterfaces/dtf-work-file-pe.nic.ed4e87e0-cd69-4f5d-b032-768bd3b0c6d5",
            "timeouts": null
          },
          "sensitive_attributes": [],
          "private": "eyJlMmJmYjczMC1lY2FhLTExZTYtOGY4OC0zNDM2M2JjN2M0YzAiOnsiY3JlYXRlIjoxODAwMDAwMDAwMDAwLCJkZWxldGUiOjM2MDAwMDAwMDAwMDAsInJlYWQiOjMwMDAwMDAwMDAwMCwidXBkYXRlIjoxODAwMDAwMDAwMDAwfX0=",
          "dependencies": [
            "azurerm_resource_group.hub",
            "azurerm_resource_group.work",
            "module.hub_log_analytics.azurerm_log_analytics_workspace.log_analytics",
            "module.work_network_security_groups.azurerm_network_security_group.nsg",
            "module.work_network_security_groups.azurerm_network_security_rule.rules",
            "module.work_network_security_groups.module.nsg_diagnostic.azurerm_monitor_diagnostic_setting.diagnostics",
            "module.work_network_security_groups.module.nsg_diagnostic.data.azurerm_monitor_diagnostic_categories.categories",
            "module.work_route_tables.azurerm_route.routes",
            "module.work_route_tables.azurerm_route_table.rt",
            "module.work_storage_account.azurerm_storage_account.storage",
            "module.work_subresources_private_endpoints.azurerm_private_dns_zone.dns_zone",
            "module.work_subresources_private_endpoints.azurerm_private_endpoint.private_endpoint",
            "module.work_subresources_private_endpoints.module.nic-diagnostic.data.azurerm_monitor_diagnostic_categories.categories",
            "module.work_virtual_network.azurerm_resource_group_template_deployment.subnets",
            "module.work_virtual_network.azurerm_virtual_network.vnet"
          ]
        }
      ]
    },
    {
      "module": "module.work_subresources_private_endpoints[\"queue\"]",
      "mode": "managed",
      "type": "azurerm_private_dns_zone",
      "name": "dns_zone",
      "provider": "provider[\"registry.terraform.io/hashicorp/azurerm\"]",
      "instances": [
        {
          "index_key": 0,
          "schema_version": 0,
          "attributes": {
            "id": "/subscriptions/d94fe338-52d8-4a44-acd4-4f8301adf2cf/resourceGroups/dtf-work-spoke-rg/providers/Microsoft.Network/privateDnsZones/privatelink.queue.core.windows.net",
            "max_number_of_record_sets": 25000,
            "max_number_of_virtual_network_links": 1000,
            "max_number_of_virtual_network_links_with_registration": 100,
            "name": "privatelink.queue.core.windows.net",
            "number_of_record_sets": 2,
            "resource_group_name": "dtf-work-spoke-rg",
            "soa_record": [
              {
                "email": "azureprivatedns-host.microsoft.com",
                "expire_time": 2419200,
                "fqdn": "privatelink.queue.core.windows.net.",
                "host_name": "azureprivatedns.net",
                "minimum_ttl": 10,
                "refresh_time": 3600,
                "retry_time": 300,
                "serial_number": 1,
                "tags": {},
                "ttl": 3600
              }
            ],
            "tags": {
              "CreationDateTime": "2023-08-01T10:46:17.2637162Z",
              "Environment": "Dev"
            },
            "timeouts": null
          },
          "sensitive_attributes": [],
          "private": "eyJlMmJmYjczMC1lY2FhLTExZTYtOGY4OC0zNDM2M2JjN2M0YzAiOnsiY3JlYXRlIjoxODAwMDAwMDAwMDAwLCJkZWxldGUiOjE4MDAwMDAwMDAwMDAsInJlYWQiOjMwMDAwMDAwMDAwMCwidXBkYXRlIjoxODAwMDAwMDAwMDAwfX0=",
          "dependencies": [
            "azurerm_resource_group.work"
          ]
        }
      ]
    },
    {
      "module": "module.work_subresources_private_endpoints[\"queue\"]",
      "mode": "managed",
      "type": "azurerm_private_dns_zone_virtual_network_link",
      "name": "vnet_links",
      "provider": "provider[\"registry.terraform.io/hashicorp/azurerm\"]",
      "instances": [
        {
          "index_key": "work-link",
          "schema_version": 0,
          "attributes": {
            "id": "/subscriptions/d94fe338-52d8-4a44-acd4-4f8301adf2cf/resourceGroups/dtf-work-spoke-rg/providers/Microsoft.Network/privateDnsZones/privatelink.queue.core.windows.net/virtualNetworkLinks/work-link",
            "name": "work-link",
            "private_dns_zone_name": "privatelink.queue.core.windows.net",
            "registration_enabled": false,
            "resource_group_name": "dtf-work-spoke-rg",
            "tags": {
              "CreationDateTime": "2023-08-01T10:46:59.8000348Z",
              "Environment": "Dev"
            },
            "timeouts": null,
            "virtual_network_id": "/subscriptions/d94fe338-52d8-4a44-acd4-4f8301adf2cf/resourceGroups/dtf-work-spoke-rg/providers/Microsoft.Network/virtualNetworks/dtf-work-vnet"
          },
          "sensitive_attributes": [],
          "private": "eyJlMmJmYjczMC1lY2FhLTExZTYtOGY4OC0zNDM2M2JjN2M0YzAiOnsiY3JlYXRlIjoxODAwMDAwMDAwMDAwLCJkZWxldGUiOjE4MDAwMDAwMDAwMDAsInJlYWQiOjMwMDAwMDAwMDAwMCwidXBkYXRlIjoxODAwMDAwMDAwMDAwfX0=",
          "dependencies": [
            "azurerm_resource_group.work",
            "module.work_subresources_private_endpoints.azurerm_private_dns_zone.dns_zone",
            "module.work_virtual_network.azurerm_virtual_network.vnet"
          ]
        }
      ]
    },
    {
      "module": "module.work_subresources_private_endpoints[\"queue\"]",
      "mode": "managed",
      "type": "azurerm_private_endpoint",
      "name": "private_endpoint",
      "provider": "provider[\"registry.terraform.io/hashicorp/azurerm\"]",
      "instances": [
        {
          "schema_version": 0,
          "attributes": {
            "custom_dns_configs": [],
            "custom_network_interface_name": "",
            "id": "/subscriptions/d94fe338-52d8-4a44-acd4-4f8301adf2cf/resourceGroups/dtf-work-spoke-rg/providers/Microsoft.Network/privateEndpoints/dtf-work-queue-pe",
            "ip_configuration": [],
            "location": "westeurope",
            "name": "dtf-work-queue-pe",
            "network_interface": [
              {
                "id": "/subscriptions/d94fe338-52d8-4a44-acd4-4f8301adf2cf/resourceGroups/dtf-work-spoke-rg/providers/Microsoft.Network/networkInterfaces/dtf-work-queue-pe.nic.809154da-4024-4f65-a226-4cd8bbda5054",
                "name": "dtf-work-queue-pe.nic.809154da-4024-4f65-a226-4cd8bbda5054"
              }
            ],
            "private_dns_zone_configs": [
              {
                "id": "/subscriptions/d94fe338-52d8-4a44-acd4-4f8301adf2cf/resourceGroups/dtf-work-spoke-rg/providers/Microsoft.Network/privateEndpoints/dtf-work-queue-pe/privateDnsZoneGroups/private-endpoint/privateDnsZoneConfigs/privatelink.queue.core.windows.net",
                "name": "privatelink.queue.core.windows.net",
                "private_dns_zone_id": "/subscriptions/d94fe338-52d8-4a44-acd4-4f8301adf2cf/resourceGroups/dtf-work-spoke-rg/providers/Microsoft.Network/privateDnsZones/privatelink.queue.core.windows.net",
                "record_sets": [
                  {
                    "fqdn": "dtfworkstorage.privatelink.queue.core.windows.net",
                    "ip_addresses": [
                      "10.1.1.6"
                    ],
                    "name": "dtfworkstorage",
                    "ttl": 10,
                    "type": "A"
                  }
                ]
              }
            ],
            "private_dns_zone_group": [
              {
                "id": "/subscriptions/d94fe338-52d8-4a44-acd4-4f8301adf2cf/resourceGroups/dtf-work-spoke-rg/providers/Microsoft.Network/privateEndpoints/dtf-work-queue-pe/privateDnsZoneGroups/private-endpoint",
                "name": "private-endpoint",
                "private_dns_zone_ids": [
                  "/subscriptions/d94fe338-52d8-4a44-acd4-4f8301adf2cf/resourceGroups/dtf-work-spoke-rg/providers/Microsoft.Network/privateDnsZones/privatelink.queue.core.windows.net"
                ]
              }
            ],
            "private_service_connection": [
              {
                "is_manual_connection": false,
                "name": "private-connection",
                "private_connection_resource_alias": "",
                "private_connection_resource_id": "/subscriptions/d94fe338-52d8-4a44-acd4-4f8301adf2cf/resourceGroups/dtf-work-spoke-rg/providers/Microsoft.Storage/storageAccounts/dtfworkstorage",
                "private_ip_address": "10.1.1.6",
                "request_message": "",
                "subresource_names": [
                  "queue"
                ]
              }
            ],
            "resource_group_name": "dtf-work-spoke-rg",
            "subnet_id": "/subscriptions/d94fe338-52d8-4a44-acd4-4f8301adf2cf/resourceGroups/dtf-work-spoke-rg/providers/Microsoft.Network/virtualNetworks/dtf-work-vnet/subnets/StorageSubnet",
            "tags": {
              "CreationDateTime": "2023-08-01T10:50:03.3674191Z",
              "Environment": "Dev"
            },
            "timeouts": null
          },
          "sensitive_attributes": [],
          "private": "eyJlMmJmYjczMC1lY2FhLTExZTYtOGY4OC0zNDM2M2JjN2M0YzAiOnsiY3JlYXRlIjozNjAwMDAwMDAwMDAwLCJkZWxldGUiOjM2MDAwMDAwMDAwMDAsInJlYWQiOjMwMDAwMDAwMDAwMCwidXBkYXRlIjozNjAwMDAwMDAwMDAwfX0=",
          "dependencies": [
            "azurerm_resource_group.hub",
            "azurerm_resource_group.work",
            "module.hub_log_analytics.azurerm_log_analytics_workspace.log_analytics",
            "module.work_network_security_groups.azurerm_network_security_group.nsg",
            "module.work_network_security_groups.azurerm_network_security_rule.rules",
            "module.work_network_security_groups.module.nsg_diagnostic.azurerm_monitor_diagnostic_setting.diagnostics",
            "module.work_network_security_groups.module.nsg_diagnostic.data.azurerm_monitor_diagnostic_categories.categories",
            "module.work_route_tables.azurerm_route.routes",
            "module.work_route_tables.azurerm_route_table.rt",
            "module.work_storage_account.azurerm_storage_account.storage",
            "module.work_subresources_private_endpoints.azurerm_private_dns_zone.dns_zone",
            "module.work_virtual_network.azurerm_resource_group_template_deployment.subnets",
            "module.work_virtual_network.azurerm_virtual_network.vnet"
          ]
        }
      ]
    },
    {
      "module": "module.work_subresources_private_endpoints[\"queue\"].module.nic-diagnostic",
      "mode": "data",
      "type": "azurerm_monitor_diagnostic_categories",
      "name": "categories",
      "provider": "provider[\"registry.terraform.io/hashicorp/azurerm\"]",
      "instances": [
        {
          "schema_version": 0,
          "attributes": {
            "id": "/subscriptions/d94fe338-52d8-4a44-acd4-4f8301adf2cf/resourceGroups/dtf-work-spoke-rg/providers/Microsoft.Network/networkInterfaces/dtf-work-queue-pe.nic.809154da-4024-4f65-a226-4cd8bbda5054",
            "log_category_groups": [],
            "log_category_types": [],
            "logs": [],
            "metrics": [
              "AllMetrics"
            ],
            "resource_id": "/subscriptions/d94fe338-52d8-4a44-acd4-4f8301adf2cf/resourceGroups/dtf-work-spoke-rg/providers/Microsoft.Network/networkInterfaces/dtf-work-queue-pe.nic.809154da-4024-4f65-a226-4cd8bbda5054",
            "timeouts": null
          },
          "sensitive_attributes": []
        }
      ]
    },
    {
      "module": "module.work_subresources_private_endpoints[\"queue\"].module.nic-diagnostic",
      "mode": "managed",
      "type": "azurerm_monitor_diagnostic_setting",
      "name": "diagnostics",
      "provider": "provider[\"registry.terraform.io/hashicorp/azurerm\"]",
      "instances": [
        {
          "schema_version": 0,
          "attributes": {
            "enabled_log": [],
            "eventhub_authorization_rule_id": "",
            "eventhub_name": "",
            "id": "/subscriptions/d94fe338-52d8-4a44-acd4-4f8301adf2cf/resourceGroups/dtf-work-spoke-rg/providers/Microsoft.Network/networkInterfaces/dtf-work-queue-pe.nic.809154da-4024-4f65-a226-4cd8bbda5054|dtf-work-queue-pe.nic.809154da-4024-4f65-a226-4cd8bbda5054-diagnostic",
            "log": [],
            "log_analytics_destination_type": "",
            "log_analytics_workspace_id": "/subscriptions/d94fe338-52d8-4a44-acd4-4f8301adf2cf/resourceGroups/dtf-hub-rg/providers/Microsoft.OperationalInsights/workspaces/dtf-hub-log-analytics-workspace",
            "metric": [
              {
                "category": "AllMetrics",
                "enabled": true,
                "retention_policy": [
                  {
                    "days": 0,
                    "enabled": false
                  }
                ]
              }
            ],
            "name": "dtf-work-queue-pe.nic.809154da-4024-4f65-a226-4cd8bbda5054-diagnostic",
            "partner_solution_id": null,
            "storage_account_id": null,
            "target_resource_id": "/subscriptions/d94fe338-52d8-4a44-acd4-4f8301adf2cf/resourceGroups/dtf-work-spoke-rg/providers/Microsoft.Network/networkInterfaces/dtf-work-queue-pe.nic.809154da-4024-4f65-a226-4cd8bbda5054",
            "timeouts": null
          },
          "sensitive_attributes": [],
          "private": "eyJlMmJmYjczMC1lY2FhLTExZTYtOGY4OC0zNDM2M2JjN2M0YzAiOnsiY3JlYXRlIjoxODAwMDAwMDAwMDAwLCJkZWxldGUiOjM2MDAwMDAwMDAwMDAsInJlYWQiOjMwMDAwMDAwMDAwMCwidXBkYXRlIjoxODAwMDAwMDAwMDAwfX0=",
          "dependencies": [
            "azurerm_resource_group.hub",
            "azurerm_resource_group.work",
            "module.hub_log_analytics.azurerm_log_analytics_workspace.log_analytics",
            "module.work_network_security_groups.azurerm_network_security_group.nsg",
            "module.work_network_security_groups.azurerm_network_security_rule.rules",
            "module.work_network_security_groups.module.nsg_diagnostic.azurerm_monitor_diagnostic_setting.diagnostics",
            "module.work_network_security_groups.module.nsg_diagnostic.data.azurerm_monitor_diagnostic_categories.categories",
            "module.work_route_tables.azurerm_route.routes",
            "module.work_route_tables.azurerm_route_table.rt",
            "module.work_storage_account.azurerm_storage_account.storage",
            "module.work_subresources_private_endpoints.azurerm_private_dns_zone.dns_zone",
            "module.work_subresources_private_endpoints.azurerm_private_endpoint.private_endpoint",
            "module.work_subresources_private_endpoints.module.nic-diagnostic.data.azurerm_monitor_diagnostic_categories.categories",
            "module.work_virtual_network.azurerm_resource_group_template_deployment.subnets",
            "module.work_virtual_network.azurerm_virtual_network.vnet"
          ]
        }
      ]
    },
    {
      "module": "module.work_subresources_private_endpoints[\"table\"]",
      "mode": "managed",
      "type": "azurerm_private_dns_zone",
      "name": "dns_zone",
      "provider": "provider[\"registry.terraform.io/hashicorp/azurerm\"]",
      "instances": [
        {
          "index_key": 0,
          "schema_version": 0,
          "attributes": {
            "id": "/subscriptions/d94fe338-52d8-4a44-acd4-4f8301adf2cf/resourceGroups/dtf-work-spoke-rg/providers/Microsoft.Network/privateDnsZones/privatelink.table.core.windows.net",
            "max_number_of_record_sets": 25000,
            "max_number_of_virtual_network_links": 1000,
            "max_number_of_virtual_network_links_with_registration": 100,
            "name": "privatelink.table.core.windows.net",
            "number_of_record_sets": 2,
            "resource_group_name": "dtf-work-spoke-rg",
            "soa_record": [
              {
                "email": "azureprivatedns-host.microsoft.com",
                "expire_time": 2419200,
                "fqdn": "privatelink.table.core.windows.net.",
                "host_name": "azureprivatedns.net",
                "minimum_ttl": 10,
                "refresh_time": 3600,
                "retry_time": 300,
                "serial_number": 1,
                "tags": {},
                "ttl": 3600
              }
            ],
            "tags": {
              "CreationDateTime": "2023-08-01T10:46:16.5410461Z",
              "Environment": "Dev"
            },
            "timeouts": null
          },
          "sensitive_attributes": [],
          "private": "eyJlMmJmYjczMC1lY2FhLTExZTYtOGY4OC0zNDM2M2JjN2M0YzAiOnsiY3JlYXRlIjoxODAwMDAwMDAwMDAwLCJkZWxldGUiOjE4MDAwMDAwMDAwMDAsInJlYWQiOjMwMDAwMDAwMDAwMCwidXBkYXRlIjoxODAwMDAwMDAwMDAwfX0=",
          "dependencies": [
            "azurerm_resource_group.work"
          ]
        }
      ]
    },
    {
      "module": "module.work_subresources_private_endpoints[\"table\"]",
      "mode": "managed",
      "type": "azurerm_private_dns_zone_virtual_network_link",
      "name": "vnet_links",
      "provider": "provider[\"registry.terraform.io/hashicorp/azurerm\"]",
      "instances": [
        {
          "index_key": "work-link",
          "schema_version": 0,
          "attributes": {
            "id": "/subscriptions/d94fe338-52d8-4a44-acd4-4f8301adf2cf/resourceGroups/dtf-work-spoke-rg/providers/Microsoft.Network/privateDnsZones/privatelink.table.core.windows.net/virtualNetworkLinks/work-link",
            "name": "work-link",
            "private_dns_zone_name": "privatelink.table.core.windows.net",
            "registration_enabled": false,
            "resource_group_name": "dtf-work-spoke-rg",
            "tags": {
              "CreationDateTime": "2023-08-01T10:46:59.2094072Z",
              "Environment": "Dev"
            },
            "timeouts": null,
            "virtual_network_id": "/subscriptions/d94fe338-52d8-4a44-acd4-4f8301adf2cf/resourceGroups/dtf-work-spoke-rg/providers/Microsoft.Network/virtualNetworks/dtf-work-vnet"
          },
          "sensitive_attributes": [],
          "private": "eyJlMmJmYjczMC1lY2FhLTExZTYtOGY4OC0zNDM2M2JjN2M0YzAiOnsiY3JlYXRlIjoxODAwMDAwMDAwMDAwLCJkZWxldGUiOjE4MDAwMDAwMDAwMDAsInJlYWQiOjMwMDAwMDAwMDAwMCwidXBkYXRlIjoxODAwMDAwMDAwMDAwfX0=",
          "dependencies": [
            "azurerm_resource_group.work",
            "module.work_subresources_private_endpoints.azurerm_private_dns_zone.dns_zone",
            "module.work_virtual_network.azurerm_virtual_network.vnet"
          ]
        }
      ]
    },
    {
      "module": "module.work_subresources_private_endpoints[\"table\"]",
      "mode": "managed",
      "type": "azurerm_private_endpoint",
      "name": "private_endpoint",
      "provider": "provider[\"registry.terraform.io/hashicorp/azurerm\"]",
      "instances": [
        {
          "schema_version": 0,
          "attributes": {
            "custom_dns_configs": [],
            "custom_network_interface_name": "",
            "id": "/subscriptions/d94fe338-52d8-4a44-acd4-4f8301adf2cf/resourceGroups/dtf-work-spoke-rg/providers/Microsoft.Network/privateEndpoints/dtf-work-table-pe",
            "ip_configuration": [],
            "location": "westeurope",
            "name": "dtf-work-table-pe",
            "network_interface": [
              {
                "id": "/subscriptions/d94fe338-52d8-4a44-acd4-4f8301adf2cf/resourceGroups/dtf-work-spoke-rg/providers/Microsoft.Network/networkInterfaces/dtf-work-table-pe.nic.15708be8-65ff-430e-9a49-c226191b393b",
                "name": "dtf-work-table-pe.nic.15708be8-65ff-430e-9a49-c226191b393b"
              }
            ],
            "private_dns_zone_configs": [
              {
                "id": "/subscriptions/d94fe338-52d8-4a44-acd4-4f8301adf2cf/resourceGroups/dtf-work-spoke-rg/providers/Microsoft.Network/privateEndpoints/dtf-work-table-pe/privateDnsZoneGroups/private-endpoint/privateDnsZoneConfigs/privatelink.table.core.windows.net",
                "name": "privatelink.table.core.windows.net",
                "private_dns_zone_id": "/subscriptions/d94fe338-52d8-4a44-acd4-4f8301adf2cf/resourceGroups/dtf-work-spoke-rg/providers/Microsoft.Network/privateDnsZones/privatelink.table.core.windows.net",
                "record_sets": [
                  {
                    "fqdn": "dtfworkstorage.privatelink.table.core.windows.net",
                    "ip_addresses": [
                      "10.1.1.5"
                    ],
                    "name": "dtfworkstorage",
                    "ttl": 10,
                    "type": "A"
                  }
                ]
              }
            ],
            "private_dns_zone_group": [
              {
                "id": "/subscriptions/d94fe338-52d8-4a44-acd4-4f8301adf2cf/resourceGroups/dtf-work-spoke-rg/providers/Microsoft.Network/privateEndpoints/dtf-work-table-pe/privateDnsZoneGroups/private-endpoint",
                "name": "private-endpoint",
                "private_dns_zone_ids": [
                  "/subscriptions/d94fe338-52d8-4a44-acd4-4f8301adf2cf/resourceGroups/dtf-work-spoke-rg/providers/Microsoft.Network/privateDnsZones/privatelink.table.core.windows.net"
                ]
              }
            ],
            "private_service_connection": [
              {
                "is_manual_connection": false,
                "name": "private-connection",
                "private_connection_resource_alias": "",
                "private_connection_resource_id": "/subscriptions/d94fe338-52d8-4a44-acd4-4f8301adf2cf/resourceGroups/dtf-work-spoke-rg/providers/Microsoft.Storage/storageAccounts/dtfworkstorage",
                "private_ip_address": "10.1.1.5",
                "request_message": "",
                "subresource_names": [
                  "table"
                ]
              }
            ],
            "resource_group_name": "dtf-work-spoke-rg",
            "subnet_id": "/subscriptions/d94fe338-52d8-4a44-acd4-4f8301adf2cf/resourceGroups/dtf-work-spoke-rg/providers/Microsoft.Network/virtualNetworks/dtf-work-vnet/subnets/StorageSubnet",
            "tags": {
              "CreationDateTime": "2023-08-01T10:49:07.3030569Z",
              "Environment": "Dev"
            },
            "timeouts": null
          },
          "sensitive_attributes": [],
          "private": "eyJlMmJmYjczMC1lY2FhLTExZTYtOGY4OC0zNDM2M2JjN2M0YzAiOnsiY3JlYXRlIjozNjAwMDAwMDAwMDAwLCJkZWxldGUiOjM2MDAwMDAwMDAwMDAsInJlYWQiOjMwMDAwMDAwMDAwMCwidXBkYXRlIjozNjAwMDAwMDAwMDAwfX0=",
          "dependencies": [
            "azurerm_resource_group.hub",
            "azurerm_resource_group.work",
            "module.hub_log_analytics.azurerm_log_analytics_workspace.log_analytics",
            "module.work_network_security_groups.azurerm_network_security_group.nsg",
            "module.work_network_security_groups.azurerm_network_security_rule.rules",
            "module.work_network_security_groups.module.nsg_diagnostic.azurerm_monitor_diagnostic_setting.diagnostics",
            "module.work_network_security_groups.module.nsg_diagnostic.data.azurerm_monitor_diagnostic_categories.categories",
            "module.work_route_tables.azurerm_route.routes",
            "module.work_route_tables.azurerm_route_table.rt",
            "module.work_storage_account.azurerm_storage_account.storage",
            "module.work_subresources_private_endpoints.azurerm_private_dns_zone.dns_zone",
            "module.work_virtual_network.azurerm_resource_group_template_deployment.subnets",
            "module.work_virtual_network.azurerm_virtual_network.vnet"
          ]
        }
      ]
    },
    {
      "module": "module.work_subresources_private_endpoints[\"table\"].module.nic-diagnostic",
      "mode": "data",
      "type": "azurerm_monitor_diagnostic_categories",
      "name": "categories",
      "provider": "provider[\"registry.terraform.io/hashicorp/azurerm\"]",
      "instances": [
        {
          "schema_version": 0,
          "attributes": {
            "id": "/subscriptions/d94fe338-52d8-4a44-acd4-4f8301adf2cf/resourceGroups/dtf-work-spoke-rg/providers/Microsoft.Network/networkInterfaces/dtf-work-table-pe.nic.15708be8-65ff-430e-9a49-c226191b393b",
            "log_category_groups": [],
            "log_category_types": [],
            "logs": [],
            "metrics": [
              "AllMetrics"
            ],
            "resource_id": "/subscriptions/d94fe338-52d8-4a44-acd4-4f8301adf2cf/resourceGroups/dtf-work-spoke-rg/providers/Microsoft.Network/networkInterfaces/dtf-work-table-pe.nic.15708be8-65ff-430e-9a49-c226191b393b",
            "timeouts": null
          },
          "sensitive_attributes": []
        }
      ]
    },
    {
      "module": "module.work_subresources_private_endpoints[\"table\"].module.nic-diagnostic",
      "mode": "managed",
      "type": "azurerm_monitor_diagnostic_setting",
      "name": "diagnostics",
      "provider": "provider[\"registry.terraform.io/hashicorp/azurerm\"]",
      "instances": [
        {
          "schema_version": 0,
          "attributes": {
            "enabled_log": [],
            "eventhub_authorization_rule_id": "",
            "eventhub_name": "",
            "id": "/subscriptions/d94fe338-52d8-4a44-acd4-4f8301adf2cf/resourceGroups/dtf-work-spoke-rg/providers/Microsoft.Network/networkInterfaces/dtf-work-table-pe.nic.15708be8-65ff-430e-9a49-c226191b393b|dtf-work-table-pe.nic.15708be8-65ff-430e-9a49-c226191b393b-diagnostic",
            "log": [],
            "log_analytics_destination_type": "",
            "log_analytics_workspace_id": "/subscriptions/d94fe338-52d8-4a44-acd4-4f8301adf2cf/resourceGroups/dtf-hub-rg/providers/Microsoft.OperationalInsights/workspaces/dtf-hub-log-analytics-workspace",
            "metric": [
              {
                "category": "AllMetrics",
                "enabled": true,
                "retention_policy": [
                  {
                    "days": 0,
                    "enabled": false
                  }
                ]
              }
            ],
            "name": "dtf-work-table-pe.nic.15708be8-65ff-430e-9a49-c226191b393b-diagnostic",
            "partner_solution_id": null,
            "storage_account_id": null,
            "target_resource_id": "/subscriptions/d94fe338-52d8-4a44-acd4-4f8301adf2cf/resourceGroups/dtf-work-spoke-rg/providers/Microsoft.Network/networkInterfaces/dtf-work-table-pe.nic.15708be8-65ff-430e-9a49-c226191b393b",
            "timeouts": null
          },
          "sensitive_attributes": [],
          "private": "eyJlMmJmYjczMC1lY2FhLTExZTYtOGY4OC0zNDM2M2JjN2M0YzAiOnsiY3JlYXRlIjoxODAwMDAwMDAwMDAwLCJkZWxldGUiOjM2MDAwMDAwMDAwMDAsInJlYWQiOjMwMDAwMDAwMDAwMCwidXBkYXRlIjoxODAwMDAwMDAwMDAwfX0=",
          "dependencies": [
            "azurerm_resource_group.hub",
            "azurerm_resource_group.work",
            "module.hub_log_analytics.azurerm_log_analytics_workspace.log_analytics",
            "module.work_network_security_groups.azurerm_network_security_group.nsg",
            "module.work_network_security_groups.azurerm_network_security_rule.rules",
            "module.work_network_security_groups.module.nsg_diagnostic.azurerm_monitor_diagnostic_setting.diagnostics",
            "module.work_network_security_groups.module.nsg_diagnostic.data.azurerm_monitor_diagnostic_categories.categories",
            "module.work_route_tables.azurerm_route.routes",
            "module.work_route_tables.azurerm_route_table.rt",
            "module.work_storage_account.azurerm_storage_account.storage",
            "module.work_subresources_private_endpoints.azurerm_private_dns_zone.dns_zone",
            "module.work_subresources_private_endpoints.azurerm_private_endpoint.private_endpoint",
            "module.work_subresources_private_endpoints.module.nic-diagnostic.data.azurerm_monitor_diagnostic_categories.categories",
            "module.work_virtual_network.azurerm_resource_group_template_deployment.subnets",
            "module.work_virtual_network.azurerm_virtual_network.vnet"
          ]
        }
      ]
    },
    {
      "module": "module.work_virtual_network",
      "mode": "managed",
      "type": "azurerm_resource_group_template_deployment",
      "name": "subnets",
      "provider": "provider[\"registry.terraform.io/hashicorp/azurerm\"]",
      "instances": [
        {
          "index_key": "AKSSubnet",
          "schema_version": 0,
          "attributes": {
            "debug_level": "",
            "deployment_mode": "Incremental",
            "id": "/subscriptions/d94fe338-52d8-4a44-acd4-4f8301adf2cf/resourceGroups/dtf-work-spoke-rg/providers/Microsoft.Resources/deployments/AKSSubnet-template",
            "name": "AKSSubnet-template",
            "output_content": "{\"subnet_id\":{\"type\":\"String\",\"value\":\"/subscriptions/d94fe338-52d8-4a44-acd4-4f8301adf2cf/resourceGroups/dtf-work-spoke-rg/providers/Microsoft.Network/virtualNetworks/dtf-work-vnet/subnets/AKSSubnet\"}}",
            "parameters_content": "{\"network_security_group_id\":{\"value\":\"/subscriptions/d94fe338-52d8-4a44-acd4-4f8301adf2cf/resourceGroups/dtf-work-spoke-rg/providers/Microsoft.Network/networkSecurityGroups/work-AKSSubnet-nsg\"},\"route_table_id\":{\"value\":\"/subscriptions/d94fe338-52d8-4a44-acd4-4f8301adf2cf/resourceGroups/dtf-work-spoke-rg/providers/Microsoft.Network/routeTables/work-rt\"},\"subnet_address_prefix\":{\"value\":\"10.1.2.0/24\"},\"subnet_name\":{\"value\":\"AKSSubnet\"},\"vnet_name\":{\"value\":\"dtf-work-vnet\"}}",
            "resource_group_name": "dtf-work-spoke-rg",
            "tags": {},
            "template_content": "{\"$schema\":\"http://schema.management.azure.com/schemas/2015-01-01/deploymentTemplate.json#\",\"contentVersion\":\"1.0.0.0\",\"outputs\":{\"subnet_id\":{\"type\":\"String\",\"value\":\"[resourceId('Microsoft.Network/virtualNetworks/subnets', parameters('vnet_name'), parameters('subnet_name'))]\"}},\"parameters\":{\"network_security_group_id\":{\"type\":\"String\"},\"route_table_id\":{\"type\":\"String\"},\"subnet_address_prefix\":{\"type\":\"String\"},\"subnet_name\":{\"type\":\"String\"},\"vnet_name\":{\"type\":\"String\"}},\"resources\":[{\"apiVersion\":\"2022-11-01\",\"name\":\"[concat(parameters('vnet_name'), '/', parameters('subnet_name'))]\",\"properties\":{\"addressPrefix\":\"[parameters('subnet_address_prefix')]\",\"networkSecurityGroup\":\"[if(equals(parameters('network_security_group_id'),''), json('null'), json(concat('{\\\"id\\\": \\\"', parameters('network_security_group_id'), '\\\"}')))]\",\"routeTable\":\"[if(equals(parameters('route_table_id'),''), json('null'), json(concat('{\\\"id\\\": \\\"', parameters('route_table_id'), '\\\"}')))]\"},\"type\":\"Microsoft.Network/virtualNetworks/subnets\"}]}",
            "template_spec_version_id": "",
            "timeouts": null
          },
          "sensitive_attributes": [],
          "private": "eyJlMmJmYjczMC1lY2FhLTExZTYtOGY4OC0zNDM2M2JjN2M0YzAiOnsiY3JlYXRlIjoxMDgwMDAwMDAwMDAwMCwiZGVsZXRlIjoxMDgwMDAwMDAwMDAwMCwicmVhZCI6MzAwMDAwMDAwMDAwLCJ1cGRhdGUiOjEwODAwMDAwMDAwMDAwfX0=",
          "dependencies": [
            "azurerm_resource_group.hub",
            "azurerm_resource_group.work",
            "module.hub_log_analytics.azurerm_log_analytics_workspace.log_analytics",
            "module.work_network_security_groups.azurerm_network_security_group.nsg",
            "module.work_network_security_groups.azurerm_network_security_rule.rules",
            "module.work_network_security_groups.module.nsg_diagnostic.azurerm_monitor_diagnostic_setting.diagnostics",
            "module.work_network_security_groups.module.nsg_diagnostic.data.azurerm_monitor_diagnostic_categories.categories",
            "module.work_route_tables.azurerm_route.routes",
            "module.work_route_tables.azurerm_route_table.rt",
            "module.work_virtual_network.azurerm_virtual_network.vnet"
          ]
        },
        {
          "index_key": "StorageSubnet",
          "schema_version": 0,
          "attributes": {
            "debug_level": "",
            "deployment_mode": "Incremental",
            "id": "/subscriptions/d94fe338-52d8-4a44-acd4-4f8301adf2cf/resourceGroups/dtf-work-spoke-rg/providers/Microsoft.Resources/deployments/StorageSubnet-template",
            "name": "StorageSubnet-template",
            "output_content": "{\"subnet_id\":{\"type\":\"String\",\"value\":\"/subscriptions/d94fe338-52d8-4a44-acd4-4f8301adf2cf/resourceGroups/dtf-work-spoke-rg/providers/Microsoft.Network/virtualNetworks/dtf-work-vnet/subnets/StorageSubnet\"}}",
            "parameters_content": "{\"network_security_group_id\":{\"value\":\"/subscriptions/d94fe338-52d8-4a44-acd4-4f8301adf2cf/resourceGroups/dtf-work-spoke-rg/providers/Microsoft.Network/networkSecurityGroups/work-StorageSubnet-nsg\"},\"route_table_id\":{\"value\":\"/subscriptions/d94fe338-52d8-4a44-acd4-4f8301adf2cf/resourceGroups/dtf-work-spoke-rg/providers/Microsoft.Network/routeTables/work-rt\"},\"subnet_address_prefix\":{\"value\":\"10.1.1.0/24\"},\"subnet_name\":{\"value\":\"StorageSubnet\"},\"vnet_name\":{\"value\":\"dtf-work-vnet\"}}",
            "resource_group_name": "dtf-work-spoke-rg",
            "tags": {},
            "template_content": "{\"$schema\":\"http://schema.management.azure.com/schemas/2015-01-01/deploymentTemplate.json#\",\"contentVersion\":\"1.0.0.0\",\"outputs\":{\"subnet_id\":{\"type\":\"String\",\"value\":\"[resourceId('Microsoft.Network/virtualNetworks/subnets', parameters('vnet_name'), parameters('subnet_name'))]\"}},\"parameters\":{\"network_security_group_id\":{\"type\":\"String\"},\"route_table_id\":{\"type\":\"String\"},\"subnet_address_prefix\":{\"type\":\"String\"},\"subnet_name\":{\"type\":\"String\"},\"vnet_name\":{\"type\":\"String\"}},\"resources\":[{\"apiVersion\":\"2022-11-01\",\"name\":\"[concat(parameters('vnet_name'), '/', parameters('subnet_name'))]\",\"properties\":{\"addressPrefix\":\"[parameters('subnet_address_prefix')]\",\"networkSecurityGroup\":\"[if(equals(parameters('network_security_group_id'),''), json('null'), json(concat('{\\\"id\\\": \\\"', parameters('network_security_group_id'), '\\\"}')))]\",\"routeTable\":\"[if(equals(parameters('route_table_id'),''), json('null'), json(concat('{\\\"id\\\": \\\"', parameters('route_table_id'), '\\\"}')))]\"},\"type\":\"Microsoft.Network/virtualNetworks/subnets\"}]}",
            "template_spec_version_id": "",
            "timeouts": null
          },
          "sensitive_attributes": [],
          "private": "eyJlMmJmYjczMC1lY2FhLTExZTYtOGY4OC0zNDM2M2JjN2M0YzAiOnsiY3JlYXRlIjoxMDgwMDAwMDAwMDAwMCwiZGVsZXRlIjoxMDgwMDAwMDAwMDAwMCwicmVhZCI6MzAwMDAwMDAwMDAwLCJ1cGRhdGUiOjEwODAwMDAwMDAwMDAwfX0=",
          "dependencies": [
            "azurerm_resource_group.hub",
            "azurerm_resource_group.work",
            "module.hub_log_analytics.azurerm_log_analytics_workspace.log_analytics",
            "module.work_network_security_groups.azurerm_network_security_group.nsg",
            "module.work_network_security_groups.azurerm_network_security_rule.rules",
            "module.work_network_security_groups.module.nsg_diagnostic.azurerm_monitor_diagnostic_setting.diagnostics",
            "module.work_network_security_groups.module.nsg_diagnostic.data.azurerm_monitor_diagnostic_categories.categories",
            "module.work_route_tables.azurerm_route.routes",
            "module.work_route_tables.azurerm_route_table.rt",
            "module.work_virtual_network.azurerm_virtual_network.vnet"
          ]
        },
        {
          "index_key": "WorkSubnet",
          "schema_version": 0,
          "attributes": {
            "debug_level": "",
            "deployment_mode": "Incremental",
            "id": "/subscriptions/d94fe338-52d8-4a44-acd4-4f8301adf2cf/resourceGroups/dtf-work-spoke-rg/providers/Microsoft.Resources/deployments/WorkSubnet-template",
            "name": "WorkSubnet-template",
            "output_content": "{\"subnet_id\":{\"type\":\"String\",\"value\":\"/subscriptions/d94fe338-52d8-4a44-acd4-4f8301adf2cf/resourceGroups/dtf-work-spoke-rg/providers/Microsoft.Network/virtualNetworks/dtf-work-vnet/subnets/WorkSubnet\"}}",
            "parameters_content": "{\"network_security_group_id\":{\"value\":\"/subscriptions/d94fe338-52d8-4a44-acd4-4f8301adf2cf/resourceGroups/dtf-work-spoke-rg/providers/Microsoft.Network/networkSecurityGroups/work-WorkSubnet-nsg\"},\"route_table_id\":{\"value\":\"/subscriptions/d94fe338-52d8-4a44-acd4-4f8301adf2cf/resourceGroups/dtf-work-spoke-rg/providers/Microsoft.Network/routeTables/work-rt\"},\"subnet_address_prefix\":{\"value\":\"10.1.0.0/24\"},\"subnet_name\":{\"value\":\"WorkSubnet\"},\"vnet_name\":{\"value\":\"dtf-work-vnet\"}}",
            "resource_group_name": "dtf-work-spoke-rg",
            "tags": {},
            "template_content": "{\"$schema\":\"http://schema.management.azure.com/schemas/2015-01-01/deploymentTemplate.json#\",\"contentVersion\":\"1.0.0.0\",\"outputs\":{\"subnet_id\":{\"type\":\"String\",\"value\":\"[resourceId('Microsoft.Network/virtualNetworks/subnets', parameters('vnet_name'), parameters('subnet_name'))]\"}},\"parameters\":{\"network_security_group_id\":{\"type\":\"String\"},\"route_table_id\":{\"type\":\"String\"},\"subnet_address_prefix\":{\"type\":\"String\"},\"subnet_name\":{\"type\":\"String\"},\"vnet_name\":{\"type\":\"String\"}},\"resources\":[{\"apiVersion\":\"2022-11-01\",\"name\":\"[concat(parameters('vnet_name'), '/', parameters('subnet_name'))]\",\"properties\":{\"addressPrefix\":\"[parameters('subnet_address_prefix')]\",\"networkSecurityGroup\":\"[if(equals(parameters('network_security_group_id'),''), json('null'), json(concat('{\\\"id\\\": \\\"', parameters('network_security_group_id'), '\\\"}')))]\",\"routeTable\":\"[if(equals(parameters('route_table_id'),''), json('null'), json(concat('{\\\"id\\\": \\\"', parameters('route_table_id'), '\\\"}')))]\"},\"type\":\"Microsoft.Network/virtualNetworks/subnets\"}]}",
            "template_spec_version_id": "",
            "timeouts": null
          },
          "sensitive_attributes": [],
          "private": "eyJlMmJmYjczMC1lY2FhLTExZTYtOGY4OC0zNDM2M2JjN2M0YzAiOnsiY3JlYXRlIjoxMDgwMDAwMDAwMDAwMCwiZGVsZXRlIjoxMDgwMDAwMDAwMDAwMCwicmVhZCI6MzAwMDAwMDAwMDAwLCJ1cGRhdGUiOjEwODAwMDAwMDAwMDAwfX0=",
          "dependencies": [
            "azurerm_resource_group.hub",
            "azurerm_resource_group.work",
            "module.hub_log_analytics.azurerm_log_analytics_workspace.log_analytics",
            "module.work_network_security_groups.azurerm_network_security_group.nsg",
            "module.work_network_security_groups.azurerm_network_security_rule.rules",
            "module.work_network_security_groups.module.nsg_diagnostic.azurerm_monitor_diagnostic_setting.diagnostics",
            "module.work_network_security_groups.module.nsg_diagnostic.data.azurerm_monitor_diagnostic_categories.categories",
            "module.work_route_tables.azurerm_route.routes",
            "module.work_route_tables.azurerm_route_table.rt",
            "module.work_virtual_network.azurerm_virtual_network.vnet"
          ]
        }
      ]
    },
    {
      "module": "module.work_virtual_network",
      "mode": "managed",
      "type": "azurerm_virtual_network",
      "name": "vnet",
      "provider": "provider[\"registry.terraform.io/hashicorp/azurerm\"]",
      "instances": [
        {
          "schema_version": 0,
          "attributes": {
            "address_space": [
              "10.1.0.0/16"
            ],
            "bgp_community": "",
            "ddos_protection_plan": [],
            "dns_servers": [],
            "edge_zone": "",
            "flow_timeout_in_minutes": 0,
            "guid": "84b1bd08-7142-47fd-a3f3-fcf16918eec1",
            "id": "/subscriptions/d94fe338-52d8-4a44-acd4-4f8301adf2cf/resourceGroups/dtf-work-spoke-rg/providers/Microsoft.Network/virtualNetworks/dtf-work-vnet",
            "location": "westeurope",
            "name": "dtf-work-vnet",
            "resource_group_name": "dtf-work-spoke-rg",
            "subnet": [
              {
                "address_prefix": "10.1.0.0/24",
                "id": "/subscriptions/d94fe338-52d8-4a44-acd4-4f8301adf2cf/resourceGroups/dtf-work-spoke-rg/providers/Microsoft.Network/virtualNetworks/dtf-work-vnet/subnets/WorkSubnet",
                "name": "WorkSubnet",
                "security_group": "/subscriptions/d94fe338-52d8-4a44-acd4-4f8301adf2cf/resourceGroups/dtf-work-spoke-rg/providers/Microsoft.Network/networkSecurityGroups/work-WorkSubnet-nsg"
              },
              {
                "address_prefix": "10.1.1.0/24",
                "id": "/subscriptions/d94fe338-52d8-4a44-acd4-4f8301adf2cf/resourceGroups/dtf-work-spoke-rg/providers/Microsoft.Network/virtualNetworks/dtf-work-vnet/subnets/StorageSubnet",
                "name": "StorageSubnet",
                "security_group": "/subscriptions/d94fe338-52d8-4a44-acd4-4f8301adf2cf/resourceGroups/dtf-work-spoke-rg/providers/Microsoft.Network/networkSecurityGroups/work-StorageSubnet-nsg"
              },
              {
                "address_prefix": "10.1.2.0/24",
                "id": "/subscriptions/d94fe338-52d8-4a44-acd4-4f8301adf2cf/resourceGroups/dtf-work-spoke-rg/providers/Microsoft.Network/virtualNetworks/dtf-work-vnet/subnets/AKSSubnet",
                "name": "AKSSubnet",
                "security_group": "/subscriptions/d94fe338-52d8-4a44-acd4-4f8301adf2cf/resourceGroups/dtf-work-spoke-rg/providers/Microsoft.Network/networkSecurityGroups/work-AKSSubnet-nsg"
              }
            ],
            "tags": {
              "CreationDateTime": "2023-08-01T10:46:12.8348670Z",
              "Environment": "Dev"
            },
            "timeouts": null
          },
          "sensitive_attributes": [],
          "private": "eyJlMmJmYjczMC1lY2FhLTExZTYtOGY4OC0zNDM2M2JjN2M0YzAiOnsiY3JlYXRlIjoxODAwMDAwMDAwMDAwLCJkZWxldGUiOjE4MDAwMDAwMDAwMDAsInJlYWQiOjMwMDAwMDAwMDAwMCwidXBkYXRlIjoxODAwMDAwMDAwMDAwfX0=",
          "dependencies": [
            "azurerm_resource_group.work"
          ]
        }
      ]
    },
    {
      "module": "module.work_vm",
      "mode": "managed",
      "type": "azurerm_linux_virtual_machine",
      "name": "vms",
      "provider": "provider[\"registry.terraform.io/hashicorp/azurerm\"]",
      "instances": [
        {
          "index_key": 0,
          "schema_version": 0,
          "attributes": {
            "additional_capabilities": [],
            "admin_password": "Password123!",
            "admin_ssh_key": [],
            "admin_username": "daniel",
            "allow_extension_operations": true,
            "availability_set_id": "",
            "boot_diagnostics": [],
            "bypass_platform_safety_checks_on_user_schedule_enabled": false,
            "capacity_reservation_group_id": "",
            "computer_name": "dtf-work-vm",
            "custom_data": null,
            "dedicated_host_group_id": "",
            "dedicated_host_id": "",
            "disable_password_authentication": false,
            "edge_zone": "",
            "encryption_at_host_enabled": false,
            "eviction_policy": "",
            "extensions_time_budget": "PT1H30M",
            "gallery_application": [],
            "id": "/subscriptions/d94fe338-52d8-4a44-acd4-4f8301adf2cf/resourceGroups/dtf-work-spoke-rg/providers/Microsoft.Compute/virtualMachines/dtf-work-vm",
            "identity": [
              {
                "identity_ids": null,
                "principal_id": "e79461fc-e8b1-466c-a718-f449598eefe9",
                "tenant_id": "c9ad96a7-2bac-49a7-abf6-8e932f60bf2b",
                "type": "SystemAssigned"
              }
            ],
            "license_type": "",
            "location": "westeurope",
            "max_bid_price": -1,
            "name": "dtf-work-vm",
            "network_interface_ids": [
              "/subscriptions/d94fe338-52d8-4a44-acd4-4f8301adf2cf/resourceGroups/dtf-work-spoke-rg/providers/Microsoft.Network/networkInterfaces/dtf-work-vm-nic"
            ],
            "os_disk": [
              {
                "caching": "ReadWrite",
                "diff_disk_settings": [],
                "disk_encryption_set_id": "",
                "disk_size_gb": 30,
                "name": "dtf-work-vm-os-disk",
                "secure_vm_disk_encryption_set_id": "",
                "security_encryption_type": "",
                "storage_account_type": "Standard_LRS",
                "write_accelerator_enabled": false
              }
            ],
            "patch_assessment_mode": "ImageDefault",
            "patch_mode": "ImageDefault",
            "plan": [],
            "platform_fault_domain": -1,
            "priority": "Regular",
            "private_ip_address": "10.1.0.4",
            "private_ip_addresses": [
              "10.1.0.4"
            ],
            "provision_vm_agent": true,
            "proximity_placement_group_id": "",
            "public_ip_address": "",
            "public_ip_addresses": [],
            "reboot_setting": "",
            "resource_group_name": "dtf-work-spoke-rg",
            "secret": [],
            "secure_boot_enabled": false,
            "size": "Standard_B2s",
            "source_image_id": "",
            "source_image_reference": [
              {
                "offer": "0001-com-ubuntu-server-focal",
                "publisher": "Canonical",
                "sku": "20_04-lts",
                "version": "latest"
              }
            ],
            "tags": {
              "CreationDateTime": "2023-08-01T11:52:10.9636325Z",
              "Environment": "Dev"
            },
            "termination_notification": null,
            "timeouts": null,
            "user_data": "",
            "virtual_machine_id": "a76a3a0d-abf7-4421-9e25-dd0c24be8e38",
            "virtual_machine_scale_set_id": "",
            "vtpm_enabled": false,
            "zone": ""
          },
          "sensitive_attributes": [
            [
              {
                "type": "get_attr",
                "value": "admin_password"
              }
            ]
          ],
          "private": "eyJlMmJmYjczMC1lY2FhLTExZTYtOGY4OC0zNDM2M2JjN2M0YzAiOnsiY3JlYXRlIjoyNzAwMDAwMDAwMDAwLCJkZWxldGUiOjI3MDAwMDAwMDAwMDAsInJlYWQiOjMwMDAwMDAwMDAwMCwidXBkYXRlIjoyNzAwMDAwMDAwMDAwfX0=",
          "dependencies": [
            "azurerm_resource_group.work",
            "module.hub_log_analytics.azurerm_log_analytics_workspace.log_analytics",
            "module.work_network_security_groups.azurerm_network_security_group.nsg",
            "module.work_network_security_groups.azurerm_network_security_rule.rules",
            "module.work_network_security_groups.module.nsg_diagnostic.azurerm_monitor_diagnostic_setting.diagnostics",
            "module.work_network_security_groups.module.nsg_diagnostic.data.azurerm_monitor_diagnostic_categories.categories",
            "module.work_route_tables.azurerm_route.routes",
            "module.work_route_tables.azurerm_route_table.rt",
            "module.work_virtual_network.azurerm_resource_group_template_deployment.subnets",
            "module.work_vm.azurerm_network_interface.nics",
            "module.work_vm.azurerm_public_ip.ips"
          ]
        }
      ]
    },
    {
      "module": "module.work_vm",
      "mode": "managed",
      "type": "azurerm_network_interface",
      "name": "nics",
      "provider": "provider[\"registry.terraform.io/hashicorp/azurerm\"]",
      "instances": [
        {
          "index_key": 0,
          "schema_version": 0,
          "attributes": {
            "applied_dns_servers": [],
            "dns_servers": [],
            "edge_zone": "",
            "enable_accelerated_networking": false,
            "enable_ip_forwarding": false,
            "id": "/subscriptions/d94fe338-52d8-4a44-acd4-4f8301adf2cf/resourceGroups/dtf-work-spoke-rg/providers/Microsoft.Network/networkInterfaces/dtf-work-vm-nic",
            "internal_dns_name_label": "",
            "internal_domain_name_suffix": "bc41dbccoh4upi5t5tywsghoyb.ax.internal.cloudapp.net",
            "ip_configuration": [
              {
                "gateway_load_balancer_frontend_ip_configuration_id": "",
                "name": "default",
                "primary": true,
                "private_ip_address": "10.1.0.4",
                "private_ip_address_allocation": "Dynamic",
                "private_ip_address_version": "IPv4",
                "public_ip_address_id": "",
                "subnet_id": "/subscriptions/d94fe338-52d8-4a44-acd4-4f8301adf2cf/resourceGroups/dtf-work-spoke-rg/providers/Microsoft.Network/virtualNetworks/dtf-work-vnet/subnets/WorkSubnet"
              }
            ],
            "location": "westeurope",
            "mac_address": "",
            "name": "dtf-work-vm-nic",
            "private_ip_address": "10.1.0.4",
            "private_ip_addresses": [
              "10.1.0.4"
            ],
            "resource_group_name": "dtf-work-spoke-rg",
            "tags": {
              "CreationDateTime": "2023-08-01T11:51:58.3894770Z",
              "Environment": "Dev"
            },
            "timeouts": null,
            "virtual_machine_id": ""
          },
          "sensitive_attributes": [],
          "private": "eyJlMmJmYjczMC1lY2FhLTExZTYtOGY4OC0zNDM2M2JjN2M0YzAiOnsiY3JlYXRlIjoxODAwMDAwMDAwMDAwLCJkZWxldGUiOjE4MDAwMDAwMDAwMDAsInJlYWQiOjMwMDAwMDAwMDAwMCwidXBkYXRlIjoxODAwMDAwMDAwMDAwfX0=",
          "dependencies": [
            "azurerm_resource_group.work",
            "module.hub_log_analytics.azurerm_log_analytics_workspace.log_analytics",
            "module.work_network_security_groups.azurerm_network_security_group.nsg",
            "module.work_network_security_groups.azurerm_network_security_rule.rules",
            "module.work_network_security_groups.module.nsg_diagnostic.azurerm_monitor_diagnostic_setting.diagnostics",
            "module.work_network_security_groups.module.nsg_diagnostic.data.azurerm_monitor_diagnostic_categories.categories",
            "module.work_route_tables.azurerm_route.routes",
            "module.work_route_tables.azurerm_route_table.rt",
            "module.work_virtual_network.azurerm_resource_group_template_deployment.subnets",
            "module.work_vm.azurerm_public_ip.ips"
          ]
        }
      ]
    },
    {
      "module": "module.work_vm",
      "mode": "managed",
      "type": "azurerm_public_ip",
      "name": "ips",
      "provider": "provider[\"registry.terraform.io/hashicorp/azurerm\"]",
      "instances": []
    },
    {
      "module": "module.work_vm",
      "mode": "managed",
      "type": "azurerm_role_assignment",
      "name": "vm_roles",
      "provider": "provider[\"registry.terraform.io/hashicorp/azurerm\"]",
      "instances": [
        {
          "index_key": "acr_role",
          "schema_version": 0,
          "attributes": {
            "condition": "",
            "condition_version": "",
            "delegated_managed_identity_resource_id": "",
            "description": "",
            "id": "/subscriptions/d94fe338-52d8-4a44-acd4-4f8301adf2cf/resourceGroups/dtf-hub-rg/providers/Microsoft.ContainerRegistry/registries/dtfhubacr/providers/Microsoft.Authorization/roleAssignments/0764d16c-eea1-0b6d-ae48-055a6eb59ef6",
            "name": "0764d16c-eea1-0b6d-ae48-055a6eb59ef6",
            "principal_id": "e79461fc-e8b1-466c-a718-f449598eefe9",
            "principal_type": "ServicePrincipal",
            "role_definition_id": "/subscriptions/d94fe338-52d8-4a44-acd4-4f8301adf2cf/providers/Microsoft.Authorization/roleDefinitions/8311e382-0749-4cb8-b61a-304f252e45ec",
            "role_definition_name": "AcrPush",
            "scope": "/subscriptions/d94fe338-52d8-4a44-acd4-4f8301adf2cf/resourceGroups/dtf-hub-rg/providers/Microsoft.ContainerRegistry/registries/dtfhubacr",
            "skip_service_principal_aad_check": null,
            "timeouts": null
          },
          "sensitive_attributes": [],
          "private": "eyJlMmJmYjczMC1lY2FhLTExZTYtOGY4OC0zNDM2M2JjN2M0YzAiOnsiY3JlYXRlIjoxODAwMDAwMDAwMDAwLCJkZWxldGUiOjE4MDAwMDAwMDAwMDAsInJlYWQiOjMwMDAwMDAwMDAwMCwidXBkYXRlIjoxODAwMDAwMDAwMDAwfX0=",
          "dependencies": [
            "azurerm_container_registry.hub_acr",
            "azurerm_resource_group.hub",
            "azurerm_resource_group.work",
            "module.hub_firewall.azurerm_firewall.firewall",
            "module.hub_firewall.azurerm_public_ip.ip",
            "module.hub_firewall.azurerm_public_ip.management_ip",
            "module.hub_firewall.module.firewall_diagnostics.azurerm_monitor_diagnostic_setting.diagnostics",
            "module.hub_firewall.module.firewall_diagnostics.data.azurerm_monitor_diagnostic_categories.categories",
            "module.hub_firewall.module.ip_diagnostics.azurerm_monitor_diagnostic_setting.diagnostics",
            "module.hub_firewall.module.ip_diagnostics.data.azurerm_monitor_diagnostic_categories.categories",
            "module.hub_firewall.module.management_ip_diagnostics.azurerm_monitor_diagnostic_setting.diagnostics",
            "module.hub_firewall.module.management_ip_diagnostics.data.azurerm_monitor_diagnostic_categories.categories",
            "module.hub_firewall_policy.azurerm_firewall_policy.policy",
            "module.hub_log_analytics.azurerm_log_analytics_workspace.log_analytics",
            "module.hub_network_security_groups.azurerm_network_security_group.nsg",
            "module.hub_network_security_groups.azurerm_network_security_rule.rules",
            "module.hub_network_security_groups.module.nsg_diagnostic.azurerm_monitor_diagnostic_setting.diagnostics",
            "module.hub_network_security_groups.module.nsg_diagnostic.data.azurerm_monitor_diagnostic_categories.categories",
            "module.hub_route_tables.azurerm_route.routes",
            "module.hub_route_tables.azurerm_route_table.rt",
            "module.hub_to_work_peerings.azurerm_virtual_network_peering.ingoing_peering",
            "module.hub_to_work_peerings.azurerm_virtual_network_peering.outgoing_peering",
            "module.hub_virtual_network.azurerm_resource_group_template_deployment.subnets",
            "module.hub_virtual_network.azurerm_virtual_network.vnet",
            "module.hub_vpn_gateway.azurerm_public_ip.active_active_ip",
            "module.hub_vpn_gateway.azurerm_public_ip.ip",
            "module.hub_vpn_gateway.azurerm_virtual_network_gateway.vnet_gateway",
            "module.hub_vpn_gateway.module.active_active_ip_diagnostic.azurerm_monitor_diagnostic_setting.diagnostics",
            "module.hub_vpn_gateway.module.active_active_ip_diagnostic.data.azurerm_monitor_diagnostic_categories.categories",
            "module.hub_vpn_gateway.module.ip_diagnostic.azurerm_monitor_diagnostic_setting.diagnostics",
            "module.hub_vpn_gateway.module.ip_diagnostic.data.azurerm_monitor_diagnostic_categories.categories",
            "module.hub_vpn_gateway.module.vnet_gateway_diagnostic.azurerm_monitor_diagnostic_setting.diagnostics",
            "module.hub_vpn_gateway.module.vnet_gateway_diagnostic.data.azurerm_monitor_diagnostic_categories.categories",
            "module.work_aks.azurerm_kubernetes_cluster.aks",
            "module.work_network_security_groups.azurerm_network_security_group.nsg",
            "module.work_network_security_groups.azurerm_network_security_rule.rules",
            "module.work_network_security_groups.module.nsg_diagnostic.azurerm_monitor_diagnostic_setting.diagnostics",
            "module.work_network_security_groups.module.nsg_diagnostic.data.azurerm_monitor_diagnostic_categories.categories",
            "module.work_route_tables.azurerm_route.routes",
            "module.work_route_tables.azurerm_route_table.rt",
            "module.work_virtual_network.azurerm_resource_group_template_deployment.subnets",
            "module.work_virtual_network.azurerm_virtual_network.vnet",
            "module.work_vm.azurerm_linux_virtual_machine.vms",
            "module.work_vm.azurerm_network_interface.nics",
            "module.work_vm.azurerm_public_ip.ips",
            "module.work_vm.azurerm_windows_virtual_machine.vms"
          ]
        },
        {
          "index_key": "aks_role",
          "schema_version": 0,
          "attributes": {
            "condition": "",
            "condition_version": "",
            "delegated_managed_identity_resource_id": "",
            "description": "",
            "id": "/subscriptions/d94fe338-52d8-4a44-acd4-4f8301adf2cf/resourceGroups/dtf-work-spoke-rg/providers/Microsoft.ContainerService/managedClusters/dtf-work-aks/providers/Microsoft.Authorization/roleAssignments/17360ea5-ca5e-b170-99fd-c7619774b7c5",
            "name": "17360ea5-ca5e-b170-99fd-c7619774b7c5",
            "principal_id": "e79461fc-e8b1-466c-a718-f449598eefe9",
            "principal_type": "ServicePrincipal",
            "role_definition_id": "/subscriptions/d94fe338-52d8-4a44-acd4-4f8301adf2cf/providers/Microsoft.Authorization/roleDefinitions/4abbcc35-e782-43d8-92c5-2d3f1bd2253f",
            "role_definition_name": "Azure Kubernetes Service Cluster User Role",
            "scope": "/subscriptions/d94fe338-52d8-4a44-acd4-4f8301adf2cf/resourceGroups/dtf-work-spoke-rg/providers/Microsoft.ContainerService/managedClusters/dtf-work-aks",
            "skip_service_principal_aad_check": null,
            "timeouts": null
          },
          "sensitive_attributes": [],
          "private": "eyJlMmJmYjczMC1lY2FhLTExZTYtOGY4OC0zNDM2M2JjN2M0YzAiOnsiY3JlYXRlIjoxODAwMDAwMDAwMDAwLCJkZWxldGUiOjE4MDAwMDAwMDAwMDAsInJlYWQiOjMwMDAwMDAwMDAwMCwidXBkYXRlIjoxODAwMDAwMDAwMDAwfX0=",
          "dependencies": [
            "azurerm_container_registry.hub_acr",
            "azurerm_resource_group.hub",
            "azurerm_resource_group.work",
            "module.hub_firewall.azurerm_firewall.firewall",
            "module.hub_firewall.azurerm_public_ip.ip",
            "module.hub_firewall.azurerm_public_ip.management_ip",
            "module.hub_firewall.module.firewall_diagnostics.azurerm_monitor_diagnostic_setting.diagnostics",
            "module.hub_firewall.module.firewall_diagnostics.data.azurerm_monitor_diagnostic_categories.categories",
            "module.hub_firewall.module.ip_diagnostics.azurerm_monitor_diagnostic_setting.diagnostics",
            "module.hub_firewall.module.ip_diagnostics.data.azurerm_monitor_diagnostic_categories.categories",
            "module.hub_firewall.module.management_ip_diagnostics.azurerm_monitor_diagnostic_setting.diagnostics",
            "module.hub_firewall.module.management_ip_diagnostics.data.azurerm_monitor_diagnostic_categories.categories",
            "module.hub_firewall_policy.azurerm_firewall_policy.policy",
            "module.hub_log_analytics.azurerm_log_analytics_workspace.log_analytics",
            "module.hub_network_security_groups.azurerm_network_security_group.nsg",
            "module.hub_network_security_groups.azurerm_network_security_rule.rules",
            "module.hub_network_security_groups.module.nsg_diagnostic.azurerm_monitor_diagnostic_setting.diagnostics",
            "module.hub_network_security_groups.module.nsg_diagnostic.data.azurerm_monitor_diagnostic_categories.categories",
            "module.hub_route_tables.azurerm_route.routes",
            "module.hub_route_tables.azurerm_route_table.rt",
            "module.hub_to_work_peerings.azurerm_virtual_network_peering.ingoing_peering",
            "module.hub_to_work_peerings.azurerm_virtual_network_peering.outgoing_peering",
            "module.hub_virtual_network.azurerm_resource_group_template_deployment.subnets",
            "module.hub_virtual_network.azurerm_virtual_network.vnet",
            "module.hub_vpn_gateway.azurerm_public_ip.active_active_ip",
            "module.hub_vpn_gateway.azurerm_public_ip.ip",
            "module.hub_vpn_gateway.azurerm_virtual_network_gateway.vnet_gateway",
            "module.hub_vpn_gateway.module.active_active_ip_diagnostic.azurerm_monitor_diagnostic_setting.diagnostics",
            "module.hub_vpn_gateway.module.active_active_ip_diagnostic.data.azurerm_monitor_diagnostic_categories.categories",
            "module.hub_vpn_gateway.module.ip_diagnostic.azurerm_monitor_diagnostic_setting.diagnostics",
            "module.hub_vpn_gateway.module.ip_diagnostic.data.azurerm_monitor_diagnostic_categories.categories",
            "module.hub_vpn_gateway.module.vnet_gateway_diagnostic.azurerm_monitor_diagnostic_setting.diagnostics",
            "module.hub_vpn_gateway.module.vnet_gateway_diagnostic.data.azurerm_monitor_diagnostic_categories.categories",
            "module.work_aks.azurerm_kubernetes_cluster.aks",
            "module.work_network_security_groups.azurerm_network_security_group.nsg",
            "module.work_network_security_groups.azurerm_network_security_rule.rules",
            "module.work_network_security_groups.module.nsg_diagnostic.azurerm_monitor_diagnostic_setting.diagnostics",
            "module.work_network_security_groups.module.nsg_diagnostic.data.azurerm_monitor_diagnostic_categories.categories",
            "module.work_route_tables.azurerm_route.routes",
            "module.work_route_tables.azurerm_route_table.rt",
            "module.work_virtual_network.azurerm_resource_group_template_deployment.subnets",
            "module.work_virtual_network.azurerm_virtual_network.vnet",
            "module.work_vm.azurerm_linux_virtual_machine.vms",
            "module.work_vm.azurerm_network_interface.nics",
            "module.work_vm.azurerm_public_ip.ips",
            "module.work_vm.azurerm_windows_virtual_machine.vms"
          ]
        }
      ]
    },
    {
      "module": "module.work_vm",
      "mode": "managed",
      "type": "azurerm_windows_virtual_machine",
      "name": "vms",
      "provider": "provider[\"registry.terraform.io/hashicorp/azurerm\"]",
      "instances": []
    },
    {
      "module": "module.work_vm.module.nic_diagnostic[0]",
      "mode": "data",
      "type": "azurerm_monitor_diagnostic_categories",
      "name": "categories",
      "provider": "provider[\"registry.terraform.io/hashicorp/azurerm\"]",
      "instances": [
        {
          "schema_version": 0,
          "attributes": {
            "id": "/subscriptions/d94fe338-52d8-4a44-acd4-4f8301adf2cf/resourceGroups/dtf-work-spoke-rg/providers/Microsoft.Network/networkInterfaces/dtf-work-vm-nic",
            "log_category_groups": [],
            "log_category_types": [],
            "logs": [],
            "metrics": [
              "AllMetrics"
            ],
            "resource_id": "/subscriptions/d94fe338-52d8-4a44-acd4-4f8301adf2cf/resourceGroups/dtf-work-spoke-rg/providers/Microsoft.Network/networkInterfaces/dtf-work-vm-nic",
            "timeouts": null
          },
          "sensitive_attributes": []
        }
      ]
    },
    {
      "module": "module.work_vm.module.nic_diagnostic[0]",
      "mode": "managed",
      "type": "azurerm_monitor_diagnostic_setting",
      "name": "diagnostics",
      "provider": "provider[\"registry.terraform.io/hashicorp/azurerm\"]",
      "instances": [
        {
          "schema_version": 0,
          "attributes": {
            "enabled_log": [],
            "eventhub_authorization_rule_id": "",
            "eventhub_name": "",
            "id": "/subscriptions/d94fe338-52d8-4a44-acd4-4f8301adf2cf/resourceGroups/dtf-work-spoke-rg/providers/Microsoft.Network/networkInterfaces/dtf-work-vm-nic|dtf-work-vm-nic-diagnostic",
            "log": [],
            "log_analytics_destination_type": "",
            "log_analytics_workspace_id": "/subscriptions/d94fe338-52d8-4a44-acd4-4f8301adf2cf/resourceGroups/dtf-hub-rg/providers/Microsoft.OperationalInsights/workspaces/dtf-hub-log-analytics-workspace",
            "metric": [
              {
                "category": "AllMetrics",
                "enabled": true,
                "retention_policy": []
              }
            ],
            "name": "dtf-work-vm-nic-diagnostic",
            "partner_solution_id": null,
            "storage_account_id": null,
            "target_resource_id": "/subscriptions/d94fe338-52d8-4a44-acd4-4f8301adf2cf/resourceGroups/dtf-work-spoke-rg/providers/Microsoft.Network/networkInterfaces/dtf-work-vm-nic",
            "timeouts": null
          },
          "sensitive_attributes": [],
          "private": "eyJlMmJmYjczMC1lY2FhLTExZTYtOGY4OC0zNDM2M2JjN2M0YzAiOnsiY3JlYXRlIjoxODAwMDAwMDAwMDAwLCJkZWxldGUiOjM2MDAwMDAwMDAwMDAsInJlYWQiOjMwMDAwMDAwMDAwMCwidXBkYXRlIjoxODAwMDAwMDAwMDAwfX0=",
          "dependencies": [
            "azurerm_resource_group.work",
            "module.hub_log_analytics.azurerm_log_analytics_workspace.log_analytics",
            "module.work_network_security_groups.azurerm_network_security_group.nsg",
            "module.work_network_security_groups.azurerm_network_security_rule.rules",
            "module.work_network_security_groups.module.nsg_diagnostic.azurerm_monitor_diagnostic_setting.diagnostics",
            "module.work_network_security_groups.module.nsg_diagnostic.data.azurerm_monitor_diagnostic_categories.categories",
            "module.work_route_tables.azurerm_route.routes",
            "module.work_route_tables.azurerm_route_table.rt",
            "module.work_virtual_network.azurerm_resource_group_template_deployment.subnets",
            "module.work_vm.azurerm_network_interface.nics",
            "module.work_vm.azurerm_public_ip.ips",
            "module.work_vm.module.nic_diagnostic.data.azurerm_monitor_diagnostic_categories.categories"
          ]
        }
      ]
    }
  ],
  "check_results": null
}
