{
  "version": 4,
  "terraform_version": "1.4.6",
  "serial": 6,
  "lineage": "67f9c1be-2ef6-985f-cf37-cf5de27f0c84",
  "outputs": {},
  "resources": [
    {
      "mode": "managed",
      "type": "azurerm_resource_group",
      "name": "rg",
      "provider": "provider[\"registry.terraform.io/hashicorp/azurerm\"]",
      "instances": [
        {
          "schema_version": 0,
          "attributes": {
            "id": "/subscriptions/d94fe338-52d8-4a44-acd4-4f8301adf2cf/resourceGroups/dtf-firewall-test",
            "location": "westeurope",
            "managed_by": "",
            "name": "dtf-firewall-test",
            "tags": {
              "CreationDateTime": "2023-07-26T08:47:17.4909594Z",
              "Environment": "Dev"
            },
            "timeouts": null
          },
          "sensitive_attributes": [],
          "private": "eyJlMmJmYjczMC1lY2FhLTExZTYtOGY4OC0zNDM2M2JjN2M0YzAiOnsiY3JlYXRlIjo1NDAwMDAwMDAwMDAwLCJkZWxldGUiOjU0MDAwMDAwMDAwMDAsInJlYWQiOjMwMDAwMDAwMDAwMCwidXBkYXRlIjo1NDAwMDAwMDAwMDAwfX0="
        }
      ]
    },
    {
      "mode": "managed",
      "type": "azurerm_subnet",
      "name": "firewall_subnet",
      "provider": "provider[\"registry.terraform.io/hashicorp/azurerm\"]",
      "instances": [
        {
          "schema_version": 0,
          "attributes": {
            "address_prefixes": [
              "10.0.0.0/24"
            ],
            "delegation": [],
            "enforce_private_link_endpoint_network_policies": false,
            "enforce_private_link_service_network_policies": false,
            "id": "/subscriptions/d94fe338-52d8-4a44-acd4-4f8301adf2cf/resourceGroups/dtf-firewall-test/providers/Microsoft.Network/virtualNetworks/vnet/subnets/AzureFirewallSubnet",
            "name": "AzureFirewallSubnet",
            "private_endpoint_network_policies_enabled": true,
            "private_link_service_network_policies_enabled": true,
            "resource_group_name": "dtf-firewall-test",
            "service_endpoint_policy_ids": null,
            "service_endpoints": null,
            "timeouts": null,
            "virtual_network_name": "vnet"
          },
          "sensitive_attributes": [],
          "private": "eyJlMmJmYjczMC1lY2FhLTExZTYtOGY4OC0zNDM2M2JjN2M0YzAiOnsiY3JlYXRlIjoxODAwMDAwMDAwMDAwLCJkZWxldGUiOjE4MDAwMDAwMDAwMDAsInJlYWQiOjMwMDAwMDAwMDAwMCwidXBkYXRlIjoxODAwMDAwMDAwMDAwfX0=",
          "dependencies": [
            "azurerm_resource_group.rg",
            "azurerm_virtual_network.vnet"
          ]
        }
      ]
    },
    {
      "mode": "managed",
      "type": "azurerm_virtual_network",
      "name": "vnet",
      "provider": "provider[\"registry.terraform.io/hashicorp/azurerm\"]",
      "instances": [
        {
          "schema_version": 0,
          "attributes": {
            "address_space": [
              "10.0.0.0/16"
            ],
            "bgp_community": "",
            "ddos_protection_plan": [],
            "dns_servers": [],
            "edge_zone": "",
            "flow_timeout_in_minutes": 0,
            "guid": "764a0041-4e38-46dc-9110-64845aec51d1",
            "id": "/subscriptions/d94fe338-52d8-4a44-acd4-4f8301adf2cf/resourceGroups/dtf-firewall-test/providers/Microsoft.Network/virtualNetworks/vnet",
            "location": "westeurope",
            "name": "vnet",
            "resource_group_name": "dtf-firewall-test",
            "subnet": [],
            "tags": {
              "CreationDateTime": "2023-07-26T08:47:18.8998182Z",
              "Environment": "Dev"
            },
            "timeouts": null
          },
          "sensitive_attributes": [],
          "private": "eyJlMmJmYjczMC1lY2FhLTExZTYtOGY4OC0zNDM2M2JjN2M0YzAiOnsiY3JlYXRlIjoxODAwMDAwMDAwMDAwLCJkZWxldGUiOjE4MDAwMDAwMDAwMDAsInJlYWQiOjMwMDAwMDAwMDAwMCwidXBkYXRlIjoxODAwMDAwMDAwMDAwfX0=",
          "dependencies": [
            "azurerm_resource_group.rg"
          ]
        }
      ]
    },
    {
      "module": "module.firewall",
      "mode": "managed",
      "type": "azurerm_firewall",
      "name": "fw",
      "provider": "provider[\"registry.terraform.io/hashicorp/azurerm\"]",
      "instances": [
        {
          "schema_version": 0,
          "attributes": {
            "dns_servers": null,
            "firewall_policy_id": null,
            "id": "/subscriptions/d94fe338-52d8-4a44-acd4-4f8301adf2cf/resourceGroups/dtf-firewall-test/providers/Microsoft.Network/azureFirewalls/firewall",
            "ip_configuration": [
              {
                "name": "fw-pip",
                "private_ip_address": "10.0.0.4",
                "public_ip_address_id": "/subscriptions/d94fe338-52d8-4a44-acd4-4f8301adf2cf/resourceGroups/dtf-firewall-test/providers/Microsoft.Network/publicIPAddresses/fw-pip",
                "subnet_id": "/subscriptions/d94fe338-52d8-4a44-acd4-4f8301adf2cf/resourceGroups/dtf-firewall-test/providers/Microsoft.Network/virtualNetworks/vnet/subnets/AzureFirewallSubnet"
              }
            ],
            "location": "westeurope",
            "management_ip_configuration": [],
            "name": "firewall",
            "private_ip_ranges": null,
            "resource_group_name": "dtf-firewall-test",
            "sku_name": "AZFW_VNet",
            "sku_tier": "Standard",
            "tags": {
              "CreationDateTime": "2023-07-26T08:47:29.7235273Z",
              "Environment": "Dev"
            },
            "threat_intel_mode": "Alert",
            "timeouts": null,
            "virtual_hub": [],
            "zones": null
          },
          "sensitive_attributes": [],
          "private": "eyJlMmJmYjczMC1lY2FhLTExZTYtOGY4OC0zNDM2M2JjN2M0YzAiOnsiY3JlYXRlIjo1NDAwMDAwMDAwMDAwLCJkZWxldGUiOjU0MDAwMDAwMDAwMDAsInJlYWQiOjMwMDAwMDAwMDAwMCwidXBkYXRlIjo1NDAwMDAwMDAwMDAwfX0=",
          "dependencies": [
            "azurerm_resource_group.rg",
            "azurerm_subnet.firewall_subnet",
            "azurerm_virtual_network.vnet",
            "module.firewall.azurerm_public_ip.fw_mng_pip",
            "module.firewall.azurerm_public_ip.fw_pip"
          ]
        }
      ]
    },
    {
      "module": "module.firewall",
      "mode": "managed",
      "type": "azurerm_public_ip",
      "name": "fw_pip",
      "provider": "provider[\"registry.terraform.io/hashicorp/azurerm\"]",
      "instances": [
        {
          "schema_version": 0,
          "attributes": {
            "allocation_method": "Static",
            "ddos_protection_mode": "VirtualNetworkInherited",
            "ddos_protection_plan_id": null,
            "domain_name_label": null,
            "edge_zone": "",
            "fqdn": null,
            "id": "/subscriptions/d94fe338-52d8-4a44-acd4-4f8301adf2cf/resourceGroups/dtf-firewall-test/providers/Microsoft.Network/publicIPAddresses/fw-pip",
            "idle_timeout_in_minutes": 4,
            "ip_address": "104.45.13.229",
            "ip_tags": null,
            "ip_version": "IPv4",
            "location": "westeurope",
            "name": "fw-pip",
            "public_ip_prefix_id": null,
            "resource_group_name": "dtf-firewall-test",
            "reverse_fqdn": null,
            "sku": "Standard",
            "sku_tier": "Regional",
            "tags": {
              "CreationDateTime": "2023-07-26T08:47:18.9091931Z",
              "Environment": "Dev"
            },
            "timeouts": null,
            "zones": null
          },
          "sensitive_attributes": [],
          "private": "eyJlMmJmYjczMC1lY2FhLTExZTYtOGY4OC0zNDM2M2JjN2M0YzAiOnsiY3JlYXRlIjoxODAwMDAwMDAwMDAwLCJkZWxldGUiOjE4MDAwMDAwMDAwMDAsInJlYWQiOjMwMDAwMDAwMDAwMCwidXBkYXRlIjoxODAwMDAwMDAwMDAwfX0=",
          "dependencies": [
            "azurerm_resource_group.rg"
          ]
        }
      ]
    }
  ],
  "check_results": null
}
