{
  "version": 4,
  "terraform_version": "1.4.6",
  "serial": 20,
  "lineage": "d906d7f7-b09a-2e43-a946-d4cc84fc5669",
  "outputs": {},
  "resources": [
    {
      "mode": "managed",
      "type": "azurerm_public_ip",
      "name": "test_ip",
      "provider": "provider[\"registry.terraform.io/hashicorp/azurerm\"]",
      "instances": [
        {
          "schema_version": 0,
          "attributes": {
            "allocation_method": "Static",
            "ddos_protection_mode": "VirtualNetworkInherited",
            "ddos_protection_plan_id": null,
            "domain_name_label": null,
            "edge_zone": "",
            "fqdn": null,
            "id": "/subscriptions/d94fe338-52d8-4a44-acd4-4f8301adf2cf/resourceGroups/dtf-dns-record-test/providers/Microsoft.Network/publicIPAddresses/Static",
            "idle_timeout_in_minutes": 4,
            "ip_address": "13.80.75.173",
            "ip_tags": null,
            "ip_version": "IPv4",
            "location": "westeurope",
            "name": "Static",
            "public_ip_prefix_id": null,
            "resource_group_name": "dtf-dns-record-test",
            "reverse_fqdn": null,
            "sku": "Basic",
            "sku_tier": "Regional",
            "tags": {
              "CreationDateTime": "2023-07-30T10:55:24.8868692Z",
              "Environment": "Dev"
            },
            "timeouts": null,
            "zones": null
          },
          "sensitive_attributes": [],
          "private": "eyJlMmJmYjczMC1lY2FhLTExZTYtOGY4OC0zNDM2M2JjN2M0YzAiOnsiY3JlYXRlIjoxODAwMDAwMDAwMDAwLCJkZWxldGUiOjE4MDAwMDAwMDAwMDAsInJlYWQiOjMwMDAwMDAwMDAwMCwidXBkYXRlIjoxODAwMDAwMDAwMDAwfX0=",
          "dependencies": [
            "azurerm_resource_group.test_rg"
          ]
        }
      ]
    },
    {
      "mode": "managed",
      "type": "azurerm_resource_group",
      "name": "test_rg",
      "provider": "provider[\"registry.terraform.io/hashicorp/azurerm\"]",
      "instances": [
        {
          "schema_version": 0,
          "attributes": {
            "id": "/subscriptions/d94fe338-52d8-4a44-acd4-4f8301adf2cf/resourceGroups/dtf-dns-record-test",
            "location": "westeurope",
            "managed_by": "",
            "name": "dtf-dns-record-test",
            "tags": {
              "CreationDateTime": "2023-07-30T10:55:23.6182735Z",
              "Environment": "Dev"
            },
            "timeouts": null
          },
          "sensitive_attributes": [],
          "private": "eyJlMmJmYjczMC1lY2FhLTExZTYtOGY4OC0zNDM2M2JjN2M0YzAiOnsiY3JlYXRlIjo1NDAwMDAwMDAwMDAwLCJkZWxldGUiOjU0MDAwMDAwMDAwMDAsInJlYWQiOjMwMDAwMDAwMDAwMCwidXBkYXRlIjo1NDAwMDAwMDAwMDAwfX0="
        }
      ]
    },
    {
      "module": "module.dns_record",
      "mode": "managed",
      "type": "azurerm_private_dns_a_record",
      "name": "private_a_record",
      "provider": "provider[\"registry.terraform.io/hashicorp/azurerm\"]",
      "instances": [
        {
          "index_key": 0,
          "schema_version": 0,
          "attributes": {
            "fqdn": "dns-record.dns-test.com.",
            "id": "/subscriptions/d94fe338-52d8-4a44-acd4-4f8301adf2cf/resourceGroups/dtf-dns-record-test/providers/Microsoft.Network/privateDnsZones/dns-test.com/A/dns-record",
            "name": "dns-record",
            "records": [
              "13.80.75.173"
            ],
            "resource_group_name": "dtf-dns-record-test",
            "tags": null,
            "timeouts": null,
            "ttl": 300,
            "zone_name": "dns-test.com"
          },
          "sensitive_attributes": [],
          "private": "eyJlMmJmYjczMC1lY2FhLTExZTYtOGY4OC0zNDM2M2JjN2M0YzAiOnsiY3JlYXRlIjoxODAwMDAwMDAwMDAwLCJkZWxldGUiOjE4MDAwMDAwMDAwMDAsInJlYWQiOjMwMDAwMDAwMDAwMCwidXBkYXRlIjoxODAwMDAwMDAwMDAwfX0=",
          "dependencies": [
            "azurerm_public_ip.test_ip",
            "azurerm_resource_group.test_rg",
            "module.dns_record.azurerm_private_dns_zone.private_dns_zone"
          ]
        }
      ]
    },
    {
      "module": "module.dns_record",
      "mode": "managed",
      "type": "azurerm_private_dns_zone",
      "name": "private_dns_zone",
      "provider": "provider[\"registry.terraform.io/hashicorp/azurerm\"]",
      "instances": [
        {
          "index_key": 0,
          "schema_version": 0,
          "attributes": {
            "id": "/subscriptions/d94fe338-52d8-4a44-acd4-4f8301adf2cf/resourceGroups/dtf-dns-record-test/providers/Microsoft.Network/privateDnsZones/dns-test.com",
            "max_number_of_record_sets": 25000,
            "max_number_of_virtual_network_links": 1000,
            "max_number_of_virtual_network_links_with_registration": 100,
            "name": "dns-test.com",
            "number_of_record_sets": 1,
            "resource_group_name": "dtf-dns-record-test",
            "soa_record": [
              {
                "email": "azureprivatedns-host.microsoft.com",
                "expire_time": 2419200,
                "fqdn": "dns-test.com.",
                "host_name": "azureprivatedns.net",
                "minimum_ttl": 10,
                "refresh_time": 3600,
                "retry_time": 300,
                "serial_number": 1,
                "tags": {},
                "ttl": 3600
              }
            ],
            "tags": {
              "CreationDateTime": "2023-07-30T10:55:25.2070173Z",
              "Environment": "Dev"
            },
            "timeouts": null
          },
          "sensitive_attributes": [],
          "private": "eyJlMmJmYjczMC1lY2FhLTExZTYtOGY4OC0zNDM2M2JjN2M0YzAiOnsiY3JlYXRlIjoxODAwMDAwMDAwMDAwLCJkZWxldGUiOjE4MDAwMDAwMDAwMDAsInJlYWQiOjMwMDAwMDAwMDAwMCwidXBkYXRlIjoxODAwMDAwMDAwMDAwfX0=",
          "dependencies": [
            "azurerm_resource_group.test_rg"
          ]
        }
      ]
    }
  ],
  "check_results": null
}
