{
  "version": 4,
  "terraform_version": "1.4.6",
  "serial": 3,
  "lineage": "5383e127-9562-eece-25a1-1066502376cd",
  "outputs": {},
  "resources": [
    {
      "mode": "managed",
      "type": "azurerm_resource_group",
      "name": "test_rg",
      "provider": "provider[\"registry.terraform.io/hashicorp/azurerm\"]",
      "instances": [
        {
          "schema_version": 0,
          "attributes": {
            "id": "/subscriptions/d94fe338-52d8-4a44-acd4-4f8301adf2cf/resourceGroups/dtf-storage-account-test",
            "location": "westeurope",
            "managed_by": "",
            "name": "dtf-storage-account-test",
            "tags": {
              "CreationDateTime": "2023-07-26T12:34:54.6679240Z",
              "Environment": "Dev"
            },
            "timeouts": null
          },
          "sensitive_attributes": [],
          "private": "eyJlMmJmYjczMC1lY2FhLTExZTYtOGY4OC0zNDM2M2JjN2M0YzAiOnsiY3JlYXRlIjo1NDAwMDAwMDAwMDAwLCJkZWxldGUiOjU0MDAwMDAwMDAwMDAsInJlYWQiOjMwMDAwMDAwMDAwMCwidXBkYXRlIjo1NDAwMDAwMDAwMDAwfX0="
        }
      ]
    },
    {
      "module": "module.storage_account",
      "mode": "managed",
      "type": "azurerm_storage_account",
      "name": "storage",
      "provider": "provider[\"registry.terraform.io/hashicorp/azurerm\"]",
      "instances": [
        {
          "schema_version": 4,
          "attributes": {
            "access_tier": "Hot",
            "account_kind": "BlobStorage",
            "account_replication_type": "LRS",
            "account_tier": "Standard",
            "allow_nested_items_to_be_public": true,
            "allowed_copy_scope": "",
            "azure_files_authentication": [],
            "blob_properties": [
              {
                "change_feed_enabled": false,
                "change_feed_retention_in_days": 0,
                "container_delete_retention_policy": [],
                "cors_rule": [],
                "default_service_version": "",
                "delete_retention_policy": [],
                "last_access_time_enabled": false,
                "restore_policy": [],
                "versioning_enabled": false
              }
            ],
            "cross_tenant_replication_enabled": true,
            "custom_domain": [],
            "customer_managed_key": [],
            "default_to_oauth_authentication": false,
            "edge_zone": "",
            "enable_https_traffic_only": true,
            "id": "/subscriptions/d94fe338-52d8-4a44-acd4-4f8301adf2cf/resourceGroups/dtf-storage-account-test/providers/Microsoft.Storage/storageAccounts/dtfstorageaccountest",
            "identity": [],
            "immutability_policy": [],
            "infrastructure_encryption_enabled": false,
            "is_hns_enabled": false,
            "large_file_share_enabled": null,
            "location": "westeurope",
            "min_tls_version": "TLS1_2",
            "name": "dtfstorageaccountest",
            "network_rules": [
              {
                "bypass": [
                  "AzureServices"
                ],
                "default_action": "Allow",
                "ip_rules": [],
                "private_link_access": [],
                "virtual_network_subnet_ids": []
              }
            ],
            "nfsv3_enabled": false,
            "primary_access_key": "RmRwTlT9WQOYJnCugwiCk19v9kc/y6gdzpvCsawzNCjQSprK5+EaGjH02zxiqFFr4KGWshpaaCfe+AStIE4Lug==",
            "primary_blob_connection_string": "DefaultEndpointsProtocol=https;BlobEndpoint=https://dtfstorageaccountest.blob.core.windows.net/;AccountName=dtfstorageaccountest;AccountKey=RmRwTlT9WQOYJnCugwiCk19v9kc/y6gdzpvCsawzNCjQSprK5+EaGjH02zxiqFFr4KGWshpaaCfe+AStIE4Lug==",
            "primary_blob_endpoint": "https://dtfstorageaccountest.blob.core.windows.net/",
            "primary_blob_host": "dtfstorageaccountest.blob.core.windows.net",
            "primary_connection_string": "DefaultEndpointsProtocol=https;AccountName=dtfstorageaccountest;AccountKey=RmRwTlT9WQOYJnCugwiCk19v9kc/y6gdzpvCsawzNCjQSprK5+EaGjH02zxiqFFr4KGWshpaaCfe+AStIE4Lug==;EndpointSuffix=core.windows.net",
            "primary_dfs_endpoint": "https://dtfstorageaccountest.dfs.core.windows.net/",
            "primary_dfs_host": "dtfstorageaccountest.dfs.core.windows.net",
            "primary_file_endpoint": "",
            "primary_file_host": "",
            "primary_location": "westeurope",
            "primary_queue_endpoint": "",
            "primary_queue_host": "",
            "primary_table_endpoint": "https://dtfstorageaccountest.table.core.windows.net/",
            "primary_table_host": "dtfstorageaccountest.table.core.windows.net",
            "primary_web_endpoint": "",
            "primary_web_host": "",
            "public_network_access_enabled": false,
            "queue_encryption_key_type": "Service",
            "queue_properties": null,
            "resource_group_name": "dtf-storage-account-test",
            "routing": [],
            "sas_policy": [],
            "secondary_access_key": "+3oM7ybhNMI1hXy7zXHh4G231wxPKCc0hqXjVjUrFmXpGvniRm313juApmVRuVRaLwtGLm6xIY0a+AStpz2wuw==",
            "secondary_blob_connection_string": "",
            "secondary_blob_endpoint": null,
            "secondary_blob_host": null,
            "secondary_connection_string": "DefaultEndpointsProtocol=https;AccountName=dtfstorageaccountest;AccountKey=+3oM7ybhNMI1hXy7zXHh4G231wxPKCc0hqXjVjUrFmXpGvniRm313juApmVRuVRaLwtGLm6xIY0a+AStpz2wuw==;EndpointSuffix=core.windows.net",
            "secondary_dfs_endpoint": null,
            "secondary_dfs_host": null,
            "secondary_file_endpoint": null,
            "secondary_file_host": null,
            "secondary_location": "",
            "secondary_queue_endpoint": null,
            "secondary_queue_host": null,
            "secondary_table_endpoint": null,
            "secondary_table_host": null,
            "secondary_web_endpoint": null,
            "secondary_web_host": null,
            "sftp_enabled": false,
            "share_properties": null,
            "shared_access_key_enabled": true,
            "static_website": [],
            "table_encryption_key_type": "Service",
            "tags": {
              "CreationDateTime": "2023-07-26T12:34:55.8817144Z",
              "Environment": "Dev"
            },
            "timeouts": null
          },
          "sensitive_attributes": [],
          "private": "eyJlMmJmYjczMC1lY2FhLTExZTYtOGY4OC0zNDM2M2JjN2M0YzAiOnsiY3JlYXRlIjozNjAwMDAwMDAwMDAwLCJkZWxldGUiOjM2MDAwMDAwMDAwMDAsInJlYWQiOjMwMDAwMDAwMDAwMCwidXBkYXRlIjozNjAwMDAwMDAwMDAwfSwic2NoZW1hX3ZlcnNpb24iOiI0In0=",
          "dependencies": [
            "azurerm_resource_group.test_rg"
          ]
        }
      ]
    }
  ],
  "check_results": null
}
