{
  "version": 4,
  "terraform_version": "1.4.6",
  "serial": 3,
  "lineage": "69949877-7444-dd37-1876-92f4b96864a3",
  "outputs": {},
  "resources": [
    {
      "mode": "managed",
      "type": "azurerm_resource_group",
      "name": "rg",
      "provider": "provider[\"registry.terraform.io/hashicorp/azurerm\"]",
      "instances": [
        {
          "schema_version": 0,
          "attributes": {
            "id": "/subscriptions/d94fe338-52d8-4a44-acd4-4f8301adf2cf/resourceGroups/dtf-log-analytics-workspace-test",
            "location": "westeurope",
            "managed_by": "",
            "name": "dtf-log-analytics-workspace-test",
            "tags": {
              "CreationDateTime": "2023-07-26T09:55:57.0861609Z",
              "Environment": "Dev"
            },
            "timeouts": null
          },
          "sensitive_attributes": [],
          "private": "eyJlMmJmYjczMC1lY2FhLTExZTYtOGY4OC0zNDM2M2JjN2M0YzAiOnsiY3JlYXRlIjo1NDAwMDAwMDAwMDAwLCJkZWxldGUiOjU0MDAwMDAwMDAwMDAsInJlYWQiOjMwMDAwMDAwMDAwMCwidXBkYXRlIjo1NDAwMDAwMDAwMDAwfX0="
        }
      ]
    },
    {
      "module": "module.log_analyitics",
      "mode": "managed",
      "type": "azurerm_log_analytics_workspace",
      "name": "log_analytics",
      "provider": "provider[\"registry.terraform.io/hashicorp/azurerm\"]",
      "instances": [
        {
          "schema_version": 3,
          "attributes": {
            "allow_resource_only_permissions": true,
            "cmk_for_query_forced": false,
            "daily_quota_gb": -1,
            "id": "/subscriptions/d94fe338-52d8-4a44-acd4-4f8301adf2cf/resourceGroups/dtf-log-analytics-workspace-test/providers/Microsoft.OperationalInsights/workspaces/log-analytics-workspace",
            "internet_ingestion_enabled": true,
            "internet_query_enabled": true,
            "local_authentication_disabled": false,
            "location": "westeurope",
            "name": "log-analytics-workspace",
            "primary_shared_key": "R1n5aPFJcAZ4wzAwWRUXsE2X6aTEnDNMGRJUKx5HFUJcZ0JJOSbmmtietE91mwO4F/laIuMT832p0X4rXsl0fg==",
            "reservation_capacity_in_gb_per_day": null,
            "resource_group_name": "dtf-log-analytics-workspace-test",
            "retention_in_days": 30,
            "secondary_shared_key": "he8HGFp5FK162FhUhYJw//RWUyA39D4YrNSjOhTdpJ1rFRU+ZO7WU7NDqpd14gx9qugl0wb5ScPTMjp2C/NsaA==",
            "sku": "PerGB2018",
            "tags": {
              "CreationDateTime": "2023-07-26T09:56:30.2546186Z",
              "Environment": "Dev"
            },
            "timeouts": null,
            "workspace_id": "e129feb6-14ac-4662-ad2c-3a71a79f2ac7"
          },
          "sensitive_attributes": [],
          "private": "eyJlMmJmYjczMC1lY2FhLTExZTYtOGY4OC0zNDM2M2JjN2M0YzAiOnsiY3JlYXRlIjoxODAwMDAwMDAwMDAwLCJkZWxldGUiOjE4MDAwMDAwMDAwMDAsInJlYWQiOjMwMDAwMDAwMDAwMCwidXBkYXRlIjoxODAwMDAwMDAwMDAwfSwic2NoZW1hX3ZlcnNpb24iOiIzIn0=",
          "dependencies": [
            "azurerm_resource_group.rg"
          ]
        }
      ]
    }
  ],
  "check_results": null
}
